{
  "version": 4,
  "terraform_version": "1.14.6",
  "serial": 324,
  "lineage": "d6808725-3cfc-aef7-1b8c-4e0ac9ea42a6",
  "outputs": {},
  "resources": [
    {
      "mode": "managed",
      "type": "docker_container",
      "name": "bank_frontend_build",
      "provider": "provider[\"registry.terraform.io/kreuzwerker/docker\"]",
      "instances": [
        {
          "schema_version": 2,
          "attributes": {
            "attach": false,
            "bridge": "",
            "capabilities": [],
            "cgroup_parent": null,
            "cgroupns_mode": null,
            "command": [
              "sleep",
              "infinity"
            ],
            "container_logs": null,
            "container_read_refresh_timeout_milliseconds": 15000,
            "cpu_period": null,
            "cpu_quota": null,
            "cpu_set": "",
            "cpu_shares": 0,
            "cpus": null,
            "destroy_grace_seconds": null,
            "devices": [],
            "dns": null,
            "dns_opts": null,
            "dns_search": null,
            "domainname": "",
            "entrypoint": [],
            "env": [],
            "exit_code": null,
            "gpus": null,
            "group_add": null,
            "healthcheck": null,
            "host": [],
            "hostname": "33c687113157",
            "id": "33c687113157ec5d526d425cafdc4042130ba5297a5d06ddf00fa5025352e75e",
            "image": "bank-frontend-build:latest",
            "init": false,
            "ipc_mode": "private",
            "labels": [],
            "log_driver": "json-file",
            "log_opts": null,
            "logs": false,
            "max_retry_count": 0,
            "memory": 0,
            "memory_reservation": 0,
            "memory_swap": 0,
            "mounts": [
              {
                "bind_options": [],
                "read_only": null,
                "source": "gateway_bank-dist",
                "target": "/dist",
                "tmpfs_options": [],
                "type": "volume",
                "volume_options": []
              }
            ],
            "must_run": true,
            "name": "bank-frontend-build",
            "network_data": [
              {
                "gateway": "172.19.0.1",
                "global_ipv6_address": "",
                "global_ipv6_prefix_length": 0,
                "ip_address": "172.19.0.11",
                "ip_prefix_length": 16,
                "ipv6_gateway": "",
                "mac_address": "4a:73:91:01:83:64",
                "network_name": "gateway-net"
              }
            ],
            "network_mode": "bridge",
            "networks_advanced": [
              {
                "aliases": [],
                "ipv4_address": "",
                "ipv6_address": "",
                "mac_address": "",
                "name": "gateway-net"
              }
            ],
            "pid_mode": "",
            "ports": [],
            "privileged": false,
            "publish_all_ports": false,
            "read_only": false,
            "remove_volumes": true,
            "restart": "no",
            "rm": false,
            "runtime": "runc",
            "security_opts": [],
            "shm_size": 64,
            "start": true,
            "stdin_open": false,
            "stop_signal": "",
            "stop_timeout": 1,
            "storage_opts": null,
            "sysctls": null,
            "tmpfs": null,
            "tty": false,
            "ulimit": [],
            "upload": [],
            "user": "",
            "userns_mode": "",
            "volumes": [],
            "wait": false,
            "wait_timeout": 60,
            "working_dir": "/dist"
          },
          "sensitive_attributes": [],
          "identity_schema_version": 0,
          "private": "eyJzY2hlbWFfdmVyc2lvbiI6IjIifQ==",
          "dependencies": [
            "docker_image.bank_frontend_build",
            "docker_network.gateway_net",
            "docker_volume.bank_dist"
          ]
        }
      ]
    },
    {
      "mode": "managed",
      "type": "docker_container",
      "name": "bank_postgres",
      "provider": "provider[\"registry.terraform.io/kreuzwerker/docker\"]",
      "instances": [
        {
          "schema_version": 2,
          "attributes": {
            "attach": false,
            "bridge": "",
            "capabilities": [],
            "cgroup_parent": null,
            "cgroupns_mode": null,
            "command": [
              "postgres"
            ],
            "container_logs": null,
            "container_read_refresh_timeout_milliseconds": 15000,
            "cpu_period": null,
            "cpu_quota": null,
            "cpu_set": "",
            "cpu_shares": 0,
            "cpus": null,
            "destroy_grace_seconds": null,
            "devices": [],
            "dns": [],
            "dns_opts": [],
            "dns_search": [],
            "domainname": "",
            "entrypoint": [
              "docker-entrypoint.sh"
            ],
            "env": [
              "POSTGRES_DB=bank",
              "POSTGRES_PASSWORD=bankmanagement@2008",
              "POSTGRES_USER=bankmanagement"
            ],
            "exit_code": null,
            "gpus": null,
            "group_add": [],
            "healthcheck": [],
            "host": [],
            "hostname": "9c6512102813",
            "id": "9c65121028132d2e3ada31ca916be99b2522e62629ac979986ad6abcf58fddcd",
            "image": "postgres:16-alpine",
            "init": false,
            "ipc_mode": "private",
            "labels": [],
            "log_driver": "json-file",
            "log_opts": {},
            "logs": false,
            "max_retry_count": 0,
            "memory": 0,
            "memory_reservation": 0,
            "memory_swap": 0,
            "mounts": [
              {
                "bind_options": [],
                "read_only": false,
                "source": "gateway_bank-pgdata",
                "target": "/var/lib/postgresql/data",
                "tmpfs_options": [],
                "type": "volume",
                "volume_options": []
              }
            ],
            "must_run": true,
            "name": "bank-postgres",
            "network_data": [
              {
                "gateway": "172.19.0.1",
                "global_ipv6_address": "",
                "global_ipv6_prefix_length": 0,
                "ip_address": "172.19.0.4",
                "ip_prefix_length": 16,
                "ipv6_gateway": "",
                "mac_address": "1e:c0:29:e1:2a:49",
                "network_name": "gateway-net"
              }
            ],
            "network_mode": "bridge",
            "networks_advanced": [
              {
                "aliases": [],
                "ipv4_address": "",
                "ipv6_address": "",
                "mac_address": "",
                "name": "gateway-net"
              }
            ],
            "pid_mode": "",
            "ports": [],
            "privileged": false,
            "publish_all_ports": false,
            "read_only": false,
            "remove_volumes": true,
            "restart": "always",
            "rm": false,
            "runtime": "runc",
            "security_opts": [],
            "shm_size": 64,
            "start": true,
            "stdin_open": false,
            "stop_signal": "SIGINT",
            "stop_timeout": 1,
            "storage_opts": {},
            "sysctls": {},
            "tmpfs": {},
            "tty": false,
            "ulimit": [],
            "upload": [],
            "user": "",
            "userns_mode": "",
            "volumes": [],
            "wait": false,
            "wait_timeout": 60,
            "working_dir": "/"
          },
          "sensitive_attributes": [],
          "identity_schema_version": 0,
          "private": "eyJzY2hlbWFfdmVyc2lvbiI6IjIifQ==",
          "dependencies": [
            "docker_network.gateway_net",
            "docker_volume.bank_pgdata"
          ]
        }
      ]
    },
    {
      "mode": "managed",
      "type": "docker_container",
      "name": "notes_frontend_build",
      "provider": "provider[\"registry.terraform.io/kreuzwerker/docker\"]",
      "instances": [
        {
          "schema_version": 2,
          "attributes": {
            "attach": false,
            "bridge": "",
            "capabilities": [],
            "cgroup_parent": null,
            "cgroupns_mode": null,
            "command": [
              "sleep",
              "infinity"
            ],
            "container_logs": null,
            "container_read_refresh_timeout_milliseconds": 15000,
            "cpu_period": null,
            "cpu_quota": null,
            "cpu_set": "",
            "cpu_shares": 0,
            "cpus": null,
            "destroy_grace_seconds": null,
            "devices": [],
            "dns": null,
            "dns_opts": null,
            "dns_search": null,
            "domainname": "",
            "entrypoint": [],
            "env": [],
            "exit_code": null,
            "gpus": null,
            "group_add": null,
            "healthcheck": null,
            "host": [],
            "hostname": "f7827f4e8080",
            "id": "f7827f4e80801708f2dc048e274fce70777f841c4dc12d11239742f73298b938",
            "image": "notes-frontend-build:latest",
            "init": false,
            "ipc_mode": "private",
            "labels": [],
            "log_driver": "json-file",
            "log_opts": null,
            "logs": false,
            "max_retry_count": 0,
            "memory": 0,
            "memory_reservation": 0,
            "memory_swap": 0,
            "mounts": [
              {
                "bind_options": [],
                "read_only": null,
                "source": "gateway_notes-dist",
                "target": "/dist",
                "tmpfs_options": [],
                "type": "volume",
                "volume_options": []
              }
            ],
            "must_run": true,
            "name": "notes-frontend-build",
            "network_data": [
              {
                "gateway": "172.19.0.1",
                "global_ipv6_address": "",
                "global_ipv6_prefix_length": 0,
                "ip_address": "172.19.0.13",
                "ip_prefix_length": 16,
                "ipv6_gateway": "",
                "mac_address": "f6:e1:ad:8e:11:23",
                "network_name": "gateway-net"
              }
            ],
            "network_mode": "bridge",
            "networks_advanced": [
              {
                "aliases": [],
                "ipv4_address": "",
                "ipv6_address": "",
                "mac_address": "",
                "name": "gateway-net"
              }
            ],
            "pid_mode": "",
            "ports": [],
            "privileged": false,
            "publish_all_ports": false,
            "read_only": false,
            "remove_volumes": true,
            "restart": "no",
            "rm": false,
            "runtime": "runc",
            "security_opts": [],
            "shm_size": 64,
            "start": true,
            "stdin_open": false,
            "stop_signal": "",
            "stop_timeout": 1,
            "storage_opts": null,
            "sysctls": null,
            "tmpfs": null,
            "tty": false,
            "ulimit": [],
            "upload": [],
            "user": "",
            "userns_mode": "",
            "volumes": [],
            "wait": false,
            "wait_timeout": 60,
            "working_dir": "/dist"
          },
          "sensitive_attributes": [],
          "identity_schema_version": 0,
          "private": "eyJzY2hlbWFfdmVyc2lvbiI6IjIifQ==",
          "dependencies": [
            "docker_image.notes_frontend_build",
            "docker_network.gateway_net",
            "docker_volume.notes_dist"
          ]
        }
      ]
    },
    {
      "mode": "managed",
      "type": "docker_container",
      "name": "notes_postgres",
      "provider": "provider[\"registry.terraform.io/kreuzwerker/docker\"]",
      "instances": [
        {
          "schema_version": 2,
          "attributes": {
            "attach": false,
            "bridge": "",
            "capabilities": [],
            "cgroup_parent": null,
            "cgroupns_mode": null,
            "command": [
              "postgres"
            ],
            "container_logs": null,
            "container_read_refresh_timeout_milliseconds": 15000,
            "cpu_period": null,
            "cpu_quota": null,
            "cpu_set": "",
            "cpu_shares": 0,
            "cpus": null,
            "destroy_grace_seconds": null,
            "devices": [],
            "dns": [],
            "dns_opts": [],
            "dns_search": [],
            "domainname": "",
            "entrypoint": [
              "docker-entrypoint.sh"
            ],
            "env": [
              "POSTGRES_DB=notes_app",
              "POSTGRES_PASSWORD=sai2008",
              "POSTGRES_USER=saisakthi"
            ],
            "exit_code": null,
            "gpus": null,
            "group_add": [],
            "healthcheck": [],
            "host": [],
            "hostname": "64980d2778e7",
            "id": "64980d2778e75bbbe8cc1058f20e2a129e483ef42bec0a9793f0606a187054e5",
            "image": "postgres:16",
            "init": false,
            "ipc_mode": "private",
            "labels": [],
            "log_driver": "json-file",
            "log_opts": {},
            "logs": false,
            "max_retry_count": 0,
            "memory": 0,
            "memory_reservation": 0,
            "memory_swap": 0,
            "mounts": [
              {
                "bind_options": [],
                "read_only": false,
                "source": "gateway_notes-pgdata",
                "target": "/var/lib/postgresql/data",
                "tmpfs_options": [],
                "type": "volume",
                "volume_options": []
              }
            ],
            "must_run": true,
            "name": "notes-postgres",
            "network_data": [
              {
                "gateway": "172.19.0.1",
                "global_ipv6_address": "",
                "global_ipv6_prefix_length": 0,
                "ip_address": "172.19.0.8",
                "ip_prefix_length": 16,
                "ipv6_gateway": "",
                "mac_address": "ca:5c:27:39:37:dd",
                "network_name": "gateway-net"
              }
            ],
            "network_mode": "bridge",
            "networks_advanced": [
              {
                "aliases": [],
                "ipv4_address": "",
                "ipv6_address": "",
                "mac_address": "",
                "name": "gateway-net"
              }
            ],
            "pid_mode": "",
            "ports": [],
            "privileged": false,
            "publish_all_ports": false,
            "read_only": false,
            "remove_volumes": true,
            "restart": "always",
            "rm": false,
            "runtime": "runc",
            "security_opts": [],
            "shm_size": 64,
            "start": true,
            "stdin_open": false,
            "stop_signal": "SIGINT",
            "stop_timeout": 1,
            "storage_opts": {},
            "sysctls": {},
            "tmpfs": {},
            "tty": false,
            "ulimit": [],
            "upload": [],
            "user": "",
            "userns_mode": "",
            "volumes": [],
            "wait": false,
            "wait_timeout": 60,
            "working_dir": ""
          },
          "sensitive_attributes": [],
          "identity_schema_version": 0,
          "private": "eyJzY2hlbWFfdmVyc2lvbiI6IjIifQ==",
          "dependencies": [
            "docker_network.gateway_net",
            "docker_volume.notes_pgdata"
          ]
        }
      ]
    },
    {
      "mode": "managed",
      "type": "docker_container",
      "name": "quiz_frontend_build",
      "provider": "provider[\"registry.terraform.io/kreuzwerker/docker\"]",
      "instances": [
        {
          "schema_version": 2,
          "attributes": {
            "attach": false,
            "bridge": "",
            "capabilities": [],
            "cgroup_parent": null,
            "cgroupns_mode": null,
            "command": [
              "sleep",
              "infinity"
            ],
            "container_logs": null,
            "container_read_refresh_timeout_milliseconds": 15000,
            "cpu_period": null,
            "cpu_quota": null,
            "cpu_set": "",
            "cpu_shares": 0,
            "cpus": null,
            "destroy_grace_seconds": null,
            "devices": [],
            "dns": null,
            "dns_opts": null,
            "dns_search": null,
            "domainname": "",
            "entrypoint": [],
            "env": [],
            "exit_code": null,
            "gpus": null,
            "group_add": null,
            "healthcheck": null,
            "host": [],
            "hostname": "0f3f3349c1d0",
            "id": "0f3f3349c1d0ed9749788337fafea2ec7a48af8394e65c6fe2fce2a21c6fd530",
            "image": "quiz-frontend-build:latest",
            "init": false,
            "ipc_mode": "private",
            "labels": [],
            "log_driver": "json-file",
            "log_opts": null,
            "logs": false,
            "max_retry_count": 0,
            "memory": 0,
            "memory_reservation": 0,
            "memory_swap": 0,
            "mounts": [
              {
                "bind_options": [],
                "read_only": null,
                "source": "gateway_quiz-dist",
                "target": "/dist",
                "tmpfs_options": [],
                "type": "volume",
                "volume_options": []
              }
            ],
            "must_run": true,
            "name": "quiz-frontend-build",
            "network_data": [
              {
                "gateway": "172.19.0.1",
                "global_ipv6_address": "",
                "global_ipv6_prefix_length": 0,
                "ip_address": "172.19.0.12",
                "ip_prefix_length": 16,
                "ipv6_gateway": "",
                "mac_address": "0e:b7:4d:ba:bb:0a",
                "network_name": "gateway-net"
              }
            ],
            "network_mode": "bridge",
            "networks_advanced": [
              {
                "aliases": [],
                "ipv4_address": "",
                "ipv6_address": "",
                "mac_address": "",
                "name": "gateway-net"
              }
            ],
            "pid_mode": "",
            "ports": [],
            "privileged": false,
            "publish_all_ports": false,
            "read_only": false,
            "remove_volumes": true,
            "restart": "no",
            "rm": false,
            "runtime": "runc",
            "security_opts": [],
            "shm_size": 64,
            "start": true,
            "stdin_open": false,
            "stop_signal": "",
            "stop_timeout": 1,
            "storage_opts": null,
            "sysctls": null,
            "tmpfs": null,
            "tty": false,
            "ulimit": [],
            "upload": [],
            "user": "",
            "userns_mode": "",
            "volumes": [],
            "wait": false,
            "wait_timeout": 60,
            "working_dir": "/dist"
          },
          "sensitive_attributes": [],
          "identity_schema_version": 0,
          "private": "eyJzY2hlbWFfdmVyc2lvbiI6IjIifQ==",
          "dependencies": [
            "docker_image.quiz_frontend_build",
            "docker_network.gateway_net",
            "docker_volume.quiz_dist"
          ]
        }
      ]
    },
    {
      "mode": "managed",
      "type": "docker_container",
      "name": "video_frontend_build",
      "provider": "provider[\"registry.terraform.io/kreuzwerker/docker\"]",
      "instances": [
        {
          "schema_version": 2,
          "attributes": {
            "attach": false,
            "bridge": "",
            "capabilities": [],
            "cgroup_parent": null,
            "cgroupns_mode": null,
            "command": [
              "sleep",
              "infinity"
            ],
            "container_logs": null,
            "container_read_refresh_timeout_milliseconds": 15000,
            "cpu_period": null,
            "cpu_quota": null,
            "cpu_set": "",
            "cpu_shares": 0,
            "cpus": null,
            "destroy_grace_seconds": null,
            "devices": [],
            "dns": null,
            "dns_opts": null,
            "dns_search": null,
            "domainname": "",
            "entrypoint": [],
            "env": [],
            "exit_code": null,
            "gpus": null,
            "group_add": null,
            "healthcheck": null,
            "host": [],
            "hostname": "382e608d3770",
            "id": "382e608d3770fa1aba78ea14726bb0e493245141c48ea6ee2deeec3b71e55dbe",
            "image": "video-frontend-build:latest",
            "init": false,
            "ipc_mode": "private",
            "labels": [],
            "log_driver": "json-file",
            "log_opts": null,
            "logs": false,
            "max_retry_count": 0,
            "memory": 0,
            "memory_reservation": 0,
            "memory_swap": 0,
            "mounts": [
              {
                "bind_options": [],
                "read_only": null,
                "source": "gateway_video-dist",
                "target": "/dist",
                "tmpfs_options": [],
                "type": "volume",
                "volume_options": []
              }
            ],
            "must_run": true,
            "name": "video-frontend-build",
            "network_data": [
              {
                "gateway": "172.19.0.1",
                "global_ipv6_address": "",
                "global_ipv6_prefix_length": 0,
                "ip_address": "172.19.0.10",
                "ip_prefix_length": 16,
                "ipv6_gateway": "",
                "mac_address": "4e:b9:4c:5d:bc:f2",
                "network_name": "gateway-net"
              }
            ],
            "network_mode": "bridge",
            "networks_advanced": [
              {
                "aliases": [],
                "ipv4_address": "",
                "ipv6_address": "",
                "mac_address": "",
                "name": "gateway-net"
              }
            ],
            "pid_mode": "",
            "ports": [],
            "privileged": false,
            "publish_all_ports": false,
            "read_only": false,
            "remove_volumes": true,
            "restart": "no",
            "rm": false,
            "runtime": "runc",
            "security_opts": [],
            "shm_size": 64,
            "start": true,
            "stdin_open": false,
            "stop_signal": "",
            "stop_timeout": 1,
            "storage_opts": null,
            "sysctls": null,
            "tmpfs": null,
            "tty": false,
            "ulimit": [],
            "upload": [],
            "user": "",
            "userns_mode": "",
            "volumes": [],
            "wait": false,
            "wait_timeout": 60,
            "working_dir": "/dist"
          },
          "sensitive_attributes": [],
          "identity_schema_version": 0,
          "private": "eyJzY2hlbWFfdmVyc2lvbiI6IjIifQ==",
          "dependencies": [
            "docker_image.video_frontend_build",
            "docker_network.gateway_net",
            "docker_volume.video_dist"
          ]
        }
      ]
    },
    {
      "mode": "managed",
      "type": "docker_image",
      "name": "bank_backend",
      "provider": "provider[\"registry.terraform.io/kreuzwerker/docker\"]",
      "instances": [
        {
          "schema_version": 0,
          "attributes": {
            "build": [
              {
                "additional_contexts": [],
                "auth_config": [],
                "build_args": {},
                "build_id": "",
                "build_log_file": "",
                "builder": "",
                "cache_from": [],
                "cache_to": [],
                "cgroup_parent": "",
                "context": "/home/saisakthi/Coding-Project/Projects/Finished Projects/Docker/Terraform/projects/Bank Manager/backend/bank_management",
                "cpu_period": 0,
                "cpu_quota": 0,
                "cpu_set_cpus": "",
                "cpu_set_mems": "",
                "cpu_shares": 0,
                "dockerfile": "Dockerfile",
                "extra_hosts": [],
                "force_remove": false,
                "isolation": "",
                "label": {},
                "labels": {},
                "memory": 0,
                "memory_swap": 0,
                "network_mode": "",
                "no_cache": false,
                "platform": "",
                "pull_parent": false,
                "remote_context": "",
                "remove": true,
                "secrets": [],
                "security_opt": [],
                "session_id": "",
                "shm_size": 0,
                "squash": false,
                "suppress_output": false,
                "tag": [],
                "target": "",
                "ulimit": [],
                "version": ""
              }
            ],
            "force_remove": null,
            "id": "sha256:ccfb4a5e1e96c24e4b2e402d434e28da865257267843998b7060de878afc170dbankmanager-backend:latest",
            "image_id": "sha256:ccfb4a5e1e96c24e4b2e402d434e28da865257267843998b7060de878afc170d",
            "keep_locally": true,
            "name": "bankmanager-backend:latest",
            "platform": null,
            "pull_triggers": null,
            "repo_digest": "bankmanager-backend@sha256:ccfb4a5e1e96c24e4b2e402d434e28da865257267843998b7060de878afc170d",
            "timeouts": null,
            "triggers": null
          },
          "sensitive_attributes": [],
          "identity_schema_version": 0,
          "private": "eyJlMmJmYjczMC1lY2FhLTExZTYtOGY4OC0zNDM2M2JjN2M0YzAiOnsiY3JlYXRlIjoxMjAwMDAwMDAwMDAwLCJkZWxldGUiOjEyMDAwMDAwMDAwMDAsInVwZGF0ZSI6MTIwMDAwMDAwMDAwMH19"
        }
      ]
    },
    {
      "mode": "managed",
      "type": "docker_image",
      "name": "bank_frontend_build",
      "provider": "provider[\"registry.terraform.io/kreuzwerker/docker\"]",
      "instances": [
        {
          "schema_version": 0,
          "attributes": {
            "build": [
              {
                "additional_contexts": [],
                "auth_config": [],
                "build_args": {},
                "build_id": "",
                "build_log_file": "",
                "builder": "",
                "cache_from": [],
                "cache_to": [],
                "cgroup_parent": "",
                "context": "/home/saisakthi/Coding-Project/Projects/Finished Projects/Docker/Terraform/projects/Bank Manager/frontend",
                "cpu_period": 0,
                "cpu_quota": 0,
                "cpu_set_cpus": "",
                "cpu_set_mems": "",
                "cpu_shares": 0,
                "dockerfile": "Dockerfile.prod",
                "extra_hosts": [],
                "force_remove": false,
                "isolation": "",
                "label": {},
                "labels": {},
                "memory": 0,
                "memory_swap": 0,
                "network_mode": "",
                "no_cache": false,
                "platform": "",
                "pull_parent": false,
                "remote_context": "",
                "remove": true,
                "secrets": [],
                "security_opt": [],
                "session_id": "",
                "shm_size": 0,
                "squash": false,
                "suppress_output": false,
                "tag": [],
                "target": "",
                "ulimit": [],
                "version": ""
              }
            ],
            "force_remove": null,
            "id": "sha256:f7be52eee584034db35eb371e4eda9b9f42cc4645b1808076ae2adea82bf3d95bank-frontend-build:latest",
            "image_id": "sha256:f7be52eee584034db35eb371e4eda9b9f42cc4645b1808076ae2adea82bf3d95",
            "keep_locally": true,
            "name": "bank-frontend-build:latest",
            "platform": null,
            "pull_triggers": null,
            "repo_digest": "bank-frontend-build@sha256:f7be52eee584034db35eb371e4eda9b9f42cc4645b1808076ae2adea82bf3d95",
            "timeouts": null,
            "triggers": null
          },
          "sensitive_attributes": [],
          "identity_schema_version": 0,
          "private": "eyJlMmJmYjczMC1lY2FhLTExZTYtOGY4OC0zNDM2M2JjN2M0YzAiOnsiY3JlYXRlIjoxMjAwMDAwMDAwMDAwLCJkZWxldGUiOjEyMDAwMDAwMDAwMDAsInVwZGF0ZSI6MTIwMDAwMDAwMDAwMH19"
        }
      ]
    },
    {
      "mode": "managed",
      "type": "docker_image",
      "name": "blog_website",
      "provider": "provider[\"registry.terraform.io/kreuzwerker/docker\"]",
      "instances": [
        {
          "schema_version": 0,
          "attributes": {
            "build": [
              {
                "additional_contexts": [],
                "auth_config": [],
                "build_args": {},
                "build_id": "",
                "build_log_file": "",
                "builder": "",
                "cache_from": [],
                "cache_to": [],
                "cgroup_parent": "",
                "context": "/home/saisakthi/Coding-Project/Projects/Finished Projects/Docker/Terraform/projects/Blog Website",
                "cpu_period": 0,
                "cpu_quota": 0,
                "cpu_set_cpus": "",
                "cpu_set_mems": "",
                "cpu_shares": 0,
                "dockerfile": "Dockerfile",
                "extra_hosts": [],
                "force_remove": false,
                "isolation": "",
                "label": {},
                "labels": {},
                "memory": 0,
                "memory_swap": 0,
                "network_mode": "",
                "no_cache": false,
                "platform": "",
                "pull_parent": false,
                "remote_context": "",
                "remove": true,
                "secrets": [],
                "security_opt": [],
                "session_id": "",
                "shm_size": 0,
                "squash": false,
                "suppress_output": false,
                "tag": [],
                "target": "",
                "ulimit": [],
                "version": ""
              }
            ],
            "force_remove": null,
            "id": "sha256:e7a9f1ca7b73fbb4b8909f81c31b3dcff934ef1848254d874070b76e5fe62d14blogsite:latest",
            "image_id": "sha256:e7a9f1ca7b73fbb4b8909f81c31b3dcff934ef1848254d874070b76e5fe62d14",
            "keep_locally": true,
            "name": "blogsite:latest",
            "platform": null,
            "pull_triggers": null,
            "repo_digest": "blogsite@sha256:e7a9f1ca7b73fbb4b8909f81c31b3dcff934ef1848254d874070b76e5fe62d14",
            "timeouts": null,
            "triggers": null
          },
          "sensitive_attributes": [],
          "identity_schema_version": 0,
          "private": "eyJlMmJmYjczMC1lY2FhLTExZTYtOGY4OC0zNDM2M2JjN2M0YzAiOnsiY3JlYXRlIjoxMjAwMDAwMDAwMDAwLCJkZWxldGUiOjEyMDAwMDAwMDAwMDAsInVwZGF0ZSI6MTIwMDAwMDAwMDAwMH19"
        }
      ]
    },
    {
      "mode": "managed",
      "type": "docker_image",
      "name": "hospital_management",
      "provider": "provider[\"registry.terraform.io/kreuzwerker/docker\"]",
      "instances": [
        {
          "schema_version": 0,
          "attributes": {
            "build": [
              {
                "additional_contexts": [],
                "auth_config": [],
                "build_args": {},
                "build_id": "",
                "build_log_file": "",
                "builder": "",
                "cache_from": [],
                "cache_to": [],
                "cgroup_parent": "",
                "context": "/home/saisakthi/Coding-Project/Projects/Finished Projects/Docker/Terraform/projects/hospital_management",
                "cpu_period": 0,
                "cpu_quota": 0,
                "cpu_set_cpus": "",
                "cpu_set_mems": "",
                "cpu_shares": 0,
                "dockerfile": "Dockerfile",
                "extra_hosts": [],
                "force_remove": false,
                "isolation": "",
                "label": {},
                "labels": {},
                "memory": 0,
                "memory_swap": 0,
                "network_mode": "",
                "no_cache": false,
                "platform": "",
                "pull_parent": false,
                "remote_context": "",
                "remove": true,
                "secrets": [],
                "security_opt": [],
                "session_id": "",
                "shm_size": 0,
                "squash": false,
                "suppress_output": false,
                "tag": [],
                "target": "",
                "ulimit": [],
                "version": ""
              }
            ],
            "force_remove": null,
            "id": "sha256:9da02ee6647b21f85e511581004087a561ec4ae119923fa27cede8ee98dca4c5hospital_management:latest",
            "image_id": "sha256:9da02ee6647b21f85e511581004087a561ec4ae119923fa27cede8ee98dca4c5",
            "keep_locally": true,
            "name": "hospital_management:latest",
            "platform": null,
            "pull_triggers": null,
            "repo_digest": "hospital_management@sha256:9da02ee6647b21f85e511581004087a561ec4ae119923fa27cede8ee98dca4c5",
            "timeouts": null,
            "triggers": null
          },
          "sensitive_attributes": [],
          "identity_schema_version": 0,
          "private": "eyJlMmJmYjczMC1lY2FhLTExZTYtOGY4OC0zNDM2M2JjN2M0YzAiOnsiY3JlYXRlIjoxMjAwMDAwMDAwMDAwLCJkZWxldGUiOjEyMDAwMDAwMDAwMDAsInVwZGF0ZSI6MTIwMDAwMDAwMDAwMH19"
        }
      ]
    },
    {
      "mode": "managed",
      "type": "docker_image",
      "name": "notes_backend",
      "provider": "provider[\"registry.terraform.io/kreuzwerker/docker\"]",
      "instances": [
        {
          "schema_version": 0,
          "attributes": {
            "build": [
              {
                "additional_contexts": [],
                "auth_config": [],
                "build_args": {},
                "build_id": "",
                "build_log_file": "",
                "builder": "",
                "cache_from": [],
                "cache_to": [],
                "cgroup_parent": "",
                "context": "/home/saisakthi/Coding-Project/Projects/Finished Projects/Docker/Terraform/projects/Notes App/backend",
                "cpu_period": 0,
                "cpu_quota": 0,
                "cpu_set_cpus": "",
                "cpu_set_mems": "",
                "cpu_shares": 0,
                "dockerfile": "Dockerfile",
                "extra_hosts": [],
                "force_remove": false,
                "isolation": "",
                "label": {},
                "labels": {},
                "memory": 0,
                "memory_swap": 0,
                "network_mode": "",
                "no_cache": false,
                "platform": "",
                "pull_parent": false,
                "remote_context": "",
                "remove": true,
                "secrets": [],
                "security_opt": [],
                "session_id": "",
                "shm_size": 0,
                "squash": false,
                "suppress_output": false,
                "tag": [],
                "target": "",
                "ulimit": [],
                "version": ""
              }
            ],
            "force_remove": null,
            "id": "sha256:7b8172c6d525c1f2c1f8c2b5e142bba98790005c8d9e242119a87bfcdba64982notesapp-backend:latest",
            "image_id": "sha256:7b8172c6d525c1f2c1f8c2b5e142bba98790005c8d9e242119a87bfcdba64982",
            "keep_locally": true,
            "name": "notesapp-backend:latest",
            "platform": null,
            "pull_triggers": null,
            "repo_digest": "notesapp-backend@sha256:7b8172c6d525c1f2c1f8c2b5e142bba98790005c8d9e242119a87bfcdba64982",
            "timeouts": null,
            "triggers": null
          },
          "sensitive_attributes": [],
          "identity_schema_version": 0,
          "private": "eyJlMmJmYjczMC1lY2FhLTExZTYtOGY4OC0zNDM2M2JjN2M0YzAiOnsiY3JlYXRlIjoxMjAwMDAwMDAwMDAwLCJkZWxldGUiOjEyMDAwMDAwMDAwMDAsInVwZGF0ZSI6MTIwMDAwMDAwMDAwMH19"
        }
      ]
    },
    {
      "mode": "managed",
      "type": "docker_image",
      "name": "notes_frontend_build",
      "provider": "provider[\"registry.terraform.io/kreuzwerker/docker\"]",
      "instances": [
        {
          "schema_version": 0,
          "attributes": {
            "build": [
              {
                "additional_contexts": [],
                "auth_config": [],
                "build_args": {},
                "build_id": "",
                "build_log_file": "",
                "builder": "",
                "cache_from": [],
                "cache_to": [],
                "cgroup_parent": "",
                "context": "/home/saisakthi/Coding-Project/Projects/Finished Projects/Docker/Terraform/projects/Notes App/frontend/notes_app_frontend",
                "cpu_period": 0,
                "cpu_quota": 0,
                "cpu_set_cpus": "",
                "cpu_set_mems": "",
                "cpu_shares": 0,
                "dockerfile": "Dockerfile.prod",
                "extra_hosts": [],
                "force_remove": false,
                "isolation": "",
                "label": {},
                "labels": {},
                "memory": 0,
                "memory_swap": 0,
                "network_mode": "",
                "no_cache": false,
                "platform": "",
                "pull_parent": false,
                "remote_context": "",
                "remove": true,
                "secrets": [],
                "security_opt": [],
                "session_id": "",
                "shm_size": 0,
                "squash": false,
                "suppress_output": false,
                "tag": [],
                "target": "",
                "ulimit": [],
                "version": ""
              }
            ],
            "force_remove": null,
            "id": "sha256:ab59951b689372ec4028da1c582a3b46b31e79bed43e4f944a40704c5f81ccfenotes-frontend-build:latest",
            "image_id": "sha256:ab59951b689372ec4028da1c582a3b46b31e79bed43e4f944a40704c5f81ccfe",
            "keep_locally": true,
            "name": "notes-frontend-build:latest",
            "platform": null,
            "pull_triggers": null,
            "repo_digest": "notes-frontend-build@sha256:ab59951b689372ec4028da1c582a3b46b31e79bed43e4f944a40704c5f81ccfe",
            "timeouts": null,
            "triggers": null
          },
          "sensitive_attributes": [],
          "identity_schema_version": 0,
          "private": "eyJlMmJmYjczMC1lY2FhLTExZTYtOGY4OC0zNDM2M2JjN2M0YzAiOnsiY3JlYXRlIjoxMjAwMDAwMDAwMDAwLCJkZWxldGUiOjEyMDAwMDAwMDAwMDAsInVwZGF0ZSI6MTIwMDAwMDAwMDAwMH19"
        }
      ]
    },
    {
      "mode": "managed",
      "type": "docker_image",
      "name": "quiz_frontend_build",
      "provider": "provider[\"registry.terraform.io/kreuzwerker/docker\"]",
      "instances": [
        {
          "schema_version": 0,
          "attributes": {
            "build": [
              {
                "additional_contexts": [],
                "auth_config": [],
                "build_args": {},
                "build_id": "",
                "build_log_file": "",
                "builder": "",
                "cache_from": [],
                "cache_to": [],
                "cgroup_parent": "",
                "context": "/home/saisakthi/Coding-Project/Projects/Finished Projects/Docker/Terraform/projects/Quiz App/quiz-app",
                "cpu_period": 0,
                "cpu_quota": 0,
                "cpu_set_cpus": "",
                "cpu_set_mems": "",
                "cpu_shares": 0,
                "dockerfile": "Dockerfile.prod",
                "extra_hosts": [],
                "force_remove": false,
                "isolation": "",
                "label": {},
                "labels": {},
                "memory": 0,
                "memory_swap": 0,
                "network_mode": "",
                "no_cache": false,
                "platform": "",
                "pull_parent": false,
                "remote_context": "",
                "remove": true,
                "secrets": [],
                "security_opt": [],
                "session_id": "",
                "shm_size": 0,
                "squash": false,
                "suppress_output": false,
                "tag": [],
                "target": "",
                "ulimit": [],
                "version": ""
              }
            ],
            "force_remove": null,
            "id": "sha256:d734c247a6e0f095baff09835dcc065087781945664c16f6dd5795a47cde240fquiz-frontend-build:latest",
            "image_id": "sha256:d734c247a6e0f095baff09835dcc065087781945664c16f6dd5795a47cde240f",
            "keep_locally": true,
            "name": "quiz-frontend-build:latest",
            "platform": null,
            "pull_triggers": null,
            "repo_digest": "quiz-frontend-build@sha256:d734c247a6e0f095baff09835dcc065087781945664c16f6dd5795a47cde240f",
            "timeouts": null,
            "triggers": null
          },
          "sensitive_attributes": [],
          "identity_schema_version": 0,
          "private": "eyJlMmJmYjczMC1lY2FhLTExZTYtOGY4OC0zNDM2M2JjN2M0YzAiOnsiY3JlYXRlIjoxMjAwMDAwMDAwMDAwLCJkZWxldGUiOjEyMDAwMDAwMDAwMDAsInVwZGF0ZSI6MTIwMDAwMDAwMDAwMH19"
        }
      ]
    },
    {
      "mode": "managed",
      "type": "docker_image",
      "name": "social_django",
      "provider": "provider[\"registry.terraform.io/kreuzwerker/docker\"]",
      "instances": [
        {
          "schema_version": 0,
          "attributes": {
            "build": [
              {
                "additional_contexts": [],
                "auth_config": [],
                "build_args": {},
                "build_id": "",
                "build_log_file": "",
                "builder": "",
                "cache_from": [],
                "cache_to": [],
                "cgroup_parent": "",
                "context": "/home/saisakthi/Coding-Project/Projects/Finished Projects/Docker/Terraform/projects/Social Media App/apps/backend",
                "cpu_period": 0,
                "cpu_quota": 0,
                "cpu_set_cpus": "",
                "cpu_set_mems": "",
                "cpu_shares": 0,
                "dockerfile": "Dockerfile",
                "extra_hosts": [],
                "force_remove": false,
                "isolation": "",
                "label": {},
                "labels": {},
                "memory": 0,
                "memory_swap": 0,
                "network_mode": "",
                "no_cache": false,
                "platform": "",
                "pull_parent": false,
                "remote_context": "",
                "remove": true,
                "secrets": [],
                "security_opt": [],
                "session_id": "",
                "shm_size": 0,
                "squash": false,
                "suppress_output": false,
                "tag": [],
                "target": "",
                "ulimit": [],
                "version": ""
              }
            ],
            "force_remove": null,
            "id": "sha256:309dcd16dce11f6818945dc32f1af113d2e25f1f14ef5b6cefe7280a6ff7d2f2socialmediaapp-django:latest",
            "image_id": "sha256:309dcd16dce11f6818945dc32f1af113d2e25f1f14ef5b6cefe7280a6ff7d2f2",
            "keep_locally": true,
            "name": "socialmediaapp-django:latest",
            "platform": null,
            "pull_triggers": null,
            "repo_digest": "socialmediaapp-django@sha256:309dcd16dce11f6818945dc32f1af113d2e25f1f14ef5b6cefe7280a6ff7d2f2",
            "timeouts": null,
            "triggers": {
              "dir_sha": "35d68d89ee684c6268e7613238c37333097f294169bd15276b932b77c0e686e9"
            }
          },
          "sensitive_attributes": [],
          "identity_schema_version": 0,
          "private": "eyJlMmJmYjczMC1lY2FhLTExZTYtOGY4OC0zNDM2M2JjN2M0YzAiOnsiY3JlYXRlIjoxMjAwMDAwMDAwMDAwLCJkZWxldGUiOjEyMDAwMDAwMDAwMDAsInVwZGF0ZSI6MTIwMDAwMDAwMDAwMH19"
        }
      ]
    },
    {
      "mode": "managed",
      "type": "docker_image",
      "name": "social_frontend",
      "provider": "provider[\"registry.terraform.io/kreuzwerker/docker\"]",
      "instances": [
        {
          "schema_version": 0,
          "attributes": {
            "build": [
              {
                "additional_contexts": [],
                "auth_config": [],
                "build_args": {},
                "build_id": "",
                "build_log_file": "",
                "builder": "",
                "cache_from": [],
                "cache_to": [],
                "cgroup_parent": "",
                "context": "/home/saisakthi/Coding-Project/Projects/Finished Projects/Docker/Terraform/projects/Social Media App/apps/frontend",
                "cpu_period": 0,
                "cpu_quota": 0,
                "cpu_set_cpus": "",
                "cpu_set_mems": "",
                "cpu_shares": 0,
                "dockerfile": "Dockerfile",
                "extra_hosts": [],
                "force_remove": false,
                "isolation": "",
                "label": {},
                "labels": {},
                "memory": 0,
                "memory_swap": 0,
                "network_mode": "",
                "no_cache": false,
                "platform": "",
                "pull_parent": false,
                "remote_context": "",
                "remove": true,
                "secrets": [],
                "security_opt": [],
                "session_id": "",
                "shm_size": 0,
                "squash": false,
                "suppress_output": false,
                "tag": [],
                "target": "",
                "ulimit": [],
                "version": ""
              }
            ],
            "force_remove": null,
            "id": "sha256:b57b6a1c77b803f5e442eb891b978e4bc158108ed9c16d2a76d278b76285affcsocialmediaapp-frontend-prod:latest",
            "image_id": "sha256:b57b6a1c77b803f5e442eb891b978e4bc158108ed9c16d2a76d278b76285affc",
            "keep_locally": true,
            "name": "socialmediaapp-frontend-prod:latest",
            "platform": null,
            "pull_triggers": null,
            "repo_digest": "socialmediaapp-frontend-prod@sha256:b57b6a1c77b803f5e442eb891b978e4bc158108ed9c16d2a76d278b76285affc",
            "timeouts": null,
            "triggers": {
              "dir_sha": "51a53272f01f62381b0f28b790d54bfbeb222e2044904267ff5e68ae38709680"
            }
          },
          "sensitive_attributes": [],
          "identity_schema_version": 0,
          "private": "eyJlMmJmYjczMC1lY2FhLTExZTYtOGY4OC0zNDM2M2JjN2M0YzAiOnsiY3JlYXRlIjoxMjAwMDAwMDAwMDAwLCJkZWxldGUiOjEyMDAwMDAwMDAwMDAsInVwZGF0ZSI6MTIwMDAwMDAwMDAwMH19"
        }
      ]
    },
    {
      "mode": "managed",
      "type": "docker_image",
      "name": "social_go",
      "provider": "provider[\"registry.terraform.io/kreuzwerker/docker\"]",
      "instances": [
        {
          "schema_version": 0,
          "attributes": {
            "build": [
              {
                "additional_contexts": [],
                "auth_config": [],
                "build_args": {},
                "build_id": "",
                "build_log_file": "",
                "builder": "",
                "cache_from": [],
                "cache_to": [],
                "cgroup_parent": "",
                "context": "/home/saisakthi/Coding-Project/Projects/Finished Projects/Docker/Terraform/projects/Social Media App/apps/microservice-go",
                "cpu_period": 0,
                "cpu_quota": 0,
                "cpu_set_cpus": "",
                "cpu_set_mems": "",
                "cpu_shares": 0,
                "dockerfile": "Dockerfile",
                "extra_hosts": [],
                "force_remove": false,
                "isolation": "",
                "label": {},
                "labels": {},
                "memory": 0,
                "memory_swap": 0,
                "network_mode": "",
                "no_cache": false,
                "platform": "",
                "pull_parent": false,
                "remote_context": "",
                "remove": true,
                "secrets": [],
                "security_opt": [],
                "session_id": "",
                "shm_size": 0,
                "squash": false,
                "suppress_output": false,
                "tag": [],
                "target": "",
                "ulimit": [],
                "version": ""
              }
            ],
            "force_remove": null,
            "id": "sha256:baf3f9f9be41a07d34aaa384302f1f8f3677382d40b589add1aa5880995f0cb8socialmediaapp-microservice-go:latest",
            "image_id": "sha256:baf3f9f9be41a07d34aaa384302f1f8f3677382d40b589add1aa5880995f0cb8",
            "keep_locally": true,
            "name": "socialmediaapp-microservice-go:latest",
            "platform": null,
            "pull_triggers": null,
            "repo_digest": "socialmediaapp-microservice-go@sha256:baf3f9f9be41a07d34aaa384302f1f8f3677382d40b589add1aa5880995f0cb8",
            "timeouts": null,
            "triggers": {
              "dir_sha": "8ce2cf654ab46701f44eb1418321f7d1c73e342308a4b4aeeb8e33742c545540"
            }
          },
          "sensitive_attributes": [],
          "identity_schema_version": 0,
          "private": "eyJlMmJmYjczMC1lY2FhLTExZTYtOGY4OC0zNDM2M2JjN2M0YzAiOnsiY3JlYXRlIjoxMjAwMDAwMDAwMDAwLCJkZWxldGUiOjEyMDAwMDAwMDAwMDAsInVwZGF0ZSI6MTIwMDAwMDAwMDAwMH19"
        }
      ]
    },
    {
      "mode": "managed",
      "type": "docker_image",
      "name": "social_java",
      "provider": "provider[\"registry.terraform.io/kreuzwerker/docker\"]",
      "instances": [
        {
          "schema_version": 0,
          "attributes": {
            "build": [
              {
                "additional_contexts": [],
                "auth_config": [],
                "build_args": {},
                "build_id": "",
                "build_log_file": "",
                "builder": "",
                "cache_from": [],
                "cache_to": [],
                "cgroup_parent": "",
                "context": "/home/saisakthi/Coding-Project/Projects/Finished Projects/Docker/Terraform/projects/Social Media App/apps/microservice-java",
                "cpu_period": 0,
                "cpu_quota": 0,
                "cpu_set_cpus": "",
                "cpu_set_mems": "",
                "cpu_shares": 0,
                "dockerfile": "Dockerfile",
                "extra_hosts": [],
                "force_remove": false,
                "isolation": "",
                "label": {},
                "labels": {},
                "memory": 0,
                "memory_swap": 0,
                "network_mode": "",
                "no_cache": false,
                "platform": "",
                "pull_parent": false,
                "remote_context": "",
                "remove": true,
                "secrets": [],
                "security_opt": [],
                "session_id": "",
                "shm_size": 0,
                "squash": false,
                "suppress_output": false,
                "tag": [],
                "target": "",
                "ulimit": [],
                "version": ""
              }
            ],
            "force_remove": null,
            "id": "sha256:b970c0f7ae28842c32ace41be77a28c77ad88453d5b2d53324ac1bbbd11f047asocialmediaapp-microservice-java:latest",
            "image_id": "sha256:b970c0f7ae28842c32ace41be77a28c77ad88453d5b2d53324ac1bbbd11f047a",
            "keep_locally": true,
            "name": "socialmediaapp-microservice-java:latest",
            "platform": null,
            "pull_triggers": null,
            "repo_digest": "socialmediaapp-microservice-java@sha256:b970c0f7ae28842c32ace41be77a28c77ad88453d5b2d53324ac1bbbd11f047a",
            "timeouts": null,
            "triggers": {
              "dir_sha": "600e3c8494fcf51c63fc4857c93ad14b49972b8a7cde9627eb44a3d00b4b4414"
            }
          },
          "sensitive_attributes": [],
          "identity_schema_version": 0,
          "private": "eyJlMmJmYjczMC1lY2FhLTExZTYtOGY4OC0zNDM2M2JjN2M0YzAiOnsiY3JlYXRlIjoxMjAwMDAwMDAwMDAwLCJkZWxldGUiOjEyMDAwMDAwMDAwMDAsInVwZGF0ZSI6MTIwMDAwMDAwMDAwMH19"
        }
      ]
    },
    {
      "mode": "managed",
      "type": "docker_image",
      "name": "social_minio",
      "provider": "provider[\"registry.terraform.io/kreuzwerker/docker\"]",
      "instances": [
        {
          "schema_version": 0,
          "attributes": {
            "build": [
              {
                "additional_contexts": [],
                "auth_config": [],
                "build_args": {},
                "build_id": "",
                "build_log_file": "",
                "builder": "",
                "cache_from": [],
                "cache_to": [],
                "cgroup_parent": "",
                "context": "/home/saisakthi/Coding-Project/Projects/Finished Projects/Docker/Terraform/projects/Social Media App/storage/minio",
                "cpu_period": 0,
                "cpu_quota": 0,
                "cpu_set_cpus": "",
                "cpu_set_mems": "",
                "cpu_shares": 0,
                "dockerfile": "Dockerfile",
                "extra_hosts": [],
                "force_remove": false,
                "isolation": "",
                "label": {},
                "labels": {},
                "memory": 0,
                "memory_swap": 0,
                "network_mode": "",
                "no_cache": false,
                "platform": "",
                "pull_parent": false,
                "remote_context": "",
                "remove": true,
                "secrets": [],
                "security_opt": [],
                "session_id": "",
                "shm_size": 0,
                "squash": false,
                "suppress_output": false,
                "tag": [],
                "target": "",
                "ulimit": [],
                "version": ""
              }
            ],
            "force_remove": null,
            "id": "sha256:2be5afe71692ce899803290e04324aab7a7b183d398cf46fdf50d07462f4a948socialmediaapp-minio:latest",
            "image_id": "sha256:2be5afe71692ce899803290e04324aab7a7b183d398cf46fdf50d07462f4a948",
            "keep_locally": true,
            "name": "socialmediaapp-minio:latest",
            "platform": null,
            "pull_triggers": null,
            "repo_digest": "socialmediaapp-minio@sha256:2be5afe71692ce899803290e04324aab7a7b183d398cf46fdf50d07462f4a948",
            "timeouts": null,
            "triggers": {
              "dir_sha": "04e3ada876f6a88fcbb4efe2c1c8928c3a8ad16fcb2de5324872761ef042c0f9"
            }
          },
          "sensitive_attributes": [],
          "identity_schema_version": 0,
          "private": "eyJlMmJmYjczMC1lY2FhLTExZTYtOGY4OC0zNDM2M2JjN2M0YzAiOnsiY3JlYXRlIjoxMjAwMDAwMDAwMDAwLCJkZWxldGUiOjEyMDAwMDAwMDAwMDAsInVwZGF0ZSI6MTIwMDAwMDAwMDAwMH19"
        }
      ]
    },
    {
      "mode": "managed",
      "type": "docker_image",
      "name": "video_backend",
      "provider": "provider[\"registry.terraform.io/kreuzwerker/docker\"]",
      "instances": [
        {
          "schema_version": 0,
          "attributes": {
            "build": [
              {
                "additional_contexts": [],
                "auth_config": [],
                "build_args": {},
                "build_id": "",
                "build_log_file": "",
                "builder": "",
                "cache_from": [],
                "cache_to": [],
                "cgroup_parent": "",
                "context": "/home/saisakthi/Coding-Project/Projects/Finished Projects/Docker/Terraform/projects/Video Uploader/Main/backend",
                "cpu_period": 0,
                "cpu_quota": 0,
                "cpu_set_cpus": "",
                "cpu_set_mems": "",
                "cpu_shares": 0,
                "dockerfile": "Dockerfile",
                "extra_hosts": [],
                "force_remove": false,
                "isolation": "",
                "label": {},
                "labels": {},
                "memory": 0,
                "memory_swap": 0,
                "network_mode": "",
                "no_cache": false,
                "platform": "",
                "pull_parent": false,
                "remote_context": "",
                "remove": true,
                "secrets": [],
                "security_opt": [],
                "session_id": "",
                "shm_size": 0,
                "squash": false,
                "suppress_output": false,
                "tag": [],
                "target": "",
                "ulimit": [],
                "version": ""
              }
            ],
            "force_remove": null,
            "id": "sha256:def825135f22be3424bb6bce9b501a0b687bbefd5185e3cc904c404e16e2368fvideo-uploader-backend:latest",
            "image_id": "sha256:def825135f22be3424bb6bce9b501a0b687bbefd5185e3cc904c404e16e2368f",
            "keep_locally": true,
            "name": "video-uploader-backend:latest",
            "platform": null,
            "pull_triggers": null,
            "repo_digest": "video-uploader-backend@sha256:def825135f22be3424bb6bce9b501a0b687bbefd5185e3cc904c404e16e2368f",
            "timeouts": null,
            "triggers": null
          },
          "sensitive_attributes": [],
          "identity_schema_version": 0,
          "private": "eyJlMmJmYjczMC1lY2FhLTExZTYtOGY4OC0zNDM2M2JjN2M0YzAiOnsiY3JlYXRlIjoxMjAwMDAwMDAwMDAwLCJkZWxldGUiOjEyMDAwMDAwMDAwMDAsInVwZGF0ZSI6MTIwMDAwMDAwMDAwMH19"
        }
      ]
    },
    {
      "mode": "managed",
      "type": "docker_image",
      "name": "video_frontend_build",
      "provider": "provider[\"registry.terraform.io/kreuzwerker/docker\"]",
      "instances": [
        {
          "schema_version": 0,
          "attributes": {
            "build": [
              {
                "additional_contexts": [],
                "auth_config": [],
                "build_args": {},
                "build_id": "",
                "build_log_file": "",
                "builder": "",
                "cache_from": [],
                "cache_to": [],
                "cgroup_parent": "",
                "context": "/home/saisakthi/Coding-Project/Projects/Finished Projects/Docker/Terraform/projects/Video Uploader/Main/frontend/video-uploader",
                "cpu_period": 0,
                "cpu_quota": 0,
                "cpu_set_cpus": "",
                "cpu_set_mems": "",
                "cpu_shares": 0,
                "dockerfile": "Dockerfile.prod",
                "extra_hosts": [],
                "force_remove": false,
                "isolation": "",
                "label": {},
                "labels": {},
                "memory": 0,
                "memory_swap": 0,
                "network_mode": "",
                "no_cache": false,
                "platform": "",
                "pull_parent": false,
                "remote_context": "",
                "remove": true,
                "secrets": [],
                "security_opt": [],
                "session_id": "",
                "shm_size": 0,
                "squash": false,
                "suppress_output": false,
                "tag": [],
                "target": "",
                "ulimit": [],
                "version": ""
              }
            ],
            "force_remove": null,
            "id": "sha256:9810a87d3fe241b31e5512bd3c91514c88c07dce1d168e773f8bd78015509728video-frontend-build:latest",
            "image_id": "sha256:9810a87d3fe241b31e5512bd3c91514c88c07dce1d168e773f8bd78015509728",
            "keep_locally": true,
            "name": "video-frontend-build:latest",
            "platform": null,
            "pull_triggers": null,
            "repo_digest": "video-frontend-build@sha256:9810a87d3fe241b31e5512bd3c91514c88c07dce1d168e773f8bd78015509728",
            "timeouts": null,
            "triggers": null
          },
          "sensitive_attributes": [],
          "identity_schema_version": 0,
          "private": "eyJlMmJmYjczMC1lY2FhLTExZTYtOGY4OC0zNDM2M2JjN2M0YzAiOnsiY3JlYXRlIjoxMjAwMDAwMDAwMDAwLCJkZWxldGUiOjEyMDAwMDAwMDAwMDAsInVwZGF0ZSI6MTIwMDAwMDAwMDAwMH19"
        }
      ]
    },
    {
      "mode": "managed",
      "type": "docker_network",
      "name": "gateway_net",
      "provider": "provider[\"registry.terraform.io/kreuzwerker/docker\"]",
      "instances": [
        {
          "schema_version": 1,
          "attributes": {
            "attachable": false,
            "check_duplicate": null,
            "driver": "bridge",
            "id": "2f860379150f1a3b0034953826c965b753167709aef583ed2636dc2fc39dfc95",
            "ingress": false,
            "internal": false,
            "ipam_config": [
              {
                "aux_address": {},
                "gateway": "172.19.0.1",
                "ip_range": "",
                "subnet": "172.19.0.0/16"
              }
            ],
            "ipam_driver": "default",
            "ipam_options": {},
            "ipv6": false,
            "labels": [],
            "name": "gateway-net",
            "options": {
              "com.docker.network.enable_ipv4": "true",
              "com.docker.network.enable_ipv6": "false"
            },
            "scope": "local"
          },
          "sensitive_attributes": [],
          "identity_schema_version": 0,
          "private": "eyJzY2hlbWFfdmVyc2lvbiI6IjEifQ=="
        }
      ]
    },
    {
      "mode": "managed",
      "type": "docker_volume",
      "name": "bank_dist",
      "provider": "provider[\"registry.terraform.io/kreuzwerker/docker\"]",
      "instances": [
        {
          "schema_version": 1,
          "attributes": {
            "cluster": [],
            "driver": "local",
            "driver_opts": {},
            "id": "gateway_bank-dist",
            "labels": [],
            "mountpoint": "/var/lib/docker/volumes/gateway_bank-dist/_data",
            "name": "gateway_bank-dist"
          },
          "sensitive_attributes": [],
          "identity_schema_version": 0,
          "private": "eyJzY2hlbWFfdmVyc2lvbiI6IjEifQ=="
        }
      ]
    },
    {
      "mode": "managed",
      "type": "docker_volume",
      "name": "bank_pgdata",
      "provider": "provider[\"registry.terraform.io/kreuzwerker/docker\"]",
      "instances": [
        {
          "schema_version": 1,
          "attributes": {
            "cluster": [],
            "driver": "local",
            "driver_opts": {},
            "id": "gateway_bank-pgdata",
            "labels": [],
            "mountpoint": "/var/lib/docker/volumes/gateway_bank-pgdata/_data",
            "name": "gateway_bank-pgdata"
          },
          "sensitive_attributes": [],
          "identity_schema_version": 0,
          "private": "eyJzY2hlbWFfdmVyc2lvbiI6IjEifQ=="
        }
      ]
    },
    {
      "mode": "managed",
      "type": "docker_volume",
      "name": "notes_dist",
      "provider": "provider[\"registry.terraform.io/kreuzwerker/docker\"]",
      "instances": [
        {
          "schema_version": 1,
          "attributes": {
            "cluster": [],
            "driver": "local",
            "driver_opts": {},
            "id": "gateway_notes-dist",
            "labels": [],
            "mountpoint": "/var/lib/docker/volumes/gateway_notes-dist/_data",
            "name": "gateway_notes-dist"
          },
          "sensitive_attributes": [],
          "identity_schema_version": 0,
          "private": "eyJzY2hlbWFfdmVyc2lvbiI6IjEifQ=="
        }
      ]
    },
    {
      "mode": "managed",
      "type": "docker_volume",
      "name": "notes_media",
      "provider": "provider[\"registry.terraform.io/kreuzwerker/docker\"]",
      "instances": [
        {
          "schema_version": 1,
          "attributes": {
            "cluster": [],
            "driver": "local",
            "driver_opts": {},
            "id": "gateway_notes-media",
            "labels": [],
            "mountpoint": "/var/lib/docker/volumes/gateway_notes-media/_data",
            "name": "gateway_notes-media"
          },
          "sensitive_attributes": [],
          "identity_schema_version": 0,
          "private": "eyJzY2hlbWFfdmVyc2lvbiI6IjEifQ=="
        }
      ]
    },
    {
      "mode": "managed",
      "type": "docker_volume",
      "name": "notes_pgdata",
      "provider": "provider[\"registry.terraform.io/kreuzwerker/docker\"]",
      "instances": [
        {
          "schema_version": 1,
          "attributes": {
            "cluster": [],
            "driver": "local",
            "driver_opts": {},
            "id": "gateway_notes-pgdata",
            "labels": [],
            "mountpoint": "/var/lib/docker/volumes/gateway_notes-pgdata/_data",
            "name": "gateway_notes-pgdata"
          },
          "sensitive_attributes": [],
          "identity_schema_version": 0,
          "private": "eyJzY2hlbWFfdmVyc2lvbiI6IjEifQ=="
        }
      ]
    },
    {
      "mode": "managed",
      "type": "docker_volume",
      "name": "notes_static",
      "provider": "provider[\"registry.terraform.io/kreuzwerker/docker\"]",
      "instances": [
        {
          "schema_version": 1,
          "attributes": {
            "cluster": [],
            "driver": "local",
            "driver_opts": {},
            "id": "gateway_notes-static",
            "labels": [],
            "mountpoint": "/var/lib/docker/volumes/gateway_notes-static/_data",
            "name": "gateway_notes-static"
          },
          "sensitive_attributes": [],
          "identity_schema_version": 0,
          "private": "eyJzY2hlbWFfdmVyc2lvbiI6IjEifQ=="
        }
      ]
    },
    {
      "mode": "managed",
      "type": "docker_volume",
      "name": "quiz_dist",
      "provider": "provider[\"registry.terraform.io/kreuzwerker/docker\"]",
      "instances": [
        {
          "schema_version": 1,
          "attributes": {
            "cluster": [],
            "driver": "local",
            "driver_opts": {},
            "id": "gateway_quiz-dist",
            "labels": [],
            "mountpoint": "/var/lib/docker/volumes/gateway_quiz-dist/_data",
            "name": "gateway_quiz-dist"
          },
          "sensitive_attributes": [],
          "identity_schema_version": 0,
          "private": "eyJzY2hlbWFfdmVyc2lvbiI6IjEifQ=="
        }
      ]
    },
    {
      "mode": "managed",
      "type": "docker_volume",
      "name": "video_dist",
      "provider": "provider[\"registry.terraform.io/kreuzwerker/docker\"]",
      "instances": [
        {
          "schema_version": 1,
          "attributes": {
            "cluster": [],
            "driver": "local",
            "driver_opts": {},
            "id": "gateway_video-dist",
            "labels": [],
            "mountpoint": "/var/lib/docker/volumes/gateway_video-dist/_data",
            "name": "gateway_video-dist"
          },
          "sensitive_attributes": [],
          "identity_schema_version": 0,
          "private": "eyJzY2hlbWFfdmVyc2lvbiI6IjEifQ=="
        }
      ]
    },
    {
      "mode": "managed",
      "type": "helm_release",
      "name": "ingress_nginx",
      "provider": "provider[\"registry.terraform.io/hashicorp/helm\"]",
      "instances": [
        {
          "schema_version": 1,
          "attributes": {
            "atomic": false,
            "chart": "ingress-nginx",
            "cleanup_on_fail": false,
            "create_namespace": true,
            "dependency_update": false,
            "description": null,
            "devel": null,
            "disable_crd_hooks": false,
            "disable_openapi_validation": false,
            "disable_webhooks": false,
            "force_update": false,
            "id": "ingress-nginx",
            "keyring": null,
            "lint": false,
            "manifest": null,
            "max_history": 0,
            "metadata": [
              {
                "app_version": "1.15.1",
                "chart": "ingress-nginx",
                "first_deployed": 1775044110,
                "last_deployed": 1775044110,
                "name": "ingress-nginx",
                "namespace": "ingress-nginx",
                "notes": "The ingress-nginx controller has been installed.\nGet the application URL by running these commands:\n  export HTTP_NODE_PORT=30080\n  export HTTPS_NODE_PORT=$(kubectl get service --namespace ingress-nginx ingress-nginx-controller --output jsonpath=\"{.spec.ports[1].nodePort}\")\n  export NODE_IP=\"$(kubectl get nodes --output jsonpath=\"{.items[0].status.addresses[1].address}\")\"\n\n  echo \"Visit http://${NODE_IP}:${HTTP_NODE_PORT} to access your application via HTTP.\"\n  echo \"Visit https://${NODE_IP}:${HTTPS_NODE_PORT} to access your application via HTTPS.\"\n\nAn example Ingress that makes use of the controller:\n  apiVersion: networking.k8s.io/v1\n  kind: Ingress\n  metadata:\n    name: example\n    namespace: foo\n  spec:\n    ingressClassName: nginx\n    rules:\n      - host: www.example.com\n        http:\n          paths:\n            - pathType: Prefix\n              backend:\n                service:\n                  name: exampleService\n                  port:\n                    number: 80\n              path: /\n    # This section is only required if TLS is to be enabled for the Ingress\n    tls:\n      - hosts:\n        - www.example.com\n        secretName: example-tls\n\nIf TLS is enabled for the Ingress, a Secret containing the certificate and key must also be provided:\n\n  apiVersion: v1\n  kind: Secret\n  metadata:\n    name: example-tls\n    namespace: foo\n  data:\n    tls.crt: \u003cbase64 encoded cert\u003e\n    tls.key: \u003cbase64 encoded key\u003e\n  type: kubernetes.io/tls\n",
                "revision": 1,
                "values": "{\"controller\":{\"hostPort\":{\"enabled\":true,\"ports\":{\"http\":80}},\"service\":{\"nodePorts\":{\"http\":30080},\"type\":\"NodePort\"}}}",
                "version": "4.15.1"
              }
            ],
            "name": "ingress-nginx",
            "namespace": "ingress-nginx",
            "pass_credentials": false,
            "postrender": [],
            "recreate_pods": false,
            "render_subchart_notes": true,
            "replace": false,
            "repository": "https://kubernetes.github.io/ingress-nginx",
            "repository_ca_file": null,
            "repository_cert_file": null,
            "repository_key_file": null,
            "repository_password": null,
            "repository_username": null,
            "reset_values": false,
            "reuse_values": false,
            "set": [
              {
                "name": "controller.hostPort.enabled",
                "type": "",
                "value": "true"
              },
              {
                "name": "controller.hostPort.ports.http",
                "type": "",
                "value": "80"
              },
              {
                "name": "controller.service.nodePorts.http",
                "type": "",
                "value": "30080"
              },
              {
                "name": "controller.service.type",
                "type": "",
                "value": "NodePort"
              }
            ],
            "set_list": [],
            "set_sensitive": [],
            "skip_crds": false,
            "status": "deployed",
            "timeout": 120,
            "upgrade_install": null,
            "values": null,
            "verify": false,
            "version": "4.15.1",
            "wait": true,
            "wait_for_jobs": false
          },
          "sensitive_attributes": [
            [
              {
                "type": "get_attr",
                "value": "repository_password"
              }
            ]
          ],
          "identity_schema_version": 0,
          "private": "eyJzY2hlbWFfdmVyc2lvbiI6IjEifQ==",
          "dependencies": [
            "null_resource.kind_cluster"
          ]
        }
      ]
    },
    {
      "mode": "managed",
      "type": "kubectl_manifest",
      "name": "backend_deployment",
      "provider": "provider[\"registry.terraform.io/gavinbunney/kubectl\"]",
      "instances": [
        {
          "schema_version": 1,
          "attributes": {
            "api_version": "apps/v1",
            "apply_only": false,
            "force_conflicts": false,
            "force_new": false,
            "id": "/apis/apps/v1/namespaces/default/deployments/backend",
            "ignore_fields": null,
            "kind": "Deployment",
            "live_manifest_incluster": "31402e28f58c407e16cadd68aaca2861e7bc11a35f80d97716f70ae406d1785c",
            "live_uid": "f4ca4985-bb5c-4df2-9d78-583ac6955e2b",
            "name": "backend",
            "namespace": null,
            "override_namespace": null,
            "sensitive_fields": null,
            "server_side_apply": false,
            "timeouts": null,
            "uid": "f4ca4985-bb5c-4df2-9d78-583ac6955e2b",
            "validate_schema": true,
            "wait": null,
            "wait_for_rollout": true,
            "yaml_body": "apiVersion: apps/v1\nkind: Deployment\nmetadata:\n  name: backend\nspec:\n  replicas: 1\n  selector:\n    matchLabels:\n      app: backend\n  template:\n    metadata:\n      labels:\n        app: backend\n    spec:\n      containers:\n        - name: backend\n          image: socialmediaapp-django:latest\n          imagePullPolicy: Never\n          ports:\n            - containerPort: 8000\n          env:\n            - name: DB_NAME\n              value: socialdb\n            - name: DB_USER\n              value: admin\n            - name: DB_PASSWORD\n              value: password\n            - name: DB_HOST\n              value: postgres\n            - name: DB_PORT\n              value: \"5432\"\n            - name: DEBUG\n              value: \"True\"\n            - name: RUNNING_IN_DOCKER\n              value: \"True\"\n",
            "yaml_body_parsed": "apiVersion: apps/v1\nkind: Deployment\nmetadata:\n  name: backend\nspec:\n  replicas: 1\n  selector:\n    matchLabels:\n      app: backend\n  template:\n    metadata:\n      labels:\n        app: backend\n    spec:\n      containers:\n      - env:\n        - name: DB_NAME\n          value: socialdb\n        - name: DB_USER\n          value: admin\n        - name: DB_PASSWORD\n          value: password\n        - name: DB_HOST\n          value: postgres\n        - name: DB_PORT\n          value: \"5432\"\n        - name: DEBUG\n          value: \"True\"\n        - name: RUNNING_IN_DOCKER\n          value: \"True\"\n        image: socialmediaapp-django:latest\n        imagePullPolicy: Never\n        name: backend\n        ports:\n        - containerPort: 8000\n",
            "yaml_incluster": "31402e28f58c407e16cadd68aaca2861e7bc11a35f80d97716f70ae406d1785c"
          },
          "sensitive_attributes": [
            [
              {
                "type": "get_attr",
                "value": "live_manifest_incluster"
              }
            ],
            [
              {
                "type": "get_attr",
                "value": "yaml_body"
              }
            ],
            [
              {
                "type": "get_attr",
                "value": "yaml_incluster"
              }
            ]
          ],
          "identity_schema_version": 0,
          "private": "eyJlMmJmYjczMC1lY2FhLTExZTYtOGY4OC0zNDM2M2JjN2M0YzAiOnsiY3JlYXRlIjo2MDAwMDAwMDAwMDB9LCJzY2hlbWFfdmVyc2lvbiI6IjEifQ==",
          "dependencies": [
            "docker_image.social_django",
            "docker_image.social_frontend",
            "docker_image.social_go",
            "docker_image.social_java",
            "docker_image.social_minio",
            "kubectl_manifest.postgres_secret",
            "kubectl_manifest.postgres_service",
            "kubectl_manifest.postgres_statefulset",
            "null_resource.kind_cluster",
            "null_resource.kind_load_images"
          ]
        }
      ]
    },
    {
      "mode": "managed",
      "type": "kubectl_manifest",
      "name": "backend_service",
      "provider": "provider[\"registry.terraform.io/gavinbunney/kubectl\"]",
      "instances": [
        {
          "schema_version": 1,
          "attributes": {
            "api_version": "v1",
            "apply_only": false,
            "force_conflicts": false,
            "force_new": false,
            "id": "/api/v1/namespaces/default/services/backend",
            "ignore_fields": null,
            "kind": "Service",
            "live_manifest_incluster": "6dfd7e514b3b023e39816b6538b040e6b6164747b345ba760ab31994a9bfbc36",
            "live_uid": "d495dccb-c1fa-406c-a31d-f25fdc5e17b4",
            "name": "backend",
            "namespace": null,
            "override_namespace": null,
            "sensitive_fields": null,
            "server_side_apply": false,
            "timeouts": null,
            "uid": "d495dccb-c1fa-406c-a31d-f25fdc5e17b4",
            "validate_schema": true,
            "wait": null,
            "wait_for_rollout": true,
            "yaml_body": "apiVersion: v1\nkind: Service\nmetadata:\n  name: backend\nspec:\n  selector:\n    app: backend\n  ports:\n    - port: 8000\n      targetPort: 8000\n  type: ClusterIP\n",
            "yaml_body_parsed": "apiVersion: v1\nkind: Service\nmetadata:\n  name: backend\nspec:\n  ports:\n  - port: 8000\n    targetPort: 8000\n  selector:\n    app: backend\n  type: ClusterIP\n",
            "yaml_incluster": "6dfd7e514b3b023e39816b6538b040e6b6164747b345ba760ab31994a9bfbc36"
          },
          "sensitive_attributes": [
            [
              {
                "type": "get_attr",
                "value": "live_manifest_incluster"
              }
            ],
            [
              {
                "type": "get_attr",
                "value": "yaml_body"
              }
            ],
            [
              {
                "type": "get_attr",
                "value": "yaml_incluster"
              }
            ]
          ],
          "identity_schema_version": 0,
          "private": "eyJlMmJmYjczMC1lY2FhLTExZTYtOGY4OC0zNDM2M2JjN2M0YzAiOnsiY3JlYXRlIjo2MDAwMDAwMDAwMDB9LCJzY2hlbWFfdmVyc2lvbiI6IjEifQ==",
          "dependencies": [
            "null_resource.kind_cluster"
          ]
        }
      ]
    },
    {
      "mode": "managed",
      "type": "kubectl_manifest",
      "name": "frontend_deployment",
      "provider": "provider[\"registry.terraform.io/gavinbunney/kubectl\"]",
      "instances": [
        {
          "schema_version": 1,
          "attributes": {
            "api_version": "apps/v1",
            "apply_only": false,
            "force_conflicts": false,
            "force_new": false,
            "id": "/apis/apps/v1/namespaces/default/deployments/frontend-prod",
            "ignore_fields": null,
            "kind": "Deployment",
            "live_manifest_incluster": "2709f3df7dcad03a9a057fb57f7dccfe7664da00f7b752e2cac61451e27bc25a",
            "live_uid": "d0666f8a-39c1-4acd-a9af-3e27db30500f",
            "name": "frontend-prod",
            "namespace": null,
            "override_namespace": null,
            "sensitive_fields": null,
            "server_side_apply": false,
            "timeouts": null,
            "uid": "d0666f8a-39c1-4acd-a9af-3e27db30500f",
            "validate_schema": true,
            "wait": null,
            "wait_for_rollout": true,
            "yaml_body": "apiVersion: apps/v1\nkind: Deployment\nmetadata:\n  name: frontend-prod\n  labels:\n    app: frontend\nspec:\n  replicas: 1\n  selector:\n    matchLabels:\n      app: frontend\n  template:\n    metadata:\n      labels:\n        app: frontend\n    spec:\n      containers:\n        - name: frontend\n          image: socialmediaapp-frontend-prod:latest\n          imagePullPolicy: Never\n          ports:\n            - containerPort: 80\n",
            "yaml_body_parsed": "apiVersion: apps/v1\nkind: Deployment\nmetadata:\n  labels:\n    app: frontend\n  name: frontend-prod\nspec:\n  replicas: 1\n  selector:\n    matchLabels:\n      app: frontend\n  template:\n    metadata:\n      labels:\n        app: frontend\n    spec:\n      containers:\n      - image: socialmediaapp-frontend-prod:latest\n        imagePullPolicy: Never\n        name: frontend\n        ports:\n        - containerPort: 80\n",
            "yaml_incluster": "2709f3df7dcad03a9a057fb57f7dccfe7664da00f7b752e2cac61451e27bc25a"
          },
          "sensitive_attributes": [
            [
              {
                "type": "get_attr",
                "value": "live_manifest_incluster"
              }
            ],
            [
              {
                "type": "get_attr",
                "value": "yaml_body"
              }
            ],
            [
              {
                "type": "get_attr",
                "value": "yaml_incluster"
              }
            ]
          ],
          "identity_schema_version": 0,
          "private": "eyJlMmJmYjczMC1lY2FhLTExZTYtOGY4OC0zNDM2M2JjN2M0YzAiOnsiY3JlYXRlIjo2MDAwMDAwMDAwMDB9LCJzY2hlbWFfdmVyc2lvbiI6IjEifQ==",
          "dependencies": [
            "docker_image.social_django",
            "docker_image.social_frontend",
            "docker_image.social_go",
            "docker_image.social_java",
            "docker_image.social_minio",
            "null_resource.kind_cluster",
            "null_resource.kind_load_images"
          ]
        }
      ]
    },
    {
      "mode": "managed",
      "type": "kubectl_manifest",
      "name": "frontend_service",
      "provider": "provider[\"registry.terraform.io/gavinbunney/kubectl\"]",
      "instances": [
        {
          "schema_version": 1,
          "attributes": {
            "api_version": "v1",
            "apply_only": false,
            "force_conflicts": false,
            "force_new": false,
            "id": "/api/v1/namespaces/default/services/frontend-prod",
            "ignore_fields": null,
            "kind": "Service",
            "live_manifest_incluster": "183e811088d81df653362766b093af384dfba7cf86ebdee04e18425d2a517927",
            "live_uid": "4c51cbc6-448e-40e3-9560-d5aa7ddd9c2e",
            "name": "frontend-prod",
            "namespace": null,
            "override_namespace": null,
            "sensitive_fields": null,
            "server_side_apply": false,
            "timeouts": null,
            "uid": "4c51cbc6-448e-40e3-9560-d5aa7ddd9c2e",
            "validate_schema": true,
            "wait": null,
            "wait_for_rollout": true,
            "yaml_body": "apiVersion: v1\nkind: Service\nmetadata:\n  name: frontend-prod\nspec:\n  selector:\n    app: frontend\n  ports:\n    - protocol: TCP\n      port: 80\n      targetPort: 80\n  type: ClusterIP\n",
            "yaml_body_parsed": "apiVersion: v1\nkind: Service\nmetadata:\n  name: frontend-prod\nspec:\n  ports:\n  - port: 80\n    protocol: TCP\n    targetPort: 80\n  selector:\n    app: frontend\n  type: ClusterIP\n",
            "yaml_incluster": "183e811088d81df653362766b093af384dfba7cf86ebdee04e18425d2a517927"
          },
          "sensitive_attributes": [
            [
              {
                "type": "get_attr",
                "value": "live_manifest_incluster"
              }
            ],
            [
              {
                "type": "get_attr",
                "value": "yaml_body"
              }
            ],
            [
              {
                "type": "get_attr",
                "value": "yaml_incluster"
              }
            ]
          ],
          "identity_schema_version": 0,
          "private": "eyJlMmJmYjczMC1lY2FhLTExZTYtOGY4OC0zNDM2M2JjN2M0YzAiOnsiY3JlYXRlIjo2MDAwMDAwMDAwMDB9LCJzY2hlbWFfdmVyc2lvbiI6IjEifQ==",
          "dependencies": [
            "null_resource.kind_cluster"
          ]
        }
      ]
    },
    {
      "mode": "managed",
      "type": "kubectl_manifest",
      "name": "ingress_api",
      "provider": "provider[\"registry.terraform.io/gavinbunney/kubectl\"]",
      "instances": [
        {
          "schema_version": 1,
          "attributes": {
            "api_version": "networking.k8s.io/v1",
            "apply_only": false,
            "force_conflicts": false,
            "force_new": false,
            "id": "/apis/networking.k8s.io/v1/namespaces/default/ingresses/social-media-api-ingress",
            "ignore_fields": null,
            "kind": "Ingress",
            "live_manifest_incluster": "e8b04d3e2d5d024cca4a48e654b172d79776eb3658634cf86a18c2d9a58e319c",
            "live_uid": "636dcf5e-10bf-45d5-8cec-981fb8a5c212",
            "name": "social-media-api-ingress",
            "namespace": "default",
            "override_namespace": null,
            "sensitive_fields": null,
            "server_side_apply": false,
            "timeouts": null,
            "uid": "636dcf5e-10bf-45d5-8cec-981fb8a5c212",
            "validate_schema": true,
            "wait": null,
            "wait_for_rollout": true,
            "yaml_body": "apiVersion: networking.k8s.io/v1\nkind: Ingress\nmetadata:\n  name: social-media-api-ingress\n  namespace: default\n  annotations:\n    nginx.ingress.kubernetes.io/rewrite-target: /api/$2\n    nginx.ingress.kubernetes.io/use-regex: \"true\"\n    nginx.ingress.kubernetes.io/proxy-body-size: \"100m\"\nspec:\n  ingressClassName: nginx\n  rules:\n    - http:\n        paths:\n          - path: /social/api(/|$)(.*)\n            pathType: ImplementationSpecific\n            backend:\n              service:\n                name: backend\n                port:\n                  number: 8000\n",
            "yaml_body_parsed": "apiVersion: networking.k8s.io/v1\nkind: Ingress\nmetadata:\n  annotations:\n    nginx.ingress.kubernetes.io/proxy-body-size: 100m\n    nginx.ingress.kubernetes.io/rewrite-target: /api/$2\n    nginx.ingress.kubernetes.io/use-regex: \"true\"\n  name: social-media-api-ingress\n  namespace: default\nspec:\n  ingressClassName: nginx\n  rules:\n  - http:\n      paths:\n      - backend:\n          service:\n            name: backend\n            port:\n              number: 8000\n        path: /social/api(/|$)(.*)\n        pathType: ImplementationSpecific\n",
            "yaml_incluster": "e8b04d3e2d5d024cca4a48e654b172d79776eb3658634cf86a18c2d9a58e319c"
          },
          "sensitive_attributes": [
            [
              {
                "type": "get_attr",
                "value": "live_manifest_incluster"
              }
            ],
            [
              {
                "type": "get_attr",
                "value": "yaml_body"
              }
            ],
            [
              {
                "type": "get_attr",
                "value": "yaml_incluster"
              }
            ]
          ],
          "identity_schema_version": 0,
          "private": "eyJlMmJmYjczMC1lY2FhLTExZTYtOGY4OC0zNDM2M2JjN2M0YzAiOnsiY3JlYXRlIjo2MDAwMDAwMDAwMDB9LCJzY2hlbWFfdmVyc2lvbiI6IjEifQ==",
          "dependencies": [
            "helm_release.ingress_nginx",
            "null_resource.kind_cluster"
          ]
        }
      ]
    },
    {
      "mode": "managed",
      "type": "kubectl_manifest",
      "name": "ingress_frontend",
      "provider": "provider[\"registry.terraform.io/gavinbunney/kubectl\"]",
      "instances": [
        {
          "schema_version": 1,
          "attributes": {
            "api_version": "networking.k8s.io/v1",
            "apply_only": false,
            "force_conflicts": false,
            "force_new": false,
            "id": "/apis/networking.k8s.io/v1/namespaces/default/ingresses/social-media-frontend-ingress",
            "ignore_fields": null,
            "kind": "Ingress",
            "live_manifest_incluster": "ddd633465f79657c4f6809710d097bd0f76660ffd91f1fa33af27e22ca72a0b1",
            "live_uid": "a4cbde8b-bd8a-40bb-bf01-d774b043d491",
            "name": "social-media-frontend-ingress",
            "namespace": "default",
            "override_namespace": null,
            "sensitive_fields": null,
            "server_side_apply": false,
            "timeouts": null,
            "uid": "a4cbde8b-bd8a-40bb-bf01-d774b043d491",
            "validate_schema": true,
            "wait": null,
            "wait_for_rollout": true,
            "yaml_body": "apiVersion: networking.k8s.io/v1\nkind: Ingress\nmetadata:\n  name: social-media-frontend-ingress\n  namespace: default\n  annotations:\n    nginx.ingress.kubernetes.io/rewrite-target: /$2\n    nginx.ingress.kubernetes.io/use-regex: \"true\"\nspec:\n  ingressClassName: nginx\n  rules:\n    - http:\n        paths:\n          - path: /social(/|$)(.*)\n            pathType: ImplementationSpecific\n            backend:\n              service:\n                name: frontend-prod\n                port:\n                  number: 80\n",
            "yaml_body_parsed": "apiVersion: networking.k8s.io/v1\nkind: Ingress\nmetadata:\n  annotations:\n    nginx.ingress.kubernetes.io/rewrite-target: /$2\n    nginx.ingress.kubernetes.io/use-regex: \"true\"\n  name: social-media-frontend-ingress\n  namespace: default\nspec:\n  ingressClassName: nginx\n  rules:\n  - http:\n      paths:\n      - backend:\n          service:\n            name: frontend-prod\n            port:\n              number: 80\n        path: /social(/|$)(.*)\n        pathType: ImplementationSpecific\n",
            "yaml_incluster": "ddd633465f79657c4f6809710d097bd0f76660ffd91f1fa33af27e22ca72a0b1"
          },
          "sensitive_attributes": [
            [
              {
                "type": "get_attr",
                "value": "live_manifest_incluster"
              }
            ],
            [
              {
                "type": "get_attr",
                "value": "yaml_body"
              }
            ],
            [
              {
                "type": "get_attr",
                "value": "yaml_incluster"
              }
            ]
          ],
          "identity_schema_version": 0,
          "private": "eyJlMmJmYjczMC1lY2FhLTExZTYtOGY4OC0zNDM2M2JjN2M0YzAiOnsiY3JlYXRlIjo2MDAwMDAwMDAwMDB9LCJzY2hlbWFfdmVyc2lvbiI6IjEifQ==",
          "dependencies": [
            "helm_release.ingress_nginx",
            "null_resource.kind_cluster"
          ]
        }
      ]
    },
    {
      "mode": "managed",
      "type": "kubectl_manifest",
      "name": "ingress_minio",
      "provider": "provider[\"registry.terraform.io/gavinbunney/kubectl\"]",
      "instances": [
        {
          "schema_version": 1,
          "attributes": {
            "api_version": "networking.k8s.io/v1",
            "apply_only": false,
            "force_conflicts": false,
            "force_new": false,
            "id": "/apis/networking.k8s.io/v1/namespaces/default/ingresses/social-media-minio-ingress",
            "ignore_fields": null,
            "kind": "Ingress",
            "live_manifest_incluster": "f51c2898becb0ebe267b60f6fd7a35b4793850209eb3c38e89bc949324c2b189",
            "live_uid": "1aae3763-dc2e-4a67-b959-1f71ae1339a4",
            "name": "social-media-minio-ingress",
            "namespace": "default",
            "override_namespace": null,
            "sensitive_fields": null,
            "server_side_apply": false,
            "timeouts": null,
            "uid": "1aae3763-dc2e-4a67-b959-1f71ae1339a4",
            "validate_schema": true,
            "wait": null,
            "wait_for_rollout": true,
            "yaml_body": "apiVersion: networking.k8s.io/v1\nkind: Ingress\nmetadata:\n  name: social-media-minio-ingress\n  namespace: default\n  annotations:\n    nginx.ingress.kubernetes.io/rewrite-target: /$2\n    nginx.ingress.kubernetes.io/use-regex: \"true\"\n    nginx.ingress.kubernetes.io/proxy-body-size: \"100m\"\nspec:\n  ingressClassName: nginx\n  rules:\n    - http:\n        paths:\n          - path: /social/minio(/|$)(.*)\n            pathType: ImplementationSpecific\n            backend:\n              service:\n                name: minio\n                port:\n                  number: 9000\n",
            "yaml_body_parsed": "apiVersion: networking.k8s.io/v1\nkind: Ingress\nmetadata:\n  annotations:\n    nginx.ingress.kubernetes.io/proxy-body-size: 100m\n    nginx.ingress.kubernetes.io/rewrite-target: /$2\n    nginx.ingress.kubernetes.io/use-regex: \"true\"\n  name: social-media-minio-ingress\n  namespace: default\nspec:\n  ingressClassName: nginx\n  rules:\n  - http:\n      paths:\n      - backend:\n          service:\n            name: minio\n            port:\n              number: 9000\n        path: /social/minio(/|$)(.*)\n        pathType: ImplementationSpecific\n",
            "yaml_incluster": "f51c2898becb0ebe267b60f6fd7a35b4793850209eb3c38e89bc949324c2b189"
          },
          "sensitive_attributes": [
            [
              {
                "type": "get_attr",
                "value": "live_manifest_incluster"
              }
            ],
            [
              {
                "type": "get_attr",
                "value": "yaml_body"
              }
            ],
            [
              {
                "type": "get_attr",
                "value": "yaml_incluster"
              }
            ]
          ],
          "identity_schema_version": 0,
          "private": "eyJlMmJmYjczMC1lY2FhLTExZTYtOGY4OC0zNDM2M2JjN2M0YzAiOnsiY3JlYXRlIjo2MDAwMDAwMDAwMDB9LCJzY2hlbWFfdmVyc2lvbiI6IjEifQ==",
          "dependencies": [
            "helm_release.ingress_nginx",
            "null_resource.kind_cluster"
          ]
        }
      ]
    },
    {
      "mode": "managed",
      "type": "kubectl_manifest",
      "name": "microservice_go_deployment",
      "provider": "provider[\"registry.terraform.io/gavinbunney/kubectl\"]",
      "instances": [
        {
          "schema_version": 1,
          "attributes": {
            "api_version": "apps/v1",
            "apply_only": false,
            "force_conflicts": false,
            "force_new": false,
            "id": "/apis/apps/v1/namespaces/default/deployments/microservice-go",
            "ignore_fields": null,
            "kind": "Deployment",
            "live_manifest_incluster": "f509c7ac39fade5df18d5af70ba7aee9486883421f43f683808c73243bf8f7e3",
            "live_uid": "ee456f7e-943d-4e55-bb24-338940c25942",
            "name": "microservice-go",
            "namespace": null,
            "override_namespace": null,
            "sensitive_fields": null,
            "server_side_apply": false,
            "timeouts": null,
            "uid": "ee456f7e-943d-4e55-bb24-338940c25942",
            "validate_schema": true,
            "wait": null,
            "wait_for_rollout": true,
            "yaml_body": "apiVersion: apps/v1\nkind: Deployment\nmetadata:\n  name: microservice-go\n  labels:\n    app: microservice-go\nspec:\n  replicas: 1\n  selector:\n    matchLabels:\n      app: microservice-go\n  template:\n    metadata:\n      labels:\n        app: microservice-go\n    spec:\n      containers:\n        - name: microservice-go\n          image: socialmediaapp-microservice-go:latest\n          imagePullPolicy: Never\n          ports:\n            - containerPort: 8080\n          env:\n            - name: REDIS_HOST\n              value: redis\n            - name: REDIS_PORT\n              value: \"6379\"\n",
            "yaml_body_parsed": "apiVersion: apps/v1\nkind: Deployment\nmetadata:\n  labels:\n    app: microservice-go\n  name: microservice-go\nspec:\n  replicas: 1\n  selector:\n    matchLabels:\n      app: microservice-go\n  template:\n    metadata:\n      labels:\n        app: microservice-go\n    spec:\n      containers:\n      - env:\n        - name: REDIS_HOST\n          value: redis\n        - name: REDIS_PORT\n          value: \"6379\"\n        image: socialmediaapp-microservice-go:latest\n        imagePullPolicy: Never\n        name: microservice-go\n        ports:\n        - containerPort: 8080\n",
            "yaml_incluster": "f509c7ac39fade5df18d5af70ba7aee9486883421f43f683808c73243bf8f7e3"
          },
          "sensitive_attributes": [
            [
              {
                "type": "get_attr",
                "value": "live_manifest_incluster"
              }
            ],
            [
              {
                "type": "get_attr",
                "value": "yaml_body"
              }
            ],
            [
              {
                "type": "get_attr",
                "value": "yaml_incluster"
              }
            ]
          ],
          "identity_schema_version": 0,
          "private": "eyJlMmJmYjczMC1lY2FhLTExZTYtOGY4OC0zNDM2M2JjN2M0YzAiOnsiY3JlYXRlIjo2MDAwMDAwMDAwMDB9LCJzY2hlbWFfdmVyc2lvbiI6IjEifQ==",
          "dependencies": [
            "docker_image.social_django",
            "docker_image.social_frontend",
            "docker_image.social_go",
            "docker_image.social_java",
            "docker_image.social_minio",
            "null_resource.kind_cluster",
            "null_resource.kind_load_images"
          ]
        }
      ]
    },
    {
      "mode": "managed",
      "type": "kubectl_manifest",
      "name": "microservice_go_service",
      "provider": "provider[\"registry.terraform.io/gavinbunney/kubectl\"]",
      "instances": [
        {
          "schema_version": 1,
          "attributes": {
            "api_version": "v1",
            "apply_only": false,
            "force_conflicts": false,
            "force_new": false,
            "id": "/api/v1/namespaces/default/services/microservice-go",
            "ignore_fields": null,
            "kind": "Service",
            "live_manifest_incluster": "06b877eaf07621565c809a97d1d4874649ad143705c0afcbebb011657bd6b962",
            "live_uid": "07f39448-d162-4612-8f1c-66a528789b93",
            "name": "microservice-go",
            "namespace": null,
            "override_namespace": null,
            "sensitive_fields": null,
            "server_side_apply": false,
            "timeouts": null,
            "uid": "07f39448-d162-4612-8f1c-66a528789b93",
            "validate_schema": true,
            "wait": null,
            "wait_for_rollout": true,
            "yaml_body": "apiVersion: v1\nkind: Service\nmetadata:\n  name: microservice-go\nspec:\n  selector:\n    app: microservice-go\n  ports:\n    - protocol: TCP\n      port: 8080\n      targetPort: 8080\n  type: ClusterIP\n",
            "yaml_body_parsed": "apiVersion: v1\nkind: Service\nmetadata:\n  name: microservice-go\nspec:\n  ports:\n  - port: 8080\n    protocol: TCP\n    targetPort: 8080\n  selector:\n    app: microservice-go\n  type: ClusterIP\n",
            "yaml_incluster": "06b877eaf07621565c809a97d1d4874649ad143705c0afcbebb011657bd6b962"
          },
          "sensitive_attributes": [
            [
              {
                "type": "get_attr",
                "value": "live_manifest_incluster"
              }
            ],
            [
              {
                "type": "get_attr",
                "value": "yaml_body"
              }
            ],
            [
              {
                "type": "get_attr",
                "value": "yaml_incluster"
              }
            ]
          ],
          "identity_schema_version": 0,
          "private": "eyJlMmJmYjczMC1lY2FhLTExZTYtOGY4OC0zNDM2M2JjN2M0YzAiOnsiY3JlYXRlIjo2MDAwMDAwMDAwMDB9LCJzY2hlbWFfdmVyc2lvbiI6IjEifQ==",
          "dependencies": [
            "null_resource.kind_cluster"
          ]
        }
      ]
    },
    {
      "mode": "managed",
      "type": "kubectl_manifest",
      "name": "microservice_java_deployment",
      "provider": "provider[\"registry.terraform.io/gavinbunney/kubectl\"]",
      "instances": [
        {
          "schema_version": 1,
          "attributes": {
            "api_version": "apps/v1",
            "apply_only": false,
            "force_conflicts": false,
            "force_new": false,
            "id": "/apis/apps/v1/namespaces/default/deployments/microservice-java",
            "ignore_fields": null,
            "kind": "Deployment",
            "live_manifest_incluster": "a5590dca56b9dc613cc99f397fa552588d76b61117fd376587be27c62b6863b6",
            "live_uid": "77c82cf4-e644-4c2d-a362-9852a88ea7c0",
            "name": "microservice-java",
            "namespace": null,
            "override_namespace": null,
            "sensitive_fields": null,
            "server_side_apply": false,
            "timeouts": null,
            "uid": "77c82cf4-e644-4c2d-a362-9852a88ea7c0",
            "validate_schema": true,
            "wait": null,
            "wait_for_rollout": true,
            "yaml_body": "apiVersion: apps/v1\nkind: Deployment\nmetadata:\n  name: microservice-java\n  labels:\n    app: microservice-java\nspec:\n  replicas: 1\n  selector:\n    matchLabels:\n      app: microservice-java\n  template:\n    metadata:\n      labels:\n        app: microservice-java\n    spec:\n      containers:\n        - name: microservice-java\n          image: socialmediaapp-microservice-java:latest\n          imagePullPolicy: Never\n          ports:\n            - containerPort: 8080\n          env:\n            - name: SPRING_CASSANDRA_CONTACT-POINTS\n              value: cassandra\n            - name: SPRING_CASSANDRA_PORT\n              value: \"9042\"\n            - name: SPRING_CASSANDRA_LOCAL-DATACENTER\n              value: datacenter1\n",
            "yaml_body_parsed": "apiVersion: apps/v1\nkind: Deployment\nmetadata:\n  labels:\n    app: microservice-java\n  name: microservice-java\nspec:\n  replicas: 1\n  selector:\n    matchLabels:\n      app: microservice-java\n  template:\n    metadata:\n      labels:\n        app: microservice-java\n    spec:\n      containers:\n      - env:\n        - name: SPRING_CASSANDRA_CONTACT-POINTS\n          value: cassandra\n        - name: SPRING_CASSANDRA_PORT\n          value: \"9042\"\n        - name: SPRING_CASSANDRA_LOCAL-DATACENTER\n          value: datacenter1\n        image: socialmediaapp-microservice-java:latest\n        imagePullPolicy: Never\n        name: microservice-java\n        ports:\n        - containerPort: 8080\n",
            "yaml_incluster": "a5590dca56b9dc613cc99f397fa552588d76b61117fd376587be27c62b6863b6"
          },
          "sensitive_attributes": [
            [
              {
                "type": "get_attr",
                "value": "live_manifest_incluster"
              }
            ],
            [
              {
                "type": "get_attr",
                "value": "yaml_body"
              }
            ],
            [
              {
                "type": "get_attr",
                "value": "yaml_incluster"
              }
            ]
          ],
          "identity_schema_version": 0,
          "private": "eyJlMmJmYjczMC1lY2FhLTExZTYtOGY4OC0zNDM2M2JjN2M0YzAiOnsiY3JlYXRlIjo2MDAwMDAwMDAwMDB9LCJzY2hlbWFfdmVyc2lvbiI6IjEifQ==",
          "dependencies": [
            "docker_image.social_django",
            "docker_image.social_frontend",
            "docker_image.social_go",
            "docker_image.social_java",
            "docker_image.social_minio",
            "null_resource.kind_cluster",
            "null_resource.kind_load_images"
          ]
        }
      ]
    },
    {
      "mode": "managed",
      "type": "kubectl_manifest",
      "name": "microservice_java_service",
      "provider": "provider[\"registry.terraform.io/gavinbunney/kubectl\"]",
      "instances": [
        {
          "schema_version": 1,
          "attributes": {
            "api_version": "v1",
            "apply_only": false,
            "force_conflicts": false,
            "force_new": false,
            "id": "/api/v1/namespaces/default/services/microservice-java",
            "ignore_fields": null,
            "kind": "Service",
            "live_manifest_incluster": "cced385d2b86669612ed666e592ac0d2b2e0e0b166ecf137678a64661a9a5887",
            "live_uid": "aa08197c-16c0-45ad-b33c-e69e51eede2d",
            "name": "microservice-java",
            "namespace": null,
            "override_namespace": null,
            "sensitive_fields": null,
            "server_side_apply": false,
            "timeouts": null,
            "uid": "aa08197c-16c0-45ad-b33c-e69e51eede2d",
            "validate_schema": true,
            "wait": null,
            "wait_for_rollout": true,
            "yaml_body": "apiVersion: v1\nkind: Service\nmetadata:\n  name: microservice-java\nspec:\n  selector:\n    app: microservice-java\n  ports:\n    - protocol: TCP\n      port: 8080\n      targetPort: 8080\n  type: ClusterIP\n",
            "yaml_body_parsed": "apiVersion: v1\nkind: Service\nmetadata:\n  name: microservice-java\nspec:\n  ports:\n  - port: 8080\n    protocol: TCP\n    targetPort: 8080\n  selector:\n    app: microservice-java\n  type: ClusterIP\n",
            "yaml_incluster": "cced385d2b86669612ed666e592ac0d2b2e0e0b166ecf137678a64661a9a5887"
          },
          "sensitive_attributes": [
            [
              {
                "type": "get_attr",
                "value": "live_manifest_incluster"
              }
            ],
            [
              {
                "type": "get_attr",
                "value": "yaml_body"
              }
            ],
            [
              {
                "type": "get_attr",
                "value": "yaml_incluster"
              }
            ]
          ],
          "identity_schema_version": 0,
          "private": "eyJlMmJmYjczMC1lY2FhLTExZTYtOGY4OC0zNDM2M2JjN2M0YzAiOnsiY3JlYXRlIjo2MDAwMDAwMDAwMDB9LCJzY2hlbWFfdmVyc2lvbiI6IjEifQ==",
          "dependencies": [
            "null_resource.kind_cluster"
          ]
        }
      ]
    },
    {
      "mode": "managed",
      "type": "kubectl_manifest",
      "name": "minio_deployment",
      "provider": "provider[\"registry.terraform.io/gavinbunney/kubectl\"]",
      "instances": [
        {
          "schema_version": 1,
          "attributes": {
            "api_version": "apps/v1",
            "apply_only": false,
            "force_conflicts": false,
            "force_new": false,
            "id": "/apis/apps/v1/namespaces/default/deployments/minio",
            "ignore_fields": null,
            "kind": "Deployment",
            "live_manifest_incluster": "2230102195ef45520bcd40253c40893023ef4b5e92104d3d683c590469dc7432",
            "live_uid": "f53ae6b4-3347-4362-80ca-96d087414c8e",
            "name": "minio",
            "namespace": null,
            "override_namespace": null,
            "sensitive_fields": null,
            "server_side_apply": false,
            "timeouts": null,
            "uid": "f53ae6b4-3347-4362-80ca-96d087414c8e",
            "validate_schema": true,
            "wait": null,
            "wait_for_rollout": true,
            "yaml_body": "apiVersion: apps/v1\nkind: Deployment\nmetadata:\n  name: minio\n  labels:\n    app: minio\nspec:\n  replicas: 1\n  selector:\n    matchLabels:\n      app: minio\n  template:\n    metadata:\n      labels:\n        app: minio\n    spec:\n      containers:\n        - name: minio\n          image: socialmediaapp-minio:latest\n          imagePullPolicy: Never\n          args:\n            - server\n            - /data\n            - --console-address\n            - \":9004\"\n          ports:\n            - containerPort: 9000\n            - containerPort: 9004\n          env:\n            - name: MINIO_ROOT_USER\n              value: minio\n            - name: MINIO_ROOT_PASSWORD\n              value: minio123\n          volumeMounts:\n            - name: minio-data\n              mountPath: /data\n      volumes:\n        - name: minio-data\n          emptyDir: {}\n",
            "yaml_body_parsed": "apiVersion: apps/v1\nkind: Deployment\nmetadata:\n  labels:\n    app: minio\n  name: minio\nspec:\n  replicas: 1\n  selector:\n    matchLabels:\n      app: minio\n  template:\n    metadata:\n      labels:\n        app: minio\n    spec:\n      containers:\n      - args:\n        - server\n        - /data\n        - --console-address\n        - :9004\n        env:\n        - name: MINIO_ROOT_USER\n          value: minio\n        - name: MINIO_ROOT_PASSWORD\n          value: minio123\n        image: socialmediaapp-minio:latest\n        imagePullPolicy: Never\n        name: minio\n        ports:\n        - containerPort: 9000\n        - containerPort: 9004\n        volumeMounts:\n        - mountPath: /data\n          name: minio-data\n      volumes:\n      - emptyDir: {}\n        name: minio-data\n",
            "yaml_incluster": "2230102195ef45520bcd40253c40893023ef4b5e92104d3d683c590469dc7432"
          },
          "sensitive_attributes": [
            [
              {
                "type": "get_attr",
                "value": "live_manifest_incluster"
              }
            ],
            [
              {
                "type": "get_attr",
                "value": "yaml_body"
              }
            ],
            [
              {
                "type": "get_attr",
                "value": "yaml_incluster"
              }
            ]
          ],
          "identity_schema_version": 0,
          "private": "eyJlMmJmYjczMC1lY2FhLTExZTYtOGY4OC0zNDM2M2JjN2M0YzAiOnsiY3JlYXRlIjo2MDAwMDAwMDAwMDB9LCJzY2hlbWFfdmVyc2lvbiI6IjEifQ==",
          "dependencies": [
            "docker_image.social_django",
            "docker_image.social_frontend",
            "docker_image.social_go",
            "docker_image.social_java",
            "docker_image.social_minio",
            "null_resource.kind_cluster",
            "null_resource.kind_load_images"
          ]
        }
      ]
    },
    {
      "mode": "managed",
      "type": "kubectl_manifest",
      "name": "minio_service",
      "provider": "provider[\"registry.terraform.io/gavinbunney/kubectl\"]",
      "instances": [
        {
          "schema_version": 1,
          "attributes": {
            "api_version": "v1",
            "apply_only": false,
            "force_conflicts": false,
            "force_new": false,
            "id": "/api/v1/namespaces/default/services/minio",
            "ignore_fields": null,
            "kind": "Service",
            "live_manifest_incluster": "068e2be9337ea91b0900bf5ee442e543fd869b2841990bb71ab9e733a1b42e96",
            "live_uid": "cd2146c9-196e-48c1-b243-f713878183af",
            "name": "minio",
            "namespace": null,
            "override_namespace": null,
            "sensitive_fields": null,
            "server_side_apply": false,
            "timeouts": null,
            "uid": "cd2146c9-196e-48c1-b243-f713878183af",
            "validate_schema": true,
            "wait": null,
            "wait_for_rollout": true,
            "yaml_body": "apiVersion: v1\nkind: Service\nmetadata:\n  name: minio\nspec:\n  selector:\n    app: minio\n  ports:\n    - name: api\n      protocol: TCP\n      port: 9000\n      targetPort: 9000\n    - name: console\n      protocol: TCP\n      port: 9004\n      targetPort: 9004\n  type: ClusterIP\n",
            "yaml_body_parsed": "apiVersion: v1\nkind: Service\nmetadata:\n  name: minio\nspec:\n  ports:\n  - name: api\n    port: 9000\n    protocol: TCP\n    targetPort: 9000\n  - name: console\n    port: 9004\n    protocol: TCP\n    targetPort: 9004\n  selector:\n    app: minio\n  type: ClusterIP\n",
            "yaml_incluster": "068e2be9337ea91b0900bf5ee442e543fd869b2841990bb71ab9e733a1b42e96"
          },
          "sensitive_attributes": [
            [
              {
                "type": "get_attr",
                "value": "live_manifest_incluster"
              }
            ],
            [
              {
                "type": "get_attr",
                "value": "yaml_body"
              }
            ],
            [
              {
                "type": "get_attr",
                "value": "yaml_incluster"
              }
            ]
          ],
          "identity_schema_version": 0,
          "private": "eyJlMmJmYjczMC1lY2FhLTExZTYtOGY4OC0zNDM2M2JjN2M0YzAiOnsiY3JlYXRlIjo2MDAwMDAwMDAwMDB9LCJzY2hlbWFfdmVyc2lvbiI6IjEifQ==",
          "dependencies": [
            "null_resource.kind_cluster"
          ]
        }
      ]
    },
    {
      "mode": "managed",
      "type": "kubectl_manifest",
      "name": "postgres_secret",
      "provider": "provider[\"registry.terraform.io/gavinbunney/kubectl\"]",
      "instances": [
        {
          "schema_version": 1,
          "attributes": {
            "api_version": "v1",
            "apply_only": false,
            "force_conflicts": false,
            "force_new": false,
            "id": "/api/v1/namespaces/default/secrets/postgres-secret",
            "ignore_fields": null,
            "kind": "Secret",
            "live_manifest_incluster": "c59a90934059896e2b1f8a7d6426f875f749635d4862b842f0deffa0ddaf58c1",
            "live_uid": "ab546c5d-19ed-409f-8a82-2d22cf39dd64",
            "name": "postgres-secret",
            "namespace": null,
            "override_namespace": null,
            "sensitive_fields": null,
            "server_side_apply": false,
            "timeouts": null,
            "uid": "ab546c5d-19ed-409f-8a82-2d22cf39dd64",
            "validate_schema": true,
            "wait": null,
            "wait_for_rollout": true,
            "yaml_body": "apiVersion: v1\nkind: Secret\nmetadata:\n  name: postgres-secret\ntype: Opaque\ndata:\n  POSTGRES_PASSWORD: cGFzc3dvcmQ=\n",
            "yaml_body_parsed": "apiVersion: v1\ndata: (sensitive value)\nkind: Secret\nmetadata:\n  name: postgres-secret\ntype: Opaque\n",
            "yaml_incluster": "c59a90934059896e2b1f8a7d6426f875f749635d4862b842f0deffa0ddaf58c1"
          },
          "sensitive_attributes": [
            [
              {
                "type": "get_attr",
                "value": "live_manifest_incluster"
              }
            ],
            [
              {
                "type": "get_attr",
                "value": "yaml_body"
              }
            ],
            [
              {
                "type": "get_attr",
                "value": "yaml_incluster"
              }
            ]
          ],
          "identity_schema_version": 0,
          "private": "eyJlMmJmYjczMC1lY2FhLTExZTYtOGY4OC0zNDM2M2JjN2M0YzAiOnsiY3JlYXRlIjo2MDAwMDAwMDAwMDB9LCJzY2hlbWFfdmVyc2lvbiI6IjEifQ==",
          "dependencies": [
            "null_resource.kind_cluster"
          ]
        }
      ]
    },
    {
      "mode": "managed",
      "type": "kubectl_manifest",
      "name": "postgres_service",
      "provider": "provider[\"registry.terraform.io/gavinbunney/kubectl\"]",
      "instances": [
        {
          "schema_version": 1,
          "attributes": {
            "api_version": "v1",
            "apply_only": false,
            "force_conflicts": false,
            "force_new": false,
            "id": "/api/v1/namespaces/default/services/postgres",
            "ignore_fields": null,
            "kind": "Service",
            "live_manifest_incluster": "a77e65ccda449b0577796d5b216c98a05dd444af3a28f40d8c8882685119bf0e",
            "live_uid": "4aadbe3e-0c20-413e-9864-76bd178ad35f",
            "name": "postgres",
            "namespace": null,
            "override_namespace": null,
            "sensitive_fields": null,
            "server_side_apply": false,
            "timeouts": null,
            "uid": "4aadbe3e-0c20-413e-9864-76bd178ad35f",
            "validate_schema": true,
            "wait": null,
            "wait_for_rollout": true,
            "yaml_body": "apiVersion: v1\nkind: Service\nmetadata:\n  name: postgres\nspec:\n  ports:\n    - port: 5432\n      targetPort: 5432\n  selector:\n    app: postgres\n",
            "yaml_body_parsed": "apiVersion: v1\nkind: Service\nmetadata:\n  name: postgres\nspec:\n  ports:\n  - port: 5432\n    targetPort: 5432\n  selector:\n    app: postgres\n",
            "yaml_incluster": "a77e65ccda449b0577796d5b216c98a05dd444af3a28f40d8c8882685119bf0e"
          },
          "sensitive_attributes": [
            [
              {
                "type": "get_attr",
                "value": "live_manifest_incluster"
              }
            ],
            [
              {
                "type": "get_attr",
                "value": "yaml_body"
              }
            ],
            [
              {
                "type": "get_attr",
                "value": "yaml_incluster"
              }
            ]
          ],
          "identity_schema_version": 0,
          "private": "eyJlMmJmYjczMC1lY2FhLTExZTYtOGY4OC0zNDM2M2JjN2M0YzAiOnsiY3JlYXRlIjo2MDAwMDAwMDAwMDB9LCJzY2hlbWFfdmVyc2lvbiI6IjEifQ==",
          "dependencies": [
            "null_resource.kind_cluster"
          ]
        }
      ]
    },
    {
      "mode": "managed",
      "type": "kubectl_manifest",
      "name": "postgres_statefulset",
      "provider": "provider[\"registry.terraform.io/gavinbunney/kubectl\"]",
      "instances": [
        {
          "schema_version": 1,
          "attributes": {
            "api_version": "apps/v1",
            "apply_only": false,
            "force_conflicts": false,
            "force_new": false,
            "id": "/apis/apps/v1/namespaces/default/statefulsets/postgres",
            "ignore_fields": null,
            "kind": "StatefulSet",
            "live_manifest_incluster": "ba5075573e1cdf626d33f5c25c44bfe2bdeaf777938608a0d270dd904343d351",
            "live_uid": "ccc1acee-96d8-4d9e-8d0a-eabc6379f119",
            "name": "postgres",
            "namespace": null,
            "override_namespace": null,
            "sensitive_fields": null,
            "server_side_apply": false,
            "timeouts": null,
            "uid": "ccc1acee-96d8-4d9e-8d0a-eabc6379f119",
            "validate_schema": true,
            "wait": null,
            "wait_for_rollout": true,
            "yaml_body": "apiVersion: apps/v1\nkind: StatefulSet\nmetadata:\n  name: postgres\nspec:\n  serviceName: postgres\n  replicas: 1\n  selector:\n    matchLabels:\n      app: postgres\n  template:\n    metadata:\n      labels:\n        app: postgres\n    spec:\n      containers:\n        - name: postgres\n          image: postgres:15\n          ports:\n            - containerPort: 5432\n          env:\n            - name: POSTGRES_DB\n              value: socialdb\n            - name: POSTGRES_USER\n              value: admin\n            - name: POSTGRES_PASSWORD\n              valueFrom:\n                secretKeyRef:\n                  name: postgres-secret\n                  key: POSTGRES_PASSWORD\n          volumeMounts:\n            - name: postgres-storage\n              mountPath: /var/lib/postgresql/data\n  volumeClaimTemplates:\n    - metadata:\n        name: postgres-storage\n      spec:\n        accessModes:\n          - ReadWriteOnce\n        resources:\n          requests:\n            storage: 1Gi\n",
            "yaml_body_parsed": "apiVersion: apps/v1\nkind: StatefulSet\nmetadata:\n  name: postgres\nspec:\n  replicas: 1\n  selector:\n    matchLabels:\n      app: postgres\n  serviceName: postgres\n  template:\n    metadata:\n      labels:\n        app: postgres\n    spec:\n      containers:\n      - env:\n        - name: POSTGRES_DB\n          value: socialdb\n        - name: POSTGRES_USER\n          value: admin\n        - name: POSTGRES_PASSWORD\n          valueFrom:\n            secretKeyRef:\n              key: POSTGRES_PASSWORD\n              name: postgres-secret\n        image: postgres:15\n        name: postgres\n        ports:\n        - containerPort: 5432\n        volumeMounts:\n        - mountPath: /var/lib/postgresql/data\n          name: postgres-storage\n  volumeClaimTemplates:\n  - metadata:\n      name: postgres-storage\n    spec:\n      accessModes:\n      - ReadWriteOnce\n      resources:\n        requests:\n          storage: 1Gi\n",
            "yaml_incluster": "ba5075573e1cdf626d33f5c25c44bfe2bdeaf777938608a0d270dd904343d351"
          },
          "sensitive_attributes": [
            [
              {
                "type": "get_attr",
                "value": "live_manifest_incluster"
              }
            ],
            [
              {
                "type": "get_attr",
                "value": "yaml_body"
              }
            ],
            [
              {
                "type": "get_attr",
                "value": "yaml_incluster"
              }
            ]
          ],
          "identity_schema_version": 0,
          "private": "eyJlMmJmYjczMC1lY2FhLTExZTYtOGY4OC0zNDM2M2JjN2M0YzAiOnsiY3JlYXRlIjo2MDAwMDAwMDAwMDB9LCJzY2hlbWFfdmVyc2lvbiI6IjEifQ==",
          "dependencies": [
            "kubectl_manifest.postgres_secret",
            "kubectl_manifest.postgres_service",
            "null_resource.kind_cluster"
          ]
        }
      ]
    },
    {
      "mode": "managed",
      "type": "null_resource",
      "name": "gateway_kind_network",
      "provider": "provider[\"registry.terraform.io/hashicorp/null\"]",
      "instances": [
        {
          "schema_version": 0,
          "attributes": {
            "id": "2801890086287327835",
            "triggers": {
              "cluster_id": "765605222161159529"
            }
          },
          "sensitive_attributes": [],
          "identity_schema_version": 0,
          "dependencies": [
            "docker_network.gateway_net",
            "docker_volume.bank_dist",
            "docker_volume.notes_dist",
            "docker_volume.quiz_dist",
            "docker_volume.video_dist",
            "module.gateway.docker_container.app",
            "null_resource.kind_cluster"
          ]
        }
      ]
    },
    {
      "mode": "managed",
      "type": "null_resource",
      "name": "kind_cluster",
      "provider": "provider[\"registry.terraform.io/hashicorp/null\"]",
      "instances": [
        {
          "schema_version": 0,
          "attributes": {
            "id": "765605222161159529",
            "triggers": {
              "kind_config": "fd35da166c692a160de5b7650b87d01882260eef47a2f902381f5e09f32dad25"
            }
          },
          "sensitive_attributes": [],
          "identity_schema_version": 0
        }
      ]
    },
    {
      "mode": "managed",
      "type": "null_resource",
      "name": "kind_load_images",
      "provider": "provider[\"registry.terraform.io/hashicorp/null\"]",
      "instances": [
        {
          "schema_version": 0,
          "attributes": {
            "id": "8198609138291648428",
            "triggers": {
              "django_id": "sha256:309dcd16dce11f6818945dc32f1af113d2e25f1f14ef5b6cefe7280a6ff7d2f2",
              "frontend_id": "sha256:b57b6a1c77b803f5e442eb891b978e4bc158108ed9c16d2a76d278b76285affc",
              "go_id": "sha256:baf3f9f9be41a07d34aaa384302f1f8f3677382d40b589add1aa5880995f0cb8",
              "java_id": "sha256:b970c0f7ae28842c32ace41be77a28c77ad88453d5b2d53324ac1bbbd11f047a",
              "minio_id": "sha256:2be5afe71692ce899803290e04324aab7a7b183d398cf46fdf50d07462f4a948"
            }
          },
          "sensitive_attributes": [],
          "identity_schema_version": 0,
          "dependencies": [
            "docker_image.social_django",
            "docker_image.social_frontend",
            "docker_image.social_go",
            "docker_image.social_java",
            "docker_image.social_minio",
            "null_resource.kind_cluster"
          ]
        }
      ]
    },
    {
      "module": "module.bank_backend",
      "mode": "managed",
      "type": "docker_container",
      "name": "app",
      "provider": "provider[\"registry.terraform.io/kreuzwerker/docker\"]",
      "instances": [
        {
          "schema_version": 2,
          "attributes": {
            "attach": false,
            "bridge": "",
            "capabilities": [],
            "cgroup_parent": null,
            "cgroupns_mode": null,
            "command": [],
            "container_logs": null,
            "container_read_refresh_timeout_milliseconds": 15000,
            "cpu_period": null,
            "cpu_quota": null,
            "cpu_set": "",
            "cpu_shares": 0,
            "cpus": null,
            "destroy_grace_seconds": null,
            "devices": [],
            "dns": [],
            "dns_opts": [],
            "dns_search": [],
            "domainname": "",
            "entrypoint": [
              "java",
              "-jar",
              "app.jar"
            ],
            "env": [
              "SPRING_DATASOURCE_PASSWORD=bankmanagement@2008",
              "SPRING_DATASOURCE_URL=jdbc:postgresql://bank-postgres:5432/bank",
              "SPRING_DATASOURCE_USERNAME=bankmanagement"
            ],
            "exit_code": null,
            "gpus": null,
            "group_add": [],
            "healthcheck": [],
            "host": [],
            "hostname": "b63d64c8a9cb",
            "id": "b63d64c8a9cb5c80eab1cb4bf44c7ef2622034b0cdad3d58689b636cd59713bf",
            "image": "bankmanager-backend:latest",
            "init": false,
            "ipc_mode": "private",
            "labels": [],
            "log_driver": "json-file",
            "log_opts": {},
            "logs": false,
            "max_retry_count": 0,
            "memory": 0,
            "memory_reservation": 0,
            "memory_swap": 0,
            "mounts": [],
            "must_run": true,
            "name": "bank-backend",
            "network_data": [
              {
                "gateway": "172.19.0.1",
                "global_ipv6_address": "",
                "global_ipv6_prefix_length": 0,
                "ip_address": "172.19.0.6",
                "ip_prefix_length": 16,
                "ipv6_gateway": "",
                "mac_address": "8a:62:04:21:a5:f3",
                "network_name": "gateway-net"
              }
            ],
            "network_mode": "bridge",
            "networks_advanced": [
              {
                "aliases": [],
                "ipv4_address": "",
                "ipv6_address": "",
                "mac_address": "",
                "name": "gateway-net"
              }
            ],
            "pid_mode": "",
            "ports": [],
            "privileged": false,
            "publish_all_ports": false,
            "read_only": false,
            "remove_volumes": true,
            "restart": "always",
            "rm": false,
            "runtime": "runc",
            "security_opts": [],
            "shm_size": 64,
            "start": true,
            "stdin_open": false,
            "stop_signal": "",
            "stop_timeout": 1,
            "storage_opts": {},
            "sysctls": {},
            "tmpfs": {},
            "tty": false,
            "ulimit": [],
            "upload": [],
            "user": "",
            "userns_mode": "",
            "volumes": [],
            "wait": false,
            "wait_timeout": 60,
            "working_dir": "/app"
          },
          "sensitive_attributes": [],
          "identity_schema_version": 0,
          "private": "eyJzY2hlbWFfdmVyc2lvbiI6IjIifQ==",
          "dependencies": [
            "docker_image.bank_backend",
            "docker_network.gateway_net"
          ]
        }
      ]
    },
    {
      "module": "module.blog_website",
      "mode": "managed",
      "type": "docker_container",
      "name": "app",
      "provider": "provider[\"registry.terraform.io/kreuzwerker/docker\"]",
      "instances": [
        {
          "schema_version": 2,
          "attributes": {
            "attach": false,
            "bridge": "",
            "capabilities": [],
            "cgroup_parent": null,
            "cgroupns_mode": null,
            "command": [
              "gunicorn",
              "blogsite.wsgi:application",
              "--bind",
              "0.0.0.0:8000"
            ],
            "container_logs": null,
            "container_read_refresh_timeout_milliseconds": 15000,
            "cpu_period": null,
            "cpu_quota": null,
            "cpu_set": "",
            "cpu_shares": 0,
            "cpus": null,
            "destroy_grace_seconds": null,
            "devices": [],
            "dns": [],
            "dns_opts": [],
            "dns_search": [],
            "domainname": "",
            "entrypoint": [],
            "env": [],
            "exit_code": null,
            "gpus": null,
            "group_add": [],
            "healthcheck": [],
            "host": [],
            "hostname": "df9ea2b5d17a",
            "id": "df9ea2b5d17acba32367efbb7ac4c2c5e0cd79cb8a40ddba593785942dcddbfe",
            "image": "blogsite:latest",
            "init": false,
            "ipc_mode": "private",
            "labels": [],
            "log_driver": "json-file",
            "log_opts": {},
            "logs": false,
            "max_retry_count": 0,
            "memory": 0,
            "memory_reservation": 0,
            "memory_swap": 0,
            "mounts": [],
            "must_run": true,
            "name": "blog-website",
            "network_data": [
              {
                "gateway": "172.19.0.1",
                "global_ipv6_address": "",
                "global_ipv6_prefix_length": 0,
                "ip_address": "172.19.0.5",
                "ip_prefix_length": 16,
                "ipv6_gateway": "",
                "mac_address": "32:c3:9f:fe:04:94",
                "network_name": "gateway-net"
              }
            ],
            "network_mode": "bridge",
            "networks_advanced": [
              {
                "aliases": [],
                "ipv4_address": "",
                "ipv6_address": "",
                "mac_address": "",
                "name": "gateway-net"
              }
            ],
            "pid_mode": "",
            "ports": [],
            "privileged": false,
            "publish_all_ports": false,
            "read_only": false,
            "remove_volumes": true,
            "restart": "always",
            "rm": false,
            "runtime": "runc",
            "security_opts": [],
            "shm_size": 64,
            "start": true,
            "stdin_open": false,
            "stop_signal": "",
            "stop_timeout": 1,
            "storage_opts": {},
            "sysctls": {},
            "tmpfs": {},
            "tty": false,
            "ulimit": [],
            "upload": [],
            "user": "",
            "userns_mode": "",
            "volumes": [],
            "wait": false,
            "wait_timeout": 60,
            "working_dir": "/app/blogsite"
          },
          "sensitive_attributes": [],
          "identity_schema_version": 0,
          "private": "eyJzY2hlbWFfdmVyc2lvbiI6IjIifQ==",
          "dependencies": [
            "docker_image.blog_website",
            "docker_network.gateway_net"
          ]
        }
      ]
    },
    {
      "module": "module.gateway",
      "mode": "managed",
      "type": "docker_container",
      "name": "app",
      "provider": "provider[\"registry.terraform.io/kreuzwerker/docker\"]",
      "instances": [
        {
          "schema_version": 2,
          "attributes": {
            "attach": false,
            "bridge": "",
            "capabilities": [],
            "cgroup_parent": null,
            "cgroupns_mode": null,
            "command": [
              "nginx",
              "-g",
              "daemon off;"
            ],
            "container_logs": null,
            "container_read_refresh_timeout_milliseconds": 15000,
            "cpu_period": null,
            "cpu_quota": null,
            "cpu_set": "",
            "cpu_shares": 0,
            "cpus": null,
            "destroy_grace_seconds": null,
            "devices": [],
            "dns": [],
            "dns_opts": [],
            "dns_search": [],
            "domainname": "",
            "entrypoint": [
              "/docker-entrypoint.sh"
            ],
            "env": [],
            "exit_code": null,
            "gpus": null,
            "group_add": [],
            "healthcheck": [],
            "host": [],
            "hostname": "64925682a1b1",
            "id": "64925682a1b1783f00a9040a231a5dae8955d6756c19e55ccb5f851fa52244f0",
            "image": "nginx:alpine",
            "init": false,
            "ipc_mode": "private",
            "labels": [],
            "log_driver": "json-file",
            "log_opts": {},
            "logs": false,
            "max_retry_count": 0,
            "memory": 0,
            "memory_reservation": 0,
            "memory_swap": 0,
            "mounts": [
              {
                "bind_options": [],
                "read_only": true,
                "source": "/home/saisakthi/Coding-Project/Projects/Finished Projects/Docker/Terraform/environments/dev/nginx/default.conf",
                "target": "/etc/nginx/conf.d/default.conf",
                "tmpfs_options": [],
                "type": "bind",
                "volume_options": []
              },
              {
                "bind_options": [],
                "read_only": true,
                "source": "gateway_bank-dist",
                "target": "/apps/bank",
                "tmpfs_options": [],
                "type": "volume",
                "volume_options": []
              },
              {
                "bind_options": [],
                "read_only": true,
                "source": "gateway_notes-dist",
                "target": "/apps/notes",
                "tmpfs_options": [],
                "type": "volume",
                "volume_options": []
              },
              {
                "bind_options": [],
                "read_only": true,
                "source": "gateway_quiz-dist",
                "target": "/apps/quiz",
                "tmpfs_options": [],
                "type": "volume",
                "volume_options": []
              },
              {
                "bind_options": [],
                "read_only": true,
                "source": "gateway_video-dist",
                "target": "/apps/video",
                "tmpfs_options": [],
                "type": "volume",
                "volume_options": []
              }
            ],
            "must_run": true,
            "name": "gateway",
            "network_data": [
              {
                "gateway": "172.19.0.1",
                "global_ipv6_address": "",
                "global_ipv6_prefix_length": 0,
                "ip_address": "172.19.0.9",
                "ip_prefix_length": 16,
                "ipv6_gateway": "",
                "mac_address": "fa:2c:6b:5c:e9:9c",
                "network_name": "gateway-net"
              },
              {
                "gateway": "172.18.0.1",
                "global_ipv6_address": "fc00:f853:ccd:e793::4",
                "global_ipv6_prefix_length": 64,
                "ip_address": "172.18.0.4",
                "ip_prefix_length": 16,
                "ipv6_gateway": "fc00:f853:ccd:e793::1",
                "mac_address": "56:52:b9:47:41:2a",
                "network_name": "kind"
              }
            ],
            "network_mode": "bridge",
            "networks_advanced": [
              {
                "aliases": [],
                "ipv4_address": "",
                "ipv6_address": "",
                "mac_address": "",
                "name": "gateway-net"
              }
            ],
            "pid_mode": "",
            "ports": [
              {
                "external": 80,
                "internal": 80,
                "ip": "0.0.0.0",
                "protocol": "tcp"
              }
            ],
            "privileged": false,
            "publish_all_ports": false,
            "read_only": false,
            "remove_volumes": true,
            "restart": "always",
            "rm": false,
            "runtime": "runc",
            "security_opts": [],
            "shm_size": 64,
            "start": true,
            "stdin_open": false,
            "stop_signal": "SIGQUIT",
            "stop_timeout": 1,
            "storage_opts": {},
            "sysctls": {},
            "tmpfs": {},
            "tty": false,
            "ulimit": [],
            "upload": [],
            "user": "",
            "userns_mode": "",
            "volumes": [],
            "wait": false,
            "wait_timeout": 60,
            "working_dir": "/"
          },
          "sensitive_attributes": [],
          "identity_schema_version": 0,
          "private": "eyJzY2hlbWFfdmVyc2lvbiI6IjIifQ==",
          "dependencies": [
            "docker_network.gateway_net",
            "docker_volume.bank_dist",
            "docker_volume.notes_dist",
            "docker_volume.quiz_dist",
            "docker_volume.video_dist"
          ]
        }
      ]
    },
    {
      "module": "module.hospital_management",
      "mode": "managed",
      "type": "docker_container",
      "name": "app",
      "provider": "provider[\"registry.terraform.io/kreuzwerker/docker\"]",
      "instances": [
        {
          "schema_version": 2,
          "attributes": {
            "attach": false,
            "bridge": "",
            "capabilities": [],
            "cgroup_parent": null,
            "cgroupns_mode": null,
            "command": [
              "gunicorn",
              "hospital_management.wsgi:application",
              "--bind",
              "0.0.0.0:8000"
            ],
            "container_logs": null,
            "container_read_refresh_timeout_milliseconds": 15000,
            "cpu_period": null,
            "cpu_quota": null,
            "cpu_set": "",
            "cpu_shares": 0,
            "cpus": null,
            "destroy_grace_seconds": null,
            "devices": [],
            "dns": [],
            "dns_opts": [],
            "dns_search": [],
            "domainname": "",
            "entrypoint": [],
            "env": [],
            "exit_code": null,
            "gpus": null,
            "group_add": [],
            "healthcheck": [],
            "host": [],
            "hostname": "610bcf870d23",
            "id": "610bcf870d23a4e354684cfd618bd390f6bfe2100cd2d07cd3d77511db99439b",
            "image": "hospital_management:latest",
            "init": false,
            "ipc_mode": "private",
            "labels": [],
            "log_driver": "json-file",
            "log_opts": {},
            "logs": false,
            "max_retry_count": 0,
            "memory": 0,
            "memory_reservation": 0,
            "memory_swap": 0,
            "mounts": [],
            "must_run": true,
            "name": "hospital-management",
            "network_data": [
              {
                "gateway": "172.19.0.1",
                "global_ipv6_address": "",
                "global_ipv6_prefix_length": 0,
                "ip_address": "172.19.0.2",
                "ip_prefix_length": 16,
                "ipv6_gateway": "",
                "mac_address": "46:79:bf:fe:4e:c1",
                "network_name": "gateway-net"
              }
            ],
            "network_mode": "bridge",
            "networks_advanced": [
              {
                "aliases": [],
                "ipv4_address": "",
                "ipv6_address": "",
                "mac_address": "",
                "name": "gateway-net"
              }
            ],
            "pid_mode": "",
            "ports": [],
            "privileged": false,
            "publish_all_ports": false,
            "read_only": false,
            "remove_volumes": true,
            "restart": "always",
            "rm": false,
            "runtime": "runc",
            "security_opts": [],
            "shm_size": 64,
            "start": true,
            "stdin_open": false,
            "stop_signal": "",
            "stop_timeout": 1,
            "storage_opts": {},
            "sysctls": {},
            "tmpfs": {},
            "tty": false,
            "ulimit": [],
            "upload": [],
            "user": "",
            "userns_mode": "",
            "volumes": [],
            "wait": false,
            "wait_timeout": 60,
            "working_dir": "/app"
          },
          "sensitive_attributes": [],
          "identity_schema_version": 0,
          "private": "eyJzY2hlbWFfdmVyc2lvbiI6IjIifQ==",
          "dependencies": [
            "docker_image.hospital_management",
            "docker_network.gateway_net"
          ]
        }
      ]
    },
    {
      "module": "module.notes_backend",
      "mode": "managed",
      "type": "docker_container",
      "name": "app",
      "provider": "provider[\"registry.terraform.io/kreuzwerker/docker\"]",
      "instances": [
        {
          "schema_version": 2,
          "attributes": {
            "attach": false,
            "bridge": "",
            "capabilities": [],
            "cgroup_parent": null,
            "cgroupns_mode": null,
            "command": [
              "sh",
              "-c",
              "python manage.py migrate \u0026\u0026 gunicorn notes_app.wsgi:application --bind 0.0.0.0:8000"
            ],
            "container_logs": null,
            "container_read_refresh_timeout_milliseconds": 15000,
            "cpu_period": null,
            "cpu_quota": null,
            "cpu_set": "",
            "cpu_shares": 0,
            "cpus": null,
            "destroy_grace_seconds": null,
            "devices": [],
            "dns": [],
            "dns_opts": [],
            "dns_search": [],
            "domainname": "",
            "entrypoint": [],
            "env": [
              "DATABASE_HOST=notes-postgres",
              "DATABASE_NAME=notes_app",
              "DATABASE_PASSWORD=sai2008",
              "DATABASE_USER=saisakthi"
            ],
            "exit_code": null,
            "gpus": null,
            "group_add": [],
            "healthcheck": [],
            "host": [],
            "hostname": "a5241186d13e",
            "id": "a5241186d13e6d4145c404e9ce49e934ed1ebc0d6486ee4fe85c1485b06ea646",
            "image": "notesapp-backend:latest",
            "init": false,
            "ipc_mode": "private",
            "labels": [],
            "log_driver": "json-file",
            "log_opts": {},
            "logs": false,
            "max_retry_count": 0,
            "memory": 0,
            "memory_reservation": 0,
            "memory_swap": 0,
            "mounts": [],
            "must_run": true,
            "name": "notes-backend",
            "network_data": [
              {
                "gateway": "172.19.0.1",
                "global_ipv6_address": "",
                "global_ipv6_prefix_length": 0,
                "ip_address": "172.19.0.3",
                "ip_prefix_length": 16,
                "ipv6_gateway": "",
                "mac_address": "56:b5:20:15:dd:74",
                "network_name": "gateway-net"
              }
            ],
            "network_mode": "bridge",
            "networks_advanced": [
              {
                "aliases": [],
                "ipv4_address": "",
                "ipv6_address": "",
                "mac_address": "",
                "name": "gateway-net"
              }
            ],
            "pid_mode": "",
            "ports": [],
            "privileged": false,
            "publish_all_ports": false,
            "read_only": false,
            "remove_volumes": true,
            "restart": "always",
            "rm": false,
            "runtime": "runc",
            "security_opts": [],
            "shm_size": 64,
            "start": true,
            "stdin_open": false,
            "stop_signal": "",
            "stop_timeout": 1,
            "storage_opts": {},
            "sysctls": {},
            "tmpfs": {},
            "tty": false,
            "ulimit": [],
            "upload": [],
            "user": "",
            "userns_mode": "",
            "volumes": [],
            "wait": false,
            "wait_timeout": 60,
            "working_dir": "/app/notes_app"
          },
          "sensitive_attributes": [],
          "identity_schema_version": 0,
          "private": "eyJzY2hlbWFfdmVyc2lvbiI6IjIifQ==",
          "dependencies": [
            "docker_image.notes_backend",
            "docker_network.gateway_net"
          ]
        }
      ]
    },
    {
      "module": "module.video_backend",
      "mode": "managed",
      "type": "docker_container",
      "name": "app",
      "provider": "provider[\"registry.terraform.io/kreuzwerker/docker\"]",
      "instances": [
        {
          "schema_version": 2,
          "attributes": {
            "attach": false,
            "bridge": "",
            "capabilities": [],
            "cgroup_parent": null,
            "cgroupns_mode": null,
            "command": [
              "java",
              "-jar",
              "app.jar"
            ],
            "container_logs": null,
            "container_read_refresh_timeout_milliseconds": 15000,
            "cpu_period": null,
            "cpu_quota": null,
            "cpu_set": "",
            "cpu_shares": 0,
            "cpus": null,
            "destroy_grace_seconds": null,
            "devices": [],
            "dns": [],
            "dns_opts": [],
            "dns_search": [],
            "domainname": "",
            "entrypoint": [
              "/__cacert_entrypoint.sh"
            ],
            "env": [
              "UPLOADS_DIR=/app/Uploads"
            ],
            "exit_code": null,
            "gpus": null,
            "group_add": [],
            "healthcheck": [],
            "host": [],
            "hostname": "008ef4b2b27a",
            "id": "008ef4b2b27ab4750dd21cae8e20f2fd0994d2b4ce58bb99a0329e8a15c084ed",
            "image": "video-uploader-backend:latest",
            "init": false,
            "ipc_mode": "private",
            "labels": [],
            "log_driver": "json-file",
            "log_opts": {},
            "logs": false,
            "max_retry_count": 0,
            "memory": 0,
            "memory_reservation": 0,
            "memory_swap": 0,
            "mounts": [],
            "must_run": true,
            "name": "video-uploader-backend",
            "network_data": [
              {
                "gateway": "172.19.0.1",
                "global_ipv6_address": "",
                "global_ipv6_prefix_length": 0,
                "ip_address": "172.19.0.7",
                "ip_prefix_length": 16,
                "ipv6_gateway": "",
                "mac_address": "0e:9c:37:68:81:74",
                "network_name": "gateway-net"
              }
            ],
            "network_mode": "bridge",
            "networks_advanced": [
              {
                "aliases": [],
                "ipv4_address": "",
                "ipv6_address": "",
                "mac_address": "",
                "name": "gateway-net"
              }
            ],
            "pid_mode": "",
            "ports": [],
            "privileged": false,
            "publish_all_ports": false,
            "read_only": false,
            "remove_volumes": true,
            "restart": "always",
            "rm": false,
            "runtime": "runc",
            "security_opts": [],
            "shm_size": 64,
            "start": true,
            "stdin_open": false,
            "stop_signal": "",
            "stop_timeout": 1,
            "storage_opts": {},
            "sysctls": {},
            "tmpfs": {},
            "tty": false,
            "ulimit": [],
            "upload": [],
            "user": "",
            "userns_mode": "",
            "volumes": [],
            "wait": false,
            "wait_timeout": 60,
            "working_dir": "/app"
          },
          "sensitive_attributes": [],
          "identity_schema_version": 0,
          "private": "eyJzY2hlbWFfdmVyc2lvbiI6IjIifQ==",
          "dependencies": [
            "docker_image.video_backend",
            "docker_network.gateway_net"
          ]
        }
      ]
    }
  ],
  "check_results": null
}
