{
  "version": 4,
  "terraform_version": "1.14.6",
  "serial": 750,
  "lineage": "d6808725-3cfc-aef7-1b8c-4e0ac9ea42a6",
  "outputs": {},
  "resources": [
    {
      "mode": "managed",
      "type": "docker_container",
      "name": "api_service_frontend_build",
      "provider": "provider[\"registry.terraform.io/kreuzwerker/docker\"]",
      "instances": [
        {
          "schema_version": 2,
          "attributes": {
            "attach": false,
            "bridge": "",
            "capabilities": [],
            "cgroup_parent": null,
            "cgroupns_mode": null,
            "command": [
              "sh",
              "-c",
              "cp -r /dist/. /output/ \u0026\u0026 echo 'Done'"
            ],
            "container_logs": null,
            "container_read_refresh_timeout_milliseconds": 15000,
            "cpu_period": null,
            "cpu_quota": null,
            "cpu_set": "",
            "cpu_shares": 0,
            "cpus": null,
            "destroy_grace_seconds": 30,
            "devices": [],
            "dns": [],
            "dns_opts": [],
            "dns_search": [],
            "domainname": "",
            "entrypoint": [],
            "env": [],
            "exit_code": 0,
            "gpus": null,
            "group_add": [],
            "healthcheck": [],
            "host": [],
            "hostname": "cab35fbec8fb",
            "id": "cab35fbec8fb9019623770f6c6ecb6f1406ae369a880c151469b1f720f5874c1",
            "image": "api-service-frontend:latest",
            "init": false,
            "ipc_mode": "private",
            "labels": [],
            "log_driver": "json-file",
            "log_opts": {},
            "logs": false,
            "max_retry_count": 0,
            "memory": 0,
            "memory_reservation": 0,
            "memory_swap": 0,
            "mounts": [
              {
                "bind_options": [],
                "read_only": false,
                "source": "gateway_api-dist",
                "target": "/dist",
                "tmpfs_options": [],
                "type": "volume",
                "volume_options": []
              }
            ],
            "must_run": false,
            "name": "api-service-frontend-build",
            "network_data": [
              {
                "gateway": "",
                "global_ipv6_address": "",
                "global_ipv6_prefix_length": 0,
                "ip_address": "",
                "ip_prefix_length": 0,
                "ipv6_gateway": "",
                "mac_address": "",
                "network_name": "gateway-net"
              }
            ],
            "network_mode": "bridge",
            "networks_advanced": [
              {
                "aliases": [],
                "ipv4_address": "",
                "ipv6_address": "",
                "mac_address": "",
                "name": "gateway-net"
              }
            ],
            "pid_mode": "",
            "ports": [],
            "privileged": false,
            "publish_all_ports": false,
            "read_only": false,
            "remove_volumes": true,
            "restart": "no",
            "rm": false,
            "runtime": "runc",
            "security_opts": [],
            "shm_size": 64,
            "start": true,
            "stdin_open": false,
            "stop_signal": "",
            "stop_timeout": 1,
            "storage_opts": {},
            "sysctls": {},
            "tmpfs": {},
            "tty": false,
            "ulimit": [],
            "upload": [],
            "user": "",
            "userns_mode": "",
            "volumes": [],
            "wait": false,
            "wait_timeout": 60,
            "working_dir": "/"
          },
          "sensitive_attributes": [],
          "identity_schema_version": 0,
          "private": "eyJzY2hlbWFfdmVyc2lvbiI6IjIifQ==",
          "dependencies": [
            "docker_image.api_service_frontend_build",
            "docker_network.gateway_net",
            "docker_volume.api_dist"
          ]
        }
      ]
    },
    {
      "mode": "managed",
      "type": "docker_container",
      "name": "bank_frontend_build",
      "provider": "provider[\"registry.terraform.io/kreuzwerker/docker\"]",
      "instances": [
        {
          "schema_version": 2,
          "attributes": {
            "attach": false,
            "bridge": "",
            "capabilities": [],
            "cgroup_parent": null,
            "cgroupns_mode": null,
            "command": [
              "sleep",
              "infinity"
            ],
            "container_logs": null,
            "container_read_refresh_timeout_milliseconds": 15000,
            "cpu_period": null,
            "cpu_quota": null,
            "cpu_set": "",
            "cpu_shares": 0,
            "cpus": null,
            "destroy_grace_seconds": 30,
            "devices": [],
            "dns": [],
            "dns_opts": [],
            "dns_search": [],
            "domainname": "",
            "entrypoint": [],
            "env": [],
            "exit_code": null,
            "gpus": null,
            "group_add": [],
            "healthcheck": [],
            "host": [],
            "hostname": "a142e395dd73",
            "id": "a142e395dd736afa448f0dc9d4e98f4d95ce8954b6b695a5222e053daf2627bf",
            "image": "bank-frontend-build:latest",
            "init": false,
            "ipc_mode": "private",
            "labels": [],
            "log_driver": "json-file",
            "log_opts": {},
            "logs": false,
            "max_retry_count": 0,
            "memory": 0,
            "memory_reservation": 0,
            "memory_swap": 0,
            "mounts": [
              {
                "bind_options": [],
                "read_only": false,
                "source": "gateway_bank-dist",
                "target": "/dist",
                "tmpfs_options": [],
                "type": "volume",
                "volume_options": []
              }
            ],
            "must_run": true,
            "name": "bank-frontend-build",
            "network_data": [
              {
                "gateway": "172.19.0.1",
                "global_ipv6_address": "",
                "global_ipv6_prefix_length": 0,
                "ip_address": "172.19.0.4",
                "ip_prefix_length": 16,
                "ipv6_gateway": "",
                "mac_address": "aa:12:9b:9a:23:56",
                "network_name": "gateway-net"
              }
            ],
            "network_mode": "bridge",
            "networks_advanced": [
              {
                "aliases": [],
                "ipv4_address": "",
                "ipv6_address": "",
                "mac_address": "",
                "name": "gateway-net"
              }
            ],
            "pid_mode": "",
            "ports": [],
            "privileged": false,
            "publish_all_ports": false,
            "read_only": false,
            "remove_volumes": true,
            "restart": "no",
            "rm": false,
            "runtime": "runc",
            "security_opts": [],
            "shm_size": 64,
            "start": true,
            "stdin_open": false,
            "stop_signal": "",
            "stop_timeout": 1,
            "storage_opts": {},
            "sysctls": {},
            "tmpfs": {},
            "tty": false,
            "ulimit": [],
            "upload": [],
            "user": "",
            "userns_mode": "",
            "volumes": [],
            "wait": false,
            "wait_timeout": 60,
            "working_dir": "/dist"
          },
          "sensitive_attributes": [],
          "identity_schema_version": 0,
          "private": "eyJzY2hlbWFfdmVyc2lvbiI6IjIifQ==",
          "dependencies": [
            "docker_image.bank_frontend_build",
            "docker_network.gateway_net",
            "docker_volume.bank_dist"
          ]
        }
      ]
    },
    {
      "mode": "managed",
      "type": "docker_container",
      "name": "bank_postgres",
      "provider": "provider[\"registry.terraform.io/kreuzwerker/docker\"]",
      "instances": [
        {
          "schema_version": 2,
          "attributes": {
            "attach": false,
            "bridge": "",
            "capabilities": [],
            "cgroup_parent": null,
            "cgroupns_mode": null,
            "command": [
              "postgres"
            ],
            "container_logs": null,
            "container_read_refresh_timeout_milliseconds": 15000,
            "cpu_period": null,
            "cpu_quota": null,
            "cpu_set": "",
            "cpu_shares": 0,
            "cpus": null,
            "destroy_grace_seconds": 30,
            "devices": [],
            "dns": [],
            "dns_opts": [],
            "dns_search": [],
            "domainname": "",
            "entrypoint": [
              "docker-entrypoint.sh"
            ],
            "env": [
              "POSTGRES_DB=bank",
              "POSTGRES_PASSWORD=bankmanagement@2008",
              "POSTGRES_USER=bankmanagement"
            ],
            "exit_code": null,
            "gpus": null,
            "group_add": [],
            "healthcheck": [],
            "host": [],
            "hostname": "5a46f1a2c939",
            "id": "5a46f1a2c939f070730059dbb9150a2906fd693897d51f584191485bd7998588",
            "image": "postgres:16-alpine",
            "init": false,
            "ipc_mode": "private",
            "labels": [],
            "log_driver": "json-file",
            "log_opts": {},
            "logs": false,
            "max_retry_count": 0,
            "memory": 0,
            "memory_reservation": 0,
            "memory_swap": 0,
            "mounts": [
              {
                "bind_options": [],
                "read_only": false,
                "source": "gateway_bank-pgdata",
                "target": "/var/lib/postgresql/data",
                "tmpfs_options": [],
                "type": "volume",
                "volume_options": []
              }
            ],
            "must_run": true,
            "name": "bank-postgres",
            "network_data": [
              {
                "gateway": "172.19.0.1",
                "global_ipv6_address": "",
                "global_ipv6_prefix_length": 0,
                "ip_address": "172.19.0.2",
                "ip_prefix_length": 16,
                "ipv6_gateway": "",
                "mac_address": "6a:db:62:64:fd:62",
                "network_name": "gateway-net"
              }
            ],
            "network_mode": "bridge",
            "networks_advanced": [
              {
                "aliases": [],
                "ipv4_address": "",
                "ipv6_address": "",
                "mac_address": "",
                "name": "gateway-net"
              }
            ],
            "pid_mode": "",
            "ports": [],
            "privileged": false,
            "publish_all_ports": false,
            "read_only": false,
            "remove_volumes": true,
            "restart": "always",
            "rm": false,
            "runtime": "runc",
            "security_opts": [],
            "shm_size": 64,
            "start": true,
            "stdin_open": false,
            "stop_signal": "SIGINT",
            "stop_timeout": 1,
            "storage_opts": {},
            "sysctls": {},
            "tmpfs": {},
            "tty": false,
            "ulimit": [],
            "upload": [],
            "user": "",
            "userns_mode": "",
            "volumes": [],
            "wait": false,
            "wait_timeout": 60,
            "working_dir": "/"
          },
          "sensitive_attributes": [],
          "identity_schema_version": 0,
          "private": "eyJzY2hlbWFfdmVyc2lvbiI6IjIifQ==",
          "dependencies": [
            "docker_network.gateway_net",
            "docker_volume.bank_pgdata"
          ]
        }
      ]
    },
    {
      "mode": "managed",
      "type": "docker_container",
      "name": "blog_db",
      "provider": "provider[\"registry.terraform.io/kreuzwerker/docker\"]",
      "instances": [
        {
          "schema_version": 2,
          "attributes": {
            "attach": false,
            "bridge": "",
            "capabilities": [],
            "cgroup_parent": null,
            "cgroupns_mode": null,
            "command": [
              "mysqld"
            ],
            "container_logs": null,
            "container_read_refresh_timeout_milliseconds": 15000,
            "cpu_period": null,
            "cpu_quota": null,
            "cpu_set": "",
            "cpu_shares": 0,
            "cpus": null,
            "destroy_grace_seconds": null,
            "devices": [],
            "dns": [],
            "dns_opts": [],
            "dns_search": [],
            "domainname": "",
            "entrypoint": [
              "docker-entrypoint.sh"
            ],
            "env": [
              "MYSQL_DATABASE=blog_db",
              "MYSQL_ROOT_PASSWORD=saisakthi2008"
            ],
            "exit_code": null,
            "gpus": null,
            "group_add": [],
            "healthcheck": [
              {
                "interval": "10s",
                "retries": 5,
                "start_interval": "0s",
                "start_period": "30s",
                "test": [
                  "CMD",
                  "mysqladmin",
                  "ping",
                  "-h",
                  "localhost",
                  "-u",
                  "root",
                  "-psaisakthi2008"
                ],
                "timeout": "5s"
              }
            ],
            "host": [],
            "hostname": "5792333342f5",
            "id": "5792333342f5fc79ae349f777493438bf543951617c5dad7118fd99b3c97ec49",
            "image": "mysql:8.0",
            "init": false,
            "ipc_mode": "private",
            "labels": [],
            "log_driver": "json-file",
            "log_opts": {},
            "logs": false,
            "max_retry_count": 0,
            "memory": 0,
            "memory_reservation": 0,
            "memory_swap": 0,
            "mounts": [
              {
                "bind_options": [],
                "read_only": false,
                "source": "gateway_blog-mysql",
                "target": "/var/lib/mysql",
                "tmpfs_options": [],
                "type": "volume",
                "volume_options": []
              }
            ],
            "must_run": true,
            "name": "blog-db",
            "network_data": [
              {
                "gateway": "172.19.0.1",
                "global_ipv6_address": "",
                "global_ipv6_prefix_length": 0,
                "ip_address": "172.19.0.10",
                "ip_prefix_length": 16,
                "ipv6_gateway": "",
                "mac_address": "a6:95:c4:f8:fa:d2",
                "network_name": "gateway-net"
              }
            ],
            "network_mode": "bridge",
            "networks_advanced": [
              {
                "aliases": [],
                "ipv4_address": "",
                "ipv6_address": "",
                "mac_address": "",
                "name": "gateway-net"
              }
            ],
            "pid_mode": "",
            "ports": [],
            "privileged": false,
            "publish_all_ports": false,
            "read_only": false,
            "remove_volumes": true,
            "restart": "always",
            "rm": false,
            "runtime": "runc",
            "security_opts": [],
            "shm_size": 64,
            "start": true,
            "stdin_open": false,
            "stop_signal": "",
            "stop_timeout": 1,
            "storage_opts": {},
            "sysctls": {},
            "tmpfs": {},
            "tty": false,
            "ulimit": [],
            "upload": [],
            "user": "",
            "userns_mode": "",
            "volumes": [],
            "wait": false,
            "wait_timeout": 60,
            "working_dir": "/"
          },
          "sensitive_attributes": [],
          "identity_schema_version": 0,
          "private": "eyJzY2hlbWFfdmVyc2lvbiI6IjIifQ==",
          "dependencies": [
            "docker_network.gateway_net",
            "docker_volume.blog_mysql"
          ]
        }
      ]
    },
    {
      "mode": "managed",
      "type": "docker_container",
      "name": "blog_minio",
      "provider": "provider[\"registry.terraform.io/kreuzwerker/docker\"]",
      "instances": [
        {
          "schema_version": 2,
          "attributes": {
            "attach": false,
            "bridge": "",
            "capabilities": [],
            "cgroup_parent": null,
            "cgroupns_mode": null,
            "command": [
              "server",
              "/data",
              "--console-address",
              ":9091"
            ],
            "container_logs": null,
            "container_read_refresh_timeout_milliseconds": 15000,
            "cpu_period": null,
            "cpu_quota": null,
            "cpu_set": "",
            "cpu_shares": 0,
            "cpus": null,
            "destroy_grace_seconds": null,
            "devices": [],
            "dns": [],
            "dns_opts": [],
            "dns_search": [],
            "domainname": "",
            "entrypoint": [
              "/usr/bin/docker-entrypoint.sh"
            ],
            "env": [
              "MINIO_ROOT_PASSWORD=password123",
              "MINIO_ROOT_USER=admin"
            ],
            "exit_code": null,
            "gpus": null,
            "group_add": [],
            "healthcheck": [
              {
                "interval": "10s",
                "retries": 5,
                "start_interval": "0s",
                "start_period": "20s",
                "test": [
                  "CMD",
                  "curl",
                  "-f",
                  "http://localhost:9000/minio/health/live"
                ],
                "timeout": "5s"
              }
            ],
            "host": [],
            "hostname": "943e0f29f196",
            "id": "943e0f29f19650a528baa83f6da2d556cb49644017219d52f1ee2362e19d8f96",
            "image": "quay.io/minio/minio:latest",
            "init": false,
            "ipc_mode": "private",
            "labels": [],
            "log_driver": "json-file",
            "log_opts": {},
            "logs": false,
            "max_retry_count": 0,
            "memory": 0,
            "memory_reservation": 0,
            "memory_swap": 0,
            "mounts": [
              {
                "bind_options": [],
                "read_only": false,
                "source": "gateway_blog-minio",
                "target": "/data",
                "tmpfs_options": [],
                "type": "volume",
                "volume_options": []
              }
            ],
            "must_run": true,
            "name": "blog-minio",
            "network_data": [
              {
                "gateway": "172.19.0.1",
                "global_ipv6_address": "",
                "global_ipv6_prefix_length": 0,
                "ip_address": "172.19.0.6",
                "ip_prefix_length": 16,
                "ipv6_gateway": "",
                "mac_address": "92:59:a1:e8:9e:b2",
                "network_name": "gateway-net"
              }
            ],
            "network_mode": "bridge",
            "networks_advanced": [
              {
                "aliases": [],
                "ipv4_address": "",
                "ipv6_address": "",
                "mac_address": "",
                "name": "gateway-net"
              }
            ],
            "pid_mode": "",
            "ports": [],
            "privileged": false,
            "publish_all_ports": false,
            "read_only": false,
            "remove_volumes": true,
            "restart": "always",
            "rm": false,
            "runtime": "runc",
            "security_opts": [],
            "shm_size": 64,
            "start": true,
            "stdin_open": false,
            "stop_signal": "",
            "stop_timeout": 1,
            "storage_opts": {},
            "sysctls": {},
            "tmpfs": {},
            "tty": false,
            "ulimit": [],
            "upload": [],
            "user": "",
            "userns_mode": "",
            "volumes": [],
            "wait": false,
            "wait_timeout": 60,
            "working_dir": "/"
          },
          "sensitive_attributes": [],
          "identity_schema_version": 0,
          "private": "eyJzY2hlbWFfdmVyc2lvbiI6IjIifQ==",
          "dependencies": [
            "docker_network.gateway_net",
            "docker_volume.blog_minio"
          ]
        }
      ]
    },
    {
      "mode": "managed",
      "type": "docker_container",
      "name": "blog_minio_init",
      "provider": "provider[\"registry.terraform.io/kreuzwerker/docker\"]",
      "instances": [
        {
          "schema_version": 2,
          "attributes": {
            "attach": false,
            "bridge": "",
            "capabilities": [],
            "cgroup_parent": null,
            "cgroupns_mode": null,
            "command": [
              "/bin/sh",
              "-c",
              "mc alias set blogminio http://blog-minio:9000 admin password123 \u0026\u0026 mc mb --ignore-existing blogminio/blog-media \u0026\u0026 mc anonymous set download blogminio/blog-media \u0026\u0026 echo 'Bucket ready!'"
            ],
            "container_logs": null,
            "container_read_refresh_timeout_milliseconds": 15000,
            "cpu_period": null,
            "cpu_quota": null,
            "cpu_set": "",
            "cpu_shares": 0,
            "cpus": null,
            "destroy_grace_seconds": null,
            "devices": [],
            "dns": [],
            "dns_opts": [],
            "dns_search": [],
            "domainname": "",
            "entrypoint": [
              "mc"
            ],
            "env": [],
            "exit_code": 1,
            "gpus": null,
            "group_add": [],
            "healthcheck": [],
            "host": [],
            "hostname": "ae8e784960d6",
            "id": "ae8e784960d616ae198af5cc892c0590ee6e0a59e9c9233f004accac8e367205",
            "image": "quay.io/minio/mc:latest",
            "init": false,
            "ipc_mode": "private",
            "labels": [],
            "log_driver": "json-file",
            "log_opts": {},
            "logs": false,
            "max_retry_count": 0,
            "memory": 0,
            "memory_reservation": 0,
            "memory_swap": 0,
            "mounts": [],
            "must_run": false,
            "name": "blog-minio-init",
            "network_data": [
              {
                "gateway": "",
                "global_ipv6_address": "",
                "global_ipv6_prefix_length": 0,
                "ip_address": "",
                "ip_prefix_length": 0,
                "ipv6_gateway": "",
                "mac_address": "",
                "network_name": "gateway-net"
              }
            ],
            "network_mode": "bridge",
            "networks_advanced": [
              {
                "aliases": [],
                "ipv4_address": "",
                "ipv6_address": "",
                "mac_address": "",
                "name": "gateway-net"
              }
            ],
            "pid_mode": "",
            "ports": [],
            "privileged": false,
            "publish_all_ports": false,
            "read_only": false,
            "remove_volumes": true,
            "restart": "no",
            "rm": false,
            "runtime": "runc",
            "security_opts": [],
            "shm_size": 64,
            "start": true,
            "stdin_open": false,
            "stop_signal": "",
            "stop_timeout": 1,
            "storage_opts": {},
            "sysctls": {},
            "tmpfs": {},
            "tty": false,
            "ulimit": [],
            "upload": [],
            "user": "",
            "userns_mode": "",
            "volumes": [],
            "wait": false,
            "wait_timeout": 60,
            "working_dir": "/"
          },
          "sensitive_attributes": [],
          "identity_schema_version": 0,
          "private": "eyJzY2hlbWFfdmVyc2lvbiI6IjIifQ==",
          "dependencies": [
            "docker_container.blog_minio",
            "docker_network.gateway_net",
            "docker_volume.blog_minio"
          ]
        }
      ]
    },
    {
      "mode": "managed",
      "type": "docker_container",
      "name": "doc_frontend_build",
      "provider": "provider[\"registry.terraform.io/kreuzwerker/docker\"]",
      "instances": [
        {
          "schema_version": 2,
          "attributes": {
            "attach": false,
            "bridge": "",
            "capabilities": [],
            "cgroup_parent": null,
            "cgroupns_mode": null,
            "command": [
              "sh",
              "-c",
              "cp -r /dist/. /output/ \u0026\u0026 echo 'Done'"
            ],
            "container_logs": null,
            "container_read_refresh_timeout_milliseconds": 15000,
            "cpu_period": null,
            "cpu_quota": null,
            "cpu_set": "",
            "cpu_shares": 0,
            "cpus": null,
            "destroy_grace_seconds": 30,
            "devices": [],
            "dns": [],
            "dns_opts": [],
            "dns_search": [],
            "domainname": "",
            "entrypoint": [],
            "env": [],
            "exit_code": 0,
            "gpus": null,
            "group_add": [],
            "healthcheck": [],
            "host": [],
            "hostname": "563f5bbe61dc",
            "id": "563f5bbe61dce408c0c9a53ea5f35ee2614b2f6c058d88d49084445c18ba1401",
            "image": "documentintelligenceplatform-frontend:latest",
            "init": false,
            "ipc_mode": "private",
            "labels": [],
            "log_driver": "json-file",
            "log_opts": {},
            "logs": false,
            "max_retry_count": 0,
            "memory": 0,
            "memory_reservation": 0,
            "memory_swap": 0,
            "mounts": [
              {
                "bind_options": [],
                "read_only": false,
                "source": "gateway_doc-dist",
                "target": "/output",
                "tmpfs_options": [],
                "type": "volume",
                "volume_options": []
              }
            ],
            "must_run": false,
            "name": "doc-frontend-build",
            "network_data": [
              {
                "gateway": "",
                "global_ipv6_address": "",
                "global_ipv6_prefix_length": 0,
                "ip_address": "",
                "ip_prefix_length": 0,
                "ipv6_gateway": "",
                "mac_address": "",
                "network_name": "gateway-net"
              }
            ],
            "network_mode": "bridge",
            "networks_advanced": [
              {
                "aliases": [],
                "ipv4_address": "",
                "ipv6_address": "",
                "mac_address": "",
                "name": "gateway-net"
              }
            ],
            "pid_mode": "",
            "ports": [],
            "privileged": false,
            "publish_all_ports": false,
            "read_only": false,
            "remove_volumes": true,
            "restart": "no",
            "rm": false,
            "runtime": "runc",
            "security_opts": [],
            "shm_size": 64,
            "start": true,
            "stdin_open": false,
            "stop_signal": "",
            "stop_timeout": 1,
            "storage_opts": {},
            "sysctls": {},
            "tmpfs": {},
            "tty": false,
            "ulimit": [],
            "upload": [],
            "user": "",
            "userns_mode": "",
            "volumes": [],
            "wait": false,
            "wait_timeout": 60,
            "working_dir": "/"
          },
          "sensitive_attributes": [],
          "identity_schema_version": 0,
          "private": "eyJzY2hlbWFfdmVyc2lvbiI6IjIifQ==",
          "dependencies": [
            "docker_image.doc_frontend_build",
            "docker_network.gateway_net",
            "docker_volume.doc_dist"
          ]
        }
      ]
    },
    {
      "mode": "managed",
      "type": "docker_container",
      "name": "doc_minio",
      "provider": "provider[\"registry.terraform.io/kreuzwerker/docker\"]",
      "instances": [
        {
          "schema_version": 2,
          "attributes": {
            "attach": false,
            "bridge": "",
            "capabilities": [],
            "cgroup_parent": null,
            "cgroupns_mode": null,
            "command": [
              "server",
              "/data",
              "--console-address",
              ":9001"
            ],
            "container_logs": null,
            "container_read_refresh_timeout_milliseconds": 15000,
            "cpu_period": null,
            "cpu_quota": null,
            "cpu_set": "",
            "cpu_shares": 0,
            "cpus": null,
            "destroy_grace_seconds": 30,
            "devices": [],
            "dns": [],
            "dns_opts": [],
            "dns_search": [],
            "domainname": "",
            "entrypoint": [
              "/usr/bin/docker-entrypoint.sh"
            ],
            "env": [
              "MINIO_ROOT_PASSWORD=password123",
              "MINIO_ROOT_USER=admin"
            ],
            "exit_code": null,
            "gpus": null,
            "group_add": [],
            "healthcheck": [],
            "host": [],
            "hostname": "d9dd8d36b64f",
            "id": "d9dd8d36b64f4333ac2902bcc80b7ed782d58e13f47d7fd04cf39731389a02f3",
            "image": "quay.io/minio/minio:latest",
            "init": false,
            "ipc_mode": "private",
            "labels": [],
            "log_driver": "json-file",
            "log_opts": {},
            "logs": false,
            "max_retry_count": 0,
            "memory": 0,
            "memory_reservation": 0,
            "memory_swap": 0,
            "mounts": [
              {
                "bind_options": [],
                "read_only": false,
                "source": "gateway_doc-minio",
                "target": "/data",
                "tmpfs_options": [],
                "type": "volume",
                "volume_options": []
              }
            ],
            "must_run": true,
            "name": "doc-minio",
            "network_data": [
              {
                "gateway": "172.19.0.1",
                "global_ipv6_address": "",
                "global_ipv6_prefix_length": 0,
                "ip_address": "172.19.0.7",
                "ip_prefix_length": 16,
                "ipv6_gateway": "",
                "mac_address": "3e:14:8e:19:e0:71",
                "network_name": "gateway-net"
              }
            ],
            "network_mode": "bridge",
            "networks_advanced": [
              {
                "aliases": [],
                "ipv4_address": "",
                "ipv6_address": "",
                "mac_address": "",
                "name": "gateway-net"
              }
            ],
            "pid_mode": "",
            "ports": [],
            "privileged": false,
            "publish_all_ports": false,
            "read_only": false,
            "remove_volumes": true,
            "restart": "always",
            "rm": false,
            "runtime": "runc",
            "security_opts": [],
            "shm_size": 64,
            "start": true,
            "stdin_open": false,
            "stop_signal": "",
            "stop_timeout": 1,
            "storage_opts": {},
            "sysctls": {},
            "tmpfs": {},
            "tty": false,
            "ulimit": [],
            "upload": [],
            "user": "",
            "userns_mode": "",
            "volumes": [],
            "wait": false,
            "wait_timeout": 60,
            "working_dir": "/"
          },
          "sensitive_attributes": [],
          "identity_schema_version": 0,
          "private": "eyJzY2hlbWFfdmVyc2lvbiI6IjIifQ==",
          "dependencies": [
            "docker_network.gateway_net",
            "docker_volume.doc_minio"
          ]
        }
      ]
    },
    {
      "mode": "managed",
      "type": "docker_container",
      "name": "doc_mysql",
      "provider": "provider[\"registry.terraform.io/kreuzwerker/docker\"]",
      "instances": [
        {
          "schema_version": 2,
          "attributes": {
            "attach": false,
            "bridge": "",
            "capabilities": [],
            "cgroup_parent": null,
            "cgroupns_mode": null,
            "command": [
              "mysqld"
            ],
            "container_logs": null,
            "container_read_refresh_timeout_milliseconds": 15000,
            "cpu_period": null,
            "cpu_quota": null,
            "cpu_set": "",
            "cpu_shares": 0,
            "cpus": null,
            "destroy_grace_seconds": null,
            "devices": [],
            "dns": [],
            "dns_opts": [],
            "dns_search": [],
            "domainname": "",
            "entrypoint": [
              "docker-entrypoint.sh"
            ],
            "env": [
              "MYSQL_DATABASE=book_db",
              "MYSQL_ROOT_PASSWORD=saisakthi2008"
            ],
            "exit_code": null,
            "gpus": null,
            "group_add": [],
            "healthcheck": [
              {
                "interval": "10s",
                "retries": 5,
                "start_interval": "0s",
                "start_period": "30s",
                "test": [
                  "CMD",
                  "mysqladmin",
                  "ping",
                  "-h",
                  "localhost",
                  "-u",
                  "root",
                  "-psaisakthi2008"
                ],
                "timeout": "5s"
              }
            ],
            "host": [],
            "hostname": "3a1ad00b96c5",
            "id": "3a1ad00b96c5ed32eb327de1eb34ee4addb85f4803f9a3ce27d4800687540fd6",
            "image": "mysql:8.0",
            "init": false,
            "ipc_mode": "private",
            "labels": [],
            "log_driver": "json-file",
            "log_opts": {},
            "logs": false,
            "max_retry_count": 0,
            "memory": 0,
            "memory_reservation": 0,
            "memory_swap": 0,
            "mounts": [
              {
                "bind_options": [],
                "read_only": false,
                "source": "gateway_doc-mysql",
                "target": "/var/lib/mysql",
                "tmpfs_options": [],
                "type": "volume",
                "volume_options": []
              }
            ],
            "must_run": true,
            "name": "doc-mysql",
            "network_data": [
              {
                "gateway": "172.19.0.1",
                "global_ipv6_address": "",
                "global_ipv6_prefix_length": 0,
                "ip_address": "172.19.0.11",
                "ip_prefix_length": 16,
                "ipv6_gateway": "",
                "mac_address": "62:85:e3:0a:eb:dc",
                "network_name": "gateway-net"
              }
            ],
            "network_mode": "bridge",
            "networks_advanced": [
              {
                "aliases": [],
                "ipv4_address": "",
                "ipv6_address": "",
                "mac_address": "",
                "name": "gateway-net"
              }
            ],
            "pid_mode": "",
            "ports": [],
            "privileged": false,
            "publish_all_ports": false,
            "read_only": false,
            "remove_volumes": true,
            "restart": "always",
            "rm": false,
            "runtime": "runc",
            "security_opts": [],
            "shm_size": 64,
            "start": true,
            "stdin_open": false,
            "stop_signal": "",
            "stop_timeout": 1,
            "storage_opts": {},
            "sysctls": {},
            "tmpfs": {},
            "tty": false,
            "ulimit": [],
            "upload": [],
            "user": "",
            "userns_mode": "",
            "volumes": [],
            "wait": false,
            "wait_timeout": 60,
            "working_dir": "/"
          },
          "sensitive_attributes": [],
          "identity_schema_version": 0,
          "private": "eyJzY2hlbWFfdmVyc2lvbiI6IjIifQ==",
          "dependencies": [
            "docker_network.gateway_net",
            "docker_volume.doc_mysql"
          ]
        }
      ]
    },
    {
      "mode": "managed",
      "type": "docker_container",
      "name": "notes_frontend_build",
      "provider": "provider[\"registry.terraform.io/kreuzwerker/docker\"]",
      "instances": [
        {
          "schema_version": 2,
          "attributes": {
            "attach": false,
            "bridge": "",
            "capabilities": [],
            "cgroup_parent": null,
            "cgroupns_mode": null,
            "command": [
              "sleep",
              "infinity"
            ],
            "container_logs": null,
            "container_read_refresh_timeout_milliseconds": 15000,
            "cpu_period": null,
            "cpu_quota": null,
            "cpu_set": "",
            "cpu_shares": 0,
            "cpus": null,
            "destroy_grace_seconds": 30,
            "devices": [],
            "dns": [],
            "dns_opts": [],
            "dns_search": [],
            "domainname": "",
            "entrypoint": [],
            "env": [],
            "exit_code": null,
            "gpus": null,
            "group_add": [],
            "healthcheck": [],
            "host": [],
            "hostname": "bfd91809ebb7",
            "id": "bfd91809ebb72e6f39d5bfd69b945f9e607fd75e939d7e430f38865f0af57dfd",
            "image": "notes-frontend-build:latest",
            "init": false,
            "ipc_mode": "private",
            "labels": [],
            "log_driver": "json-file",
            "log_opts": {},
            "logs": false,
            "max_retry_count": 0,
            "memory": 0,
            "memory_reservation": 0,
            "memory_swap": 0,
            "mounts": [
              {
                "bind_options": [],
                "read_only": false,
                "source": "gateway_notes-dist",
                "target": "/dist",
                "tmpfs_options": [],
                "type": "volume",
                "volume_options": []
              }
            ],
            "must_run": true,
            "name": "notes-frontend-build",
            "network_data": [
              {
                "gateway": "172.19.0.1",
                "global_ipv6_address": "",
                "global_ipv6_prefix_length": 0,
                "ip_address": "172.19.0.14",
                "ip_prefix_length": 16,
                "ipv6_gateway": "",
                "mac_address": "86:24:67:de:73:e3",
                "network_name": "gateway-net"
              }
            ],
            "network_mode": "bridge",
            "networks_advanced": [
              {
                "aliases": [],
                "ipv4_address": "",
                "ipv6_address": "",
                "mac_address": "",
                "name": "gateway-net"
              }
            ],
            "pid_mode": "",
            "ports": [],
            "privileged": false,
            "publish_all_ports": false,
            "read_only": false,
            "remove_volumes": true,
            "restart": "no",
            "rm": false,
            "runtime": "runc",
            "security_opts": [],
            "shm_size": 64,
            "start": true,
            "stdin_open": false,
            "stop_signal": "",
            "stop_timeout": 1,
            "storage_opts": {},
            "sysctls": {},
            "tmpfs": {},
            "tty": false,
            "ulimit": [],
            "upload": [],
            "user": "",
            "userns_mode": "",
            "volumes": [],
            "wait": false,
            "wait_timeout": 60,
            "working_dir": "/dist"
          },
          "sensitive_attributes": [],
          "identity_schema_version": 0,
          "private": "eyJzY2hlbWFfdmVyc2lvbiI6IjIifQ==",
          "dependencies": [
            "docker_image.notes_frontend_build",
            "docker_network.gateway_net",
            "docker_volume.notes_dist"
          ]
        }
      ]
    },
    {
      "mode": "managed",
      "type": "docker_container",
      "name": "notes_postgres",
      "provider": "provider[\"registry.terraform.io/kreuzwerker/docker\"]",
      "instances": [
        {
          "schema_version": 2,
          "attributes": {
            "attach": false,
            "bridge": "",
            "capabilities": [],
            "cgroup_parent": null,
            "cgroupns_mode": null,
            "command": [
              "postgres"
            ],
            "container_logs": null,
            "container_read_refresh_timeout_milliseconds": 15000,
            "cpu_period": null,
            "cpu_quota": null,
            "cpu_set": "",
            "cpu_shares": 0,
            "cpus": null,
            "destroy_grace_seconds": 30,
            "devices": [],
            "dns": [],
            "dns_opts": [],
            "dns_search": [],
            "domainname": "",
            "entrypoint": [
              "docker-entrypoint.sh"
            ],
            "env": [
              "POSTGRES_DB=notes_app",
              "POSTGRES_PASSWORD=sai2008",
              "POSTGRES_USER=saisakthi"
            ],
            "exit_code": null,
            "gpus": null,
            "group_add": [],
            "healthcheck": [],
            "host": [],
            "hostname": "fb61f1807fe9",
            "id": "fb61f1807fe92319e38c8edcbec00463b9001293cd5c77124299f32b5fff379c",
            "image": "postgres:16",
            "init": false,
            "ipc_mode": "private",
            "labels": [],
            "log_driver": "json-file",
            "log_opts": {},
            "logs": false,
            "max_retry_count": 0,
            "memory": 0,
            "memory_reservation": 0,
            "memory_swap": 0,
            "mounts": [
              {
                "bind_options": [],
                "read_only": false,
                "source": "gateway_notes-pgdata",
                "target": "/var/lib/postgresql/data",
                "tmpfs_options": [],
                "type": "volume",
                "volume_options": []
              }
            ],
            "must_run": true,
            "name": "notes-postgres",
            "network_data": [
              {
                "gateway": "172.19.0.1",
                "global_ipv6_address": "",
                "global_ipv6_prefix_length": 0,
                "ip_address": "172.19.0.9",
                "ip_prefix_length": 16,
                "ipv6_gateway": "",
                "mac_address": "5a:e3:b6:a1:49:06",
                "network_name": "gateway-net"
              }
            ],
            "network_mode": "bridge",
            "networks_advanced": [
              {
                "aliases": [],
                "ipv4_address": "",
                "ipv6_address": "",
                "mac_address": "",
                "name": "gateway-net"
              }
            ],
            "pid_mode": "",
            "ports": [],
            "privileged": false,
            "publish_all_ports": false,
            "read_only": false,
            "remove_volumes": true,
            "restart": "always",
            "rm": false,
            "runtime": "runc",
            "security_opts": [],
            "shm_size": 64,
            "start": true,
            "stdin_open": false,
            "stop_signal": "SIGINT",
            "stop_timeout": 1,
            "storage_opts": {},
            "sysctls": {},
            "tmpfs": {},
            "tty": false,
            "ulimit": [],
            "upload": [],
            "user": "",
            "userns_mode": "",
            "volumes": [],
            "wait": false,
            "wait_timeout": 60,
            "working_dir": ""
          },
          "sensitive_attributes": [],
          "identity_schema_version": 0,
          "private": "eyJzY2hlbWFfdmVyc2lvbiI6IjIifQ==",
          "dependencies": [
            "docker_network.gateway_net",
            "docker_volume.notes_pgdata"
          ]
        }
      ]
    },
    {
      "mode": "managed",
      "type": "docker_container",
      "name": "quiz_frontend_build",
      "provider": "provider[\"registry.terraform.io/kreuzwerker/docker\"]",
      "instances": [
        {
          "schema_version": 2,
          "attributes": {
            "attach": false,
            "bridge": "",
            "capabilities": [],
            "cgroup_parent": null,
            "cgroupns_mode": null,
            "command": [
              "sleep",
              "infinity"
            ],
            "container_logs": null,
            "container_read_refresh_timeout_milliseconds": 15000,
            "cpu_period": null,
            "cpu_quota": null,
            "cpu_set": "",
            "cpu_shares": 0,
            "cpus": null,
            "destroy_grace_seconds": 30,
            "devices": [],
            "dns": [],
            "dns_opts": [],
            "dns_search": [],
            "domainname": "",
            "entrypoint": [],
            "env": [],
            "exit_code": null,
            "gpus": null,
            "group_add": [],
            "healthcheck": [],
            "host": [],
            "hostname": "60c51c20191a",
            "id": "60c51c20191ae9969135759b3d4f6cf274803c574f9843fe1febd8d7936096f5",
            "image": "quiz-frontend-build:latest",
            "init": false,
            "ipc_mode": "private",
            "labels": [],
            "log_driver": "json-file",
            "log_opts": {},
            "logs": false,
            "max_retry_count": 0,
            "memory": 0,
            "memory_reservation": 0,
            "memory_swap": 0,
            "mounts": [
              {
                "bind_options": [],
                "read_only": false,
                "source": "gateway_quiz-dist",
                "target": "/dist",
                "tmpfs_options": [],
                "type": "volume",
                "volume_options": []
              }
            ],
            "must_run": true,
            "name": "quiz-frontend-build",
            "network_data": [
              {
                "gateway": "172.19.0.1",
                "global_ipv6_address": "",
                "global_ipv6_prefix_length": 0,
                "ip_address": "172.19.0.15",
                "ip_prefix_length": 16,
                "ipv6_gateway": "",
                "mac_address": "46:cc:27:a0:e7:46",
                "network_name": "gateway-net"
              }
            ],
            "network_mode": "bridge",
            "networks_advanced": [
              {
                "aliases": [],
                "ipv4_address": "",
                "ipv6_address": "",
                "mac_address": "",
                "name": "gateway-net"
              }
            ],
            "pid_mode": "",
            "ports": [],
            "privileged": false,
            "publish_all_ports": false,
            "read_only": false,
            "remove_volumes": true,
            "restart": "no",
            "rm": false,
            "runtime": "runc",
            "security_opts": [],
            "shm_size": 64,
            "start": true,
            "stdin_open": false,
            "stop_signal": "",
            "stop_timeout": 1,
            "storage_opts": {},
            "sysctls": {},
            "tmpfs": {},
            "tty": false,
            "ulimit": [],
            "upload": [],
            "user": "",
            "userns_mode": "",
            "volumes": [],
            "wait": false,
            "wait_timeout": 60,
            "working_dir": "/dist"
          },
          "sensitive_attributes": [],
          "identity_schema_version": 0,
          "private": "eyJzY2hlbWFfdmVyc2lvbiI6IjIifQ==",
          "dependencies": [
            "docker_image.quiz_frontend_build",
            "docker_network.gateway_net",
            "docker_volume.quiz_dist"
          ]
        }
      ]
    },
    {
      "mode": "managed",
      "type": "docker_container",
      "name": "video_frontend_build",
      "provider": "provider[\"registry.terraform.io/kreuzwerker/docker\"]",
      "instances": [
        {
          "schema_version": 2,
          "attributes": {
            "attach": false,
            "bridge": "",
            "capabilities": [],
            "cgroup_parent": null,
            "cgroupns_mode": null,
            "command": [
              "sleep",
              "infinity"
            ],
            "container_logs": null,
            "container_read_refresh_timeout_milliseconds": 15000,
            "cpu_period": null,
            "cpu_quota": null,
            "cpu_set": "",
            "cpu_shares": 0,
            "cpus": null,
            "destroy_grace_seconds": 30,
            "devices": [],
            "dns": [],
            "dns_opts": [],
            "dns_search": [],
            "domainname": "",
            "entrypoint": [],
            "env": [],
            "exit_code": null,
            "gpus": null,
            "group_add": [],
            "healthcheck": [],
            "host": [],
            "hostname": "3c39df35967d",
            "id": "3c39df35967d9c7d1770b2a421a1334812d78ddf1645383c1107906ae38fcf25",
            "image": "video-frontend-build:latest",
            "init": false,
            "ipc_mode": "private",
            "labels": [],
            "log_driver": "json-file",
            "log_opts": {},
            "logs": false,
            "max_retry_count": 0,
            "memory": 0,
            "memory_reservation": 0,
            "memory_swap": 0,
            "mounts": [
              {
                "bind_options": [],
                "read_only": false,
                "source": "gateway_video-dist",
                "target": "/dist",
                "tmpfs_options": [],
                "type": "volume",
                "volume_options": []
              }
            ],
            "must_run": true,
            "name": "video-frontend-build",
            "network_data": [
              {
                "gateway": "172.19.0.1",
                "global_ipv6_address": "",
                "global_ipv6_prefix_length": 0,
                "ip_address": "172.19.0.13",
                "ip_prefix_length": 16,
                "ipv6_gateway": "",
                "mac_address": "2a:03:10:d2:bb:b8",
                "network_name": "gateway-net"
              }
            ],
            "network_mode": "bridge",
            "networks_advanced": [
              {
                "aliases": [],
                "ipv4_address": "",
                "ipv6_address": "",
                "mac_address": "",
                "name": "gateway-net"
              }
            ],
            "pid_mode": "",
            "ports": [],
            "privileged": false,
            "publish_all_ports": false,
            "read_only": false,
            "remove_volumes": true,
            "restart": "no",
            "rm": false,
            "runtime": "runc",
            "security_opts": [],
            "shm_size": 64,
            "start": true,
            "stdin_open": false,
            "stop_signal": "",
            "stop_timeout": 1,
            "storage_opts": {},
            "sysctls": {},
            "tmpfs": {},
            "tty": false,
            "ulimit": [],
            "upload": [],
            "user": "",
            "userns_mode": "",
            "volumes": [],
            "wait": false,
            "wait_timeout": 60,
            "working_dir": "/dist"
          },
          "sensitive_attributes": [],
          "identity_schema_version": 0,
          "private": "eyJzY2hlbWFfdmVyc2lvbiI6IjIifQ==",
          "dependencies": [
            "docker_image.video_frontend_build",
            "docker_network.gateway_net",
            "docker_volume.video_dist"
          ]
        }
      ]
    },
    {
      "mode": "managed",
      "type": "docker_image",
      "name": "api_service_backend",
      "provider": "provider[\"registry.terraform.io/kreuzwerker/docker\"]",
      "instances": [
        {
          "schema_version": 0,
          "attributes": {
            "build": [
              {
                "additional_contexts": [],
                "auth_config": [],
                "build_args": {},
                "build_id": "",
                "build_log_file": "",
                "builder": "",
                "cache_from": [],
                "cache_to": [],
                "cgroup_parent": "",
                "context": "/home/saisakthi/Coding-Project/Projects/Finished Projects/Docker/Terraform/projects/API Service/backend",
                "cpu_period": 0,
                "cpu_quota": 0,
                "cpu_set_cpus": "",
                "cpu_set_mems": "",
                "cpu_shares": 0,
                "dockerfile": "Dockerfile",
                "extra_hosts": [],
                "force_remove": false,
                "isolation": "",
                "label": {},
                "labels": {},
                "memory": 0,
                "memory_swap": 0,
                "network_mode": "",
                "no_cache": false,
                "platform": "",
                "pull_parent": false,
                "remote_context": "",
                "remove": true,
                "secrets": [],
                "security_opt": [],
                "session_id": "",
                "shm_size": 0,
                "squash": false,
                "suppress_output": false,
                "tag": [],
                "target": "",
                "ulimit": [],
                "version": ""
              }
            ],
            "force_remove": null,
            "id": "sha256:dc2342ef3e06560dfec5e9c916ceff96dce0d1dcd278a8bdc5ee9baa41deb131api-service-backend:latest",
            "image_id": "sha256:dc2342ef3e06560dfec5e9c916ceff96dce0d1dcd278a8bdc5ee9baa41deb131",
            "keep_locally": true,
            "name": "api-service-backend:latest",
            "platform": null,
            "pull_triggers": null,
            "repo_digest": "api-service-backend@sha256:dc2342ef3e06560dfec5e9c916ceff96dce0d1dcd278a8bdc5ee9baa41deb131",
            "timeouts": null,
            "triggers": {
              "dir_sha": "97f48db26d02e7f76a851a3022b59fdadec84978c97f6594b0a2aa8ea2c4e7d8"
            }
          },
          "sensitive_attributes": [],
          "identity_schema_version": 0,
          "private": "eyJlMmJmYjczMC1lY2FhLTExZTYtOGY4OC0zNDM2M2JjN2M0YzAiOnsiY3JlYXRlIjoxMjAwMDAwMDAwMDAwLCJkZWxldGUiOjEyMDAwMDAwMDAwMDAsInVwZGF0ZSI6MTIwMDAwMDAwMDAwMH19"
        }
      ]
    },
    {
      "mode": "managed",
      "type": "docker_image",
      "name": "api_service_frontend_build",
      "provider": "provider[\"registry.terraform.io/kreuzwerker/docker\"]",
      "instances": [
        {
          "schema_version": 0,
          "attributes": {
            "build": [
              {
                "additional_contexts": [],
                "auth_config": [],
                "build_args": {},
                "build_id": "",
                "build_log_file": "",
                "builder": "",
                "cache_from": [],
                "cache_to": [],
                "cgroup_parent": "",
                "context": "/home/saisakthi/Coding-Project/Projects/Finished Projects/Docker/Terraform/projects/API Service/frontend/api-service",
                "cpu_period": 0,
                "cpu_quota": 0,
                "cpu_set_cpus": "",
                "cpu_set_mems": "",
                "cpu_shares": 0,
                "dockerfile": "Dockerfile.prod",
                "extra_hosts": [],
                "force_remove": false,
                "isolation": "",
                "label": {},
                "labels": {},
                "memory": 0,
                "memory_swap": 0,
                "network_mode": "",
                "no_cache": false,
                "platform": "",
                "pull_parent": false,
                "remote_context": "",
                "remove": true,
                "secrets": [],
                "security_opt": [],
                "session_id": "",
                "shm_size": 0,
                "squash": false,
                "suppress_output": false,
                "tag": [],
                "target": "",
                "ulimit": [],
                "version": ""
              }
            ],
            "force_remove": null,
            "id": "sha256:62a0c14b93516f3c58cf092bae1e38b879562753fc0b2ff76933e7c5e73e2c49api-service-frontend:latest",
            "image_id": "sha256:62a0c14b93516f3c58cf092bae1e38b879562753fc0b2ff76933e7c5e73e2c49",
            "keep_locally": true,
            "name": "api-service-frontend:latest",
            "platform": null,
            "pull_triggers": null,
            "repo_digest": "api-service-frontend@sha256:62a0c14b93516f3c58cf092bae1e38b879562753fc0b2ff76933e7c5e73e2c49",
            "timeouts": null,
            "triggers": {
              "dir_sha": "3240c50fe6b50e4cc230a32efc810dbd1acf77d16ff83bb7516baa1ecb065e8f"
            }
          },
          "sensitive_attributes": [],
          "identity_schema_version": 0,
          "private": "eyJlMmJmYjczMC1lY2FhLTExZTYtOGY4OC0zNDM2M2JjN2M0YzAiOnsiY3JlYXRlIjoxMjAwMDAwMDAwMDAwLCJkZWxldGUiOjEyMDAwMDAwMDAwMDAsInVwZGF0ZSI6MTIwMDAwMDAwMDAwMH19"
        }
      ]
    },
    {
      "mode": "managed",
      "type": "docker_image",
      "name": "bank_backend",
      "provider": "provider[\"registry.terraform.io/kreuzwerker/docker\"]",
      "instances": [
        {
          "schema_version": 0,
          "attributes": {
            "build": [
              {
                "additional_contexts": [],
                "auth_config": [],
                "build_args": {},
                "build_id": "",
                "build_log_file": "",
                "builder": "",
                "cache_from": [],
                "cache_to": [],
                "cgroup_parent": "",
                "context": "/home/saisakthi/Coding-Project/Projects/Finished Projects/Docker/Terraform/projects/Bank Manager/backend/bank_management",
                "cpu_period": 0,
                "cpu_quota": 0,
                "cpu_set_cpus": "",
                "cpu_set_mems": "",
                "cpu_shares": 0,
                "dockerfile": "Dockerfile",
                "extra_hosts": [],
                "force_remove": false,
                "isolation": "",
                "label": {},
                "labels": {},
                "memory": 0,
                "memory_swap": 0,
                "network_mode": "",
                "no_cache": false,
                "platform": "",
                "pull_parent": false,
                "remote_context": "",
                "remove": true,
                "secrets": [],
                "security_opt": [],
                "session_id": "",
                "shm_size": 0,
                "squash": false,
                "suppress_output": false,
                "tag": [],
                "target": "",
                "ulimit": [],
                "version": ""
              }
            ],
            "force_remove": null,
            "id": "sha256:3b6d249058355aaf2e3c4a5ffe308df7f3cd562db8606fb659dd83abdc522d67bankmanager-backend:latest",
            "image_id": "sha256:3b6d249058355aaf2e3c4a5ffe308df7f3cd562db8606fb659dd83abdc522d67",
            "keep_locally": true,
            "name": "bankmanager-backend:latest",
            "platform": null,
            "pull_triggers": null,
            "repo_digest": "bankmanager-backend@sha256:3b6d249058355aaf2e3c4a5ffe308df7f3cd562db8606fb659dd83abdc522d67",
            "timeouts": null,
            "triggers": {
              "dir_sha": "954f453310484be43048fb15eee37f40d67dbdae9c59565bcbb005277bcbc8d1"
            }
          },
          "sensitive_attributes": [],
          "identity_schema_version": 0,
          "private": "eyJlMmJmYjczMC1lY2FhLTExZTYtOGY4OC0zNDM2M2JjN2M0YzAiOnsiY3JlYXRlIjoxMjAwMDAwMDAwMDAwLCJkZWxldGUiOjEyMDAwMDAwMDAwMDAsInVwZGF0ZSI6MTIwMDAwMDAwMDAwMH19"
        }
      ]
    },
    {
      "mode": "managed",
      "type": "docker_image",
      "name": "bank_frontend_build",
      "provider": "provider[\"registry.terraform.io/kreuzwerker/docker\"]",
      "instances": [
        {
          "schema_version": 0,
          "attributes": {
            "build": [
              {
                "additional_contexts": [],
                "auth_config": [],
                "build_args": {},
                "build_id": "",
                "build_log_file": "",
                "builder": "",
                "cache_from": [],
                "cache_to": [],
                "cgroup_parent": "",
                "context": "/home/saisakthi/Coding-Project/Projects/Finished Projects/Docker/Terraform/projects/Bank Manager/frontend",
                "cpu_period": 0,
                "cpu_quota": 0,
                "cpu_set_cpus": "",
                "cpu_set_mems": "",
                "cpu_shares": 0,
                "dockerfile": "Dockerfile.prod",
                "extra_hosts": [],
                "force_remove": false,
                "isolation": "",
                "label": {},
                "labels": {},
                "memory": 0,
                "memory_swap": 0,
                "network_mode": "",
                "no_cache": false,
                "platform": "",
                "pull_parent": false,
                "remote_context": "",
                "remove": true,
                "secrets": [],
                "security_opt": [],
                "session_id": "",
                "shm_size": 0,
                "squash": false,
                "suppress_output": false,
                "tag": [],
                "target": "",
                "ulimit": [],
                "version": ""
              }
            ],
            "force_remove": null,
            "id": "sha256:e348201b15090aedf03314fe1207604e603fa9661f8b62f1bd914ac38f41842bbank-frontend-build:latest",
            "image_id": "sha256:e348201b15090aedf03314fe1207604e603fa9661f8b62f1bd914ac38f41842b",
            "keep_locally": true,
            "name": "bank-frontend-build:latest",
            "platform": null,
            "pull_triggers": null,
            "repo_digest": "bank-frontend-build@sha256:e348201b15090aedf03314fe1207604e603fa9661f8b62f1bd914ac38f41842b",
            "timeouts": null,
            "triggers": {
              "dir_sha": "99a957f77bdd8e7e6a6a5e298338fc660e4ad7b225d6493c2807dc65b9874b5e"
            }
          },
          "sensitive_attributes": [],
          "identity_schema_version": 0,
          "private": "eyJlMmJmYjczMC1lY2FhLTExZTYtOGY4OC0zNDM2M2JjN2M0YzAiOnsiY3JlYXRlIjoxMjAwMDAwMDAwMDAwLCJkZWxldGUiOjEyMDAwMDAwMDAwMDAsInVwZGF0ZSI6MTIwMDAwMDAwMDAwMH19"
        }
      ]
    },
    {
      "mode": "managed",
      "type": "docker_image",
      "name": "blog_website",
      "provider": "provider[\"registry.terraform.io/kreuzwerker/docker\"]",
      "instances": [
        {
          "schema_version": 0,
          "attributes": {
            "build": [
              {
                "additional_contexts": [],
                "auth_config": [],
                "build_args": null,
                "build_id": "",
                "build_log_file": "",
                "builder": "",
                "cache_from": [],
                "cache_to": [],
                "cgroup_parent": "",
                "context": "/home/saisakthi/Coding-Project/Projects/Finished Projects/Docker/Terraform/projects/Blog Website",
                "cpu_period": null,
                "cpu_quota": null,
                "cpu_set_cpus": "",
                "cpu_set_mems": "",
                "cpu_shares": null,
                "dockerfile": "Dockerfile",
                "extra_hosts": [],
                "force_remove": null,
                "isolation": "",
                "label": null,
                "labels": null,
                "memory": null,
                "memory_swap": null,
                "network_mode": "",
                "no_cache": null,
                "platform": "",
                "pull_parent": null,
                "remote_context": "",
                "remove": true,
                "secrets": [],
                "security_opt": [],
                "session_id": "",
                "shm_size": null,
                "squash": null,
                "suppress_output": null,
                "tag": [],
                "target": "",
                "ulimit": [],
                "version": ""
              }
            ],
            "force_remove": null,
            "id": "sha256:c1692883e13526f56bff6135ab5077664f6d2ab4ae45bc5428dfbfdf52d6d2d5blogsite:latest",
            "image_id": "sha256:c1692883e13526f56bff6135ab5077664f6d2ab4ae45bc5428dfbfdf52d6d2d5",
            "keep_locally": true,
            "name": "blogsite:latest",
            "platform": null,
            "pull_triggers": null,
            "repo_digest": "blogsite@sha256:c1692883e13526f56bff6135ab5077664f6d2ab4ae45bc5428dfbfdf52d6d2d5",
            "timeouts": null,
            "triggers": {
              "dir_sha": "e4861c40d467f9612112a32b0f2434ba085f3c6d20f81c02167be2d53d1b3665"
            }
          },
          "sensitive_attributes": [],
          "identity_schema_version": 0,
          "private": "eyJlMmJmYjczMC1lY2FhLTExZTYtOGY4OC0zNDM2M2JjN2M0YzAiOnsiY3JlYXRlIjoxMjAwMDAwMDAwMDAwLCJkZWxldGUiOjEyMDAwMDAwMDAwMDAsInVwZGF0ZSI6MTIwMDAwMDAwMDAwMH19"
        }
      ]
    },
    {
      "mode": "managed",
      "type": "docker_image",
      "name": "doc_backend",
      "provider": "provider[\"registry.terraform.io/kreuzwerker/docker\"]",
      "instances": [
        {
          "schema_version": 0,
          "attributes": {
            "build": [
              {
                "additional_contexts": [],
                "auth_config": [],
                "build_args": {},
                "build_id": "",
                "build_log_file": "",
                "builder": "",
                "cache_from": [],
                "cache_to": [],
                "cgroup_parent": "",
                "context": "/home/saisakthi/Coding-Project/Projects/Finished Projects/Docker/Terraform/projects/Document Intelligence Platform/backend/document_backend",
                "cpu_period": 0,
                "cpu_quota": 0,
                "cpu_set_cpus": "",
                "cpu_set_mems": "",
                "cpu_shares": 0,
                "dockerfile": "Dockerfile",
                "extra_hosts": [],
                "force_remove": false,
                "isolation": "",
                "label": {},
                "labels": {},
                "memory": 0,
                "memory_swap": 0,
                "network_mode": "",
                "no_cache": false,
                "platform": "",
                "pull_parent": false,
                "remote_context": "",
                "remove": true,
                "secrets": [],
                "security_opt": [],
                "session_id": "",
                "shm_size": 0,
                "squash": false,
                "suppress_output": false,
                "tag": [],
                "target": "",
                "ulimit": [],
                "version": ""
              }
            ],
            "force_remove": null,
            "id": "sha256:2870b0a1cebd9b9672cad917c35338ab2e3fcbbb32019f3c7112a4be1dae119edocumentintelligenceplatform-backend:latest",
            "image_id": "sha256:2870b0a1cebd9b9672cad917c35338ab2e3fcbbb32019f3c7112a4be1dae119e",
            "keep_locally": true,
            "name": "documentintelligenceplatform-backend:latest",
            "platform": null,
            "pull_triggers": null,
            "repo_digest": "documentintelligenceplatform-backend@sha256:2870b0a1cebd9b9672cad917c35338ab2e3fcbbb32019f3c7112a4be1dae119e",
            "timeouts": null,
            "triggers": {
              "dir_sha": "0a07b37035e2ccaaf8503cee26e9955d4766687400cadf88758e3aba205ad728"
            }
          },
          "sensitive_attributes": [],
          "identity_schema_version": 0,
          "private": "eyJlMmJmYjczMC1lY2FhLTExZTYtOGY4OC0zNDM2M2JjN2M0YzAiOnsiY3JlYXRlIjoxMjAwMDAwMDAwMDAwLCJkZWxldGUiOjEyMDAwMDAwMDAwMDAsInVwZGF0ZSI6MTIwMDAwMDAwMDAwMH19"
        }
      ]
    },
    {
      "mode": "managed",
      "type": "docker_image",
      "name": "doc_frontend_build",
      "provider": "provider[\"registry.terraform.io/kreuzwerker/docker\"]",
      "instances": [
        {
          "schema_version": 0,
          "attributes": {
            "build": [
              {
                "additional_contexts": [],
                "auth_config": [],
                "build_args": {},
                "build_id": "",
                "build_log_file": "",
                "builder": "",
                "cache_from": [],
                "cache_to": [],
                "cgroup_parent": "",
                "context": "/home/saisakthi/Coding-Project/Projects/Finished Projects/Docker/Terraform/projects/Document Intelligence Platform/frontend/document_frontend",
                "cpu_period": 0,
                "cpu_quota": 0,
                "cpu_set_cpus": "",
                "cpu_set_mems": "",
                "cpu_shares": 0,
                "dockerfile": "Dockerfile.prod",
                "extra_hosts": [],
                "force_remove": false,
                "isolation": "",
                "label": {},
                "labels": {},
                "memory": 0,
                "memory_swap": 0,
                "network_mode": "",
                "no_cache": false,
                "platform": "",
                "pull_parent": false,
                "remote_context": "",
                "remove": true,
                "secrets": [],
                "security_opt": [],
                "session_id": "",
                "shm_size": 0,
                "squash": false,
                "suppress_output": false,
                "tag": [],
                "target": "",
                "ulimit": [],
                "version": ""
              }
            ],
            "force_remove": null,
            "id": "sha256:e842c4480fcde61bfbc945e15d91a555b01aee7c7b73b029921bb0d9352f85fbdocumentintelligenceplatform-frontend:latest",
            "image_id": "sha256:e842c4480fcde61bfbc945e15d91a555b01aee7c7b73b029921bb0d9352f85fb",
            "keep_locally": true,
            "name": "documentintelligenceplatform-frontend:latest",
            "platform": null,
            "pull_triggers": null,
            "repo_digest": "documentintelligenceplatform-frontend@sha256:e842c4480fcde61bfbc945e15d91a555b01aee7c7b73b029921bb0d9352f85fb",
            "timeouts": null,
            "triggers": {
              "dir_sha": "428b900a0e349371938d04516f1413b18617f32ec25064563c12e6cde9213aff"
            }
          },
          "sensitive_attributes": [],
          "identity_schema_version": 0,
          "private": "eyJlMmJmYjczMC1lY2FhLTExZTYtOGY4OC0zNDM2M2JjN2M0YzAiOnsiY3JlYXRlIjoxMjAwMDAwMDAwMDAwLCJkZWxldGUiOjEyMDAwMDAwMDAwMDAsInVwZGF0ZSI6MTIwMDAwMDAwMDAwMH19"
        }
      ]
    },
    {
      "mode": "managed",
      "type": "docker_image",
      "name": "hospital_management",
      "provider": "provider[\"registry.terraform.io/kreuzwerker/docker\"]",
      "instances": [
        {
          "schema_version": 0,
          "attributes": {
            "build": [
              {
                "additional_contexts": [],
                "auth_config": [],
                "build_args": {},
                "build_id": "",
                "build_log_file": "",
                "builder": "",
                "cache_from": [],
                "cache_to": [],
                "cgroup_parent": "",
                "context": "/home/saisakthi/Coding-Project/Projects/Finished Projects/Docker/Terraform/projects/hospital_management",
                "cpu_period": 0,
                "cpu_quota": 0,
                "cpu_set_cpus": "",
                "cpu_set_mems": "",
                "cpu_shares": 0,
                "dockerfile": "Dockerfile",
                "extra_hosts": [],
                "force_remove": false,
                "isolation": "",
                "label": {},
                "labels": {},
                "memory": 0,
                "memory_swap": 0,
                "network_mode": "",
                "no_cache": false,
                "platform": "",
                "pull_parent": false,
                "remote_context": "",
                "remove": true,
                "secrets": [],
                "security_opt": [],
                "session_id": "",
                "shm_size": 0,
                "squash": false,
                "suppress_output": false,
                "tag": [],
                "target": "",
                "ulimit": [],
                "version": ""
              }
            ],
            "force_remove": null,
            "id": "sha256:c6552421910ce4e6a174d36e04e936189296fd7686c75861c1a625985195953fhospital_management:latest",
            "image_id": "sha256:c6552421910ce4e6a174d36e04e936189296fd7686c75861c1a625985195953f",
            "keep_locally": true,
            "name": "hospital_management:latest",
            "platform": null,
            "pull_triggers": null,
            "repo_digest": "hospital_management@sha256:c6552421910ce4e6a174d36e04e936189296fd7686c75861c1a625985195953f",
            "timeouts": null,
            "triggers": {
              "dir_sha": "58b98d198aed9d757c71c84c007a8b71499ae7677f53d7042e5324c3a8b45aae"
            }
          },
          "sensitive_attributes": [],
          "identity_schema_version": 0,
          "private": "eyJlMmJmYjczMC1lY2FhLTExZTYtOGY4OC0zNDM2M2JjN2M0YzAiOnsiY3JlYXRlIjoxMjAwMDAwMDAwMDAwLCJkZWxldGUiOjEyMDAwMDAwMDAwMDAsInVwZGF0ZSI6MTIwMDAwMDAwMDAwMH19"
        }
      ]
    },
    {
      "mode": "managed",
      "type": "docker_image",
      "name": "notes_backend",
      "provider": "provider[\"registry.terraform.io/kreuzwerker/docker\"]",
      "instances": [
        {
          "schema_version": 0,
          "attributes": {
            "build": [
              {
                "additional_contexts": [],
                "auth_config": [],
                "build_args": {},
                "build_id": "",
                "build_log_file": "",
                "builder": "",
                "cache_from": [],
                "cache_to": [],
                "cgroup_parent": "",
                "context": "/home/saisakthi/Coding-Project/Projects/Finished Projects/Docker/Terraform/projects/Notes App/backend",
                "cpu_period": 0,
                "cpu_quota": 0,
                "cpu_set_cpus": "",
                "cpu_set_mems": "",
                "cpu_shares": 0,
                "dockerfile": "Dockerfile",
                "extra_hosts": [],
                "force_remove": false,
                "isolation": "",
                "label": {},
                "labels": {},
                "memory": 0,
                "memory_swap": 0,
                "network_mode": "",
                "no_cache": false,
                "platform": "",
                "pull_parent": false,
                "remote_context": "",
                "remove": true,
                "secrets": [],
                "security_opt": [],
                "session_id": "",
                "shm_size": 0,
                "squash": false,
                "suppress_output": false,
                "tag": [],
                "target": "",
                "ulimit": [],
                "version": ""
              }
            ],
            "force_remove": null,
            "id": "sha256:9252e3d63e47dd94096d80806b8edaa63729991e62bb440507cb7568cfaac346notesapp-backend:latest",
            "image_id": "sha256:9252e3d63e47dd94096d80806b8edaa63729991e62bb440507cb7568cfaac346",
            "keep_locally": true,
            "name": "notesapp-backend:latest",
            "platform": null,
            "pull_triggers": null,
            "repo_digest": "notesapp-backend@sha256:9252e3d63e47dd94096d80806b8edaa63729991e62bb440507cb7568cfaac346",
            "timeouts": null,
            "triggers": {
              "dir_sha": "1509e4fc72b435176a888846c74629a6de05f4a7fe0735bc00f995b31caedf3d"
            }
          },
          "sensitive_attributes": [],
          "identity_schema_version": 0,
          "private": "eyJlMmJmYjczMC1lY2FhLTExZTYtOGY4OC0zNDM2M2JjN2M0YzAiOnsiY3JlYXRlIjoxMjAwMDAwMDAwMDAwLCJkZWxldGUiOjEyMDAwMDAwMDAwMDAsInVwZGF0ZSI6MTIwMDAwMDAwMDAwMH19"
        }
      ]
    },
    {
      "mode": "managed",
      "type": "docker_image",
      "name": "notes_frontend_build",
      "provider": "provider[\"registry.terraform.io/kreuzwerker/docker\"]",
      "instances": [
        {
          "schema_version": 0,
          "attributes": {
            "build": [
              {
                "additional_contexts": [],
                "auth_config": [],
                "build_args": {},
                "build_id": "",
                "build_log_file": "",
                "builder": "",
                "cache_from": [],
                "cache_to": [],
                "cgroup_parent": "",
                "context": "/home/saisakthi/Coding-Project/Projects/Finished Projects/Docker/Terraform/projects/Notes App/frontend/notes_app_frontend",
                "cpu_period": 0,
                "cpu_quota": 0,
                "cpu_set_cpus": "",
                "cpu_set_mems": "",
                "cpu_shares": 0,
                "dockerfile": "Dockerfile.prod",
                "extra_hosts": [],
                "force_remove": false,
                "isolation": "",
                "label": {},
                "labels": {},
                "memory": 0,
                "memory_swap": 0,
                "network_mode": "",
                "no_cache": false,
                "platform": "",
                "pull_parent": false,
                "remote_context": "",
                "remove": true,
                "secrets": [],
                "security_opt": [],
                "session_id": "",
                "shm_size": 0,
                "squash": false,
                "suppress_output": false,
                "tag": [],
                "target": "",
                "ulimit": [],
                "version": ""
              }
            ],
            "force_remove": null,
            "id": "sha256:b2a0504bdf2681f00d0a642add6a9b62e86624284e5e960615ff8ac2d69649b1notes-frontend-build:latest",
            "image_id": "sha256:b2a0504bdf2681f00d0a642add6a9b62e86624284e5e960615ff8ac2d69649b1",
            "keep_locally": true,
            "name": "notes-frontend-build:latest",
            "platform": null,
            "pull_triggers": null,
            "repo_digest": "notes-frontend-build@sha256:b2a0504bdf2681f00d0a642add6a9b62e86624284e5e960615ff8ac2d69649b1",
            "timeouts": null,
            "triggers": {
              "dir_sha": "f48414e28cc1c7b4b51c11beb8fa792449e7570121d34755d4fe8a1f24b50842"
            }
          },
          "sensitive_attributes": [],
          "identity_schema_version": 0,
          "private": "eyJlMmJmYjczMC1lY2FhLTExZTYtOGY4OC0zNDM2M2JjN2M0YzAiOnsiY3JlYXRlIjoxMjAwMDAwMDAwMDAwLCJkZWxldGUiOjEyMDAwMDAwMDAwMDAsInVwZGF0ZSI6MTIwMDAwMDAwMDAwMH19"
        }
      ]
    },
    {
      "mode": "managed",
      "type": "docker_image",
      "name": "quiz_frontend_build",
      "provider": "provider[\"registry.terraform.io/kreuzwerker/docker\"]",
      "instances": [
        {
          "schema_version": 0,
          "attributes": {
            "build": [
              {
                "additional_contexts": [],
                "auth_config": [],
                "build_args": {},
                "build_id": "",
                "build_log_file": "",
                "builder": "",
                "cache_from": [],
                "cache_to": [],
                "cgroup_parent": "",
                "context": "/home/saisakthi/Coding-Project/Projects/Finished Projects/Docker/Terraform/projects/Quiz App/quiz-app",
                "cpu_period": 0,
                "cpu_quota": 0,
                "cpu_set_cpus": "",
                "cpu_set_mems": "",
                "cpu_shares": 0,
                "dockerfile": "Dockerfile.prod",
                "extra_hosts": [],
                "force_remove": false,
                "isolation": "",
                "label": {},
                "labels": {},
                "memory": 0,
                "memory_swap": 0,
                "network_mode": "",
                "no_cache": false,
                "platform": "",
                "pull_parent": false,
                "remote_context": "",
                "remove": true,
                "secrets": [],
                "security_opt": [],
                "session_id": "",
                "shm_size": 0,
                "squash": false,
                "suppress_output": false,
                "tag": [],
                "target": "",
                "ulimit": [],
                "version": ""
              }
            ],
            "force_remove": null,
            "id": "sha256:5965fc1a32bce626769f77f704f136f067f5d1d4d31f47b605023f1d72928b22quiz-frontend-build:latest",
            "image_id": "sha256:5965fc1a32bce626769f77f704f136f067f5d1d4d31f47b605023f1d72928b22",
            "keep_locally": true,
            "name": "quiz-frontend-build:latest",
            "platform": null,
            "pull_triggers": null,
            "repo_digest": "quiz-frontend-build@sha256:5965fc1a32bce626769f77f704f136f067f5d1d4d31f47b605023f1d72928b22",
            "timeouts": null,
            "triggers": {
              "dir_sha": "c3faaa8cf37d6d96ff40ba548874c5b2bec466f93bcd9cf7596ebff859555f59"
            }
          },
          "sensitive_attributes": [],
          "identity_schema_version": 0,
          "private": "eyJlMmJmYjczMC1lY2FhLTExZTYtOGY4OC0zNDM2M2JjN2M0YzAiOnsiY3JlYXRlIjoxMjAwMDAwMDAwMDAwLCJkZWxldGUiOjEyMDAwMDAwMDAwMDAsInVwZGF0ZSI6MTIwMDAwMDAwMDAwMH19"
        }
      ]
    },
    {
      "mode": "managed",
      "type": "docker_image",
      "name": "social_django",
      "provider": "provider[\"registry.terraform.io/kreuzwerker/docker\"]",
      "instances": [
        {
          "schema_version": 0,
          "attributes": {
            "build": [
              {
                "additional_contexts": [],
                "auth_config": [],
                "build_args": {},
                "build_id": "",
                "build_log_file": "",
                "builder": "",
                "cache_from": [],
                "cache_to": [],
                "cgroup_parent": "",
                "context": "/home/saisakthi/Coding-Project/Projects/Finished Projects/Docker/Terraform/projects/Social Media App/apps/backend",
                "cpu_period": 0,
                "cpu_quota": 0,
                "cpu_set_cpus": "",
                "cpu_set_mems": "",
                "cpu_shares": 0,
                "dockerfile": "Dockerfile",
                "extra_hosts": [],
                "force_remove": false,
                "isolation": "",
                "label": {},
                "labels": {},
                "memory": 0,
                "memory_swap": 0,
                "network_mode": "",
                "no_cache": false,
                "platform": "",
                "pull_parent": false,
                "remote_context": "",
                "remove": true,
                "secrets": [],
                "security_opt": [],
                "session_id": "",
                "shm_size": 0,
                "squash": false,
                "suppress_output": false,
                "tag": [],
                "target": "",
                "ulimit": [],
                "version": ""
              }
            ],
            "force_remove": null,
            "id": "sha256:628b9e9c7fbfb33e6cc3864eb72c9630f8516afb071ad25b734bec617a065b93socialmediaapp-django:latest",
            "image_id": "sha256:628b9e9c7fbfb33e6cc3864eb72c9630f8516afb071ad25b734bec617a065b93",
            "keep_locally": true,
            "name": "socialmediaapp-django:latest",
            "platform": null,
            "pull_triggers": null,
            "repo_digest": "socialmediaapp-django@sha256:628b9e9c7fbfb33e6cc3864eb72c9630f8516afb071ad25b734bec617a065b93",
            "timeouts": null,
            "triggers": {
              "dir_sha": "54e89b109eaa468050777734d0a95a623142c7c14bdfe409614f40aafe72ca97"
            }
          },
          "sensitive_attributes": [],
          "identity_schema_version": 0,
          "private": "eyJlMmJmYjczMC1lY2FhLTExZTYtOGY4OC0zNDM2M2JjN2M0YzAiOnsiY3JlYXRlIjoxMjAwMDAwMDAwMDAwLCJkZWxldGUiOjEyMDAwMDAwMDAwMDAsInVwZGF0ZSI6MTIwMDAwMDAwMDAwMH19"
        }
      ]
    },
    {
      "mode": "managed",
      "type": "docker_image",
      "name": "social_frontend",
      "provider": "provider[\"registry.terraform.io/kreuzwerker/docker\"]",
      "instances": [
        {
          "schema_version": 0,
          "attributes": {
            "build": [
              {
                "additional_contexts": [],
                "auth_config": [],
                "build_args": {},
                "build_id": "",
                "build_log_file": "",
                "builder": "",
                "cache_from": [],
                "cache_to": [],
                "cgroup_parent": "",
                "context": "/home/saisakthi/Coding-Project/Projects/Finished Projects/Docker/Terraform/projects/Social Media App/apps/frontend",
                "cpu_period": 0,
                "cpu_quota": 0,
                "cpu_set_cpus": "",
                "cpu_set_mems": "",
                "cpu_shares": 0,
                "dockerfile": "Dockerfile",
                "extra_hosts": [],
                "force_remove": false,
                "isolation": "",
                "label": {},
                "labels": {},
                "memory": 0,
                "memory_swap": 0,
                "network_mode": "",
                "no_cache": false,
                "platform": "",
                "pull_parent": false,
                "remote_context": "",
                "remove": true,
                "secrets": [],
                "security_opt": [],
                "session_id": "",
                "shm_size": 0,
                "squash": false,
                "suppress_output": false,
                "tag": [],
                "target": "",
                "ulimit": [],
                "version": ""
              }
            ],
            "force_remove": null,
            "id": "sha256:cb9abcc7e11ae219ee7e8d55143a45b821ea1f716e9d03083dc05fdc535b0bb9socialmediaapp-frontend-prod:latest",
            "image_id": "sha256:cb9abcc7e11ae219ee7e8d55143a45b821ea1f716e9d03083dc05fdc535b0bb9",
            "keep_locally": true,
            "name": "socialmediaapp-frontend-prod:latest",
            "platform": null,
            "pull_triggers": null,
            "repo_digest": "socialmediaapp-frontend-prod@sha256:cb9abcc7e11ae219ee7e8d55143a45b821ea1f716e9d03083dc05fdc535b0bb9",
            "timeouts": null,
            "triggers": {
              "dir_sha": "51a53272f01f62381b0f28b790d54bfbeb222e2044904267ff5e68ae38709680"
            }
          },
          "sensitive_attributes": [],
          "identity_schema_version": 0,
          "private": "eyJlMmJmYjczMC1lY2FhLTExZTYtOGY4OC0zNDM2M2JjN2M0YzAiOnsiY3JlYXRlIjoxMjAwMDAwMDAwMDAwLCJkZWxldGUiOjEyMDAwMDAwMDAwMDAsInVwZGF0ZSI6MTIwMDAwMDAwMDAwMH19"
        }
      ]
    },
    {
      "mode": "managed",
      "type": "docker_image",
      "name": "social_go",
      "provider": "provider[\"registry.terraform.io/kreuzwerker/docker\"]",
      "instances": [
        {
          "schema_version": 0,
          "attributes": {
            "build": [
              {
                "additional_contexts": [],
                "auth_config": [],
                "build_args": {},
                "build_id": "",
                "build_log_file": "",
                "builder": "",
                "cache_from": [],
                "cache_to": [],
                "cgroup_parent": "",
                "context": "/home/saisakthi/Coding-Project/Projects/Finished Projects/Docker/Terraform/projects/Social Media App/apps/microservice-go",
                "cpu_period": 0,
                "cpu_quota": 0,
                "cpu_set_cpus": "",
                "cpu_set_mems": "",
                "cpu_shares": 0,
                "dockerfile": "Dockerfile",
                "extra_hosts": [],
                "force_remove": false,
                "isolation": "",
                "label": {},
                "labels": {},
                "memory": 0,
                "memory_swap": 0,
                "network_mode": "",
                "no_cache": false,
                "platform": "",
                "pull_parent": false,
                "remote_context": "",
                "remove": true,
                "secrets": [],
                "security_opt": [],
                "session_id": "",
                "shm_size": 0,
                "squash": false,
                "suppress_output": false,
                "tag": [],
                "target": "",
                "ulimit": [],
                "version": ""
              }
            ],
            "force_remove": null,
            "id": "sha256:bf44a74411d36e5d855e8fd5082c502bcea5cf9c0d26454d015fe42fedb5173csocialmediaapp-microservice-go:latest",
            "image_id": "sha256:bf44a74411d36e5d855e8fd5082c502bcea5cf9c0d26454d015fe42fedb5173c",
            "keep_locally": true,
            "name": "socialmediaapp-microservice-go:latest",
            "platform": null,
            "pull_triggers": null,
            "repo_digest": "socialmediaapp-microservice-go@sha256:bf44a74411d36e5d855e8fd5082c502bcea5cf9c0d26454d015fe42fedb5173c",
            "timeouts": null,
            "triggers": {
              "dir_sha": "8ce2cf654ab46701f44eb1418321f7d1c73e342308a4b4aeeb8e33742c545540"
            }
          },
          "sensitive_attributes": [],
          "identity_schema_version": 0,
          "private": "eyJlMmJmYjczMC1lY2FhLTExZTYtOGY4OC0zNDM2M2JjN2M0YzAiOnsiY3JlYXRlIjoxMjAwMDAwMDAwMDAwLCJkZWxldGUiOjEyMDAwMDAwMDAwMDAsInVwZGF0ZSI6MTIwMDAwMDAwMDAwMH19"
        }
      ]
    },
    {
      "mode": "managed",
      "type": "docker_image",
      "name": "social_java",
      "provider": "provider[\"registry.terraform.io/kreuzwerker/docker\"]",
      "instances": [
        {
          "schema_version": 0,
          "attributes": {
            "build": [
              {
                "additional_contexts": [],
                "auth_config": [],
                "build_args": {},
                "build_id": "",
                "build_log_file": "",
                "builder": "",
                "cache_from": [],
                "cache_to": [],
                "cgroup_parent": "",
                "context": "/home/saisakthi/Coding-Project/Projects/Finished Projects/Docker/Terraform/projects/Social Media App/apps/microservice-java",
                "cpu_period": 0,
                "cpu_quota": 0,
                "cpu_set_cpus": "",
                "cpu_set_mems": "",
                "cpu_shares": 0,
                "dockerfile": "Dockerfile",
                "extra_hosts": [],
                "force_remove": false,
                "isolation": "",
                "label": {},
                "labels": {},
                "memory": 0,
                "memory_swap": 0,
                "network_mode": "",
                "no_cache": false,
                "platform": "",
                "pull_parent": false,
                "remote_context": "",
                "remove": true,
                "secrets": [],
                "security_opt": [],
                "session_id": "",
                "shm_size": 0,
                "squash": false,
                "suppress_output": false,
                "tag": [],
                "target": "",
                "ulimit": [],
                "version": ""
              }
            ],
            "force_remove": null,
            "id": "sha256:b93a7b64628d7fa56217fdae6501ff840f6440a119c4777bfdeb8a8abd0c39b9socialmediaapp-microservice-java:latest",
            "image_id": "sha256:b93a7b64628d7fa56217fdae6501ff840f6440a119c4777bfdeb8a8abd0c39b9",
            "keep_locally": true,
            "name": "socialmediaapp-microservice-java:latest",
            "platform": null,
            "pull_triggers": null,
            "repo_digest": "socialmediaapp-microservice-java@sha256:b93a7b64628d7fa56217fdae6501ff840f6440a119c4777bfdeb8a8abd0c39b9",
            "timeouts": null,
            "triggers": {
              "dir_sha": "600e3c8494fcf51c63fc4857c93ad14b49972b8a7cde9627eb44a3d00b4b4414"
            }
          },
          "sensitive_attributes": [],
          "identity_schema_version": 0,
          "private": "eyJlMmJmYjczMC1lY2FhLTExZTYtOGY4OC0zNDM2M2JjN2M0YzAiOnsiY3JlYXRlIjoxMjAwMDAwMDAwMDAwLCJkZWxldGUiOjEyMDAwMDAwMDAwMDAsInVwZGF0ZSI6MTIwMDAwMDAwMDAwMH19"
        }
      ]
    },
    {
      "mode": "managed",
      "type": "docker_image",
      "name": "social_minio",
      "provider": "provider[\"registry.terraform.io/kreuzwerker/docker\"]",
      "instances": [
        {
          "schema_version": 0,
          "attributes": {
            "build": [
              {
                "additional_contexts": [],
                "auth_config": [],
                "build_args": {},
                "build_id": "",
                "build_log_file": "",
                "builder": "",
                "cache_from": [],
                "cache_to": [],
                "cgroup_parent": "",
                "context": "/home/saisakthi/Coding-Project/Projects/Finished Projects/Docker/Terraform/projects/Social Media App/storage/minio",
                "cpu_period": 0,
                "cpu_quota": 0,
                "cpu_set_cpus": "",
                "cpu_set_mems": "",
                "cpu_shares": 0,
                "dockerfile": "Dockerfile",
                "extra_hosts": [],
                "force_remove": false,
                "isolation": "",
                "label": {},
                "labels": {},
                "memory": 0,
                "memory_swap": 0,
                "network_mode": "",
                "no_cache": false,
                "platform": "",
                "pull_parent": false,
                "remote_context": "",
                "remove": true,
                "secrets": [],
                "security_opt": [],
                "session_id": "",
                "shm_size": 0,
                "squash": false,
                "suppress_output": false,
                "tag": [],
                "target": "",
                "ulimit": [],
                "version": ""
              }
            ],
            "force_remove": null,
            "id": "sha256:f88bf58cfaf7cb2a37a0a72eb35a5f7fe9719b41d802325cdbe32a3198975be6socialmediaapp-minio:latest",
            "image_id": "sha256:f88bf58cfaf7cb2a37a0a72eb35a5f7fe9719b41d802325cdbe32a3198975be6",
            "keep_locally": true,
            "name": "socialmediaapp-minio:latest",
            "platform": null,
            "pull_triggers": null,
            "repo_digest": "socialmediaapp-minio@sha256:f88bf58cfaf7cb2a37a0a72eb35a5f7fe9719b41d802325cdbe32a3198975be6",
            "timeouts": null,
            "triggers": {
              "dir_sha": "04e3ada876f6a88fcbb4efe2c1c8928c3a8ad16fcb2de5324872761ef042c0f9"
            }
          },
          "sensitive_attributes": [],
          "identity_schema_version": 0,
          "private": "eyJlMmJmYjczMC1lY2FhLTExZTYtOGY4OC0zNDM2M2JjN2M0YzAiOnsiY3JlYXRlIjoxMjAwMDAwMDAwMDAwLCJkZWxldGUiOjEyMDAwMDAwMDAwMDAsInVwZGF0ZSI6MTIwMDAwMDAwMDAwMH19"
        }
      ]
    },
    {
      "mode": "managed",
      "type": "docker_image",
      "name": "video_backend",
      "provider": "provider[\"registry.terraform.io/kreuzwerker/docker\"]",
      "instances": [
        {
          "schema_version": 0,
          "attributes": {
            "build": [
              {
                "additional_contexts": [],
                "auth_config": [],
                "build_args": {},
                "build_id": "",
                "build_log_file": "",
                "builder": "",
                "cache_from": [],
                "cache_to": [],
                "cgroup_parent": "",
                "context": "/home/saisakthi/Coding-Project/Projects/Finished Projects/Docker/Terraform/projects/Video Uploader/Main/backend",
                "cpu_period": 0,
                "cpu_quota": 0,
                "cpu_set_cpus": "",
                "cpu_set_mems": "",
                "cpu_shares": 0,
                "dockerfile": "Dockerfile",
                "extra_hosts": [],
                "force_remove": false,
                "isolation": "",
                "label": {},
                "labels": {},
                "memory": 0,
                "memory_swap": 0,
                "network_mode": "",
                "no_cache": false,
                "platform": "",
                "pull_parent": false,
                "remote_context": "",
                "remove": true,
                "secrets": [],
                "security_opt": [],
                "session_id": "",
                "shm_size": 0,
                "squash": false,
                "suppress_output": false,
                "tag": [],
                "target": "",
                "ulimit": [],
                "version": ""
              }
            ],
            "force_remove": null,
            "id": "sha256:2ccd32c6959e9c85ced6ceda382ec8052ef83ce434b842d40262dc476a24c9e3video-uploader-backend:latest",
            "image_id": "sha256:2ccd32c6959e9c85ced6ceda382ec8052ef83ce434b842d40262dc476a24c9e3",
            "keep_locally": true,
            "name": "video-uploader-backend:latest",
            "platform": null,
            "pull_triggers": null,
            "repo_digest": "video-uploader-backend@sha256:2ccd32c6959e9c85ced6ceda382ec8052ef83ce434b842d40262dc476a24c9e3",
            "timeouts": null,
            "triggers": {
              "dir_sha": "409302ecaf1dcf178be318794c3b4bc975f2e8def10b7a45153ad38d3045bdb3"
            }
          },
          "sensitive_attributes": [],
          "identity_schema_version": 0,
          "private": "eyJlMmJmYjczMC1lY2FhLTExZTYtOGY4OC0zNDM2M2JjN2M0YzAiOnsiY3JlYXRlIjoxMjAwMDAwMDAwMDAwLCJkZWxldGUiOjEyMDAwMDAwMDAwMDAsInVwZGF0ZSI6MTIwMDAwMDAwMDAwMH19"
        }
      ]
    },
    {
      "mode": "managed",
      "type": "docker_image",
      "name": "video_frontend_build",
      "provider": "provider[\"registry.terraform.io/kreuzwerker/docker\"]",
      "instances": [
        {
          "schema_version": 0,
          "attributes": {
            "build": [
              {
                "additional_contexts": [],
                "auth_config": [],
                "build_args": {},
                "build_id": "",
                "build_log_file": "",
                "builder": "",
                "cache_from": [],
                "cache_to": [],
                "cgroup_parent": "",
                "context": "/home/saisakthi/Coding-Project/Projects/Finished Projects/Docker/Terraform/projects/Video Uploader/Main/frontend/video-uploader",
                "cpu_period": 0,
                "cpu_quota": 0,
                "cpu_set_cpus": "",
                "cpu_set_mems": "",
                "cpu_shares": 0,
                "dockerfile": "Dockerfile.prod",
                "extra_hosts": [],
                "force_remove": false,
                "isolation": "",
                "label": {},
                "labels": {},
                "memory": 0,
                "memory_swap": 0,
                "network_mode": "",
                "no_cache": false,
                "platform": "",
                "pull_parent": false,
                "remote_context": "",
                "remove": true,
                "secrets": [],
                "security_opt": [],
                "session_id": "",
                "shm_size": 0,
                "squash": false,
                "suppress_output": false,
                "tag": [],
                "target": "",
                "ulimit": [],
                "version": ""
              }
            ],
            "force_remove": null,
            "id": "sha256:29352014ccf280eb480b86f975b8ea9980473fd96ada05d0654ba08162a4d53bvideo-frontend-build:latest",
            "image_id": "sha256:29352014ccf280eb480b86f975b8ea9980473fd96ada05d0654ba08162a4d53b",
            "keep_locally": true,
            "name": "video-frontend-build:latest",
            "platform": null,
            "pull_triggers": null,
            "repo_digest": "video-frontend-build@sha256:29352014ccf280eb480b86f975b8ea9980473fd96ada05d0654ba08162a4d53b",
            "timeouts": null,
            "triggers": {
              "dir_sha": "a0dd4347cdd33f2775f0a8046eebe45970d455cc458ea0dd46cd2c928ae81e4a"
            }
          },
          "sensitive_attributes": [],
          "identity_schema_version": 0,
          "private": "eyJlMmJmYjczMC1lY2FhLTExZTYtOGY4OC0zNDM2M2JjN2M0YzAiOnsiY3JlYXRlIjoxMjAwMDAwMDAwMDAwLCJkZWxldGUiOjEyMDAwMDAwMDAwMDAsInVwZGF0ZSI6MTIwMDAwMDAwMDAwMH19"
        }
      ]
    },
    {
      "mode": "managed",
      "type": "docker_network",
      "name": "gateway_net",
      "provider": "provider[\"registry.terraform.io/kreuzwerker/docker\"]",
      "instances": [
        {
          "schema_version": 1,
          "attributes": {
            "attachable": false,
            "check_duplicate": null,
            "driver": "bridge",
            "id": "f7a61a3499d3e3b65652b1c576dbe886a158132497930d33936cb1906d0419b9",
            "ingress": false,
            "internal": false,
            "ipam_config": [
              {
                "aux_address": {},
                "gateway": "172.19.0.1",
                "ip_range": "",
                "subnet": "172.19.0.0/16"
              }
            ],
            "ipam_driver": "default",
            "ipam_options": {},
            "ipv6": false,
            "labels": [],
            "name": "gateway-net",
            "options": {
              "com.docker.network.enable_ipv4": "true",
              "com.docker.network.enable_ipv6": "false"
            },
            "scope": "local"
          },
          "sensitive_attributes": [],
          "identity_schema_version": 0,
          "private": "eyJzY2hlbWFfdmVyc2lvbiI6IjEifQ=="
        }
      ]
    },
    {
      "mode": "managed",
      "type": "docker_volume",
      "name": "api_dist",
      "provider": "provider[\"registry.terraform.io/kreuzwerker/docker\"]",
      "instances": [
        {
          "schema_version": 1,
          "attributes": {
            "cluster": [],
            "driver": "local",
            "driver_opts": {},
            "id": "gateway_api-dist",
            "labels": [],
            "mountpoint": "/var/lib/docker/volumes/gateway_api-dist/_data",
            "name": "gateway_api-dist"
          },
          "sensitive_attributes": [],
          "identity_schema_version": 0,
          "private": "eyJzY2hlbWFfdmVyc2lvbiI6IjEifQ=="
        }
      ]
    },
    {
      "mode": "managed",
      "type": "docker_volume",
      "name": "bank_dist",
      "provider": "provider[\"registry.terraform.io/kreuzwerker/docker\"]",
      "instances": [
        {
          "schema_version": 1,
          "attributes": {
            "cluster": [],
            "driver": "local",
            "driver_opts": {},
            "id": "gateway_bank-dist",
            "labels": [],
            "mountpoint": "/var/lib/docker/volumes/gateway_bank-dist/_data",
            "name": "gateway_bank-dist"
          },
          "sensitive_attributes": [],
          "identity_schema_version": 0,
          "private": "eyJzY2hlbWFfdmVyc2lvbiI6IjEifQ=="
        }
      ]
    },
    {
      "mode": "managed",
      "type": "docker_volume",
      "name": "bank_pgdata",
      "provider": "provider[\"registry.terraform.io/kreuzwerker/docker\"]",
      "instances": [
        {
          "schema_version": 1,
          "attributes": {
            "cluster": [],
            "driver": "local",
            "driver_opts": {},
            "id": "gateway_bank-pgdata",
            "labels": [],
            "mountpoint": "/var/lib/docker/volumes/gateway_bank-pgdata/_data",
            "name": "gateway_bank-pgdata"
          },
          "sensitive_attributes": [],
          "identity_schema_version": 0,
          "private": "eyJzY2hlbWFfdmVyc2lvbiI6IjEifQ=="
        }
      ]
    },
    {
      "mode": "managed",
      "type": "docker_volume",
      "name": "blog_minio",
      "provider": "provider[\"registry.terraform.io/kreuzwerker/docker\"]",
      "instances": [
        {
          "schema_version": 1,
          "attributes": {
            "cluster": [],
            "driver": "local",
            "driver_opts": {},
            "id": "gateway_blog-minio",
            "labels": [],
            "mountpoint": "/var/lib/docker/volumes/gateway_blog-minio/_data",
            "name": "gateway_blog-minio"
          },
          "sensitive_attributes": [],
          "identity_schema_version": 0,
          "private": "eyJzY2hlbWFfdmVyc2lvbiI6IjEifQ=="
        }
      ]
    },
    {
      "mode": "managed",
      "type": "docker_volume",
      "name": "blog_mysql",
      "provider": "provider[\"registry.terraform.io/kreuzwerker/docker\"]",
      "instances": [
        {
          "schema_version": 1,
          "attributes": {
            "cluster": [],
            "driver": "local",
            "driver_opts": {},
            "id": "gateway_blog-mysql",
            "labels": [],
            "mountpoint": "/var/lib/docker/volumes/gateway_blog-mysql/_data",
            "name": "gateway_blog-mysql"
          },
          "sensitive_attributes": [],
          "identity_schema_version": 0,
          "private": "eyJzY2hlbWFfdmVyc2lvbiI6IjEifQ=="
        }
      ]
    },
    {
      "mode": "managed",
      "type": "docker_volume",
      "name": "doc_dist",
      "provider": "provider[\"registry.terraform.io/kreuzwerker/docker\"]",
      "instances": [
        {
          "schema_version": 1,
          "attributes": {
            "cluster": [],
            "driver": "local",
            "driver_opts": {},
            "id": "gateway_doc-dist",
            "labels": [],
            "mountpoint": "/var/lib/docker/volumes/gateway_doc-dist/_data",
            "name": "gateway_doc-dist"
          },
          "sensitive_attributes": [],
          "identity_schema_version": 0,
          "private": "eyJzY2hlbWFfdmVyc2lvbiI6IjEifQ=="
        }
      ]
    },
    {
      "mode": "managed",
      "type": "docker_volume",
      "name": "doc_minio",
      "provider": "provider[\"registry.terraform.io/kreuzwerker/docker\"]",
      "instances": [
        {
          "schema_version": 1,
          "attributes": {
            "cluster": [],
            "driver": "local",
            "driver_opts": {},
            "id": "gateway_doc-minio",
            "labels": [],
            "mountpoint": "/var/lib/docker/volumes/gateway_doc-minio/_data",
            "name": "gateway_doc-minio"
          },
          "sensitive_attributes": [],
          "identity_schema_version": 0,
          "private": "eyJzY2hlbWFfdmVyc2lvbiI6IjEifQ=="
        }
      ]
    },
    {
      "mode": "managed",
      "type": "docker_volume",
      "name": "doc_mysql",
      "provider": "provider[\"registry.terraform.io/kreuzwerker/docker\"]",
      "instances": [
        {
          "schema_version": 1,
          "attributes": {
            "cluster": [],
            "driver": "local",
            "driver_opts": {},
            "id": "gateway_doc-mysql",
            "labels": [],
            "mountpoint": "/var/lib/docker/volumes/gateway_doc-mysql/_data",
            "name": "gateway_doc-mysql"
          },
          "sensitive_attributes": [],
          "identity_schema_version": 0,
          "private": "eyJzY2hlbWFfdmVyc2lvbiI6IjEifQ=="
        }
      ]
    },
    {
      "mode": "managed",
      "type": "docker_volume",
      "name": "intro_dist",
      "provider": "provider[\"registry.terraform.io/kreuzwerker/docker\"]",
      "instances": [
        {
          "schema_version": 1,
          "attributes": {
            "cluster": [],
            "driver": "local",
            "driver_opts": {},
            "id": "gateway_intro-dist",
            "labels": [],
            "mountpoint": "/var/lib/docker/volumes/gateway_intro-dist/_data",
            "name": "gateway_intro-dist"
          },
          "sensitive_attributes": [],
          "identity_schema_version": 0,
          "private": "eyJzY2hlbWFfdmVyc2lvbiI6IjEifQ=="
        }
      ]
    },
    {
      "mode": "managed",
      "type": "docker_volume",
      "name": "notes_dist",
      "provider": "provider[\"registry.terraform.io/kreuzwerker/docker\"]",
      "instances": [
        {
          "schema_version": 1,
          "attributes": {
            "cluster": [],
            "driver": "local",
            "driver_opts": {},
            "id": "gateway_notes-dist",
            "labels": [],
            "mountpoint": "/var/lib/docker/volumes/gateway_notes-dist/_data",
            "name": "gateway_notes-dist"
          },
          "sensitive_attributes": [],
          "identity_schema_version": 0,
          "private": "eyJzY2hlbWFfdmVyc2lvbiI6IjEifQ=="
        }
      ]
    },
    {
      "mode": "managed",
      "type": "docker_volume",
      "name": "notes_media",
      "provider": "provider[\"registry.terraform.io/kreuzwerker/docker\"]",
      "instances": [
        {
          "schema_version": 1,
          "attributes": {
            "cluster": [],
            "driver": "local",
            "driver_opts": {},
            "id": "gateway_notes-media",
            "labels": [],
            "mountpoint": "/var/lib/docker/volumes/gateway_notes-media/_data",
            "name": "gateway_notes-media"
          },
          "sensitive_attributes": [],
          "identity_schema_version": 0,
          "private": "eyJzY2hlbWFfdmVyc2lvbiI6IjEifQ=="
        }
      ]
    },
    {
      "mode": "managed",
      "type": "docker_volume",
      "name": "notes_pgdata",
      "provider": "provider[\"registry.terraform.io/kreuzwerker/docker\"]",
      "instances": [
        {
          "schema_version": 1,
          "attributes": {
            "cluster": [],
            "driver": "local",
            "driver_opts": {},
            "id": "gateway_notes-pgdata",
            "labels": [],
            "mountpoint": "/var/lib/docker/volumes/gateway_notes-pgdata/_data",
            "name": "gateway_notes-pgdata"
          },
          "sensitive_attributes": [],
          "identity_schema_version": 0,
          "private": "eyJzY2hlbWFfdmVyc2lvbiI6IjEifQ=="
        }
      ]
    },
    {
      "mode": "managed",
      "type": "docker_volume",
      "name": "notes_static",
      "provider": "provider[\"registry.terraform.io/kreuzwerker/docker\"]",
      "instances": [
        {
          "schema_version": 1,
          "attributes": {
            "cluster": [],
            "driver": "local",
            "driver_opts": {},
            "id": "gateway_notes-static",
            "labels": [],
            "mountpoint": "/var/lib/docker/volumes/gateway_notes-static/_data",
            "name": "gateway_notes-static"
          },
          "sensitive_attributes": [],
          "identity_schema_version": 0,
          "private": "eyJzY2hlbWFfdmVyc2lvbiI6IjEifQ=="
        }
      ]
    },
    {
      "mode": "managed",
      "type": "docker_volume",
      "name": "quiz_dist",
      "provider": "provider[\"registry.terraform.io/kreuzwerker/docker\"]",
      "instances": [
        {
          "schema_version": 1,
          "attributes": {
            "cluster": [],
            "driver": "local",
            "driver_opts": {},
            "id": "gateway_quiz-dist",
            "labels": [],
            "mountpoint": "/var/lib/docker/volumes/gateway_quiz-dist/_data",
            "name": "gateway_quiz-dist"
          },
          "sensitive_attributes": [],
          "identity_schema_version": 0,
          "private": "eyJzY2hlbWFfdmVyc2lvbiI6IjEifQ=="
        }
      ]
    },
    {
      "mode": "managed",
      "type": "docker_volume",
      "name": "video_dist",
      "provider": "provider[\"registry.terraform.io/kreuzwerker/docker\"]",
      "instances": [
        {
          "schema_version": 1,
          "attributes": {
            "cluster": [],
            "driver": "local",
            "driver_opts": {},
            "id": "gateway_video-dist",
            "labels": [],
            "mountpoint": "/var/lib/docker/volumes/gateway_video-dist/_data",
            "name": "gateway_video-dist"
          },
          "sensitive_attributes": [],
          "identity_schema_version": 0,
          "private": "eyJzY2hlbWFfdmVyc2lvbiI6IjEifQ=="
        }
      ]
    },
    {
      "mode": "managed",
      "type": "helm_release",
      "name": "ingress_nginx",
      "provider": "provider[\"registry.terraform.io/hashicorp/helm\"]",
      "instances": [
        {
          "schema_version": 1,
          "attributes": {
            "atomic": false,
            "chart": "ingress-nginx",
            "cleanup_on_fail": false,
            "create_namespace": true,
            "dependency_update": false,
            "description": null,
            "devel": null,
            "disable_crd_hooks": false,
            "disable_openapi_validation": false,
            "disable_webhooks": false,
            "force_update": false,
            "id": "ingress-nginx",
            "keyring": null,
            "lint": false,
            "manifest": null,
            "max_history": 0,
            "metadata": [
              {
                "app_version": "1.15.1",
                "chart": "ingress-nginx",
                "first_deployed": 1777261240,
                "last_deployed": 1777261240,
                "name": "ingress-nginx",
                "namespace": "ingress-nginx",
                "notes": "The ingress-nginx controller has been installed.\nGet the application URL by running these commands:\n  export HTTP_NODE_PORT=30080\n  export HTTPS_NODE_PORT=$(kubectl get service --namespace ingress-nginx ingress-nginx-controller --output jsonpath=\"{.spec.ports[1].nodePort}\")\n  export NODE_IP=\"$(kubectl get nodes --output jsonpath=\"{.items[0].status.addresses[1].address}\")\"\n\n  echo \"Visit http://${NODE_IP}:${HTTP_NODE_PORT} to access your application via HTTP.\"\n  echo \"Visit https://${NODE_IP}:${HTTPS_NODE_PORT} to access your application via HTTPS.\"\n\nAn example Ingress that makes use of the controller:\n  apiVersion: networking.k8s.io/v1\n  kind: Ingress\n  metadata:\n    name: example\n    namespace: foo\n  spec:\n    ingressClassName: nginx\n    rules:\n      - host: www.example.com\n        http:\n          paths:\n            - pathType: Prefix\n              backend:\n                service:\n                  name: exampleService\n                  port:\n                    number: 80\n              path: /\n    # This section is only required if TLS is to be enabled for the Ingress\n    tls:\n      - hosts:\n        - www.example.com\n        secretName: example-tls\n\nIf TLS is enabled for the Ingress, a Secret containing the certificate and key must also be provided:\n\n  apiVersion: v1\n  kind: Secret\n  metadata:\n    name: example-tls\n    namespace: foo\n  data:\n    tls.crt: \u003cbase64 encoded cert\u003e\n    tls.key: \u003cbase64 encoded key\u003e\n  type: kubernetes.io/tls\n",
                "revision": 1,
                "values": "{\"controller\":{\"hostPort\":{\"enabled\":true,\"ports\":{\"http\":80}},\"service\":{\"nodePorts\":{\"http\":30080},\"type\":\"NodePort\"}}}",
                "version": "4.15.1"
              }
            ],
            "name": "ingress-nginx",
            "namespace": "ingress-nginx",
            "pass_credentials": false,
            "postrender": [],
            "recreate_pods": false,
            "render_subchart_notes": true,
            "replace": false,
            "repository": "https://kubernetes.github.io/ingress-nginx",
            "repository_ca_file": null,
            "repository_cert_file": null,
            "repository_key_file": null,
            "repository_password": null,
            "repository_username": null,
            "reset_values": false,
            "reuse_values": false,
            "set": [
              {
                "name": "controller.hostPort.enabled",
                "type": "",
                "value": "true"
              },
              {
                "name": "controller.hostPort.ports.http",
                "type": "",
                "value": "80"
              },
              {
                "name": "controller.service.nodePorts.http",
                "type": "",
                "value": "30080"
              },
              {
                "name": "controller.service.type",
                "type": "",
                "value": "NodePort"
              }
            ],
            "set_list": [],
            "set_sensitive": [],
            "skip_crds": false,
            "status": "deployed",
            "timeout": 120,
            "upgrade_install": null,
            "values": null,
            "verify": false,
            "version": "4.15.1",
            "wait": true,
            "wait_for_jobs": false
          },
          "sensitive_attributes": [
            [
              {
                "type": "get_attr",
                "value": "repository_password"
              }
            ]
          ],
          "identity_schema_version": 0,
          "private": "eyJzY2hlbWFfdmVyc2lvbiI6IjEifQ==",
          "dependencies": [
            "null_resource.kind_cluster"
          ]
        }
      ]
    },
    {
      "mode": "managed",
      "type": "kubectl_manifest",
      "name": "backend_deployment",
      "provider": "provider[\"registry.terraform.io/gavinbunney/kubectl\"]",
      "instances": [
        {
          "schema_version": 1,
          "attributes": {
            "api_version": "apps/v1",
            "apply_only": false,
            "force_conflicts": false,
            "force_new": false,
            "id": "/apis/apps/v1/namespaces/default/deployments/backend",
            "ignore_fields": null,
            "kind": "Deployment",
            "live_manifest_incluster": "c26bc6b47fe6cbc8601a2cb1de95401e20bf2f12575e9437649c0018053ec0ff",
            "live_uid": "ae452a57-cf79-4e64-b504-d98439927896",
            "name": "backend",
            "namespace": null,
            "override_namespace": null,
            "sensitive_fields": null,
            "server_side_apply": false,
            "timeouts": null,
            "uid": "ae452a57-cf79-4e64-b504-d98439927896",
            "validate_schema": true,
            "wait": null,
            "wait_for_rollout": true,
            "yaml_body": "apiVersion: apps/v1\nkind: Deployment\nmetadata:\n  name: backend\nspec:\n  replicas: 1\n  selector:\n    matchLabels:\n      app: backend\n  template:\n    metadata:\n      labels:\n        app: backend\n    spec:\n      containers:\n        - name: backend\n          image: socialmediaapp-django:latest\n          imagePullPolicy: Never\n          ports:\n            - containerPort: 8000\n          env:\n            - name: DB_NAME\n              value: socialdb\n            - name: DB_USER\n              value: admin\n            - name: DB_PASSWORD\n              value: password\n            - name: DB_HOST\n              value: postgres\n            - name: DB_PORT\n              value: \"5432\"\n            - name: DEBUG\n              value: \"True\"\n            - name: RUNNING_IN_DOCKER\n              value: \"True\"\n            - name: REDIS_PORT      \n              value: \"6379\"\n",
            "yaml_body_parsed": "apiVersion: apps/v1\nkind: Deployment\nmetadata:\n  name: backend\nspec:\n  replicas: 1\n  selector:\n    matchLabels:\n      app: backend\n  template:\n    metadata:\n      labels:\n        app: backend\n    spec:\n      containers:\n      - env:\n        - name: DB_NAME\n          value: socialdb\n        - name: DB_USER\n          value: admin\n        - name: DB_PASSWORD\n          value: password\n        - name: DB_HOST\n          value: postgres\n        - name: DB_PORT\n          value: \"5432\"\n        - name: DEBUG\n          value: \"True\"\n        - name: RUNNING_IN_DOCKER\n          value: \"True\"\n        - name: REDIS_PORT\n          value: \"6379\"\n        image: socialmediaapp-django:latest\n        imagePullPolicy: Never\n        name: backend\n        ports:\n        - containerPort: 8000\n",
            "yaml_incluster": "c26bc6b47fe6cbc8601a2cb1de95401e20bf2f12575e9437649c0018053ec0ff"
          },
          "sensitive_attributes": [
            [
              {
                "type": "get_attr",
                "value": "live_manifest_incluster"
              }
            ],
            [
              {
                "type": "get_attr",
                "value": "yaml_body"
              }
            ],
            [
              {
                "type": "get_attr",
                "value": "yaml_incluster"
              }
            ]
          ],
          "identity_schema_version": 0,
          "private": "eyJlMmJmYjczMC1lY2FhLTExZTYtOGY4OC0zNDM2M2JjN2M0YzAiOnsiY3JlYXRlIjo2MDAwMDAwMDAwMDB9LCJzY2hlbWFfdmVyc2lvbiI6IjEifQ==",
          "dependencies": [
            "docker_image.social_django",
            "docker_image.social_frontend",
            "docker_image.social_go",
            "docker_image.social_java",
            "docker_image.social_minio",
            "kubectl_manifest.postgres_secret",
            "kubectl_manifest.postgres_service",
            "kubectl_manifest.postgres_statefulset",
            "null_resource.kind_cluster",
            "null_resource.kind_load_images"
          ]
        }
      ]
    },
    {
      "mode": "managed",
      "type": "kubectl_manifest",
      "name": "backend_service",
      "provider": "provider[\"registry.terraform.io/gavinbunney/kubectl\"]",
      "instances": [
        {
          "schema_version": 1,
          "attributes": {
            "api_version": "v1",
            "apply_only": false,
            "force_conflicts": false,
            "force_new": false,
            "id": "/api/v1/namespaces/default/services/backend",
            "ignore_fields": null,
            "kind": "Service",
            "live_manifest_incluster": "6dfd7e514b3b023e39816b6538b040e6b6164747b345ba760ab31994a9bfbc36",
            "live_uid": "e66b853f-1045-44e4-a5dc-b582b4a39026",
            "name": "backend",
            "namespace": null,
            "override_namespace": null,
            "sensitive_fields": null,
            "server_side_apply": false,
            "timeouts": null,
            "uid": "e66b853f-1045-44e4-a5dc-b582b4a39026",
            "validate_schema": true,
            "wait": null,
            "wait_for_rollout": true,
            "yaml_body": "apiVersion: v1\nkind: Service\nmetadata:\n  name: backend\nspec:\n  selector:\n    app: backend\n  ports:\n    - port: 8000\n      targetPort: 8000\n  type: ClusterIP\n",
            "yaml_body_parsed": "apiVersion: v1\nkind: Service\nmetadata:\n  name: backend\nspec:\n  ports:\n  - port: 8000\n    targetPort: 8000\n  selector:\n    app: backend\n  type: ClusterIP\n",
            "yaml_incluster": "6dfd7e514b3b023e39816b6538b040e6b6164747b345ba760ab31994a9bfbc36"
          },
          "sensitive_attributes": [
            [
              {
                "type": "get_attr",
                "value": "live_manifest_incluster"
              }
            ],
            [
              {
                "type": "get_attr",
                "value": "yaml_body"
              }
            ],
            [
              {
                "type": "get_attr",
                "value": "yaml_incluster"
              }
            ]
          ],
          "identity_schema_version": 0,
          "private": "eyJlMmJmYjczMC1lY2FhLTExZTYtOGY4OC0zNDM2M2JjN2M0YzAiOnsiY3JlYXRlIjo2MDAwMDAwMDAwMDB9LCJzY2hlbWFfdmVyc2lvbiI6IjEifQ==",
          "dependencies": [
            "null_resource.kind_cluster"
          ]
        }
      ]
    },
    {
      "mode": "managed",
      "type": "kubectl_manifest",
      "name": "frontend_deployment",
      "provider": "provider[\"registry.terraform.io/gavinbunney/kubectl\"]",
      "instances": [
        {
          "schema_version": 1,
          "attributes": {
            "api_version": "apps/v1",
            "apply_only": false,
            "force_conflicts": false,
            "force_new": false,
            "id": "/apis/apps/v1/namespaces/default/deployments/frontend-prod",
            "ignore_fields": null,
            "kind": "Deployment",
            "live_manifest_incluster": "2709f3df7dcad03a9a057fb57f7dccfe7664da00f7b752e2cac61451e27bc25a",
            "live_uid": "b9ad5aff-a2a0-41bc-8e87-4780faa03c2a",
            "name": "frontend-prod",
            "namespace": null,
            "override_namespace": null,
            "sensitive_fields": null,
            "server_side_apply": false,
            "timeouts": null,
            "uid": "b9ad5aff-a2a0-41bc-8e87-4780faa03c2a",
            "validate_schema": true,
            "wait": null,
            "wait_for_rollout": true,
            "yaml_body": "apiVersion: apps/v1\nkind: Deployment\nmetadata:\n  name: frontend-prod\n  labels:\n    app: frontend\nspec:\n  replicas: 1\n  selector:\n    matchLabels:\n      app: frontend\n  template:\n    metadata:\n      labels:\n        app: frontend\n    spec:\n      containers:\n        - name: frontend\n          image: socialmediaapp-frontend-prod:latest\n          imagePullPolicy: Never\n          ports:\n            - containerPort: 80\n",
            "yaml_body_parsed": "apiVersion: apps/v1\nkind: Deployment\nmetadata:\n  labels:\n    app: frontend\n  name: frontend-prod\nspec:\n  replicas: 1\n  selector:\n    matchLabels:\n      app: frontend\n  template:\n    metadata:\n      labels:\n        app: frontend\n    spec:\n      containers:\n      - image: socialmediaapp-frontend-prod:latest\n        imagePullPolicy: Never\n        name: frontend\n        ports:\n        - containerPort: 80\n",
            "yaml_incluster": "2709f3df7dcad03a9a057fb57f7dccfe7664da00f7b752e2cac61451e27bc25a"
          },
          "sensitive_attributes": [
            [
              {
                "type": "get_attr",
                "value": "live_manifest_incluster"
              }
            ],
            [
              {
                "type": "get_attr",
                "value": "yaml_body"
              }
            ],
            [
              {
                "type": "get_attr",
                "value": "yaml_incluster"
              }
            ]
          ],
          "identity_schema_version": 0,
          "private": "eyJlMmJmYjczMC1lY2FhLTExZTYtOGY4OC0zNDM2M2JjN2M0YzAiOnsiY3JlYXRlIjo2MDAwMDAwMDAwMDB9LCJzY2hlbWFfdmVyc2lvbiI6IjEifQ==",
          "dependencies": [
            "docker_image.social_django",
            "docker_image.social_frontend",
            "docker_image.social_go",
            "docker_image.social_java",
            "docker_image.social_minio",
            "null_resource.kind_cluster",
            "null_resource.kind_load_images"
          ]
        }
      ]
    },
    {
      "mode": "managed",
      "type": "kubectl_manifest",
      "name": "frontend_service",
      "provider": "provider[\"registry.terraform.io/gavinbunney/kubectl\"]",
      "instances": [
        {
          "schema_version": 1,
          "attributes": {
            "api_version": "v1",
            "apply_only": false,
            "force_conflicts": false,
            "force_new": false,
            "id": "/api/v1/namespaces/default/services/frontend-prod",
            "ignore_fields": null,
            "kind": "Service",
            "live_manifest_incluster": "183e811088d81df653362766b093af384dfba7cf86ebdee04e18425d2a517927",
            "live_uid": "aa8b8dfb-4dd4-4e0c-8a04-84ffa450ac8d",
            "name": "frontend-prod",
            "namespace": null,
            "override_namespace": null,
            "sensitive_fields": null,
            "server_side_apply": false,
            "timeouts": null,
            "uid": "aa8b8dfb-4dd4-4e0c-8a04-84ffa450ac8d",
            "validate_schema": true,
            "wait": null,
            "wait_for_rollout": true,
            "yaml_body": "apiVersion: v1\nkind: Service\nmetadata:\n  name: frontend-prod\nspec:\n  selector:\n    app: frontend\n  ports:\n    - protocol: TCP\n      port: 80\n      targetPort: 80\n  type: ClusterIP\n",
            "yaml_body_parsed": "apiVersion: v1\nkind: Service\nmetadata:\n  name: frontend-prod\nspec:\n  ports:\n  - port: 80\n    protocol: TCP\n    targetPort: 80\n  selector:\n    app: frontend\n  type: ClusterIP\n",
            "yaml_incluster": "183e811088d81df653362766b093af384dfba7cf86ebdee04e18425d2a517927"
          },
          "sensitive_attributes": [
            [
              {
                "type": "get_attr",
                "value": "live_manifest_incluster"
              }
            ],
            [
              {
                "type": "get_attr",
                "value": "yaml_body"
              }
            ],
            [
              {
                "type": "get_attr",
                "value": "yaml_incluster"
              }
            ]
          ],
          "identity_schema_version": 0,
          "private": "eyJlMmJmYjczMC1lY2FhLTExZTYtOGY4OC0zNDM2M2JjN2M0YzAiOnsiY3JlYXRlIjo2MDAwMDAwMDAwMDB9LCJzY2hlbWFfdmVyc2lvbiI6IjEifQ==",
          "dependencies": [
            "null_resource.kind_cluster"
          ]
        }
      ]
    },
    {
      "mode": "managed",
      "type": "kubectl_manifest",
      "name": "ingress_api",
      "provider": "provider[\"registry.terraform.io/gavinbunney/kubectl\"]",
      "instances": [
        {
          "schema_version": 1,
          "attributes": {
            "api_version": "networking.k8s.io/v1",
            "apply_only": false,
            "force_conflicts": false,
            "force_new": false,
            "id": "/apis/networking.k8s.io/v1/namespaces/default/ingresses/social-media-api-ingress",
            "ignore_fields": null,
            "kind": "Ingress",
            "live_manifest_incluster": "e8b04d3e2d5d024cca4a48e654b172d79776eb3658634cf86a18c2d9a58e319c",
            "live_uid": "504e348e-8e77-4814-a8f2-b17a724b052f",
            "name": "social-media-api-ingress",
            "namespace": "default",
            "override_namespace": null,
            "sensitive_fields": null,
            "server_side_apply": false,
            "timeouts": null,
            "uid": "504e348e-8e77-4814-a8f2-b17a724b052f",
            "validate_schema": true,
            "wait": null,
            "wait_for_rollout": true,
            "yaml_body": "apiVersion: networking.k8s.io/v1\nkind: Ingress\nmetadata:\n  name: social-media-api-ingress\n  namespace: default\n  annotations:\n    nginx.ingress.kubernetes.io/rewrite-target: /api/$2\n    nginx.ingress.kubernetes.io/use-regex: \"true\"\n    nginx.ingress.kubernetes.io/proxy-body-size: \"100m\"\nspec:\n  ingressClassName: nginx\n  rules:\n    - http:\n        paths:\n          - path: /social/api(/|$)(.*)\n            pathType: ImplementationSpecific\n            backend:\n              service:\n                name: backend\n                port:\n                  number: 8000\n",
            "yaml_body_parsed": "apiVersion: networking.k8s.io/v1\nkind: Ingress\nmetadata:\n  annotations:\n    nginx.ingress.kubernetes.io/proxy-body-size: 100m\n    nginx.ingress.kubernetes.io/rewrite-target: /api/$2\n    nginx.ingress.kubernetes.io/use-regex: \"true\"\n  name: social-media-api-ingress\n  namespace: default\nspec:\n  ingressClassName: nginx\n  rules:\n  - http:\n      paths:\n      - backend:\n          service:\n            name: backend\n            port:\n              number: 8000\n        path: /social/api(/|$)(.*)\n        pathType: ImplementationSpecific\n",
            "yaml_incluster": "e8b04d3e2d5d024cca4a48e654b172d79776eb3658634cf86a18c2d9a58e319c"
          },
          "sensitive_attributes": [
            [
              {
                "type": "get_attr",
                "value": "live_manifest_incluster"
              }
            ],
            [
              {
                "type": "get_attr",
                "value": "yaml_body"
              }
            ],
            [
              {
                "type": "get_attr",
                "value": "yaml_incluster"
              }
            ]
          ],
          "identity_schema_version": 0,
          "private": "eyJlMmJmYjczMC1lY2FhLTExZTYtOGY4OC0zNDM2M2JjN2M0YzAiOnsiY3JlYXRlIjo2MDAwMDAwMDAwMDB9LCJzY2hlbWFfdmVyc2lvbiI6IjEifQ==",
          "dependencies": [
            "helm_release.ingress_nginx",
            "null_resource.kind_cluster"
          ]
        }
      ]
    },
    {
      "mode": "managed",
      "type": "kubectl_manifest",
      "name": "ingress_frontend",
      "provider": "provider[\"registry.terraform.io/gavinbunney/kubectl\"]",
      "instances": [
        {
          "schema_version": 1,
          "attributes": {
            "api_version": "networking.k8s.io/v1",
            "apply_only": false,
            "force_conflicts": false,
            "force_new": false,
            "id": "/apis/networking.k8s.io/v1/namespaces/default/ingresses/social-media-frontend-ingress",
            "ignore_fields": null,
            "kind": "Ingress",
            "live_manifest_incluster": "ddd633465f79657c4f6809710d097bd0f76660ffd91f1fa33af27e22ca72a0b1",
            "live_uid": "cef0895e-83a3-4c44-b37a-ba4a9c5bcc7d",
            "name": "social-media-frontend-ingress",
            "namespace": "default",
            "override_namespace": null,
            "sensitive_fields": null,
            "server_side_apply": false,
            "timeouts": null,
            "uid": "cef0895e-83a3-4c44-b37a-ba4a9c5bcc7d",
            "validate_schema": true,
            "wait": null,
            "wait_for_rollout": true,
            "yaml_body": "apiVersion: networking.k8s.io/v1\nkind: Ingress\nmetadata:\n  name: social-media-frontend-ingress\n  namespace: default\n  annotations:\n    nginx.ingress.kubernetes.io/rewrite-target: /$2\n    nginx.ingress.kubernetes.io/use-regex: \"true\"\nspec:\n  ingressClassName: nginx\n  rules:\n    - http:\n        paths:\n          - path: /social(/|$)(.*)\n            pathType: ImplementationSpecific\n            backend:\n              service:\n                name: frontend-prod\n                port:\n                  number: 80\n",
            "yaml_body_parsed": "apiVersion: networking.k8s.io/v1\nkind: Ingress\nmetadata:\n  annotations:\n    nginx.ingress.kubernetes.io/rewrite-target: /$2\n    nginx.ingress.kubernetes.io/use-regex: \"true\"\n  name: social-media-frontend-ingress\n  namespace: default\nspec:\n  ingressClassName: nginx\n  rules:\n  - http:\n      paths:\n      - backend:\n          service:\n            name: frontend-prod\n            port:\n              number: 80\n        path: /social(/|$)(.*)\n        pathType: ImplementationSpecific\n",
            "yaml_incluster": "ddd633465f79657c4f6809710d097bd0f76660ffd91f1fa33af27e22ca72a0b1"
          },
          "sensitive_attributes": [
            [
              {
                "type": "get_attr",
                "value": "live_manifest_incluster"
              }
            ],
            [
              {
                "type": "get_attr",
                "value": "yaml_body"
              }
            ],
            [
              {
                "type": "get_attr",
                "value": "yaml_incluster"
              }
            ]
          ],
          "identity_schema_version": 0,
          "private": "eyJlMmJmYjczMC1lY2FhLTExZTYtOGY4OC0zNDM2M2JjN2M0YzAiOnsiY3JlYXRlIjo2MDAwMDAwMDAwMDB9LCJzY2hlbWFfdmVyc2lvbiI6IjEifQ==",
          "dependencies": [
            "helm_release.ingress_nginx",
            "null_resource.kind_cluster"
          ]
        }
      ]
    },
    {
      "mode": "managed",
      "type": "kubectl_manifest",
      "name": "ingress_minio",
      "provider": "provider[\"registry.terraform.io/gavinbunney/kubectl\"]",
      "instances": [
        {
          "schema_version": 1,
          "attributes": {
            "api_version": "networking.k8s.io/v1",
            "apply_only": false,
            "force_conflicts": false,
            "force_new": false,
            "id": "/apis/networking.k8s.io/v1/namespaces/default/ingresses/social-media-minio-ingress",
            "ignore_fields": null,
            "kind": "Ingress",
            "live_manifest_incluster": "f51c2898becb0ebe267b60f6fd7a35b4793850209eb3c38e89bc949324c2b189",
            "live_uid": "0109fd7e-b227-48a7-80d0-e0849de4f45d",
            "name": "social-media-minio-ingress",
            "namespace": "default",
            "override_namespace": null,
            "sensitive_fields": null,
            "server_side_apply": false,
            "timeouts": null,
            "uid": "0109fd7e-b227-48a7-80d0-e0849de4f45d",
            "validate_schema": true,
            "wait": null,
            "wait_for_rollout": true,
            "yaml_body": "apiVersion: networking.k8s.io/v1\nkind: Ingress\nmetadata:\n  name: social-media-minio-ingress\n  namespace: default\n  annotations:\n    nginx.ingress.kubernetes.io/rewrite-target: /$2\n    nginx.ingress.kubernetes.io/use-regex: \"true\"\n    nginx.ingress.kubernetes.io/proxy-body-size: \"100m\"\nspec:\n  ingressClassName: nginx\n  rules:\n    - http:\n        paths:\n          - path: /social/minio(/|$)(.*)\n            pathType: ImplementationSpecific\n            backend:\n              service:\n                name: minio\n                port:\n                  number: 9000\n",
            "yaml_body_parsed": "apiVersion: networking.k8s.io/v1\nkind: Ingress\nmetadata:\n  annotations:\n    nginx.ingress.kubernetes.io/proxy-body-size: 100m\n    nginx.ingress.kubernetes.io/rewrite-target: /$2\n    nginx.ingress.kubernetes.io/use-regex: \"true\"\n  name: social-media-minio-ingress\n  namespace: default\nspec:\n  ingressClassName: nginx\n  rules:\n  - http:\n      paths:\n      - backend:\n          service:\n            name: minio\n            port:\n              number: 9000\n        path: /social/minio(/|$)(.*)\n        pathType: ImplementationSpecific\n",
            "yaml_incluster": "f51c2898becb0ebe267b60f6fd7a35b4793850209eb3c38e89bc949324c2b189"
          },
          "sensitive_attributes": [
            [
              {
                "type": "get_attr",
                "value": "live_manifest_incluster"
              }
            ],
            [
              {
                "type": "get_attr",
                "value": "yaml_body"
              }
            ],
            [
              {
                "type": "get_attr",
                "value": "yaml_incluster"
              }
            ]
          ],
          "identity_schema_version": 0,
          "private": "eyJlMmJmYjczMC1lY2FhLTExZTYtOGY4OC0zNDM2M2JjN2M0YzAiOnsiY3JlYXRlIjo2MDAwMDAwMDAwMDB9LCJzY2hlbWFfdmVyc2lvbiI6IjEifQ==",
          "dependencies": [
            "helm_release.ingress_nginx",
            "null_resource.kind_cluster"
          ]
        }
      ]
    },
    {
      "mode": "managed",
      "type": "kubectl_manifest",
      "name": "microservice_go_deployment",
      "provider": "provider[\"registry.terraform.io/gavinbunney/kubectl\"]",
      "instances": [
        {
          "schema_version": 1,
          "attributes": {
            "api_version": "apps/v1",
            "apply_only": false,
            "force_conflicts": false,
            "force_new": false,
            "id": "/apis/apps/v1/namespaces/default/deployments/microservice-go",
            "ignore_fields": null,
            "kind": "Deployment",
            "live_manifest_incluster": "f509c7ac39fade5df18d5af70ba7aee9486883421f43f683808c73243bf8f7e3",
            "live_uid": "4468f2ae-8591-4c21-822f-55b9e5c80ed8",
            "name": "microservice-go",
            "namespace": null,
            "override_namespace": null,
            "sensitive_fields": null,
            "server_side_apply": false,
            "timeouts": null,
            "uid": "4468f2ae-8591-4c21-822f-55b9e5c80ed8",
            "validate_schema": true,
            "wait": null,
            "wait_for_rollout": true,
            "yaml_body": "apiVersion: apps/v1\nkind: Deployment\nmetadata:\n  name: microservice-go\n  labels:\n    app: microservice-go\nspec:\n  replicas: 1\n  selector:\n    matchLabels:\n      app: microservice-go\n  template:\n    metadata:\n      labels:\n        app: microservice-go\n    spec:\n      containers:\n        - name: microservice-go\n          image: socialmediaapp-microservice-go:latest\n          imagePullPolicy: Never\n          ports:\n            - containerPort: 8080\n          env:\n            - name: REDIS_HOST\n              value: redis\n            - name: REDIS_PORT\n              value: \"6379\"\n",
            "yaml_body_parsed": "apiVersion: apps/v1\nkind: Deployment\nmetadata:\n  labels:\n    app: microservice-go\n  name: microservice-go\nspec:\n  replicas: 1\n  selector:\n    matchLabels:\n      app: microservice-go\n  template:\n    metadata:\n      labels:\n        app: microservice-go\n    spec:\n      containers:\n      - env:\n        - name: REDIS_HOST\n          value: redis\n        - name: REDIS_PORT\n          value: \"6379\"\n        image: socialmediaapp-microservice-go:latest\n        imagePullPolicy: Never\n        name: microservice-go\n        ports:\n        - containerPort: 8080\n",
            "yaml_incluster": "f509c7ac39fade5df18d5af70ba7aee9486883421f43f683808c73243bf8f7e3"
          },
          "sensitive_attributes": [
            [
              {
                "type": "get_attr",
                "value": "live_manifest_incluster"
              }
            ],
            [
              {
                "type": "get_attr",
                "value": "yaml_body"
              }
            ],
            [
              {
                "type": "get_attr",
                "value": "yaml_incluster"
              }
            ]
          ],
          "identity_schema_version": 0,
          "private": "eyJlMmJmYjczMC1lY2FhLTExZTYtOGY4OC0zNDM2M2JjN2M0YzAiOnsiY3JlYXRlIjo2MDAwMDAwMDAwMDB9LCJzY2hlbWFfdmVyc2lvbiI6IjEifQ==",
          "dependencies": [
            "docker_image.social_django",
            "docker_image.social_frontend",
            "docker_image.social_go",
            "docker_image.social_java",
            "docker_image.social_minio",
            "null_resource.kind_cluster",
            "null_resource.kind_load_images"
          ]
        }
      ]
    },
    {
      "mode": "managed",
      "type": "kubectl_manifest",
      "name": "microservice_go_service",
      "provider": "provider[\"registry.terraform.io/gavinbunney/kubectl\"]",
      "instances": [
        {
          "schema_version": 1,
          "attributes": {
            "api_version": "v1",
            "apply_only": false,
            "force_conflicts": false,
            "force_new": false,
            "id": "/api/v1/namespaces/default/services/microservice-go",
            "ignore_fields": null,
            "kind": "Service",
            "live_manifest_incluster": "06b877eaf07621565c809a97d1d4874649ad143705c0afcbebb011657bd6b962",
            "live_uid": "8f3be9c1-dfbf-4887-8681-46ff3cd064f3",
            "name": "microservice-go",
            "namespace": null,
            "override_namespace": null,
            "sensitive_fields": null,
            "server_side_apply": false,
            "timeouts": null,
            "uid": "8f3be9c1-dfbf-4887-8681-46ff3cd064f3",
            "validate_schema": true,
            "wait": null,
            "wait_for_rollout": true,
            "yaml_body": "apiVersion: v1\nkind: Service\nmetadata:\n  name: microservice-go\nspec:\n  selector:\n    app: microservice-go\n  ports:\n    - protocol: TCP\n      port: 8080\n      targetPort: 8080\n  type: ClusterIP\n",
            "yaml_body_parsed": "apiVersion: v1\nkind: Service\nmetadata:\n  name: microservice-go\nspec:\n  ports:\n  - port: 8080\n    protocol: TCP\n    targetPort: 8080\n  selector:\n    app: microservice-go\n  type: ClusterIP\n",
            "yaml_incluster": "06b877eaf07621565c809a97d1d4874649ad143705c0afcbebb011657bd6b962"
          },
          "sensitive_attributes": [
            [
              {
                "type": "get_attr",
                "value": "live_manifest_incluster"
              }
            ],
            [
              {
                "type": "get_attr",
                "value": "yaml_body"
              }
            ],
            [
              {
                "type": "get_attr",
                "value": "yaml_incluster"
              }
            ]
          ],
          "identity_schema_version": 0,
          "private": "eyJlMmJmYjczMC1lY2FhLTExZTYtOGY4OC0zNDM2M2JjN2M0YzAiOnsiY3JlYXRlIjo2MDAwMDAwMDAwMDB9LCJzY2hlbWFfdmVyc2lvbiI6IjEifQ==",
          "dependencies": [
            "null_resource.kind_cluster"
          ]
        }
      ]
    },
    {
      "mode": "managed",
      "type": "kubectl_manifest",
      "name": "microservice_java_deployment",
      "provider": "provider[\"registry.terraform.io/gavinbunney/kubectl\"]",
      "instances": [
        {
          "schema_version": 1,
          "attributes": {
            "api_version": "apps/v1",
            "apply_only": false,
            "force_conflicts": false,
            "force_new": false,
            "id": "/apis/apps/v1/namespaces/default/deployments/microservice-java",
            "ignore_fields": null,
            "kind": "Deployment",
            "live_manifest_incluster": "a5590dca56b9dc613cc99f397fa552588d76b61117fd376587be27c62b6863b6",
            "live_uid": "0e20b9f0-a56a-4cb5-a6f3-8a40159011b7",
            "name": "microservice-java",
            "namespace": null,
            "override_namespace": null,
            "sensitive_fields": null,
            "server_side_apply": false,
            "timeouts": null,
            "uid": "0e20b9f0-a56a-4cb5-a6f3-8a40159011b7",
            "validate_schema": true,
            "wait": null,
            "wait_for_rollout": true,
            "yaml_body": "apiVersion: apps/v1\nkind: Deployment\nmetadata:\n  name: microservice-java\n  labels:\n    app: microservice-java\nspec:\n  replicas: 1\n  selector:\n    matchLabels:\n      app: microservice-java\n  template:\n    metadata:\n      labels:\n        app: microservice-java\n    spec:\n      containers:\n        - name: microservice-java\n          image: socialmediaapp-microservice-java:latest\n          imagePullPolicy: Never\n          ports:\n            - containerPort: 8080\n          env:\n            - name: SPRING_CASSANDRA_CONTACT-POINTS\n              value: cassandra\n            - name: SPRING_CASSANDRA_PORT\n              value: \"9042\"\n            - name: SPRING_CASSANDRA_LOCAL-DATACENTER\n              value: datacenter1\n",
            "yaml_body_parsed": "apiVersion: apps/v1\nkind: Deployment\nmetadata:\n  labels:\n    app: microservice-java\n  name: microservice-java\nspec:\n  replicas: 1\n  selector:\n    matchLabels:\n      app: microservice-java\n  template:\n    metadata:\n      labels:\n        app: microservice-java\n    spec:\n      containers:\n      - env:\n        - name: SPRING_CASSANDRA_CONTACT-POINTS\n          value: cassandra\n        - name: SPRING_CASSANDRA_PORT\n          value: \"9042\"\n        - name: SPRING_CASSANDRA_LOCAL-DATACENTER\n          value: datacenter1\n        image: socialmediaapp-microservice-java:latest\n        imagePullPolicy: Never\n        name: microservice-java\n        ports:\n        - containerPort: 8080\n",
            "yaml_incluster": "a5590dca56b9dc613cc99f397fa552588d76b61117fd376587be27c62b6863b6"
          },
          "sensitive_attributes": [
            [
              {
                "type": "get_attr",
                "value": "live_manifest_incluster"
              }
            ],
            [
              {
                "type": "get_attr",
                "value": "yaml_body"
              }
            ],
            [
              {
                "type": "get_attr",
                "value": "yaml_incluster"
              }
            ]
          ],
          "identity_schema_version": 0,
          "private": "eyJlMmJmYjczMC1lY2FhLTExZTYtOGY4OC0zNDM2M2JjN2M0YzAiOnsiY3JlYXRlIjo2MDAwMDAwMDAwMDB9LCJzY2hlbWFfdmVyc2lvbiI6IjEifQ==",
          "dependencies": [
            "docker_image.social_django",
            "docker_image.social_frontend",
            "docker_image.social_go",
            "docker_image.social_java",
            "docker_image.social_minio",
            "null_resource.kind_cluster",
            "null_resource.kind_load_images"
          ]
        }
      ]
    },
    {
      "mode": "managed",
      "type": "kubectl_manifest",
      "name": "microservice_java_service",
      "provider": "provider[\"registry.terraform.io/gavinbunney/kubectl\"]",
      "instances": [
        {
          "schema_version": 1,
          "attributes": {
            "api_version": "v1",
            "apply_only": false,
            "force_conflicts": false,
            "force_new": false,
            "id": "/api/v1/namespaces/default/services/microservice-java",
            "ignore_fields": null,
            "kind": "Service",
            "live_manifest_incluster": "cced385d2b86669612ed666e592ac0d2b2e0e0b166ecf137678a64661a9a5887",
            "live_uid": "25539531-bd79-46a7-ae39-e79e6b4c02b2",
            "name": "microservice-java",
            "namespace": null,
            "override_namespace": null,
            "sensitive_fields": null,
            "server_side_apply": false,
            "timeouts": null,
            "uid": "25539531-bd79-46a7-ae39-e79e6b4c02b2",
            "validate_schema": true,
            "wait": null,
            "wait_for_rollout": true,
            "yaml_body": "apiVersion: v1\nkind: Service\nmetadata:\n  name: microservice-java\nspec:\n  selector:\n    app: microservice-java\n  ports:\n    - protocol: TCP\n      port: 8080\n      targetPort: 8080\n  type: ClusterIP\n",
            "yaml_body_parsed": "apiVersion: v1\nkind: Service\nmetadata:\n  name: microservice-java\nspec:\n  ports:\n  - port: 8080\n    protocol: TCP\n    targetPort: 8080\n  selector:\n    app: microservice-java\n  type: ClusterIP\n",
            "yaml_incluster": "cced385d2b86669612ed666e592ac0d2b2e0e0b166ecf137678a64661a9a5887"
          },
          "sensitive_attributes": [
            [
              {
                "type": "get_attr",
                "value": "live_manifest_incluster"
              }
            ],
            [
              {
                "type": "get_attr",
                "value": "yaml_body"
              }
            ],
            [
              {
                "type": "get_attr",
                "value": "yaml_incluster"
              }
            ]
          ],
          "identity_schema_version": 0,
          "private": "eyJlMmJmYjczMC1lY2FhLTExZTYtOGY4OC0zNDM2M2JjN2M0YzAiOnsiY3JlYXRlIjo2MDAwMDAwMDAwMDB9LCJzY2hlbWFfdmVyc2lvbiI6IjEifQ==",
          "dependencies": [
            "null_resource.kind_cluster"
          ]
        }
      ]
    },
    {
      "mode": "managed",
      "type": "kubectl_manifest",
      "name": "minio_deployment",
      "provider": "provider[\"registry.terraform.io/gavinbunney/kubectl\"]",
      "instances": [
        {
          "schema_version": 1,
          "attributes": {
            "api_version": "apps/v1",
            "apply_only": false,
            "force_conflicts": false,
            "force_new": false,
            "id": "/apis/apps/v1/namespaces/default/deployments/minio",
            "ignore_fields": null,
            "kind": "Deployment",
            "live_manifest_incluster": "2230102195ef45520bcd40253c40893023ef4b5e92104d3d683c590469dc7432",
            "live_uid": "a88dadfb-80d0-4189-866b-8521409fcc55",
            "name": "minio",
            "namespace": null,
            "override_namespace": null,
            "sensitive_fields": null,
            "server_side_apply": false,
            "timeouts": null,
            "uid": "a88dadfb-80d0-4189-866b-8521409fcc55",
            "validate_schema": true,
            "wait": null,
            "wait_for_rollout": true,
            "yaml_body": "apiVersion: apps/v1\nkind: Deployment\nmetadata:\n  name: minio\n  labels:\n    app: minio\nspec:\n  replicas: 1\n  selector:\n    matchLabels:\n      app: minio\n  template:\n    metadata:\n      labels:\n        app: minio\n    spec:\n      containers:\n        - name: minio\n          image: socialmediaapp-minio:latest\n          imagePullPolicy: Never\n          args:\n            - server\n            - /data\n            - --console-address\n            - \":9004\"\n          ports:\n            - containerPort: 9000\n            - containerPort: 9004\n          env:\n            - name: MINIO_ROOT_USER\n              value: minio\n            - name: MINIO_ROOT_PASSWORD\n              value: minio123\n          volumeMounts:\n            - name: minio-data\n              mountPath: /data\n      volumes:\n        - name: minio-data\n          emptyDir: {}\n",
            "yaml_body_parsed": "apiVersion: apps/v1\nkind: Deployment\nmetadata:\n  labels:\n    app: minio\n  name: minio\nspec:\n  replicas: 1\n  selector:\n    matchLabels:\n      app: minio\n  template:\n    metadata:\n      labels:\n        app: minio\n    spec:\n      containers:\n      - args:\n        - server\n        - /data\n        - --console-address\n        - :9004\n        env:\n        - name: MINIO_ROOT_USER\n          value: minio\n        - name: MINIO_ROOT_PASSWORD\n          value: minio123\n        image: socialmediaapp-minio:latest\n        imagePullPolicy: Never\n        name: minio\n        ports:\n        - containerPort: 9000\n        - containerPort: 9004\n        volumeMounts:\n        - mountPath: /data\n          name: minio-data\n      volumes:\n      - emptyDir: {}\n        name: minio-data\n",
            "yaml_incluster": "2230102195ef45520bcd40253c40893023ef4b5e92104d3d683c590469dc7432"
          },
          "sensitive_attributes": [
            [
              {
                "type": "get_attr",
                "value": "live_manifest_incluster"
              }
            ],
            [
              {
                "type": "get_attr",
                "value": "yaml_body"
              }
            ],
            [
              {
                "type": "get_attr",
                "value": "yaml_incluster"
              }
            ]
          ],
          "identity_schema_version": 0,
          "private": "eyJlMmJmYjczMC1lY2FhLTExZTYtOGY4OC0zNDM2M2JjN2M0YzAiOnsiY3JlYXRlIjo2MDAwMDAwMDAwMDB9LCJzY2hlbWFfdmVyc2lvbiI6IjEifQ==",
          "dependencies": [
            "docker_image.social_django",
            "docker_image.social_frontend",
            "docker_image.social_go",
            "docker_image.social_java",
            "docker_image.social_minio",
            "null_resource.kind_cluster",
            "null_resource.kind_load_images"
          ]
        }
      ]
    },
    {
      "mode": "managed",
      "type": "kubectl_manifest",
      "name": "minio_service",
      "provider": "provider[\"registry.terraform.io/gavinbunney/kubectl\"]",
      "instances": [
        {
          "schema_version": 1,
          "attributes": {
            "api_version": "v1",
            "apply_only": false,
            "force_conflicts": false,
            "force_new": false,
            "id": "/api/v1/namespaces/default/services/minio",
            "ignore_fields": null,
            "kind": "Service",
            "live_manifest_incluster": "068e2be9337ea91b0900bf5ee442e543fd869b2841990bb71ab9e733a1b42e96",
            "live_uid": "c94714d7-d517-40c8-b25a-d4c36df96760",
            "name": "minio",
            "namespace": null,
            "override_namespace": null,
            "sensitive_fields": null,
            "server_side_apply": false,
            "timeouts": null,
            "uid": "c94714d7-d517-40c8-b25a-d4c36df96760",
            "validate_schema": true,
            "wait": null,
            "wait_for_rollout": true,
            "yaml_body": "apiVersion: v1\nkind: Service\nmetadata:\n  name: minio\nspec:\n  selector:\n    app: minio\n  ports:\n    - name: api\n      protocol: TCP\n      port: 9000\n      targetPort: 9000\n    - name: console\n      protocol: TCP\n      port: 9004\n      targetPort: 9004\n  type: ClusterIP\n",
            "yaml_body_parsed": "apiVersion: v1\nkind: Service\nmetadata:\n  name: minio\nspec:\n  ports:\n  - name: api\n    port: 9000\n    protocol: TCP\n    targetPort: 9000\n  - name: console\n    port: 9004\n    protocol: TCP\n    targetPort: 9004\n  selector:\n    app: minio\n  type: ClusterIP\n",
            "yaml_incluster": "068e2be9337ea91b0900bf5ee442e543fd869b2841990bb71ab9e733a1b42e96"
          },
          "sensitive_attributes": [
            [
              {
                "type": "get_attr",
                "value": "live_manifest_incluster"
              }
            ],
            [
              {
                "type": "get_attr",
                "value": "yaml_body"
              }
            ],
            [
              {
                "type": "get_attr",
                "value": "yaml_incluster"
              }
            ]
          ],
          "identity_schema_version": 0,
          "private": "eyJlMmJmYjczMC1lY2FhLTExZTYtOGY4OC0zNDM2M2JjN2M0YzAiOnsiY3JlYXRlIjo2MDAwMDAwMDAwMDB9LCJzY2hlbWFfdmVyc2lvbiI6IjEifQ==",
          "dependencies": [
            "null_resource.kind_cluster"
          ]
        }
      ]
    },
    {
      "mode": "managed",
      "type": "kubectl_manifest",
      "name": "postgres_secret",
      "provider": "provider[\"registry.terraform.io/gavinbunney/kubectl\"]",
      "instances": [
        {
          "schema_version": 1,
          "attributes": {
            "api_version": "v1",
            "apply_only": false,
            "force_conflicts": false,
            "force_new": false,
            "id": "/api/v1/namespaces/default/secrets/postgres-secret",
            "ignore_fields": null,
            "kind": "Secret",
            "live_manifest_incluster": "c59a90934059896e2b1f8a7d6426f875f749635d4862b842f0deffa0ddaf58c1",
            "live_uid": "985c783e-3e21-43a2-988d-cc2c88c259cd",
            "name": "postgres-secret",
            "namespace": null,
            "override_namespace": null,
            "sensitive_fields": null,
            "server_side_apply": false,
            "timeouts": null,
            "uid": "985c783e-3e21-43a2-988d-cc2c88c259cd",
            "validate_schema": true,
            "wait": null,
            "wait_for_rollout": true,
            "yaml_body": "apiVersion: v1\nkind: Secret\nmetadata:\n  name: postgres-secret\ntype: Opaque\ndata:\n  POSTGRES_PASSWORD: cGFzc3dvcmQ=\n",
            "yaml_body_parsed": "apiVersion: v1\ndata: (sensitive value)\nkind: Secret\nmetadata:\n  name: postgres-secret\ntype: Opaque\n",
            "yaml_incluster": "c59a90934059896e2b1f8a7d6426f875f749635d4862b842f0deffa0ddaf58c1"
          },
          "sensitive_attributes": [
            [
              {
                "type": "get_attr",
                "value": "live_manifest_incluster"
              }
            ],
            [
              {
                "type": "get_attr",
                "value": "yaml_body"
              }
            ],
            [
              {
                "type": "get_attr",
                "value": "yaml_incluster"
              }
            ]
          ],
          "identity_schema_version": 0,
          "private": "eyJlMmJmYjczMC1lY2FhLTExZTYtOGY4OC0zNDM2M2JjN2M0YzAiOnsiY3JlYXRlIjo2MDAwMDAwMDAwMDB9LCJzY2hlbWFfdmVyc2lvbiI6IjEifQ==",
          "dependencies": [
            "null_resource.kind_cluster"
          ]
        }
      ]
    },
    {
      "mode": "managed",
      "type": "kubectl_manifest",
      "name": "postgres_service",
      "provider": "provider[\"registry.terraform.io/gavinbunney/kubectl\"]",
      "instances": [
        {
          "schema_version": 1,
          "attributes": {
            "api_version": "v1",
            "apply_only": false,
            "force_conflicts": false,
            "force_new": false,
            "id": "/api/v1/namespaces/default/services/postgres",
            "ignore_fields": null,
            "kind": "Service",
            "live_manifest_incluster": "a77e65ccda449b0577796d5b216c98a05dd444af3a28f40d8c8882685119bf0e",
            "live_uid": "96c3bbe0-8af7-4347-87ee-d4af1a8efeeb",
            "name": "postgres",
            "namespace": null,
            "override_namespace": null,
            "sensitive_fields": null,
            "server_side_apply": false,
            "timeouts": null,
            "uid": "96c3bbe0-8af7-4347-87ee-d4af1a8efeeb",
            "validate_schema": true,
            "wait": null,
            "wait_for_rollout": true,
            "yaml_body": "apiVersion: v1\nkind: Service\nmetadata:\n  name: postgres\nspec:\n  ports:\n    - port: 5432\n      targetPort: 5432\n  selector:\n    app: postgres\n",
            "yaml_body_parsed": "apiVersion: v1\nkind: Service\nmetadata:\n  name: postgres\nspec:\n  ports:\n  - port: 5432\n    targetPort: 5432\n  selector:\n    app: postgres\n",
            "yaml_incluster": "a77e65ccda449b0577796d5b216c98a05dd444af3a28f40d8c8882685119bf0e"
          },
          "sensitive_attributes": [
            [
              {
                "type": "get_attr",
                "value": "live_manifest_incluster"
              }
            ],
            [
              {
                "type": "get_attr",
                "value": "yaml_body"
              }
            ],
            [
              {
                "type": "get_attr",
                "value": "yaml_incluster"
              }
            ]
          ],
          "identity_schema_version": 0,
          "private": "eyJlMmJmYjczMC1lY2FhLTExZTYtOGY4OC0zNDM2M2JjN2M0YzAiOnsiY3JlYXRlIjo2MDAwMDAwMDAwMDB9LCJzY2hlbWFfdmVyc2lvbiI6IjEifQ==",
          "dependencies": [
            "null_resource.kind_cluster"
          ]
        }
      ]
    },
    {
      "mode": "managed",
      "type": "kubectl_manifest",
      "name": "postgres_statefulset",
      "provider": "provider[\"registry.terraform.io/gavinbunney/kubectl\"]",
      "instances": [
        {
          "schema_version": 1,
          "attributes": {
            "api_version": "apps/v1",
            "apply_only": false,
            "force_conflicts": false,
            "force_new": false,
            "id": "/apis/apps/v1/namespaces/default/statefulsets/postgres",
            "ignore_fields": null,
            "kind": "StatefulSet",
            "live_manifest_incluster": "ba5075573e1cdf626d33f5c25c44bfe2bdeaf777938608a0d270dd904343d351",
            "live_uid": "0005a51a-743d-471d-9135-d4a361e05f6f",
            "name": "postgres",
            "namespace": null,
            "override_namespace": null,
            "sensitive_fields": null,
            "server_side_apply": false,
            "timeouts": null,
            "uid": "0005a51a-743d-471d-9135-d4a361e05f6f",
            "validate_schema": true,
            "wait": null,
            "wait_for_rollout": true,
            "yaml_body": "apiVersion: apps/v1\nkind: StatefulSet\nmetadata:\n  name: postgres\nspec:\n  serviceName: postgres\n  replicas: 1\n  selector:\n    matchLabels:\n      app: postgres\n  template:\n    metadata:\n      labels:\n        app: postgres\n    spec:\n      containers:\n        - name: postgres\n          image: postgres:15\n          ports:\n            - containerPort: 5432\n          env:\n            - name: POSTGRES_DB\n              value: socialdb\n            - name: POSTGRES_USER\n              value: admin\n            - name: POSTGRES_PASSWORD\n              valueFrom:\n                secretKeyRef:\n                  name: postgres-secret\n                  key: POSTGRES_PASSWORD\n          volumeMounts:\n            - name: postgres-storage\n              mountPath: /var/lib/postgresql/data\n  volumeClaimTemplates:\n    - metadata:\n        name: postgres-storage\n      spec:\n        accessModes:\n          - ReadWriteOnce\n        resources:\n          requests:\n            storage: 1Gi\n",
            "yaml_body_parsed": "apiVersion: apps/v1\nkind: StatefulSet\nmetadata:\n  name: postgres\nspec:\n  replicas: 1\n  selector:\n    matchLabels:\n      app: postgres\n  serviceName: postgres\n  template:\n    metadata:\n      labels:\n        app: postgres\n    spec:\n      containers:\n      - env:\n        - name: POSTGRES_DB\n          value: socialdb\n        - name: POSTGRES_USER\n          value: admin\n        - name: POSTGRES_PASSWORD\n          valueFrom:\n            secretKeyRef:\n              key: POSTGRES_PASSWORD\n              name: postgres-secret\n        image: postgres:15\n        name: postgres\n        ports:\n        - containerPort: 5432\n        volumeMounts:\n        - mountPath: /var/lib/postgresql/data\n          name: postgres-storage\n  volumeClaimTemplates:\n  - metadata:\n      name: postgres-storage\n    spec:\n      accessModes:\n      - ReadWriteOnce\n      resources:\n        requests:\n          storage: 1Gi\n",
            "yaml_incluster": "ba5075573e1cdf626d33f5c25c44bfe2bdeaf777938608a0d270dd904343d351"
          },
          "sensitive_attributes": [
            [
              {
                "type": "get_attr",
                "value": "live_manifest_incluster"
              }
            ],
            [
              {
                "type": "get_attr",
                "value": "yaml_body"
              }
            ],
            [
              {
                "type": "get_attr",
                "value": "yaml_incluster"
              }
            ]
          ],
          "identity_schema_version": 0,
          "private": "eyJlMmJmYjczMC1lY2FhLTExZTYtOGY4OC0zNDM2M2JjN2M0YzAiOnsiY3JlYXRlIjo2MDAwMDAwMDAwMDB9LCJzY2hlbWFfdmVyc2lvbiI6IjEifQ==",
          "dependencies": [
            "kubectl_manifest.postgres_secret",
            "kubectl_manifest.postgres_service",
            "null_resource.kind_cluster"
          ]
        }
      ]
    },
    {
      "mode": "managed",
      "type": "kubectl_manifest",
      "name": "redis_deployment",
      "provider": "provider[\"registry.terraform.io/gavinbunney/kubectl\"]",
      "instances": [
        {
          "schema_version": 1,
          "attributes": {
            "api_version": "apps/v1",
            "apply_only": false,
            "force_conflicts": false,
            "force_new": false,
            "id": "/apis/apps/v1/namespaces/default/deployments/redis",
            "ignore_fields": null,
            "kind": "Deployment",
            "live_manifest_incluster": "383aa2c3a2c625c07732610d4f70f8345991b99d8634c53cfdccb43a2ff0dfd7",
            "live_uid": "11199a06-6906-445d-8ef6-a27003f9ccdd",
            "name": "redis",
            "namespace": "default",
            "override_namespace": null,
            "sensitive_fields": null,
            "server_side_apply": false,
            "timeouts": null,
            "uid": "11199a06-6906-445d-8ef6-a27003f9ccdd",
            "validate_schema": true,
            "wait": null,
            "wait_for_rollout": true,
            "yaml_body": "apiVersion: apps/v1\nkind: Deployment\nmetadata:\n  name: redis\n  namespace: default\nspec:\n  replicas: 1\n  selector:\n    matchLabels:\n      app: redis\n  template:\n    metadata:\n      labels:\n        app: redis\n    spec:\n      containers:\n      - name: redis\n        image: redis:7-alpine\n        ports:\n        - containerPort: 6379\n        resources:\n          requests:\n            memory: \"64Mi\"\n            cpu: \"50m\"\n",
            "yaml_body_parsed": "apiVersion: apps/v1\nkind: Deployment\nmetadata:\n  name: redis\n  namespace: default\nspec:\n  replicas: 1\n  selector:\n    matchLabels:\n      app: redis\n  template:\n    metadata:\n      labels:\n        app: redis\n    spec:\n      containers:\n      - image: redis:7-alpine\n        name: redis\n        ports:\n        - containerPort: 6379\n        resources:\n          requests:\n            cpu: 50m\n            memory: 64Mi\n",
            "yaml_incluster": "383aa2c3a2c625c07732610d4f70f8345991b99d8634c53cfdccb43a2ff0dfd7"
          },
          "sensitive_attributes": [
            [
              {
                "type": "get_attr",
                "value": "live_manifest_incluster"
              }
            ],
            [
              {
                "type": "get_attr",
                "value": "yaml_body"
              }
            ],
            [
              {
                "type": "get_attr",
                "value": "yaml_incluster"
              }
            ]
          ],
          "identity_schema_version": 0,
          "private": "eyJlMmJmYjczMC1lY2FhLTExZTYtOGY4OC0zNDM2M2JjN2M0YzAiOnsiY3JlYXRlIjo2MDAwMDAwMDAwMDB9LCJzY2hlbWFfdmVyc2lvbiI6IjEifQ=="
        }
      ]
    },
    {
      "mode": "managed",
      "type": "kubectl_manifest",
      "name": "redis_service",
      "provider": "provider[\"registry.terraform.io/gavinbunney/kubectl\"]",
      "instances": [
        {
          "schema_version": 1,
          "attributes": {
            "api_version": "v1",
            "apply_only": false,
            "force_conflicts": false,
            "force_new": false,
            "id": "/api/v1/namespaces/default/services/redis",
            "ignore_fields": null,
            "kind": "Service",
            "live_manifest_incluster": "784e8ec953fadc0a96efc21bb6c804915c5d72b0f977dca934c03fdbbc2377cc",
            "live_uid": "72aee231-914e-421e-88a9-24d14ecde1ca",
            "name": "redis",
            "namespace": "default",
            "override_namespace": null,
            "sensitive_fields": null,
            "server_side_apply": false,
            "timeouts": null,
            "uid": "72aee231-914e-421e-88a9-24d14ecde1ca",
            "validate_schema": true,
            "wait": null,
            "wait_for_rollout": true,
            "yaml_body": "apiVersion: v1\nkind: Service\nmetadata:\n  name: redis\n  namespace: default\nspec:\n  selector:\n    app: redis\n  ports:\n  - port: 6379\n    targetPort: 6379\n",
            "yaml_body_parsed": "apiVersion: v1\nkind: Service\nmetadata:\n  name: redis\n  namespace: default\nspec:\n  ports:\n  - port: 6379\n    targetPort: 6379\n  selector:\n    app: redis\n",
            "yaml_incluster": "784e8ec953fadc0a96efc21bb6c804915c5d72b0f977dca934c03fdbbc2377cc"
          },
          "sensitive_attributes": [
            [
              {
                "type": "get_attr",
                "value": "live_manifest_incluster"
              }
            ],
            [
              {
                "type": "get_attr",
                "value": "yaml_body"
              }
            ],
            [
              {
                "type": "get_attr",
                "value": "yaml_incluster"
              }
            ]
          ],
          "identity_schema_version": 0,
          "private": "eyJlMmJmYjczMC1lY2FhLTExZTYtOGY4OC0zNDM2M2JjN2M0YzAiOnsiY3JlYXRlIjo2MDAwMDAwMDAwMDB9LCJzY2hlbWFfdmVyc2lvbiI6IjEifQ==",
          "dependencies": [
            "kubectl_manifest.redis_deployment"
          ]
        }
      ]
    },
    {
      "mode": "managed",
      "type": "null_resource",
      "name": "gateway_kind_network",
      "provider": "provider[\"registry.terraform.io/hashicorp/null\"]",
      "instances": [
        {
          "schema_version": 0,
          "attributes": {
            "id": "1687073297435176434",
            "triggers": {
              "cluster_id": "1558389033994649225"
            }
          },
          "sensitive_attributes": [],
          "identity_schema_version": 0,
          "dependencies": [
            "docker_network.gateway_net",
            "docker_volume.api_dist",
            "docker_volume.bank_dist",
            "docker_volume.doc_dist",
            "docker_volume.intro_dist",
            "docker_volume.notes_dist",
            "docker_volume.quiz_dist",
            "docker_volume.video_dist",
            "module.gateway.docker_container.app",
            "null_resource.kind_cluster"
          ]
        }
      ]
    },
    {
      "mode": "managed",
      "type": "null_resource",
      "name": "intro_page",
      "provider": "provider[\"registry.terraform.io/hashicorp/null\"]",
      "instances": [
        {
          "schema_version": 0,
          "attributes": {
            "id": "3122360451917239059",
            "triggers": {
              "file_sha": "8b5427c66fe58baaf3b0e7a4361bf97a3283a03e03afb3e67a72a761dc5c9032"
            }
          },
          "sensitive_attributes": [],
          "identity_schema_version": 0,
          "dependencies": [
            "docker_network.gateway_net",
            "docker_volume.api_dist",
            "docker_volume.bank_dist",
            "docker_volume.doc_dist",
            "docker_volume.intro_dist",
            "docker_volume.notes_dist",
            "docker_volume.quiz_dist",
            "docker_volume.video_dist",
            "module.gateway.docker_container.app"
          ]
        }
      ]
    },
    {
      "mode": "managed",
      "type": "null_resource",
      "name": "kind_cluster",
      "provider": "provider[\"registry.terraform.io/hashicorp/null\"]",
      "instances": [
        {
          "schema_version": 0,
          "attributes": {
            "id": "1558389033994649225",
            "triggers": {
              "kind_config": "fd35da166c692a160de5b7650b87d01882260eef47a2f902381f5e09f32dad25"
            }
          },
          "sensitive_attributes": [],
          "identity_schema_version": 0
        }
      ]
    },
    {
      "mode": "managed",
      "type": "null_resource",
      "name": "kind_load_images",
      "provider": "provider[\"registry.terraform.io/hashicorp/null\"]",
      "instances": [
        {
          "schema_version": 0,
          "attributes": {
            "id": "1033321674836775709",
            "triggers": {
              "django_id": "sha256:628b9e9c7fbfb33e6cc3864eb72c9630f8516afb071ad25b734bec617a065b93",
              "frontend_id": "sha256:cb9abcc7e11ae219ee7e8d55143a45b821ea1f716e9d03083dc05fdc535b0bb9",
              "go_id": "sha256:bf44a74411d36e5d855e8fd5082c502bcea5cf9c0d26454d015fe42fedb5173c",
              "java_id": "sha256:b93a7b64628d7fa56217fdae6501ff840f6440a119c4777bfdeb8a8abd0c39b9",
              "minio_id": "sha256:f88bf58cfaf7cb2a37a0a72eb35a5f7fe9719b41d802325cdbe32a3198975be6"
            }
          },
          "sensitive_attributes": [],
          "identity_schema_version": 0,
          "dependencies": [
            "docker_image.social_django",
            "docker_image.social_frontend",
            "docker_image.social_go",
            "docker_image.social_java",
            "docker_image.social_minio",
            "null_resource.kind_cluster"
          ]
        }
      ]
    },
    {
      "module": "module.api_service_backend",
      "mode": "managed",
      "type": "docker_container",
      "name": "app",
      "provider": "provider[\"registry.terraform.io/kreuzwerker/docker\"]",
      "instances": [
        {
          "schema_version": 2,
          "attributes": {
            "attach": false,
            "bridge": "",
            "capabilities": [],
            "cgroup_parent": null,
            "cgroupns_mode": null,
            "command": [
              "npm",
              "start"
            ],
            "container_logs": null,
            "container_read_refresh_timeout_milliseconds": 15000,
            "cpu_period": null,
            "cpu_quota": null,
            "cpu_set": "",
            "cpu_shares": 0,
            "cpus": null,
            "destroy_grace_seconds": null,
            "devices": [],
            "dns": [],
            "dns_opts": [],
            "dns_search": [],
            "domainname": "",
            "entrypoint": [
              "docker-entrypoint.sh"
            ],
            "env": [
              "API_KEY_WEATHER=a9dba91e24c88d7a4cdd395211df339a"
            ],
            "exit_code": null,
            "gpus": null,
            "group_add": [],
            "healthcheck": [],
            "host": [],
            "hostname": "6022290f7ee0",
            "id": "6022290f7ee067f1dd3be8ad3629614760ec8c985e839419b3e7aa3c88943941",
            "image": "api-service-backend:latest",
            "init": false,
            "ipc_mode": "private",
            "labels": [],
            "log_driver": "json-file",
            "log_opts": {},
            "logs": false,
            "max_retry_count": 0,
            "memory": 0,
            "memory_reservation": 0,
            "memory_swap": 0,
            "mounts": [],
            "must_run": true,
            "name": "api-service-backend",
            "network_data": [
              {
                "gateway": "172.19.0.1",
                "global_ipv6_address": "",
                "global_ipv6_prefix_length": 0,
                "ip_address": "172.19.0.3",
                "ip_prefix_length": 16,
                "ipv6_gateway": "",
                "mac_address": "0a:dc:e3:5c:a6:54",
                "network_name": "gateway-net"
              }
            ],
            "network_mode": "bridge",
            "networks_advanced": [
              {
                "aliases": [],
                "ipv4_address": "",
                "ipv6_address": "",
                "mac_address": "",
                "name": "gateway-net"
              }
            ],
            "pid_mode": "",
            "ports": [],
            "privileged": false,
            "publish_all_ports": false,
            "read_only": false,
            "remove_volumes": true,
            "restart": "always",
            "rm": false,
            "runtime": "runc",
            "security_opts": [],
            "shm_size": 64,
            "start": true,
            "stdin_open": false,
            "stop_signal": "",
            "stop_timeout": 1,
            "storage_opts": {},
            "sysctls": {},
            "tmpfs": {},
            "tty": false,
            "ulimit": [],
            "upload": [],
            "user": "",
            "userns_mode": "",
            "volumes": [],
            "wait": false,
            "wait_timeout": 60,
            "working_dir": "/app"
          },
          "sensitive_attributes": [],
          "identity_schema_version": 0,
          "private": "eyJzY2hlbWFfdmVyc2lvbiI6IjIifQ==",
          "dependencies": [
            "docker_image.api_service_backend",
            "docker_network.gateway_net"
          ]
        }
      ]
    },
    {
      "module": "module.bank_backend",
      "mode": "managed",
      "type": "docker_container",
      "name": "app",
      "provider": "provider[\"registry.terraform.io/kreuzwerker/docker\"]",
      "instances": [
        {
          "schema_version": 2,
          "attributes": {
            "attach": false,
            "bridge": "",
            "capabilities": [],
            "cgroup_parent": null,
            "cgroupns_mode": null,
            "command": [],
            "container_logs": null,
            "container_read_refresh_timeout_milliseconds": 15000,
            "cpu_period": null,
            "cpu_quota": null,
            "cpu_set": "",
            "cpu_shares": 0,
            "cpus": null,
            "destroy_grace_seconds": null,
            "devices": [],
            "dns": [],
            "dns_opts": [],
            "dns_search": [],
            "domainname": "",
            "entrypoint": [
              "java",
              "-jar",
              "app.jar"
            ],
            "env": [
              "SPRING_DATASOURCE_PASSWORD=bankmanagement@2008",
              "SPRING_DATASOURCE_URL=jdbc:postgresql://bank-postgres:5432/bank",
              "SPRING_DATASOURCE_USERNAME=bankmanagement"
            ],
            "exit_code": null,
            "gpus": null,
            "group_add": [],
            "healthcheck": [],
            "host": [],
            "hostname": "b6ae475229e7",
            "id": "b6ae475229e78883942e0908609cb4dc57924e0158e259a3ea62e136ad348775",
            "image": "bankmanager-backend:latest",
            "init": false,
            "ipc_mode": "private",
            "labels": [],
            "log_driver": "json-file",
            "log_opts": {},
            "logs": false,
            "max_retry_count": 0,
            "memory": 0,
            "memory_reservation": 0,
            "memory_swap": 0,
            "mounts": [],
            "must_run": true,
            "name": "bank-backend",
            "network_data": [
              {
                "gateway": "172.19.0.1",
                "global_ipv6_address": "",
                "global_ipv6_prefix_length": 0,
                "ip_address": "172.19.0.17",
                "ip_prefix_length": 16,
                "ipv6_gateway": "",
                "mac_address": "4e:34:c3:80:e1:06",
                "network_name": "gateway-net"
              }
            ],
            "network_mode": "bridge",
            "networks_advanced": [
              {
                "aliases": [],
                "ipv4_address": "",
                "ipv6_address": "",
                "mac_address": "",
                "name": "gateway-net"
              }
            ],
            "pid_mode": "",
            "ports": [],
            "privileged": false,
            "publish_all_ports": false,
            "read_only": false,
            "remove_volumes": true,
            "restart": "always",
            "rm": false,
            "runtime": "runc",
            "security_opts": [],
            "shm_size": 64,
            "start": true,
            "stdin_open": false,
            "stop_signal": "",
            "stop_timeout": 1,
            "storage_opts": {},
            "sysctls": {},
            "tmpfs": {},
            "tty": false,
            "ulimit": [],
            "upload": [],
            "user": "",
            "userns_mode": "",
            "volumes": [],
            "wait": false,
            "wait_timeout": 60,
            "working_dir": "/app"
          },
          "sensitive_attributes": [],
          "identity_schema_version": 0,
          "private": "eyJzY2hlbWFfdmVyc2lvbiI6IjIifQ==",
          "dependencies": [
            "docker_image.bank_backend",
            "docker_network.gateway_net"
          ]
        }
      ]
    },
    {
      "module": "module.blog_website",
      "mode": "managed",
      "type": "docker_container",
      "name": "app",
      "provider": "provider[\"registry.terraform.io/kreuzwerker/docker\"]",
      "instances": [
        {
          "schema_version": 2,
          "attributes": {
            "attach": false,
            "bridge": "",
            "capabilities": [],
            "cgroup_parent": null,
            "cgroupns_mode": null,
            "command": [],
            "container_logs": null,
            "container_read_refresh_timeout_milliseconds": 15000,
            "cpu_period": null,
            "cpu_quota": null,
            "cpu_set": "",
            "cpu_shares": 0,
            "cpus": null,
            "destroy_grace_seconds": null,
            "devices": [],
            "dns": null,
            "dns_opts": null,
            "dns_search": null,
            "domainname": "",
            "entrypoint": [
              "/entrypoint.sh"
            ],
            "env": [
              "ALLOWED_HOSTS=localhost,127.0.0.1",
              "DB_HOST=blog-db",
              "DB_NAME=blog_db",
              "DB_PASSWORD=saisakthi2008",
              "DB_PORT=3306",
              "DB_USER=root",
              "DEBUG=False",
              "MINIO_ACCESS_KEY=admin",
              "MINIO_BUCKET=blog-media",
              "MINIO_ENDPOINT=http://blog-minio:9000",
              "MINIO_PUBLIC_URL=http://localhost/blog/minio",
              "MINIO_SECRET_KEY=password123",
              "SECRET_KEY=your-secret-key-here"
            ],
            "exit_code": null,
            "gpus": null,
            "group_add": null,
            "healthcheck": null,
            "host": [],
            "hostname": "af6ec85de5ee",
            "id": "af6ec85de5ee9dac84bb84a97330489aed3c190fb8ad3e59bdd5c6222e487418",
            "image": "blogsite:latest",
            "init": false,
            "ipc_mode": "private",
            "labels": [],
            "log_driver": "json-file",
            "log_opts": null,
            "logs": false,
            "max_retry_count": 0,
            "memory": 0,
            "memory_reservation": 0,
            "memory_swap": 0,
            "mounts": [],
            "must_run": true,
            "name": "blog-website",
            "network_data": [
              {
                "gateway": "172.19.0.1",
                "global_ipv6_address": "",
                "global_ipv6_prefix_length": 0,
                "ip_address": "172.19.0.12",
                "ip_prefix_length": 16,
                "ipv6_gateway": "",
                "mac_address": "2e:6b:be:92:a1:f3",
                "network_name": "gateway-net"
              }
            ],
            "network_mode": "bridge",
            "networks_advanced": [
              {
                "aliases": [],
                "ipv4_address": "",
                "ipv6_address": "",
                "mac_address": "",
                "name": "gateway-net"
              }
            ],
            "pid_mode": "",
            "ports": [],
            "privileged": false,
            "publish_all_ports": false,
            "read_only": false,
            "remove_volumes": true,
            "restart": "always",
            "rm": false,
            "runtime": "runc",
            "security_opts": [],
            "shm_size": 64,
            "start": true,
            "stdin_open": false,
            "stop_signal": "",
            "stop_timeout": 1,
            "storage_opts": null,
            "sysctls": null,
            "tmpfs": null,
            "tty": false,
            "ulimit": [],
            "upload": [],
            "user": "",
            "userns_mode": "",
            "volumes": [],
            "wait": false,
            "wait_timeout": 60,
            "working_dir": "/app/blogsite"
          },
          "sensitive_attributes": [],
          "identity_schema_version": 0,
          "private": "eyJzY2hlbWFfdmVyc2lvbiI6IjIifQ==",
          "dependencies": [
            "docker_container.blog_db",
            "docker_container.blog_minio",
            "docker_image.blog_website",
            "docker_network.gateway_net",
            "docker_volume.blog_minio",
            "docker_volume.blog_mysql"
          ]
        }
      ]
    },
    {
      "module": "module.doc_backend",
      "mode": "managed",
      "type": "docker_container",
      "name": "app",
      "provider": "provider[\"registry.terraform.io/kreuzwerker/docker\"]",
      "instances": [
        {
          "schema_version": 2,
          "attributes": {
            "attach": false,
            "bridge": "",
            "capabilities": [],
            "cgroup_parent": null,
            "cgroupns_mode": null,
            "command": [
              "gunicorn",
              "document_backend.wsgi",
              "--workers",
              "3",
              "--bind",
              "0.0.0.0:8000",
              "--timeout",
              "120"
            ],
            "container_logs": null,
            "container_read_refresh_timeout_milliseconds": 15000,
            "cpu_period": null,
            "cpu_quota": null,
            "cpu_set": "",
            "cpu_shares": 0,
            "cpus": null,
            "destroy_grace_seconds": null,
            "devices": [],
            "dns": [],
            "dns_opts": [],
            "dns_search": [],
            "domainname": "",
            "entrypoint": [
              "/entrypoint.sh"
            ],
            "env": [
              "ALLOWED_HOSTS=localhost,127.0.0.1,gateway,doc-backend",
              "DB_HOST=doc-mysql",
              "DB_NAME=book_db",
              "DB_PASSWORD=saisakthi2008",
              "DB_PORT=3306",
              "DB_USER=root",
              "DEBUG=False",
              "DJANGO_SECRET_KEY=your-secret-key-change-in-production",
              "GEMINI_API_KEY=AIzaSyDgDMtJN5DrFfBfwym2x7Ea_sjqzOvSSLc",
              "MINIO_ACCESS_KEY=admin",
              "MINIO_BUCKET=documents",
              "MINIO_ENDPOINT=doc-minio:9000",
              "MINIO_SECRET_KEY=password123",
              "MINIO_SECURE=False",
              "OLLAMA_HOST=host.docker.internal",
              "PORT_AI=11434"
            ],
            "exit_code": null,
            "gpus": null,
            "group_add": [],
            "healthcheck": [],
            "host": [],
            "hostname": "418dc62722c3",
            "id": "418dc62722c385639d325296e1ac34a446541972806de1f7df630efeacc5a85c",
            "image": "documentintelligenceplatform-backend:latest",
            "init": false,
            "ipc_mode": "private",
            "labels": [],
            "log_driver": "json-file",
            "log_opts": {},
            "logs": false,
            "max_retry_count": 0,
            "memory": 0,
            "memory_reservation": 0,
            "memory_swap": 0,
            "mounts": [],
            "must_run": true,
            "name": "doc-backend",
            "network_data": [
              {
                "gateway": "172.19.0.1",
                "global_ipv6_address": "",
                "global_ipv6_prefix_length": 0,
                "ip_address": "172.19.0.18",
                "ip_prefix_length": 16,
                "ipv6_gateway": "",
                "mac_address": "06:63:0a:5a:f6:a3",
                "network_name": "gateway-net"
              }
            ],
            "network_mode": "bridge",
            "networks_advanced": [
              {
                "aliases": [],
                "ipv4_address": "",
                "ipv6_address": "",
                "mac_address": "",
                "name": "gateway-net"
              }
            ],
            "pid_mode": "",
            "ports": [],
            "privileged": false,
            "publish_all_ports": false,
            "read_only": false,
            "remove_volumes": true,
            "restart": "always",
            "rm": false,
            "runtime": "runc",
            "security_opts": [],
            "shm_size": 64,
            "start": true,
            "stdin_open": false,
            "stop_signal": "",
            "stop_timeout": 1,
            "storage_opts": {},
            "sysctls": {},
            "tmpfs": {},
            "tty": false,
            "ulimit": [],
            "upload": [],
            "user": "",
            "userns_mode": "",
            "volumes": [],
            "wait": false,
            "wait_timeout": 60,
            "working_dir": "/app"
          },
          "sensitive_attributes": [],
          "identity_schema_version": 0,
          "private": "eyJzY2hlbWFfdmVyc2lvbiI6IjIifQ==",
          "dependencies": [
            "docker_image.doc_backend",
            "docker_network.gateway_net"
          ]
        }
      ]
    },
    {
      "module": "module.gateway",
      "mode": "managed",
      "type": "docker_container",
      "name": "app",
      "provider": "provider[\"registry.terraform.io/kreuzwerker/docker\"]",
      "instances": [
        {
          "schema_version": 2,
          "attributes": {
            "attach": false,
            "bridge": "",
            "capabilities": [],
            "cgroup_parent": null,
            "cgroupns_mode": null,
            "command": [
              "nginx",
              "-g",
              "daemon off;"
            ],
            "container_logs": null,
            "container_read_refresh_timeout_milliseconds": 15000,
            "cpu_period": null,
            "cpu_quota": null,
            "cpu_set": "",
            "cpu_shares": 0,
            "cpus": null,
            "destroy_grace_seconds": null,
            "devices": [],
            "dns": [],
            "dns_opts": [],
            "dns_search": [],
            "domainname": "",
            "entrypoint": [
              "/docker-entrypoint.sh"
            ],
            "env": [],
            "exit_code": null,
            "gpus": null,
            "group_add": [],
            "healthcheck": [],
            "host": [],
            "hostname": "753eb85c8ab9",
            "id": "753eb85c8ab913cc2ccf6a54e7f914a000341d03b62ba7b21cfd1e497826a8a1",
            "image": "nginx:alpine",
            "init": false,
            "ipc_mode": "private",
            "labels": [],
            "log_driver": "json-file",
            "log_opts": {},
            "logs": false,
            "max_retry_count": 0,
            "memory": 0,
            "memory_reservation": 0,
            "memory_swap": 0,
            "mounts": [
              {
                "bind_options": [],
                "read_only": true,
                "source": "/home/saisakthi/Coding-Project/Projects/Finished Projects/Docker/Terraform/environments/dev/nginx/default.conf",
                "target": "/etc/nginx/conf.d/default.conf",
                "tmpfs_options": [],
                "type": "bind",
                "volume_options": []
              },
              {
                "bind_options": [],
                "read_only": true,
                "source": "gateway_api-dist",
                "target": "/apps/api-service",
                "tmpfs_options": [],
                "type": "volume",
                "volume_options": []
              },
              {
                "bind_options": [],
                "read_only": true,
                "source": "gateway_bank-dist",
                "target": "/apps/bank",
                "tmpfs_options": [],
                "type": "volume",
                "volume_options": []
              },
              {
                "bind_options": [],
                "read_only": true,
                "source": "gateway_doc-dist",
                "target": "/apps/document",
                "tmpfs_options": [],
                "type": "volume",
                "volume_options": []
              },
              {
                "bind_options": [],
                "read_only": true,
                "source": "gateway_intro-dist",
                "target": "/apps/intro",
                "tmpfs_options": [],
                "type": "volume",
                "volume_options": []
              },
              {
                "bind_options": [],
                "read_only": true,
                "source": "gateway_notes-dist",
                "target": "/apps/notes",
                "tmpfs_options": [],
                "type": "volume",
                "volume_options": []
              },
              {
                "bind_options": [],
                "read_only": true,
                "source": "gateway_quiz-dist",
                "target": "/apps/quiz",
                "tmpfs_options": [],
                "type": "volume",
                "volume_options": []
              },
              {
                "bind_options": [],
                "read_only": true,
                "source": "gateway_video-dist",
                "target": "/apps/video",
                "tmpfs_options": [],
                "type": "volume",
                "volume_options": []
              }
            ],
            "must_run": true,
            "name": "gateway",
            "network_data": [
              {
                "gateway": "172.19.0.1",
                "global_ipv6_address": "",
                "global_ipv6_prefix_length": 0,
                "ip_address": "172.19.0.19",
                "ip_prefix_length": 16,
                "ipv6_gateway": "",
                "mac_address": "42:ab:c9:b7:5c:11",
                "network_name": "gateway-net"
              },
              {
                "gateway": "172.18.0.1",
                "global_ipv6_address": "fc00:f853:ccd:e793::5",
                "global_ipv6_prefix_length": 64,
                "ip_address": "172.18.0.5",
                "ip_prefix_length": 16,
                "ipv6_gateway": "fc00:f853:ccd:e793::1",
                "mac_address": "36:27:b7:8d:16:3d",
                "network_name": "kind"
              }
            ],
            "network_mode": "bridge",
            "networks_advanced": [
              {
                "aliases": [],
                "ipv4_address": "",
                "ipv6_address": "",
                "mac_address": "",
                "name": "gateway-net"
              }
            ],
            "pid_mode": "",
            "ports": [
              {
                "external": 80,
                "internal": 80,
                "ip": "0.0.0.0",
                "protocol": "tcp"
              }
            ],
            "privileged": false,
            "publish_all_ports": false,
            "read_only": false,
            "remove_volumes": true,
            "restart": "always",
            "rm": false,
            "runtime": "runc",
            "security_opts": [],
            "shm_size": 64,
            "start": true,
            "stdin_open": false,
            "stop_signal": "SIGQUIT",
            "stop_timeout": 1,
            "storage_opts": {},
            "sysctls": {},
            "tmpfs": {},
            "tty": false,
            "ulimit": [],
            "upload": [],
            "user": "",
            "userns_mode": "",
            "volumes": [],
            "wait": false,
            "wait_timeout": 60,
            "working_dir": "/"
          },
          "sensitive_attributes": [],
          "identity_schema_version": 0,
          "private": "eyJzY2hlbWFfdmVyc2lvbiI6IjIifQ==",
          "dependencies": [
            "docker_network.gateway_net",
            "docker_volume.api_dist",
            "docker_volume.bank_dist",
            "docker_volume.doc_dist",
            "docker_volume.intro_dist",
            "docker_volume.notes_dist",
            "docker_volume.quiz_dist",
            "docker_volume.video_dist"
          ]
        }
      ]
    },
    {
      "module": "module.hospital_management",
      "mode": "managed",
      "type": "docker_container",
      "name": "app",
      "provider": "provider[\"registry.terraform.io/kreuzwerker/docker\"]",
      "instances": [
        {
          "schema_version": 2,
          "attributes": {
            "attach": false,
            "bridge": "",
            "capabilities": [],
            "cgroup_parent": null,
            "cgroupns_mode": null,
            "command": [
              "gunicorn",
              "hospital_management.wsgi:application",
              "--bind",
              "0.0.0.0:8000"
            ],
            "container_logs": null,
            "container_read_refresh_timeout_milliseconds": 15000,
            "cpu_period": null,
            "cpu_quota": null,
            "cpu_set": "",
            "cpu_shares": 0,
            "cpus": null,
            "destroy_grace_seconds": null,
            "devices": [],
            "dns": [],
            "dns_opts": [],
            "dns_search": [],
            "domainname": "",
            "entrypoint": [],
            "env": [],
            "exit_code": null,
            "gpus": null,
            "group_add": [],
            "healthcheck": [],
            "host": [],
            "hostname": "10b15a6d18f1",
            "id": "10b15a6d18f1351adf3d1fdeeea61a2cad1be3e650b6de1f74b6ef93d3e19bfe",
            "image": "hospital_management:latest",
            "init": false,
            "ipc_mode": "private",
            "labels": [],
            "log_driver": "json-file",
            "log_opts": {},
            "logs": false,
            "max_retry_count": 0,
            "memory": 0,
            "memory_reservation": 0,
            "memory_swap": 0,
            "mounts": [],
            "must_run": true,
            "name": "hospital-management",
            "network_data": [
              {
                "gateway": "172.19.0.1",
                "global_ipv6_address": "",
                "global_ipv6_prefix_length": 0,
                "ip_address": "172.19.0.5",
                "ip_prefix_length": 16,
                "ipv6_gateway": "",
                "mac_address": "92:20:2e:9a:f4:ab",
                "network_name": "gateway-net"
              }
            ],
            "network_mode": "bridge",
            "networks_advanced": [
              {
                "aliases": [],
                "ipv4_address": "",
                "ipv6_address": "",
                "mac_address": "",
                "name": "gateway-net"
              }
            ],
            "pid_mode": "",
            "ports": [],
            "privileged": false,
            "publish_all_ports": false,
            "read_only": false,
            "remove_volumes": true,
            "restart": "always",
            "rm": false,
            "runtime": "runc",
            "security_opts": [],
            "shm_size": 64,
            "start": true,
            "stdin_open": false,
            "stop_signal": "",
            "stop_timeout": 1,
            "storage_opts": {},
            "sysctls": {},
            "tmpfs": {},
            "tty": false,
            "ulimit": [],
            "upload": [],
            "user": "",
            "userns_mode": "",
            "volumes": [],
            "wait": false,
            "wait_timeout": 60,
            "working_dir": "/app"
          },
          "sensitive_attributes": [],
          "identity_schema_version": 0,
          "private": "eyJzY2hlbWFfdmVyc2lvbiI6IjIifQ==",
          "dependencies": [
            "docker_image.hospital_management",
            "docker_network.gateway_net"
          ]
        }
      ]
    },
    {
      "module": "module.notes_backend",
      "mode": "managed",
      "type": "docker_container",
      "name": "app",
      "provider": "provider[\"registry.terraform.io/kreuzwerker/docker\"]",
      "instances": [
        {
          "schema_version": 2,
          "attributes": {
            "attach": false,
            "bridge": "",
            "capabilities": [],
            "cgroup_parent": null,
            "cgroupns_mode": null,
            "command": [
              "sh",
              "-c",
              "python manage.py migrate \u0026\u0026 gunicorn notes_app.wsgi:application --bind 0.0.0.0:8000"
            ],
            "container_logs": null,
            "container_read_refresh_timeout_milliseconds": 15000,
            "cpu_period": null,
            "cpu_quota": null,
            "cpu_set": "",
            "cpu_shares": 0,
            "cpus": null,
            "destroy_grace_seconds": null,
            "devices": [],
            "dns": [],
            "dns_opts": [],
            "dns_search": [],
            "domainname": "",
            "entrypoint": [],
            "env": [
              "DATABASE_HOST=notes-postgres",
              "DATABASE_NAME=notes_app",
              "DATABASE_PASSWORD=sai2008",
              "DATABASE_USER=saisakthi"
            ],
            "exit_code": null,
            "gpus": null,
            "group_add": [],
            "healthcheck": [],
            "host": [],
            "hostname": "3dac56c48fc8",
            "id": "3dac56c48fc85376c38b446ae9c71143bf5be347c890f3cda3ad6affe60ff9c9",
            "image": "notesapp-backend:latest",
            "init": false,
            "ipc_mode": "private",
            "labels": [],
            "log_driver": "json-file",
            "log_opts": {},
            "logs": false,
            "max_retry_count": 0,
            "memory": 0,
            "memory_reservation": 0,
            "memory_swap": 0,
            "mounts": [],
            "must_run": true,
            "name": "notes-backend",
            "network_data": [
              {
                "gateway": "172.19.0.1",
                "global_ipv6_address": "",
                "global_ipv6_prefix_length": 0,
                "ip_address": "172.19.0.8",
                "ip_prefix_length": 16,
                "ipv6_gateway": "",
                "mac_address": "6e:32:0e:09:f0:a4",
                "network_name": "gateway-net"
              }
            ],
            "network_mode": "bridge",
            "networks_advanced": [
              {
                "aliases": [],
                "ipv4_address": "",
                "ipv6_address": "",
                "mac_address": "",
                "name": "gateway-net"
              }
            ],
            "pid_mode": "",
            "ports": [],
            "privileged": false,
            "publish_all_ports": false,
            "read_only": false,
            "remove_volumes": true,
            "restart": "always",
            "rm": false,
            "runtime": "runc",
            "security_opts": [],
            "shm_size": 64,
            "start": true,
            "stdin_open": false,
            "stop_signal": "",
            "stop_timeout": 1,
            "storage_opts": {},
            "sysctls": {},
            "tmpfs": {},
            "tty": false,
            "ulimit": [],
            "upload": [],
            "user": "",
            "userns_mode": "",
            "volumes": [],
            "wait": false,
            "wait_timeout": 60,
            "working_dir": "/app/notes_app"
          },
          "sensitive_attributes": [],
          "identity_schema_version": 0,
          "private": "eyJzY2hlbWFfdmVyc2lvbiI6IjIifQ==",
          "dependencies": [
            "docker_image.notes_backend",
            "docker_network.gateway_net"
          ]
        }
      ]
    },
    {
      "module": "module.video_backend",
      "mode": "managed",
      "type": "docker_container",
      "name": "app",
      "provider": "provider[\"registry.terraform.io/kreuzwerker/docker\"]",
      "instances": [
        {
          "schema_version": 2,
          "attributes": {
            "attach": false,
            "bridge": "",
            "capabilities": [],
            "cgroup_parent": null,
            "cgroupns_mode": null,
            "command": [
              "java",
              "-jar",
              "app.jar"
            ],
            "container_logs": null,
            "container_read_refresh_timeout_milliseconds": 15000,
            "cpu_period": null,
            "cpu_quota": null,
            "cpu_set": "",
            "cpu_shares": 0,
            "cpus": null,
            "destroy_grace_seconds": null,
            "devices": [],
            "dns": [],
            "dns_opts": [],
            "dns_search": [],
            "domainname": "",
            "entrypoint": [
              "/__cacert_entrypoint.sh"
            ],
            "env": [
              "UPLOADS_DIR=/app/Uploads"
            ],
            "exit_code": null,
            "gpus": null,
            "group_add": [],
            "healthcheck": [],
            "host": [],
            "hostname": "d82bce9c964e",
            "id": "d82bce9c964ef1fb507b9ba94ec3e4dea7493659a97bb3fb6130c9d7e88114cc",
            "image": "video-uploader-backend:latest",
            "init": false,
            "ipc_mode": "private",
            "labels": [],
            "log_driver": "json-file",
            "log_opts": {},
            "logs": false,
            "max_retry_count": 0,
            "memory": 0,
            "memory_reservation": 0,
            "memory_swap": 0,
            "mounts": [],
            "must_run": true,
            "name": "video-uploader-backend",
            "network_data": [
              {
                "gateway": "172.19.0.1",
                "global_ipv6_address": "",
                "global_ipv6_prefix_length": 0,
                "ip_address": "172.19.0.16",
                "ip_prefix_length": 16,
                "ipv6_gateway": "",
                "mac_address": "4a:f6:a9:90:f8:6e",
                "network_name": "gateway-net"
              }
            ],
            "network_mode": "bridge",
            "networks_advanced": [
              {
                "aliases": [],
                "ipv4_address": "",
                "ipv6_address": "",
                "mac_address": "",
                "name": "gateway-net"
              }
            ],
            "pid_mode": "",
            "ports": [],
            "privileged": false,
            "publish_all_ports": false,
            "read_only": false,
            "remove_volumes": true,
            "restart": "always",
            "rm": false,
            "runtime": "runc",
            "security_opts": [],
            "shm_size": 64,
            "start": true,
            "stdin_open": false,
            "stop_signal": "",
            "stop_timeout": 1,
            "storage_opts": {},
            "sysctls": {},
            "tmpfs": {},
            "tty": false,
            "ulimit": [],
            "upload": [],
            "user": "",
            "userns_mode": "",
            "volumes": [],
            "wait": false,
            "wait_timeout": 60,
            "working_dir": "/app"
          },
          "sensitive_attributes": [],
          "identity_schema_version": 0,
          "private": "eyJzY2hlbWFfdmVyc2lvbiI6IjIifQ==",
          "dependencies": [
            "docker_image.video_backend",
            "docker_network.gateway_net"
          ]
        }
      ]
    }
  ],
  "check_results": null
}
