{
  "version": 4,
  "terraform_version": "1.14.6",
  "serial": 2158,
  "lineage": "d6808725-3cfc-aef7-1b8c-4e0ac9ea42a6",
  "outputs": {},
  "resources": [
    {
      "mode": "managed",
      "type": "docker_container",
      "name": "api_service_frontend_build",
      "provider": "provider[\"registry.terraform.io/kreuzwerker/docker\"]",
      "instances": [
        {
          "schema_version": 2,
          "attributes": {
            "attach": false,
            "bridge": "",
            "capabilities": [],
            "cgroup_parent": null,
            "cgroupns_mode": null,
            "command": [
              "sh",
              "-c",
              "cp -r /dist/. /output/ \u0026\u0026 echo 'Done'"
            ],
            "container_logs": null,
            "container_read_refresh_timeout_milliseconds": 15000,
            "cpu_period": null,
            "cpu_quota": null,
            "cpu_set": "",
            "cpu_shares": 0,
            "cpus": null,
            "destroy_grace_seconds": 30,
            "devices": [],
            "dns": [],
            "dns_opts": [],
            "dns_search": [],
            "domainname": "",
            "entrypoint": [],
            "env": [],
            "exit_code": 0,
            "gpus": null,
            "group_add": [],
            "healthcheck": [],
            "host": [],
            "hostname": "b48ad9e481ab",
            "id": "b48ad9e481ab7b4149c713dd23a25646980e869b81e2ad364ac2b70a322e19ba",
            "image": "api-service-frontend:latest",
            "init": false,
            "ipc_mode": "private",
            "labels": [],
            "log_driver": "json-file",
            "log_opts": {},
            "logs": false,
            "max_retry_count": 0,
            "memory": 0,
            "memory_reservation": 0,
            "memory_swap": 0,
            "mounts": [
              {
                "bind_options": [],
                "read_only": false,
                "source": "gateway_api-dist",
                "target": "/dist",
                "tmpfs_options": [],
                "type": "volume",
                "volume_options": []
              }
            ],
            "must_run": false,
            "name": "api-service-frontend-build",
            "network_data": [
              {
                "gateway": "",
                "global_ipv6_address": "",
                "global_ipv6_prefix_length": 0,
                "ip_address": "",
                "ip_prefix_length": 0,
                "ipv6_gateway": "",
                "mac_address": "",
                "network_name": "gateway-net"
              }
            ],
            "network_mode": "bridge",
            "networks_advanced": [
              {
                "aliases": [],
                "ipv4_address": "",
                "ipv6_address": "",
                "mac_address": "",
                "name": "gateway-net"
              }
            ],
            "pid_mode": "",
            "ports": [],
            "privileged": false,
            "publish_all_ports": false,
            "read_only": false,
            "remove_volumes": true,
            "restart": "no",
            "rm": false,
            "runtime": "runc",
            "security_opts": [],
            "shm_size": 64,
            "start": true,
            "stdin_open": false,
            "stop_signal": "",
            "stop_timeout": 1,
            "storage_opts": {},
            "sysctls": {},
            "tmpfs": {},
            "tty": false,
            "ulimit": [],
            "upload": [],
            "user": "",
            "userns_mode": "",
            "volumes": [],
            "wait": false,
            "wait_timeout": 60,
            "working_dir": "/"
          },
          "sensitive_attributes": [],
          "identity_schema_version": 0,
          "private": "eyJzY2hlbWFfdmVyc2lvbiI6IjIifQ==",
          "dependencies": [
            "docker_image.api_service_frontend_build",
            "docker_network.gateway_net",
            "docker_volume.api_dist"
          ]
        }
      ]
    },
    {
      "mode": "managed",
      "type": "docker_container",
      "name": "bank_frontend_build",
      "provider": "provider[\"registry.terraform.io/kreuzwerker/docker\"]",
      "instances": [
        {
          "schema_version": 2,
          "attributes": {
            "attach": false,
            "bridge": "",
            "capabilities": [],
            "cgroup_parent": null,
            "cgroupns_mode": null,
            "command": [
              "sleep",
              "infinity"
            ],
            "container_logs": null,
            "container_read_refresh_timeout_milliseconds": 15000,
            "cpu_period": null,
            "cpu_quota": null,
            "cpu_set": "",
            "cpu_shares": 0,
            "cpus": null,
            "destroy_grace_seconds": 30,
            "devices": [],
            "dns": [],
            "dns_opts": [],
            "dns_search": [],
            "domainname": "",
            "entrypoint": [],
            "env": [],
            "exit_code": null,
            "gpus": null,
            "group_add": [],
            "healthcheck": [],
            "host": [],
            "hostname": "4336b911795e",
            "id": "4336b911795edc4b6d48f69090906253467fadf4d7bd07b5106dd4c96fa001c6",
            "image": "bank-frontend-build:latest",
            "init": false,
            "ipc_mode": "private",
            "labels": [],
            "log_driver": "json-file",
            "log_opts": {},
            "logs": false,
            "max_retry_count": 0,
            "memory": 0,
            "memory_reservation": 0,
            "memory_swap": 0,
            "mounts": [
              {
                "bind_options": [],
                "read_only": false,
                "source": "gateway_bank-dist",
                "target": "/dist",
                "tmpfs_options": [],
                "type": "volume",
                "volume_options": []
              }
            ],
            "must_run": true,
            "name": "bank-frontend-build",
            "network_data": [
              {
                "gateway": "172.19.0.1",
                "global_ipv6_address": "",
                "global_ipv6_prefix_length": 0,
                "ip_address": "172.19.0.20",
                "ip_prefix_length": 16,
                "ipv6_gateway": "",
                "mac_address": "ea:94:9c:d3:5b:06",
                "network_name": "gateway-net"
              }
            ],
            "network_mode": "bridge",
            "networks_advanced": [
              {
                "aliases": [],
                "ipv4_address": "",
                "ipv6_address": "",
                "mac_address": "",
                "name": "gateway-net"
              }
            ],
            "pid_mode": "",
            "ports": [],
            "privileged": false,
            "publish_all_ports": false,
            "read_only": false,
            "remove_volumes": true,
            "restart": "no",
            "rm": false,
            "runtime": "runc",
            "security_opts": [],
            "shm_size": 64,
            "start": true,
            "stdin_open": false,
            "stop_signal": "",
            "stop_timeout": 1,
            "storage_opts": {},
            "sysctls": {},
            "tmpfs": {},
            "tty": false,
            "ulimit": [],
            "upload": [],
            "user": "",
            "userns_mode": "",
            "volumes": [],
            "wait": false,
            "wait_timeout": 60,
            "working_dir": "/dist"
          },
          "sensitive_attributes": [],
          "identity_schema_version": 0,
          "private": "eyJzY2hlbWFfdmVyc2lvbiI6IjIifQ==",
          "dependencies": [
            "docker_image.bank_frontend_build",
            "docker_network.gateway_net",
            "docker_volume.bank_dist"
          ]
        }
      ]
    },
    {
      "mode": "managed",
      "type": "docker_container",
      "name": "bank_postgres",
      "provider": "provider[\"registry.terraform.io/kreuzwerker/docker\"]",
      "instances": [
        {
          "schema_version": 2,
          "attributes": {
            "attach": false,
            "bridge": "",
            "capabilities": [],
            "cgroup_parent": null,
            "cgroupns_mode": null,
            "command": [
              "postgres"
            ],
            "container_logs": null,
            "container_read_refresh_timeout_milliseconds": 15000,
            "cpu_period": null,
            "cpu_quota": null,
            "cpu_set": "",
            "cpu_shares": 0,
            "cpus": null,
            "destroy_grace_seconds": 30,
            "devices": [],
            "dns": [],
            "dns_opts": [],
            "dns_search": [],
            "domainname": "",
            "entrypoint": [
              "docker-entrypoint.sh"
            ],
            "env": [
              "POSTGRES_DB=bank",
              "POSTGRES_PASSWORD=bankmanagement@2008",
              "POSTGRES_USER=bankmanagement"
            ],
            "exit_code": null,
            "gpus": null,
            "group_add": [],
            "healthcheck": [],
            "host": [],
            "hostname": "fc2b4bc9d8c8",
            "id": "fc2b4bc9d8c8bd96c00dfc2ffeb46d3beb968903bf0de4f89e608b8b4c6ac877",
            "image": "postgres:16-alpine",
            "init": false,
            "ipc_mode": "private",
            "labels": [],
            "log_driver": "json-file",
            "log_opts": {},
            "logs": false,
            "max_retry_count": 0,
            "memory": 0,
            "memory_reservation": 0,
            "memory_swap": 0,
            "mounts": [
              {
                "bind_options": [],
                "read_only": false,
                "source": "gateway_bank-pgdata",
                "target": "/var/lib/postgresql/data",
                "tmpfs_options": [],
                "type": "volume",
                "volume_options": []
              }
            ],
            "must_run": true,
            "name": "bank-postgres",
            "network_data": [
              {
                "gateway": "172.19.0.1",
                "global_ipv6_address": "",
                "global_ipv6_prefix_length": 0,
                "ip_address": "172.19.0.6",
                "ip_prefix_length": 16,
                "ipv6_gateway": "",
                "mac_address": "1a:98:56:19:16:58",
                "network_name": "gateway-net"
              }
            ],
            "network_mode": "bridge",
            "networks_advanced": [
              {
                "aliases": [],
                "ipv4_address": "",
                "ipv6_address": "",
                "mac_address": "",
                "name": "gateway-net"
              }
            ],
            "pid_mode": "",
            "ports": [],
            "privileged": false,
            "publish_all_ports": false,
            "read_only": false,
            "remove_volumes": true,
            "restart": "always",
            "rm": false,
            "runtime": "runc",
            "security_opts": [],
            "shm_size": 64,
            "start": true,
            "stdin_open": false,
            "stop_signal": "SIGINT",
            "stop_timeout": 1,
            "storage_opts": {},
            "sysctls": {},
            "tmpfs": {},
            "tty": false,
            "ulimit": [],
            "upload": [],
            "user": "",
            "userns_mode": "",
            "volumes": [],
            "wait": false,
            "wait_timeout": 60,
            "working_dir": "/"
          },
          "sensitive_attributes": [
            [
              {
                "type": "get_attr",
                "value": "env"
              }
            ]
          ],
          "identity_schema_version": 0,
          "private": "eyJzY2hlbWFfdmVyc2lvbiI6IjIifQ==",
          "dependencies": [
            "docker_network.gateway_net",
            "docker_volume.bank_pgdata"
          ]
        }
      ]
    },
    {
      "mode": "managed",
      "type": "docker_container",
      "name": "blog_db",
      "provider": "provider[\"registry.terraform.io/kreuzwerker/docker\"]",
      "instances": [
        {
          "schema_version": 2,
          "attributes": {
            "attach": false,
            "bridge": "",
            "capabilities": [],
            "cgroup_parent": null,
            "cgroupns_mode": null,
            "command": [
              "mysqld"
            ],
            "container_logs": null,
            "container_read_refresh_timeout_milliseconds": 15000,
            "cpu_period": null,
            "cpu_quota": null,
            "cpu_set": "",
            "cpu_shares": 0,
            "cpus": null,
            "destroy_grace_seconds": null,
            "devices": [],
            "dns": [],
            "dns_opts": [],
            "dns_search": [],
            "domainname": "",
            "entrypoint": [
              "docker-entrypoint.sh"
            ],
            "env": [
              "MYSQL_DATABASE=blog_db",
              "MYSQL_ROOT_PASSWORD=saisakthi2008"
            ],
            "exit_code": null,
            "gpus": null,
            "group_add": [],
            "healthcheck": [
              {
                "interval": "10s",
                "retries": 5,
                "start_interval": "0s",
                "start_period": "30s",
                "test": [
                  "CMD",
                  "mysqladmin",
                  "ping",
                  "-h",
                  "localhost",
                  "-u",
                  "root",
                  "-psaisakthi2008"
                ],
                "timeout": "5s"
              }
            ],
            "host": [],
            "hostname": "d594c7fc7825",
            "id": "d594c7fc782530b145becd0f536d26ebbcbd6245485db92f03098f4b866caf0b",
            "image": "mysql:8.0",
            "init": false,
            "ipc_mode": "private",
            "labels": [],
            "log_driver": "json-file",
            "log_opts": {},
            "logs": false,
            "max_retry_count": 0,
            "memory": 0,
            "memory_reservation": 0,
            "memory_swap": 0,
            "mounts": [
              {
                "bind_options": [],
                "read_only": false,
                "source": "gateway_blog-mysql",
                "target": "/var/lib/mysql",
                "tmpfs_options": [],
                "type": "volume",
                "volume_options": []
              }
            ],
            "must_run": true,
            "name": "blog-db",
            "network_data": [
              {
                "gateway": "172.19.0.1",
                "global_ipv6_address": "",
                "global_ipv6_prefix_length": 0,
                "ip_address": "172.19.0.12",
                "ip_prefix_length": 16,
                "ipv6_gateway": "",
                "mac_address": "de:17:57:4e:3c:46",
                "network_name": "gateway-net"
              }
            ],
            "network_mode": "bridge",
            "networks_advanced": [
              {
                "aliases": [],
                "ipv4_address": "",
                "ipv6_address": "",
                "mac_address": "",
                "name": "gateway-net"
              }
            ],
            "pid_mode": "",
            "ports": [],
            "privileged": false,
            "publish_all_ports": false,
            "read_only": false,
            "remove_volumes": true,
            "restart": "always",
            "rm": false,
            "runtime": "runc",
            "security_opts": [],
            "shm_size": 64,
            "start": true,
            "stdin_open": false,
            "stop_signal": "",
            "stop_timeout": 1,
            "storage_opts": {},
            "sysctls": {},
            "tmpfs": {},
            "tty": false,
            "ulimit": [],
            "upload": [],
            "user": "",
            "userns_mode": "",
            "volumes": [],
            "wait": false,
            "wait_timeout": 60,
            "working_dir": "/"
          },
          "sensitive_attributes": [
            [
              {
                "type": "get_attr",
                "value": "env"
              }
            ],
            [
              {
                "type": "get_attr",
                "value": "healthcheck"
              },
              {
                "type": "index",
                "value": {
                  "value": 0,
                  "type": "number"
                }
              },
              {
                "type": "get_attr",
                "value": "test"
              },
              {
                "type": "index",
                "value": {
                  "value": 7,
                  "type": "number"
                }
              }
            ]
          ],
          "identity_schema_version": 0,
          "private": "eyJzY2hlbWFfdmVyc2lvbiI6IjIifQ==",
          "dependencies": [
            "docker_network.gateway_net",
            "docker_volume.blog_mysql"
          ]
        }
      ]
    },
    {
      "mode": "managed",
      "type": "docker_container",
      "name": "blog_minio",
      "provider": "provider[\"registry.terraform.io/kreuzwerker/docker\"]",
      "instances": [
        {
          "schema_version": 2,
          "attributes": {
            "attach": false,
            "bridge": "",
            "capabilities": [],
            "cgroup_parent": null,
            "cgroupns_mode": null,
            "command": [
              "server",
              "/data",
              "--console-address",
              ":9091"
            ],
            "container_logs": null,
            "container_read_refresh_timeout_milliseconds": 15000,
            "cpu_period": null,
            "cpu_quota": null,
            "cpu_set": "",
            "cpu_shares": 0,
            "cpus": null,
            "destroy_grace_seconds": null,
            "devices": [],
            "dns": [],
            "dns_opts": [],
            "dns_search": [],
            "domainname": "",
            "entrypoint": [
              "/usr/bin/docker-entrypoint.sh"
            ],
            "env": [
              "MINIO_ROOT_PASSWORD=password123",
              "MINIO_ROOT_USER=admin"
            ],
            "exit_code": null,
            "gpus": null,
            "group_add": [],
            "healthcheck": [
              {
                "interval": "10s",
                "retries": 5,
                "start_interval": "0s",
                "start_period": "20s",
                "test": [
                  "CMD",
                  "curl",
                  "-f",
                  "http://localhost:9000/minio/health/live"
                ],
                "timeout": "5s"
              }
            ],
            "host": [],
            "hostname": "a4925fee613f",
            "id": "a4925fee613f2813e292112309c2e46accf2762ed38c2f32d20b1662ac674bac",
            "image": "quay.io/minio/minio:latest",
            "init": false,
            "ipc_mode": "private",
            "labels": [],
            "log_driver": "json-file",
            "log_opts": {},
            "logs": false,
            "max_retry_count": 0,
            "memory": 0,
            "memory_reservation": 0,
            "memory_swap": 0,
            "mounts": [
              {
                "bind_options": [],
                "read_only": false,
                "source": "gateway_blog-minio",
                "target": "/data",
                "tmpfs_options": [],
                "type": "volume",
                "volume_options": []
              }
            ],
            "must_run": true,
            "name": "blog-minio",
            "network_data": [
              {
                "gateway": "172.19.0.1",
                "global_ipv6_address": "",
                "global_ipv6_prefix_length": 0,
                "ip_address": "172.19.0.2",
                "ip_prefix_length": 16,
                "ipv6_gateway": "",
                "mac_address": "8a:f9:53:4d:be:5d",
                "network_name": "gateway-net"
              }
            ],
            "network_mode": "bridge",
            "networks_advanced": [
              {
                "aliases": [],
                "ipv4_address": "",
                "ipv6_address": "",
                "mac_address": "",
                "name": "gateway-net"
              }
            ],
            "pid_mode": "",
            "ports": [],
            "privileged": false,
            "publish_all_ports": false,
            "read_only": false,
            "remove_volumes": true,
            "restart": "always",
            "rm": false,
            "runtime": "runc",
            "security_opts": [],
            "shm_size": 64,
            "start": true,
            "stdin_open": false,
            "stop_signal": "",
            "stop_timeout": 1,
            "storage_opts": {},
            "sysctls": {},
            "tmpfs": {},
            "tty": false,
            "ulimit": [],
            "upload": [],
            "user": "",
            "userns_mode": "",
            "volumes": [],
            "wait": false,
            "wait_timeout": 60,
            "working_dir": "/"
          },
          "sensitive_attributes": [
            [
              {
                "type": "get_attr",
                "value": "env"
              }
            ]
          ],
          "identity_schema_version": 0,
          "private": "eyJzY2hlbWFfdmVyc2lvbiI6IjIifQ==",
          "dependencies": [
            "docker_network.gateway_net",
            "docker_volume.blog_minio"
          ]
        }
      ]
    },
    {
      "mode": "managed",
      "type": "docker_container",
      "name": "blog_minio_init",
      "provider": "provider[\"registry.terraform.io/kreuzwerker/docker\"]",
      "instances": [
        {
          "schema_version": 2,
          "attributes": {
            "attach": false,
            "bridge": "",
            "capabilities": [],
            "cgroup_parent": null,
            "cgroupns_mode": null,
            "command": [
              "until mc alias set blogminio http://blog-minio:9000 admin password123; do\n  echo \"Waiting for MinIO...\"; sleep 2;\ndone\nmc mb --ignore-existing blogminio/blog-media\nmc anonymous set download blogminio/blog-media\necho \"Bucket setup complete!\"\n"
            ],
            "container_logs": null,
            "container_read_refresh_timeout_milliseconds": 15000,
            "cpu_period": null,
            "cpu_quota": null,
            "cpu_set": "",
            "cpu_shares": 0,
            "cpus": null,
            "destroy_grace_seconds": null,
            "devices": [],
            "dns": [],
            "dns_opts": [],
            "dns_search": [],
            "domainname": "",
            "entrypoint": [
              "/bin/sh",
              "-c"
            ],
            "env": [],
            "exit_code": 0,
            "gpus": null,
            "group_add": [],
            "healthcheck": [],
            "host": [],
            "hostname": "599c9a7ab0f1",
            "id": "599c9a7ab0f17a1c44641358588f63c1e6b53023177877946e860aac9a57889e",
            "image": "quay.io/minio/mc:latest",
            "init": false,
            "ipc_mode": "private",
            "labels": [],
            "log_driver": "json-file",
            "log_opts": {},
            "logs": false,
            "max_retry_count": 0,
            "memory": 0,
            "memory_reservation": 0,
            "memory_swap": 0,
            "mounts": [],
            "must_run": false,
            "name": "blog-minio-init",
            "network_data": [
              {
                "gateway": "",
                "global_ipv6_address": "",
                "global_ipv6_prefix_length": 0,
                "ip_address": "",
                "ip_prefix_length": 0,
                "ipv6_gateway": "",
                "mac_address": "",
                "network_name": "gateway-net"
              }
            ],
            "network_mode": "bridge",
            "networks_advanced": [
              {
                "aliases": [],
                "ipv4_address": "",
                "ipv6_address": "",
                "mac_address": "",
                "name": "gateway-net"
              }
            ],
            "pid_mode": "",
            "ports": [],
            "privileged": false,
            "publish_all_ports": false,
            "read_only": false,
            "remove_volumes": true,
            "restart": "no",
            "rm": false,
            "runtime": "runc",
            "security_opts": [],
            "shm_size": 64,
            "start": true,
            "stdin_open": false,
            "stop_signal": "",
            "stop_timeout": 1,
            "storage_opts": {},
            "sysctls": {},
            "tmpfs": {},
            "tty": false,
            "ulimit": [],
            "upload": [],
            "user": "",
            "userns_mode": "",
            "volumes": [],
            "wait": false,
            "wait_timeout": 60,
            "working_dir": "/"
          },
          "sensitive_attributes": [
            [
              {
                "type": "get_attr",
                "value": "command"
              },
              {
                "type": "index",
                "value": {
                  "value": 0,
                  "type": "number"
                }
              }
            ]
          ],
          "identity_schema_version": 0,
          "private": "eyJzY2hlbWFfdmVyc2lvbiI6IjIifQ==",
          "dependencies": [
            "docker_container.blog_minio",
            "docker_network.gateway_net",
            "docker_volume.blog_minio"
          ]
        }
      ]
    },
    {
      "mode": "managed",
      "type": "docker_container",
      "name": "doc_frontend_build",
      "provider": "provider[\"registry.terraform.io/kreuzwerker/docker\"]",
      "instances": [
        {
          "schema_version": 2,
          "attributes": {
            "attach": false,
            "bridge": "",
            "capabilities": [],
            "cgroup_parent": null,
            "cgroupns_mode": null,
            "command": [
              "sh",
              "-c",
              "cp -r /dist/. /output/ \u0026\u0026 echo 'Done'"
            ],
            "container_logs": null,
            "container_read_refresh_timeout_milliseconds": 15000,
            "cpu_period": null,
            "cpu_quota": null,
            "cpu_set": "",
            "cpu_shares": 0,
            "cpus": null,
            "destroy_grace_seconds": 30,
            "devices": [],
            "dns": [],
            "dns_opts": [],
            "dns_search": [],
            "domainname": "",
            "entrypoint": [],
            "env": [],
            "exit_code": 0,
            "gpus": null,
            "group_add": [],
            "healthcheck": [],
            "host": [],
            "hostname": "176bb1abe73b",
            "id": "176bb1abe73bd57f6a805024312aed7280953e1f830911aab97061c922923934",
            "image": "documentintelligenceplatform-frontend:latest",
            "init": false,
            "ipc_mode": "private",
            "labels": [],
            "log_driver": "json-file",
            "log_opts": {},
            "logs": false,
            "max_retry_count": 0,
            "memory": 0,
            "memory_reservation": 0,
            "memory_swap": 0,
            "mounts": [
              {
                "bind_options": [],
                "read_only": false,
                "source": "gateway_doc-dist",
                "target": "/output",
                "tmpfs_options": [],
                "type": "volume",
                "volume_options": []
              }
            ],
            "must_run": false,
            "name": "doc-frontend-build",
            "network_data": [
              {
                "gateway": "",
                "global_ipv6_address": "",
                "global_ipv6_prefix_length": 0,
                "ip_address": "",
                "ip_prefix_length": 0,
                "ipv6_gateway": "",
                "mac_address": "",
                "network_name": "gateway-net"
              }
            ],
            "network_mode": "bridge",
            "networks_advanced": [
              {
                "aliases": [],
                "ipv4_address": "",
                "ipv6_address": "",
                "mac_address": "",
                "name": "gateway-net"
              }
            ],
            "pid_mode": "",
            "ports": [],
            "privileged": false,
            "publish_all_ports": false,
            "read_only": false,
            "remove_volumes": true,
            "restart": "no",
            "rm": false,
            "runtime": "runc",
            "security_opts": [],
            "shm_size": 64,
            "start": true,
            "stdin_open": false,
            "stop_signal": "",
            "stop_timeout": 1,
            "storage_opts": {},
            "sysctls": {},
            "tmpfs": {},
            "tty": false,
            "ulimit": [],
            "upload": [],
            "user": "",
            "userns_mode": "",
            "volumes": [],
            "wait": false,
            "wait_timeout": 60,
            "working_dir": "/"
          },
          "sensitive_attributes": [],
          "identity_schema_version": 0,
          "private": "eyJzY2hlbWFfdmVyc2lvbiI6IjIifQ==",
          "dependencies": [
            "docker_image.doc_frontend_build",
            "docker_network.gateway_net",
            "docker_volume.doc_dist"
          ]
        }
      ]
    },
    {
      "mode": "managed",
      "type": "docker_container",
      "name": "doc_minio",
      "provider": "provider[\"registry.terraform.io/kreuzwerker/docker\"]",
      "instances": [
        {
          "schema_version": 2,
          "attributes": {
            "attach": false,
            "bridge": "",
            "capabilities": [],
            "cgroup_parent": null,
            "cgroupns_mode": null,
            "command": [
              "server",
              "/data",
              "--console-address",
              ":9001"
            ],
            "container_logs": null,
            "container_read_refresh_timeout_milliseconds": 15000,
            "cpu_period": null,
            "cpu_quota": null,
            "cpu_set": "",
            "cpu_shares": 0,
            "cpus": null,
            "destroy_grace_seconds": 30,
            "devices": [],
            "dns": [],
            "dns_opts": [],
            "dns_search": [],
            "domainname": "",
            "entrypoint": [
              "/usr/bin/docker-entrypoint.sh"
            ],
            "env": [
              "MINIO_ROOT_PASSWORD=password123",
              "MINIO_ROOT_USER=admin"
            ],
            "exit_code": null,
            "gpus": null,
            "group_add": [],
            "healthcheck": [],
            "host": [],
            "hostname": "cbe896f9f006",
            "id": "cbe896f9f006c152f7cc36b1449454a38690a2e1d4c539c06d85b36c02084ee1",
            "image": "quay.io/minio/minio:latest",
            "init": false,
            "ipc_mode": "private",
            "labels": [],
            "log_driver": "json-file",
            "log_opts": {},
            "logs": false,
            "max_retry_count": 0,
            "memory": 0,
            "memory_reservation": 0,
            "memory_swap": 0,
            "mounts": [
              {
                "bind_options": [],
                "read_only": false,
                "source": "gateway_doc-minio",
                "target": "/data",
                "tmpfs_options": [],
                "type": "volume",
                "volume_options": []
              }
            ],
            "must_run": true,
            "name": "doc-minio",
            "network_data": [
              {
                "gateway": "172.19.0.1",
                "global_ipv6_address": "",
                "global_ipv6_prefix_length": 0,
                "ip_address": "172.19.0.3",
                "ip_prefix_length": 16,
                "ipv6_gateway": "",
                "mac_address": "da:91:6b:57:30:6d",
                "network_name": "gateway-net"
              }
            ],
            "network_mode": "bridge",
            "networks_advanced": [
              {
                "aliases": [],
                "ipv4_address": "",
                "ipv6_address": "",
                "mac_address": "",
                "name": "gateway-net"
              }
            ],
            "pid_mode": "",
            "ports": [],
            "privileged": false,
            "publish_all_ports": false,
            "read_only": false,
            "remove_volumes": true,
            "restart": "always",
            "rm": false,
            "runtime": "runc",
            "security_opts": [],
            "shm_size": 64,
            "start": true,
            "stdin_open": false,
            "stop_signal": "",
            "stop_timeout": 1,
            "storage_opts": {},
            "sysctls": {},
            "tmpfs": {},
            "tty": false,
            "ulimit": [],
            "upload": [],
            "user": "",
            "userns_mode": "",
            "volumes": [],
            "wait": false,
            "wait_timeout": 60,
            "working_dir": "/"
          },
          "sensitive_attributes": [
            [
              {
                "type": "get_attr",
                "value": "env"
              }
            ]
          ],
          "identity_schema_version": 0,
          "private": "eyJzY2hlbWFfdmVyc2lvbiI6IjIifQ==",
          "dependencies": [
            "docker_network.gateway_net",
            "docker_volume.doc_minio"
          ]
        }
      ]
    },
    {
      "mode": "managed",
      "type": "docker_container",
      "name": "doc_mysql",
      "provider": "provider[\"registry.terraform.io/kreuzwerker/docker\"]",
      "instances": [
        {
          "schema_version": 2,
          "attributes": {
            "attach": false,
            "bridge": "",
            "capabilities": [],
            "cgroup_parent": null,
            "cgroupns_mode": null,
            "command": [
              "mysqld"
            ],
            "container_logs": null,
            "container_read_refresh_timeout_milliseconds": 15000,
            "cpu_period": null,
            "cpu_quota": null,
            "cpu_set": "",
            "cpu_shares": 0,
            "cpus": null,
            "destroy_grace_seconds": null,
            "devices": [],
            "dns": [],
            "dns_opts": [],
            "dns_search": [],
            "domainname": "",
            "entrypoint": [
              "docker-entrypoint.sh"
            ],
            "env": [
              "MYSQL_DATABASE=book_db",
              "MYSQL_ROOT_PASSWORD=saisakthi2008"
            ],
            "exit_code": null,
            "gpus": null,
            "group_add": [],
            "healthcheck": [
              {
                "interval": "10s",
                "retries": 5,
                "start_interval": "0s",
                "start_period": "30s",
                "test": [
                  "CMD",
                  "mysqladmin",
                  "ping",
                  "-h",
                  "localhost",
                  "-u",
                  "root",
                  "-psaisakthi2008"
                ],
                "timeout": "5s"
              }
            ],
            "host": [],
            "hostname": "4ea8662fdbfb",
            "id": "4ea8662fdbfb89243e6fee3968545fb580c24bc1fd7e94768b0813e1616574e5",
            "image": "mysql:8.0",
            "init": false,
            "ipc_mode": "private",
            "labels": [],
            "log_driver": "json-file",
            "log_opts": {},
            "logs": false,
            "max_retry_count": 0,
            "memory": 0,
            "memory_reservation": 0,
            "memory_swap": 0,
            "mounts": [
              {
                "bind_options": [],
                "read_only": false,
                "source": "gateway_doc-mysql",
                "target": "/var/lib/mysql",
                "tmpfs_options": [],
                "type": "volume",
                "volume_options": []
              }
            ],
            "must_run": true,
            "name": "doc-mysql",
            "network_data": [
              {
                "gateway": "172.19.0.1",
                "global_ipv6_address": "",
                "global_ipv6_prefix_length": 0,
                "ip_address": "172.19.0.7",
                "ip_prefix_length": 16,
                "ipv6_gateway": "",
                "mac_address": "ca:d0:38:b8:9d:b5",
                "network_name": "gateway-net"
              }
            ],
            "network_mode": "bridge",
            "networks_advanced": [
              {
                "aliases": [],
                "ipv4_address": "",
                "ipv6_address": "",
                "mac_address": "",
                "name": "gateway-net"
              }
            ],
            "pid_mode": "",
            "ports": [],
            "privileged": false,
            "publish_all_ports": false,
            "read_only": false,
            "remove_volumes": true,
            "restart": "always",
            "rm": false,
            "runtime": "runc",
            "security_opts": [],
            "shm_size": 64,
            "start": true,
            "stdin_open": false,
            "stop_signal": "",
            "stop_timeout": 1,
            "storage_opts": {},
            "sysctls": {},
            "tmpfs": {},
            "tty": false,
            "ulimit": [],
            "upload": [],
            "user": "",
            "userns_mode": "",
            "volumes": [],
            "wait": false,
            "wait_timeout": 60,
            "working_dir": "/"
          },
          "sensitive_attributes": [
            [
              {
                "type": "get_attr",
                "value": "env"
              }
            ],
            [
              {
                "type": "get_attr",
                "value": "healthcheck"
              },
              {
                "type": "index",
                "value": {
                  "value": 0,
                  "type": "number"
                }
              },
              {
                "type": "get_attr",
                "value": "test"
              },
              {
                "type": "index",
                "value": {
                  "value": 7,
                  "type": "number"
                }
              }
            ]
          ],
          "identity_schema_version": 0,
          "private": "eyJzY2hlbWFfdmVyc2lvbiI6IjIifQ==",
          "dependencies": [
            "docker_network.gateway_net",
            "docker_volume.doc_mysql"
          ]
        }
      ]
    },
    {
      "mode": "managed",
      "type": "docker_container",
      "name": "nginx_exporter",
      "provider": "provider[\"registry.terraform.io/kreuzwerker/docker\"]",
      "instances": [
        {
          "schema_version": 2,
          "attributes": {
            "attach": false,
            "bridge": "",
            "capabilities": [],
            "cgroup_parent": null,
            "cgroupns_mode": null,
            "command": [
              "-nginx.scrape-uri=http://gateway:8080/nginx_status"
            ],
            "container_logs": null,
            "container_read_refresh_timeout_milliseconds": 15000,
            "cpu_period": null,
            "cpu_quota": null,
            "cpu_set": "",
            "cpu_shares": 0,
            "cpus": null,
            "destroy_grace_seconds": null,
            "devices": [],
            "dns": [],
            "dns_opts": [],
            "dns_search": [],
            "domainname": "",
            "entrypoint": [
              "/usr/bin/nginx-prometheus-exporter"
            ],
            "env": [],
            "exit_code": null,
            "gpus": null,
            "group_add": [],
            "healthcheck": [],
            "host": [],
            "hostname": "86d49a01fee2",
            "id": "86d49a01fee2f214730e389e3b2fb92e906f31d35f98bf98ec6fce562689b60d",
            "image": "nginx/nginx-prometheus-exporter:1.1",
            "init": false,
            "ipc_mode": "private",
            "labels": [],
            "log_driver": "json-file",
            "log_opts": {},
            "logs": false,
            "max_retry_count": 0,
            "memory": 0,
            "memory_reservation": 0,
            "memory_swap": 0,
            "mounts": [],
            "must_run": true,
            "name": "nginx-exporter",
            "network_data": [
              {
                "gateway": "172.19.0.1",
                "global_ipv6_address": "",
                "global_ipv6_prefix_length": 0,
                "ip_address": "172.19.0.15",
                "ip_prefix_length": 16,
                "ipv6_gateway": "",
                "mac_address": "ca:b0:2f:4e:c3:5c",
                "network_name": "gateway-net"
              }
            ],
            "network_mode": "bridge",
            "networks_advanced": [
              {
                "aliases": [],
                "ipv4_address": "",
                "ipv6_address": "",
                "mac_address": "",
                "name": "gateway-net"
              }
            ],
            "pid_mode": "",
            "ports": [
              {
                "external": 9113,
                "internal": 9113,
                "ip": "0.0.0.0",
                "protocol": "tcp"
              }
            ],
            "privileged": false,
            "publish_all_ports": false,
            "read_only": false,
            "remove_volumes": true,
            "restart": "unless-stopped",
            "rm": false,
            "runtime": "runc",
            "security_opts": [],
            "shm_size": 64,
            "start": true,
            "stdin_open": false,
            "stop_signal": "",
            "stop_timeout": 1,
            "storage_opts": {},
            "sysctls": {},
            "tmpfs": {},
            "tty": false,
            "ulimit": [],
            "upload": [],
            "user": "1001:1001",
            "userns_mode": "",
            "volumes": [],
            "wait": false,
            "wait_timeout": 60,
            "working_dir": "/"
          },
          "sensitive_attributes": [],
          "identity_schema_version": 0,
          "private": "eyJzY2hlbWFfdmVyc2lvbiI6IjIifQ==",
          "dependencies": [
            "docker_network.gateway_net",
            "docker_volume.api_dist",
            "docker_volume.bank_dist",
            "docker_volume.doc_dist",
            "docker_volume.intro_dist",
            "docker_volume.notes_dist",
            "docker_volume.quiz_dist",
            "docker_volume.record_dist",
            "docker_volume.video_dist",
            "module.gateway.docker_container.app"
          ]
        }
      ]
    },
    {
      "mode": "managed",
      "type": "docker_container",
      "name": "notes_frontend_build",
      "provider": "provider[\"registry.terraform.io/kreuzwerker/docker\"]",
      "instances": [
        {
          "schema_version": 2,
          "attributes": {
            "attach": false,
            "bridge": "",
            "capabilities": [],
            "cgroup_parent": null,
            "cgroupns_mode": null,
            "command": [
              "sleep",
              "infinity"
            ],
            "container_logs": null,
            "container_read_refresh_timeout_milliseconds": 15000,
            "cpu_period": null,
            "cpu_quota": null,
            "cpu_set": "",
            "cpu_shares": 0,
            "cpus": null,
            "destroy_grace_seconds": 30,
            "devices": [],
            "dns": [],
            "dns_opts": [],
            "dns_search": [],
            "domainname": "",
            "entrypoint": [],
            "env": [],
            "exit_code": null,
            "gpus": null,
            "group_add": [],
            "healthcheck": [],
            "host": [],
            "hostname": "ad3b234b66d6",
            "id": "ad3b234b66d6604b82bb4683e0f96efc2f54da5a7dc8e0bac5cf9e47ade5764d",
            "image": "notes-frontend-build:latest",
            "init": false,
            "ipc_mode": "private",
            "labels": [],
            "log_driver": "json-file",
            "log_opts": {},
            "logs": false,
            "max_retry_count": 0,
            "memory": 0,
            "memory_reservation": 0,
            "memory_swap": 0,
            "mounts": [
              {
                "bind_options": [],
                "read_only": false,
                "source": "gateway_notes-dist",
                "target": "/dist",
                "tmpfs_options": [],
                "type": "volume",
                "volume_options": []
              }
            ],
            "must_run": true,
            "name": "notes-frontend-build",
            "network_data": [
              {
                "gateway": "172.19.0.1",
                "global_ipv6_address": "",
                "global_ipv6_prefix_length": 0,
                "ip_address": "172.19.0.18",
                "ip_prefix_length": 16,
                "ipv6_gateway": "",
                "mac_address": "2a:56:db:bd:00:80",
                "network_name": "gateway-net"
              }
            ],
            "network_mode": "bridge",
            "networks_advanced": [
              {
                "aliases": [],
                "ipv4_address": "",
                "ipv6_address": "",
                "mac_address": "",
                "name": "gateway-net"
              }
            ],
            "pid_mode": "",
            "ports": [],
            "privileged": false,
            "publish_all_ports": false,
            "read_only": false,
            "remove_volumes": true,
            "restart": "no",
            "rm": false,
            "runtime": "runc",
            "security_opts": [],
            "shm_size": 64,
            "start": true,
            "stdin_open": false,
            "stop_signal": "",
            "stop_timeout": 1,
            "storage_opts": {},
            "sysctls": {},
            "tmpfs": {},
            "tty": false,
            "ulimit": [],
            "upload": [],
            "user": "",
            "userns_mode": "",
            "volumes": [],
            "wait": false,
            "wait_timeout": 60,
            "working_dir": "/dist"
          },
          "sensitive_attributes": [],
          "identity_schema_version": 0,
          "private": "eyJzY2hlbWFfdmVyc2lvbiI6IjIifQ==",
          "dependencies": [
            "docker_image.notes_frontend_build",
            "docker_network.gateway_net",
            "docker_volume.notes_dist"
          ]
        }
      ]
    },
    {
      "mode": "managed",
      "type": "docker_container",
      "name": "notes_postgres",
      "provider": "provider[\"registry.terraform.io/kreuzwerker/docker\"]",
      "instances": [
        {
          "schema_version": 2,
          "attributes": {
            "attach": false,
            "bridge": "",
            "capabilities": [],
            "cgroup_parent": null,
            "cgroupns_mode": null,
            "command": [
              "postgres"
            ],
            "container_logs": null,
            "container_read_refresh_timeout_milliseconds": 15000,
            "cpu_period": null,
            "cpu_quota": null,
            "cpu_set": "",
            "cpu_shares": 0,
            "cpus": null,
            "destroy_grace_seconds": 30,
            "devices": [],
            "dns": [],
            "dns_opts": [],
            "dns_search": [],
            "domainname": "",
            "entrypoint": [
              "docker-entrypoint.sh"
            ],
            "env": [
              "POSTGRES_DB=notes_app",
              "POSTGRES_PASSWORD=sai2008",
              "POSTGRES_USER=saisakthi"
            ],
            "exit_code": null,
            "gpus": null,
            "group_add": [],
            "healthcheck": [],
            "host": [],
            "hostname": "748cec3ecc2b",
            "id": "748cec3ecc2b43785ff478fbd38f15b70ac55f62cd77a7e4db8f5b5bc7559f1e",
            "image": "postgres:16",
            "init": false,
            "ipc_mode": "private",
            "labels": [],
            "log_driver": "json-file",
            "log_opts": {},
            "logs": false,
            "max_retry_count": 0,
            "memory": 0,
            "memory_reservation": 0,
            "memory_swap": 0,
            "mounts": [
              {
                "bind_options": [],
                "read_only": false,
                "source": "gateway_notes-pgdata",
                "target": "/var/lib/postgresql/data",
                "tmpfs_options": [],
                "type": "volume",
                "volume_options": []
              }
            ],
            "must_run": true,
            "name": "notes-postgres",
            "network_data": [
              {
                "gateway": "172.19.0.1",
                "global_ipv6_address": "",
                "global_ipv6_prefix_length": 0,
                "ip_address": "172.19.0.16",
                "ip_prefix_length": 16,
                "ipv6_gateway": "",
                "mac_address": "86:49:c5:cd:b0:c0",
                "network_name": "gateway-net"
              }
            ],
            "network_mode": "bridge",
            "networks_advanced": [
              {
                "aliases": [],
                "ipv4_address": "",
                "ipv6_address": "",
                "mac_address": "",
                "name": "gateway-net"
              }
            ],
            "pid_mode": "",
            "ports": [],
            "privileged": false,
            "publish_all_ports": false,
            "read_only": false,
            "remove_volumes": true,
            "restart": "always",
            "rm": false,
            "runtime": "runc",
            "security_opts": [],
            "shm_size": 64,
            "start": true,
            "stdin_open": false,
            "stop_signal": "SIGINT",
            "stop_timeout": 1,
            "storage_opts": {},
            "sysctls": {},
            "tmpfs": {},
            "tty": false,
            "ulimit": [],
            "upload": [],
            "user": "",
            "userns_mode": "",
            "volumes": [],
            "wait": false,
            "wait_timeout": 60,
            "working_dir": ""
          },
          "sensitive_attributes": [
            [
              {
                "type": "get_attr",
                "value": "env"
              }
            ]
          ],
          "identity_schema_version": 0,
          "private": "eyJzY2hlbWFfdmVyc2lvbiI6IjIifQ==",
          "dependencies": [
            "docker_network.gateway_net",
            "docker_volume.notes_pgdata"
          ]
        }
      ]
    },
    {
      "mode": "managed",
      "type": "docker_container",
      "name": "otel_gateway",
      "provider": "provider[\"registry.terraform.io/kreuzwerker/docker\"]",
      "instances": [
        {
          "schema_version": 2,
          "attributes": {
            "attach": false,
            "bridge": "",
            "capabilities": [],
            "cgroup_parent": null,
            "cgroupns_mode": null,
            "command": [
              "--config=/etc/otelcol-contrib/config.yaml"
            ],
            "container_logs": null,
            "container_read_refresh_timeout_milliseconds": 15000,
            "cpu_period": null,
            "cpu_quota": null,
            "cpu_set": "",
            "cpu_shares": 0,
            "cpus": null,
            "destroy_grace_seconds": null,
            "devices": [],
            "dns": null,
            "dns_opts": null,
            "dns_search": null,
            "domainname": "",
            "entrypoint": [
              "/otelcol-contrib"
            ],
            "env": [],
            "exit_code": null,
            "gpus": null,
            "group_add": null,
            "healthcheck": [
              {
                "interval": "10s",
                "retries": 5,
                "start_interval": "0s",
                "start_period": "10s",
                "test": [
                  "CMD",
                  "wget",
                  "--spider",
                  "-q",
                  "http://localhost:13133/"
                ],
                "timeout": "5s"
              }
            ],
            "host": [],
            "hostname": "504a1247fd56",
            "id": "504a1247fd565fe52b6c183f686a6c161eb4efc18e673d94fc9fda9bd0ce1f23",
            "image": "sha256:cea61bd39d318b3ec7664794f6be9ed0cce9321059a08b4ec5d3b8d310a4b609",
            "init": false,
            "ipc_mode": "private",
            "labels": [],
            "log_driver": "json-file",
            "log_opts": null,
            "logs": false,
            "max_retry_count": 0,
            "memory": 0,
            "memory_reservation": 0,
            "memory_swap": 0,
            "mounts": [
              {
                "bind_options": [],
                "read_only": true,
                "source": "/home/saisakthi/Coding-Project/Projects/Finished Projects/Docker/Terraform/projects/platform/observability/otel-gateway-config.yml",
                "target": "/etc/otelcol-contrib/config.yaml",
                "tmpfs_options": [],
                "type": "bind",
                "volume_options": []
              }
            ],
            "must_run": true,
            "name": "otel-gateway",
            "network_data": [
              {
                "gateway": "172.19.0.1",
                "global_ipv6_address": "",
                "global_ipv6_prefix_length": 0,
                "ip_address": "172.19.0.21",
                "ip_prefix_length": 16,
                "ipv6_gateway": "",
                "mac_address": "8a:d3:8f:c2:88:23",
                "network_name": "gateway-net"
              }
            ],
            "network_mode": "bridge",
            "networks_advanced": [
              {
                "aliases": [],
                "ipv4_address": "",
                "ipv6_address": "",
                "mac_address": "",
                "name": "gateway-net"
              }
            ],
            "pid_mode": "",
            "ports": [
              {
                "external": 4317,
                "internal": 4317,
                "ip": "0.0.0.0",
                "protocol": "tcp"
              },
              {
                "external": 4318,
                "internal": 4318,
                "ip": "0.0.0.0",
                "protocol": "tcp"
              },
              {
                "external": 13133,
                "internal": 13133,
                "ip": "0.0.0.0",
                "protocol": "tcp"
              }
            ],
            "privileged": false,
            "publish_all_ports": false,
            "read_only": false,
            "remove_volumes": true,
            "restart": "unless-stopped",
            "rm": false,
            "runtime": "runc",
            "security_opts": [],
            "shm_size": 64,
            "start": true,
            "stdin_open": false,
            "stop_signal": "",
            "stop_timeout": 1,
            "storage_opts": null,
            "sysctls": null,
            "tmpfs": null,
            "tty": false,
            "ulimit": [],
            "upload": [],
            "user": "10001",
            "userns_mode": "",
            "volumes": [],
            "wait": false,
            "wait_timeout": 60,
            "working_dir": "/"
          },
          "sensitive_attributes": [],
          "identity_schema_version": 0,
          "private": "eyJzY2hlbWFfdmVyc2lvbiI6IjIifQ==",
          "dependencies": [
            "docker_image.otel_gateway",
            "docker_network.gateway_net",
            "helm_release.cassandra",
            "helm_release.kube_prometheus_stack",
            "helm_release.loki",
            "helm_release.otel_collector",
            "helm_release.redis",
            "helm_release.tempo",
            "kubectl_manifest.minio_service",
            "kubectl_manifest.otel_nodeport",
            "null_resource.kind_cluster"
          ]
        }
      ]
    },
    {
      "mode": "managed",
      "type": "docker_container",
      "name": "quiz_frontend_build",
      "provider": "provider[\"registry.terraform.io/kreuzwerker/docker\"]",
      "instances": [
        {
          "schema_version": 2,
          "attributes": {
            "attach": false,
            "bridge": "",
            "capabilities": [],
            "cgroup_parent": null,
            "cgroupns_mode": null,
            "command": [
              "sleep",
              "infinity"
            ],
            "container_logs": null,
            "container_read_refresh_timeout_milliseconds": 15000,
            "cpu_period": null,
            "cpu_quota": null,
            "cpu_set": "",
            "cpu_shares": 0,
            "cpus": null,
            "destroy_grace_seconds": 30,
            "devices": [],
            "dns": [],
            "dns_opts": [],
            "dns_search": [],
            "domainname": "",
            "entrypoint": [],
            "env": [],
            "exit_code": null,
            "gpus": null,
            "group_add": [],
            "healthcheck": [],
            "host": [],
            "hostname": "a8a4b3ed87f7",
            "id": "a8a4b3ed87f751fe196a56dfb5ab158237c3e645df84ef1a39bd0dfb09e6659b",
            "image": "quiz-frontend-build:latest",
            "init": false,
            "ipc_mode": "private",
            "labels": [],
            "log_driver": "json-file",
            "log_opts": {},
            "logs": false,
            "max_retry_count": 0,
            "memory": 0,
            "memory_reservation": 0,
            "memory_swap": 0,
            "mounts": [
              {
                "bind_options": [],
                "read_only": false,
                "source": "gateway_quiz-dist",
                "target": "/dist",
                "tmpfs_options": [],
                "type": "volume",
                "volume_options": []
              }
            ],
            "must_run": true,
            "name": "quiz-frontend-build",
            "network_data": [
              {
                "gateway": "172.19.0.1",
                "global_ipv6_address": "",
                "global_ipv6_prefix_length": 0,
                "ip_address": "172.19.0.19",
                "ip_prefix_length": 16,
                "ipv6_gateway": "",
                "mac_address": "92:ce:b0:36:42:d1",
                "network_name": "gateway-net"
              }
            ],
            "network_mode": "bridge",
            "networks_advanced": [
              {
                "aliases": [],
                "ipv4_address": "",
                "ipv6_address": "",
                "mac_address": "",
                "name": "gateway-net"
              }
            ],
            "pid_mode": "",
            "ports": [],
            "privileged": false,
            "publish_all_ports": false,
            "read_only": false,
            "remove_volumes": true,
            "restart": "no",
            "rm": false,
            "runtime": "runc",
            "security_opts": [],
            "shm_size": 64,
            "start": true,
            "stdin_open": false,
            "stop_signal": "",
            "stop_timeout": 1,
            "storage_opts": {},
            "sysctls": {},
            "tmpfs": {},
            "tty": false,
            "ulimit": [],
            "upload": [],
            "user": "",
            "userns_mode": "",
            "volumes": [],
            "wait": false,
            "wait_timeout": 60,
            "working_dir": "/dist"
          },
          "sensitive_attributes": [],
          "identity_schema_version": 0,
          "private": "eyJzY2hlbWFfdmVyc2lvbiI6IjIifQ==",
          "dependencies": [
            "docker_image.quiz_frontend_build",
            "docker_network.gateway_net",
            "docker_volume.quiz_dist"
          ]
        }
      ]
    },
    {
      "mode": "managed",
      "type": "docker_container",
      "name": "video_frontend_build",
      "provider": "provider[\"registry.terraform.io/kreuzwerker/docker\"]",
      "instances": [
        {
          "schema_version": 2,
          "attributes": {
            "attach": false,
            "bridge": "",
            "capabilities": [],
            "cgroup_parent": null,
            "cgroupns_mode": null,
            "command": [
              "sleep",
              "infinity"
            ],
            "container_logs": null,
            "container_read_refresh_timeout_milliseconds": 15000,
            "cpu_period": null,
            "cpu_quota": null,
            "cpu_set": "",
            "cpu_shares": 0,
            "cpus": null,
            "destroy_grace_seconds": 30,
            "devices": [],
            "dns": [],
            "dns_opts": [],
            "dns_search": [],
            "domainname": "",
            "entrypoint": [],
            "env": [],
            "exit_code": null,
            "gpus": null,
            "group_add": [],
            "healthcheck": [],
            "host": [],
            "hostname": "4be4f2f2dc01",
            "id": "4be4f2f2dc01b4e5d4cdf032b0bc86a9e6ccb9d16a2c3ffb720303ef46cca764",
            "image": "video-frontend-build:latest",
            "init": false,
            "ipc_mode": "private",
            "labels": [],
            "log_driver": "json-file",
            "log_opts": {},
            "logs": false,
            "max_retry_count": 0,
            "memory": 0,
            "memory_reservation": 0,
            "memory_swap": 0,
            "mounts": [
              {
                "bind_options": [],
                "read_only": false,
                "source": "gateway_video-dist",
                "target": "/dist",
                "tmpfs_options": [],
                "type": "volume",
                "volume_options": []
              }
            ],
            "must_run": true,
            "name": "video-frontend-build",
            "network_data": [
              {
                "gateway": "172.19.0.1",
                "global_ipv6_address": "",
                "global_ipv6_prefix_length": 0,
                "ip_address": "172.19.0.17",
                "ip_prefix_length": 16,
                "ipv6_gateway": "",
                "mac_address": "c6:8f:d7:3a:1c:1a",
                "network_name": "gateway-net"
              }
            ],
            "network_mode": "bridge",
            "networks_advanced": [
              {
                "aliases": [],
                "ipv4_address": "",
                "ipv6_address": "",
                "mac_address": "",
                "name": "gateway-net"
              }
            ],
            "pid_mode": "",
            "ports": [],
            "privileged": false,
            "publish_all_ports": false,
            "read_only": false,
            "remove_volumes": true,
            "restart": "no",
            "rm": false,
            "runtime": "runc",
            "security_opts": [],
            "shm_size": 64,
            "start": true,
            "stdin_open": false,
            "stop_signal": "",
            "stop_timeout": 1,
            "storage_opts": {},
            "sysctls": {},
            "tmpfs": {},
            "tty": false,
            "ulimit": [],
            "upload": [],
            "user": "",
            "userns_mode": "",
            "volumes": [],
            "wait": false,
            "wait_timeout": 60,
            "working_dir": "/dist"
          },
          "sensitive_attributes": [],
          "identity_schema_version": 0,
          "private": "eyJzY2hlbWFfdmVyc2lvbiI6IjIifQ==",
          "dependencies": [
            "docker_image.video_frontend_build",
            "docker_network.gateway_net",
            "docker_volume.video_dist"
          ]
        }
      ]
    },
    {
      "mode": "managed",
      "type": "docker_image",
      "name": "api_service_backend",
      "provider": "provider[\"registry.terraform.io/kreuzwerker/docker\"]",
      "instances": [
        {
          "schema_version": 0,
          "attributes": {
            "build": [
              {
                "additional_contexts": [],
                "auth_config": [],
                "build_args": {},
                "build_id": "",
                "build_log_file": "",
                "builder": "",
                "cache_from": [],
                "cache_to": [],
                "cgroup_parent": "",
                "context": "/home/saisakthi/Coding-Project/Projects/Finished Projects/Docker/Terraform/projects/API Service/backend",
                "cpu_period": 0,
                "cpu_quota": 0,
                "cpu_set_cpus": "",
                "cpu_set_mems": "",
                "cpu_shares": 0,
                "dockerfile": "Dockerfile",
                "extra_hosts": [],
                "force_remove": false,
                "isolation": "",
                "label": {},
                "labels": {},
                "memory": 0,
                "memory_swap": 0,
                "network_mode": "",
                "no_cache": false,
                "platform": "",
                "pull_parent": false,
                "remote_context": "",
                "remove": true,
                "secrets": [],
                "security_opt": [],
                "session_id": "",
                "shm_size": 0,
                "squash": false,
                "suppress_output": false,
                "tag": [],
                "target": "",
                "ulimit": [],
                "version": ""
              }
            ],
            "force_remove": null,
            "id": "sha256:007cef40086b9b626ee2b1f56da3451c0effb5c1896a5ac6373225e2289293e0api-service-backend:latest",
            "image_id": "sha256:007cef40086b9b626ee2b1f56da3451c0effb5c1896a5ac6373225e2289293e0",
            "keep_locally": true,
            "name": "api-service-backend:latest",
            "platform": null,
            "pull_triggers": null,
            "repo_digest": "api-service-backend@sha256:007cef40086b9b626ee2b1f56da3451c0effb5c1896a5ac6373225e2289293e0",
            "timeouts": null,
            "triggers": {
              "dir_sha": "17520dbc2712040822b273e43fabb56fc821f4c0de14005750f71a42ae2ab798"
            }
          },
          "sensitive_attributes": [],
          "identity_schema_version": 0,
          "private": "eyJlMmJmYjczMC1lY2FhLTExZTYtOGY4OC0zNDM2M2JjN2M0YzAiOnsiY3JlYXRlIjoxMjAwMDAwMDAwMDAwLCJkZWxldGUiOjEyMDAwMDAwMDAwMDAsInVwZGF0ZSI6MTIwMDAwMDAwMDAwMH19"
        }
      ]
    },
    {
      "mode": "managed",
      "type": "docker_image",
      "name": "api_service_frontend_build",
      "provider": "provider[\"registry.terraform.io/kreuzwerker/docker\"]",
      "instances": [
        {
          "schema_version": 0,
          "attributes": {
            "build": [
              {
                "additional_contexts": [],
                "auth_config": [],
                "build_args": {},
                "build_id": "",
                "build_log_file": "",
                "builder": "",
                "cache_from": [],
                "cache_to": [],
                "cgroup_parent": "",
                "context": "/home/saisakthi/Coding-Project/Projects/Finished Projects/Docker/Terraform/projects/API Service/frontend/api-service",
                "cpu_period": 0,
                "cpu_quota": 0,
                "cpu_set_cpus": "",
                "cpu_set_mems": "",
                "cpu_shares": 0,
                "dockerfile": "Dockerfile.prod",
                "extra_hosts": [],
                "force_remove": false,
                "isolation": "",
                "label": {},
                "labels": {},
                "memory": 0,
                "memory_swap": 0,
                "network_mode": "",
                "no_cache": false,
                "platform": "",
                "pull_parent": false,
                "remote_context": "",
                "remove": true,
                "secrets": [],
                "security_opt": [],
                "session_id": "",
                "shm_size": 0,
                "squash": false,
                "suppress_output": false,
                "tag": [],
                "target": "",
                "ulimit": [],
                "version": ""
              }
            ],
            "force_remove": null,
            "id": "sha256:157a46787198e020209e0edbf311b14809fc7a2ab2e2ebc45e75573377d4af53api-service-frontend:latest",
            "image_id": "sha256:157a46787198e020209e0edbf311b14809fc7a2ab2e2ebc45e75573377d4af53",
            "keep_locally": true,
            "name": "api-service-frontend:latest",
            "platform": null,
            "pull_triggers": null,
            "repo_digest": "api-service-frontend@sha256:157a46787198e020209e0edbf311b14809fc7a2ab2e2ebc45e75573377d4af53",
            "timeouts": null,
            "triggers": {
              "dir_sha": "085de0c52f1af337a75e1207992082e3464e054d6c0a05b9ac1ae1a6ff5d9604"
            }
          },
          "sensitive_attributes": [],
          "identity_schema_version": 0,
          "private": "eyJlMmJmYjczMC1lY2FhLTExZTYtOGY4OC0zNDM2M2JjN2M0YzAiOnsiY3JlYXRlIjoxMjAwMDAwMDAwMDAwLCJkZWxldGUiOjEyMDAwMDAwMDAwMDAsInVwZGF0ZSI6MTIwMDAwMDAwMDAwMH19"
        }
      ]
    },
    {
      "mode": "managed",
      "type": "docker_image",
      "name": "bank_backend",
      "provider": "provider[\"registry.terraform.io/kreuzwerker/docker\"]",
      "instances": [
        {
          "schema_version": 0,
          "attributes": {
            "build": [
              {
                "additional_contexts": [],
                "auth_config": [],
                "build_args": {},
                "build_id": "",
                "build_log_file": "",
                "builder": "",
                "cache_from": [],
                "cache_to": [],
                "cgroup_parent": "",
                "context": "/home/saisakthi/Coding-Project/Projects/Finished Projects/Docker/Terraform/projects/Bank Manager/backend/bank_management",
                "cpu_period": 0,
                "cpu_quota": 0,
                "cpu_set_cpus": "",
                "cpu_set_mems": "",
                "cpu_shares": 0,
                "dockerfile": "Dockerfile",
                "extra_hosts": [],
                "force_remove": false,
                "isolation": "",
                "label": {},
                "labels": {},
                "memory": 0,
                "memory_swap": 0,
                "network_mode": "",
                "no_cache": false,
                "platform": "",
                "pull_parent": false,
                "remote_context": "",
                "remove": true,
                "secrets": [],
                "security_opt": [],
                "session_id": "",
                "shm_size": 0,
                "squash": false,
                "suppress_output": false,
                "tag": [],
                "target": "",
                "ulimit": [],
                "version": ""
              }
            ],
            "force_remove": null,
            "id": "sha256:00f3f06793bb112ee7e15365c33ab3af7d4f105ef7ba63de499932a45105d0ccbankmanager-backend:latest",
            "image_id": "sha256:00f3f06793bb112ee7e15365c33ab3af7d4f105ef7ba63de499932a45105d0cc",
            "keep_locally": true,
            "name": "bankmanager-backend:latest",
            "platform": null,
            "pull_triggers": null,
            "repo_digest": "bankmanager-backend@sha256:00f3f06793bb112ee7e15365c33ab3af7d4f105ef7ba63de499932a45105d0cc",
            "timeouts": null,
            "triggers": {
              "dir_sha": "d69a4f0392a32af9f7e4085a402a35913caa820e59e3ad02947bbe38de0304fa"
            }
          },
          "sensitive_attributes": [],
          "identity_schema_version": 0,
          "private": "eyJlMmJmYjczMC1lY2FhLTExZTYtOGY4OC0zNDM2M2JjN2M0YzAiOnsiY3JlYXRlIjoxMjAwMDAwMDAwMDAwLCJkZWxldGUiOjEyMDAwMDAwMDAwMDAsInVwZGF0ZSI6MTIwMDAwMDAwMDAwMH19"
        }
      ]
    },
    {
      "mode": "managed",
      "type": "docker_image",
      "name": "bank_frontend_build",
      "provider": "provider[\"registry.terraform.io/kreuzwerker/docker\"]",
      "instances": [
        {
          "schema_version": 0,
          "attributes": {
            "build": [
              {
                "additional_contexts": [],
                "auth_config": [],
                "build_args": {},
                "build_id": "",
                "build_log_file": "",
                "builder": "",
                "cache_from": [],
                "cache_to": [],
                "cgroup_parent": "",
                "context": "/home/saisakthi/Coding-Project/Projects/Finished Projects/Docker/Terraform/projects/Bank Manager/frontend",
                "cpu_period": 0,
                "cpu_quota": 0,
                "cpu_set_cpus": "",
                "cpu_set_mems": "",
                "cpu_shares": 0,
                "dockerfile": "Dockerfile.prod",
                "extra_hosts": [],
                "force_remove": false,
                "isolation": "",
                "label": {},
                "labels": {},
                "memory": 0,
                "memory_swap": 0,
                "network_mode": "",
                "no_cache": false,
                "platform": "",
                "pull_parent": false,
                "remote_context": "",
                "remove": true,
                "secrets": [],
                "security_opt": [],
                "session_id": "",
                "shm_size": 0,
                "squash": false,
                "suppress_output": false,
                "tag": [],
                "target": "",
                "ulimit": [],
                "version": ""
              }
            ],
            "force_remove": null,
            "id": "sha256:62684074be6205116739e76c574870f491d0e3f1dc6955b1f315bcf9801d7426bank-frontend-build:latest",
            "image_id": "sha256:62684074be6205116739e76c574870f491d0e3f1dc6955b1f315bcf9801d7426",
            "keep_locally": true,
            "name": "bank-frontend-build:latest",
            "platform": null,
            "pull_triggers": null,
            "repo_digest": "bank-frontend-build@sha256:62684074be6205116739e76c574870f491d0e3f1dc6955b1f315bcf9801d7426",
            "timeouts": null,
            "triggers": {
              "dir_sha": "72c059bd55500e7149d41208d80d3337dc473c962432a584d215757d671adaf3"
            }
          },
          "sensitive_attributes": [],
          "identity_schema_version": 0,
          "private": "eyJlMmJmYjczMC1lY2FhLTExZTYtOGY4OC0zNDM2M2JjN2M0YzAiOnsiY3JlYXRlIjoxMjAwMDAwMDAwMDAwLCJkZWxldGUiOjEyMDAwMDAwMDAwMDAsInVwZGF0ZSI6MTIwMDAwMDAwMDAwMH19"
        }
      ]
    },
    {
      "mode": "managed",
      "type": "docker_image",
      "name": "blog_website",
      "provider": "provider[\"registry.terraform.io/kreuzwerker/docker\"]",
      "instances": [
        {
          "schema_version": 0,
          "attributes": {
            "build": [
              {
                "additional_contexts": [],
                "auth_config": [],
                "build_args": {},
                "build_id": "",
                "build_log_file": "",
                "builder": "",
                "cache_from": [],
                "cache_to": [],
                "cgroup_parent": "",
                "context": "/home/saisakthi/Coding-Project/Projects/Finished Projects/Docker/Terraform/projects/Blog Website",
                "cpu_period": 0,
                "cpu_quota": 0,
                "cpu_set_cpus": "",
                "cpu_set_mems": "",
                "cpu_shares": 0,
                "dockerfile": "Dockerfile",
                "extra_hosts": [],
                "force_remove": false,
                "isolation": "",
                "label": {},
                "labels": {},
                "memory": 0,
                "memory_swap": 0,
                "network_mode": "",
                "no_cache": false,
                "platform": "",
                "pull_parent": false,
                "remote_context": "",
                "remove": true,
                "secrets": [],
                "security_opt": [],
                "session_id": "",
                "shm_size": 0,
                "squash": false,
                "suppress_output": false,
                "tag": [],
                "target": "",
                "ulimit": [],
                "version": ""
              }
            ],
            "force_remove": null,
            "id": "sha256:89078a3193e41d67a728d009ac78700318db0c30b1c62b5bcba7ab57df33b7ceblogsite:latest",
            "image_id": "sha256:89078a3193e41d67a728d009ac78700318db0c30b1c62b5bcba7ab57df33b7ce",
            "keep_locally": true,
            "name": "blogsite:latest",
            "platform": null,
            "pull_triggers": null,
            "repo_digest": "blogsite@sha256:89078a3193e41d67a728d009ac78700318db0c30b1c62b5bcba7ab57df33b7ce",
            "timeouts": null,
            "triggers": {
              "dir_sha": "91e858a5b6a7fb9935660a7f2f69391bcacdee5920be42e57c9d41bd11cb9b52"
            }
          },
          "sensitive_attributes": [],
          "identity_schema_version": 0,
          "private": "eyJlMmJmYjczMC1lY2FhLTExZTYtOGY4OC0zNDM2M2JjN2M0YzAiOnsiY3JlYXRlIjoxMjAwMDAwMDAwMDAwLCJkZWxldGUiOjEyMDAwMDAwMDAwMDAsInVwZGF0ZSI6MTIwMDAwMDAwMDAwMH19"
        }
      ]
    },
    {
      "mode": "managed",
      "type": "docker_image",
      "name": "doc_backend",
      "provider": "provider[\"registry.terraform.io/kreuzwerker/docker\"]",
      "instances": [
        {
          "schema_version": 0,
          "attributes": {
            "build": [
              {
                "additional_contexts": [],
                "auth_config": [],
                "build_args": {},
                "build_id": "",
                "build_log_file": "",
                "builder": "",
                "cache_from": [],
                "cache_to": [],
                "cgroup_parent": "",
                "context": "/home/saisakthi/Coding-Project/Projects/Finished Projects/Docker/Terraform/projects/Document Intelligence Platform/backend/document_backend",
                "cpu_period": 0,
                "cpu_quota": 0,
                "cpu_set_cpus": "",
                "cpu_set_mems": "",
                "cpu_shares": 0,
                "dockerfile": "Dockerfile",
                "extra_hosts": [],
                "force_remove": false,
                "isolation": "",
                "label": {},
                "labels": {},
                "memory": 0,
                "memory_swap": 0,
                "network_mode": "",
                "no_cache": false,
                "platform": "",
                "pull_parent": false,
                "remote_context": "",
                "remove": true,
                "secrets": [],
                "security_opt": [],
                "session_id": "",
                "shm_size": 0,
                "squash": false,
                "suppress_output": false,
                "tag": [],
                "target": "",
                "ulimit": [],
                "version": ""
              }
            ],
            "force_remove": null,
            "id": "sha256:4d4bd97cfa55ff3d99e5704ca898c561d6e5a0717fd122d36e88a88f964209a1documentintelligenceplatform-backend:latest",
            "image_id": "sha256:4d4bd97cfa55ff3d99e5704ca898c561d6e5a0717fd122d36e88a88f964209a1",
            "keep_locally": true,
            "name": "documentintelligenceplatform-backend:latest",
            "platform": null,
            "pull_triggers": null,
            "repo_digest": "documentintelligenceplatform-backend@sha256:4d4bd97cfa55ff3d99e5704ca898c561d6e5a0717fd122d36e88a88f964209a1",
            "timeouts": null,
            "triggers": {
              "dir_sha": "04741a4991813890384f2ff06659a42bf95aba554ebc2ecc2f13d5647ec3bd53"
            }
          },
          "sensitive_attributes": [],
          "identity_schema_version": 0,
          "private": "eyJlMmJmYjczMC1lY2FhLTExZTYtOGY4OC0zNDM2M2JjN2M0YzAiOnsiY3JlYXRlIjoxMjAwMDAwMDAwMDAwLCJkZWxldGUiOjEyMDAwMDAwMDAwMDAsInVwZGF0ZSI6MTIwMDAwMDAwMDAwMH19"
        }
      ]
    },
    {
      "mode": "managed",
      "type": "docker_image",
      "name": "doc_frontend_build",
      "provider": "provider[\"registry.terraform.io/kreuzwerker/docker\"]",
      "instances": [
        {
          "schema_version": 0,
          "attributes": {
            "build": [
              {
                "additional_contexts": [],
                "auth_config": [],
                "build_args": {},
                "build_id": "",
                "build_log_file": "",
                "builder": "",
                "cache_from": [],
                "cache_to": [],
                "cgroup_parent": "",
                "context": "/home/saisakthi/Coding-Project/Projects/Finished Projects/Docker/Terraform/projects/Document Intelligence Platform/frontend/document_frontend",
                "cpu_period": 0,
                "cpu_quota": 0,
                "cpu_set_cpus": "",
                "cpu_set_mems": "",
                "cpu_shares": 0,
                "dockerfile": "Dockerfile.prod",
                "extra_hosts": [],
                "force_remove": false,
                "isolation": "",
                "label": {},
                "labels": {},
                "memory": 0,
                "memory_swap": 0,
                "network_mode": "",
                "no_cache": false,
                "platform": "",
                "pull_parent": false,
                "remote_context": "",
                "remove": true,
                "secrets": [],
                "security_opt": [],
                "session_id": "",
                "shm_size": 0,
                "squash": false,
                "suppress_output": false,
                "tag": [],
                "target": "",
                "ulimit": [],
                "version": ""
              }
            ],
            "force_remove": null,
            "id": "sha256:e7926f2254e6ba8b46397cde4a78753d174eef29af16279058a5d71c22950b67documentintelligenceplatform-frontend:latest",
            "image_id": "sha256:e7926f2254e6ba8b46397cde4a78753d174eef29af16279058a5d71c22950b67",
            "keep_locally": true,
            "name": "documentintelligenceplatform-frontend:latest",
            "platform": null,
            "pull_triggers": null,
            "repo_digest": "documentintelligenceplatform-frontend@sha256:e7926f2254e6ba8b46397cde4a78753d174eef29af16279058a5d71c22950b67",
            "timeouts": null,
            "triggers": {
              "dir_sha": "ee8cedf8e0644a4025c1a6d94d285f2e3939f3897d818fe8999d7eeb8140d887"
            }
          },
          "sensitive_attributes": [],
          "identity_schema_version": 0,
          "private": "eyJlMmJmYjczMC1lY2FhLTExZTYtOGY4OC0zNDM2M2JjN2M0YzAiOnsiY3JlYXRlIjoxMjAwMDAwMDAwMDAwLCJkZWxldGUiOjEyMDAwMDAwMDAwMDAsInVwZGF0ZSI6MTIwMDAwMDAwMDAwMH19"
        }
      ]
    },
    {
      "mode": "managed",
      "type": "docker_image",
      "name": "hospital_management",
      "provider": "provider[\"registry.terraform.io/kreuzwerker/docker\"]",
      "instances": [
        {
          "schema_version": 0,
          "attributes": {
            "build": [
              {
                "additional_contexts": [],
                "auth_config": [],
                "build_args": {},
                "build_id": "",
                "build_log_file": "",
                "builder": "",
                "cache_from": [],
                "cache_to": [],
                "cgroup_parent": "",
                "context": "/home/saisakthi/Coding-Project/Projects/Finished Projects/Docker/Terraform/projects/hospital_management",
                "cpu_period": 0,
                "cpu_quota": 0,
                "cpu_set_cpus": "",
                "cpu_set_mems": "",
                "cpu_shares": 0,
                "dockerfile": "Dockerfile",
                "extra_hosts": [],
                "force_remove": false,
                "isolation": "",
                "label": {},
                "labels": {},
                "memory": 0,
                "memory_swap": 0,
                "network_mode": "",
                "no_cache": false,
                "platform": "",
                "pull_parent": false,
                "remote_context": "",
                "remove": true,
                "secrets": [],
                "security_opt": [],
                "session_id": "",
                "shm_size": 0,
                "squash": false,
                "suppress_output": false,
                "tag": [],
                "target": "",
                "ulimit": [],
                "version": ""
              }
            ],
            "force_remove": null,
            "id": "sha256:79f6d5a247aa4bf3a67fcebd6f5635d78361c79d708f93f5e8387637c67de798hospital_management:latest",
            "image_id": "sha256:79f6d5a247aa4bf3a67fcebd6f5635d78361c79d708f93f5e8387637c67de798",
            "keep_locally": true,
            "name": "hospital_management:latest",
            "platform": null,
            "pull_triggers": null,
            "repo_digest": "hospital_management@sha256:79f6d5a247aa4bf3a67fcebd6f5635d78361c79d708f93f5e8387637c67de798",
            "timeouts": null,
            "triggers": {
              "dir_sha": "00f7d226f954b0785fb7b85fd8047d512697f42069329fdfd35f69d6bb43c87c"
            }
          },
          "sensitive_attributes": [],
          "identity_schema_version": 0,
          "private": "eyJlMmJmYjczMC1lY2FhLTExZTYtOGY4OC0zNDM2M2JjN2M0YzAiOnsiY3JlYXRlIjoxMjAwMDAwMDAwMDAwLCJkZWxldGUiOjEyMDAwMDAwMDAwMDAsInVwZGF0ZSI6MTIwMDAwMDAwMDAwMH19"
        }
      ]
    },
    {
      "mode": "managed",
      "type": "docker_image",
      "name": "notes_backend",
      "provider": "provider[\"registry.terraform.io/kreuzwerker/docker\"]",
      "instances": [
        {
          "schema_version": 0,
          "attributes": {
            "build": [
              {
                "additional_contexts": [],
                "auth_config": [],
                "build_args": {},
                "build_id": "",
                "build_log_file": "",
                "builder": "",
                "cache_from": [],
                "cache_to": [],
                "cgroup_parent": "",
                "context": "/home/saisakthi/Coding-Project/Projects/Finished Projects/Docker/Terraform/projects/Notes App/backend",
                "cpu_period": 0,
                "cpu_quota": 0,
                "cpu_set_cpus": "",
                "cpu_set_mems": "",
                "cpu_shares": 0,
                "dockerfile": "Dockerfile",
                "extra_hosts": [],
                "force_remove": false,
                "isolation": "",
                "label": {},
                "labels": {},
                "memory": 0,
                "memory_swap": 0,
                "network_mode": "",
                "no_cache": false,
                "platform": "",
                "pull_parent": false,
                "remote_context": "",
                "remove": true,
                "secrets": [],
                "security_opt": [],
                "session_id": "",
                "shm_size": 0,
                "squash": false,
                "suppress_output": false,
                "tag": [],
                "target": "",
                "ulimit": [],
                "version": ""
              }
            ],
            "force_remove": null,
            "id": "sha256:36499c9bfb2507239688530dbd59acd89f35aa3f918b7f270b14fd2df1f5b5cenotesapp-backend:latest",
            "image_id": "sha256:36499c9bfb2507239688530dbd59acd89f35aa3f918b7f270b14fd2df1f5b5ce",
            "keep_locally": true,
            "name": "notesapp-backend:latest",
            "platform": null,
            "pull_triggers": null,
            "repo_digest": "notesapp-backend@sha256:36499c9bfb2507239688530dbd59acd89f35aa3f918b7f270b14fd2df1f5b5ce",
            "timeouts": null,
            "triggers": {
              "dir_sha": "70e41dc404979a1a168376c6e516d3d3ea5cd8ffdf9199a4dd750988a8175ca2"
            }
          },
          "sensitive_attributes": [],
          "identity_schema_version": 0,
          "private": "eyJlMmJmYjczMC1lY2FhLTExZTYtOGY4OC0zNDM2M2JjN2M0YzAiOnsiY3JlYXRlIjoxMjAwMDAwMDAwMDAwLCJkZWxldGUiOjEyMDAwMDAwMDAwMDAsInVwZGF0ZSI6MTIwMDAwMDAwMDAwMH19"
        }
      ]
    },
    {
      "mode": "managed",
      "type": "docker_image",
      "name": "notes_frontend_build",
      "provider": "provider[\"registry.terraform.io/kreuzwerker/docker\"]",
      "instances": [
        {
          "schema_version": 0,
          "attributes": {
            "build": [
              {
                "additional_contexts": [],
                "auth_config": [],
                "build_args": {},
                "build_id": "",
                "build_log_file": "",
                "builder": "",
                "cache_from": [],
                "cache_to": [],
                "cgroup_parent": "",
                "context": "/home/saisakthi/Coding-Project/Projects/Finished Projects/Docker/Terraform/projects/Notes App/frontend/notes_app_frontend",
                "cpu_period": 0,
                "cpu_quota": 0,
                "cpu_set_cpus": "",
                "cpu_set_mems": "",
                "cpu_shares": 0,
                "dockerfile": "Dockerfile.prod",
                "extra_hosts": [],
                "force_remove": false,
                "isolation": "",
                "label": {},
                "labels": {},
                "memory": 0,
                "memory_swap": 0,
                "network_mode": "",
                "no_cache": false,
                "platform": "",
                "pull_parent": false,
                "remote_context": "",
                "remove": true,
                "secrets": [],
                "security_opt": [],
                "session_id": "",
                "shm_size": 0,
                "squash": false,
                "suppress_output": false,
                "tag": [],
                "target": "",
                "ulimit": [],
                "version": ""
              }
            ],
            "force_remove": null,
            "id": "sha256:12070386a27ba77309e93c0346af477e7fdb5b7301cb0ccb56655c7a8dc3ec0enotes-frontend-build:latest",
            "image_id": "sha256:12070386a27ba77309e93c0346af477e7fdb5b7301cb0ccb56655c7a8dc3ec0e",
            "keep_locally": true,
            "name": "notes-frontend-build:latest",
            "platform": null,
            "pull_triggers": null,
            "repo_digest": "notes-frontend-build@sha256:12070386a27ba77309e93c0346af477e7fdb5b7301cb0ccb56655c7a8dc3ec0e",
            "timeouts": null,
            "triggers": {
              "dir_sha": "ffe1a0e056d3a06cd55a87f712463778f6c7c2b745a905c4656848598bf80888"
            }
          },
          "sensitive_attributes": [],
          "identity_schema_version": 0,
          "private": "eyJlMmJmYjczMC1lY2FhLTExZTYtOGY4OC0zNDM2M2JjN2M0YzAiOnsiY3JlYXRlIjoxMjAwMDAwMDAwMDAwLCJkZWxldGUiOjEyMDAwMDAwMDAwMDAsInVwZGF0ZSI6MTIwMDAwMDAwMDAwMH19"
        }
      ]
    },
    {
      "mode": "managed",
      "type": "docker_image",
      "name": "otel_gateway",
      "provider": "provider[\"registry.terraform.io/kreuzwerker/docker\"]",
      "instances": [
        {
          "schema_version": 0,
          "attributes": {
            "build": [],
            "force_remove": null,
            "id": "sha256:cea61bd39d318b3ec7664794f6be9ed0cce9321059a08b4ec5d3b8d310a4b609otel/opentelemetry-collector-contrib:0.100.0",
            "image_id": "sha256:cea61bd39d318b3ec7664794f6be9ed0cce9321059a08b4ec5d3b8d310a4b609",
            "keep_locally": true,
            "name": "otel/opentelemetry-collector-contrib:0.100.0",
            "platform": null,
            "pull_triggers": null,
            "repo_digest": "otel/opentelemetry-collector-contrib@sha256:cea61bd39d318b3ec7664794f6be9ed0cce9321059a08b4ec5d3b8d310a4b609",
            "timeouts": null,
            "triggers": null
          },
          "sensitive_attributes": [],
          "identity_schema_version": 0,
          "private": "eyJlMmJmYjczMC1lY2FhLTExZTYtOGY4OC0zNDM2M2JjN2M0YzAiOnsiY3JlYXRlIjoxMjAwMDAwMDAwMDAwLCJkZWxldGUiOjEyMDAwMDAwMDAwMDAsInVwZGF0ZSI6MTIwMDAwMDAwMDAwMH19"
        }
      ]
    },
    {
      "mode": "managed",
      "type": "docker_image",
      "name": "quiz_frontend_build",
      "provider": "provider[\"registry.terraform.io/kreuzwerker/docker\"]",
      "instances": [
        {
          "schema_version": 0,
          "attributes": {
            "build": [
              {
                "additional_contexts": [],
                "auth_config": [],
                "build_args": {},
                "build_id": "",
                "build_log_file": "",
                "builder": "",
                "cache_from": [],
                "cache_to": [],
                "cgroup_parent": "",
                "context": "/home/saisakthi/Coding-Project/Projects/Finished Projects/Docker/Terraform/projects/Quiz App/quiz-app",
                "cpu_period": 0,
                "cpu_quota": 0,
                "cpu_set_cpus": "",
                "cpu_set_mems": "",
                "cpu_shares": 0,
                "dockerfile": "Dockerfile.prod",
                "extra_hosts": [],
                "force_remove": false,
                "isolation": "",
                "label": {},
                "labels": {},
                "memory": 0,
                "memory_swap": 0,
                "network_mode": "",
                "no_cache": false,
                "platform": "",
                "pull_parent": false,
                "remote_context": "",
                "remove": true,
                "secrets": [],
                "security_opt": [],
                "session_id": "",
                "shm_size": 0,
                "squash": false,
                "suppress_output": false,
                "tag": [],
                "target": "",
                "ulimit": [],
                "version": ""
              }
            ],
            "force_remove": null,
            "id": "sha256:311d5d7f2d609329b78eaf5c1e20fbc19622705783f0ee45b0c1487b508490a4quiz-frontend-build:latest",
            "image_id": "sha256:311d5d7f2d609329b78eaf5c1e20fbc19622705783f0ee45b0c1487b508490a4",
            "keep_locally": true,
            "name": "quiz-frontend-build:latest",
            "platform": null,
            "pull_triggers": null,
            "repo_digest": "quiz-frontend-build@sha256:311d5d7f2d609329b78eaf5c1e20fbc19622705783f0ee45b0c1487b508490a4",
            "timeouts": null,
            "triggers": {
              "dir_sha": "c3faaa8cf37d6d96ff40ba548874c5b2bec466f93bcd9cf7596ebff859555f59"
            }
          },
          "sensitive_attributes": [],
          "identity_schema_version": 0,
          "private": "eyJlMmJmYjczMC1lY2FhLTExZTYtOGY4OC0zNDM2M2JjN2M0YzAiOnsiY3JlYXRlIjoxMjAwMDAwMDAwMDAwLCJkZWxldGUiOjEyMDAwMDAwMDAwMDAsInVwZGF0ZSI6MTIwMDAwMDAwMDAwMH19"
        }
      ]
    },
    {
      "mode": "managed",
      "type": "docker_image",
      "name": "social_django",
      "provider": "provider[\"registry.terraform.io/kreuzwerker/docker\"]",
      "instances": [
        {
          "schema_version": 0,
          "attributes": {
            "build": [
              {
                "additional_contexts": [],
                "auth_config": [],
                "build_args": {},
                "build_id": "",
                "build_log_file": "",
                "builder": "",
                "cache_from": [],
                "cache_to": [],
                "cgroup_parent": "",
                "context": "/home/saisakthi/Coding-Project/Projects/Finished Projects/Docker/Terraform/projects/Social Media App/apps/backend",
                "cpu_period": 0,
                "cpu_quota": 0,
                "cpu_set_cpus": "",
                "cpu_set_mems": "",
                "cpu_shares": 0,
                "dockerfile": "Dockerfile",
                "extra_hosts": [],
                "force_remove": false,
                "isolation": "",
                "label": {},
                "labels": {},
                "memory": 0,
                "memory_swap": 0,
                "network_mode": "",
                "no_cache": false,
                "platform": "",
                "pull_parent": false,
                "remote_context": "",
                "remove": true,
                "secrets": [],
                "security_opt": [],
                "session_id": "",
                "shm_size": 0,
                "squash": false,
                "suppress_output": false,
                "tag": [],
                "target": "",
                "ulimit": [],
                "version": ""
              }
            ],
            "force_remove": null,
            "id": "sha256:d103d8ff24f16a1d44a434175432a688217eda9ae9a1df316fce7dd204dcc6c5socialmediaapp-django:latest",
            "image_id": "sha256:d103d8ff24f16a1d44a434175432a688217eda9ae9a1df316fce7dd204dcc6c5",
            "keep_locally": true,
            "name": "socialmediaapp-django:latest",
            "platform": null,
            "pull_triggers": null,
            "repo_digest": "socialmediaapp-django@sha256:d103d8ff24f16a1d44a434175432a688217eda9ae9a1df316fce7dd204dcc6c5",
            "timeouts": null,
            "triggers": {
              "dir_sha": "5dbc941c40646d6e3b599fe3e90412a74f45eb334b1ca88e70424d965d00561f"
            }
          },
          "sensitive_attributes": [],
          "identity_schema_version": 0,
          "private": "eyJlMmJmYjczMC1lY2FhLTExZTYtOGY4OC0zNDM2M2JjN2M0YzAiOnsiY3JlYXRlIjoxMjAwMDAwMDAwMDAwLCJkZWxldGUiOjEyMDAwMDAwMDAwMDAsInVwZGF0ZSI6MTIwMDAwMDAwMDAwMH19"
        }
      ]
    },
    {
      "mode": "managed",
      "type": "docker_image",
      "name": "social_frontend",
      "provider": "provider[\"registry.terraform.io/kreuzwerker/docker\"]",
      "instances": [
        {
          "schema_version": 0,
          "attributes": {
            "build": [
              {
                "additional_contexts": [],
                "auth_config": [],
                "build_args": {},
                "build_id": "",
                "build_log_file": "",
                "builder": "",
                "cache_from": [],
                "cache_to": [],
                "cgroup_parent": "",
                "context": "/home/saisakthi/Coding-Project/Projects/Finished Projects/Docker/Terraform/projects/Social Media App/apps/frontend",
                "cpu_period": 0,
                "cpu_quota": 0,
                "cpu_set_cpus": "",
                "cpu_set_mems": "",
                "cpu_shares": 0,
                "dockerfile": "Dockerfile",
                "extra_hosts": [],
                "force_remove": false,
                "isolation": "",
                "label": {},
                "labels": {},
                "memory": 0,
                "memory_swap": 0,
                "network_mode": "",
                "no_cache": false,
                "platform": "",
                "pull_parent": false,
                "remote_context": "",
                "remove": true,
                "secrets": [],
                "security_opt": [],
                "session_id": "",
                "shm_size": 0,
                "squash": false,
                "suppress_output": false,
                "tag": [],
                "target": "",
                "ulimit": [],
                "version": ""
              }
            ],
            "force_remove": null,
            "id": "sha256:b5c6ff66c358f07ed3dd39e7d6a9dcc8ab7190b3b51d1e01d15b5387c8536541socialmediaapp-frontend-prod:latest",
            "image_id": "sha256:b5c6ff66c358f07ed3dd39e7d6a9dcc8ab7190b3b51d1e01d15b5387c8536541",
            "keep_locally": true,
            "name": "socialmediaapp-frontend-prod:latest",
            "platform": null,
            "pull_triggers": null,
            "repo_digest": "socialmediaapp-frontend-prod@sha256:b5c6ff66c358f07ed3dd39e7d6a9dcc8ab7190b3b51d1e01d15b5387c8536541",
            "timeouts": null,
            "triggers": {
              "dir_sha": "1919355beecbf47d97b810b4258aab6813a394690c38312457bf25a00f462d60"
            }
          },
          "sensitive_attributes": [],
          "identity_schema_version": 0,
          "private": "eyJlMmJmYjczMC1lY2FhLTExZTYtOGY4OC0zNDM2M2JjN2M0YzAiOnsiY3JlYXRlIjoxMjAwMDAwMDAwMDAwLCJkZWxldGUiOjEyMDAwMDAwMDAwMDAsInVwZGF0ZSI6MTIwMDAwMDAwMDAwMH19"
        }
      ]
    },
    {
      "mode": "managed",
      "type": "docker_image",
      "name": "social_go",
      "provider": "provider[\"registry.terraform.io/kreuzwerker/docker\"]",
      "instances": [
        {
          "schema_version": 0,
          "attributes": {
            "build": [
              {
                "additional_contexts": [],
                "auth_config": [],
                "build_args": {},
                "build_id": "",
                "build_log_file": "",
                "builder": "",
                "cache_from": [],
                "cache_to": [],
                "cgroup_parent": "",
                "context": "/home/saisakthi/Coding-Project/Projects/Finished Projects/Docker/Terraform/projects/Social Media App/apps/microservice-go",
                "cpu_period": 0,
                "cpu_quota": 0,
                "cpu_set_cpus": "",
                "cpu_set_mems": "",
                "cpu_shares": 0,
                "dockerfile": "Dockerfile",
                "extra_hosts": [],
                "force_remove": false,
                "isolation": "",
                "label": {},
                "labels": {},
                "memory": 0,
                "memory_swap": 0,
                "network_mode": "",
                "no_cache": false,
                "platform": "",
                "pull_parent": false,
                "remote_context": "",
                "remove": true,
                "secrets": [],
                "security_opt": [],
                "session_id": "",
                "shm_size": 0,
                "squash": false,
                "suppress_output": false,
                "tag": [],
                "target": "",
                "ulimit": [],
                "version": ""
              }
            ],
            "force_remove": null,
            "id": "sha256:1e4b1b3cb77251ed847ca32257099661584a6d043993521010cee4bcf6a55cbesocialmediaapp-microservice-go:latest",
            "image_id": "sha256:1e4b1b3cb77251ed847ca32257099661584a6d043993521010cee4bcf6a55cbe",
            "keep_locally": true,
            "name": "socialmediaapp-microservice-go:latest",
            "platform": null,
            "pull_triggers": null,
            "repo_digest": "socialmediaapp-microservice-go@sha256:1e4b1b3cb77251ed847ca32257099661584a6d043993521010cee4bcf6a55cbe",
            "timeouts": null,
            "triggers": {
              "dir_sha": "8ce2cf654ab46701f44eb1418321f7d1c73e342308a4b4aeeb8e33742c545540"
            }
          },
          "sensitive_attributes": [],
          "identity_schema_version": 0,
          "private": "eyJlMmJmYjczMC1lY2FhLTExZTYtOGY4OC0zNDM2M2JjN2M0YzAiOnsiY3JlYXRlIjoxMjAwMDAwMDAwMDAwLCJkZWxldGUiOjEyMDAwMDAwMDAwMDAsInVwZGF0ZSI6MTIwMDAwMDAwMDAwMH19"
        }
      ]
    },
    {
      "mode": "managed",
      "type": "docker_image",
      "name": "social_java",
      "provider": "provider[\"registry.terraform.io/kreuzwerker/docker\"]",
      "instances": [
        {
          "schema_version": 0,
          "attributes": {
            "build": [
              {
                "additional_contexts": [],
                "auth_config": [],
                "build_args": {},
                "build_id": "",
                "build_log_file": "",
                "builder": "",
                "cache_from": [],
                "cache_to": [],
                "cgroup_parent": "",
                "context": "/home/saisakthi/Coding-Project/Projects/Finished Projects/Docker/Terraform/projects/Social Media App/apps/microservice-java",
                "cpu_period": 0,
                "cpu_quota": 0,
                "cpu_set_cpus": "",
                "cpu_set_mems": "",
                "cpu_shares": 0,
                "dockerfile": "Dockerfile",
                "extra_hosts": [],
                "force_remove": false,
                "isolation": "",
                "label": {},
                "labels": {},
                "memory": 0,
                "memory_swap": 0,
                "network_mode": "",
                "no_cache": false,
                "platform": "",
                "pull_parent": false,
                "remote_context": "",
                "remove": true,
                "secrets": [],
                "security_opt": [],
                "session_id": "",
                "shm_size": 0,
                "squash": false,
                "suppress_output": false,
                "tag": [],
                "target": "",
                "ulimit": [],
                "version": ""
              }
            ],
            "force_remove": null,
            "id": "sha256:e29c7caba8fdbe4172e9bccb22278aab930d2dc5b7433611ab61bb5a936955d3socialmediaapp-microservice-java:latest",
            "image_id": "sha256:e29c7caba8fdbe4172e9bccb22278aab930d2dc5b7433611ab61bb5a936955d3",
            "keep_locally": true,
            "name": "socialmediaapp-microservice-java:latest",
            "platform": null,
            "pull_triggers": null,
            "repo_digest": "socialmediaapp-microservice-java@sha256:e29c7caba8fdbe4172e9bccb22278aab930d2dc5b7433611ab61bb5a936955d3",
            "timeouts": null,
            "triggers": {
              "dir_sha": "600e3c8494fcf51c63fc4857c93ad14b49972b8a7cde9627eb44a3d00b4b4414"
            }
          },
          "sensitive_attributes": [],
          "identity_schema_version": 0,
          "private": "eyJlMmJmYjczMC1lY2FhLTExZTYtOGY4OC0zNDM2M2JjN2M0YzAiOnsiY3JlYXRlIjoxMjAwMDAwMDAwMDAwLCJkZWxldGUiOjEyMDAwMDAwMDAwMDAsInVwZGF0ZSI6MTIwMDAwMDAwMDAwMH19"
        }
      ]
    },
    {
      "mode": "managed",
      "type": "docker_image",
      "name": "social_minio",
      "provider": "provider[\"registry.terraform.io/kreuzwerker/docker\"]",
      "instances": [
        {
          "schema_version": 0,
          "attributes": {
            "build": [
              {
                "additional_contexts": [],
                "auth_config": [],
                "build_args": {},
                "build_id": "",
                "build_log_file": "",
                "builder": "",
                "cache_from": [],
                "cache_to": [],
                "cgroup_parent": "",
                "context": "/home/saisakthi/Coding-Project/Projects/Finished Projects/Docker/Terraform/projects/Social Media App/storage/minio",
                "cpu_period": 0,
                "cpu_quota": 0,
                "cpu_set_cpus": "",
                "cpu_set_mems": "",
                "cpu_shares": 0,
                "dockerfile": "Dockerfile",
                "extra_hosts": [],
                "force_remove": false,
                "isolation": "",
                "label": {},
                "labels": {},
                "memory": 0,
                "memory_swap": 0,
                "network_mode": "",
                "no_cache": false,
                "platform": "",
                "pull_parent": false,
                "remote_context": "",
                "remove": true,
                "secrets": [],
                "security_opt": [],
                "session_id": "",
                "shm_size": 0,
                "squash": false,
                "suppress_output": false,
                "tag": [],
                "target": "",
                "ulimit": [],
                "version": ""
              }
            ],
            "force_remove": null,
            "id": "sha256:159db2b0a73baeeaf7cf3dd496e47985b34ba98aaded0d77c69e05665707cda7socialmediaapp-minio:latest",
            "image_id": "sha256:159db2b0a73baeeaf7cf3dd496e47985b34ba98aaded0d77c69e05665707cda7",
            "keep_locally": true,
            "name": "socialmediaapp-minio:latest",
            "platform": null,
            "pull_triggers": null,
            "repo_digest": "socialmediaapp-minio@sha256:159db2b0a73baeeaf7cf3dd496e47985b34ba98aaded0d77c69e05665707cda7",
            "timeouts": null,
            "triggers": {
              "dir_sha": "04e3ada876f6a88fcbb4efe2c1c8928c3a8ad16fcb2de5324872761ef042c0f9"
            }
          },
          "sensitive_attributes": [],
          "identity_schema_version": 0,
          "private": "eyJlMmJmYjczMC1lY2FhLTExZTYtOGY4OC0zNDM2M2JjN2M0YzAiOnsiY3JlYXRlIjoxMjAwMDAwMDAwMDAwLCJkZWxldGUiOjEyMDAwMDAwMDAwMDAsInVwZGF0ZSI6MTIwMDAwMDAwMDAwMH19"
        }
      ]
    },
    {
      "mode": "managed",
      "type": "docker_image",
      "name": "video_backend",
      "provider": "provider[\"registry.terraform.io/kreuzwerker/docker\"]",
      "instances": [
        {
          "schema_version": 0,
          "attributes": {
            "build": [
              {
                "additional_contexts": [],
                "auth_config": [],
                "build_args": {},
                "build_id": "",
                "build_log_file": "",
                "builder": "",
                "cache_from": [],
                "cache_to": [],
                "cgroup_parent": "",
                "context": "/home/saisakthi/Coding-Project/Projects/Finished Projects/Docker/Terraform/projects/Video Uploader/Main/backend",
                "cpu_period": 0,
                "cpu_quota": 0,
                "cpu_set_cpus": "",
                "cpu_set_mems": "",
                "cpu_shares": 0,
                "dockerfile": "Dockerfile",
                "extra_hosts": [],
                "force_remove": false,
                "isolation": "",
                "label": {},
                "labels": {},
                "memory": 0,
                "memory_swap": 0,
                "network_mode": "",
                "no_cache": false,
                "platform": "",
                "pull_parent": false,
                "remote_context": "",
                "remove": true,
                "secrets": [],
                "security_opt": [],
                "session_id": "",
                "shm_size": 0,
                "squash": false,
                "suppress_output": false,
                "tag": [],
                "target": "",
                "ulimit": [],
                "version": ""
              }
            ],
            "force_remove": null,
            "id": "sha256:2afe0b492c8fddb9058f46ea2c23ba47a9a49bd90dfe375bbb2597fe73175238video-uploader-backend:latest",
            "image_id": "sha256:2afe0b492c8fddb9058f46ea2c23ba47a9a49bd90dfe375bbb2597fe73175238",
            "keep_locally": true,
            "name": "video-uploader-backend:latest",
            "platform": null,
            "pull_triggers": null,
            "repo_digest": "video-uploader-backend@sha256:2afe0b492c8fddb9058f46ea2c23ba47a9a49bd90dfe375bbb2597fe73175238",
            "timeouts": null,
            "triggers": {
              "dir_sha": "c7aa45f53db7cabc6d448c73e8b6ff470fd1d3b86bb7aa0d8443e6abc45c9041"
            }
          },
          "sensitive_attributes": [],
          "identity_schema_version": 0,
          "private": "eyJlMmJmYjczMC1lY2FhLTExZTYtOGY4OC0zNDM2M2JjN2M0YzAiOnsiY3JlYXRlIjoxMjAwMDAwMDAwMDAwLCJkZWxldGUiOjEyMDAwMDAwMDAwMDAsInVwZGF0ZSI6MTIwMDAwMDAwMDAwMH19"
        }
      ]
    },
    {
      "mode": "managed",
      "type": "docker_image",
      "name": "video_frontend_build",
      "provider": "provider[\"registry.terraform.io/kreuzwerker/docker\"]",
      "instances": [
        {
          "schema_version": 0,
          "attributes": {
            "build": [
              {
                "additional_contexts": [],
                "auth_config": [],
                "build_args": {},
                "build_id": "",
                "build_log_file": "",
                "builder": "",
                "cache_from": [],
                "cache_to": [],
                "cgroup_parent": "",
                "context": "/home/saisakthi/Coding-Project/Projects/Finished Projects/Docker/Terraform/projects/Video Uploader/Main/frontend/video-uploader",
                "cpu_period": 0,
                "cpu_quota": 0,
                "cpu_set_cpus": "",
                "cpu_set_mems": "",
                "cpu_shares": 0,
                "dockerfile": "Dockerfile.prod",
                "extra_hosts": [],
                "force_remove": false,
                "isolation": "",
                "label": {},
                "labels": {},
                "memory": 0,
                "memory_swap": 0,
                "network_mode": "",
                "no_cache": false,
                "platform": "",
                "pull_parent": false,
                "remote_context": "",
                "remove": true,
                "secrets": [],
                "security_opt": [],
                "session_id": "",
                "shm_size": 0,
                "squash": false,
                "suppress_output": false,
                "tag": [],
                "target": "",
                "ulimit": [],
                "version": ""
              }
            ],
            "force_remove": null,
            "id": "sha256:a12aca407f6ede2e37e71be56e3251563f2ed35fe801e49640e1fc98b7375900video-frontend-build:latest",
            "image_id": "sha256:a12aca407f6ede2e37e71be56e3251563f2ed35fe801e49640e1fc98b7375900",
            "keep_locally": true,
            "name": "video-frontend-build:latest",
            "platform": null,
            "pull_triggers": null,
            "repo_digest": "video-frontend-build@sha256:a12aca407f6ede2e37e71be56e3251563f2ed35fe801e49640e1fc98b7375900",
            "timeouts": null,
            "triggers": {
              "dir_sha": "a0dd4347cdd33f2775f0a8046eebe45970d455cc458ea0dd46cd2c928ae81e4a"
            }
          },
          "sensitive_attributes": [],
          "identity_schema_version": 0,
          "private": "eyJlMmJmYjczMC1lY2FhLTExZTYtOGY4OC0zNDM2M2JjN2M0YzAiOnsiY3JlYXRlIjoxMjAwMDAwMDAwMDAwLCJkZWxldGUiOjEyMDAwMDAwMDAwMDAsInVwZGF0ZSI6MTIwMDAwMDAwMDAwMH19"
        }
      ]
    },
    {
      "mode": "managed",
      "type": "docker_network",
      "name": "gateway_net",
      "provider": "provider[\"registry.terraform.io/kreuzwerker/docker\"]",
      "instances": [
        {
          "schema_version": 1,
          "attributes": {
            "attachable": false,
            "check_duplicate": null,
            "driver": "bridge",
            "id": "1b32b995c9b20a4899df50bab3fb4ff72aff14a41d04cdcc1c55466a748858e3",
            "ingress": false,
            "internal": false,
            "ipam_config": [
              {
                "aux_address": {},
                "gateway": "172.19.0.1",
                "ip_range": "",
                "subnet": "172.19.0.0/16"
              }
            ],
            "ipam_driver": "default",
            "ipam_options": {},
            "ipv6": false,
            "labels": [],
            "name": "gateway-net",
            "options": {
              "com.docker.network.enable_ipv4": "true",
              "com.docker.network.enable_ipv6": "false"
            },
            "scope": "local"
          },
          "sensitive_attributes": [],
          "identity_schema_version": 0,
          "private": "eyJzY2hlbWFfdmVyc2lvbiI6IjEifQ=="
        }
      ]
    },
    {
      "mode": "managed",
      "type": "docker_volume",
      "name": "api_dist",
      "provider": "provider[\"registry.terraform.io/kreuzwerker/docker\"]",
      "instances": [
        {
          "schema_version": 1,
          "attributes": {
            "cluster": [],
            "driver": "local",
            "driver_opts": {},
            "id": "gateway_api-dist",
            "labels": [],
            "mountpoint": "/var/lib/docker/volumes/gateway_api-dist/_data",
            "name": "gateway_api-dist"
          },
          "sensitive_attributes": [],
          "identity_schema_version": 0,
          "private": "eyJzY2hlbWFfdmVyc2lvbiI6IjEifQ=="
        }
      ]
    },
    {
      "mode": "managed",
      "type": "docker_volume",
      "name": "bank_dist",
      "provider": "provider[\"registry.terraform.io/kreuzwerker/docker\"]",
      "instances": [
        {
          "schema_version": 1,
          "attributes": {
            "cluster": [],
            "driver": "local",
            "driver_opts": {},
            "id": "gateway_bank-dist",
            "labels": [],
            "mountpoint": "/var/lib/docker/volumes/gateway_bank-dist/_data",
            "name": "gateway_bank-dist"
          },
          "sensitive_attributes": [],
          "identity_schema_version": 0,
          "private": "eyJzY2hlbWFfdmVyc2lvbiI6IjEifQ=="
        }
      ]
    },
    {
      "mode": "managed",
      "type": "docker_volume",
      "name": "bank_pgdata",
      "provider": "provider[\"registry.terraform.io/kreuzwerker/docker\"]",
      "instances": [
        {
          "schema_version": 1,
          "attributes": {
            "cluster": [],
            "driver": "local",
            "driver_opts": {},
            "id": "gateway_bank-pgdata",
            "labels": [],
            "mountpoint": "/var/lib/docker/volumes/gateway_bank-pgdata/_data",
            "name": "gateway_bank-pgdata"
          },
          "sensitive_attributes": [],
          "identity_schema_version": 0,
          "private": "eyJzY2hlbWFfdmVyc2lvbiI6IjEifQ=="
        }
      ]
    },
    {
      "mode": "managed",
      "type": "docker_volume",
      "name": "blog_minio",
      "provider": "provider[\"registry.terraform.io/kreuzwerker/docker\"]",
      "instances": [
        {
          "schema_version": 1,
          "attributes": {
            "cluster": [],
            "driver": "local",
            "driver_opts": {},
            "id": "gateway_blog-minio",
            "labels": [],
            "mountpoint": "/var/lib/docker/volumes/gateway_blog-minio/_data",
            "name": "gateway_blog-minio"
          },
          "sensitive_attributes": [],
          "identity_schema_version": 0,
          "private": "eyJzY2hlbWFfdmVyc2lvbiI6IjEifQ=="
        }
      ]
    },
    {
      "mode": "managed",
      "type": "docker_volume",
      "name": "blog_mysql",
      "provider": "provider[\"registry.terraform.io/kreuzwerker/docker\"]",
      "instances": [
        {
          "schema_version": 1,
          "attributes": {
            "cluster": [],
            "driver": "local",
            "driver_opts": {},
            "id": "gateway_blog-mysql",
            "labels": [],
            "mountpoint": "/var/lib/docker/volumes/gateway_blog-mysql/_data",
            "name": "gateway_blog-mysql"
          },
          "sensitive_attributes": [],
          "identity_schema_version": 0,
          "private": "eyJzY2hlbWFfdmVyc2lvbiI6IjEifQ=="
        }
      ]
    },
    {
      "mode": "managed",
      "type": "docker_volume",
      "name": "doc_dist",
      "provider": "provider[\"registry.terraform.io/kreuzwerker/docker\"]",
      "instances": [
        {
          "schema_version": 1,
          "attributes": {
            "cluster": [],
            "driver": "local",
            "driver_opts": {},
            "id": "gateway_doc-dist",
            "labels": [],
            "mountpoint": "/var/lib/docker/volumes/gateway_doc-dist/_data",
            "name": "gateway_doc-dist"
          },
          "sensitive_attributes": [],
          "identity_schema_version": 0,
          "private": "eyJzY2hlbWFfdmVyc2lvbiI6IjEifQ=="
        }
      ]
    },
    {
      "mode": "managed",
      "type": "docker_volume",
      "name": "doc_minio",
      "provider": "provider[\"registry.terraform.io/kreuzwerker/docker\"]",
      "instances": [
        {
          "schema_version": 1,
          "attributes": {
            "cluster": [],
            "driver": "local",
            "driver_opts": {},
            "id": "gateway_doc-minio",
            "labels": [],
            "mountpoint": "/var/lib/docker/volumes/gateway_doc-minio/_data",
            "name": "gateway_doc-minio"
          },
          "sensitive_attributes": [],
          "identity_schema_version": 0,
          "private": "eyJzY2hlbWFfdmVyc2lvbiI6IjEifQ=="
        }
      ]
    },
    {
      "mode": "managed",
      "type": "docker_volume",
      "name": "doc_mysql",
      "provider": "provider[\"registry.terraform.io/kreuzwerker/docker\"]",
      "instances": [
        {
          "schema_version": 1,
          "attributes": {
            "cluster": [],
            "driver": "local",
            "driver_opts": {},
            "id": "gateway_doc-mysql",
            "labels": [],
            "mountpoint": "/var/lib/docker/volumes/gateway_doc-mysql/_data",
            "name": "gateway_doc-mysql"
          },
          "sensitive_attributes": [],
          "identity_schema_version": 0,
          "private": "eyJzY2hlbWFfdmVyc2lvbiI6IjEifQ=="
        }
      ]
    },
    {
      "mode": "managed",
      "type": "docker_volume",
      "name": "intro_dist",
      "provider": "provider[\"registry.terraform.io/kreuzwerker/docker\"]",
      "instances": [
        {
          "schema_version": 1,
          "attributes": {
            "cluster": [],
            "driver": "local",
            "driver_opts": {},
            "id": "gateway_intro-dist",
            "labels": [],
            "mountpoint": "/var/lib/docker/volumes/gateway_intro-dist/_data",
            "name": "gateway_intro-dist"
          },
          "sensitive_attributes": [],
          "identity_schema_version": 0,
          "private": "eyJzY2hlbWFfdmVyc2lvbiI6IjEifQ=="
        }
      ]
    },
    {
      "mode": "managed",
      "type": "docker_volume",
      "name": "notes_dist",
      "provider": "provider[\"registry.terraform.io/kreuzwerker/docker\"]",
      "instances": [
        {
          "schema_version": 1,
          "attributes": {
            "cluster": [],
            "driver": "local",
            "driver_opts": {},
            "id": "gateway_notes-dist",
            "labels": [],
            "mountpoint": "/var/lib/docker/volumes/gateway_notes-dist/_data",
            "name": "gateway_notes-dist"
          },
          "sensitive_attributes": [],
          "identity_schema_version": 0,
          "private": "eyJzY2hlbWFfdmVyc2lvbiI6IjEifQ=="
        }
      ]
    },
    {
      "mode": "managed",
      "type": "docker_volume",
      "name": "notes_media",
      "provider": "provider[\"registry.terraform.io/kreuzwerker/docker\"]",
      "instances": [
        {
          "schema_version": 1,
          "attributes": {
            "cluster": [],
            "driver": "local",
            "driver_opts": {},
            "id": "gateway_notes-media",
            "labels": [],
            "mountpoint": "/var/lib/docker/volumes/gateway_notes-media/_data",
            "name": "gateway_notes-media"
          },
          "sensitive_attributes": [],
          "identity_schema_version": 0,
          "private": "eyJzY2hlbWFfdmVyc2lvbiI6IjEifQ=="
        }
      ]
    },
    {
      "mode": "managed",
      "type": "docker_volume",
      "name": "notes_pgdata",
      "provider": "provider[\"registry.terraform.io/kreuzwerker/docker\"]",
      "instances": [
        {
          "schema_version": 1,
          "attributes": {
            "cluster": [],
            "driver": "local",
            "driver_opts": {},
            "id": "gateway_notes-pgdata",
            "labels": [],
            "mountpoint": "/var/lib/docker/volumes/gateway_notes-pgdata/_data",
            "name": "gateway_notes-pgdata"
          },
          "sensitive_attributes": [],
          "identity_schema_version": 0,
          "private": "eyJzY2hlbWFfdmVyc2lvbiI6IjEifQ=="
        }
      ]
    },
    {
      "mode": "managed",
      "type": "docker_volume",
      "name": "notes_static",
      "provider": "provider[\"registry.terraform.io/kreuzwerker/docker\"]",
      "instances": [
        {
          "schema_version": 1,
          "attributes": {
            "cluster": [],
            "driver": "local",
            "driver_opts": {},
            "id": "gateway_notes-static",
            "labels": [],
            "mountpoint": "/var/lib/docker/volumes/gateway_notes-static/_data",
            "name": "gateway_notes-static"
          },
          "sensitive_attributes": [],
          "identity_schema_version": 0,
          "private": "eyJzY2hlbWFfdmVyc2lvbiI6IjEifQ=="
        }
      ]
    },
    {
      "mode": "managed",
      "type": "docker_volume",
      "name": "quiz_dist",
      "provider": "provider[\"registry.terraform.io/kreuzwerker/docker\"]",
      "instances": [
        {
          "schema_version": 1,
          "attributes": {
            "cluster": [],
            "driver": "local",
            "driver_opts": {},
            "id": "gateway_quiz-dist",
            "labels": [],
            "mountpoint": "/var/lib/docker/volumes/gateway_quiz-dist/_data",
            "name": "gateway_quiz-dist"
          },
          "sensitive_attributes": [],
          "identity_schema_version": 0,
          "private": "eyJzY2hlbWFfdmVyc2lvbiI6IjEifQ=="
        }
      ]
    },
    {
      "mode": "managed",
      "type": "docker_volume",
      "name": "record_dist",
      "provider": "provider[\"registry.terraform.io/kreuzwerker/docker\"]",
      "instances": [
        {
          "schema_version": 1,
          "attributes": {
            "cluster": [],
            "driver": "local",
            "driver_opts": {},
            "id": "gateway_record-dist",
            "labels": [],
            "mountpoint": "/var/lib/docker/volumes/gateway_record-dist/_data",
            "name": "gateway_record-dist"
          },
          "sensitive_attributes": [],
          "identity_schema_version": 0,
          "private": "eyJzY2hlbWFfdmVyc2lvbiI6IjEifQ=="
        }
      ]
    },
    {
      "mode": "managed",
      "type": "docker_volume",
      "name": "video_dist",
      "provider": "provider[\"registry.terraform.io/kreuzwerker/docker\"]",
      "instances": [
        {
          "schema_version": 1,
          "attributes": {
            "cluster": [],
            "driver": "local",
            "driver_opts": {},
            "id": "gateway_video-dist",
            "labels": [],
            "mountpoint": "/var/lib/docker/volumes/gateway_video-dist/_data",
            "name": "gateway_video-dist"
          },
          "sensitive_attributes": [],
          "identity_schema_version": 0,
          "private": "eyJzY2hlbWFfdmVyc2lvbiI6IjEifQ=="
        }
      ]
    },
    {
      "mode": "managed",
      "type": "helm_release",
      "name": "cassandra",
      "provider": "provider[\"registry.terraform.io/hashicorp/helm\"]",
      "instances": [
        {
          "schema_version": 1,
          "attributes": {
            "atomic": false,
            "chart": "cassandra",
            "cleanup_on_fail": false,
            "create_namespace": false,
            "dependency_update": false,
            "description": null,
            "devel": null,
            "disable_crd_hooks": false,
            "disable_openapi_validation": false,
            "disable_webhooks": false,
            "force_update": false,
            "id": "cassandra",
            "keyring": null,
            "lint": false,
            "manifest": null,
            "max_history": 0,
            "metadata": [
              {
                "app_version": "3.11.3",
                "chart": "cassandra",
                "first_deployed": 1779940685,
                "last_deployed": 1779943602,
                "name": "cassandra",
                "namespace": "default",
                "notes": "Cassandra CQL can be accessed via port 9042 on the following DNS name from within your cluster:\nCassandra Thrift can be accessed via port 9160 on the following DNS name from within your cluster:\n\nIf you want to connect to the remote instance with your local Cassandra CQL cli. To forward the API port to localhost:9042 run the following:\n- kubectl port-forward --namespace default $(kubectl get pods --namespace default -l app=cassandra,release=cassandra -o jsonpath='{ .items[0].metadata.name }') 9042:9042\n\nIf you want to connect to the Cassandra CQL run the following:\n- kubectl port-forward --namespace default $(kubectl get pods --namespace default -l \"app=cassandra,release=cassandra\" -o jsonpath=\"{.items[0].metadata.name}\") 9042:9042\n  echo cqlsh 127.0.0.1 9042\n\nYou can also see the cluster status by run the following:\n- kubectl exec -it --namespace default $(kubectl get pods --namespace default -l app=cassandra,release=cassandra -o jsonpath='{.items[0].metadata.name}') nodetool status\n\nTo tail the logs for the Cassandra pod run the following:\n- kubectl logs -f --namespace default $(kubectl get pods --namespace default -l app=cassandra,release=cassandra -o jsonpath='{ .items[0].metadata.name }')\n\nNote that the cluster is running with node-local storage instead of PersistentVolumes. In order to prevent data loss,\npods will be decommissioned upon termination. Decommissioning may take some time, so you might also want to adjust the\npod termination gace period, which is currently set to 30 seconds.\n",
                "revision": 2,
                "values": "{\"image\":{\"repository\":\"cassandra\",\"tag\":\"5.0\"},\"persistence\":{\"enabled\":false},\"replicaCount\":1,\"resources\":{\"limits\":{\"cpu\":\"1000m\",\"memory\":\"1Gi\"},\"requests\":{\"cpu\":\"250m\",\"memory\":\"768Mi\"}},\"values_sha\":\"(sensitive value)\"}",
                "version": "0.13.0"
              }
            ],
            "name": "cassandra",
            "namespace": "default",
            "pass_credentials": false,
            "postrender": [],
            "recreate_pods": false,
            "render_subchart_notes": true,
            "replace": false,
            "repository": "https://charts.helm.sh/incubator",
            "repository_ca_file": null,
            "repository_cert_file": null,
            "repository_key_file": null,
            "repository_password": null,
            "repository_username": null,
            "reset_values": false,
            "reuse_values": false,
            "set": [
              {
                "name": "image.repository",
                "type": "",
                "value": "cassandra"
              },
              {
                "name": "image.tag",
                "type": "",
                "value": "5.0"
              },
              {
                "name": "persistence.enabled",
                "type": "",
                "value": "false"
              },
              {
                "name": "replicaCount",
                "type": "",
                "value": "1"
              },
              {
                "name": "resources.limits.cpu",
                "type": "",
                "value": "1000m"
              },
              {
                "name": "resources.limits.memory",
                "type": "",
                "value": "1Gi"
              },
              {
                "name": "resources.requests.cpu",
                "type": "",
                "value": "250m"
              },
              {
                "name": "resources.requests.memory",
                "type": "",
                "value": "768Mi"
              }
            ],
            "set_list": [],
            "set_sensitive": [
              {
                "name": "values_sha",
                "type": "",
                "value": "z+R1QWjP0Xwe7/OpYYNsuRefTgNLWSaDvxHLhJxzlaA="
              }
            ],
            "skip_crds": false,
            "status": "deployed",
            "timeout": 300,
            "upgrade_install": null,
            "values": null,
            "verify": false,
            "version": "0.13.0",
            "wait": true,
            "wait_for_jobs": false
          },
          "sensitive_attributes": [
            [
              {
                "type": "get_attr",
                "value": "repository_password"
              }
            ],
            [
              {
                "type": "get_attr",
                "value": "set_sensitive"
              }
            ]
          ],
          "identity_schema_version": 0,
          "private": "eyJzY2hlbWFfdmVyc2lvbiI6IjEifQ==",
          "dependencies": [
            "null_resource.kind_cluster"
          ]
        }
      ]
    },
    {
      "mode": "managed",
      "type": "helm_release",
      "name": "ingress_nginx",
      "provider": "provider[\"registry.terraform.io/hashicorp/helm\"]",
      "instances": [
        {
          "schema_version": 1,
          "attributes": {
            "atomic": false,
            "chart": "ingress-nginx",
            "cleanup_on_fail": false,
            "create_namespace": true,
            "dependency_update": false,
            "description": null,
            "devel": null,
            "disable_crd_hooks": false,
            "disable_openapi_validation": false,
            "disable_webhooks": false,
            "force_update": false,
            "id": "ingress-nginx",
            "keyring": null,
            "lint": false,
            "manifest": null,
            "max_history": 0,
            "metadata": [
              {
                "app_version": "1.15.1",
                "chart": "ingress-nginx",
                "first_deployed": 1779767335,
                "last_deployed": 1779767335,
                "name": "ingress-nginx",
                "namespace": "ingress-nginx",
                "notes": "The ingress-nginx controller has been installed.\nGet the application URL by running these commands:\n  export HTTP_NODE_PORT=30080\n  export HTTPS_NODE_PORT=$(kubectl get service --namespace ingress-nginx ingress-nginx-controller --output jsonpath=\"{.spec.ports[1].nodePort}\")\n  export NODE_IP=\"$(kubectl get nodes --output jsonpath=\"{.items[0].status.addresses[1].address}\")\"\n\n  echo \"Visit http://${NODE_IP}:${HTTP_NODE_PORT} to access your application via HTTP.\"\n  echo \"Visit https://${NODE_IP}:${HTTPS_NODE_PORT} to access your application via HTTPS.\"\n\nAn example Ingress that makes use of the controller:\n  apiVersion: networking.k8s.io/v1\n  kind: Ingress\n  metadata:\n    name: example\n    namespace: foo\n  spec:\n    ingressClassName: nginx\n    rules:\n      - host: www.example.com\n        http:\n          paths:\n            - pathType: Prefix\n              backend:\n                service:\n                  name: exampleService\n                  port:\n                    number: 80\n              path: /\n    # This section is only required if TLS is to be enabled for the Ingress\n    tls:\n      - hosts:\n        - www.example.com\n        secretName: example-tls\n\nIf TLS is enabled for the Ingress, a Secret containing the certificate and key must also be provided:\n\n  apiVersion: v1\n  kind: Secret\n  metadata:\n    name: example-tls\n    namespace: foo\n  data:\n    tls.crt: \u003cbase64 encoded cert\u003e\n    tls.key: \u003cbase64 encoded key\u003e\n  type: kubernetes.io/tls\n",
                "revision": 1,
                "values": "{\"controller\":{\"hostPort\":{\"enabled\":true,\"ports\":{\"http\":80}},\"service\":{\"nodePorts\":{\"http\":30080},\"type\":\"NodePort\"}}}",
                "version": "4.15.1"
              }
            ],
            "name": "ingress-nginx",
            "namespace": "ingress-nginx",
            "pass_credentials": false,
            "postrender": [],
            "recreate_pods": false,
            "render_subchart_notes": true,
            "replace": false,
            "repository": "https://kubernetes.github.io/ingress-nginx",
            "repository_ca_file": null,
            "repository_cert_file": null,
            "repository_key_file": null,
            "repository_password": null,
            "repository_username": null,
            "reset_values": false,
            "reuse_values": false,
            "set": [
              {
                "name": "controller.hostPort.enabled",
                "type": "",
                "value": "true"
              },
              {
                "name": "controller.hostPort.ports.http",
                "type": "",
                "value": "80"
              },
              {
                "name": "controller.service.nodePorts.http",
                "type": "",
                "value": "30080"
              },
              {
                "name": "controller.service.type",
                "type": "",
                "value": "NodePort"
              }
            ],
            "set_list": [],
            "set_sensitive": [],
            "skip_crds": false,
            "status": "deployed",
            "timeout": 120,
            "upgrade_install": null,
            "values": null,
            "verify": false,
            "version": "4.15.1",
            "wait": true,
            "wait_for_jobs": false
          },
          "sensitive_attributes": [
            [
              {
                "type": "get_attr",
                "value": "repository_password"
              }
            ]
          ],
          "identity_schema_version": 0,
          "private": "eyJzY2hlbWFfdmVyc2lvbiI6IjEifQ==",
          "dependencies": [
            "null_resource.kind_cluster"
          ]
        }
      ]
    },
    {
      "mode": "managed",
      "type": "helm_release",
      "name": "jaeger",
      "provider": "provider[\"registry.terraform.io/hashicorp/helm\"]",
      "instances": [
        {
          "schema_version": 1,
          "attributes": {
            "atomic": false,
            "chart": "jaeger",
            "cleanup_on_fail": false,
            "create_namespace": true,
            "dependency_update": false,
            "description": null,
            "devel": null,
            "disable_crd_hooks": false,
            "disable_openapi_validation": false,
            "disable_webhooks": false,
            "force_update": false,
            "id": "jaeger",
            "keyring": null,
            "lint": false,
            "manifest": null,
            "max_history": 0,
            "metadata": [
              {
                "app_version": "2.18.0",
                "chart": "jaeger",
                "first_deployed": 1779958538,
                "last_deployed": 1779958538,
                "name": "jaeger",
                "namespace": "monitoring",
                "notes": "###################################################################\n### ⚠️  EXPERIMENTAL - NO STABILITY GUARANTEES                  ###\n###                                                             ###\n### This chart is under active development.                     ###\n### Breaking changes may occur in minor versions.               ###\n###                                                             ###\n### See README.md for configuration details.                    ###\n###################################################################\n\n🚀 Congratulations on successfully installing Jaeger v2.18.0 (Chart v4.8.0)!\n\nTo access the query UI:\n  export POD_NAME=$(kubectl get pods --namespace monitoring -l \"app.kubernetes.io/instance=jaeger,app.kubernetes.io/component=all-in-one\" -o jsonpath=\"{.items[0].metadata.name}\")\n  kubectl port-forward --namespace monitoring $POD_NAME 16686:16686 --address 0.0.0.0 \u0026\n  Visit http://127.0.0.1:16686/\n",
                "revision": 1,
                "values": "{\"jaeger\":{\"enabled\":true},\"provisionDataStore\":{\"cassandra\":false,\"elasticsearch\":false,\"kafka\":false},\"serviceMonitor\":{\"additionalLabels\":{\"release\":\"kube-prometheus-stack\"},\"enabled\":true},\"storage\":{\"type\":\"memory\"},\"userconfig\":{\"exporters\":{\"jaeger_storage_exporter\":{\"trace_storage\":\"some_storage\"}},\"extensions\":{\"expvar\":{\"endpoint\":\"[::]:27777\"},\"healthcheckv2\":{\"http\":{\"endpoint\":\"0.0.0.0:13133\"},\"use_v2\":true},\"jaeger_mcp\":{\"http\":{\"endpoint\":\"0.0.0.0:16687\"}},\"jaeger_query\":{\"base_path\":\"/jaeger\",\"storage\":{\"traces\":\"some_storage\"}},\"jaeger_storage\":{\"backends\":{\"some_storage\":{\"memory\":{\"max_traces\":50000}}}},\"remote_sampling\":{\"file\":{\"path\":\"\"}},\"zpages\":{\"endpoint\":\"0.0.0.0:27778\"}},\"receivers\":{\"jaeger\":{\"protocols\":{\"grpc\":{\"endpoint\":\"0.0.0.0:14250\"},\"thrift_binary\":{\"endpoint\":\"0.0.0.0:6832\"},\"thrift_compact\":{\"endpoint\":\"0.0.0.0:6831\"},\"thrift_http\":{\"endpoint\":\"0.0.0.0:14268\"}}},\"otlp\":{\"protocols\":{\"grpc\":{\"endpoint\":\"0.0.0.0:4317\"},\"http\":{\"endpoint\":\"0.0.0.0:4318\"}}}},\"service\":{\"extensions\":[\"jaeger_storage\",\"jaeger_query\",\"healthcheckv2\",\"remote_sampling\",\"zpages\",\"expvar\",\"jaeger_mcp\"],\"pipelines\":{\"traces\":{\"exporters\":[\"jaeger_storage_exporter\"],\"receivers\":[\"otlp\",\"jaeger\"]}}}}}",
                "version": "4.8.0"
              }
            ],
            "name": "jaeger",
            "namespace": "monitoring",
            "pass_credentials": false,
            "postrender": [],
            "recreate_pods": false,
            "render_subchart_notes": true,
            "replace": false,
            "repository": "https://jaegertracing.github.io/helm-charts",
            "repository_ca_file": null,
            "repository_cert_file": null,
            "repository_key_file": null,
            "repository_password": null,
            "repository_username": null,
            "reset_values": false,
            "reuse_values": false,
            "set": [],
            "set_list": [],
            "set_sensitive": [],
            "skip_crds": false,
            "status": "deployed",
            "timeout": 180,
            "upgrade_install": null,
            "values": [
              "provisionDataStore:\n  cassandra: false\n  elasticsearch: false\n  kafka: false\n\nuserconfig:\n  service:\n    extensions: [jaeger_storage, jaeger_query, healthcheckv2, remote_sampling, zpages, expvar, jaeger_mcp]\n    pipelines:\n      traces:\n        receivers: [otlp, jaeger]\n        exporters: [jaeger_storage_exporter]\n\n  extensions:\n    healthcheckv2:\n      use_v2: true\n      http:\n        endpoint: 0.0.0.0:13133\n\n    jaeger_storage:\n      backends:\n        some_storage:\n          memory:\n            max_traces: 50000\n\n    jaeger_query:\n      storage:\n        traces: some_storage\n      base_path: /jaeger\n\n    remote_sampling:\n      file:\n        path: \"\"\n\n    zpages:\n      endpoint: 0.0.0.0:27778\n\n    expvar:\n      endpoint: \"[::]:27777\"\n\n    jaeger_mcp:\n      http:\n        endpoint: 0.0.0.0:16687\n\n  receivers:\n    otlp:\n      protocols:\n        grpc:\n          endpoint: 0.0.0.0:4317\n        http:\n          endpoint: 0.0.0.0:4318\n    jaeger:\n      protocols:\n        grpc:\n          endpoint: 0.0.0.0:14250\n        thrift_http:\n          endpoint: 0.0.0.0:14268\n        thrift_binary:\n          endpoint: 0.0.0.0:6832\n        thrift_compact:\n          endpoint: 0.0.0.0:6831\n\n  exporters:\n    jaeger_storage_exporter:\n      trace_storage: some_storage\n\njaeger:\n  enabled: true\n\nstorage:\n  type: memory\n\nserviceMonitor:\n  enabled: true\n  additionalLabels:\n    release: kube-prometheus-stack"
            ],
            "verify": false,
            "version": "4.8.0",
            "wait": true,
            "wait_for_jobs": false
          },
          "sensitive_attributes": [
            [
              {
                "type": "get_attr",
                "value": "repository_password"
              }
            ]
          ],
          "identity_schema_version": 0,
          "private": "eyJzY2hlbWFfdmVyc2lvbiI6IjEifQ==",
          "dependencies": [
            "helm_release.cassandra",
            "helm_release.ingress_nginx",
            "helm_release.kube_prometheus_stack",
            "helm_release.loki",
            "helm_release.otel_collector",
            "helm_release.redis",
            "helm_release.tempo",
            "kubectl_manifest.minio_service",
            "null_resource.kind_cluster"
          ]
        }
      ]
    },
    {
      "mode": "managed",
      "type": "helm_release",
      "name": "kube_prometheus_stack",
      "provider": "provider[\"registry.terraform.io/hashicorp/helm\"]",
      "instances": [
        {
          "schema_version": 1,
          "attributes": {
            "atomic": false,
            "chart": "kube-prometheus-stack",
            "cleanup_on_fail": false,
            "create_namespace": true,
            "dependency_update": false,
            "description": null,
            "devel": null,
            "disable_crd_hooks": false,
            "disable_openapi_validation": false,
            "disable_webhooks": false,
            "force_update": false,
            "id": "kube-prometheus-stack",
            "keyring": null,
            "lint": false,
            "manifest": null,
            "max_history": 0,
            "metadata": [
              {
                "app_version": "v0.91.0",
                "chart": "kube-prometheus-stack",
                "first_deployed": 1779958339,
                "last_deployed": 1779958339,
                "name": "kube-prometheus-stack",
                "namespace": "monitoring",
                "notes": "kube-state-metrics is a simple service that listens to the Kubernetes API server and generates metrics about the state of the objects.\nThe exposed metrics can be found here:\nhttps://github.com/kubernetes/kube-state-metrics/blob/master/docs/README.md#exposed-metrics\n\nThe metrics are exported on the HTTP endpoint /metrics on the listening port.\nIn your case, kube-prometheus-stack-kube-state-metrics.monitoring.svc.cluster.local:8080/metrics\n\nThey are served either as plaintext or protobuf depending on the Accept header.\nThey are designed to be consumed either by Prometheus itself or by a scraper that is compatible with scraping a Prometheus client endpoint.\n\n1. Get the application URL by running these commands:\n  export POD_NAME=$(kubectl get pods --namespace monitoring -l \"app.kubernetes.io/name=prometheus-node-exporter,app.kubernetes.io/instance=kube-prometheus-stack\" -o jsonpath=\"{.items[0].metadata.name}\")\n  echo \"Visit http://127.0.0.1:9100 to use your application\"\n  kubectl port-forward --namespace monitoring $POD_NAME 9100\nkube-prometheus-stack has been installed. Check its status by running:\n  kubectl --namespace monitoring get pods -l \"release=kube-prometheus-stack\"\n\nGet Grafana 'admin' user password by running:\n\n  kubectl --namespace monitoring get secrets kube-prometheus-stack-grafana -o jsonpath=\"{.data.admin-password}\" | base64 -d ; echo\n\nAccess Grafana local instance:\n\n  export POD_NAME=$(kubectl --namespace monitoring get pod -l \"app.kubernetes.io/name=grafana,app.kubernetes.io/instance=kube-prometheus-stack\" -oname)\n  kubectl --namespace monitoring port-forward $POD_NAME 3000\n\nGet your grafana admin user password by running:\n\n  kubectl get secret --namespace monitoring -l app.kubernetes.io/component=admin-secret -o jsonpath=\"{.items[0].data.admin-password}\" | base64 --decode ; echo\n\n\nVisit https://github.com/prometheus-operator/kube-prometheus for instructions on how to create \u0026 configure Alertmanager and Prometheus instances using the Operator.\n\n1. Get your 'admin' user password by running:\n\n   kubectl get secret --namespace monitoring kube-prometheus-stack-grafana -o jsonpath=\"{.data.admin-password}\" | base64 --decode ; echo\n\n\n2. The Grafana server can be accessed via port 80 on the following DNS name from within your cluster:\n\n   kube-prometheus-stack-grafana.monitoring.svc.cluster.local\n\n   Get the Grafana URL to visit by running these commands in the same shell:\n     export POD_NAME=$(kubectl get pods --namespace monitoring -l \"app.kubernetes.io/name=grafana,app.kubernetes.io/instance=kube-prometheus-stack\" -o jsonpath=\"{.items[0].metadata.name}\")\n     kubectl --namespace monitoring port-forward $POD_NAME 3000\n\n3. Login with the password from step 1 and the username: admin\n#################################################################################\n######   WARNING: Persistence is disabled!!! You will lose your data when   #####\n######            the Grafana pod is terminated.                            #####\n#################################################################################\n",
                "revision": 1,
                "values": "{\"grafana\":{\"additionalDataSources\":[{\"access\":\"proxy\",\"jsonData\":{\"timeInterval\":\"15s\"},\"name\":\"Prometheus\",\"type\":\"prometheus\",\"uid\":\"prometheus\",\"url\":\"http://kube-prometheus-stack-prometheus.monitoring.svc.cluster.local:9090\"},{\"access\":\"proxy\",\"jsonData\":{\"derivedFields\":[{\"datasourceUid\":\"tempo\",\"matcherRegex\":\"\\\"trace_id\\\":\\\"(\\\\w+)\\\"\",\"name\":\"TraceID\",\"url\":\"$${__value.raw}\"}]},\"name\":\"Loki\",\"type\":\"loki\",\"uid\":\"loki\",\"url\":\"http://loki-gateway.monitoring.svc.cluster.local\"},{\"access\":\"proxy\",\"jsonData\":{\"lokiSearch\":{\"datasourceUid\":\"loki\"},\"nodeGraph\":{\"enabled\":true},\"serviceMap\":{\"datasourceUid\":\"prometheus\"},\"tracesToLogsV2\":{\"datasourceUid\":\"loki\",\"filterBySpanID\":false,\"filterByTraceID\":true,\"tags\":[{\"key\":\"service.name\",\"value\":\"app\"}]},\"tracesToMetrics\":{\"datasourceUid\":\"prometheus\",\"queries\":[{\"name\":\"Request rate\",\"query\":\"rate(http_server_requests_seconds_count{app=\\\"$${__tags.app}\\\"}[5m])\"},{\"name\":\"Error rate\",\"query\":\"rate(http_server_requests_seconds_count{app=\\\"$${__tags.app}\\\",status=~\\\"5..\\\"}[5m])\"}],\"tags\":[{\"key\":\"service.name\",\"value\":\"app\"}]}},\"name\":\"Tempo\",\"type\":\"tempo\",\"uid\":\"tempo\",\"url\":\"http://tempo.monitoring.svc.cluster.local:3200\"},{\"access\":\"proxy\",\"jsonData\":{\"tracesToLogsV2\":{\"datasourceUid\":\"loki\",\"filterByTraceID\":true,\"tags\":[{\"key\":\"service.name\",\"value\":\"app\"}]}},\"name\":\"Jaeger\",\"type\":\"jaeger\",\"uid\":\"jaeger\",\"url\":\"http://jaeger.monitoring.svc.cluster.local:16686\"}],\"adminPassword\":\"admin\",\"grafana.ini\":{\"server\":{\"root_url\":\"%(protocol)s://%(domain)s/grafana/\",\"serve_from_sub_path\":true}},\"ingress\":{\"enabled\":false},\"resources\":{\"limits\":{\"cpu\":\"500m\",\"memory\":\"512Mi\"},\"requests\":{\"cpu\":\"100m\",\"memory\":\"128Mi\"}},\"securityContext\":{\"fsGroup\":472,\"runAsGroup\":472,\"runAsUser\":472}},\"prometheus\":{\"prometheusSpec\":{\"additionalScrapeConfigs\":[{\"job_name\":\"otel-collector-kind\",\"relabel_configs\":[{\"replacement\":\"otel-collector-kind\",\"target_label\":\"app\"},{\"replacement\":\"kind\",\"target_label\":\"cluster\"}],\"scrape_interval\":\"15s\",\"static_configs\":[{\"targets\":[\"otel-collector.monitoring.svc.cluster.local:8888\"]}]},{\"job_name\":\"jaeger\",\"relabel_configs\":[{\"replacement\":\"jaeger\",\"target_label\":\"app\"},{\"replacement\":\"kind\",\"target_label\":\"cluster\"}],\"scrape_interval\":\"15s\",\"static_configs\":[{\"targets\":[\"jaeger-all-in-one.monitoring.svc.cluster.local:14269\"]}]},{\"bearer_token_file\":\"/var/run/secrets/kubernetes.io/serviceaccount/token\",\"job_name\":\"kubernetes-cadvisor\",\"kubernetes_sd_configs\":[{\"role\":\"node\"}],\"relabel_configs\":[{\"action\":\"labelmap\",\"regex\":\"__meta_kubernetes_node_label_(.+)\"},{\"replacement\":\"kubernetes.default.svc:443\",\"target_label\":\"__address__\"},{\"regex\":\"(.+)\",\"replacement\":\"/api/v1/nodes/$1/proxy/metrics/cadvisor\",\"source_labels\":[\"__meta_kubernetes_node_name\"],\"target_label\":\"__metrics_path__\"}],\"scheme\":\"https\",\"scrape_interval\":\"30s\",\"tls_config\":{\"ca_file\":\"/var/run/secrets/kubernetes.io/serviceaccount/ca.crt\",\"insecure_skip_verify\":true}}],\"enableRemoteWriteReceiver\":true,\"resources\":{\"limits\":{\"cpu\":\"1000m\",\"memory\":\"2Gi\"},\"requests\":{\"cpu\":\"200m\",\"memory\":\"512Mi\"}}}}}",
                "version": "86.0.0"
              }
            ],
            "name": "kube-prometheus-stack",
            "namespace": "monitoring",
            "pass_credentials": false,
            "postrender": [],
            "recreate_pods": false,
            "render_subchart_notes": true,
            "replace": false,
            "repository": "https://prometheus-community.github.io/helm-charts",
            "repository_ca_file": null,
            "repository_cert_file": null,
            "repository_key_file": null,
            "repository_password": null,
            "repository_username": null,
            "reset_values": false,
            "reuse_values": false,
            "set": [],
            "set_list": [],
            "set_sensitive": [],
            "skip_crds": false,
            "status": "deployed",
            "timeout": 600,
            "upgrade_install": null,
            "values": [
              "\nprometheus:\n  prometheusSpec:\n    additionalScrapeConfigs:\n      # ── 1. Kind-side OTEL Collector self-metrics ─────────────\n      - job_name: otel-collector-kind\n        scrape_interval: 15s\n        static_configs:\n          - targets: [\"otel-collector.monitoring.svc.cluster.local:8888\"]\n        relabel_configs:\n          - target_label: app\n            replacement: otel-collector-kind\n          - target_label: cluster\n            replacement: kind\n\n      # ── 2. Jaeger self-metrics ───────────────────────────────\n      - job_name: jaeger\n        scrape_interval: 15s\n        static_configs:\n          - targets: [\"jaeger-all-in-one.monitoring.svc.cluster.local:14269\"]\n        relabel_configs:\n          - target_label: app\n            replacement: jaeger\n          - target_label: cluster\n            replacement: kind\n\n      # ── 3. Kubernetes cAdvisor ───────────────────────────────\n      - job_name: kubernetes-cadvisor\n        scrape_interval: 30s\n        scheme: https\n        tls_config:\n          ca_file: /var/run/secrets/kubernetes.io/serviceaccount/ca.crt\n          insecure_skip_verify: true\n        bearer_token_file: /var/run/secrets/kubernetes.io/serviceaccount/token\n        kubernetes_sd_configs:\n          - role: node\n        relabel_configs:\n          - action: labelmap\n            regex: __meta_kubernetes_node_label_(.+)\n          - target_label: __address__\n            replacement: kubernetes.default.svc:443\n          - source_labels: [__meta_kubernetes_node_name]\n            regex: (.+)\n            target_label: __metrics_path__\n            replacement: /api/v1/nodes/$1/proxy/metrics/cadvisor\n",
              "grafana:\n  adminPassword: \"admin\"\n\n  grafana.ini:\n    server:\n      root_url: \"%(protocol)s://%(domain)s/grafana/\"\n      serve_from_sub_path: true\n\n  securityContext:\n    runAsUser: 472\n    runAsGroup: 472\n    fsGroup: 472\n\n  \n\n  ingress:\n    enabled: false\n\n  additionalDataSources:\n    - name: Prometheus\n      type: prometheus\n      uid: prometheus\n      url: http://kube-prometheus-stack-prometheus.monitoring.svc.cluster.local:9090\n      access: proxy\n      jsonData:\n        timeInterval: 15s\n\n    - name: Loki\n      type: loki\n      uid: loki\n      url: http://loki-gateway.monitoring.svc.cluster.local\n      access: proxy\n      jsonData:\n        derivedFields:\n          - name: TraceID\n            matcherRegex: '\"trace_id\":\"(\\w+)\"'\n            url: \"$${__value.raw}\"\n            datasourceUid: tempo\n\n    - name: Tempo\n      type: tempo\n      uid: tempo\n      url: http://tempo.monitoring.svc.cluster.local:3200\n      access: proxy\n      jsonData:\n        tracesToLogsV2:\n          datasourceUid: loki\n          tags:\n            - key: service.name\n              value: app\n          filterByTraceID: true\n          filterBySpanID: false\n        tracesToMetrics:\n          datasourceUid: prometheus\n          tags:\n            - key: service.name\n              value: app\n          queries:\n            - name: Request rate\n              query: 'rate(http_server_requests_seconds_count{app=\"$${__tags.app}\"}[5m])'\n            - name: Error rate\n              query: 'rate(http_server_requests_seconds_count{app=\"$${__tags.app}\",status=~\"5..\"}[5m])'\n        serviceMap:\n          datasourceUid: prometheus\n        nodeGraph:\n          enabled: true\n        lokiSearch:\n          datasourceUid: loki\n\n    - name: Jaeger\n      type: jaeger\n      uid: jaeger\n      url: http://jaeger.monitoring.svc.cluster.local:16686\n      access: proxy\n      jsonData:\n        tracesToLogsV2:\n          datasourceUid: loki\n          tags:\n            - key: service.name\n              value: app\n          filterByTraceID: true\n\n  resources:\n    requests:\n      cpu: 100m\n      memory: 128Mi\n    limits:\n      cpu: 500m\n      memory: 512Mi",
              "\"prometheus\":\n  \"prometheusSpec\":\n    \"enableRemoteWriteReceiver\": true\n    \"resources\":\n      \"limits\":\n        \"cpu\": \"1000m\"\n        \"memory\": \"2Gi\"\n      \"requests\":\n        \"cpu\": \"200m\"\n        \"memory\": \"512Mi\"\n"
            ],
            "verify": false,
            "version": "86.0.0",
            "wait": true,
            "wait_for_jobs": false
          },
          "sensitive_attributes": [
            [
              {
                "type": "get_attr",
                "value": "repository_password"
              }
            ]
          ],
          "identity_schema_version": 0,
          "private": "eyJzY2hlbWFfdmVyc2lvbiI6IjEifQ==",
          "dependencies": [
            "helm_release.cassandra",
            "helm_release.redis",
            "null_resource.kind_cluster"
          ]
        }
      ]
    },
    {
      "mode": "managed",
      "type": "helm_release",
      "name": "loki",
      "provider": "provider[\"registry.terraform.io/hashicorp/helm\"]",
      "instances": [
        {
          "schema_version": 1,
          "attributes": {
            "atomic": false,
            "chart": "loki",
            "cleanup_on_fail": false,
            "create_namespace": true,
            "dependency_update": false,
            "description": null,
            "devel": null,
            "disable_crd_hooks": false,
            "disable_openapi_validation": false,
            "disable_webhooks": false,
            "force_update": false,
            "id": "loki",
            "keyring": null,
            "lint": false,
            "manifest": null,
            "max_history": 0,
            "metadata": [
              {
                "app_version": "3.6.7",
                "chart": "loki",
                "first_deployed": 1779946489,
                "last_deployed": 1779946489,
                "name": "loki",
                "namespace": "monitoring",
                "notes": "***********************************************************************\n Welcome to Grafana Loki\n Chart version: 7.0.0\n Chart Name: loki\n Loki version: 3.6.7\n***********************************************************************\n\n** Please be patient while the chart is being deployed **\n\nTip:\n\n  Watch the deployment status using the command: kubectl get pods -w --namespace monitoring\n\nIf pods are taking too long to schedule make sure pod affinity can be fulfilled in the current cluster.\n\n***********************************************************************\nInstalled components:\n***********************************************************************\n* loki\n\nLoki has been deployed as a single binary.\nThis means a single pod is handling reads and writes. You can scale that pod vertically by adding more CPU and memory resources.\n\n\n***********************************************************************\nSending logs to Loki\n***********************************************************************\n\nLoki has been configured with a gateway (nginx) to support reads and writes from a single component.\n\nYou can send logs from inside the cluster using the cluster DNS:\n\nhttp://loki-gateway.monitoring.svc.cluster.local/loki/api/v1/push\n\nYou can test to send data from outside the cluster by port-forwarding the gateway to your local machine:\n\n  kubectl port-forward --namespace monitoring svc/loki-gateway 3100:80 \u0026\n\nAnd then using http://127.0.0.1:3100/loki/api/v1/push URL as shown below:\n\n```\ncurl -H \"Content-Type: application/json\" -XPOST -s \"http://127.0.0.1:3100/loki/api/v1/push\"  \\\n--data-raw \"{\\\"streams\\\": [{\\\"stream\\\": {\\\"job\\\": \\\"test\\\"}, \\\"values\\\": [[\\\"$(date +%s)000000000\\\", \\\"fizzbuzz\\\"]]}]}\"\n```\n\nThen verify that Loki did receive the data using the following command:\n\n```\ncurl \"http://127.0.0.1:3100/loki/api/v1/query_range\" --data-urlencode 'query={job=\"test\"}' | jq .data.result\n```\n\n***********************************************************************\nConnecting Grafana to Loki\n***********************************************************************\n\nIf Grafana operates within the cluster, you'll set up a new Loki datasource by utilizing the following URL:\n\nhttp://loki-gateway.monitoring.svc.cluster.local/\n",
                "revision": 1,
                "values": "{\"backend\":{\"replicas\":0},\"chunksCache\":{\"enabled\":false},\"deploymentMode\":\"SingleBinary\",\"gateway\":{\"enabled\":true,\"replicas\":1,\"resources\":{\"limits\":{\"cpu\":\"200m\",\"memory\":\"128Mi\"},\"requests\":{\"cpu\":\"50m\",\"memory\":\"64Mi\"}}},\"loki\":{\"auth_enabled\":false,\"commonConfig\":{\"replication_factor\":1},\"limits_config\":{\"max_cache_freshness_per_query\":\"10m\",\"reject_old_samples\":true,\"reject_old_samples_max_age\":\"168h\",\"split_queries_by_interval\":\"15m\"},\"query_range\":{\"results_cache\":{\"cache\":{\"embedded_cache\":{\"enabled\":true,\"max_size_mb\":100}}}},\"schemaConfig\":{\"configs\":[{\"from\":\"2024-01-01\",\"index\":{\"period\":\"24h\",\"prefix\":\"loki_index_\"},\"object_store\":\"filesystem\",\"schema\":\"v13\",\"store\":\"tsdb\"}]},\"storage\":{\"type\":\"filesystem\"},\"storage_config\":{\"filesystem\":{\"directory\":\"/var/loki/chunks\"},\"tsdb_shipper\":{\"active_index_directory\":\"/var/loki/index\",\"cache_location\":\"/var/loki/index_cache\"}}},\"lokiCanary\":{\"enabled\":false},\"minio\":{\"enabled\":false},\"read\":{\"replicas\":0},\"resultsCache\":{\"enabled\":false},\"serviceMonitor\":{\"enabled\":true,\"labels\":{\"release\":\"kube-prometheus-stack\"}},\"singleBinary\":{\"replicas\":1,\"resources\":{\"limits\":{\"cpu\":\"500m\",\"memory\":\"512Mi\"},\"requests\":{\"cpu\":\"100m\",\"memory\":\"256Mi\"}}},\"test\":{\"enabled\":false},\"values_sha\":\"(sensitive value)\",\"write\":{\"replicas\":0}}",
                "version": "7.0.0"
              }
            ],
            "name": "loki",
            "namespace": "monitoring",
            "pass_credentials": false,
            "postrender": [],
            "recreate_pods": false,
            "render_subchart_notes": true,
            "replace": false,
            "repository": "https://grafana.github.io/helm-charts",
            "repository_ca_file": null,
            "repository_cert_file": null,
            "repository_key_file": null,
            "repository_password": null,
            "repository_username": null,
            "reset_values": false,
            "reuse_values": false,
            "set": [],
            "set_list": [],
            "set_sensitive": [
              {
                "name": "values_sha",
                "type": "",
                "value": "en3EsNgU5yJY1/1RpTUt1ekCzl6O7oB4IiIegsyZbwc="
              }
            ],
            "skip_crds": false,
            "status": "deployed",
            "timeout": 300,
            "upgrade_install": null,
            "values": [
              "# loki-config.yml — Helm values for grafana/loki\n\ndeploymentMode: SingleBinary\n\nloki:\n  auth_enabled: false\n\n  commonConfig:\n    replication_factor: 1\n\n  # Required since loki chart v3 — must be explicitly provided\n  schemaConfig:\n    configs:\n      - from: \"2024-01-01\"\n        store: tsdb\n        object_store: filesystem\n        schema: v13\n        index:\n          prefix: loki_index_\n          period: 24h\n\n  storage:\n    type: filesystem\n\n  storage_config:\n    tsdb_shipper:\n      active_index_directory: /var/loki/index\n      cache_location: /var/loki/index_cache\n    filesystem:\n      directory: /var/loki/chunks\n\n  limits_config:\n    reject_old_samples: true\n    reject_old_samples_max_age: 168h\n    max_cache_freshness_per_query: 10m\n    split_queries_by_interval: 15m\n\n  query_range:\n    results_cache:\n      cache:\n        embedded_cache:\n          enabled: true\n          max_size_mb: 100\n\nsingleBinary:\n  replicas: 1\n  resources:\n    requests:\n      cpu: 100m\n      memory: 256Mi\n    limits:\n      cpu: 500m\n      memory: 512Mi\n\n# Gateway gives promtail/otel a stable push endpoint\ngateway:\n  enabled: true\n  replicas: 1\n  resources:\n    requests:\n      cpu: 50m\n      memory: 64Mi\n    limits:\n      cpu: 200m\n      memory: 128Mi\n\n# Disable components not needed for single-binary mode\nbackend:\n  replicas: 0\nread:\n  replicas: 0\nwrite:\n  replicas: 0\n\nchunksCache:\n  enabled: false\nresultsCache:\n  enabled: false\n\n# Disable minio (use local filesystem instead)\nminio:\n  enabled: false\n\nserviceMonitor:\n  enabled: true\n  labels:\n    release: kube-prometheus-stack\n\ntest:\n  enabled: false\nlokiCanary:\n  enabled: false"
            ],
            "verify": false,
            "version": "7.0.0",
            "wait": true,
            "wait_for_jobs": false
          },
          "sensitive_attributes": [
            [
              {
                "type": "get_attr",
                "value": "repository_password"
              }
            ],
            [
              {
                "type": "get_attr",
                "value": "set_sensitive"
              }
            ]
          ],
          "identity_schema_version": 0,
          "private": "eyJzY2hlbWFfdmVyc2lvbiI6IjEifQ==",
          "dependencies": [
            "helm_release.cassandra",
            "helm_release.kube_prometheus_stack",
            "helm_release.redis",
            "null_resource.kind_cluster"
          ]
        }
      ]
    },
    {
      "mode": "managed",
      "type": "helm_release",
      "name": "otel_collector",
      "provider": "provider[\"registry.terraform.io/hashicorp/helm\"]",
      "instances": [
        {
          "schema_version": 1,
          "attributes": {
            "atomic": false,
            "chart": "opentelemetry-collector",
            "cleanup_on_fail": false,
            "create_namespace": true,
            "dependency_update": false,
            "description": null,
            "devel": null,
            "disable_crd_hooks": false,
            "disable_openapi_validation": false,
            "disable_webhooks": false,
            "force_update": false,
            "id": "otel-collector",
            "keyring": null,
            "lint": false,
            "manifest": null,
            "max_history": 0,
            "metadata": [
              {
                "app_version": "0.152.0",
                "chart": "opentelemetry-collector",
                "first_deployed": 1779947287,
                "last_deployed": 1779947287,
                "name": "otel-collector",
                "namespace": "monitoring",
                "notes": "\n\n\n",
                "revision": 1,
                "values": "{\"clusterRole\":{\"create\":true,\"rules\":[{\"apiGroups\":[\"\"],\"resources\":[\"pods\",\"namespaces\",\"nodes\",\"services\",\"endpoints\",\"replicationcontrollers\"],\"verbs\":[\"get\",\"list\",\"watch\"]},{\"apiGroups\":[\"apps\"],\"resources\":[\"deployments\",\"replicasets\",\"statefulsets\",\"daemonsets\"],\"verbs\":[\"get\",\"list\",\"watch\"]},{\"apiGroups\":[\"batch\"],\"resources\":[\"jobs\",\"cronjobs\"],\"verbs\":[\"get\",\"list\",\"watch\"]}]},\"config\":{\"exporters\":{\"debug\":{\"sampling_initial\":5,\"sampling_thereafter\":200,\"verbosity\":\"basic\"},\"otlp/tempo\":{\"compression\":\"gzip\",\"endpoint\":\"tempo.monitoring.svc:4317\",\"tls\":{\"insecure\":true}},\"otlphttp/loki\":{\"endpoint\":\"http://loki-gateway.monitoring.svc.cluster.local/otlp\",\"tls\":{\"insecure\":true}},\"prometheusremotewrite\":{\"endpoint\":\"http://kube-prometheus-stack-prometheus.monitoring.svc:9090/api/v1/write\",\"resource_to_telemetry_conversion\":{\"enabled\":true},\"tls\":{\"insecure\":true}}},\"processors\":{\"batch\":{\"send_batch_max_size\":2048,\"send_batch_size\":1024,\"timeout\":\"5s\"},\"filter/drop_health\":{\"error_mode\":\"ignore\",\"metrics\":{\"metric\":[\"name == \\\"up\\\" and IsMatch(resource.attributes[\\\"job\\\"], \\\".*health.*\\\")\"]},\"traces\":{\"span\":[\"attributes[\\\"http.route\\\"] == \\\"/health\\\"\",\"attributes[\\\"http.route\\\"] == \\\"/healthz\\\"\",\"attributes[\\\"http.route\\\"] == \\\"/actuator/health\\\"\",\"attributes[\\\"http.route\\\"] == \\\"/metrics\\\"\"]}},\"k8sattributes\":{\"auth_type\":\"serviceAccount\",\"passthrough\":false},\"memory_limiter\":{\"check_interval\":\"5s\",\"limit_mib\":400,\"spike_limit_mib\":100},\"resource\":{\"attributes\":[{\"action\":\"insert\",\"key\":\"cluster\",\"value\":\"kind-social-media\"},{\"action\":\"insert\",\"key\":\"environment\",\"value\":\"local\"}]}},\"receivers\":{\"hostmetrics\":{\"collection_interval\":\"30s\",\"scrapers\":{\"cpu\":{},\"disk\":{},\"filesystem\":{},\"load\":{},\"memory\":{},\"network\":{},\"processes\":{}}},\"k8s_cluster\":{\"collection_interval\":\"30s\"},\"otlp\":{\"protocols\":{\"grpc\":{\"endpoint\":\"0.0.0.0:4317\"},\"http\":{\"cors\":{\"allowed_origins\":[\"*\"]},\"endpoint\":\"0.0.0.0:4318\"}}},\"prometheus\":{\"config\":{\"scrape_configs\":[{\"job_name\":\"otel-collector-self\",\"scrape_interval\":\"15s\",\"static_configs\":[{\"targets\":[\"localhost:8888\"]}]}]}}},\"service\":{\"pipelines\":{\"logs\":{\"exporters\":[\"otlphttp/loki\"],\"processors\":[\"memory_limiter\",\"k8sattributes\",\"resource\",\"batch\"],\"receivers\":[\"otlp\"]},\"metrics\":{\"exporters\":[\"prometheusremotewrite\"],\"processors\":[\"memory_limiter\",\"k8sattributes\",\"resource\",\"batch\"],\"receivers\":[\"otlp\",\"prometheus\",\"hostmetrics\",\"k8s_cluster\"]},\"traces\":{\"exporters\":[\"otlp/tempo\"],\"processors\":[\"memory_limiter\",\"k8sattributes\",\"resource\",\"filter/drop_health\",\"batch\"],\"receivers\":[\"otlp\"]}},\"telemetry\":{\"logs\":{\"level\":\"info\"},\"metrics\":{\"level\":\"detailed\",\"readers\":[{\"pull\":{\"exporter\":{\"prometheus\":{\"host\":\"0.0.0.0\",\"port\":8888}}}}]}}}},\"extraEnvs\":[{\"name\":\"KUBE_NODE_NAME\",\"valueFrom\":{\"fieldRef\":{\"fieldPath\":\"spec.nodeName\"}}}],\"image\":{\"repository\":\"otel/opentelemetry-collector-contrib\",\"tag\":\"\"},\"mode\":\"deployment\",\"ports\":{\"metrics\":{\"containerPort\":8888,\"enabled\":true,\"protocol\":\"TCP\",\"servicePort\":8888},\"otlp\":{\"containerPort\":4317,\"enabled\":true,\"protocol\":\"TCP\",\"servicePort\":4317},\"otlp-http\":{\"containerPort\":4318,\"enabled\":true,\"protocol\":\"TCP\",\"servicePort\":4318},\"prometheus\":{\"containerPort\":8889,\"enabled\":true,\"protocol\":\"TCP\",\"servicePort\":8889},\"zipkin\":{\"containerPort\":9411,\"enabled\":true,\"protocol\":\"TCP\",\"servicePort\":9411}},\"replicaCount\":1,\"resources\":{\"limits\":{\"cpu\":\"500m\",\"memory\":\"512Mi\"},\"requests\":{\"cpu\":\"100m\",\"memory\":\"256Mi\"}},\"serviceAccount\":{\"create\":true},\"serviceMonitor\":{\"enabled\":true,\"extraLabels\":{\"release\":\"kube-prometheus-stack\"},\"metricsEndpoints\":[{\"interval\":\"30s\",\"port\":\"metrics\"}]}}",
                "version": "0.157.0"
              }
            ],
            "name": "otel-collector",
            "namespace": "monitoring",
            "pass_credentials": false,
            "postrender": [],
            "recreate_pods": false,
            "render_subchart_notes": true,
            "replace": false,
            "repository": "https://open-telemetry.github.io/opentelemetry-helm-charts",
            "repository_ca_file": null,
            "repository_cert_file": null,
            "repository_key_file": null,
            "repository_password": null,
            "repository_username": null,
            "reset_values": false,
            "reuse_values": false,
            "set": [],
            "set_list": [],
            "set_sensitive": [],
            "skip_crds": false,
            "status": "deployed",
            "timeout": 300,
            "upgrade_install": null,
            "values": [
              "# otel-collector-values.yml — kind-side OTEL Collector\n# Receives OTLP from apps/gateway, enriches with k8s metadata,\n# forwards to Prometheus, Loki, and Tempo.\n\nmode: deployment\nreplicaCount: 1\n\nimage:\n  repository: otel/opentelemetry-collector-contrib\n  tag: \"\"\n\nresources:\n  requests:\n    cpu: 100m\n    memory: 256Mi\n  limits:\n    cpu: 500m\n    memory: 512Mi\n\nports:\n  otlp:\n    enabled: true\n    containerPort: 4317\n    servicePort: 4317\n    protocol: TCP\n  otlp-http:\n    enabled: true\n    containerPort: 4318\n    servicePort: 4318\n    protocol: TCP\n  metrics:\n    enabled: true\n    containerPort: 8888\n    servicePort: 8888\n    protocol: TCP\n  zipkin:\n    enabled: true\n    containerPort: 9411\n    servicePort: 9411\n    protocol: TCP\n  prometheus:\n    enabled: true\n    containerPort: 8889\n    servicePort: 8889\n    protocol: TCP\n\nconfig:\n  receivers:\n    otlp:\n      protocols:\n        grpc:\n          endpoint: \"0.0.0.0:4317\"\n        http:\n          endpoint: \"0.0.0.0:4318\"\n          cors:\n            allowed_origins: [\"*\"]\n\n    # FIX: Removed docker service targets (notes-backend, bank-backend, etc.)\n    # Those are Docker containers on the host network — unreachable from inside kind.\n    # They are scraped by the otel-gateway Docker container instead.\n    # This receiver now only scrapes the collector's own self-metrics.\n    prometheus:\n      config:\n        scrape_configs:\n          - job_name: otel-collector-self\n            scrape_interval: 15s\n            static_configs:\n              - targets: [\"localhost:8888\"]\n\n    # hostmetrics runs inside a container — it reflects container-level\n    # metrics only, not the full node. Kept for basic process/memory insight.\n    hostmetrics:\n      collection_interval: 30s\n      scrapers:\n        cpu: {}\n        memory: {}\n        disk: {}\n        filesystem: {}\n        network: {}\n        load: {}\n        processes: {}\n\n    k8s_cluster:\n      collection_interval: 30s\n\n  processors:\n    batch:\n      timeout: 5s\n      send_batch_size: 1024\n      send_batch_max_size: 2048\n\n    filter/drop_health:\n      error_mode: ignore\n      traces:\n        span:\n          - 'attributes[\"http.route\"] == \"/health\"'\n          - 'attributes[\"http.route\"] == \"/healthz\"'\n          - 'attributes[\"http.route\"] == \"/actuator/health\"'\n          - 'attributes[\"http.route\"] == \"/metrics\"'\n      metrics:\n        metric:\n          # FIX: =~ is not valid OTTL — use IsMatch() for regex\n          - 'name == \"up\" and IsMatch(resource.attributes[\"job\"], \".*health.*\")'\n\n    k8sattributes:\n      auth_type: serviceAccount\n      passthrough: false\n\n    resource:\n      attributes:\n        - key: cluster\n          value: kind-social-media\n          action: insert\n        - key: environment\n          value: local\n          action: insert\n\n    memory_limiter:\n      check_interval: 5s\n      limit_mib: 400\n      spike_limit_mib: 100\n\n  exporters:\n    prometheusremotewrite:\n      endpoint: http://kube-prometheus-stack-prometheus.monitoring.svc:9090/api/v1/write\n      tls:\n        insecure: true\n      resource_to_telemetry_conversion:\n        enabled: true\n\n    otlphttp/loki:\n      endpoint: http://loki-gateway.monitoring.svc.cluster.local/otlp\n      tls:\n        insecure: true\n\n    otlp/tempo:\n      endpoint: tempo.monitoring.svc:4317\n      tls:\n        insecure: true\n      compression: gzip\n\n    debug:\n      verbosity: basic\n      sampling_initial: 5\n      sampling_thereafter: 200\n\n  service:\n    telemetry:\n      logs:\n        level: info\n      # FIX: metrics.address is deprecated and removed in newer collector versions.\n      # Use readers with a pull exporter instead.\n      metrics:\n        level: detailed\n        readers:\n          - pull:\n              exporter:\n                prometheus:\n                  host: \"0.0.0.0\"\n                  port: 8888\n\n    pipelines:\n      traces:\n        receivers: [otlp]\n        processors: [memory_limiter, k8sattributes, resource, filter/drop_health, batch]\n        exporters: [otlp/tempo]\n\n      metrics:\n        receivers: [otlp, prometheus, hostmetrics, k8s_cluster]\n        processors: [memory_limiter, k8sattributes, resource, batch]\n        exporters: [prometheusremotewrite]\n\n      logs:\n        receivers: [otlp]\n        processors: [memory_limiter, k8sattributes, resource, batch]\n        exporters: [otlphttp/loki]\n\n# FIX: Added full RBAC rules required by k8sattributes processor\n# and k8s_cluster receiver — default ClusterRole is too restrictive.\nclusterRole:\n  create: true\n  rules:\n    - apiGroups: [\"\"]\n      resources:\n        - pods\n        - namespaces\n        - nodes\n        - services\n        - endpoints\n        - replicationcontrollers\n      verbs: [\"get\", \"list\", \"watch\"]\n    - apiGroups: [\"apps\"]\n      resources:\n        - deployments\n        - replicasets\n        - statefulsets\n        - daemonsets\n      verbs: [\"get\", \"list\", \"watch\"]\n    - apiGroups: [\"batch\"]\n      resources:\n        - jobs\n        - cronjobs\n      verbs: [\"get\", \"list\", \"watch\"]\n\nserviceAccount:\n  create: true\n\nextraEnvs:\n  - name: KUBE_NODE_NAME\n    valueFrom:\n      fieldRef:\n        fieldPath: spec.nodeName\n\nserviceMonitor:\n  enabled: true\n  metricsEndpoints:\n    - port: metrics\n      interval: 30s\n  extraLabels:\n    release: kube-prometheus-stack"
            ],
            "verify": false,
            "version": "0.157.0",
            "wait": true,
            "wait_for_jobs": false
          },
          "sensitive_attributes": [
            [
              {
                "type": "get_attr",
                "value": "repository_password"
              }
            ]
          ],
          "identity_schema_version": 0,
          "private": "eyJzY2hlbWFfdmVyc2lvbiI6IjEifQ==",
          "dependencies": [
            "helm_release.cassandra",
            "helm_release.kube_prometheus_stack",
            "helm_release.loki",
            "helm_release.redis",
            "helm_release.tempo",
            "kubectl_manifest.minio_service",
            "null_resource.kind_cluster"
          ]
        }
      ]
    },
    {
      "mode": "managed",
      "type": "helm_release",
      "name": "promtail",
      "provider": "provider[\"registry.terraform.io/hashicorp/helm\"]",
      "instances": [
        {
          "schema_version": 1,
          "attributes": {
            "atomic": false,
            "chart": "promtail",
            "cleanup_on_fail": false,
            "create_namespace": true,
            "dependency_update": false,
            "description": "Upgrade \"promtail\" failed: failed to create resource: failed to create typed patch object (monitoring/promtail; apps/v1, Kind=DaemonSet): .spec.template.spec.containers[name=\"promtail\"].volumeMounts: duplicate entries for key [mountPath=\"/var/lib/docker/containers\"]",
            "devel": null,
            "disable_crd_hooks": false,
            "disable_openapi_validation": false,
            "disable_webhooks": false,
            "force_update": false,
            "id": "promtail",
            "keyring": null,
            "lint": false,
            "manifest": null,
            "max_history": 0,
            "metadata": [
              {
                "app_version": "3.5.1",
                "chart": "promtail",
                "first_deployed": 1779938516,
                "last_deployed": 1779946577,
                "name": "promtail",
                "namespace": "monitoring",
                "notes": "***********************************************************************\n Welcome to Grafana Promtail\n Chart version: 6.17.1\n Promtail version: 3.5.1\n***********************************************************************\n\nVerify the application is working by running these commands:\n* kubectl --namespace monitoring port-forward daemonset/promtail 3101\n* curl http://127.0.0.1:3101/metrics\n",
                "revision": 6,
                "values": "{\"config\":{\"clients\":[{\"backoff_config\":{\"max_period\":\"5m\",\"max_retries\":10,\"min_period\":\"500ms\"},\"batchsize\":1048576,\"batchwait\":\"1s\",\"tenant_id\":\"\",\"timeout\":\"10s\",\"url\":\"http://loki-gateway.monitoring.svc.cluster.local/loki/api/v1/push\"}],\"positions\":{\"filename\":\"/run/promtail/positions.yaml\"},\"server\":{\"grpc_listen_port\":0,\"http_listen_port\":3101,\"log_level\":\"info\"},\"snippets\":{\"scrapeConfigs\":\"- job_name: kubernetes-pods\\n  kubernetes_sd_configs:\\n    - role: pod\\n  pipeline_stages:\\n    - json:\\n        expressions:\\n          timestamp: time\\n          level: level\\n          message: msg\\n          trace_id: trace_id\\n          span_id: span_id\\n          service_name: service\\n          logger: logger\\n    - labels:\\n        trace_id: \\\"\\\"\\n        span_id: \\\"\\\"\\n        level: \\\"\\\"\\n    - match:\\n        selector: '{app=\\\"gateway\\\"}'\\n        stages:\\n          - regex:\\n              expression: \\u003e-\\n                ^(?P\\u003cremote_addr\\u003e\\\\S+) - (?P\\u003cremote_user\\u003e\\\\S+)\\n                \\\\[(?P\\u003ctime_local\\u003e[^\\\\]]+)\\\\]\\n                \\\"(?P\\u003cmethod\\u003e\\\\S+) (?P\\u003cpath\\u003e\\\\S+) (?P\\u003cprotocol\\u003e[^\\\"]+)\\\"\\n                (?P\\u003cstatus\\u003e\\\\d+) (?P\\u003cbody_bytes_sent\\u003e\\\\d+)\\n                \\\"(?P\\u003chttp_referer\\u003e[^\\\"]*)\\\" \\\"(?P\\u003chttp_user_agent\\u003e[^\\\"]*)\\\"\\n          - labels:\\n              method: \\\"\\\"\\n              status: \\\"\\\"\\n              path: \\\"\\\"\\n    - match:\\n        selector: '{app=~\\\"bank-backend|social-java\\\"}'\\n        stages:\\n          - multiline:\\n              firstline: '^\\\\d{4}-\\\\d{2}-\\\\d{2}'\\n              max_wait_time: 3s\\n          - regex:\\n              expression: \\u003e-\\n                ^(?P\\u003ctimestamp\\u003e\\\\d{4}-\\\\d{2}-\\\\d{2}T\\\\d{2}:\\\\d{2}:\\\\d{2}\\\\.\\\\d+)\\n                \\\\s+(?P\\u003clevel\\u003e\\\\w+)\\\\s+(?P\\u003cpid\\u003e\\\\d+)\\\\s+---\\\\s+\\n                \\\\[(?P\\u003cthread\\u003e[^\\\\]]+)\\\\]\\\\s+(?P\\u003clogger\\u003e\\\\S+)\\\\s*:\\\\s+(?P\\u003cmessage\\u003e.*)\\n          - labels:\\n              level: \\\"\\\"\\n              logger: \\\"\\\"\\n    - drop:\\n        expression: '(GET /health|GET /actuator/health|GET /metrics)'\\n        drop_counter_reason: healthcheck\\n  relabel_configs:\\n    - source_labels: [__meta_kubernetes_pod_annotation_promtail_io_scrape]\\n      action: drop\\n      regex: \\\"false\\\"\\n    - source_labels: [__meta_kubernetes_namespace]\\n      target_label: namespace\\n    - source_labels: [__meta_kubernetes_pod_name]\\n      target_label: pod\\n    - source_labels: [__meta_kubernetes_pod_container_name]\\n      target_label: container\\n    - source_labels: [__meta_kubernetes_pod_label_app]\\n      target_label: app\\n    - source_labels: [__meta_kubernetes_pod_node_name]\\n      target_label: node\\n    - source_labels:\\n        - __meta_kubernetes_pod_uid\\n        - __meta_kubernetes_pod_container_name\\n      target_label: __path__\\n      separator: /\\n      replacement: /var/log/pods/*$1/*.log\\n    - source_labels: [__meta_kubernetes_pod_container_runtime]\\n      action: replace\\n      regex: (containerd|cri-o)\\n      target_label: __path__\\n      replacement: /var/log/pods/*${1}*/${2}/*.log\\n\\n- job_name: node-syslog\\n  static_configs:\\n    - targets: [localhost]\\n      labels:\\n        job: syslog\\n        __path__: /var/log/syslog\\n\\n- job_name: kind-control-plane\\n  static_configs:\\n    - targets: [localhost]\\n      labels:\\n        job: kind-control-plane\\n        node: kind-control-plane\\n        __path__: /var/log/containers/*kube-system*.log\\n  pipeline_stages:\\n    - json:\\n        expressions:\\n          log: log\\n    - output:\\n        source: log\\n\"}},\"resources\":{\"limits\":{\"cpu\":\"200m\",\"memory\":\"256Mi\"},\"requests\":{\"cpu\":\"50m\",\"memory\":\"64Mi\"}},\"serviceMonitor\":{\"enabled\":true,\"labels\":{\"release\":\"kube-prometheus-stack\"}},\"tolerations\":[{\"effect\":\"NoSchedule\",\"key\":\"node-role.kubernetes.io/control-plane\",\"operator\":\"Exists\"},{\"effect\":\"NoSchedule\",\"key\":\"node-role.kubernetes.io/master\",\"operator\":\"Exists\"}],\"values_sha\":\"(sensitive value)\"}",
                "version": "6.17.1"
              }
            ],
            "name": "promtail",
            "namespace": "monitoring",
            "pass_credentials": false,
            "postrender": [],
            "recreate_pods": false,
            "render_subchart_notes": true,
            "replace": false,
            "repository": "https://grafana.github.io/helm-charts",
            "repository_ca_file": null,
            "repository_cert_file": null,
            "repository_key_file": null,
            "repository_password": null,
            "repository_username": null,
            "reset_values": false,
            "reuse_values": false,
            "set": [],
            "set_list": [],
            "set_sensitive": [
              {
                "name": "values_sha",
                "type": "",
                "value": "DtHFv9PI9vH9aPq80peQa+a6JaKmrzxPvBYBcg53vvA="
              }
            ],
            "skip_crds": false,
            "status": "deployed",
            "timeout": 180,
            "upgrade_install": null,
            "values": [
              "# promtail-config.yml — Helm values for grafana/promtail\n\nconfig:\n  clients:\n    - url: http://loki-gateway.monitoring.svc.cluster.local/loki/api/v1/push\n      tenant_id: \"\"\n      batchwait: 1s\n      batchsize: 1048576\n      timeout: 10s\n      backoff_config:\n        min_period: 500ms\n        max_period: 5m\n        max_retries: 10\n\n  server:\n    http_listen_port: 3101\n    grpc_listen_port: 0\n    log_level: info\n\n  positions:\n    filename: /run/promtail/positions.yaml\n\n  snippets:\n    scrapeConfigs: |\n      - job_name: kubernetes-pods\n        kubernetes_sd_configs:\n          - role: pod\n        pipeline_stages:\n          - json:\n              expressions:\n                timestamp: time\n                level: level\n                message: msg\n                trace_id: trace_id\n                span_id: span_id\n                service_name: service\n                logger: logger\n          - labels:\n              trace_id: \"\"\n              span_id: \"\"\n              level: \"\"\n          - match:\n              selector: '{app=\"gateway\"}'\n              stages:\n                - regex:\n                    expression: \u003e-\n                      ^(?P\u003cremote_addr\u003e\\S+) - (?P\u003cremote_user\u003e\\S+)\n                      \\[(?P\u003ctime_local\u003e[^\\]]+)\\]\n                      \"(?P\u003cmethod\u003e\\S+) (?P\u003cpath\u003e\\S+) (?P\u003cprotocol\u003e[^\"]+)\"\n                      (?P\u003cstatus\u003e\\d+) (?P\u003cbody_bytes_sent\u003e\\d+)\n                      \"(?P\u003chttp_referer\u003e[^\"]*)\" \"(?P\u003chttp_user_agent\u003e[^\"]*)\"\n                - labels:\n                    method: \"\"\n                    status: \"\"\n                    path: \"\"\n          - match:\n              selector: '{app=~\"bank-backend|social-java\"}'\n              stages:\n                - multiline:\n                    firstline: '^\\d{4}-\\d{2}-\\d{2}'\n                    max_wait_time: 3s\n                - regex:\n                    expression: \u003e-\n                      ^(?P\u003ctimestamp\u003e\\d{4}-\\d{2}-\\d{2}T\\d{2}:\\d{2}:\\d{2}\\.\\d+)\n                      \\s+(?P\u003clevel\u003e\\w+)\\s+(?P\u003cpid\u003e\\d+)\\s+---\\s+\n                      \\[(?P\u003cthread\u003e[^\\]]+)\\]\\s+(?P\u003clogger\u003e\\S+)\\s*:\\s+(?P\u003cmessage\u003e.*)\n                - labels:\n                    level: \"\"\n                    logger: \"\"\n          - drop:\n              expression: '(GET /health|GET /actuator/health|GET /metrics)'\n              drop_counter_reason: healthcheck\n        relabel_configs:\n          - source_labels: [__meta_kubernetes_pod_annotation_promtail_io_scrape]\n            action: drop\n            regex: \"false\"\n          - source_labels: [__meta_kubernetes_namespace]\n            target_label: namespace\n          - source_labels: [__meta_kubernetes_pod_name]\n            target_label: pod\n          - source_labels: [__meta_kubernetes_pod_container_name]\n            target_label: container\n          - source_labels: [__meta_kubernetes_pod_label_app]\n            target_label: app\n          - source_labels: [__meta_kubernetes_pod_node_name]\n            target_label: node\n          - source_labels:\n              - __meta_kubernetes_pod_uid\n              - __meta_kubernetes_pod_container_name\n            target_label: __path__\n            separator: /\n            replacement: /var/log/pods/*$1/*.log\n          - source_labels: [__meta_kubernetes_pod_container_runtime]\n            action: replace\n            regex: (containerd|cri-o)\n            target_label: __path__\n            replacement: /var/log/pods/*${1}*/${2}/*.log\n\n      - job_name: node-syslog\n        static_configs:\n          - targets: [localhost]\n            labels:\n              job: syslog\n              __path__: /var/log/syslog\n\n      - job_name: kind-control-plane\n        static_configs:\n          - targets: [localhost]\n            labels:\n              job: kind-control-plane\n              node: kind-control-plane\n              __path__: /var/log/containers/*kube-system*.log\n        pipeline_stages:\n          - json:\n              expressions:\n                log: log\n          - output:\n              source: log\n\nresources:\n  requests:\n    cpu: 50m\n    memory: 64Mi\n  limits:\n    cpu: 200m\n    memory: 256Mi\n\ntolerations:\n  - key: node-role.kubernetes.io/control-plane\n    operator: Exists\n    effect: NoSchedule\n  - key: node-role.kubernetes.io/master\n    operator: Exists\n    effect: NoSchedule\n\n# REMOVED: extraVolumes and extraVolumeMounts blocks.\n# The promtail chart already mounts these by default:\n#   /var/log                    → for pod/container logs\n#   /var/lib/docker/containers  → for docker container metadata\n# Adding them again caused: duplicate entries for mountPath\n\nserviceMonitor:\n  enabled: true\n  labels:\n    release: kube-prometheus-stack"
            ],
            "verify": false,
            "version": "6.17.1",
            "wait": true,
            "wait_for_jobs": false
          },
          "sensitive_attributes": [
            [
              {
                "type": "get_attr",
                "value": "repository_password"
              }
            ],
            [
              {
                "type": "get_attr",
                "value": "set_sensitive"
              }
            ]
          ],
          "identity_schema_version": 0,
          "private": "eyJzY2hlbWFfdmVyc2lvbiI6IjEifQ==",
          "dependencies": [
            "helm_release.cassandra",
            "helm_release.kube_prometheus_stack",
            "helm_release.loki",
            "helm_release.redis",
            "null_resource.kind_cluster"
          ]
        }
      ]
    },
    {
      "mode": "managed",
      "type": "helm_release",
      "name": "redis",
      "provider": "provider[\"registry.terraform.io/hashicorp/helm\"]",
      "instances": [
        {
          "schema_version": 1,
          "attributes": {
            "atomic": false,
            "chart": "redis",
            "cleanup_on_fail": false,
            "create_namespace": false,
            "dependency_update": false,
            "description": "Upgrade complete",
            "devel": null,
            "disable_crd_hooks": false,
            "disable_openapi_validation": false,
            "disable_webhooks": false,
            "force_update": false,
            "id": "redis",
            "keyring": null,
            "lint": false,
            "manifest": null,
            "max_history": 0,
            "metadata": [
              {
                "app_version": "8.6.3",
                "chart": "redis",
                "first_deployed": 1779936300,
                "last_deployed": 1779943608,
                "name": "redis",
                "namespace": "default",
                "notes": "CHART NAME: redis\nCHART VERSION: 25.5.3\nAPP VERSION: 8.6.3\n\n⚠ WARNING: Since August 28th, 2025, only a limited subset of images/charts are available for free.\n    Subscribe to Bitnami Secure Images to receive continued support and security updates.\n    More info at https://bitnami.com and https://github.com/bitnami/containers/issues/83267\n\n** Please be patient while the chart is being deployed **\n\nRedis(R) can be accessed via port 6379 on the following DNS name from within your cluster:\n\n    redis-master.default.svc.cluster.local\n\nTo get your password run:\n\n    export REDIS_PASSWORD=$(kubectl get secret --namespace default redis -o jsonpath=\"{.data.redis-password}\" | base64 -d)\n\nTo connect to your Redis(R) server:\n\n1. Run a Redis(R) pod that you can use as a client:\n\n   kubectl run --namespace default redis-client --restart='Never'  --env REDIS_PASSWORD=$REDIS_PASSWORD  --image registry-1.docker.io/bitnami/redis:latest --command -- sleep infinity\n\n   Use the following command to attach to the pod:\n\n   kubectl exec --tty -i redis-client \\\n   --namespace default -- bash\n\n2. Connect using the Redis(R) CLI:\n   REDISCLI_AUTH=\"$REDIS_PASSWORD\" redis-cli -h redis-master\n\nTo connect to your database from outside the cluster execute the following commands:\n\n    kubectl port-forward --namespace default svc/redis-master 6379:6379 \u0026\n    REDISCLI_AUTH=\"$REDIS_PASSWORD\" redis-cli -h 127.0.0.1 -p 6379\nWARNING: Rolling tag detected (bitnami/redis:latest), please note that it is strongly recommended to avoid using rolling tags in a production environment.\n+info https://techdocs.broadcom.com/us/en/vmware-tanzu/bitnami-secure-images/bitnami-secure-images/services/bsi-doc/apps-tutorials-understand-rolling-tags-containers-index.html\nWARNING: Rolling tag detected (bitnami/redis-sentinel:latest), please note that it is strongly recommended to avoid using rolling tags in a production environment.\n+info https://techdocs.broadcom.com/us/en/vmware-tanzu/bitnami-secure-images/bitnami-secure-images/services/bsi-doc/apps-tutorials-understand-rolling-tags-containers-index.html\nWARNING: Rolling tag detected (bitnami/redis-exporter:latest), please note that it is strongly recommended to avoid using rolling tags in a production environment.\n+info https://techdocs.broadcom.com/us/en/vmware-tanzu/bitnami-secure-images/bitnami-secure-images/services/bsi-doc/apps-tutorials-understand-rolling-tags-containers-index.html\nWARNING: Rolling tag detected (bitnami/os-shell:latest), please note that it is strongly recommended to avoid using rolling tags in a production environment.\n+info https://techdocs.broadcom.com/us/en/vmware-tanzu/bitnami-secure-images/bitnami-secure-images/services/bsi-doc/apps-tutorials-understand-rolling-tags-containers-index.html\nWARNING: Rolling tag detected (bitnami/os-shell:latest), please note that it is strongly recommended to avoid using rolling tags in a production environment.\n+info https://techdocs.broadcom.com/us/en/vmware-tanzu/bitnami-secure-images/bitnami-secure-images/services/bsi-doc/apps-tutorials-understand-rolling-tags-containers-index.html\n\nWARNING: There are \"resources\" sections in the chart not set. Using \"resourcesPreset\" is not recommended for production. For production installations, please set the following values according to your workload needs:\n  - replica.resources\n  - master.resources\n+info https://kubernetes.io/docs/concepts/configuration/manage-resources-containers/\n",
                "revision": 6,
                "values": "{\"architecture\":\"standalone\",\"auth\":{\"password\":\"redis-password\"},\"values_sha\":\"(sensitive value)\"}",
                "version": "25.5.3"
              }
            ],
            "name": "redis",
            "namespace": "default",
            "pass_credentials": false,
            "postrender": [],
            "recreate_pods": false,
            "render_subchart_notes": true,
            "replace": false,
            "repository": "oci://registry-1.docker.io/bitnamicharts",
            "repository_ca_file": null,
            "repository_cert_file": null,
            "repository_key_file": null,
            "repository_password": null,
            "repository_username": null,
            "reset_values": false,
            "reuse_values": false,
            "set": [
              {
                "name": "architecture",
                "type": "",
                "value": "standalone"
              },
              {
                "name": "auth.password",
                "type": "",
                "value": "redis-password"
              }
            ],
            "set_list": [],
            "set_sensitive": [
              {
                "name": "values_sha",
                "type": "",
                "value": "3oOIGbFYfWrO0E/PgfOdxjEcusxoD3QFiPlVEFJQZcs="
              }
            ],
            "skip_crds": false,
            "status": "deployed",
            "timeout": 120,
            "upgrade_install": null,
            "values": null,
            "verify": false,
            "version": "25.5.3",
            "wait": true,
            "wait_for_jobs": false
          },
          "sensitive_attributes": [
            [
              {
                "type": "get_attr",
                "value": "repository_password"
              }
            ],
            [
              {
                "type": "get_attr",
                "value": "set_sensitive"
              }
            ]
          ],
          "identity_schema_version": 0,
          "private": "eyJzY2hlbWFfdmVyc2lvbiI6IjEifQ==",
          "dependencies": [
            "helm_release.cassandra",
            "null_resource.kind_cluster"
          ]
        }
      ]
    },
    {
      "mode": "managed",
      "type": "helm_release",
      "name": "tempo",
      "provider": "provider[\"registry.terraform.io/hashicorp/helm\"]",
      "instances": [
        {
          "schema_version": 1,
          "attributes": {
            "atomic": false,
            "chart": "tempo",
            "cleanup_on_fail": false,
            "create_namespace": true,
            "dependency_update": false,
            "description": "Upgrade complete",
            "devel": null,
            "disable_crd_hooks": false,
            "disable_openapi_validation": false,
            "disable_webhooks": false,
            "force_update": false,
            "id": "tempo",
            "keyring": null,
            "lint": false,
            "manifest": null,
            "max_history": 0,
            "metadata": [
              {
                "app_version": "2.9.0",
                "chart": "tempo",
                "first_deployed": 1779938515,
                "last_deployed": 1779946585,
                "name": "tempo",
                "namespace": "monitoring",
                "notes": "",
                "revision": 5,
                "values": "{\"persistence\":{\"enabled\":true,\"size\":\"5Gi\",\"storageClassName\":\"standard\"},\"resources\":{\"limits\":{\"cpu\":\"1000m\",\"memory\":\"1Gi\"},\"requests\":{\"cpu\":\"200m\",\"memory\":\"256Mi\"}},\"service\":{\"port\":3200,\"type\":\"ClusterIP\"},\"serviceAccount\":{\"create\":true},\"serviceMonitor\":{\"enabled\":true,\"interval\":\"30s\",\"labels\":{\"release\":\"kube-prometheus-stack\"}},\"tempo\":{\"compactor\":{\"compaction\":{\"block_retention\":\"336h\"}},\"distributor\":{\"receivers\":{\"jaeger\":{\"protocols\":{\"grpc\":{\"endpoint\":\"0.0.0.0:14250\"},\"thrift_http\":{\"endpoint\":\"0.0.0.0:14268\"}}},\"otlp\":{\"protocols\":{\"grpc\":{\"endpoint\":\"0.0.0.0:4317\"},\"http\":{\"endpoint\":\"0.0.0.0:4318\"}}},\"zipkin\":{\"endpoint\":\"0.0.0.0:9411\"}}},\"global_overrides\":{\"metrics_generator_processors\":[\"service-graphs\",\"span-metrics\"]},\"ingester\":{\"max_block_duration\":\"5m\"},\"metrics_generator\":{\"processor\":{\"service_graphs\":{\"dimensions\":[\"http.method\",\"http.status_code\",\"service.name\"],\"enable_messaging_system_latency_histogram\":true},\"span_metrics\":{\"dimensions\":[\"http.method\",\"http.status_code\",\"http.route\",\"service.name\"]}},\"registry\":{\"external_labels\":{\"cluster\":\"kind-social-media\",\"source\":\"tempo\"}},\"storage\":{\"path\":\"/var/tempo/generator/wal\"},\"traces_storage\":{\"path\":\"/var/tempo/generator/traces\"}},\"querier\":{\"max_concurrent_queries\":10},\"server\":{\"grpc_listen_port\":9095,\"http_listen_port\":3200,\"log_level\":\"info\"},\"storage\":{\"trace\":{\"backend\":\"local\",\"local\":{\"path\":\"/var/tempo/traces\"},\"wal\":{\"path\":\"/var/tempo/wal\"}}}},\"values_sha\":\"(sensitive value)\"}",
                "version": "1.24.4"
              }
            ],
            "name": "tempo",
            "namespace": "monitoring",
            "pass_credentials": false,
            "postrender": [],
            "recreate_pods": false,
            "render_subchart_notes": true,
            "replace": false,
            "repository": "https://grafana.github.io/helm-charts",
            "repository_ca_file": null,
            "repository_cert_file": null,
            "repository_key_file": null,
            "repository_password": null,
            "repository_username": null,
            "reset_values": false,
            "reuse_values": false,
            "set": [],
            "set_list": [],
            "set_sensitive": [
              {
                "name": "values_sha",
                "type": "",
                "value": "MjNqEoQm3f7CXARnfim8F/i4EpEq7h4MNtmdCr1fJ6k="
              }
            ],
            "skip_crds": false,
            "status": "deployed",
            "timeout": 300,
            "upgrade_install": null,
            "values": [
              "# ─────────────────────────────────────────────────────────────\n# tempo-config.yml  — Helm values for grafana/tempo\n#\n# Deployed via:\n#   helm_release \"tempo\" { values = [file(\"…/tempo-config.yml\")] }\n#\n# Receives traces from the OTel Collector via OTLP/gRPC (4317)\n# and OTLP/HTTP (4318).  Stores on local filesystem for the\n# kind cluster.  Grafana reads traces and correlates with logs\n# via trace_id labels injected by Promtail/OTel.\n# ─────────────────────────────────────────────────────────────\n\ntempo:\n  # ── Server ────────────────────────────────────────────────\n  server:\n    http_listen_port: 3200\n    grpc_listen_port: 9095\n    log_level: info\n\n  # ── Distributor: which ingest endpoints to enable ─────────\n  distributor:\n    receivers:\n      otlp:\n        protocols:\n          grpc:\n            endpoint: \"0.0.0.0:4317\"\n          http:\n            endpoint: \"0.0.0.0:4318\"\n      # Also accept Zipkin spans from legacy services\n      zipkin:\n        endpoint: \"0.0.0.0:9411\"\n      # Jaeger for anything using the Jaeger client library\n      jaeger:\n        protocols:\n          thrift_http:\n            endpoint: \"0.0.0.0:14268\"\n          grpc:\n            endpoint: \"0.0.0.0:14250\"\n\n  # ── Ingester ──────────────────────────────────────────────\n  ingester:\n    max_block_duration: 5m    # flush frequently for low-latency local dev\n\n  # ── Storage (filesystem for kind) ─────────────────────────\n  storage:\n    trace:\n      backend: local\n      local:\n        path: /var/tempo/traces\n      wal:\n        path: /var/tempo/wal\n\n  # ── Compactor ─────────────────────────────────────────────\n  compactor:\n    compaction:\n      block_retention: 336h   # 14 days of traces\n\n  # ── Query-frontend ────────────────────────────────────────\n  querier:\n    max_concurrent_queries: 10\n\n  # ── Metrics-generator: derive RED metrics from traces ─────\n  # These land in Prometheus via remote_write and let you build\n  # service graphs and span metrics dashboards in Grafana.\n  metrics_generator:\n    registry:\n      external_labels:\n        source: tempo\n        cluster: kind-social-media\n    storage:\n      path: /var/tempo/generator/wal\n    traces_storage:\n      path: /var/tempo/generator/traces\n    processor:\n      # Service graph: request rate, error rate, latency between services\n      service_graphs:\n        dimensions:\n          - http.method\n          - http.status_code\n          - service.name\n        enable_messaging_system_latency_histogram: true\n      # Span metrics: per-span RED metrics\n      span_metrics:\n        dimensions:\n          - http.method\n          - http.status_code\n          - http.route\n          - service.name\n\n  global_overrides:\n    metrics_generator_processors:\n      - service-graphs\n      - span-metrics\n\n# ── Persistence ───────────────────────────────────────────────\npersistence:\n  enabled: true\n  storageClassName: standard\n  size: 5Gi\n\n# ── Resources ────────────────────────────────────────────────\nresources:\n  requests:\n    cpu: 200m\n    memory: 256Mi\n  limits:\n    cpu: 1000m\n    memory: 1Gi\n\n# ── Service ports (expose all receivers inside the cluster) ──\nservice:\n  type: ClusterIP\n  port: 3200\n\nserviceAccount:\n  create: true\n\n# ── Self-monitoring ───────────────────────────────────────────\nserviceMonitor:\n  enabled: true\n  labels:\n    release: kube-prometheus-stack\n  interval: 30s\n\n# ── Grafana datasource (added automatically if tempo-grafana\n#    sub-chart is not used; configure manually in Grafana) ────\n# Grafana → Settings → Data Sources → Tempo\n#   URL:  http://tempo:3200\n#   Trace to logs:\n#     Data source: Loki\n#     Tags:  service.name → app\n#   Trace to metrics:\n#     Data source: Prometheus"
            ],
            "verify": false,
            "version": "1.24.4",
            "wait": true,
            "wait_for_jobs": false
          },
          "sensitive_attributes": [
            [
              {
                "type": "get_attr",
                "value": "repository_password"
              }
            ],
            [
              {
                "type": "get_attr",
                "value": "set_sensitive"
              }
            ]
          ],
          "identity_schema_version": 0,
          "private": "eyJzY2hlbWFfdmVyc2lvbiI6IjEifQ==",
          "dependencies": [
            "helm_release.cassandra",
            "helm_release.kube_prometheus_stack",
            "helm_release.loki",
            "helm_release.redis",
            "kubectl_manifest.minio_service",
            "null_resource.kind_cluster"
          ]
        }
      ]
    },
    {
      "mode": "managed",
      "type": "kubectl_manifest",
      "name": "backend_deployment",
      "provider": "provider[\"registry.terraform.io/gavinbunney/kubectl\"]",
      "instances": [
        {
          "schema_version": 1,
          "attributes": {
            "api_version": "apps/v1",
            "apply_only": false,
            "force_conflicts": false,
            "force_new": false,
            "id": "/apis/apps/v1/namespaces/default/deployments/backend",
            "ignore_fields": null,
            "kind": "Deployment",
            "live_manifest_incluster": "cbd3e00aa7d76eab093959f0dcc03587064df66f74a5c36af013dd8075743ff3",
            "live_uid": "448b71fe-2110-48f8-b716-8def8ca742cc",
            "name": "backend",
            "namespace": null,
            "override_namespace": null,
            "sensitive_fields": null,
            "server_side_apply": false,
            "timeouts": null,
            "uid": "448b71fe-2110-48f8-b716-8def8ca742cc",
            "validate_schema": true,
            "wait": null,
            "wait_for_rollout": true,
            "yaml_body": "apiVersion: apps/v1\nkind: Deployment\nmetadata:\n  name: backend\nspec:\n  replicas: 1\n  selector:\n    matchLabels:\n      app: backend\n  template:\n    metadata:\n      labels:\n        app: backend\n    spec:\n      containers:\n        - name: backend\n          image: socialmediaapp-django:latest\n          imagePullPolicy: Never\n          ports:\n            - containerPort: 8000\n          env:\n            - name: DB_NAME\n              value: socialdb\n            - name: DB_USER\n              value: admin\n            - name: DB_PASSWORD\n              valueFrom:\n                secretKeyRef:\n                  name: postgres-secret\n                  key: POSTGRES_PASSWORD\n            - name: DB_HOST\n              value: postgres\n            - name: DB_PORT\n              value: \"5432\"\n            - name: DEBUG\n              value: \"True\"\n            - name: RUNNING_IN_DOCKER\n              value: \"True\"\n            - name: REDIS_PORT\n              value: \"6379\"\n",
            "yaml_body_parsed": "apiVersion: apps/v1\nkind: Deployment\nmetadata:\n  name: backend\nspec:\n  replicas: 1\n  selector:\n    matchLabels:\n      app: backend\n  template:\n    metadata:\n      labels:\n        app: backend\n    spec:\n      containers:\n      - env:\n        - name: DB_NAME\n          value: socialdb\n        - name: DB_USER\n          value: admin\n        - name: DB_PASSWORD\n          valueFrom:\n            secretKeyRef:\n              key: POSTGRES_PASSWORD\n              name: postgres-secret\n        - name: DB_HOST\n          value: postgres\n        - name: DB_PORT\n          value: \"5432\"\n        - name: DEBUG\n          value: \"True\"\n        - name: RUNNING_IN_DOCKER\n          value: \"True\"\n        - name: REDIS_PORT\n          value: \"6379\"\n        image: socialmediaapp-django:latest\n        imagePullPolicy: Never\n        name: backend\n        ports:\n        - containerPort: 8000\n",
            "yaml_incluster": "cbd3e00aa7d76eab093959f0dcc03587064df66f74a5c36af013dd8075743ff3"
          },
          "sensitive_attributes": [
            [
              {
                "type": "get_attr",
                "value": "live_manifest_incluster"
              }
            ],
            [
              {
                "type": "get_attr",
                "value": "yaml_body"
              }
            ],
            [
              {
                "type": "get_attr",
                "value": "yaml_incluster"
              }
            ]
          ],
          "identity_schema_version": 0,
          "private": "eyJlMmJmYjczMC1lY2FhLTExZTYtOGY4OC0zNDM2M2JjN2M0YzAiOnsiY3JlYXRlIjo2MDAwMDAwMDAwMDB9LCJzY2hlbWFfdmVyc2lvbiI6IjEifQ==",
          "dependencies": [
            "docker_image.social_django",
            "docker_image.social_frontend",
            "docker_image.social_go",
            "docker_image.social_java",
            "docker_image.social_minio",
            "kubectl_manifest.postgres_secret",
            "kubectl_manifest.postgres_service",
            "kubectl_manifest.postgres_statefulset",
            "null_resource.kind_cluster",
            "null_resource.kind_load_images"
          ]
        }
      ]
    },
    {
      "mode": "managed",
      "type": "kubectl_manifest",
      "name": "backend_service",
      "provider": "provider[\"registry.terraform.io/gavinbunney/kubectl\"]",
      "instances": [
        {
          "schema_version": 1,
          "attributes": {
            "api_version": "v1",
            "apply_only": false,
            "force_conflicts": false,
            "force_new": false,
            "id": "/api/v1/namespaces/default/services/backend",
            "ignore_fields": null,
            "kind": "Service",
            "live_manifest_incluster": "6dfd7e514b3b023e39816b6538b040e6b6164747b345ba760ab31994a9bfbc36",
            "live_uid": "daf176e1-6584-4a45-8670-2e64477d966f",
            "name": "backend",
            "namespace": null,
            "override_namespace": null,
            "sensitive_fields": null,
            "server_side_apply": false,
            "timeouts": null,
            "uid": "daf176e1-6584-4a45-8670-2e64477d966f",
            "validate_schema": true,
            "wait": null,
            "wait_for_rollout": true,
            "yaml_body": "apiVersion: v1\nkind: Service\nmetadata:\n  name: backend\nspec:\n  selector:\n    app: backend\n  ports:\n    - port: 8000\n      targetPort: 8000\n  type: ClusterIP\n",
            "yaml_body_parsed": "apiVersion: v1\nkind: Service\nmetadata:\n  name: backend\nspec:\n  ports:\n  - port: 8000\n    targetPort: 8000\n  selector:\n    app: backend\n  type: ClusterIP\n",
            "yaml_incluster": "6dfd7e514b3b023e39816b6538b040e6b6164747b345ba760ab31994a9bfbc36"
          },
          "sensitive_attributes": [
            [
              {
                "type": "get_attr",
                "value": "live_manifest_incluster"
              }
            ],
            [
              {
                "type": "get_attr",
                "value": "yaml_body"
              }
            ],
            [
              {
                "type": "get_attr",
                "value": "yaml_incluster"
              }
            ]
          ],
          "identity_schema_version": 0,
          "private": "eyJlMmJmYjczMC1lY2FhLTExZTYtOGY4OC0zNDM2M2JjN2M0YzAiOnsiY3JlYXRlIjo2MDAwMDAwMDAwMDB9LCJzY2hlbWFfdmVyc2lvbiI6IjEifQ==",
          "dependencies": [
            "null_resource.kind_cluster"
          ]
        }
      ]
    },
    {
      "mode": "managed",
      "type": "kubectl_manifest",
      "name": "frontend_deployment",
      "provider": "provider[\"registry.terraform.io/gavinbunney/kubectl\"]",
      "instances": [
        {
          "schema_version": 1,
          "attributes": {
            "api_version": "apps/v1",
            "apply_only": false,
            "force_conflicts": false,
            "force_new": false,
            "id": "/apis/apps/v1/namespaces/default/deployments/frontend-prod",
            "ignore_fields": null,
            "kind": "Deployment",
            "live_manifest_incluster": "2709f3df7dcad03a9a057fb57f7dccfe7664da00f7b752e2cac61451e27bc25a",
            "live_uid": "a0177673-1237-41f3-8855-66e78f96dcba",
            "name": "frontend-prod",
            "namespace": null,
            "override_namespace": null,
            "sensitive_fields": null,
            "server_side_apply": false,
            "timeouts": null,
            "uid": "a0177673-1237-41f3-8855-66e78f96dcba",
            "validate_schema": true,
            "wait": null,
            "wait_for_rollout": true,
            "yaml_body": "apiVersion: apps/v1\nkind: Deployment\nmetadata:\n  name: frontend-prod\n  labels:\n    app: frontend\nspec:\n  replicas: 1\n  selector:\n    matchLabels:\n      app: frontend\n  template:\n    metadata:\n      labels:\n        app: frontend\n    spec:\n      containers:\n        - name: frontend\n          image: socialmediaapp-frontend-prod:latest\n          imagePullPolicy: Never\n          ports:\n            - containerPort: 80\n",
            "yaml_body_parsed": "apiVersion: apps/v1\nkind: Deployment\nmetadata:\n  labels:\n    app: frontend\n  name: frontend-prod\nspec:\n  replicas: 1\n  selector:\n    matchLabels:\n      app: frontend\n  template:\n    metadata:\n      labels:\n        app: frontend\n    spec:\n      containers:\n      - image: socialmediaapp-frontend-prod:latest\n        imagePullPolicy: Never\n        name: frontend\n        ports:\n        - containerPort: 80\n",
            "yaml_incluster": "2709f3df7dcad03a9a057fb57f7dccfe7664da00f7b752e2cac61451e27bc25a"
          },
          "sensitive_attributes": [
            [
              {
                "type": "get_attr",
                "value": "live_manifest_incluster"
              }
            ],
            [
              {
                "type": "get_attr",
                "value": "yaml_body"
              }
            ],
            [
              {
                "type": "get_attr",
                "value": "yaml_incluster"
              }
            ]
          ],
          "identity_schema_version": 0,
          "private": "eyJlMmJmYjczMC1lY2FhLTExZTYtOGY4OC0zNDM2M2JjN2M0YzAiOnsiY3JlYXRlIjo2MDAwMDAwMDAwMDB9LCJzY2hlbWFfdmVyc2lvbiI6IjEifQ==",
          "dependencies": [
            "docker_image.social_django",
            "docker_image.social_frontend",
            "docker_image.social_go",
            "docker_image.social_java",
            "docker_image.social_minio",
            "null_resource.kind_cluster",
            "null_resource.kind_load_images"
          ]
        }
      ]
    },
    {
      "mode": "managed",
      "type": "kubectl_manifest",
      "name": "frontend_service",
      "provider": "provider[\"registry.terraform.io/gavinbunney/kubectl\"]",
      "instances": [
        {
          "schema_version": 1,
          "attributes": {
            "api_version": "v1",
            "apply_only": false,
            "force_conflicts": false,
            "force_new": false,
            "id": "/api/v1/namespaces/default/services/frontend-prod",
            "ignore_fields": null,
            "kind": "Service",
            "live_manifest_incluster": "183e811088d81df653362766b093af384dfba7cf86ebdee04e18425d2a517927",
            "live_uid": "10223c03-68ab-42ad-bf2e-bfa610493fb8",
            "name": "frontend-prod",
            "namespace": null,
            "override_namespace": null,
            "sensitive_fields": null,
            "server_side_apply": false,
            "timeouts": null,
            "uid": "10223c03-68ab-42ad-bf2e-bfa610493fb8",
            "validate_schema": true,
            "wait": null,
            "wait_for_rollout": true,
            "yaml_body": "apiVersion: v1\nkind: Service\nmetadata:\n  name: frontend-prod\nspec:\n  selector:\n    app: frontend\n  ports:\n    - protocol: TCP\n      port: 80\n      targetPort: 80\n  type: ClusterIP\n",
            "yaml_body_parsed": "apiVersion: v1\nkind: Service\nmetadata:\n  name: frontend-prod\nspec:\n  ports:\n  - port: 80\n    protocol: TCP\n    targetPort: 80\n  selector:\n    app: frontend\n  type: ClusterIP\n",
            "yaml_incluster": "183e811088d81df653362766b093af384dfba7cf86ebdee04e18425d2a517927"
          },
          "sensitive_attributes": [
            [
              {
                "type": "get_attr",
                "value": "live_manifest_incluster"
              }
            ],
            [
              {
                "type": "get_attr",
                "value": "yaml_body"
              }
            ],
            [
              {
                "type": "get_attr",
                "value": "yaml_incluster"
              }
            ]
          ],
          "identity_schema_version": 0,
          "private": "eyJlMmJmYjczMC1lY2FhLTExZTYtOGY4OC0zNDM2M2JjN2M0YzAiOnsiY3JlYXRlIjo2MDAwMDAwMDAwMDB9LCJzY2hlbWFfdmVyc2lvbiI6IjEifQ==",
          "dependencies": [
            "null_resource.kind_cluster"
          ]
        }
      ]
    },
    {
      "mode": "managed",
      "type": "kubectl_manifest",
      "name": "ingress_api",
      "provider": "provider[\"registry.terraform.io/gavinbunney/kubectl\"]",
      "instances": [
        {
          "schema_version": 1,
          "attributes": {
            "api_version": "networking.k8s.io/v1",
            "apply_only": false,
            "force_conflicts": false,
            "force_new": false,
            "id": "/apis/networking.k8s.io/v1/namespaces/default/ingresses/social-media-api-ingress",
            "ignore_fields": null,
            "kind": "Ingress",
            "live_manifest_incluster": "e8b04d3e2d5d024cca4a48e654b172d79776eb3658634cf86a18c2d9a58e319c",
            "live_uid": "faafd0f8-bd7d-4293-92f0-3697b69afe1e",
            "name": "social-media-api-ingress",
            "namespace": "default",
            "override_namespace": null,
            "sensitive_fields": null,
            "server_side_apply": false,
            "timeouts": null,
            "uid": "faafd0f8-bd7d-4293-92f0-3697b69afe1e",
            "validate_schema": true,
            "wait": null,
            "wait_for_rollout": true,
            "yaml_body": "apiVersion: networking.k8s.io/v1\nkind: Ingress\nmetadata:\n  name: social-media-api-ingress\n  namespace: default\n  annotations:\n    nginx.ingress.kubernetes.io/rewrite-target: /api/$2\n    nginx.ingress.kubernetes.io/use-regex: \"true\"\n    nginx.ingress.kubernetes.io/proxy-body-size: \"100m\"\nspec:\n  ingressClassName: nginx\n  rules:\n    - http:\n        paths:\n          - path: /social/api(/|$)(.*)\n            pathType: ImplementationSpecific\n            backend:\n              service:\n                name: backend\n                port:\n                  number: 8000\n",
            "yaml_body_parsed": "apiVersion: networking.k8s.io/v1\nkind: Ingress\nmetadata:\n  annotations:\n    nginx.ingress.kubernetes.io/proxy-body-size: 100m\n    nginx.ingress.kubernetes.io/rewrite-target: /api/$2\n    nginx.ingress.kubernetes.io/use-regex: \"true\"\n  name: social-media-api-ingress\n  namespace: default\nspec:\n  ingressClassName: nginx\n  rules:\n  - http:\n      paths:\n      - backend:\n          service:\n            name: backend\n            port:\n              number: 8000\n        path: /social/api(/|$)(.*)\n        pathType: ImplementationSpecific\n",
            "yaml_incluster": "e8b04d3e2d5d024cca4a48e654b172d79776eb3658634cf86a18c2d9a58e319c"
          },
          "sensitive_attributes": [
            [
              {
                "type": "get_attr",
                "value": "live_manifest_incluster"
              }
            ],
            [
              {
                "type": "get_attr",
                "value": "yaml_body"
              }
            ],
            [
              {
                "type": "get_attr",
                "value": "yaml_incluster"
              }
            ]
          ],
          "identity_schema_version": 0,
          "private": "eyJlMmJmYjczMC1lY2FhLTExZTYtOGY4OC0zNDM2M2JjN2M0YzAiOnsiY3JlYXRlIjo2MDAwMDAwMDAwMDB9LCJzY2hlbWFfdmVyc2lvbiI6IjEifQ==",
          "dependencies": [
            "helm_release.ingress_nginx",
            "null_resource.kind_cluster"
          ]
        }
      ]
    },
    {
      "mode": "managed",
      "type": "kubectl_manifest",
      "name": "ingress_frontend",
      "provider": "provider[\"registry.terraform.io/gavinbunney/kubectl\"]",
      "instances": [
        {
          "schema_version": 1,
          "attributes": {
            "api_version": "networking.k8s.io/v1",
            "apply_only": false,
            "force_conflicts": false,
            "force_new": false,
            "id": "/apis/networking.k8s.io/v1/namespaces/default/ingresses/social-media-frontend-ingress",
            "ignore_fields": null,
            "kind": "Ingress",
            "live_manifest_incluster": "c66bd2155edfd1e91346cd6e3d8fad8c51ec434d84a07d252c096b4f71db75c7",
            "live_uid": "d02e94cf-1c63-4d36-a4d6-1ed2a0c81b63",
            "name": "social-media-frontend-ingress",
            "namespace": null,
            "override_namespace": null,
            "sensitive_fields": null,
            "server_side_apply": false,
            "timeouts": null,
            "uid": "d02e94cf-1c63-4d36-a4d6-1ed2a0c81b63",
            "validate_schema": true,
            "wait": null,
            "wait_for_rollout": true,
            "yaml_body": "apiVersion: networking.k8s.io/v1\nkind: Ingress\nmetadata:\n  name: social-media-frontend-ingress\n  annotations:\n    nginx.ingress.kubernetes.io/use-regex: \"true\"\nspec:\n  ingressClassName: nginx\n  rules:\n  - http:\n      paths:\n      - path: /social(/|$)(.*)\n        pathType: ImplementationSpecific\n        backend:\n          service:\n            name: frontend-prod\n            port:\n              number: 80\n",
            "yaml_body_parsed": "apiVersion: networking.k8s.io/v1\nkind: Ingress\nmetadata:\n  annotations:\n    nginx.ingress.kubernetes.io/use-regex: \"true\"\n  name: social-media-frontend-ingress\nspec:\n  ingressClassName: nginx\n  rules:\n  - http:\n      paths:\n      - backend:\n          service:\n            name: frontend-prod\n            port:\n              number: 80\n        path: /social(/|$)(.*)\n        pathType: ImplementationSpecific\n",
            "yaml_incluster": "c66bd2155edfd1e91346cd6e3d8fad8c51ec434d84a07d252c096b4f71db75c7"
          },
          "sensitive_attributes": [
            [
              {
                "type": "get_attr",
                "value": "live_manifest_incluster"
              }
            ],
            [
              {
                "type": "get_attr",
                "value": "yaml_body"
              }
            ],
            [
              {
                "type": "get_attr",
                "value": "yaml_incluster"
              }
            ]
          ],
          "identity_schema_version": 0,
          "private": "eyJlMmJmYjczMC1lY2FhLTExZTYtOGY4OC0zNDM2M2JjN2M0YzAiOnsiY3JlYXRlIjo2MDAwMDAwMDAwMDB9LCJzY2hlbWFfdmVyc2lvbiI6IjEifQ==",
          "dependencies": [
            "helm_release.ingress_nginx",
            "null_resource.kind_cluster"
          ]
        }
      ]
    },
    {
      "mode": "managed",
      "type": "kubectl_manifest",
      "name": "ingress_grafana",
      "provider": "provider[\"registry.terraform.io/gavinbunney/kubectl\"]",
      "instances": [
        {
          "schema_version": 1,
          "attributes": {
            "api_version": "networking.k8s.io/v1",
            "apply_only": false,
            "force_conflicts": false,
            "force_new": false,
            "id": "/apis/networking.k8s.io/v1/namespaces/monitoring/ingresses/observability-grafana-ingress",
            "ignore_fields": null,
            "kind": "Ingress",
            "live_manifest_incluster": "f0ed2cd4cd01ba600a172ca431f889521c5ab3685d223e814165c05b55120218",
            "live_uid": "ba97570e-81f4-4dd4-abd2-85ee69b95caa",
            "name": "observability-grafana-ingress",
            "namespace": "monitoring",
            "override_namespace": null,
            "sensitive_fields": null,
            "server_side_apply": false,
            "timeouts": null,
            "uid": "ba97570e-81f4-4dd4-abd2-85ee69b95caa",
            "validate_schema": true,
            "wait": null,
            "wait_for_rollout": true,
            "yaml_body": "apiVersion: networking.k8s.io/v1\nkind: Ingress\nmetadata:\n  name: observability-grafana-ingress\n  namespace: monitoring\n  annotations:\n    nginx.ingress.kubernetes.io/use-regex: \"true\"\n    nginx.ingress.kubernetes.io/proxy-read-timeout: \"300\"\n    nginx.ingress.kubernetes.io/proxy-send-timeout: \"300\"\n    nginx.ingress.kubernetes.io/proxy-http-version: \"1.1\"\n    nginx.ingress.kubernetes.io/websocket-services: \"kube-prometheus-stack-grafana\"\nspec:\n  ingressClassName: nginx\n  rules:\n    - http:\n        paths:\n          - path: /grafana\n            pathType: Prefix\n            backend:\n              service:\n                name: kube-prometheus-stack-grafana\n                port:\n                  number: 80\n",
            "yaml_body_parsed": "apiVersion: networking.k8s.io/v1\nkind: Ingress\nmetadata:\n  annotations:\n    nginx.ingress.kubernetes.io/proxy-http-version: \"1.1\"\n    nginx.ingress.kubernetes.io/proxy-read-timeout: \"300\"\n    nginx.ingress.kubernetes.io/proxy-send-timeout: \"300\"\n    nginx.ingress.kubernetes.io/use-regex: \"true\"\n    nginx.ingress.kubernetes.io/websocket-services: kube-prometheus-stack-grafana\n  name: observability-grafana-ingress\n  namespace: monitoring\nspec:\n  ingressClassName: nginx\n  rules:\n  - http:\n      paths:\n      - backend:\n          service:\n            name: kube-prometheus-stack-grafana\n            port:\n              number: 80\n        path: /grafana\n        pathType: Prefix\n",
            "yaml_incluster": "f0ed2cd4cd01ba600a172ca431f889521c5ab3685d223e814165c05b55120218"
          },
          "sensitive_attributes": [
            [
              {
                "type": "get_attr",
                "value": "live_manifest_incluster"
              }
            ],
            [
              {
                "type": "get_attr",
                "value": "yaml_body"
              }
            ],
            [
              {
                "type": "get_attr",
                "value": "yaml_incluster"
              }
            ]
          ],
          "identity_schema_version": 0,
          "private": "eyJlMmJmYjczMC1lY2FhLTExZTYtOGY4OC0zNDM2M2JjN2M0YzAiOnsiY3JlYXRlIjo2MDAwMDAwMDAwMDB9LCJzY2hlbWFfdmVyc2lvbiI6IjEifQ==",
          "dependencies": [
            "helm_release.cassandra",
            "helm_release.ingress_nginx",
            "helm_release.kube_prometheus_stack",
            "helm_release.redis",
            "null_resource.kind_cluster"
          ]
        }
      ]
    },
    {
      "mode": "managed",
      "type": "kubectl_manifest",
      "name": "ingress_jaeger",
      "provider": "provider[\"registry.terraform.io/gavinbunney/kubectl\"]",
      "instances": [
        {
          "schema_version": 1,
          "attributes": {
            "api_version": "networking.k8s.io/v1",
            "apply_only": false,
            "force_conflicts": false,
            "force_new": false,
            "id": "/apis/networking.k8s.io/v1/namespaces/monitoring/ingresses/observability-jaeger-ingress",
            "ignore_fields": null,
            "kind": "Ingress",
            "live_manifest_incluster": "1b3e2a6b2b31e8a7466978805728bbf2b4b0166667c3130b19ac397c6c727eb8",
            "live_uid": "23bf2f51-8a3a-40b6-87c8-7fb024578ff4",
            "name": "observability-jaeger-ingress",
            "namespace": "monitoring",
            "override_namespace": null,
            "sensitive_fields": null,
            "server_side_apply": false,
            "timeouts": null,
            "uid": "23bf2f51-8a3a-40b6-87c8-7fb024578ff4",
            "validate_schema": true,
            "wait": null,
            "wait_for_rollout": true,
            "yaml_body": "apiVersion: networking.k8s.io/v1\nkind: Ingress\nmetadata:\n  name: observability-jaeger-ingress\n  namespace: monitoring\n  annotations:\n    nginx.ingress.kubernetes.io/use-regex: \"true\"\nspec:\n  ingressClassName: nginx\n  rules:\n    - http:\n        paths:\n          - path: /jaeger\n            pathType: Prefix\n            backend:\n              service:\n                name: jaeger\n                port:\n                  number: 16686\n",
            "yaml_body_parsed": "apiVersion: networking.k8s.io/v1\nkind: Ingress\nmetadata:\n  annotations:\n    nginx.ingress.kubernetes.io/use-regex: \"true\"\n  name: observability-jaeger-ingress\n  namespace: monitoring\nspec:\n  ingressClassName: nginx\n  rules:\n  - http:\n      paths:\n      - backend:\n          service:\n            name: jaeger\n            port:\n              number: 16686\n        path: /jaeger\n        pathType: Prefix\n",
            "yaml_incluster": "1b3e2a6b2b31e8a7466978805728bbf2b4b0166667c3130b19ac397c6c727eb8"
          },
          "sensitive_attributes": [
            [
              {
                "type": "get_attr",
                "value": "live_manifest_incluster"
              }
            ],
            [
              {
                "type": "get_attr",
                "value": "yaml_body"
              }
            ],
            [
              {
                "type": "get_attr",
                "value": "yaml_incluster"
              }
            ]
          ],
          "identity_schema_version": 0,
          "private": "eyJlMmJmYjczMC1lY2FhLTExZTYtOGY4OC0zNDM2M2JjN2M0YzAiOnsiY3JlYXRlIjo2MDAwMDAwMDAwMDB9LCJzY2hlbWFfdmVyc2lvbiI6IjEifQ==",
          "dependencies": [
            "helm_release.cassandra",
            "helm_release.ingress_nginx",
            "helm_release.kube_prometheus_stack",
            "helm_release.loki",
            "helm_release.otel_collector",
            "helm_release.redis",
            "helm_release.tempo",
            "kubectl_manifest.jaeger_v2_config",
            "kubectl_manifest.minio_service",
            "null_resource.kind_cluster"
          ]
        }
      ]
    },
    {
      "mode": "managed",
      "type": "kubectl_manifest",
      "name": "ingress_minio",
      "provider": "provider[\"registry.terraform.io/gavinbunney/kubectl\"]",
      "instances": [
        {
          "schema_version": 1,
          "attributes": {
            "api_version": "networking.k8s.io/v1",
            "apply_only": false,
            "force_conflicts": false,
            "force_new": false,
            "id": "/apis/networking.k8s.io/v1/namespaces/default/ingresses/social-media-minio-ingress",
            "ignore_fields": null,
            "kind": "Ingress",
            "live_manifest_incluster": "f51c2898becb0ebe267b60f6fd7a35b4793850209eb3c38e89bc949324c2b189",
            "live_uid": "f36bdafb-3710-4405-8070-4f9a3832b857",
            "name": "social-media-minio-ingress",
            "namespace": "default",
            "override_namespace": null,
            "sensitive_fields": null,
            "server_side_apply": false,
            "timeouts": null,
            "uid": "f36bdafb-3710-4405-8070-4f9a3832b857",
            "validate_schema": true,
            "wait": null,
            "wait_for_rollout": true,
            "yaml_body": "apiVersion: networking.k8s.io/v1\nkind: Ingress\nmetadata:\n  name: social-media-minio-ingress\n  namespace: default\n  annotations:\n    nginx.ingress.kubernetes.io/rewrite-target: /$2\n    nginx.ingress.kubernetes.io/use-regex: \"true\"\n    nginx.ingress.kubernetes.io/proxy-body-size: \"100m\"\nspec:\n  ingressClassName: nginx\n  rules:\n    - http:\n        paths:\n          - path: /social/minio(/|$)(.*)\n            pathType: ImplementationSpecific\n            backend:\n              service:\n                name: minio\n                port:\n                  number: 9000\n",
            "yaml_body_parsed": "apiVersion: networking.k8s.io/v1\nkind: Ingress\nmetadata:\n  annotations:\n    nginx.ingress.kubernetes.io/proxy-body-size: 100m\n    nginx.ingress.kubernetes.io/rewrite-target: /$2\n    nginx.ingress.kubernetes.io/use-regex: \"true\"\n  name: social-media-minio-ingress\n  namespace: default\nspec:\n  ingressClassName: nginx\n  rules:\n  - http:\n      paths:\n      - backend:\n          service:\n            name: minio\n            port:\n              number: 9000\n        path: /social/minio(/|$)(.*)\n        pathType: ImplementationSpecific\n",
            "yaml_incluster": "f51c2898becb0ebe267b60f6fd7a35b4793850209eb3c38e89bc949324c2b189"
          },
          "sensitive_attributes": [
            [
              {
                "type": "get_attr",
                "value": "live_manifest_incluster"
              }
            ],
            [
              {
                "type": "get_attr",
                "value": "yaml_body"
              }
            ],
            [
              {
                "type": "get_attr",
                "value": "yaml_incluster"
              }
            ]
          ],
          "identity_schema_version": 0,
          "private": "eyJlMmJmYjczMC1lY2FhLTExZTYtOGY4OC0zNDM2M2JjN2M0YzAiOnsiY3JlYXRlIjo2MDAwMDAwMDAwMDB9LCJzY2hlbWFfdmVyc2lvbiI6IjEifQ==",
          "dependencies": [
            "helm_release.ingress_nginx",
            "null_resource.kind_cluster"
          ]
        }
      ]
    },
    {
      "mode": "managed",
      "type": "kubectl_manifest",
      "name": "jaeger_v2_config",
      "provider": "provider[\"registry.terraform.io/gavinbunney/kubectl\"]",
      "instances": [
        {
          "schema_version": 1,
          "attributes": {
            "api_version": "v1",
            "apply_only": false,
            "force_conflicts": false,
            "force_new": false,
            "id": "/api/v1/namespaces/monitoring/configmaps/jaeger-v2-config",
            "ignore_fields": null,
            "kind": "ConfigMap",
            "live_manifest_incluster": "182caa82ab0b2f0bd2b84a7c8eb50585ed2f210ee1b79134dc6e792456b7a086",
            "live_uid": "804b798e-c75c-4333-b346-d2707c4de7d6",
            "name": "jaeger-v2-config",
            "namespace": "monitoring",
            "override_namespace": null,
            "sensitive_fields": null,
            "server_side_apply": false,
            "timeouts": null,
            "uid": "804b798e-c75c-4333-b346-d2707c4de7d6",
            "validate_schema": true,
            "wait": null,
            "wait_for_rollout": true,
            "yaml_body": "apiVersion: v1\nkind: ConfigMap\nmetadata:\n  name: jaeger-v2-config\n  namespace: monitoring\ndata:\n  config.yaml: |\n    service:\n      extensions: [jaeger_storage, jaeger_query, healthcheckv2]\n      pipelines:\n        traces:\n          receivers: [otlp, jaeger]\n          exporters: [jaeger_storage]\n\n    extensions:\n      healthcheckv2:\n        use_v2: true\n        http:\n          endpoint: 0.0.0.0:13133\n\n      jaeger_storage:\n        backends:\n          some_storage:\n            memory:\n              max_traces: 50000\n\n      jaeger_query:\n        storage:\n          traces: some_storage\n        base_path: /jaeger\n\n    receivers:\n      otlp:\n        protocols:\n          grpc:\n            endpoint: 0.0.0.0:4317\n          http:\n            endpoint: 0.0.0.0:4318\n      jaeger:\n        protocols:\n          grpc:\n            endpoint: 0.0.0.0:14250\n          thrift_http:\n            endpoint: 0.0.0.0:14268\n\n    exporters:\n      jaeger_storage:\n        trace_storage: some_storage\n",
            "yaml_body_parsed": "apiVersion: v1\ndata:\n  config.yaml: |\n    service:\n      extensions: [jaeger_storage, jaeger_query, healthcheckv2]\n      pipelines:\n        traces:\n          receivers: [otlp, jaeger]\n          exporters: [jaeger_storage]\n\n    extensions:\n      healthcheckv2:\n        use_v2: true\n        http:\n          endpoint: 0.0.0.0:13133\n\n      jaeger_storage:\n        backends:\n          some_storage:\n            memory:\n              max_traces: 50000\n\n      jaeger_query:\n        storage:\n          traces: some_storage\n        base_path: /jaeger\n\n    receivers:\n      otlp:\n        protocols:\n          grpc:\n            endpoint: 0.0.0.0:4317\n          http:\n            endpoint: 0.0.0.0:4318\n      jaeger:\n        protocols:\n          grpc:\n            endpoint: 0.0.0.0:14250\n          thrift_http:\n            endpoint: 0.0.0.0:14268\n\n    exporters:\n      jaeger_storage:\n        trace_storage: some_storage\nkind: ConfigMap\nmetadata:\n  name: jaeger-v2-config\n  namespace: monitoring\n",
            "yaml_incluster": "182caa82ab0b2f0bd2b84a7c8eb50585ed2f210ee1b79134dc6e792456b7a086"
          },
          "sensitive_attributes": [
            [
              {
                "type": "get_attr",
                "value": "live_manifest_incluster"
              }
            ],
            [
              {
                "type": "get_attr",
                "value": "yaml_body"
              }
            ],
            [
              {
                "type": "get_attr",
                "value": "yaml_incluster"
              }
            ]
          ],
          "identity_schema_version": 0,
          "private": "eyJlMmJmYjczMC1lY2FhLTExZTYtOGY4OC0zNDM2M2JjN2M0YzAiOnsiY3JlYXRlIjo2MDAwMDAwMDAwMDB9LCJzY2hlbWFfdmVyc2lvbiI6IjEifQ==",
          "dependencies": [
            "null_resource.kind_cluster"
          ]
        }
      ]
    },
    {
      "mode": "managed",
      "type": "kubectl_manifest",
      "name": "microservice_go_deployment",
      "provider": "provider[\"registry.terraform.io/gavinbunney/kubectl\"]",
      "instances": [
        {
          "schema_version": 1,
          "attributes": {
            "api_version": "apps/v1",
            "apply_only": false,
            "force_conflicts": false,
            "force_new": false,
            "id": "/apis/apps/v1/namespaces/default/deployments/microservice-go",
            "ignore_fields": null,
            "kind": "Deployment",
            "live_manifest_incluster": "f509c7ac39fade5df18d5af70ba7aee9486883421f43f683808c73243bf8f7e3",
            "live_uid": "fbf990c5-45f8-4eae-b0b4-7edcbcfcb1b8",
            "name": "microservice-go",
            "namespace": null,
            "override_namespace": null,
            "sensitive_fields": null,
            "server_side_apply": false,
            "timeouts": null,
            "uid": "fbf990c5-45f8-4eae-b0b4-7edcbcfcb1b8",
            "validate_schema": true,
            "wait": null,
            "wait_for_rollout": true,
            "yaml_body": "apiVersion: apps/v1\nkind: Deployment\nmetadata:\n  name: microservice-go\n  labels:\n    app: microservice-go\nspec:\n  replicas: 1\n  selector:\n    matchLabels:\n      app: microservice-go\n  template:\n    metadata:\n      labels:\n        app: microservice-go\n    spec:\n      containers:\n        - name: microservice-go\n          image: socialmediaapp-microservice-go:latest\n          imagePullPolicy: Never\n          ports:\n            - containerPort: 8080\n          env:\n            - name: REDIS_HOST\n              value: redis\n            - name: REDIS_PORT\n              value: \"6379\"\n",
            "yaml_body_parsed": "apiVersion: apps/v1\nkind: Deployment\nmetadata:\n  labels:\n    app: microservice-go\n  name: microservice-go\nspec:\n  replicas: 1\n  selector:\n    matchLabels:\n      app: microservice-go\n  template:\n    metadata:\n      labels:\n        app: microservice-go\n    spec:\n      containers:\n      - env:\n        - name: REDIS_HOST\n          value: redis\n        - name: REDIS_PORT\n          value: \"6379\"\n        image: socialmediaapp-microservice-go:latest\n        imagePullPolicy: Never\n        name: microservice-go\n        ports:\n        - containerPort: 8080\n",
            "yaml_incluster": "f509c7ac39fade5df18d5af70ba7aee9486883421f43f683808c73243bf8f7e3"
          },
          "sensitive_attributes": [
            [
              {
                "type": "get_attr",
                "value": "live_manifest_incluster"
              }
            ],
            [
              {
                "type": "get_attr",
                "value": "yaml_body"
              }
            ],
            [
              {
                "type": "get_attr",
                "value": "yaml_incluster"
              }
            ]
          ],
          "identity_schema_version": 0,
          "private": "eyJlMmJmYjczMC1lY2FhLTExZTYtOGY4OC0zNDM2M2JjN2M0YzAiOnsiY3JlYXRlIjo2MDAwMDAwMDAwMDB9LCJzY2hlbWFfdmVyc2lvbiI6IjEifQ==",
          "dependencies": [
            "docker_image.social_django",
            "docker_image.social_frontend",
            "docker_image.social_go",
            "docker_image.social_java",
            "docker_image.social_minio",
            "null_resource.kind_cluster",
            "null_resource.kind_load_images"
          ]
        }
      ]
    },
    {
      "mode": "managed",
      "type": "kubectl_manifest",
      "name": "microservice_go_service",
      "provider": "provider[\"registry.terraform.io/gavinbunney/kubectl\"]",
      "instances": [
        {
          "schema_version": 1,
          "attributes": {
            "api_version": "v1",
            "apply_only": false,
            "force_conflicts": false,
            "force_new": false,
            "id": "/api/v1/namespaces/default/services/microservice-go",
            "ignore_fields": null,
            "kind": "Service",
            "live_manifest_incluster": "06b877eaf07621565c809a97d1d4874649ad143705c0afcbebb011657bd6b962",
            "live_uid": "fab37632-f3d1-410e-b472-824124cf4cf3",
            "name": "microservice-go",
            "namespace": null,
            "override_namespace": null,
            "sensitive_fields": null,
            "server_side_apply": false,
            "timeouts": null,
            "uid": "fab37632-f3d1-410e-b472-824124cf4cf3",
            "validate_schema": true,
            "wait": null,
            "wait_for_rollout": true,
            "yaml_body": "apiVersion: v1\nkind: Service\nmetadata:\n  name: microservice-go\nspec:\n  selector:\n    app: microservice-go\n  ports:\n    - protocol: TCP\n      port: 8080\n      targetPort: 8080\n  type: ClusterIP\n",
            "yaml_body_parsed": "apiVersion: v1\nkind: Service\nmetadata:\n  name: microservice-go\nspec:\n  ports:\n  - port: 8080\n    protocol: TCP\n    targetPort: 8080\n  selector:\n    app: microservice-go\n  type: ClusterIP\n",
            "yaml_incluster": "06b877eaf07621565c809a97d1d4874649ad143705c0afcbebb011657bd6b962"
          },
          "sensitive_attributes": [
            [
              {
                "type": "get_attr",
                "value": "live_manifest_incluster"
              }
            ],
            [
              {
                "type": "get_attr",
                "value": "yaml_body"
              }
            ],
            [
              {
                "type": "get_attr",
                "value": "yaml_incluster"
              }
            ]
          ],
          "identity_schema_version": 0,
          "private": "eyJlMmJmYjczMC1lY2FhLTExZTYtOGY4OC0zNDM2M2JjN2M0YzAiOnsiY3JlYXRlIjo2MDAwMDAwMDAwMDB9LCJzY2hlbWFfdmVyc2lvbiI6IjEifQ==",
          "dependencies": [
            "null_resource.kind_cluster"
          ]
        }
      ]
    },
    {
      "mode": "managed",
      "type": "kubectl_manifest",
      "name": "microservice_java_deployment",
      "provider": "provider[\"registry.terraform.io/gavinbunney/kubectl\"]",
      "instances": [
        {
          "schema_version": 1,
          "attributes": {
            "api_version": "apps/v1",
            "apply_only": false,
            "force_conflicts": false,
            "force_new": false,
            "id": "/apis/apps/v1/namespaces/default/deployments/microservice-java",
            "ignore_fields": null,
            "kind": "Deployment",
            "live_manifest_incluster": "a5590dca56b9dc613cc99f397fa552588d76b61117fd376587be27c62b6863b6",
            "live_uid": "56def85a-0c6d-42b3-abae-46db897e034e",
            "name": "microservice-java",
            "namespace": null,
            "override_namespace": null,
            "sensitive_fields": null,
            "server_side_apply": false,
            "timeouts": null,
            "uid": "56def85a-0c6d-42b3-abae-46db897e034e",
            "validate_schema": true,
            "wait": null,
            "wait_for_rollout": true,
            "yaml_body": "apiVersion: apps/v1\nkind: Deployment\nmetadata:\n  name: microservice-java\n  labels:\n    app: microservice-java\nspec:\n  replicas: 1\n  selector:\n    matchLabels:\n      app: microservice-java\n  template:\n    metadata:\n      labels:\n        app: microservice-java\n    spec:\n      containers:\n        - name: microservice-java\n          image: socialmediaapp-microservice-java:latest\n          imagePullPolicy: Never\n          ports:\n            - containerPort: 8080\n          env:\n            - name: SPRING_CASSANDRA_CONTACT-POINTS\n              value: cassandra\n            - name: SPRING_CASSANDRA_PORT\n              value: \"9042\"\n            - name: SPRING_CASSANDRA_LOCAL-DATACENTER\n              value: datacenter1\n",
            "yaml_body_parsed": "apiVersion: apps/v1\nkind: Deployment\nmetadata:\n  labels:\n    app: microservice-java\n  name: microservice-java\nspec:\n  replicas: 1\n  selector:\n    matchLabels:\n      app: microservice-java\n  template:\n    metadata:\n      labels:\n        app: microservice-java\n    spec:\n      containers:\n      - env:\n        - name: SPRING_CASSANDRA_CONTACT-POINTS\n          value: cassandra\n        - name: SPRING_CASSANDRA_PORT\n          value: \"9042\"\n        - name: SPRING_CASSANDRA_LOCAL-DATACENTER\n          value: datacenter1\n        image: socialmediaapp-microservice-java:latest\n        imagePullPolicy: Never\n        name: microservice-java\n        ports:\n        - containerPort: 8080\n",
            "yaml_incluster": "a5590dca56b9dc613cc99f397fa552588d76b61117fd376587be27c62b6863b6"
          },
          "sensitive_attributes": [
            [
              {
                "type": "get_attr",
                "value": "live_manifest_incluster"
              }
            ],
            [
              {
                "type": "get_attr",
                "value": "yaml_body"
              }
            ],
            [
              {
                "type": "get_attr",
                "value": "yaml_incluster"
              }
            ]
          ],
          "identity_schema_version": 0,
          "private": "eyJlMmJmYjczMC1lY2FhLTExZTYtOGY4OC0zNDM2M2JjN2M0YzAiOnsiY3JlYXRlIjo2MDAwMDAwMDAwMDB9LCJzY2hlbWFfdmVyc2lvbiI6IjEifQ==",
          "dependencies": [
            "docker_image.social_django",
            "docker_image.social_frontend",
            "docker_image.social_go",
            "docker_image.social_java",
            "docker_image.social_minio",
            "null_resource.kind_cluster",
            "null_resource.kind_load_images"
          ]
        }
      ]
    },
    {
      "mode": "managed",
      "type": "kubectl_manifest",
      "name": "microservice_java_service",
      "provider": "provider[\"registry.terraform.io/gavinbunney/kubectl\"]",
      "instances": [
        {
          "schema_version": 1,
          "attributes": {
            "api_version": "v1",
            "apply_only": false,
            "force_conflicts": false,
            "force_new": false,
            "id": "/api/v1/namespaces/default/services/microservice-java",
            "ignore_fields": null,
            "kind": "Service",
            "live_manifest_incluster": "cced385d2b86669612ed666e592ac0d2b2e0e0b166ecf137678a64661a9a5887",
            "live_uid": "28d27d5e-5b98-46ab-acd3-97ef06335cb1",
            "name": "microservice-java",
            "namespace": null,
            "override_namespace": null,
            "sensitive_fields": null,
            "server_side_apply": false,
            "timeouts": null,
            "uid": "28d27d5e-5b98-46ab-acd3-97ef06335cb1",
            "validate_schema": true,
            "wait": null,
            "wait_for_rollout": true,
            "yaml_body": "apiVersion: v1\nkind: Service\nmetadata:\n  name: microservice-java\nspec:\n  selector:\n    app: microservice-java\n  ports:\n    - protocol: TCP\n      port: 8080\n      targetPort: 8080\n  type: ClusterIP\n",
            "yaml_body_parsed": "apiVersion: v1\nkind: Service\nmetadata:\n  name: microservice-java\nspec:\n  ports:\n  - port: 8080\n    protocol: TCP\n    targetPort: 8080\n  selector:\n    app: microservice-java\n  type: ClusterIP\n",
            "yaml_incluster": "cced385d2b86669612ed666e592ac0d2b2e0e0b166ecf137678a64661a9a5887"
          },
          "sensitive_attributes": [
            [
              {
                "type": "get_attr",
                "value": "live_manifest_incluster"
              }
            ],
            [
              {
                "type": "get_attr",
                "value": "yaml_body"
              }
            ],
            [
              {
                "type": "get_attr",
                "value": "yaml_incluster"
              }
            ]
          ],
          "identity_schema_version": 0,
          "private": "eyJlMmJmYjczMC1lY2FhLTExZTYtOGY4OC0zNDM2M2JjN2M0YzAiOnsiY3JlYXRlIjo2MDAwMDAwMDAwMDB9LCJzY2hlbWFfdmVyc2lvbiI6IjEifQ==",
          "dependencies": [
            "null_resource.kind_cluster"
          ]
        }
      ]
    },
    {
      "mode": "managed",
      "type": "kubectl_manifest",
      "name": "minio_deployment",
      "provider": "provider[\"registry.terraform.io/gavinbunney/kubectl\"]",
      "instances": [
        {
          "schema_version": 1,
          "attributes": {
            "api_version": "apps/v1",
            "apply_only": false,
            "force_conflicts": false,
            "force_new": false,
            "id": "/apis/apps/v1/namespaces/default/deployments/minio",
            "ignore_fields": null,
            "kind": "Deployment",
            "live_manifest_incluster": "b84826e0fb49771f17838461b85238d2a526155a72f7f936ee989034ed352656",
            "live_uid": "f5463e2e-53fa-4b67-9263-1ca73ecb6b98",
            "name": "minio",
            "namespace": null,
            "override_namespace": null,
            "sensitive_fields": null,
            "server_side_apply": false,
            "timeouts": null,
            "uid": "f5463e2e-53fa-4b67-9263-1ca73ecb6b98",
            "validate_schema": true,
            "wait": null,
            "wait_for_rollout": true,
            "yaml_body": "apiVersion: apps/v1\nkind: Deployment\nmetadata:\n  name: minio\n  labels:\n    app: minio\nspec:\n  replicas: 1\n  selector:\n    matchLabels:\n      app: minio\n  template:\n    metadata:\n      labels:\n        app: minio\n    spec:\n      containers:\n        - name: minio\n          image: socialmediaapp-minio:latest\n          imagePullPolicy: Never\n          args:\n            - server\n            - /data\n            - --console-address\n            - \":9004\"\n          ports:\n            - containerPort: 9000\n            - containerPort: 9004\n          env:\n            - name: MINIO_ROOT_USER\n              value: minio\n            - name: MINIO_ROOT_PASSWORD\n              value: minio123\n          volumeMounts:\n            - name: minio-data\n              mountPath: /data\n      volumes:\n        - name: minio-data\n          emptyDir:\n            sizeLimit: 2Gi\n",
            "yaml_body_parsed": "apiVersion: apps/v1\nkind: Deployment\nmetadata:\n  labels:\n    app: minio\n  name: minio\nspec:\n  replicas: 1\n  selector:\n    matchLabels:\n      app: minio\n  template:\n    metadata:\n      labels:\n        app: minio\n    spec:\n      containers:\n      - args:\n        - server\n        - /data\n        - --console-address\n        - :9004\n        env:\n        - name: MINIO_ROOT_USER\n          value: minio\n        - name: MINIO_ROOT_PASSWORD\n          value: minio123\n        image: socialmediaapp-minio:latest\n        imagePullPolicy: Never\n        name: minio\n        ports:\n        - containerPort: 9000\n        - containerPort: 9004\n        volumeMounts:\n        - mountPath: /data\n          name: minio-data\n      volumes:\n      - emptyDir:\n          sizeLimit: 2Gi\n        name: minio-data\n",
            "yaml_incluster": "b84826e0fb49771f17838461b85238d2a526155a72f7f936ee989034ed352656"
          },
          "sensitive_attributes": [
            [
              {
                "type": "get_attr",
                "value": "live_manifest_incluster"
              }
            ],
            [
              {
                "type": "get_attr",
                "value": "yaml_body"
              }
            ],
            [
              {
                "type": "get_attr",
                "value": "yaml_incluster"
              }
            ]
          ],
          "identity_schema_version": 0,
          "private": "eyJlMmJmYjczMC1lY2FhLTExZTYtOGY4OC0zNDM2M2JjN2M0YzAiOnsiY3JlYXRlIjo2MDAwMDAwMDAwMDB9LCJzY2hlbWFfdmVyc2lvbiI6IjEifQ==",
          "dependencies": [
            "docker_image.social_django",
            "docker_image.social_frontend",
            "docker_image.social_go",
            "docker_image.social_java",
            "docker_image.social_minio",
            "null_resource.kind_cluster",
            "null_resource.kind_load_images"
          ]
        }
      ]
    },
    {
      "mode": "managed",
      "type": "kubectl_manifest",
      "name": "minio_service",
      "provider": "provider[\"registry.terraform.io/gavinbunney/kubectl\"]",
      "instances": [
        {
          "schema_version": 1,
          "attributes": {
            "api_version": "v1",
            "apply_only": false,
            "force_conflicts": false,
            "force_new": false,
            "id": "/api/v1/namespaces/default/services/minio",
            "ignore_fields": null,
            "kind": "Service",
            "live_manifest_incluster": "068e2be9337ea91b0900bf5ee442e543fd869b2841990bb71ab9e733a1b42e96",
            "live_uid": "abcab141-146b-4f9b-9595-16ae0804e4cc",
            "name": "minio",
            "namespace": null,
            "override_namespace": null,
            "sensitive_fields": null,
            "server_side_apply": false,
            "timeouts": null,
            "uid": "abcab141-146b-4f9b-9595-16ae0804e4cc",
            "validate_schema": true,
            "wait": null,
            "wait_for_rollout": true,
            "yaml_body": "apiVersion: v1\nkind: Service\nmetadata:\n  name: minio\nspec:\n  selector:\n    app: minio\n  ports:\n    - name: api\n      protocol: TCP\n      port: 9000\n      targetPort: 9000\n    - name: console\n      protocol: TCP\n      port: 9004\n      targetPort: 9004\n  type: ClusterIP\n",
            "yaml_body_parsed": "apiVersion: v1\nkind: Service\nmetadata:\n  name: minio\nspec:\n  ports:\n  - name: api\n    port: 9000\n    protocol: TCP\n    targetPort: 9000\n  - name: console\n    port: 9004\n    protocol: TCP\n    targetPort: 9004\n  selector:\n    app: minio\n  type: ClusterIP\n",
            "yaml_incluster": "068e2be9337ea91b0900bf5ee442e543fd869b2841990bb71ab9e733a1b42e96"
          },
          "sensitive_attributes": [
            [
              {
                "type": "get_attr",
                "value": "live_manifest_incluster"
              }
            ],
            [
              {
                "type": "get_attr",
                "value": "yaml_body"
              }
            ],
            [
              {
                "type": "get_attr",
                "value": "yaml_incluster"
              }
            ]
          ],
          "identity_schema_version": 0,
          "private": "eyJlMmJmYjczMC1lY2FhLTExZTYtOGY4OC0zNDM2M2JjN2M0YzAiOnsiY3JlYXRlIjo2MDAwMDAwMDAwMDB9LCJzY2hlbWFfdmVyc2lvbiI6IjEifQ==",
          "dependencies": [
            "null_resource.kind_cluster"
          ]
        }
      ]
    },
    {
      "mode": "managed",
      "type": "kubectl_manifest",
      "name": "otel_ingress",
      "provider": "provider[\"registry.terraform.io/gavinbunney/kubectl\"]",
      "instances": [
        {
          "schema_version": 1,
          "attributes": {
            "api_version": "networking.k8s.io/v1",
            "apply_only": false,
            "force_conflicts": false,
            "force_new": false,
            "id": "/apis/networking.k8s.io/v1/namespaces/monitoring/ingresses/otel-collector-ingress",
            "ignore_fields": null,
            "kind": "Ingress",
            "live_manifest_incluster": "b59891f6e7d39865f04167705a0f4655220608770e236c88488143539cf1f2af",
            "live_uid": "4a31ae7c-86cf-46eb-9b5a-450f02ff217f",
            "name": "otel-collector-ingress",
            "namespace": "monitoring",
            "override_namespace": null,
            "sensitive_fields": null,
            "server_side_apply": false,
            "timeouts": null,
            "uid": "4a31ae7c-86cf-46eb-9b5a-450f02ff217f",
            "validate_schema": true,
            "wait": null,
            "wait_for_rollout": true,
            "yaml_body": "apiVersion: networking.k8s.io/v1\nkind: Ingress\nmetadata:\n  name: otel-collector-ingress\n  namespace: monitoring\n  annotations:\n    nginx.ingress.kubernetes.io/rewrite-target: /$2\n    nginx.ingress.kubernetes.io/use-regex: \"true\"\n    nginx.ingress.kubernetes.io/ssl-redirect: \"false\"\n    nginx.ingress.kubernetes.io/enable-cors: \"true\"\n    nginx.ingress.kubernetes.io/cors-allow-origin: \"*\"\n    nginx.ingress.kubernetes.io/cors-allow-methods: \"POST, OPTIONS\"\n    nginx.ingress.kubernetes.io/cors-allow-headers: \"Content-Type, traceparent, tracestate\"\nspec:\n  ingressClassName: nginx\n  rules:\n    - http:\n        paths:\n          - path: /otel(/|$)(.*)\n            pathType: ImplementationSpecific\n            backend:\n              service:\n                name: otel-collector\n                port:\n                  number: 4318\n",
            "yaml_body_parsed": "apiVersion: networking.k8s.io/v1\nkind: Ingress\nmetadata:\n  annotations:\n    nginx.ingress.kubernetes.io/cors-allow-headers: Content-Type, traceparent, tracestate\n    nginx.ingress.kubernetes.io/cors-allow-methods: POST, OPTIONS\n    nginx.ingress.kubernetes.io/cors-allow-origin: '*'\n    nginx.ingress.kubernetes.io/enable-cors: \"true\"\n    nginx.ingress.kubernetes.io/rewrite-target: /$2\n    nginx.ingress.kubernetes.io/ssl-redirect: \"false\"\n    nginx.ingress.kubernetes.io/use-regex: \"true\"\n  name: otel-collector-ingress\n  namespace: monitoring\nspec:\n  ingressClassName: nginx\n  rules:\n  - http:\n      paths:\n      - backend:\n          service:\n            name: otel-collector\n            port:\n              number: 4318\n        path: /otel(/|$)(.*)\n        pathType: ImplementationSpecific\n",
            "yaml_incluster": "b59891f6e7d39865f04167705a0f4655220608770e236c88488143539cf1f2af"
          },
          "sensitive_attributes": [
            [
              {
                "type": "get_attr",
                "value": "live_manifest_incluster"
              }
            ],
            [
              {
                "type": "get_attr",
                "value": "yaml_body"
              }
            ],
            [
              {
                "type": "get_attr",
                "value": "yaml_incluster"
              }
            ]
          ],
          "identity_schema_version": 0,
          "private": "eyJlMmJmYjczMC1lY2FhLTExZTYtOGY4OC0zNDM2M2JjN2M0YzAiOnsiY3JlYXRlIjo2MDAwMDAwMDAwMDB9LCJzY2hlbWFfdmVyc2lvbiI6IjEifQ==",
          "dependencies": [
            "helm_release.cassandra",
            "helm_release.ingress_nginx",
            "helm_release.kube_prometheus_stack",
            "helm_release.loki",
            "helm_release.otel_collector",
            "helm_release.redis",
            "helm_release.tempo",
            "kubectl_manifest.minio_service",
            "null_resource.kind_cluster"
          ]
        }
      ]
    },
    {
      "mode": "managed",
      "type": "kubectl_manifest",
      "name": "otel_nodeport",
      "provider": "provider[\"registry.terraform.io/gavinbunney/kubectl\"]",
      "instances": [
        {
          "schema_version": 1,
          "attributes": {
            "api_version": "v1",
            "apply_only": false,
            "force_conflicts": false,
            "force_new": false,
            "id": "/api/v1/namespaces/monitoring/services/otel-collector-nodeport",
            "ignore_fields": null,
            "kind": "Service",
            "live_manifest_incluster": "3c6b496573636d707f2d67da407c63a3971c2118f968f2d70da50f9d56313337",
            "live_uid": "a9bb5c31-8917-46a9-b0fa-6abb68b38ba0",
            "name": "otel-collector-nodeport",
            "namespace": "monitoring",
            "override_namespace": null,
            "sensitive_fields": null,
            "server_side_apply": false,
            "timeouts": null,
            "uid": "a9bb5c31-8917-46a9-b0fa-6abb68b38ba0",
            "validate_schema": true,
            "wait": null,
            "wait_for_rollout": true,
            "yaml_body": "apiVersion: v1\nkind: Service\nmetadata:\n  name: otel-collector-nodeport\n  namespace: monitoring\n  labels:\n    app: otel-collector-nodeport\nspec:\n  type: NodePort\n  selector:\n    app.kubernetes.io/name: opentelemetry-collector\n  ports:\n    - name: otlp-grpc\n      protocol: TCP\n      port: 4317\n      targetPort: 4317\n      nodePort: 30317\n    - name: otlp-http\n      protocol: TCP\n      port: 4318\n      targetPort: 4318\n      nodePort: 30318\n",
            "yaml_body_parsed": "apiVersion: v1\nkind: Service\nmetadata:\n  labels:\n    app: otel-collector-nodeport\n  name: otel-collector-nodeport\n  namespace: monitoring\nspec:\n  ports:\n  - name: otlp-grpc\n    nodePort: 30317\n    port: 4317\n    protocol: TCP\n    targetPort: 4317\n  - name: otlp-http\n    nodePort: 30318\n    port: 4318\n    protocol: TCP\n    targetPort: 4318\n  selector:\n    app.kubernetes.io/name: opentelemetry-collector\n  type: NodePort\n",
            "yaml_incluster": "3c6b496573636d707f2d67da407c63a3971c2118f968f2d70da50f9d56313337"
          },
          "sensitive_attributes": [
            [
              {
                "type": "get_attr",
                "value": "live_manifest_incluster"
              }
            ],
            [
              {
                "type": "get_attr",
                "value": "yaml_body"
              }
            ],
            [
              {
                "type": "get_attr",
                "value": "yaml_incluster"
              }
            ]
          ],
          "identity_schema_version": 0,
          "private": "eyJlMmJmYjczMC1lY2FhLTExZTYtOGY4OC0zNDM2M2JjN2M0YzAiOnsiY3JlYXRlIjo2MDAwMDAwMDAwMDB9LCJzY2hlbWFfdmVyc2lvbiI6IjEifQ==",
          "dependencies": [
            "helm_release.cassandra",
            "helm_release.kube_prometheus_stack",
            "helm_release.loki",
            "helm_release.otel_collector",
            "helm_release.redis",
            "helm_release.tempo",
            "kubectl_manifest.minio_service",
            "null_resource.kind_cluster"
          ]
        }
      ]
    },
    {
      "mode": "managed",
      "type": "kubectl_manifest",
      "name": "postgres_secret",
      "provider": "provider[\"registry.terraform.io/gavinbunney/kubectl\"]",
      "instances": [
        {
          "schema_version": 1,
          "attributes": {
            "api_version": "v1",
            "apply_only": false,
            "force_conflicts": false,
            "force_new": false,
            "id": "/api/v1/namespaces/default/secrets/postgres-secret",
            "ignore_fields": null,
            "kind": "Secret",
            "live_manifest_incluster": "c59a90934059896e2b1f8a7d6426f875f749635d4862b842f0deffa0ddaf58c1",
            "live_uid": "83be8dbe-eebc-4d41-a690-1aedbdce638a",
            "name": "postgres-secret",
            "namespace": null,
            "override_namespace": null,
            "sensitive_fields": null,
            "server_side_apply": false,
            "timeouts": null,
            "uid": "83be8dbe-eebc-4d41-a690-1aedbdce638a",
            "validate_schema": true,
            "wait": null,
            "wait_for_rollout": true,
            "yaml_body": "apiVersion: v1\nkind: Secret\nmetadata:\n  name: postgres-secret\ntype: Opaque\ndata:\n  POSTGRES_PASSWORD: cGFzc3dvcmQ=\n",
            "yaml_body_parsed": "apiVersion: v1\ndata: (sensitive value)\nkind: Secret\nmetadata:\n  name: postgres-secret\ntype: Opaque\n",
            "yaml_incluster": "c59a90934059896e2b1f8a7d6426f875f749635d4862b842f0deffa0ddaf58c1"
          },
          "sensitive_attributes": [
            [
              {
                "type": "get_attr",
                "value": "live_manifest_incluster"
              }
            ],
            [
              {
                "type": "get_attr",
                "value": "yaml_body"
              }
            ],
            [
              {
                "type": "get_attr",
                "value": "yaml_incluster"
              }
            ]
          ],
          "identity_schema_version": 0,
          "private": "eyJlMmJmYjczMC1lY2FhLTExZTYtOGY4OC0zNDM2M2JjN2M0YzAiOnsiY3JlYXRlIjo2MDAwMDAwMDAwMDB9LCJzY2hlbWFfdmVyc2lvbiI6IjEifQ==",
          "dependencies": [
            "null_resource.kind_cluster"
          ]
        }
      ]
    },
    {
      "mode": "managed",
      "type": "kubectl_manifest",
      "name": "postgres_service",
      "provider": "provider[\"registry.terraform.io/gavinbunney/kubectl\"]",
      "instances": [
        {
          "schema_version": 1,
          "attributes": {
            "api_version": "v1",
            "apply_only": false,
            "force_conflicts": false,
            "force_new": false,
            "id": "/api/v1/namespaces/default/services/postgres",
            "ignore_fields": null,
            "kind": "Service",
            "live_manifest_incluster": "a77e65ccda449b0577796d5b216c98a05dd444af3a28f40d8c8882685119bf0e",
            "live_uid": "9716f4ce-6a16-4d0d-9e0a-f9fc301fa353",
            "name": "postgres",
            "namespace": null,
            "override_namespace": null,
            "sensitive_fields": null,
            "server_side_apply": false,
            "timeouts": null,
            "uid": "9716f4ce-6a16-4d0d-9e0a-f9fc301fa353",
            "validate_schema": true,
            "wait": null,
            "wait_for_rollout": true,
            "yaml_body": "apiVersion: v1\nkind: Service\nmetadata:\n  name: postgres\nspec:\n  ports:\n    - port: 5432\n      targetPort: 5432\n  selector:\n    app: postgres\n",
            "yaml_body_parsed": "apiVersion: v1\nkind: Service\nmetadata:\n  name: postgres\nspec:\n  ports:\n  - port: 5432\n    targetPort: 5432\n  selector:\n    app: postgres\n",
            "yaml_incluster": "a77e65ccda449b0577796d5b216c98a05dd444af3a28f40d8c8882685119bf0e"
          },
          "sensitive_attributes": [
            [
              {
                "type": "get_attr",
                "value": "live_manifest_incluster"
              }
            ],
            [
              {
                "type": "get_attr",
                "value": "yaml_body"
              }
            ],
            [
              {
                "type": "get_attr",
                "value": "yaml_incluster"
              }
            ]
          ],
          "identity_schema_version": 0,
          "private": "eyJlMmJmYjczMC1lY2FhLTExZTYtOGY4OC0zNDM2M2JjN2M0YzAiOnsiY3JlYXRlIjo2MDAwMDAwMDAwMDB9LCJzY2hlbWFfdmVyc2lvbiI6IjEifQ==",
          "dependencies": [
            "null_resource.kind_cluster"
          ]
        }
      ]
    },
    {
      "mode": "managed",
      "type": "kubectl_manifest",
      "name": "postgres_statefulset",
      "provider": "provider[\"registry.terraform.io/gavinbunney/kubectl\"]",
      "instances": [
        {
          "schema_version": 1,
          "attributes": {
            "api_version": "apps/v1",
            "apply_only": false,
            "force_conflicts": false,
            "force_new": false,
            "id": "/apis/apps/v1/namespaces/default/statefulsets/postgres",
            "ignore_fields": null,
            "kind": "StatefulSet",
            "live_manifest_incluster": "ba5075573e1cdf626d33f5c25c44bfe2bdeaf777938608a0d270dd904343d351",
            "live_uid": "a354551e-412e-4fd3-98b2-f89988af1042",
            "name": "postgres",
            "namespace": null,
            "override_namespace": null,
            "sensitive_fields": null,
            "server_side_apply": false,
            "timeouts": null,
            "uid": "a354551e-412e-4fd3-98b2-f89988af1042",
            "validate_schema": true,
            "wait": null,
            "wait_for_rollout": true,
            "yaml_body": "apiVersion: apps/v1\nkind: StatefulSet\nmetadata:\n  name: postgres\nspec:\n  serviceName: postgres\n  replicas: 1\n  selector:\n    matchLabels:\n      app: postgres\n  template:\n    metadata:\n      labels:\n        app: postgres\n    spec:\n      containers:\n        - name: postgres\n          image: postgres:15\n          ports:\n            - containerPort: 5432\n          env:\n            - name: POSTGRES_DB\n              value: socialdb\n            - name: POSTGRES_USER\n              value: admin\n            - name: POSTGRES_PASSWORD\n              valueFrom:\n                secretKeyRef:\n                  name: postgres-secret\n                  key: POSTGRES_PASSWORD\n          volumeMounts:\n            - name: postgres-storage\n              mountPath: /var/lib/postgresql/data\n  volumeClaimTemplates:\n    - metadata:\n        name: postgres-storage\n      spec:\n        accessModes:\n          - ReadWriteOnce\n        resources:\n          requests:\n            storage: 1Gi\n",
            "yaml_body_parsed": "apiVersion: apps/v1\nkind: StatefulSet\nmetadata:\n  name: postgres\nspec:\n  replicas: 1\n  selector:\n    matchLabels:\n      app: postgres\n  serviceName: postgres\n  template:\n    metadata:\n      labels:\n        app: postgres\n    spec:\n      containers:\n      - env:\n        - name: POSTGRES_DB\n          value: socialdb\n        - name: POSTGRES_USER\n          value: admin\n        - name: POSTGRES_PASSWORD\n          valueFrom:\n            secretKeyRef:\n              key: POSTGRES_PASSWORD\n              name: postgres-secret\n        image: postgres:15\n        name: postgres\n        ports:\n        - containerPort: 5432\n        volumeMounts:\n        - mountPath: /var/lib/postgresql/data\n          name: postgres-storage\n  volumeClaimTemplates:\n  - metadata:\n      name: postgres-storage\n    spec:\n      accessModes:\n      - ReadWriteOnce\n      resources:\n        requests:\n          storage: 1Gi\n",
            "yaml_incluster": "ba5075573e1cdf626d33f5c25c44bfe2bdeaf777938608a0d270dd904343d351"
          },
          "sensitive_attributes": [
            [
              {
                "type": "get_attr",
                "value": "live_manifest_incluster"
              }
            ],
            [
              {
                "type": "get_attr",
                "value": "yaml_body"
              }
            ],
            [
              {
                "type": "get_attr",
                "value": "yaml_incluster"
              }
            ]
          ],
          "identity_schema_version": 0,
          "private": "eyJlMmJmYjczMC1lY2FhLTExZTYtOGY4OC0zNDM2M2JjN2M0YzAiOnsiY3JlYXRlIjo2MDAwMDAwMDAwMDB9LCJzY2hlbWFfdmVyc2lvbiI6IjEifQ==",
          "dependencies": [
            "kubectl_manifest.postgres_secret",
            "kubectl_manifest.postgres_service",
            "null_resource.kind_cluster"
          ]
        }
      ]
    },
    {
      "mode": "managed",
      "type": "kubectl_manifest",
      "name": "redis_deployment",
      "provider": "provider[\"registry.terraform.io/gavinbunney/kubectl\"]",
      "instances": [
        {
          "schema_version": 1,
          "attributes": {
            "api_version": "apps/v1",
            "apply_only": false,
            "force_conflicts": false,
            "force_new": false,
            "id": "/apis/apps/v1/namespaces/default/deployments/redis",
            "ignore_fields": null,
            "kind": "Deployment",
            "live_manifest_incluster": "383aa2c3a2c625c07732610d4f70f8345991b99d8634c53cfdccb43a2ff0dfd7",
            "live_uid": "14195b46-019b-4e7d-b008-269789f1a0b8",
            "name": "redis",
            "namespace": "default",
            "override_namespace": null,
            "sensitive_fields": null,
            "server_side_apply": false,
            "timeouts": null,
            "uid": "14195b46-019b-4e7d-b008-269789f1a0b8",
            "validate_schema": true,
            "wait": null,
            "wait_for_rollout": true,
            "yaml_body": "apiVersion: apps/v1\nkind: Deployment\nmetadata:\n  name: redis\n  namespace: default\nspec:\n  replicas: 1\n  selector:\n    matchLabels:\n      app: redis\n  template:\n    metadata:\n      labels:\n        app: redis\n    spec:\n      containers:\n      - name: redis\n        image: redis:7-alpine\n        ports:\n        - containerPort: 6379\n        resources:\n          requests:\n            memory: \"64Mi\"\n            cpu: \"50m\"\n",
            "yaml_body_parsed": "apiVersion: apps/v1\nkind: Deployment\nmetadata:\n  name: redis\n  namespace: default\nspec:\n  replicas: 1\n  selector:\n    matchLabels:\n      app: redis\n  template:\n    metadata:\n      labels:\n        app: redis\n    spec:\n      containers:\n      - image: redis:7-alpine\n        name: redis\n        ports:\n        - containerPort: 6379\n        resources:\n          requests:\n            cpu: 50m\n            memory: 64Mi\n",
            "yaml_incluster": "383aa2c3a2c625c07732610d4f70f8345991b99d8634c53cfdccb43a2ff0dfd7"
          },
          "sensitive_attributes": [
            [
              {
                "type": "get_attr",
                "value": "live_manifest_incluster"
              }
            ],
            [
              {
                "type": "get_attr",
                "value": "yaml_body"
              }
            ],
            [
              {
                "type": "get_attr",
                "value": "yaml_incluster"
              }
            ]
          ],
          "identity_schema_version": 0,
          "private": "eyJlMmJmYjczMC1lY2FhLTExZTYtOGY4OC0zNDM2M2JjN2M0YzAiOnsiY3JlYXRlIjo2MDAwMDAwMDAwMDB9LCJzY2hlbWFfdmVyc2lvbiI6IjEifQ=="
        }
      ]
    },
    {
      "mode": "managed",
      "type": "kubectl_manifest",
      "name": "redis_service",
      "provider": "provider[\"registry.terraform.io/gavinbunney/kubectl\"]",
      "instances": [
        {
          "schema_version": 1,
          "attributes": {
            "api_version": "v1",
            "apply_only": false,
            "force_conflicts": false,
            "force_new": false,
            "id": "/api/v1/namespaces/default/services/redis",
            "ignore_fields": null,
            "kind": "Service",
            "live_manifest_incluster": "784e8ec953fadc0a96efc21bb6c804915c5d72b0f977dca934c03fdbbc2377cc",
            "live_uid": "830b1e42-ba77-44c1-ac22-fb412b6d704f",
            "name": "redis",
            "namespace": "default",
            "override_namespace": null,
            "sensitive_fields": null,
            "server_side_apply": false,
            "timeouts": null,
            "uid": "830b1e42-ba77-44c1-ac22-fb412b6d704f",
            "validate_schema": true,
            "wait": null,
            "wait_for_rollout": true,
            "yaml_body": "apiVersion: v1\nkind: Service\nmetadata:\n  name: redis\n  namespace: default\nspec:\n  selector:\n    app: redis\n  ports:\n  - port: 6379\n    targetPort: 6379\n",
            "yaml_body_parsed": "apiVersion: v1\nkind: Service\nmetadata:\n  name: redis\n  namespace: default\nspec:\n  ports:\n  - port: 6379\n    targetPort: 6379\n  selector:\n    app: redis\n",
            "yaml_incluster": "784e8ec953fadc0a96efc21bb6c804915c5d72b0f977dca934c03fdbbc2377cc"
          },
          "sensitive_attributes": [
            [
              {
                "type": "get_attr",
                "value": "live_manifest_incluster"
              }
            ],
            [
              {
                "type": "get_attr",
                "value": "yaml_body"
              }
            ],
            [
              {
                "type": "get_attr",
                "value": "yaml_incluster"
              }
            ]
          ],
          "identity_schema_version": 0,
          "private": "eyJlMmJmYjczMC1lY2FhLTExZTYtOGY4OC0zNDM2M2JjN2M0YzAiOnsiY3JlYXRlIjo2MDAwMDAwMDAwMDB9LCJzY2hlbWFfdmVyc2lvbiI6IjEifQ==",
          "dependencies": [
            "kubectl_manifest.redis_deployment"
          ]
        }
      ]
    },
    {
      "mode": "managed",
      "type": "null_resource",
      "name": "gateway_kind_network",
      "provider": "provider[\"registry.terraform.io/hashicorp/null\"]",
      "instances": [
        {
          "schema_version": 0,
          "attributes": {
            "id": "3067474005390631146",
            "triggers": {
              "always_run": "2026-05-28T09:18:07Z",
              "cluster_id": "6063989301105609125"
            }
          },
          "sensitive_attributes": [],
          "identity_schema_version": 0,
          "dependencies": [
            "docker_network.gateway_net",
            "docker_volume.api_dist",
            "docker_volume.bank_dist",
            "docker_volume.doc_dist",
            "docker_volume.intro_dist",
            "docker_volume.notes_dist",
            "docker_volume.quiz_dist",
            "docker_volume.record_dist",
            "docker_volume.video_dist",
            "module.gateway.docker_container.app",
            "null_resource.kind_cluster"
          ]
        }
      ]
    },
    {
      "mode": "managed",
      "type": "null_resource",
      "name": "intro_page",
      "provider": "provider[\"registry.terraform.io/hashicorp/null\"]",
      "instances": [
        {
          "schema_version": 0,
          "attributes": {
            "id": "6218641676449349452",
            "triggers": {
              "always_run": "2026-05-28T09:18:07Z",
              "file_sha": "866a11a85130a4680df6a9ceb7c95d60a0f9ac86563a391da934fecb637b1864"
            }
          },
          "sensitive_attributes": [],
          "identity_schema_version": 0,
          "dependencies": [
            "docker_network.gateway_net",
            "docker_volume.api_dist",
            "docker_volume.bank_dist",
            "docker_volume.doc_dist",
            "docker_volume.intro_dist",
            "docker_volume.notes_dist",
            "docker_volume.quiz_dist",
            "docker_volume.record_dist",
            "docker_volume.video_dist",
            "module.gateway.docker_container.app"
          ]
        }
      ]
    },
    {
      "mode": "managed",
      "type": "null_resource",
      "name": "kind_cluster",
      "provider": "provider[\"registry.terraform.io/hashicorp/null\"]",
      "instances": [
        {
          "schema_version": 0,
          "attributes": {
            "id": "4956466523876609643",
            "triggers": {
              "kind_config": "fd35da166c692a160de5b7650b87d01882260eef47a2f902381f5e09f32dad25"
            }
          },
          "sensitive_attributes": [],
          "identity_schema_version": 0
        }
      ]
    },
    {
      "mode": "managed",
      "type": "null_resource",
      "name": "kind_load_images",
      "provider": "provider[\"registry.terraform.io/hashicorp/null\"]",
      "instances": [
        {
          "schema_version": 0,
          "attributes": {
            "id": "466957786862813971",
            "triggers": {
              "django_id": "sha256:d103d8ff24f16a1d44a434175432a688217eda9ae9a1df316fce7dd204dcc6c5",
              "frontend_id": "sha256:b5c6ff66c358f07ed3dd39e7d6a9dcc8ab7190b3b51d1e01d15b5387c8536541",
              "go_id": "sha256:1e4b1b3cb77251ed847ca32257099661584a6d043993521010cee4bcf6a55cbe",
              "java_id": "sha256:e29c7caba8fdbe4172e9bccb22278aab930d2dc5b7433611ab61bb5a936955d3",
              "minio_id": "sha256:159db2b0a73baeeaf7cf3dd496e47985b34ba98aaded0d77c69e05665707cda7"
            }
          },
          "sensitive_attributes": [],
          "identity_schema_version": 0,
          "dependencies": [
            "docker_image.social_django",
            "docker_image.social_frontend",
            "docker_image.social_go",
            "docker_image.social_java",
            "docker_image.social_minio",
            "null_resource.kind_cluster"
          ]
        }
      ]
    },
    {
      "mode": "managed",
      "type": "null_resource",
      "name": "record_page",
      "provider": "provider[\"registry.terraform.io/hashicorp/null\"]",
      "instances": [
        {
          "schema_version": 0,
          "attributes": {
            "id": "6201100768112599193",
            "triggers": {
              "always_run": "2026-05-28T09:18:07Z",
              "file_sha": "9574d2cecc10609700fb006d9d82c24f0c48fe3cebf21572848784fb7f846b20"
            }
          },
          "sensitive_attributes": [],
          "identity_schema_version": 0,
          "dependencies": [
            "docker_network.gateway_net",
            "docker_volume.api_dist",
            "docker_volume.bank_dist",
            "docker_volume.doc_dist",
            "docker_volume.intro_dist",
            "docker_volume.notes_dist",
            "docker_volume.quiz_dist",
            "docker_volume.record_dist",
            "docker_volume.video_dist",
            "module.gateway.docker_container.app"
          ]
        }
      ]
    },
    {
      "module": "module.api_service_backend",
      "mode": "managed",
      "type": "docker_container",
      "name": "app",
      "provider": "provider[\"registry.terraform.io/kreuzwerker/docker\"]",
      "instances": [
        {
          "schema_version": 2,
          "attributes": {
            "attach": false,
            "bridge": "",
            "capabilities": [],
            "cgroup_parent": null,
            "cgroupns_mode": null,
            "command": [
              "npm",
              "start"
            ],
            "container_logs": null,
            "container_read_refresh_timeout_milliseconds": 15000,
            "cpu_period": null,
            "cpu_quota": null,
            "cpu_set": "",
            "cpu_shares": 0,
            "cpus": null,
            "destroy_grace_seconds": null,
            "devices": [],
            "dns": [],
            "dns_opts": [],
            "dns_search": [],
            "domainname": "",
            "entrypoint": [
              "docker-entrypoint.sh"
            ],
            "env": [
              "API_KEY_WEATHER=a9dba91e24c88d7a4cdd395211df339a"
            ],
            "exit_code": null,
            "gpus": null,
            "group_add": [],
            "healthcheck": [],
            "host": [],
            "hostname": "9e0a2f2a8c05",
            "id": "9e0a2f2a8c051823c2dc7a19e9943fb64e1f7e30a4f00f95ded4237bde12c298",
            "image": "api-service-backend:latest",
            "init": false,
            "ipc_mode": "private",
            "labels": [],
            "log_driver": "json-file",
            "log_opts": {},
            "logs": false,
            "max_retry_count": 0,
            "memory": 0,
            "memory_reservation": 0,
            "memory_swap": 0,
            "mounts": [],
            "must_run": true,
            "name": "api-service-backend",
            "network_data": [
              {
                "gateway": "172.19.0.1",
                "global_ipv6_address": "",
                "global_ipv6_prefix_length": 0,
                "ip_address": "172.19.0.11",
                "ip_prefix_length": 16,
                "ipv6_gateway": "",
                "mac_address": "6e:29:f7:97:d8:fe",
                "network_name": "gateway-net"
              }
            ],
            "network_mode": "bridge",
            "networks_advanced": [
              {
                "aliases": [],
                "ipv4_address": "",
                "ipv6_address": "",
                "mac_address": "",
                "name": "gateway-net"
              }
            ],
            "pid_mode": "",
            "ports": [],
            "privileged": false,
            "publish_all_ports": false,
            "read_only": false,
            "remove_volumes": true,
            "restart": "always",
            "rm": false,
            "runtime": "runc",
            "security_opts": [],
            "shm_size": 64,
            "start": true,
            "stdin_open": false,
            "stop_signal": "",
            "stop_timeout": 1,
            "storage_opts": {},
            "sysctls": {},
            "tmpfs": {},
            "tty": false,
            "ulimit": [],
            "upload": [],
            "user": "",
            "userns_mode": "",
            "volumes": [],
            "wait": false,
            "wait_timeout": 60,
            "working_dir": "/app"
          },
          "sensitive_attributes": [
            [
              {
                "type": "get_attr",
                "value": "env"
              }
            ]
          ],
          "identity_schema_version": 0,
          "private": "eyJzY2hlbWFfdmVyc2lvbiI6IjIifQ==",
          "dependencies": [
            "docker_image.api_service_backend",
            "docker_network.gateway_net"
          ]
        }
      ]
    },
    {
      "module": "module.bank_backend",
      "mode": "managed",
      "type": "docker_container",
      "name": "app",
      "provider": "provider[\"registry.terraform.io/kreuzwerker/docker\"]",
      "instances": [
        {
          "schema_version": 2,
          "attributes": {
            "attach": false,
            "bridge": "",
            "capabilities": [],
            "cgroup_parent": null,
            "cgroupns_mode": null,
            "command": [],
            "container_logs": null,
            "container_read_refresh_timeout_milliseconds": 15000,
            "cpu_period": null,
            "cpu_quota": null,
            "cpu_set": "",
            "cpu_shares": 0,
            "cpus": null,
            "destroy_grace_seconds": null,
            "devices": [],
            "dns": [],
            "dns_opts": [],
            "dns_search": [],
            "domainname": "",
            "entrypoint": [
              "/app/entrypoint.sh"
            ],
            "env": [
              "DB_HOST=bank-postgres",
              "DB_PORT=5432",
              "DB_USER=bankmanagement",
              "SPRING_DATASOURCE_PASSWORD=bankmanagement@2008",
              "SPRING_DATASOURCE_URL=jdbc:postgresql://bank-postgres:5432/bank",
              "SPRING_DATASOURCE_USERNAME=bankmanagement"
            ],
            "exit_code": null,
            "gpus": null,
            "group_add": [],
            "healthcheck": [],
            "host": [],
            "hostname": "0c2e9745c827",
            "id": "0c2e9745c82729d95e911a911346a4b5f4ed3983c62d6f939031dd9d1ba497e2",
            "image": "bankmanager-backend:latest",
            "init": false,
            "ipc_mode": "private",
            "labels": [],
            "log_driver": "json-file",
            "log_opts": {},
            "logs": false,
            "max_retry_count": 0,
            "memory": 0,
            "memory_reservation": 0,
            "memory_swap": 0,
            "mounts": [],
            "must_run": true,
            "name": "bank-backend",
            "network_data": [
              {
                "gateway": "172.19.0.1",
                "global_ipv6_address": "",
                "global_ipv6_prefix_length": 0,
                "ip_address": "172.19.0.8",
                "ip_prefix_length": 16,
                "ipv6_gateway": "",
                "mac_address": "72:d9:19:11:e2:46",
                "network_name": "gateway-net"
              }
            ],
            "network_mode": "bridge",
            "networks_advanced": [
              {
                "aliases": [],
                "ipv4_address": "",
                "ipv6_address": "",
                "mac_address": "",
                "name": "gateway-net"
              }
            ],
            "pid_mode": "",
            "ports": [],
            "privileged": false,
            "publish_all_ports": false,
            "read_only": false,
            "remove_volumes": true,
            "restart": "always",
            "rm": false,
            "runtime": "runc",
            "security_opts": [],
            "shm_size": 64,
            "start": true,
            "stdin_open": false,
            "stop_signal": "",
            "stop_timeout": 1,
            "storage_opts": {},
            "sysctls": {},
            "tmpfs": {},
            "tty": false,
            "ulimit": [],
            "upload": [],
            "user": "",
            "userns_mode": "",
            "volumes": [],
            "wait": false,
            "wait_timeout": 60,
            "working_dir": "/app"
          },
          "sensitive_attributes": [
            [
              {
                "type": "get_attr",
                "value": "env"
              }
            ]
          ],
          "identity_schema_version": 0,
          "private": "eyJzY2hlbWFfdmVyc2lvbiI6IjIifQ==",
          "dependencies": [
            "docker_image.bank_backend",
            "docker_network.gateway_net"
          ]
        }
      ]
    },
    {
      "module": "module.blog_website",
      "mode": "managed",
      "type": "docker_container",
      "name": "app",
      "provider": "provider[\"registry.terraform.io/kreuzwerker/docker\"]",
      "instances": [
        {
          "schema_version": 2,
          "attributes": {
            "attach": false,
            "bridge": "",
            "capabilities": [],
            "cgroup_parent": null,
            "cgroupns_mode": null,
            "command": [],
            "container_logs": null,
            "container_read_refresh_timeout_milliseconds": 15000,
            "cpu_period": null,
            "cpu_quota": null,
            "cpu_set": "",
            "cpu_shares": 0,
            "cpus": null,
            "destroy_grace_seconds": null,
            "devices": [],
            "dns": [],
            "dns_opts": [],
            "dns_search": [],
            "domainname": "",
            "entrypoint": [
              "/entrypoint.sh"
            ],
            "env": [
              "ALLOWED_HOSTS=['localhost', '127.0.0.1', 'saisakthi.qzz.io']",
              "DB_HOST=blog-db",
              "DB_NAME=blog_db",
              "DB_PASSWORD=saisakthi2008",
              "DB_PORT=3306",
              "DB_USER=root",
              "DEBUG=False",
              "MINIO_ACCESS_KEY=admin",
              "MINIO_BUCKET=blog-media",
              "MINIO_ENDPOINT=http://blog-minio:9000",
              "MINIO_PUBLIC_URL=http://localhost/blog/minio",
              "MINIO_SECRET_KEY=password123",
              "MYSQLCLIENT_CFLAGS=`pkg-config mysqlclient --cflags`",
              "MYSQLCLIENT_LDFLAGS=`pkg-config mysqlclient --libs`",
              "SECRET_KEY=sai-key"
            ],
            "exit_code": null,
            "gpus": null,
            "group_add": [],
            "healthcheck": [],
            "host": [],
            "hostname": "435b24763beb",
            "id": "435b24763beb9f4b6e451326d4b184f549a365139c54a7b544020271182b9ef1",
            "image": "blogsite:latest",
            "init": false,
            "ipc_mode": "private",
            "labels": [],
            "log_driver": "json-file",
            "log_opts": {},
            "logs": false,
            "max_retry_count": 0,
            "memory": 0,
            "memory_reservation": 0,
            "memory_swap": 0,
            "mounts": [],
            "must_run": true,
            "name": "blog-website",
            "network_data": [
              {
                "gateway": "172.19.0.1",
                "global_ipv6_address": "",
                "global_ipv6_prefix_length": 0,
                "ip_address": "172.19.0.14",
                "ip_prefix_length": 16,
                "ipv6_gateway": "",
                "mac_address": "26:8a:1e:b9:ca:8b",
                "network_name": "gateway-net"
              }
            ],
            "network_mode": "bridge",
            "networks_advanced": [
              {
                "aliases": [],
                "ipv4_address": "",
                "ipv6_address": "",
                "mac_address": "",
                "name": "gateway-net"
              }
            ],
            "pid_mode": "",
            "ports": [],
            "privileged": false,
            "publish_all_ports": false,
            "read_only": false,
            "remove_volumes": true,
            "restart": "always",
            "rm": false,
            "runtime": "runc",
            "security_opts": [],
            "shm_size": 64,
            "start": true,
            "stdin_open": false,
            "stop_signal": "",
            "stop_timeout": 1,
            "storage_opts": {},
            "sysctls": {},
            "tmpfs": {},
            "tty": false,
            "ulimit": [],
            "upload": [],
            "user": "",
            "userns_mode": "",
            "volumes": [],
            "wait": false,
            "wait_timeout": 60,
            "working_dir": "/app/blogsite"
          },
          "sensitive_attributes": [
            [
              {
                "type": "get_attr",
                "value": "env"
              }
            ]
          ],
          "identity_schema_version": 0,
          "private": "eyJzY2hlbWFfdmVyc2lvbiI6IjIifQ==",
          "dependencies": [
            "docker_container.blog_db",
            "docker_container.blog_minio",
            "docker_image.blog_website",
            "docker_network.gateway_net",
            "docker_volume.blog_minio",
            "docker_volume.blog_mysql"
          ]
        }
      ]
    },
    {
      "module": "module.doc_backend",
      "mode": "managed",
      "type": "docker_container",
      "name": "app",
      "provider": "provider[\"registry.terraform.io/kreuzwerker/docker\"]",
      "instances": [
        {
          "schema_version": 2,
          "attributes": {
            "attach": false,
            "bridge": "",
            "capabilities": [],
            "cgroup_parent": null,
            "cgroupns_mode": null,
            "command": [
              "gunicorn",
              "document_backend.wsgi",
              "--workers",
              "3",
              "--bind",
              "0.0.0.0:8000",
              "--timeout",
              "120"
            ],
            "container_logs": null,
            "container_read_refresh_timeout_milliseconds": 15000,
            "cpu_period": null,
            "cpu_quota": null,
            "cpu_set": "",
            "cpu_shares": 0,
            "cpus": null,
            "destroy_grace_seconds": null,
            "devices": [],
            "dns": [],
            "dns_opts": [],
            "dns_search": [],
            "domainname": "",
            "entrypoint": [
              "/entrypoint.sh"
            ],
            "env": [
              "ALLOWED_HOSTS=localhost,127.0.0.1,gateway,doc-backend",
              "DB_HOST=doc-mysql",
              "DB_NAME=book_db",
              "DB_PASSWORD=saisakthi2008",
              "DB_PORT=3306",
              "DB_USER=root",
              "DEBUG=False",
              "DJANGO_SECRET_KEY=your-secret-key-change-in-production",
              "GEMINI_API_KEY=AIzaSyCjIXO8kGhPcGgqLm_cKgLu9z9Hx2WAi54",
              "MINIO_ACCESS_KEY=admin",
              "MINIO_BUCKET=documents",
              "MINIO_ENDPOINT=doc-minio:9000",
              "MINIO_SECRET_KEY=password123",
              "MINIO_SECURE=False",
              "OLLAMA_HOST=host.docker.internal",
              "PORT_AI=11434"
            ],
            "exit_code": null,
            "gpus": null,
            "group_add": [],
            "healthcheck": [],
            "host": [],
            "hostname": "8905a5d18ac7",
            "id": "8905a5d18ac7e33bd87a850c0713062104d29ea9d2fa7ec0d546c24cf352cbba",
            "image": "documentintelligenceplatform-backend:latest",
            "init": false,
            "ipc_mode": "private",
            "labels": [],
            "log_driver": "json-file",
            "log_opts": {},
            "logs": false,
            "max_retry_count": 0,
            "memory": 0,
            "memory_reservation": 0,
            "memory_swap": 0,
            "mounts": [],
            "must_run": true,
            "name": "doc-backend",
            "network_data": [
              {
                "gateway": "172.19.0.1",
                "global_ipv6_address": "",
                "global_ipv6_prefix_length": 0,
                "ip_address": "172.19.0.10",
                "ip_prefix_length": 16,
                "ipv6_gateway": "",
                "mac_address": "9e:85:9c:95:06:e5",
                "network_name": "gateway-net"
              }
            ],
            "network_mode": "bridge",
            "networks_advanced": [
              {
                "aliases": [],
                "ipv4_address": "",
                "ipv6_address": "",
                "mac_address": "",
                "name": "gateway-net"
              }
            ],
            "pid_mode": "",
            "ports": [],
            "privileged": false,
            "publish_all_ports": false,
            "read_only": false,
            "remove_volumes": true,
            "restart": "always",
            "rm": false,
            "runtime": "runc",
            "security_opts": [],
            "shm_size": 64,
            "start": true,
            "stdin_open": false,
            "stop_signal": "",
            "stop_timeout": 1,
            "storage_opts": {},
            "sysctls": {},
            "tmpfs": {},
            "tty": false,
            "ulimit": [],
            "upload": [],
            "user": "",
            "userns_mode": "",
            "volumes": [],
            "wait": false,
            "wait_timeout": 60,
            "working_dir": "/app"
          },
          "sensitive_attributes": [
            [
              {
                "type": "get_attr",
                "value": "env"
              }
            ]
          ],
          "identity_schema_version": 0,
          "private": "eyJzY2hlbWFfdmVyc2lvbiI6IjIifQ==",
          "dependencies": [
            "docker_image.doc_backend",
            "docker_network.gateway_net"
          ]
        }
      ]
    },
    {
      "module": "module.gateway",
      "mode": "managed",
      "type": "docker_container",
      "name": "app",
      "provider": "provider[\"registry.terraform.io/kreuzwerker/docker\"]",
      "instances": [
        {
          "schema_version": 2,
          "attributes": {
            "attach": false,
            "bridge": "",
            "capabilities": [],
            "cgroup_parent": null,
            "cgroupns_mode": null,
            "command": [
              "nginx",
              "-g",
              "daemon off;"
            ],
            "container_logs": null,
            "container_read_refresh_timeout_milliseconds": 15000,
            "cpu_period": null,
            "cpu_quota": null,
            "cpu_set": "",
            "cpu_shares": 0,
            "cpus": null,
            "destroy_grace_seconds": null,
            "devices": [],
            "dns": [],
            "dns_opts": [],
            "dns_search": [],
            "domainname": "",
            "entrypoint": [
              "/docker-entrypoint.sh"
            ],
            "env": [],
            "exit_code": null,
            "gpus": null,
            "group_add": [],
            "healthcheck": [],
            "host": [],
            "hostname": "1e771f957e08",
            "id": "1e771f957e0897f6ffe677bfbbc9fc8dbc9ccb4b2f0e93cd0f0b885b8dd7eb07",
            "image": "nginx:alpine",
            "init": false,
            "ipc_mode": "private",
            "labels": [],
            "log_driver": "json-file",
            "log_opts": {},
            "logs": false,
            "max_retry_count": 0,
            "memory": 0,
            "memory_reservation": 0,
            "memory_swap": 0,
            "mounts": [
              {
                "bind_options": [],
                "read_only": true,
                "source": "/home/saisakthi/Coding-Project/Projects/Finished Projects/Docker/Terraform/environments/dev/nginx/default.conf",
                "target": "/etc/nginx/conf.d/default.conf",
                "tmpfs_options": [],
                "type": "bind",
                "volume_options": []
              },
              {
                "bind_options": [],
                "read_only": true,
                "source": "gateway_api-dist",
                "target": "/apps/api-service",
                "tmpfs_options": [],
                "type": "volume",
                "volume_options": []
              },
              {
                "bind_options": [],
                "read_only": true,
                "source": "gateway_bank-dist",
                "target": "/apps/bank",
                "tmpfs_options": [],
                "type": "volume",
                "volume_options": []
              },
              {
                "bind_options": [],
                "read_only": true,
                "source": "gateway_doc-dist",
                "target": "/apps/document",
                "tmpfs_options": [],
                "type": "volume",
                "volume_options": []
              },
              {
                "bind_options": [],
                "read_only": true,
                "source": "gateway_intro-dist",
                "target": "/apps/intro",
                "tmpfs_options": [],
                "type": "volume",
                "volume_options": []
              },
              {
                "bind_options": [],
                "read_only": true,
                "source": "gateway_notes-dist",
                "target": "/apps/notes",
                "tmpfs_options": [],
                "type": "volume",
                "volume_options": []
              },
              {
                "bind_options": [],
                "read_only": true,
                "source": "gateway_quiz-dist",
                "target": "/apps/quiz",
                "tmpfs_options": [],
                "type": "volume",
                "volume_options": []
              },
              {
                "bind_options": [],
                "read_only": true,
                "source": "gateway_record-dist",
                "target": "/apps/record",
                "tmpfs_options": [],
                "type": "volume",
                "volume_options": []
              },
              {
                "bind_options": [],
                "read_only": true,
                "source": "gateway_video-dist",
                "target": "/apps/video",
                "tmpfs_options": [],
                "type": "volume",
                "volume_options": []
              }
            ],
            "must_run": true,
            "name": "gateway",
            "network_data": [
              {
                "gateway": "172.19.0.1",
                "global_ipv6_address": "",
                "global_ipv6_prefix_length": 0,
                "ip_address": "172.19.0.4",
                "ip_prefix_length": 16,
                "ipv6_gateway": "",
                "mac_address": "06:21:04:c0:18:77",
                "network_name": "gateway-net"
              },
              {
                "gateway": "172.18.0.1",
                "global_ipv6_address": "fc00:f853:ccd:e793::2",
                "global_ipv6_prefix_length": 64,
                "ip_address": "172.18.0.2",
                "ip_prefix_length": 16,
                "ipv6_gateway": "fc00:f853:ccd:e793::1",
                "mac_address": "26:99:66:fe:de:55",
                "network_name": "kind"
              }
            ],
            "network_mode": "bridge",
            "networks_advanced": [
              {
                "aliases": [],
                "ipv4_address": "",
                "ipv6_address": "",
                "mac_address": "",
                "name": "gateway-net"
              }
            ],
            "pid_mode": "",
            "ports": [
              {
                "external": 80,
                "internal": 80,
                "ip": "0.0.0.0",
                "protocol": "tcp"
              }
            ],
            "privileged": false,
            "publish_all_ports": false,
            "read_only": false,
            "remove_volumes": true,
            "restart": "always",
            "rm": false,
            "runtime": "runc",
            "security_opts": [],
            "shm_size": 64,
            "start": true,
            "stdin_open": false,
            "stop_signal": "SIGQUIT",
            "stop_timeout": 1,
            "storage_opts": {},
            "sysctls": {},
            "tmpfs": {},
            "tty": false,
            "ulimit": [],
            "upload": [],
            "user": "",
            "userns_mode": "",
            "volumes": [],
            "wait": false,
            "wait_timeout": 60,
            "working_dir": "/"
          },
          "sensitive_attributes": [],
          "identity_schema_version": 0,
          "private": "eyJzY2hlbWFfdmVyc2lvbiI6IjIifQ==",
          "dependencies": [
            "docker_network.gateway_net",
            "docker_volume.api_dist",
            "docker_volume.bank_dist",
            "docker_volume.doc_dist",
            "docker_volume.intro_dist",
            "docker_volume.notes_dist",
            "docker_volume.quiz_dist",
            "docker_volume.record_dist",
            "docker_volume.video_dist"
          ]
        }
      ]
    },
    {
      "module": "module.hospital_management",
      "mode": "managed",
      "type": "docker_container",
      "name": "app",
      "provider": "provider[\"registry.terraform.io/kreuzwerker/docker\"]",
      "instances": [
        {
          "schema_version": 2,
          "attributes": {
            "attach": false,
            "bridge": "",
            "capabilities": [],
            "cgroup_parent": null,
            "cgroupns_mode": null,
            "command": [
              "/entrypoint.sh"
            ],
            "container_logs": null,
            "container_read_refresh_timeout_milliseconds": 15000,
            "cpu_period": null,
            "cpu_quota": null,
            "cpu_set": "",
            "cpu_shares": 0,
            "cpus": null,
            "destroy_grace_seconds": null,
            "devices": [],
            "dns": null,
            "dns_opts": null,
            "dns_search": null,
            "domainname": "",
            "entrypoint": [],
            "env": [],
            "exit_code": null,
            "gpus": null,
            "group_add": null,
            "healthcheck": null,
            "host": [],
            "hostname": "9cf9f28242bb",
            "id": "9cf9f28242bba89cd47e56ac70ce48c5aeed214afcf2c0927d2f629870be8ad5",
            "image": "hospital_management:latest",
            "init": false,
            "ipc_mode": "private",
            "labels": [],
            "log_driver": "json-file",
            "log_opts": null,
            "logs": false,
            "max_retry_count": 0,
            "memory": 0,
            "memory_reservation": 0,
            "memory_swap": 0,
            "mounts": [],
            "must_run": true,
            "name": "hospital-management",
            "network_data": [
              {
                "gateway": "172.19.0.1",
                "global_ipv6_address": "",
                "global_ipv6_prefix_length": 0,
                "ip_address": "172.19.0.9",
                "ip_prefix_length": 16,
                "ipv6_gateway": "",
                "mac_address": "5e:f4:dd:e0:18:91",
                "network_name": "gateway-net"
              }
            ],
            "network_mode": "bridge",
            "networks_advanced": [
              {
                "aliases": [],
                "ipv4_address": "",
                "ipv6_address": "",
                "mac_address": "",
                "name": "gateway-net"
              }
            ],
            "pid_mode": "",
            "ports": [],
            "privileged": false,
            "publish_all_ports": false,
            "read_only": false,
            "remove_volumes": true,
            "restart": "always",
            "rm": false,
            "runtime": "runc",
            "security_opts": [],
            "shm_size": 64,
            "start": true,
            "stdin_open": false,
            "stop_signal": "",
            "stop_timeout": 1,
            "storage_opts": null,
            "sysctls": null,
            "tmpfs": null,
            "tty": false,
            "ulimit": [],
            "upload": [],
            "user": "",
            "userns_mode": "",
            "volumes": [],
            "wait": false,
            "wait_timeout": 60,
            "working_dir": "/app"
          },
          "sensitive_attributes": [],
          "identity_schema_version": 0,
          "private": "eyJzY2hlbWFfdmVyc2lvbiI6IjIifQ==",
          "dependencies": [
            "docker_image.hospital_management",
            "docker_network.gateway_net"
          ]
        }
      ]
    },
    {
      "module": "module.notes_backend",
      "mode": "managed",
      "type": "docker_container",
      "name": "app",
      "provider": "provider[\"registry.terraform.io/kreuzwerker/docker\"]",
      "instances": [
        {
          "schema_version": 2,
          "attributes": {
            "attach": false,
            "bridge": "",
            "capabilities": [],
            "cgroup_parent": null,
            "cgroupns_mode": null,
            "command": [
              "sh",
              "-c",
              "python manage.py migrate \u0026\u0026 gunicorn notes_app.wsgi:application --bind 0.0.0.0:8000"
            ],
            "container_logs": null,
            "container_read_refresh_timeout_milliseconds": 15000,
            "cpu_period": null,
            "cpu_quota": null,
            "cpu_set": "",
            "cpu_shares": 0,
            "cpus": null,
            "destroy_grace_seconds": null,
            "devices": [],
            "dns": [],
            "dns_opts": [],
            "dns_search": [],
            "domainname": "",
            "entrypoint": [],
            "env": [
              "DATABASE_HOST=notes-postgres",
              "DATABASE_NAME=notes_app",
              "DATABASE_PASSWORD=sai2008",
              "DATABASE_USER=saisakthi"
            ],
            "exit_code": null,
            "gpus": null,
            "group_add": [],
            "healthcheck": [],
            "host": [],
            "hostname": "87445a556cca",
            "id": "87445a556ccab9aee9ada6f633c829014bf98e3e6210148fd654f74f6e7cc74e",
            "image": "notesapp-backend:latest",
            "init": false,
            "ipc_mode": "private",
            "labels": [],
            "log_driver": "json-file",
            "log_opts": {},
            "logs": false,
            "max_retry_count": 0,
            "memory": 0,
            "memory_reservation": 0,
            "memory_swap": 0,
            "mounts": [],
            "must_run": true,
            "name": "notes-backend",
            "network_data": [
              {
                "gateway": "172.19.0.1",
                "global_ipv6_address": "",
                "global_ipv6_prefix_length": 0,
                "ip_address": "172.19.0.5",
                "ip_prefix_length": 16,
                "ipv6_gateway": "",
                "mac_address": "76:b2:a9:f4:52:7f",
                "network_name": "gateway-net"
              }
            ],
            "network_mode": "bridge",
            "networks_advanced": [
              {
                "aliases": [],
                "ipv4_address": "",
                "ipv6_address": "",
                "mac_address": "",
                "name": "gateway-net"
              }
            ],
            "pid_mode": "",
            "ports": [],
            "privileged": false,
            "publish_all_ports": false,
            "read_only": false,
            "remove_volumes": true,
            "restart": "always",
            "rm": false,
            "runtime": "runc",
            "security_opts": [],
            "shm_size": 64,
            "start": true,
            "stdin_open": false,
            "stop_signal": "",
            "stop_timeout": 1,
            "storage_opts": {},
            "sysctls": {},
            "tmpfs": {},
            "tty": false,
            "ulimit": [],
            "upload": [],
            "user": "",
            "userns_mode": "",
            "volumes": [],
            "wait": false,
            "wait_timeout": 60,
            "working_dir": "/app/notes_app"
          },
          "sensitive_attributes": [
            [
              {
                "type": "get_attr",
                "value": "env"
              }
            ]
          ],
          "identity_schema_version": 0,
          "private": "eyJzY2hlbWFfdmVyc2lvbiI6IjIifQ==",
          "dependencies": [
            "docker_image.notes_backend",
            "docker_network.gateway_net"
          ]
        }
      ]
    },
    {
      "module": "module.video_backend",
      "mode": "managed",
      "type": "docker_container",
      "name": "app",
      "provider": "provider[\"registry.terraform.io/kreuzwerker/docker\"]",
      "instances": [
        {
          "schema_version": 2,
          "attributes": {
            "attach": false,
            "bridge": "",
            "capabilities": [],
            "cgroup_parent": null,
            "cgroupns_mode": null,
            "command": [
              "java",
              "-jar",
              "app.jar"
            ],
            "container_logs": null,
            "container_read_refresh_timeout_milliseconds": 15000,
            "cpu_period": null,
            "cpu_quota": null,
            "cpu_set": "",
            "cpu_shares": 0,
            "cpus": null,
            "destroy_grace_seconds": null,
            "devices": [],
            "dns": [],
            "dns_opts": [],
            "dns_search": [],
            "domainname": "",
            "entrypoint": [
              "/__cacert_entrypoint.sh"
            ],
            "env": [
              "UPLOADS_DIR=/app/Uploads"
            ],
            "exit_code": null,
            "gpus": null,
            "group_add": [],
            "healthcheck": [],
            "host": [],
            "hostname": "cb3d270aa1b6",
            "id": "cb3d270aa1b67c61f3dc9781d2a7882f064f902468fde3cae7edcdd56a96630f",
            "image": "video-uploader-backend:latest",
            "init": false,
            "ipc_mode": "private",
            "labels": [],
            "log_driver": "json-file",
            "log_opts": {},
            "logs": false,
            "max_retry_count": 0,
            "memory": 0,
            "memory_reservation": 0,
            "memory_swap": 0,
            "mounts": [],
            "must_run": true,
            "name": "video-uploader-backend",
            "network_data": [
              {
                "gateway": "172.19.0.1",
                "global_ipv6_address": "",
                "global_ipv6_prefix_length": 0,
                "ip_address": "172.19.0.13",
                "ip_prefix_length": 16,
                "ipv6_gateway": "",
                "mac_address": "3e:cb:f5:81:29:ff",
                "network_name": "gateway-net"
              }
            ],
            "network_mode": "bridge",
            "networks_advanced": [
              {
                "aliases": [],
                "ipv4_address": "",
                "ipv6_address": "",
                "mac_address": "",
                "name": "gateway-net"
              }
            ],
            "pid_mode": "",
            "ports": [],
            "privileged": false,
            "publish_all_ports": false,
            "read_only": false,
            "remove_volumes": true,
            "restart": "always",
            "rm": false,
            "runtime": "runc",
            "security_opts": [],
            "shm_size": 64,
            "start": true,
            "stdin_open": false,
            "stop_signal": "",
            "stop_timeout": 1,
            "storage_opts": {},
            "sysctls": {},
            "tmpfs": {},
            "tty": false,
            "ulimit": [],
            "upload": [],
            "user": "",
            "userns_mode": "",
            "volumes": [],
            "wait": false,
            "wait_timeout": 60,
            "working_dir": "/app"
          },
          "sensitive_attributes": [],
          "identity_schema_version": 0,
          "private": "eyJzY2hlbWFfdmVyc2lvbiI6IjIifQ==",
          "dependencies": [
            "docker_image.video_backend",
            "docker_network.gateway_net"
          ]
        }
      ]
    }
  ],
  "check_results": null
}
