{
  "version": 4,
  "terraform_version": "1.14.6",
  "serial": 3870,
  "lineage": "d6808725-3cfc-aef7-1b8c-4e0ac9ea42a6",
  "outputs": {},
  "resources": [
    {
      "mode": "managed",
      "type": "docker_container",
      "name": "api_service_frontend_build",
      "provider": "provider[\"registry.terraform.io/kreuzwerker/docker\"]",
      "instances": [
        {
          "schema_version": 2,
          "attributes": {
            "attach": false,
            "bridge": "",
            "capabilities": [],
            "cgroup_parent": null,
            "cgroupns_mode": null,
            "command": [
              "sh",
              "-c",
              "cp -r /dist/. /output/ \u0026\u0026 echo 'Done'"
            ],
            "container_logs": null,
            "container_read_refresh_timeout_milliseconds": 15000,
            "cpu_period": null,
            "cpu_quota": null,
            "cpu_set": "",
            "cpu_shares": 0,
            "cpus": null,
            "destroy_grace_seconds": 30,
            "devices": [],
            "dns": [],
            "dns_opts": [],
            "dns_search": [],
            "domainname": "",
            "entrypoint": [],
            "env": [],
            "exit_code": 0,
            "gpus": null,
            "group_add": [],
            "healthcheck": [],
            "host": [],
            "hostname": "5fb5d0614c9b",
            "id": "5fb5d0614c9b3a03b85ff37b175dbbf22d1dcb6e0d3caecb7917a48518c194a2",
            "image": "api-service-frontend:latest",
            "init": false,
            "ipc_mode": "private",
            "labels": [],
            "log_driver": "json-file",
            "log_opts": {},
            "logs": false,
            "max_retry_count": 0,
            "memory": 0,
            "memory_reservation": 0,
            "memory_swap": 0,
            "mounts": [
              {
                "bind_options": [],
                "read_only": false,
                "source": "gateway_api-dist",
                "target": "/dist",
                "tmpfs_options": [],
                "type": "volume",
                "volume_options": []
              }
            ],
            "must_run": false,
            "name": "api-service-frontend-build",
            "network_data": [
              {
                "gateway": "",
                "global_ipv6_address": "",
                "global_ipv6_prefix_length": 0,
                "ip_address": "",
                "ip_prefix_length": 0,
                "ipv6_gateway": "",
                "mac_address": "",
                "network_name": "gateway-net"
              }
            ],
            "network_mode": "bridge",
            "networks_advanced": [
              {
                "aliases": [],
                "ipv4_address": "",
                "ipv6_address": "",
                "mac_address": "",
                "name": "gateway-net"
              }
            ],
            "pid_mode": "",
            "ports": [],
            "privileged": false,
            "publish_all_ports": false,
            "read_only": false,
            "remove_volumes": true,
            "restart": "no",
            "rm": false,
            "runtime": "runc",
            "security_opts": [],
            "shm_size": 64,
            "start": true,
            "stdin_open": false,
            "stop_signal": "",
            "stop_timeout": 1,
            "storage_opts": {},
            "sysctls": {},
            "tmpfs": {},
            "tty": false,
            "ulimit": [],
            "upload": [],
            "user": "",
            "userns_mode": "",
            "volumes": [],
            "wait": false,
            "wait_timeout": 60,
            "working_dir": "/"
          },
          "sensitive_attributes": [],
          "identity_schema_version": 0,
          "private": "eyJzY2hlbWFfdmVyc2lvbiI6IjIifQ==",
          "dependencies": [
            "docker_image.api_service_frontend_build",
            "docker_network.gateway_net",
            "docker_volume.api_dist"
          ]
        }
      ]
    },
    {
      "mode": "managed",
      "type": "docker_container",
      "name": "bank_frontend_build",
      "provider": "provider[\"registry.terraform.io/kreuzwerker/docker\"]",
      "instances": [
        {
          "schema_version": 2,
          "attributes": {
            "attach": false,
            "bridge": "",
            "capabilities": [],
            "cgroup_parent": null,
            "cgroupns_mode": null,
            "command": [
              "sleep",
              "infinity"
            ],
            "container_logs": null,
            "container_read_refresh_timeout_milliseconds": 15000,
            "cpu_period": null,
            "cpu_quota": null,
            "cpu_set": "",
            "cpu_shares": 0,
            "cpus": null,
            "destroy_grace_seconds": 30,
            "devices": [],
            "dns": null,
            "dns_opts": null,
            "dns_search": null,
            "domainname": "",
            "entrypoint": [],
            "env": [],
            "exit_code": null,
            "gpus": null,
            "group_add": null,
            "healthcheck": null,
            "host": [],
            "hostname": "d2a0b9f5cd34",
            "id": "d2a0b9f5cd346e6551ba8311aac9e8bd1b63e58ee158ecd07e4955dd07eab991",
            "image": "bank-frontend-build:latest",
            "init": false,
            "ipc_mode": "private",
            "labels": [],
            "log_driver": "json-file",
            "log_opts": null,
            "logs": false,
            "max_retry_count": 0,
            "memory": 0,
            "memory_reservation": 0,
            "memory_swap": 0,
            "mounts": [
              {
                "bind_options": [],
                "read_only": null,
                "source": "gateway_bank-dist",
                "target": "/dist",
                "tmpfs_options": [],
                "type": "volume",
                "volume_options": []
              }
            ],
            "must_run": true,
            "name": "bank-frontend-build",
            "network_data": [
              {
                "gateway": "172.19.0.1",
                "global_ipv6_address": "",
                "global_ipv6_prefix_length": 0,
                "ip_address": "172.19.0.21",
                "ip_prefix_length": 16,
                "ipv6_gateway": "",
                "mac_address": "7a:23:ce:b5:ae:93",
                "network_name": "gateway-net"
              }
            ],
            "network_mode": "bridge",
            "networks_advanced": [
              {
                "aliases": [],
                "ipv4_address": "",
                "ipv6_address": "",
                "mac_address": "",
                "name": "gateway-net"
              }
            ],
            "pid_mode": "",
            "ports": [],
            "privileged": false,
            "publish_all_ports": false,
            "read_only": false,
            "remove_volumes": true,
            "restart": "no",
            "rm": false,
            "runtime": "runc",
            "security_opts": [],
            "shm_size": 64,
            "start": true,
            "stdin_open": false,
            "stop_signal": "",
            "stop_timeout": 1,
            "storage_opts": null,
            "sysctls": null,
            "tmpfs": null,
            "tty": false,
            "ulimit": [],
            "upload": [],
            "user": "",
            "userns_mode": "",
            "volumes": [],
            "wait": false,
            "wait_timeout": 60,
            "working_dir": "/dist"
          },
          "sensitive_attributes": [],
          "identity_schema_version": 0,
          "private": "eyJzY2hlbWFfdmVyc2lvbiI6IjIifQ==",
          "dependencies": [
            "docker_image.bank_frontend_build",
            "docker_network.gateway_net",
            "docker_volume.bank_dist"
          ]
        }
      ]
    },
    {
      "mode": "managed",
      "type": "docker_container",
      "name": "bank_postgres",
      "provider": "provider[\"registry.terraform.io/kreuzwerker/docker\"]",
      "instances": [
        {
          "schema_version": 2,
          "attributes": {
            "attach": false,
            "bridge": "",
            "capabilities": [],
            "cgroup_parent": null,
            "cgroupns_mode": null,
            "command": [
              "postgres"
            ],
            "container_logs": null,
            "container_read_refresh_timeout_milliseconds": 15000,
            "cpu_period": null,
            "cpu_quota": null,
            "cpu_set": "",
            "cpu_shares": 0,
            "cpus": null,
            "destroy_grace_seconds": 30,
            "devices": [],
            "dns": [],
            "dns_opts": [],
            "dns_search": [],
            "domainname": "",
            "entrypoint": [
              "docker-entrypoint.sh"
            ],
            "env": [
              "POSTGRES_DB=bank",
              "POSTGRES_PASSWORD=bankmanagement@2008",
              "POSTGRES_USER=bankmanagement"
            ],
            "exit_code": null,
            "gpus": null,
            "group_add": [],
            "healthcheck": [],
            "host": [],
            "hostname": "47ff0987cfdb",
            "id": "47ff0987cfdbfe53029966a6f856d6ed569b3a4c2be3c5512814f5d4db6e3d8c",
            "image": "postgres:16-alpine",
            "init": false,
            "ipc_mode": "private",
            "labels": [],
            "log_driver": "json-file",
            "log_opts": {},
            "logs": false,
            "max_retry_count": 0,
            "memory": 0,
            "memory_reservation": 0,
            "memory_swap": 0,
            "mounts": [
              {
                "bind_options": [],
                "read_only": false,
                "source": "gateway_bank-pgdata",
                "target": "/var/lib/postgresql/data",
                "tmpfs_options": [],
                "type": "volume",
                "volume_options": []
              }
            ],
            "must_run": true,
            "name": "bank-postgres",
            "network_data": [
              {
                "gateway": "172.19.0.1",
                "global_ipv6_address": "",
                "global_ipv6_prefix_length": 0,
                "ip_address": "172.19.0.4",
                "ip_prefix_length": 16,
                "ipv6_gateway": "",
                "mac_address": "d2:ea:cf:e7:a9:b9",
                "network_name": "gateway-net"
              }
            ],
            "network_mode": "bridge",
            "networks_advanced": [
              {
                "aliases": [],
                "ipv4_address": "",
                "ipv6_address": "",
                "mac_address": "",
                "name": "gateway-net"
              }
            ],
            "pid_mode": "",
            "ports": [],
            "privileged": false,
            "publish_all_ports": false,
            "read_only": false,
            "remove_volumes": true,
            "restart": "always",
            "rm": false,
            "runtime": "runc",
            "security_opts": [],
            "shm_size": 64,
            "start": true,
            "stdin_open": false,
            "stop_signal": "SIGINT",
            "stop_timeout": 1,
            "storage_opts": {},
            "sysctls": {},
            "tmpfs": {},
            "tty": false,
            "ulimit": [],
            "upload": [],
            "user": "",
            "userns_mode": "",
            "volumes": [],
            "wait": false,
            "wait_timeout": 60,
            "working_dir": "/"
          },
          "sensitive_attributes": [
            [
              {
                "type": "get_attr",
                "value": "env"
              }
            ]
          ],
          "identity_schema_version": 0,
          "private": "eyJzY2hlbWFfdmVyc2lvbiI6IjIifQ==",
          "dependencies": [
            "docker_network.gateway_net",
            "docker_volume.bank_pgdata"
          ]
        }
      ]
    },
    {
      "mode": "managed",
      "type": "docker_container",
      "name": "blog_db",
      "provider": "provider[\"registry.terraform.io/kreuzwerker/docker\"]",
      "instances": [
        {
          "schema_version": 2,
          "attributes": {
            "attach": false,
            "bridge": "",
            "capabilities": [],
            "cgroup_parent": null,
            "cgroupns_mode": null,
            "command": [
              "mysqld"
            ],
            "container_logs": null,
            "container_read_refresh_timeout_milliseconds": 15000,
            "cpu_period": null,
            "cpu_quota": null,
            "cpu_set": "",
            "cpu_shares": 0,
            "cpus": null,
            "destroy_grace_seconds": null,
            "devices": [],
            "dns": [],
            "dns_opts": [],
            "dns_search": [],
            "domainname": "",
            "entrypoint": [
              "docker-entrypoint.sh"
            ],
            "env": [
              "MYSQL_DATABASE=blog_db",
              "MYSQL_ROOT_PASSWORD=saisakthi2008"
            ],
            "exit_code": null,
            "gpus": null,
            "group_add": [],
            "healthcheck": [
              {
                "interval": "10s",
                "retries": 5,
                "start_interval": "0s",
                "start_period": "30s",
                "test": [
                  "CMD",
                  "mysqladmin",
                  "ping",
                  "-h",
                  "localhost",
                  "-u",
                  "root",
                  "-psaisakthi2008"
                ],
                "timeout": "5s"
              }
            ],
            "host": [],
            "hostname": "307d32942e83",
            "id": "307d32942e839336be4197f625c08f3c668f484020624e55bba420fd8ba4ca8d",
            "image": "mysql:8.0",
            "init": false,
            "ipc_mode": "private",
            "labels": [],
            "log_driver": "json-file",
            "log_opts": {},
            "logs": false,
            "max_retry_count": 0,
            "memory": 0,
            "memory_reservation": 0,
            "memory_swap": 0,
            "mounts": [
              {
                "bind_options": [],
                "read_only": false,
                "source": "gateway_blog-mysql",
                "target": "/var/lib/mysql",
                "tmpfs_options": [],
                "type": "volume",
                "volume_options": []
              }
            ],
            "must_run": true,
            "name": "blog-db",
            "network_data": [
              {
                "gateway": "172.19.0.1",
                "global_ipv6_address": "",
                "global_ipv6_prefix_length": 0,
                "ip_address": "172.19.0.15",
                "ip_prefix_length": 16,
                "ipv6_gateway": "",
                "mac_address": "c2:cb:42:4d:72:77",
                "network_name": "gateway-net"
              }
            ],
            "network_mode": "bridge",
            "networks_advanced": [
              {
                "aliases": [],
                "ipv4_address": "",
                "ipv6_address": "",
                "mac_address": "",
                "name": "gateway-net"
              }
            ],
            "pid_mode": "",
            "ports": [],
            "privileged": false,
            "publish_all_ports": false,
            "read_only": false,
            "remove_volumes": true,
            "restart": "always",
            "rm": false,
            "runtime": "runc",
            "security_opts": [],
            "shm_size": 64,
            "start": true,
            "stdin_open": false,
            "stop_signal": "",
            "stop_timeout": 1,
            "storage_opts": {},
            "sysctls": {},
            "tmpfs": {},
            "tty": false,
            "ulimit": [],
            "upload": [],
            "user": "",
            "userns_mode": "",
            "volumes": [],
            "wait": false,
            "wait_timeout": 60,
            "working_dir": "/"
          },
          "sensitive_attributes": [
            [
              {
                "type": "get_attr",
                "value": "env"
              }
            ],
            [
              {
                "type": "get_attr",
                "value": "healthcheck"
              },
              {
                "type": "index",
                "value": {
                  "value": 0,
                  "type": "number"
                }
              },
              {
                "type": "get_attr",
                "value": "test"
              },
              {
                "type": "index",
                "value": {
                  "value": 7,
                  "type": "number"
                }
              }
            ]
          ],
          "identity_schema_version": 0,
          "private": "eyJzY2hlbWFfdmVyc2lvbiI6IjIifQ==",
          "dependencies": [
            "docker_network.gateway_net",
            "docker_volume.blog_mysql"
          ]
        }
      ]
    },
    {
      "mode": "managed",
      "type": "docker_container",
      "name": "blog_minio",
      "provider": "provider[\"registry.terraform.io/kreuzwerker/docker\"]",
      "instances": [
        {
          "schema_version": 2,
          "attributes": {
            "attach": false,
            "bridge": "",
            "capabilities": [],
            "cgroup_parent": null,
            "cgroupns_mode": null,
            "command": [
              "server",
              "/data",
              "--console-address",
              ":9091"
            ],
            "container_logs": null,
            "container_read_refresh_timeout_milliseconds": 15000,
            "cpu_period": null,
            "cpu_quota": null,
            "cpu_set": "",
            "cpu_shares": 0,
            "cpus": null,
            "destroy_grace_seconds": null,
            "devices": [],
            "dns": [],
            "dns_opts": [],
            "dns_search": [],
            "domainname": "",
            "entrypoint": [
              "/usr/bin/docker-entrypoint.sh"
            ],
            "env": [
              "MINIO_ROOT_PASSWORD=password123",
              "MINIO_ROOT_USER=admin"
            ],
            "exit_code": null,
            "gpus": null,
            "group_add": [],
            "healthcheck": [
              {
                "interval": "10s",
                "retries": 5,
                "start_interval": "0s",
                "start_period": "20s",
                "test": [
                  "CMD",
                  "curl",
                  "-f",
                  "http://localhost:9000/minio/health/live"
                ],
                "timeout": "5s"
              }
            ],
            "host": [],
            "hostname": "f45e5e1bde99",
            "id": "f45e5e1bde99a1a777e19138e37328d282e031697a6cb53af5e9b74535c8ff60",
            "image": "quay.io/minio/minio:latest",
            "init": false,
            "ipc_mode": "private",
            "labels": [],
            "log_driver": "json-file",
            "log_opts": {},
            "logs": false,
            "max_retry_count": 0,
            "memory": 0,
            "memory_reservation": 0,
            "memory_swap": 0,
            "mounts": [
              {
                "bind_options": [],
                "read_only": false,
                "source": "gateway_blog-minio",
                "target": "/data",
                "tmpfs_options": [],
                "type": "volume",
                "volume_options": []
              }
            ],
            "must_run": true,
            "name": "blog-minio",
            "network_data": [
              {
                "gateway": "172.19.0.1",
                "global_ipv6_address": "",
                "global_ipv6_prefix_length": 0,
                "ip_address": "172.19.0.13",
                "ip_prefix_length": 16,
                "ipv6_gateway": "",
                "mac_address": "c6:38:7b:55:d1:69",
                "network_name": "gateway-net"
              }
            ],
            "network_mode": "bridge",
            "networks_advanced": [
              {
                "aliases": [],
                "ipv4_address": "",
                "ipv6_address": "",
                "mac_address": "",
                "name": "gateway-net"
              }
            ],
            "pid_mode": "",
            "ports": [],
            "privileged": false,
            "publish_all_ports": false,
            "read_only": false,
            "remove_volumes": true,
            "restart": "always",
            "rm": false,
            "runtime": "runc",
            "security_opts": [],
            "shm_size": 64,
            "start": true,
            "stdin_open": false,
            "stop_signal": "",
            "stop_timeout": 1,
            "storage_opts": {},
            "sysctls": {},
            "tmpfs": {},
            "tty": false,
            "ulimit": [],
            "upload": [],
            "user": "",
            "userns_mode": "",
            "volumes": [],
            "wait": false,
            "wait_timeout": 60,
            "working_dir": "/"
          },
          "sensitive_attributes": [
            [
              {
                "type": "get_attr",
                "value": "env"
              }
            ]
          ],
          "identity_schema_version": 0,
          "private": "eyJzY2hlbWFfdmVyc2lvbiI6IjIifQ==",
          "dependencies": [
            "docker_network.gateway_net",
            "docker_volume.blog_minio"
          ]
        }
      ]
    },
    {
      "mode": "managed",
      "type": "docker_container",
      "name": "blog_minio_init",
      "provider": "provider[\"registry.terraform.io/kreuzwerker/docker\"]",
      "instances": [
        {
          "schema_version": 2,
          "attributes": {
            "attach": false,
            "bridge": "",
            "capabilities": [],
            "cgroup_parent": null,
            "cgroupns_mode": null,
            "command": [
              "until mc alias set blogminio http://blog-minio:9000 admin password123; do\n  echo \"Waiting for MinIO...\"; sleep 2;\ndone\nmc mb --ignore-existing blogminio/blog-media\nmc anonymous set download blogminio/blog-media\necho \"Bucket setup complete!\"\n"
            ],
            "container_logs": null,
            "container_read_refresh_timeout_milliseconds": 15000,
            "cpu_period": null,
            "cpu_quota": null,
            "cpu_set": "",
            "cpu_shares": 0,
            "cpus": null,
            "destroy_grace_seconds": null,
            "devices": [],
            "dns": [],
            "dns_opts": [],
            "dns_search": [],
            "domainname": "",
            "entrypoint": [
              "/bin/sh",
              "-c"
            ],
            "env": [],
            "exit_code": 0,
            "gpus": null,
            "group_add": [],
            "healthcheck": [],
            "host": [],
            "hostname": "9ed94e9033c3",
            "id": "9ed94e9033c35d64bc7f5d20f84646f5dfc79bc96d6956f56f54a7ec60aa5106",
            "image": "quay.io/minio/mc:latest",
            "init": false,
            "ipc_mode": "private",
            "labels": [],
            "log_driver": "json-file",
            "log_opts": {},
            "logs": false,
            "max_retry_count": 0,
            "memory": 0,
            "memory_reservation": 0,
            "memory_swap": 0,
            "mounts": [],
            "must_run": false,
            "name": "blog-minio-init",
            "network_data": [
              {
                "gateway": "",
                "global_ipv6_address": "",
                "global_ipv6_prefix_length": 0,
                "ip_address": "",
                "ip_prefix_length": 0,
                "ipv6_gateway": "",
                "mac_address": "",
                "network_name": "gateway-net"
              }
            ],
            "network_mode": "bridge",
            "networks_advanced": [
              {
                "aliases": [],
                "ipv4_address": "",
                "ipv6_address": "",
                "mac_address": "",
                "name": "gateway-net"
              }
            ],
            "pid_mode": "",
            "ports": [],
            "privileged": false,
            "publish_all_ports": false,
            "read_only": false,
            "remove_volumes": true,
            "restart": "no",
            "rm": false,
            "runtime": "runc",
            "security_opts": [],
            "shm_size": 64,
            "start": true,
            "stdin_open": false,
            "stop_signal": "",
            "stop_timeout": 1,
            "storage_opts": {},
            "sysctls": {},
            "tmpfs": {},
            "tty": false,
            "ulimit": [],
            "upload": [],
            "user": "",
            "userns_mode": "",
            "volumes": [],
            "wait": false,
            "wait_timeout": 60,
            "working_dir": "/"
          },
          "sensitive_attributes": [
            [
              {
                "type": "get_attr",
                "value": "command"
              },
              {
                "type": "index",
                "value": {
                  "value": 0,
                  "type": "number"
                }
              }
            ]
          ],
          "identity_schema_version": 0,
          "private": "eyJzY2hlbWFfdmVyc2lvbiI6IjIifQ==",
          "dependencies": [
            "docker_container.blog_minio",
            "docker_network.gateway_net",
            "docker_volume.blog_minio"
          ]
        }
      ]
    },
    {
      "mode": "managed",
      "type": "docker_container",
      "name": "compiler_db",
      "provider": "provider[\"registry.terraform.io/kreuzwerker/docker\"]",
      "instances": [
        {
          "schema_version": 2,
          "attributes": {
            "attach": false,
            "bridge": "",
            "capabilities": [],
            "cgroup_parent": null,
            "cgroupns_mode": null,
            "command": [
              "./dbserver"
            ],
            "container_logs": null,
            "container_read_refresh_timeout_milliseconds": 15000,
            "cpu_period": null,
            "cpu_quota": null,
            "cpu_set": "",
            "cpu_shares": 0,
            "cpus": null,
            "destroy_grace_seconds": 30,
            "devices": [],
            "dns": null,
            "dns_opts": null,
            "dns_search": null,
            "domainname": "",
            "entrypoint": [],
            "env": [],
            "exit_code": null,
            "gpus": null,
            "group_add": null,
            "healthcheck": [
              {
                "interval": "5s",
                "retries": 5,
                "start_interval": "0s",
                "start_period": "5s",
                "test": [
                  "CMD-SHELL",
                  "curl -sf 'http://localhost:8080/search?database_name=x\u0026table_name=y\u0026id=1' || exit 0"
                ],
                "timeout": "3s"
              }
            ],
            "host": [],
            "hostname": "2f38d3632a53",
            "id": "2f38d3632a536b5295f9b1023d63578d91d8e9750f2a5246cc20ef6fbf7b8077",
            "image": "sha256:df49f21ee4e51f747658abdcd641c470cfc7d700c0b1460bc58880a72d8503b5",
            "init": false,
            "ipc_mode": "private",
            "labels": [],
            "log_driver": "json-file",
            "log_opts": null,
            "logs": false,
            "max_retry_count": 0,
            "memory": 0,
            "memory_reservation": 0,
            "memory_swap": 0,
            "mounts": [
              {
                "bind_options": [],
                "read_only": null,
                "source": "gateway_compiler-db-data",
                "target": "/app/data",
                "tmpfs_options": [],
                "type": "volume",
                "volume_options": []
              }
            ],
            "must_run": true,
            "name": "compiler-db",
            "network_data": [
              {
                "gateway": "172.19.0.1",
                "global_ipv6_address": "",
                "global_ipv6_prefix_length": 0,
                "ip_address": "172.19.0.26",
                "ip_prefix_length": 16,
                "ipv6_gateway": "",
                "mac_address": "ae:7c:14:f5:05:33",
                "network_name": "gateway-net"
              }
            ],
            "network_mode": "bridge",
            "networks_advanced": [
              {
                "aliases": [],
                "ipv4_address": "",
                "ipv6_address": "",
                "mac_address": "",
                "name": "gateway-net"
              }
            ],
            "pid_mode": "",
            "ports": [],
            "privileged": false,
            "publish_all_ports": false,
            "read_only": false,
            "remove_volumes": true,
            "restart": "unless-stopped",
            "rm": false,
            "runtime": "runc",
            "security_opts": [],
            "shm_size": 64,
            "start": true,
            "stdin_open": false,
            "stop_signal": "",
            "stop_timeout": 1,
            "storage_opts": null,
            "sysctls": null,
            "tmpfs": null,
            "tty": false,
            "ulimit": [],
            "upload": [],
            "user": "",
            "userns_mode": "",
            "volumes": [],
            "wait": false,
            "wait_timeout": 60,
            "working_dir": "/app"
          },
          "sensitive_attributes": [],
          "identity_schema_version": 0,
          "private": "eyJzY2hlbWFfdmVyc2lvbiI6IjIifQ==",
          "dependencies": [
            "docker_image.compiler_db",
            "docker_network.gateway_net",
            "docker_volume.compiler_db_data"
          ]
        }
      ]
    },
    {
      "mode": "managed",
      "type": "docker_container",
      "name": "doc_frontend_build",
      "provider": "provider[\"registry.terraform.io/kreuzwerker/docker\"]",
      "instances": [
        {
          "schema_version": 2,
          "attributes": {
            "attach": false,
            "bridge": "",
            "capabilities": [],
            "cgroup_parent": null,
            "cgroupns_mode": null,
            "command": [
              "sh",
              "-c",
              "cp -r /dist/. /output/ \u0026\u0026 echo 'Done'"
            ],
            "container_logs": null,
            "container_read_refresh_timeout_milliseconds": 15000,
            "cpu_period": null,
            "cpu_quota": null,
            "cpu_set": "",
            "cpu_shares": 0,
            "cpus": null,
            "destroy_grace_seconds": 30,
            "devices": [],
            "dns": [],
            "dns_opts": [],
            "dns_search": [],
            "domainname": "",
            "entrypoint": [],
            "env": [],
            "exit_code": 0,
            "gpus": null,
            "group_add": [],
            "healthcheck": [],
            "host": [],
            "hostname": "ea7c12602c06",
            "id": "ea7c12602c06e5f4aca59de92ff12a29e221dbbbfa89a9ee046fdb98da2c295d",
            "image": "documentintelligenceplatform-frontend:latest",
            "init": false,
            "ipc_mode": "private",
            "labels": [],
            "log_driver": "json-file",
            "log_opts": {},
            "logs": false,
            "max_retry_count": 0,
            "memory": 0,
            "memory_reservation": 0,
            "memory_swap": 0,
            "mounts": [
              {
                "bind_options": [],
                "read_only": false,
                "source": "gateway_doc-dist",
                "target": "/output",
                "tmpfs_options": [],
                "type": "volume",
                "volume_options": []
              }
            ],
            "must_run": false,
            "name": "doc-frontend-build",
            "network_data": [
              {
                "gateway": "",
                "global_ipv6_address": "",
                "global_ipv6_prefix_length": 0,
                "ip_address": "",
                "ip_prefix_length": 0,
                "ipv6_gateway": "",
                "mac_address": "",
                "network_name": "gateway-net"
              }
            ],
            "network_mode": "bridge",
            "networks_advanced": [
              {
                "aliases": [],
                "ipv4_address": "",
                "ipv6_address": "",
                "mac_address": "",
                "name": "gateway-net"
              }
            ],
            "pid_mode": "",
            "ports": [],
            "privileged": false,
            "publish_all_ports": false,
            "read_only": false,
            "remove_volumes": true,
            "restart": "no",
            "rm": false,
            "runtime": "runc",
            "security_opts": [],
            "shm_size": 64,
            "start": true,
            "stdin_open": false,
            "stop_signal": "",
            "stop_timeout": 1,
            "storage_opts": {},
            "sysctls": {},
            "tmpfs": {},
            "tty": false,
            "ulimit": [],
            "upload": [],
            "user": "",
            "userns_mode": "",
            "volumes": [],
            "wait": false,
            "wait_timeout": 60,
            "working_dir": "/"
          },
          "sensitive_attributes": [],
          "identity_schema_version": 0,
          "private": "eyJzY2hlbWFfdmVyc2lvbiI6IjIifQ==",
          "dependencies": [
            "docker_image.doc_frontend_build",
            "docker_network.gateway_net",
            "docker_volume.doc_dist"
          ]
        }
      ]
    },
    {
      "mode": "managed",
      "type": "docker_container",
      "name": "doc_minio",
      "provider": "provider[\"registry.terraform.io/kreuzwerker/docker\"]",
      "instances": [
        {
          "schema_version": 2,
          "attributes": {
            "attach": false,
            "bridge": "",
            "capabilities": [],
            "cgroup_parent": null,
            "cgroupns_mode": null,
            "command": [
              "server",
              "/data",
              "--console-address",
              ":9001"
            ],
            "container_logs": null,
            "container_read_refresh_timeout_milliseconds": 15000,
            "cpu_period": null,
            "cpu_quota": null,
            "cpu_set": "",
            "cpu_shares": 0,
            "cpus": null,
            "destroy_grace_seconds": 30,
            "devices": [],
            "dns": [],
            "dns_opts": [],
            "dns_search": [],
            "domainname": "",
            "entrypoint": [
              "/usr/bin/docker-entrypoint.sh"
            ],
            "env": [
              "MINIO_ROOT_PASSWORD=password123",
              "MINIO_ROOT_USER=admin"
            ],
            "exit_code": null,
            "gpus": null,
            "group_add": [],
            "healthcheck": [],
            "host": [],
            "hostname": "adebecf9fd74",
            "id": "adebecf9fd74488f9d9e67a33e06bb545e8dcbd29a981efc45c205f629d559d7",
            "image": "quay.io/minio/minio:latest",
            "init": false,
            "ipc_mode": "private",
            "labels": [],
            "log_driver": "json-file",
            "log_opts": {},
            "logs": false,
            "max_retry_count": 0,
            "memory": 0,
            "memory_reservation": 0,
            "memory_swap": 0,
            "mounts": [
              {
                "bind_options": [],
                "read_only": false,
                "source": "gateway_doc-minio",
                "target": "/data",
                "tmpfs_options": [],
                "type": "volume",
                "volume_options": []
              }
            ],
            "must_run": true,
            "name": "doc-minio",
            "network_data": [
              {
                "gateway": "172.19.0.1",
                "global_ipv6_address": "",
                "global_ipv6_prefix_length": 0,
                "ip_address": "172.19.0.11",
                "ip_prefix_length": 16,
                "ipv6_gateway": "",
                "mac_address": "a2:1e:98:29:9f:44",
                "network_name": "gateway-net"
              }
            ],
            "network_mode": "bridge",
            "networks_advanced": [
              {
                "aliases": [],
                "ipv4_address": "",
                "ipv6_address": "",
                "mac_address": "",
                "name": "gateway-net"
              }
            ],
            "pid_mode": "",
            "ports": [],
            "privileged": false,
            "publish_all_ports": false,
            "read_only": false,
            "remove_volumes": true,
            "restart": "always",
            "rm": false,
            "runtime": "runc",
            "security_opts": [],
            "shm_size": 64,
            "start": true,
            "stdin_open": false,
            "stop_signal": "",
            "stop_timeout": 1,
            "storage_opts": {},
            "sysctls": {},
            "tmpfs": {},
            "tty": false,
            "ulimit": [],
            "upload": [],
            "user": "",
            "userns_mode": "",
            "volumes": [],
            "wait": false,
            "wait_timeout": 60,
            "working_dir": "/"
          },
          "sensitive_attributes": [
            [
              {
                "type": "get_attr",
                "value": "env"
              }
            ]
          ],
          "identity_schema_version": 0,
          "private": "eyJzY2hlbWFfdmVyc2lvbiI6IjIifQ==",
          "dependencies": [
            "docker_network.gateway_net",
            "docker_volume.doc_minio"
          ]
        }
      ]
    },
    {
      "mode": "managed",
      "type": "docker_container",
      "name": "doc_mysql",
      "provider": "provider[\"registry.terraform.io/kreuzwerker/docker\"]",
      "instances": [
        {
          "schema_version": 2,
          "attributes": {
            "attach": false,
            "bridge": "",
            "capabilities": [],
            "cgroup_parent": null,
            "cgroupns_mode": null,
            "command": [
              "mysqld"
            ],
            "container_logs": null,
            "container_read_refresh_timeout_milliseconds": 15000,
            "cpu_period": null,
            "cpu_quota": null,
            "cpu_set": "",
            "cpu_shares": 0,
            "cpus": null,
            "destroy_grace_seconds": null,
            "devices": [],
            "dns": [],
            "dns_opts": [],
            "dns_search": [],
            "domainname": "",
            "entrypoint": [
              "docker-entrypoint.sh"
            ],
            "env": [
              "MYSQL_DATABASE=book_db",
              "MYSQL_ROOT_PASSWORD=saisakthi2008"
            ],
            "exit_code": null,
            "gpus": null,
            "group_add": [],
            "healthcheck": [
              {
                "interval": "10s",
                "retries": 5,
                "start_interval": "0s",
                "start_period": "30s",
                "test": [
                  "CMD",
                  "mysqladmin",
                  "ping",
                  "-h",
                  "localhost",
                  "-u",
                  "root",
                  "-psaisakthi2008"
                ],
                "timeout": "5s"
              }
            ],
            "host": [],
            "hostname": "b54cfcdf8958",
            "id": "b54cfcdf8958848c28265317123e8fd8ce4b8a2fd8ff6754cf9a2ae40498e54f",
            "image": "mysql:8.0",
            "init": false,
            "ipc_mode": "private",
            "labels": [],
            "log_driver": "json-file",
            "log_opts": {},
            "logs": false,
            "max_retry_count": 0,
            "memory": 0,
            "memory_reservation": 0,
            "memory_swap": 0,
            "mounts": [
              {
                "bind_options": [],
                "read_only": false,
                "source": "gateway_doc-mysql",
                "target": "/var/lib/mysql",
                "tmpfs_options": [],
                "type": "volume",
                "volume_options": []
              }
            ],
            "must_run": true,
            "name": "doc-mysql",
            "network_data": [
              {
                "gateway": "172.19.0.1",
                "global_ipv6_address": "",
                "global_ipv6_prefix_length": 0,
                "ip_address": "172.19.0.9",
                "ip_prefix_length": 16,
                "ipv6_gateway": "",
                "mac_address": "b6:f4:79:cd:02:5a",
                "network_name": "gateway-net"
              }
            ],
            "network_mode": "bridge",
            "networks_advanced": [
              {
                "aliases": [],
                "ipv4_address": "",
                "ipv6_address": "",
                "mac_address": "",
                "name": "gateway-net"
              }
            ],
            "pid_mode": "",
            "ports": [],
            "privileged": false,
            "publish_all_ports": false,
            "read_only": false,
            "remove_volumes": true,
            "restart": "always",
            "rm": false,
            "runtime": "runc",
            "security_opts": [],
            "shm_size": 64,
            "start": true,
            "stdin_open": false,
            "stop_signal": "",
            "stop_timeout": 1,
            "storage_opts": {},
            "sysctls": {},
            "tmpfs": {},
            "tty": false,
            "ulimit": [],
            "upload": [],
            "user": "",
            "userns_mode": "",
            "volumes": [],
            "wait": false,
            "wait_timeout": 60,
            "working_dir": "/"
          },
          "sensitive_attributes": [
            [
              {
                "type": "get_attr",
                "value": "env"
              }
            ],
            [
              {
                "type": "get_attr",
                "value": "healthcheck"
              },
              {
                "type": "index",
                "value": {
                  "value": 0,
                  "type": "number"
                }
              },
              {
                "type": "get_attr",
                "value": "test"
              },
              {
                "type": "index",
                "value": {
                  "value": 7,
                  "type": "number"
                }
              }
            ]
          ],
          "identity_schema_version": 0,
          "private": "eyJzY2hlbWFfdmVyc2lvbiI6IjIifQ==",
          "dependencies": [
            "docker_network.gateway_net",
            "docker_volume.doc_mysql"
          ]
        }
      ]
    },
    {
      "mode": "managed",
      "type": "docker_container",
      "name": "jenkins",
      "provider": "provider[\"registry.terraform.io/kreuzwerker/docker\"]",
      "instances": [
        {
          "schema_version": 2,
          "attributes": {
            "attach": false,
            "bridge": "",
            "capabilities": [],
            "cgroup_parent": null,
            "cgroupns_mode": null,
            "command": [],
            "container_logs": null,
            "container_read_refresh_timeout_milliseconds": 15000,
            "cpu_period": null,
            "cpu_quota": null,
            "cpu_set": "",
            "cpu_shares": 0,
            "cpus": null,
            "destroy_grace_seconds": null,
            "devices": [],
            "dns": [],
            "dns_opts": [],
            "dns_search": [],
            "domainname": "",
            "entrypoint": [
              "/usr/bin/tini",
              "--",
              "/usr/local/bin/jenkins.sh"
            ],
            "env": [
              "JAVA_OPTS=-Djava.awt.headless=true -Dhudson.security.csrf.GlobalCrumbIssuerConfiguration.DISABLE_CSRF_PROTECTION=true",
              "JENKINS_OPTS=--prefix=/jenkins"
            ],
            "exit_code": null,
            "gpus": null,
            "group_add": [],
            "healthcheck": [],
            "host": [],
            "hostname": "ee6af0bc4ac5",
            "id": "ee6af0bc4ac547d1fa7e8245a4881abedc4a4570cd0cc44b18a468d02f98b15f",
            "image": "sha256:01c992ffef29dcf41c7164e8c16285c657c2368c4943dda8d68c93fdf54447d5",
            "init": false,
            "ipc_mode": "private",
            "labels": [],
            "log_driver": "json-file",
            "log_opts": {},
            "logs": false,
            "max_retry_count": 0,
            "memory": 0,
            "memory_reservation": 0,
            "memory_swap": 0,
            "mounts": [],
            "must_run": true,
            "name": "jenkins",
            "network_data": [
              {
                "gateway": "172.19.0.1",
                "global_ipv6_address": "",
                "global_ipv6_prefix_length": 0,
                "ip_address": "172.19.0.6",
                "ip_prefix_length": 16,
                "ipv6_gateway": "",
                "mac_address": "0e:91:d8:69:75:b3",
                "network_name": "gateway-net"
              }
            ],
            "network_mode": "bridge",
            "networks_advanced": [
              {
                "aliases": [],
                "ipv4_address": "",
                "ipv6_address": "",
                "mac_address": "",
                "name": "gateway-net"
              }
            ],
            "pid_mode": "",
            "ports": [
              {
                "external": 8090,
                "internal": 8080,
                "ip": "0.0.0.0",
                "protocol": "tcp"
              },
              {
                "external": 50000,
                "internal": 50000,
                "ip": "0.0.0.0",
                "protocol": "tcp"
              }
            ],
            "privileged": false,
            "publish_all_ports": false,
            "read_only": false,
            "remove_volumes": true,
            "restart": "unless-stopped",
            "rm": false,
            "runtime": "runc",
            "security_opts": [],
            "shm_size": 64,
            "start": true,
            "stdin_open": false,
            "stop_signal": "",
            "stop_timeout": 1,
            "storage_opts": {},
            "sysctls": {},
            "tmpfs": {},
            "tty": false,
            "ulimit": [],
            "upload": [],
            "user": "jenkins",
            "userns_mode": "",
            "volumes": [
              {
                "container_path": "/var/jenkins_home",
                "from_container": "",
                "host_path": "",
                "read_only": false,
                "volume_name": "jenkins_home"
              },
              {
                "container_path": "/var/run/docker.sock",
                "from_container": "",
                "host_path": "/var/run/docker.sock",
                "read_only": false,
                "volume_name": ""
              }
            ],
            "wait": false,
            "wait_timeout": 60,
            "working_dir": ""
          },
          "sensitive_attributes": [],
          "identity_schema_version": 0,
          "private": "eyJzY2hlbWFfdmVyc2lvbiI6IjIifQ==",
          "dependencies": [
            "docker_image.jenkins",
            "docker_network.gateway_net",
            "docker_volume.jenkins_home"
          ]
        }
      ]
    },
    {
      "mode": "managed",
      "type": "docker_container",
      "name": "jenkins_agent",
      "provider": "provider[\"registry.terraform.io/kreuzwerker/docker\"]",
      "instances": [
        {
          "schema_version": 2,
          "attributes": {
            "attach": false,
            "bridge": "",
            "capabilities": [],
            "cgroup_parent": null,
            "cgroupns_mode": null,
            "command": [],
            "container_logs": null,
            "container_read_refresh_timeout_milliseconds": 15000,
            "cpu_period": null,
            "cpu_quota": null,
            "cpu_set": "",
            "cpu_shares": 0,
            "cpus": null,
            "destroy_grace_seconds": null,
            "devices": [],
            "dns": [],
            "dns_opts": [],
            "dns_search": [],
            "domainname": "",
            "entrypoint": [
              "/usr/local/bin/jenkins-agent"
            ],
            "env": [
              "JENKINS_AGENT_NAME=Worker",
              "JENKINS_AGENT_WORKDIR=/home/jenkins/agent",
              "JENKINS_SECRET=af8a382676b767a8d8a33aaf1824256892d08a8f1fb6ff98ec0070fbbf689c66",
              "JENKINS_URL=http://jenkins:8080/jenkins/"
            ],
            "exit_code": null,
            "gpus": null,
            "group_add": [],
            "healthcheck": [],
            "host": [],
            "hostname": "a642e34a6c43",
            "id": "a642e34a6c43bbd057a1a9806985d83d1b79212aff2373d7a0feedd864cdf133",
            "image": "sha256:75e7c4f8ea2978657efb128477cb947f224fbcfa279864cc6f27ce4038885e64",
            "init": false,
            "ipc_mode": "private",
            "labels": [],
            "log_driver": "json-file",
            "log_opts": {},
            "logs": false,
            "max_retry_count": 0,
            "memory": 0,
            "memory_reservation": 0,
            "memory_swap": 0,
            "mounts": [],
            "must_run": true,
            "name": "jenkins-agent",
            "network_data": [
              {
                "gateway": "172.19.0.1",
                "global_ipv6_address": "",
                "global_ipv6_prefix_length": 0,
                "ip_address": "172.19.0.17",
                "ip_prefix_length": 16,
                "ipv6_gateway": "",
                "mac_address": "12:a8:71:50:f6:bb",
                "network_name": "gateway-net"
              }
            ],
            "network_mode": "bridge",
            "networks_advanced": [
              {
                "aliases": [],
                "ipv4_address": "",
                "ipv6_address": "",
                "mac_address": "",
                "name": "gateway-net"
              }
            ],
            "pid_mode": "",
            "ports": [],
            "privileged": false,
            "publish_all_ports": false,
            "read_only": false,
            "remove_volumes": true,
            "restart": "unless-stopped",
            "rm": false,
            "runtime": "runc",
            "security_opts": [],
            "shm_size": 64,
            "start": true,
            "stdin_open": false,
            "stop_signal": "",
            "stop_timeout": 1,
            "storage_opts": {},
            "sysctls": {},
            "tmpfs": {},
            "tty": false,
            "ulimit": [],
            "upload": [],
            "user": "jenkins",
            "userns_mode": "",
            "volumes": [
              {
                "container_path": "/etc/terraform/terraform.tfvars",
                "from_container": "",
                "host_path": "/home/saisakthi/Coding-Project/Projects/Finished Projects/Docker/Terraform/environments/dev/terraform.tfvars",
                "read_only": false,
                "volume_name": ""
              },
              {
                "container_path": "/var/run/docker.sock",
                "from_container": "",
                "host_path": "/var/run/docker.sock",
                "read_only": false,
                "volume_name": ""
              }
            ],
            "wait": false,
            "wait_timeout": 60,
            "working_dir": "/home/jenkins"
          },
          "sensitive_attributes": [],
          "identity_schema_version": 0,
          "private": "eyJzY2hlbWFfdmVyc2lvbiI6IjIifQ==",
          "dependencies": [
            "docker_container.jenkins",
            "docker_image.jenkins",
            "docker_image.jenkins_agent",
            "docker_network.gateway_net",
            "docker_volume.jenkins_home"
          ]
        }
      ]
    },
    {
      "mode": "managed",
      "type": "docker_container",
      "name": "n8n",
      "provider": "provider[\"registry.terraform.io/kreuzwerker/docker\"]",
      "instances": [
        {
          "schema_version": 2,
          "attributes": {
            "attach": false,
            "bridge": "",
            "capabilities": [],
            "cgroup_parent": null,
            "cgroupns_mode": null,
            "command": [],
            "container_logs": null,
            "container_read_refresh_timeout_milliseconds": 15000,
            "cpu_period": null,
            "cpu_quota": null,
            "cpu_set": "",
            "cpu_shares": 0,
            "cpus": null,
            "destroy_grace_seconds": null,
            "devices": [],
            "dns": null,
            "dns_opts": null,
            "dns_search": null,
            "domainname": "",
            "entrypoint": [
              "tini",
              "--",
              "/docker-entrypoint.sh"
            ],
            "env": [
              "GENERIC_TIMEZONE=Asia/Kolkata",
              "N8N_AI_ASSISTANT_BASE_URL=http://ollama:11434",
              "N8N_BASIC_AUTH_ACTIVE=true",
              "N8N_BASIC_AUTH_PASSWORD=saisakthi2008",
              "N8N_BASIC_AUTH_USER=admin",
              "N8N_CONTENT_SECURITY_POLICY={\n  \"default-src\": [\"'self'\", \"blob:\", \"data:\"],\n  \"script-src\": [\"'self'\", \"'unsafe-inline'\", \"'unsafe-eval'\", \"blob:\", \"data:\", \"https://static.cloudflareinsights.com\"],\n  \"style-src\": [\"'self'\", \"'unsafe-inline'\", \"https://fonts.googleapis.com\"],\n  \"font-src\": [\"'self'\", \"https://fonts.gstatic.com\", \"data:\"],\n  \"img-src\": [\"'self'\", \"data:\", \"blob:\", \"https:\", \"http:\"],\n  \"connect-src\": [\"'self'\", \"ws:\", \"wss:\", \"https:\", \"http:\"],\n  \"worker-src\": [\"'self'\", \"blob:\"],\n  \"frame-ancestors\": [\"http://n8n\", \"https://saisakthi.qzz.io\"]\n}\n",
              "N8N_DIAGNOSTICS_ENABLED=true",
              "N8N_DISABLE_PUSH_ORIGIN_CHECK=true",
              "N8N_EDITOR_BASE_URL=https://saisakthi.qzz.io/n8n",
              "N8N_ENFORCE_SETTINGS_PERMISSION=true",
              "N8N_HOST=0.0.0.0",
              "N8N_METRICS=true",
              "N8N_PATH=/n8n/",
              "N8N_PORT=5678",
              "N8N_PROTOCOL=https",
              "N8N_PROXY_HOPS=1",
              "N8N_RUNNERS_DISABLED=true",
              "N8N_TELEMETRY_ENABLED=true",
              "TZ=Asia/Kolkata",
              "WEBHOOK_URL=https://saisakthi.qzz.io/n8n"
            ],
            "exit_code": null,
            "gpus": null,
            "group_add": null,
            "healthcheck": null,
            "host": [],
            "hostname": "13bf75f77082",
            "id": "13bf75f7708294544997dd9f86ae3474344ce7afe704808f2a8dd093fd6fd636",
            "image": "n8nio/n8n:latest",
            "init": false,
            "ipc_mode": "private",
            "labels": [],
            "log_driver": "json-file",
            "log_opts": null,
            "logs": false,
            "max_retry_count": 0,
            "memory": 0,
            "memory_reservation": 0,
            "memory_swap": 0,
            "mounts": [
              {
                "bind_options": [],
                "read_only": null,
                "source": "gateway_n8n-data",
                "target": "/home/node/.n8n",
                "tmpfs_options": [],
                "type": "volume",
                "volume_options": []
              }
            ],
            "must_run": true,
            "name": "n8n",
            "network_data": [
              {
                "gateway": "172.19.0.1",
                "global_ipv6_address": "",
                "global_ipv6_prefix_length": 0,
                "ip_address": "172.19.0.24",
                "ip_prefix_length": 16,
                "ipv6_gateway": "",
                "mac_address": "ae:4f:e2:9b:3d:5b",
                "network_name": "gateway-net"
              }
            ],
            "network_mode": "bridge",
            "networks_advanced": [
              {
                "aliases": [],
                "ipv4_address": "",
                "ipv6_address": "",
                "mac_address": "",
                "name": "gateway-net"
              }
            ],
            "pid_mode": "",
            "ports": [],
            "privileged": false,
            "publish_all_ports": false,
            "read_only": false,
            "remove_volumes": true,
            "restart": "no",
            "rm": false,
            "runtime": "runc",
            "security_opts": [],
            "shm_size": 64,
            "start": true,
            "stdin_open": false,
            "stop_signal": "",
            "stop_timeout": 1,
            "storage_opts": null,
            "sysctls": null,
            "tmpfs": null,
            "tty": false,
            "ulimit": [],
            "upload": [],
            "user": "node",
            "userns_mode": "",
            "volumes": [],
            "wait": false,
            "wait_timeout": 60,
            "working_dir": "/home/node"
          },
          "sensitive_attributes": [],
          "identity_schema_version": 0,
          "private": "eyJzY2hlbWFfdmVyc2lvbiI6IjIifQ==",
          "dependencies": [
            "docker_network.gateway_net",
            "docker_volume.n8n_data"
          ]
        }
      ]
    },
    {
      "mode": "managed",
      "type": "docker_container",
      "name": "notes_frontend_build",
      "provider": "provider[\"registry.terraform.io/kreuzwerker/docker\"]",
      "instances": [
        {
          "schema_version": 2,
          "attributes": {
            "attach": false,
            "bridge": "",
            "capabilities": [],
            "cgroup_parent": null,
            "cgroupns_mode": null,
            "command": [
              "sleep",
              "infinity"
            ],
            "container_logs": null,
            "container_read_refresh_timeout_milliseconds": 15000,
            "cpu_period": null,
            "cpu_quota": null,
            "cpu_set": "",
            "cpu_shares": 0,
            "cpus": null,
            "destroy_grace_seconds": 30,
            "devices": [],
            "dns": null,
            "dns_opts": null,
            "dns_search": null,
            "domainname": "",
            "entrypoint": [],
            "env": [],
            "exit_code": null,
            "gpus": null,
            "group_add": null,
            "healthcheck": null,
            "host": [],
            "hostname": "a12ca684e8ad",
            "id": "a12ca684e8ad602ab97dd00555a072d178926136480de2e29bccb1cc0a7f52b2",
            "image": "notes-frontend-build:latest",
            "init": false,
            "ipc_mode": "private",
            "labels": [],
            "log_driver": "json-file",
            "log_opts": null,
            "logs": false,
            "max_retry_count": 0,
            "memory": 0,
            "memory_reservation": 0,
            "memory_swap": 0,
            "mounts": [
              {
                "bind_options": [],
                "read_only": null,
                "source": "gateway_notes-dist",
                "target": "/dist",
                "tmpfs_options": [],
                "type": "volume",
                "volume_options": []
              }
            ],
            "must_run": true,
            "name": "notes-frontend-build",
            "network_data": [
              {
                "gateway": "172.19.0.1",
                "global_ipv6_address": "",
                "global_ipv6_prefix_length": 0,
                "ip_address": "172.19.0.22",
                "ip_prefix_length": 16,
                "ipv6_gateway": "",
                "mac_address": "4a:d3:3d:81:21:67",
                "network_name": "gateway-net"
              }
            ],
            "network_mode": "bridge",
            "networks_advanced": [
              {
                "aliases": [],
                "ipv4_address": "",
                "ipv6_address": "",
                "mac_address": "",
                "name": "gateway-net"
              }
            ],
            "pid_mode": "",
            "ports": [],
            "privileged": false,
            "publish_all_ports": false,
            "read_only": false,
            "remove_volumes": true,
            "restart": "no",
            "rm": false,
            "runtime": "runc",
            "security_opts": [],
            "shm_size": 64,
            "start": true,
            "stdin_open": false,
            "stop_signal": "",
            "stop_timeout": 1,
            "storage_opts": null,
            "sysctls": null,
            "tmpfs": null,
            "tty": false,
            "ulimit": [],
            "upload": [],
            "user": "",
            "userns_mode": "",
            "volumes": [],
            "wait": false,
            "wait_timeout": 60,
            "working_dir": "/dist"
          },
          "sensitive_attributes": [],
          "identity_schema_version": 0,
          "private": "eyJzY2hlbWFfdmVyc2lvbiI6IjIifQ==",
          "dependencies": [
            "docker_image.notes_frontend_build",
            "docker_network.gateway_net",
            "docker_volume.notes_dist"
          ]
        }
      ]
    },
    {
      "mode": "managed",
      "type": "docker_container",
      "name": "notes_postgres",
      "provider": "provider[\"registry.terraform.io/kreuzwerker/docker\"]",
      "instances": [
        {
          "schema_version": 2,
          "attributes": {
            "attach": false,
            "bridge": "",
            "capabilities": [],
            "cgroup_parent": null,
            "cgroupns_mode": null,
            "command": [
              "postgres"
            ],
            "container_logs": null,
            "container_read_refresh_timeout_milliseconds": 15000,
            "cpu_period": null,
            "cpu_quota": null,
            "cpu_set": "",
            "cpu_shares": 0,
            "cpus": null,
            "destroy_grace_seconds": 30,
            "devices": [],
            "dns": [],
            "dns_opts": [],
            "dns_search": [],
            "domainname": "",
            "entrypoint": [
              "docker-entrypoint.sh"
            ],
            "env": [
              "POSTGRES_DB=notes_app",
              "POSTGRES_PASSWORD=sai2008",
              "POSTGRES_USER=saisakthi"
            ],
            "exit_code": null,
            "gpus": null,
            "group_add": [],
            "healthcheck": [],
            "host": [],
            "hostname": "6460811ecd57",
            "id": "6460811ecd57ea2500d5e41356600b89034a3be2a073c55b3cdc85ba0a57155a",
            "image": "postgres:16",
            "init": false,
            "ipc_mode": "private",
            "labels": [],
            "log_driver": "json-file",
            "log_opts": {},
            "logs": false,
            "max_retry_count": 0,
            "memory": 0,
            "memory_reservation": 0,
            "memory_swap": 0,
            "mounts": [
              {
                "bind_options": [],
                "read_only": false,
                "source": "gateway_notes-pgdata",
                "target": "/var/lib/postgresql/data",
                "tmpfs_options": [],
                "type": "volume",
                "volume_options": []
              }
            ],
            "must_run": true,
            "name": "notes-postgres",
            "network_data": [
              {
                "gateway": "172.19.0.1",
                "global_ipv6_address": "",
                "global_ipv6_prefix_length": 0,
                "ip_address": "172.19.0.12",
                "ip_prefix_length": 16,
                "ipv6_gateway": "",
                "mac_address": "ba:0d:20:68:bb:d9",
                "network_name": "gateway-net"
              }
            ],
            "network_mode": "bridge",
            "networks_advanced": [
              {
                "aliases": [],
                "ipv4_address": "",
                "ipv6_address": "",
                "mac_address": "",
                "name": "gateway-net"
              }
            ],
            "pid_mode": "",
            "ports": [],
            "privileged": false,
            "publish_all_ports": false,
            "read_only": false,
            "remove_volumes": true,
            "restart": "always",
            "rm": false,
            "runtime": "runc",
            "security_opts": [],
            "shm_size": 64,
            "start": true,
            "stdin_open": false,
            "stop_signal": "SIGINT",
            "stop_timeout": 1,
            "storage_opts": {},
            "sysctls": {},
            "tmpfs": {},
            "tty": false,
            "ulimit": [],
            "upload": [],
            "user": "",
            "userns_mode": "",
            "volumes": [],
            "wait": false,
            "wait_timeout": 60,
            "working_dir": ""
          },
          "sensitive_attributes": [
            [
              {
                "type": "get_attr",
                "value": "env"
              }
            ]
          ],
          "identity_schema_version": 0,
          "private": "eyJzY2hlbWFfdmVyc2lvbiI6IjIifQ==",
          "dependencies": [
            "docker_network.gateway_net",
            "docker_volume.notes_pgdata"
          ]
        }
      ]
    },
    {
      "mode": "managed",
      "type": "docker_container",
      "name": "otel_gateway",
      "provider": "provider[\"registry.terraform.io/kreuzwerker/docker\"]",
      "instances": [
        {
          "schema_version": 2,
          "attributes": {
            "attach": false,
            "bridge": "",
            "capabilities": [],
            "cgroup_parent": null,
            "cgroupns_mode": null,
            "command": [
              "--config=/etc/otelcol-contrib/config.yaml"
            ],
            "container_logs": null,
            "container_read_refresh_timeout_milliseconds": 15000,
            "cpu_period": null,
            "cpu_quota": null,
            "cpu_set": "",
            "cpu_shares": 0,
            "cpus": null,
            "destroy_grace_seconds": null,
            "devices": [],
            "dns": [],
            "dns_opts": [],
            "dns_search": [],
            "domainname": "",
            "entrypoint": [
              "/otelcol-contrib"
            ],
            "env": [],
            "exit_code": null,
            "gpus": null,
            "group_add": [],
            "healthcheck": [
              {
                "interval": "10s",
                "retries": 5,
                "start_interval": "0s",
                "start_period": "10s",
                "test": [
                  "CMD",
                  "wget",
                  "--spider",
                  "-q",
                  "http://localhost:13133/"
                ],
                "timeout": "5s"
              }
            ],
            "host": [],
            "hostname": "3676e0e469a4",
            "id": "3676e0e469a4f309de6d0fcdcecb347f5ca802ca0cec449cc42824232fe24aba",
            "image": "sha256:cea61bd39d318b3ec7664794f6be9ed0cce9321059a08b4ec5d3b8d310a4b609",
            "init": false,
            "ipc_mode": "private",
            "labels": [],
            "log_driver": "json-file",
            "log_opts": {},
            "logs": false,
            "max_retry_count": 0,
            "memory": 0,
            "memory_reservation": 0,
            "memory_swap": 0,
            "mounts": [
              {
                "bind_options": [],
                "read_only": true,
                "source": "/home/saisakthi/Coding-Project/Projects/Finished Projects/Docker/Terraform/projects/platform/observability/otel-gateway-config.yml",
                "target": "/etc/otelcol-contrib/config.yaml",
                "tmpfs_options": [],
                "type": "bind",
                "volume_options": []
              }
            ],
            "must_run": true,
            "name": "otel-gateway",
            "network_data": [
              {
                "gateway": "172.19.0.1",
                "global_ipv6_address": "",
                "global_ipv6_prefix_length": 0,
                "ip_address": "172.19.0.20",
                "ip_prefix_length": 16,
                "ipv6_gateway": "",
                "mac_address": "d2:ac:b4:79:ec:a7",
                "network_name": "gateway-net"
              },
              {
                "gateway": "172.18.0.1",
                "global_ipv6_address": "fc00:f853:ccd:e793::5",
                "global_ipv6_prefix_length": 64,
                "ip_address": "172.18.0.5",
                "ip_prefix_length": 16,
                "ipv6_gateway": "fc00:f853:ccd:e793::1",
                "mac_address": "2e:e0:45:ef:34:37",
                "network_name": "kind"
              }
            ],
            "network_mode": "bridge",
            "networks_advanced": [
              {
                "aliases": [],
                "ipv4_address": "",
                "ipv6_address": "",
                "mac_address": "",
                "name": "gateway-net"
              },
              {
                "aliases": [],
                "ipv4_address": "",
                "ipv6_address": "",
                "mac_address": "",
                "name": "kind"
              }
            ],
            "pid_mode": "",
            "ports": [
              {
                "external": 4317,
                "internal": 4317,
                "ip": "0.0.0.0",
                "protocol": "tcp"
              },
              {
                "external": 4318,
                "internal": 4318,
                "ip": "0.0.0.0",
                "protocol": "tcp"
              },
              {
                "external": 13133,
                "internal": 13133,
                "ip": "0.0.0.0",
                "protocol": "tcp"
              }
            ],
            "privileged": false,
            "publish_all_ports": false,
            "read_only": false,
            "remove_volumes": true,
            "restart": "unless-stopped",
            "rm": false,
            "runtime": "runc",
            "security_opts": [],
            "shm_size": 64,
            "start": true,
            "stdin_open": false,
            "stop_signal": "",
            "stop_timeout": 1,
            "storage_opts": {},
            "sysctls": {},
            "tmpfs": {},
            "tty": false,
            "ulimit": [],
            "upload": [],
            "user": "10001",
            "userns_mode": "",
            "volumes": [],
            "wait": false,
            "wait_timeout": 60,
            "working_dir": "/"
          },
          "sensitive_attributes": [],
          "identity_schema_version": 0,
          "private": "eyJzY2hlbWFfdmVyc2lvbiI6IjIifQ==",
          "dependencies": [
            "docker_image.otel_gateway",
            "docker_network.gateway_net",
            "helm_release.kube_prometheus_stack",
            "helm_release.loki",
            "helm_release.otel_collector",
            "helm_release.redis",
            "helm_release.tempo",
            "kubectl_manifest.cassandra_service",
            "kubectl_manifest.cassandra_statefulset",
            "kubectl_manifest.minio_service",
            "kubectl_manifest.otel_nodeport",
            "null_resource.kind_cluster"
          ]
        }
      ]
    },
    {
      "mode": "managed",
      "type": "docker_container",
      "name": "quiz_frontend_build",
      "provider": "provider[\"registry.terraform.io/kreuzwerker/docker\"]",
      "instances": [
        {
          "schema_version": 2,
          "attributes": {
            "attach": false,
            "bridge": "",
            "capabilities": [],
            "cgroup_parent": null,
            "cgroupns_mode": null,
            "command": [
              "sleep",
              "infinity"
            ],
            "container_logs": null,
            "container_read_refresh_timeout_milliseconds": 15000,
            "cpu_period": null,
            "cpu_quota": null,
            "cpu_set": "",
            "cpu_shares": 0,
            "cpus": null,
            "destroy_grace_seconds": 30,
            "devices": [],
            "dns": null,
            "dns_opts": null,
            "dns_search": null,
            "domainname": "",
            "entrypoint": [],
            "env": [],
            "exit_code": null,
            "gpus": null,
            "group_add": null,
            "healthcheck": null,
            "host": [],
            "hostname": "3f8f5a509958",
            "id": "3f8f5a509958e63bd9037428545fd4fc4090438f3c22a688d6f9c9169e428666",
            "image": "quiz-frontend-build:latest",
            "init": false,
            "ipc_mode": "private",
            "labels": [],
            "log_driver": "json-file",
            "log_opts": null,
            "logs": false,
            "max_retry_count": 0,
            "memory": 0,
            "memory_reservation": 0,
            "memory_swap": 0,
            "mounts": [
              {
                "bind_options": [],
                "read_only": null,
                "source": "gateway_quiz-dist",
                "target": "/dist",
                "tmpfs_options": [],
                "type": "volume",
                "volume_options": []
              }
            ],
            "must_run": true,
            "name": "quiz-frontend-build",
            "network_data": [
              {
                "gateway": "172.19.0.1",
                "global_ipv6_address": "",
                "global_ipv6_prefix_length": 0,
                "ip_address": "172.19.0.18",
                "ip_prefix_length": 16,
                "ipv6_gateway": "",
                "mac_address": "c2:3d:6c:fc:c2:7e",
                "network_name": "gateway-net"
              }
            ],
            "network_mode": "bridge",
            "networks_advanced": [
              {
                "aliases": [],
                "ipv4_address": "",
                "ipv6_address": "",
                "mac_address": "",
                "name": "gateway-net"
              }
            ],
            "pid_mode": "",
            "ports": [],
            "privileged": false,
            "publish_all_ports": false,
            "read_only": false,
            "remove_volumes": true,
            "restart": "no",
            "rm": false,
            "runtime": "runc",
            "security_opts": [],
            "shm_size": 64,
            "start": true,
            "stdin_open": false,
            "stop_signal": "",
            "stop_timeout": 1,
            "storage_opts": null,
            "sysctls": null,
            "tmpfs": null,
            "tty": false,
            "ulimit": [],
            "upload": [],
            "user": "",
            "userns_mode": "",
            "volumes": [],
            "wait": false,
            "wait_timeout": 60,
            "working_dir": "/dist"
          },
          "sensitive_attributes": [],
          "identity_schema_version": 0,
          "private": "eyJzY2hlbWFfdmVyc2lvbiI6IjIifQ==",
          "dependencies": [
            "docker_image.quiz_frontend_build",
            "docker_network.gateway_net",
            "docker_volume.quiz_dist"
          ]
        }
      ]
    },
    {
      "mode": "managed",
      "type": "docker_container",
      "name": "video_frontend_build",
      "provider": "provider[\"registry.terraform.io/kreuzwerker/docker\"]",
      "instances": [
        {
          "schema_version": 2,
          "attributes": {
            "attach": false,
            "bridge": "",
            "capabilities": [],
            "cgroup_parent": null,
            "cgroupns_mode": null,
            "command": [
              "sleep",
              "infinity"
            ],
            "container_logs": null,
            "container_read_refresh_timeout_milliseconds": 15000,
            "cpu_period": null,
            "cpu_quota": null,
            "cpu_set": "",
            "cpu_shares": 0,
            "cpus": null,
            "destroy_grace_seconds": 30,
            "devices": [],
            "dns": null,
            "dns_opts": null,
            "dns_search": null,
            "domainname": "",
            "entrypoint": [],
            "env": [],
            "exit_code": null,
            "gpus": null,
            "group_add": null,
            "healthcheck": null,
            "host": [],
            "hostname": "f405952c6bac",
            "id": "f405952c6bacfa3f9ab031f692e6f0a0c80990de8ed2cbc561242fd95bf7128e",
            "image": "video-frontend-build:latest",
            "init": false,
            "ipc_mode": "private",
            "labels": [],
            "log_driver": "json-file",
            "log_opts": null,
            "logs": false,
            "max_retry_count": 0,
            "memory": 0,
            "memory_reservation": 0,
            "memory_swap": 0,
            "mounts": [
              {
                "bind_options": [],
                "read_only": null,
                "source": "gateway_video-dist",
                "target": "/dist",
                "tmpfs_options": [],
                "type": "volume",
                "volume_options": []
              }
            ],
            "must_run": true,
            "name": "video-frontend-build",
            "network_data": [
              {
                "gateway": "172.19.0.1",
                "global_ipv6_address": "",
                "global_ipv6_prefix_length": 0,
                "ip_address": "172.19.0.23",
                "ip_prefix_length": 16,
                "ipv6_gateway": "",
                "mac_address": "8e:d1:c0:ba:df:db",
                "network_name": "gateway-net"
              }
            ],
            "network_mode": "bridge",
            "networks_advanced": [
              {
                "aliases": [],
                "ipv4_address": "",
                "ipv6_address": "",
                "mac_address": "",
                "name": "gateway-net"
              }
            ],
            "pid_mode": "",
            "ports": [],
            "privileged": false,
            "publish_all_ports": false,
            "read_only": false,
            "remove_volumes": true,
            "restart": "no",
            "rm": false,
            "runtime": "runc",
            "security_opts": [],
            "shm_size": 64,
            "start": true,
            "stdin_open": false,
            "stop_signal": "",
            "stop_timeout": 1,
            "storage_opts": null,
            "sysctls": null,
            "tmpfs": null,
            "tty": false,
            "ulimit": [],
            "upload": [],
            "user": "",
            "userns_mode": "",
            "volumes": [],
            "wait": false,
            "wait_timeout": 60,
            "working_dir": "/dist"
          },
          "sensitive_attributes": [],
          "identity_schema_version": 0,
          "private": "eyJzY2hlbWFfdmVyc2lvbiI6IjIifQ==",
          "dependencies": [
            "docker_image.video_frontend_build",
            "docker_network.gateway_net",
            "docker_volume.video_dist"
          ]
        }
      ]
    },
    {
      "mode": "managed",
      "type": "docker_container",
      "name": "whisper-postgres",
      "provider": "provider[\"registry.terraform.io/kreuzwerker/docker\"]",
      "instances": [
        {
          "schema_version": 2,
          "attributes": {
            "attach": false,
            "bridge": "",
            "capabilities": [],
            "cgroup_parent": null,
            "cgroupns_mode": null,
            "command": [
              "postgres"
            ],
            "container_logs": null,
            "container_read_refresh_timeout_milliseconds": 15000,
            "cpu_period": null,
            "cpu_quota": null,
            "cpu_set": "",
            "cpu_shares": 0,
            "cpus": null,
            "destroy_grace_seconds": null,
            "devices": [],
            "dns": null,
            "dns_opts": null,
            "dns_search": null,
            "domainname": "",
            "entrypoint": [
              "docker-entrypoint.sh"
            ],
            "env": [
              "POSTGRES_DB=chat",
              "POSTGRES_PASSWORD=saisakthi",
              "POSTGRES_USER=admin"
            ],
            "exit_code": null,
            "gpus": null,
            "group_add": null,
            "healthcheck": null,
            "host": [],
            "hostname": "0d543df5c960",
            "id": "0d543df5c960ce39027c76a51183b08d95b4ada510966402c4d25c2d4c062e5a",
            "image": "postgres:15-alpine",
            "init": false,
            "ipc_mode": "private",
            "labels": [],
            "log_driver": "json-file",
            "log_opts": null,
            "logs": false,
            "max_retry_count": 0,
            "memory": 0,
            "memory_reservation": 0,
            "memory_swap": 0,
            "mounts": [],
            "must_run": true,
            "name": "gateway_whisper-pgdata",
            "network_data": [
              {
                "gateway": "172.17.0.1",
                "global_ipv6_address": "",
                "global_ipv6_prefix_length": 0,
                "ip_address": "172.17.0.3",
                "ip_prefix_length": 16,
                "ipv6_gateway": "",
                "mac_address": "7a:d4:fd:64:16:70",
                "network_name": "bridge"
              }
            ],
            "network_mode": "bridge",
            "networks_advanced": [],
            "pid_mode": "",
            "ports": [],
            "privileged": false,
            "publish_all_ports": false,
            "read_only": false,
            "remove_volumes": true,
            "restart": "no",
            "rm": false,
            "runtime": "runc",
            "security_opts": [],
            "shm_size": 64,
            "start": true,
            "stdin_open": false,
            "stop_signal": "SIGINT",
            "stop_timeout": 1,
            "storage_opts": null,
            "sysctls": null,
            "tmpfs": null,
            "tty": false,
            "ulimit": [],
            "upload": [],
            "user": "",
            "userns_mode": "",
            "volumes": [
              {
                "container_path": "/var/lib/postgresql/data",
                "from_container": "",
                "host_path": "",
                "read_only": null,
                "volume_name": "gateway_whisper-pgdata"
              }
            ],
            "wait": false,
            "wait_timeout": 60,
            "working_dir": "/"
          },
          "sensitive_attributes": [],
          "identity_schema_version": 0,
          "private": "eyJzY2hlbWFfdmVyc2lvbiI6IjIifQ==",
          "dependencies": [
            "docker_volume.whisper_pgdata"
          ]
        }
      ]
    },
    {
      "mode": "managed",
      "type": "docker_container",
      "name": "whisper_frontend_build",
      "provider": "provider[\"registry.terraform.io/kreuzwerker/docker\"]",
      "instances": [
        {
          "schema_version": 2,
          "attributes": {
            "attach": false,
            "bridge": "",
            "capabilities": [],
            "cgroup_parent": null,
            "cgroupns_mode": null,
            "command": [
              "sleep",
              "infinity"
            ],
            "container_logs": null,
            "container_read_refresh_timeout_milliseconds": 15000,
            "cpu_period": null,
            "cpu_quota": null,
            "cpu_set": "",
            "cpu_shares": 0,
            "cpus": null,
            "destroy_grace_seconds": 30,
            "devices": [],
            "dns": null,
            "dns_opts": null,
            "dns_search": null,
            "domainname": "",
            "entrypoint": [],
            "env": [],
            "exit_code": null,
            "gpus": null,
            "group_add": null,
            "healthcheck": null,
            "host": [],
            "hostname": "c6231c61d953",
            "id": "c6231c61d953431cba7cee1f1c50e4da61b9bbf560028e30e78a0079d95fc884",
            "image": "bank-frontend-build:latest",
            "init": false,
            "ipc_mode": "private",
            "labels": [],
            "log_driver": "json-file",
            "log_opts": null,
            "logs": false,
            "max_retry_count": 0,
            "memory": 0,
            "memory_reservation": 0,
            "memory_swap": 0,
            "mounts": [
              {
                "bind_options": [],
                "read_only": null,
                "source": "gateway_whisper-dist",
                "target": "/dist",
                "tmpfs_options": [],
                "type": "volume",
                "volume_options": []
              }
            ],
            "must_run": true,
            "name": "whisper-frontend-build",
            "network_data": [
              {
                "gateway": "172.19.0.1",
                "global_ipv6_address": "",
                "global_ipv6_prefix_length": 0,
                "ip_address": "172.19.0.25",
                "ip_prefix_length": 16,
                "ipv6_gateway": "",
                "mac_address": "86:bb:54:fc:c1:48",
                "network_name": "gateway-net"
              }
            ],
            "network_mode": "bridge",
            "networks_advanced": [
              {
                "aliases": [],
                "ipv4_address": "",
                "ipv6_address": "",
                "mac_address": "",
                "name": "gateway-net"
              }
            ],
            "pid_mode": "",
            "ports": [],
            "privileged": false,
            "publish_all_ports": false,
            "read_only": false,
            "remove_volumes": true,
            "restart": "no",
            "rm": false,
            "runtime": "runc",
            "security_opts": [],
            "shm_size": 64,
            "start": true,
            "stdin_open": false,
            "stop_signal": "",
            "stop_timeout": 1,
            "storage_opts": null,
            "sysctls": null,
            "tmpfs": null,
            "tty": false,
            "ulimit": [],
            "upload": [],
            "user": "",
            "userns_mode": "",
            "volumes": [],
            "wait": false,
            "wait_timeout": 60,
            "working_dir": "/dist"
          },
          "sensitive_attributes": [],
          "identity_schema_version": 0,
          "private": "eyJzY2hlbWFfdmVyc2lvbiI6IjIifQ==",
          "dependencies": [
            "docker_image.bank_frontend_build",
            "docker_network.gateway_net",
            "docker_volume.whisper_dist"
          ]
        }
      ]
    },
    {
      "mode": "managed",
      "type": "docker_container",
      "name": "whisper_minio",
      "provider": "provider[\"registry.terraform.io/kreuzwerker/docker\"]",
      "instances": [
        {
          "schema_version": 2,
          "attributes": {
            "attach": false,
            "bridge": "",
            "capabilities": [],
            "cgroup_parent": null,
            "cgroupns_mode": null,
            "command": [
              "server",
              "/data",
              "--console-address",
              ":9001"
            ],
            "container_logs": null,
            "container_read_refresh_timeout_milliseconds": 15000,
            "cpu_period": null,
            "cpu_quota": null,
            "cpu_set": "",
            "cpu_shares": 0,
            "cpus": null,
            "destroy_grace_seconds": null,
            "devices": [],
            "dns": null,
            "dns_opts": null,
            "dns_search": null,
            "domainname": "",
            "entrypoint": [
              "/usr/bin/docker-entrypoint.sh"
            ],
            "env": [
              "MINIO_ROOT_PASSWORD=minioadmin",
              "MINIO_ROOT_USER=minioadmin"
            ],
            "exit_code": null,
            "gpus": null,
            "group_add": null,
            "healthcheck": null,
            "host": [],
            "hostname": "c19d12814fc3",
            "id": "c19d12814fc3060cdfdae7f834f59e87e6e5226e7a74cfb08c5a37b9a8664960",
            "image": "minio/minio:latest",
            "init": false,
            "ipc_mode": "private",
            "labels": [],
            "log_driver": "json-file",
            "log_opts": null,
            "logs": false,
            "max_retry_count": 0,
            "memory": 0,
            "memory_reservation": 0,
            "memory_swap": 0,
            "mounts": [],
            "must_run": true,
            "name": "whisper-minio",
            "network_data": [
              {
                "gateway": "172.17.0.1",
                "global_ipv6_address": "",
                "global_ipv6_prefix_length": 0,
                "ip_address": "172.17.0.2",
                "ip_prefix_length": 16,
                "ipv6_gateway": "",
                "mac_address": "0a:16:4f:98:61:1f",
                "network_name": "bridge"
              }
            ],
            "network_mode": "bridge",
            "networks_advanced": [],
            "pid_mode": "",
            "ports": [],
            "privileged": false,
            "publish_all_ports": false,
            "read_only": false,
            "remove_volumes": true,
            "restart": "no",
            "rm": false,
            "runtime": "runc",
            "security_opts": [],
            "shm_size": 64,
            "start": true,
            "stdin_open": false,
            "stop_signal": "",
            "stop_timeout": 1,
            "storage_opts": null,
            "sysctls": null,
            "tmpfs": null,
            "tty": false,
            "ulimit": [],
            "upload": [],
            "user": "",
            "userns_mode": "",
            "volumes": [
              {
                "container_path": "/data",
                "from_container": "",
                "host_path": "",
                "read_only": null,
                "volume_name": "whisper_minio_data"
              }
            ],
            "wait": false,
            "wait_timeout": 60,
            "working_dir": "/"
          },
          "sensitive_attributes": [],
          "identity_schema_version": 0,
          "private": "eyJzY2hlbWFfdmVyc2lvbiI6IjIifQ==",
          "dependencies": [
            "docker_volume.whisper_minio_data"
          ]
        }
      ]
    },
    {
      "mode": "managed",
      "type": "docker_image",
      "name": "api_service_backend",
      "provider": "provider[\"registry.terraform.io/kreuzwerker/docker\"]",
      "instances": [
        {
          "schema_version": 0,
          "attributes": {
            "build": [
              {
                "additional_contexts": [],
                "auth_config": [],
                "build_args": {},
                "build_id": "",
                "build_log_file": "",
                "builder": "",
                "cache_from": [],
                "cache_to": [],
                "cgroup_parent": "",
                "context": "/home/saisakthi/Coding-Project/Projects/Finished Projects/Docker/Terraform/projects/API Service/backend",
                "cpu_period": 0,
                "cpu_quota": 0,
                "cpu_set_cpus": "",
                "cpu_set_mems": "",
                "cpu_shares": 0,
                "dockerfile": "Dockerfile",
                "extra_hosts": [],
                "force_remove": false,
                "isolation": "",
                "label": {},
                "labels": {},
                "memory": 0,
                "memory_swap": 0,
                "network_mode": "",
                "no_cache": false,
                "platform": "",
                "pull_parent": false,
                "remote_context": "",
                "remove": true,
                "secrets": [],
                "security_opt": [],
                "session_id": "",
                "shm_size": 0,
                "squash": false,
                "suppress_output": false,
                "tag": [],
                "target": "",
                "ulimit": [],
                "version": ""
              }
            ],
            "force_remove": null,
            "id": "sha256:75eab6d906d0a72afa61fcadf05fae457c223324c1dd42f9f09b7cdbefcac8b6api-service-backend:latest",
            "image_id": "sha256:75eab6d906d0a72afa61fcadf05fae457c223324c1dd42f9f09b7cdbefcac8b6",
            "keep_locally": true,
            "name": "api-service-backend:latest",
            "platform": null,
            "pull_triggers": null,
            "repo_digest": "api-service-backend@sha256:75eab6d906d0a72afa61fcadf05fae457c223324c1dd42f9f09b7cdbefcac8b6",
            "timeouts": null,
            "triggers": {
              "dir_sha": "a5222b84c8a4ae525648230fbbda275d0a5a5da3fd2bcd06256c267314d14cb1"
            }
          },
          "sensitive_attributes": [],
          "identity_schema_version": 0,
          "private": "eyJlMmJmYjczMC1lY2FhLTExZTYtOGY4OC0zNDM2M2JjN2M0YzAiOnsiY3JlYXRlIjoxMjAwMDAwMDAwMDAwLCJkZWxldGUiOjEyMDAwMDAwMDAwMDAsInVwZGF0ZSI6MTIwMDAwMDAwMDAwMH19"
        }
      ]
    },
    {
      "mode": "managed",
      "type": "docker_image",
      "name": "api_service_frontend_build",
      "provider": "provider[\"registry.terraform.io/kreuzwerker/docker\"]",
      "instances": [
        {
          "schema_version": 0,
          "attributes": {
            "build": [
              {
                "additional_contexts": [],
                "auth_config": [],
                "build_args": {},
                "build_id": "",
                "build_log_file": "",
                "builder": "",
                "cache_from": [],
                "cache_to": [],
                "cgroup_parent": "",
                "context": "/home/saisakthi/Coding-Project/Projects/Finished Projects/Docker/Terraform/projects/API Service/frontend/api-service",
                "cpu_period": 0,
                "cpu_quota": 0,
                "cpu_set_cpus": "",
                "cpu_set_mems": "",
                "cpu_shares": 0,
                "dockerfile": "Dockerfile.prod",
                "extra_hosts": [],
                "force_remove": false,
                "isolation": "",
                "label": {},
                "labels": {},
                "memory": 0,
                "memory_swap": 0,
                "network_mode": "",
                "no_cache": false,
                "platform": "",
                "pull_parent": false,
                "remote_context": "",
                "remove": true,
                "secrets": [],
                "security_opt": [],
                "session_id": "",
                "shm_size": 0,
                "squash": false,
                "suppress_output": false,
                "tag": [],
                "target": "",
                "ulimit": [],
                "version": ""
              }
            ],
            "force_remove": null,
            "id": "sha256:bb0cfdc07f63fe48d2dce6915e908dac5ed4913d4e4312643ecd71c59fef697eapi-service-frontend:latest",
            "image_id": "sha256:bb0cfdc07f63fe48d2dce6915e908dac5ed4913d4e4312643ecd71c59fef697e",
            "keep_locally": true,
            "name": "api-service-frontend:latest",
            "platform": null,
            "pull_triggers": null,
            "repo_digest": "api-service-frontend@sha256:bb0cfdc07f63fe48d2dce6915e908dac5ed4913d4e4312643ecd71c59fef697e",
            "timeouts": null,
            "triggers": {
              "dir_sha": "87d4e913154a4f2581a4608c968795e9ad5244f6480199218b2b6abc3cc8055f"
            }
          },
          "sensitive_attributes": [],
          "identity_schema_version": 0,
          "private": "eyJlMmJmYjczMC1lY2FhLTExZTYtOGY4OC0zNDM2M2JjN2M0YzAiOnsiY3JlYXRlIjoxMjAwMDAwMDAwMDAwLCJkZWxldGUiOjEyMDAwMDAwMDAwMDAsInVwZGF0ZSI6MTIwMDAwMDAwMDAwMH19"
        }
      ]
    },
    {
      "mode": "managed",
      "type": "docker_image",
      "name": "bank_backend",
      "provider": "provider[\"registry.terraform.io/kreuzwerker/docker\"]",
      "instances": [
        {
          "schema_version": 0,
          "attributes": {
            "build": [
              {
                "additional_contexts": [],
                "auth_config": [],
                "build_args": {},
                "build_id": "",
                "build_log_file": "",
                "builder": "",
                "cache_from": [],
                "cache_to": [],
                "cgroup_parent": "",
                "context": "/home/saisakthi/Coding-Project/Projects/Finished Projects/Docker/Terraform/projects/Bank Manager/backend/bank_management",
                "cpu_period": 0,
                "cpu_quota": 0,
                "cpu_set_cpus": "",
                "cpu_set_mems": "",
                "cpu_shares": 0,
                "dockerfile": "Dockerfile",
                "extra_hosts": [],
                "force_remove": false,
                "isolation": "",
                "label": {},
                "labels": {},
                "memory": 0,
                "memory_swap": 0,
                "network_mode": "",
                "no_cache": false,
                "platform": "",
                "pull_parent": false,
                "remote_context": "",
                "remove": true,
                "secrets": [],
                "security_opt": [],
                "session_id": "",
                "shm_size": 0,
                "squash": false,
                "suppress_output": false,
                "tag": [],
                "target": "",
                "ulimit": [],
                "version": ""
              }
            ],
            "force_remove": null,
            "id": "sha256:cf52b01471e8fdb5675608c1edcb53c50589871fdbefd7598e8f5f06927a3351bankmanager-backend:latest",
            "image_id": "sha256:cf52b01471e8fdb5675608c1edcb53c50589871fdbefd7598e8f5f06927a3351",
            "keep_locally": true,
            "name": "bankmanager-backend:latest",
            "platform": null,
            "pull_triggers": null,
            "repo_digest": "bankmanager-backend@sha256:cf52b01471e8fdb5675608c1edcb53c50589871fdbefd7598e8f5f06927a3351",
            "timeouts": null,
            "triggers": {
              "dir_sha": "d1987002ced56d499cf2eb8117bbd2675bd9c06f823e68d16590c19e7cf30b33"
            }
          },
          "sensitive_attributes": [],
          "identity_schema_version": 0,
          "private": "eyJlMmJmYjczMC1lY2FhLTExZTYtOGY4OC0zNDM2M2JjN2M0YzAiOnsiY3JlYXRlIjoxMjAwMDAwMDAwMDAwLCJkZWxldGUiOjEyMDAwMDAwMDAwMDAsInVwZGF0ZSI6MTIwMDAwMDAwMDAwMH19"
        }
      ]
    },
    {
      "mode": "managed",
      "type": "docker_image",
      "name": "bank_frontend_build",
      "provider": "provider[\"registry.terraform.io/kreuzwerker/docker\"]",
      "instances": [
        {
          "schema_version": 0,
          "attributes": {
            "build": [
              {
                "additional_contexts": [],
                "auth_config": [],
                "build_args": {},
                "build_id": "",
                "build_log_file": "",
                "builder": "",
                "cache_from": [],
                "cache_to": [],
                "cgroup_parent": "",
                "context": "/home/saisakthi/Coding-Project/Projects/Finished Projects/Docker/Terraform/projects/Bank Manager/frontend",
                "cpu_period": 0,
                "cpu_quota": 0,
                "cpu_set_cpus": "",
                "cpu_set_mems": "",
                "cpu_shares": 0,
                "dockerfile": "Dockerfile.prod",
                "extra_hosts": [],
                "force_remove": false,
                "isolation": "",
                "label": {},
                "labels": {},
                "memory": 0,
                "memory_swap": 0,
                "network_mode": "",
                "no_cache": false,
                "platform": "",
                "pull_parent": false,
                "remote_context": "",
                "remove": true,
                "secrets": [],
                "security_opt": [],
                "session_id": "",
                "shm_size": 0,
                "squash": false,
                "suppress_output": false,
                "tag": [],
                "target": "",
                "ulimit": [],
                "version": ""
              }
            ],
            "force_remove": null,
            "id": "sha256:7769cccb8aedae1ef3042e77876e5d7735ec15dc2922bb25b527af44edc0748ebank-frontend-build:latest",
            "image_id": "sha256:7769cccb8aedae1ef3042e77876e5d7735ec15dc2922bb25b527af44edc0748e",
            "keep_locally": true,
            "name": "bank-frontend-build:latest",
            "platform": null,
            "pull_triggers": null,
            "repo_digest": "bank-frontend-build@sha256:7769cccb8aedae1ef3042e77876e5d7735ec15dc2922bb25b527af44edc0748e",
            "timeouts": null,
            "triggers": {
              "dir_sha": "b4ea8f933076d981937153e0397fd2c03d70c7711d53226498bf52f8d68f3895"
            }
          },
          "sensitive_attributes": [],
          "identity_schema_version": 0,
          "private": "eyJlMmJmYjczMC1lY2FhLTExZTYtOGY4OC0zNDM2M2JjN2M0YzAiOnsiY3JlYXRlIjoxMjAwMDAwMDAwMDAwLCJkZWxldGUiOjEyMDAwMDAwMDAwMDAsInVwZGF0ZSI6MTIwMDAwMDAwMDAwMH19"
        }
      ]
    },
    {
      "mode": "managed",
      "type": "docker_image",
      "name": "blog_website",
      "provider": "provider[\"registry.terraform.io/kreuzwerker/docker\"]",
      "instances": [
        {
          "schema_version": 0,
          "attributes": {
            "build": [
              {
                "additional_contexts": [],
                "auth_config": [],
                "build_args": {},
                "build_id": "",
                "build_log_file": "",
                "builder": "",
                "cache_from": [],
                "cache_to": [],
                "cgroup_parent": "",
                "context": "/home/saisakthi/Coding-Project/Projects/Finished Projects/Docker/Terraform/projects/Blog Website",
                "cpu_period": 0,
                "cpu_quota": 0,
                "cpu_set_cpus": "",
                "cpu_set_mems": "",
                "cpu_shares": 0,
                "dockerfile": "Dockerfile",
                "extra_hosts": [],
                "force_remove": false,
                "isolation": "",
                "label": {},
                "labels": {},
                "memory": 0,
                "memory_swap": 0,
                "network_mode": "",
                "no_cache": false,
                "platform": "",
                "pull_parent": false,
                "remote_context": "",
                "remove": true,
                "secrets": [],
                "security_opt": [],
                "session_id": "",
                "shm_size": 0,
                "squash": false,
                "suppress_output": false,
                "tag": [],
                "target": "",
                "ulimit": [],
                "version": ""
              }
            ],
            "force_remove": null,
            "id": "sha256:fb3a908fb9a3cdaf6b56bb8d5956fd77a488f6b123e910571fcedee625e68947blogsite:latest",
            "image_id": "sha256:fb3a908fb9a3cdaf6b56bb8d5956fd77a488f6b123e910571fcedee625e68947",
            "keep_locally": true,
            "name": "blogsite:latest",
            "platform": null,
            "pull_triggers": null,
            "repo_digest": "blogsite@sha256:fb3a908fb9a3cdaf6b56bb8d5956fd77a488f6b123e910571fcedee625e68947",
            "timeouts": null,
            "triggers": {
              "dir_sha": "2cba55812d484681555ec16ee39a2d6cf703c521c364c5cafb92b502146391b5"
            }
          },
          "sensitive_attributes": [],
          "identity_schema_version": 0,
          "private": "eyJlMmJmYjczMC1lY2FhLTExZTYtOGY4OC0zNDM2M2JjN2M0YzAiOnsiY3JlYXRlIjoxMjAwMDAwMDAwMDAwLCJkZWxldGUiOjEyMDAwMDAwMDAwMDAsInVwZGF0ZSI6MTIwMDAwMDAwMDAwMH19"
        }
      ]
    },
    {
      "mode": "managed",
      "type": "docker_image",
      "name": "compiler_db",
      "provider": "provider[\"registry.terraform.io/kreuzwerker/docker\"]",
      "instances": [
        {
          "schema_version": 0,
          "attributes": {
            "build": [
              {
                "additional_contexts": [],
                "auth_config": [],
                "build_args": null,
                "build_id": "",
                "build_log_file": "",
                "builder": "",
                "cache_from": [],
                "cache_to": [],
                "cgroup_parent": "",
                "context": "/home/saisakthi/Coding-Project/Projects/Finished Projects/Docker/Terraform/projects/Online Compiler/database_new",
                "cpu_period": null,
                "cpu_quota": null,
                "cpu_set_cpus": "",
                "cpu_set_mems": "",
                "cpu_shares": null,
                "dockerfile": "Dockerfile",
                "extra_hosts": [],
                "force_remove": null,
                "isolation": "",
                "label": null,
                "labels": null,
                "memory": null,
                "memory_swap": null,
                "network_mode": "",
                "no_cache": null,
                "platform": "",
                "pull_parent": null,
                "remote_context": "",
                "remove": true,
                "secrets": [],
                "security_opt": [],
                "session_id": "",
                "shm_size": null,
                "squash": null,
                "suppress_output": null,
                "tag": [],
                "target": "",
                "ulimit": [],
                "version": ""
              }
            ],
            "force_remove": null,
            "id": "sha256:df49f21ee4e51f747658abdcd641c470cfc7d700c0b1460bc58880a72d8503b5online_compiler_db:latest",
            "image_id": "sha256:df49f21ee4e51f747658abdcd641c470cfc7d700c0b1460bc58880a72d8503b5",
            "keep_locally": true,
            "name": "online_compiler_db:latest",
            "platform": null,
            "pull_triggers": null,
            "repo_digest": "online_compiler_db@sha256:df49f21ee4e51f747658abdcd641c470cfc7d700c0b1460bc58880a72d8503b5",
            "timeouts": null,
            "triggers": {
              "dir_sha": "e6cfd23d9c60c235f2b29e8cd713ecfb1cf040143f1965860ee818248d7a80e8"
            }
          },
          "sensitive_attributes": [],
          "identity_schema_version": 0,
          "private": "eyJlMmJmYjczMC1lY2FhLTExZTYtOGY4OC0zNDM2M2JjN2M0YzAiOnsiY3JlYXRlIjoxMjAwMDAwMDAwMDAwLCJkZWxldGUiOjEyMDAwMDAwMDAwMDAsInVwZGF0ZSI6MTIwMDAwMDAwMDAwMH19"
        }
      ]
    },
    {
      "mode": "managed",
      "type": "docker_image",
      "name": "compiler_server",
      "provider": "provider[\"registry.terraform.io/kreuzwerker/docker\"]",
      "instances": [
        {
          "schema_version": 0,
          "attributes": {
            "build": [
              {
                "additional_contexts": [],
                "auth_config": [],
                "build_args": null,
                "build_id": "",
                "build_log_file": "",
                "builder": "",
                "cache_from": [],
                "cache_to": [],
                "cgroup_parent": "",
                "context": "/home/saisakthi/Coding-Project/Projects/Finished Projects/Docker/Terraform/projects/Online Compiler/server_new",
                "cpu_period": null,
                "cpu_quota": null,
                "cpu_set_cpus": "",
                "cpu_set_mems": "",
                "cpu_shares": null,
                "dockerfile": "Dockerfile",
                "extra_hosts": [],
                "force_remove": null,
                "isolation": "",
                "label": null,
                "labels": null,
                "memory": null,
                "memory_swap": null,
                "network_mode": "",
                "no_cache": null,
                "platform": "",
                "pull_parent": null,
                "remote_context": "",
                "remove": true,
                "secrets": [],
                "security_opt": [],
                "session_id": "",
                "shm_size": null,
                "squash": null,
                "suppress_output": null,
                "tag": [],
                "target": "",
                "ulimit": [],
                "version": ""
              }
            ],
            "force_remove": null,
            "id": "sha256:899b165c7b74c4d783a69137c0f5a1c7dd9945bf512f41c6eccc83ae74abe1a0online_compiler_server:latest",
            "image_id": "sha256:899b165c7b74c4d783a69137c0f5a1c7dd9945bf512f41c6eccc83ae74abe1a0",
            "keep_locally": true,
            "name": "online_compiler_server:latest",
            "platform": null,
            "pull_triggers": null,
            "repo_digest": "online_compiler_server@sha256:899b165c7b74c4d783a69137c0f5a1c7dd9945bf512f41c6eccc83ae74abe1a0",
            "timeouts": null,
            "triggers": {
              "dir_sha": "1d83ff1715c172fc9c67f6a985f31d11339eee8cc7bba297ded376b0aea7c2f4"
            }
          },
          "sensitive_attributes": [],
          "identity_schema_version": 0,
          "private": "eyJlMmJmYjczMC1lY2FhLTExZTYtOGY4OC0zNDM2M2JjN2M0YzAiOnsiY3JlYXRlIjoxMjAwMDAwMDAwMDAwLCJkZWxldGUiOjEyMDAwMDAwMDAwMDAsInVwZGF0ZSI6MTIwMDAwMDAwMDAwMH19"
        }
      ]
    },
    {
      "mode": "managed",
      "type": "docker_image",
      "name": "doc_backend",
      "provider": "provider[\"registry.terraform.io/kreuzwerker/docker\"]",
      "instances": [
        {
          "schema_version": 0,
          "attributes": {
            "build": [
              {
                "additional_contexts": [],
                "auth_config": [],
                "build_args": {},
                "build_id": "",
                "build_log_file": "",
                "builder": "",
                "cache_from": [],
                "cache_to": [],
                "cgroup_parent": "",
                "context": "/home/saisakthi/Coding-Project/Projects/Finished Projects/Docker/Terraform/projects/Document Intelligence Platform/backend/document_backend",
                "cpu_period": 0,
                "cpu_quota": 0,
                "cpu_set_cpus": "",
                "cpu_set_mems": "",
                "cpu_shares": 0,
                "dockerfile": "Dockerfile",
                "extra_hosts": [],
                "force_remove": false,
                "isolation": "",
                "label": {},
                "labels": {},
                "memory": 0,
                "memory_swap": 0,
                "network_mode": "",
                "no_cache": false,
                "platform": "",
                "pull_parent": false,
                "remote_context": "",
                "remove": true,
                "secrets": [],
                "security_opt": [],
                "session_id": "",
                "shm_size": 0,
                "squash": false,
                "suppress_output": false,
                "tag": [],
                "target": "",
                "ulimit": [],
                "version": ""
              }
            ],
            "force_remove": null,
            "id": "sha256:2d5d10ec8eb079db5f259b6908a575dd4ad91342905893df11d3ffd5cb1dcfd3documentintelligenceplatform-backend:latest",
            "image_id": "sha256:2d5d10ec8eb079db5f259b6908a575dd4ad91342905893df11d3ffd5cb1dcfd3",
            "keep_locally": true,
            "name": "documentintelligenceplatform-backend:latest",
            "platform": null,
            "pull_triggers": null,
            "repo_digest": "documentintelligenceplatform-backend@sha256:2d5d10ec8eb079db5f259b6908a575dd4ad91342905893df11d3ffd5cb1dcfd3",
            "timeouts": null,
            "triggers": {
              "dir_sha": "e611f7af9962be6a8f321ea81ddef19baafea0e557a2ceefbb33fd62b2349755"
            }
          },
          "sensitive_attributes": [],
          "identity_schema_version": 0,
          "private": "eyJlMmJmYjczMC1lY2FhLTExZTYtOGY4OC0zNDM2M2JjN2M0YzAiOnsiY3JlYXRlIjoxMjAwMDAwMDAwMDAwLCJkZWxldGUiOjEyMDAwMDAwMDAwMDAsInVwZGF0ZSI6MTIwMDAwMDAwMDAwMH19"
        }
      ]
    },
    {
      "mode": "managed",
      "type": "docker_image",
      "name": "doc_frontend_build",
      "provider": "provider[\"registry.terraform.io/kreuzwerker/docker\"]",
      "instances": [
        {
          "schema_version": 0,
          "attributes": {
            "build": [
              {
                "additional_contexts": [],
                "auth_config": [],
                "build_args": {},
                "build_id": "",
                "build_log_file": "",
                "builder": "",
                "cache_from": [],
                "cache_to": [],
                "cgroup_parent": "",
                "context": "/home/saisakthi/Coding-Project/Projects/Finished Projects/Docker/Terraform/projects/Document Intelligence Platform/frontend/document_frontend",
                "cpu_period": 0,
                "cpu_quota": 0,
                "cpu_set_cpus": "",
                "cpu_set_mems": "",
                "cpu_shares": 0,
                "dockerfile": "Dockerfile.prod",
                "extra_hosts": [],
                "force_remove": false,
                "isolation": "",
                "label": {},
                "labels": {},
                "memory": 0,
                "memory_swap": 0,
                "network_mode": "",
                "no_cache": false,
                "platform": "",
                "pull_parent": false,
                "remote_context": "",
                "remove": true,
                "secrets": [],
                "security_opt": [],
                "session_id": "",
                "shm_size": 0,
                "squash": false,
                "suppress_output": false,
                "tag": [],
                "target": "",
                "ulimit": [],
                "version": ""
              }
            ],
            "force_remove": null,
            "id": "sha256:1fd90c1a1a4425a177b4be9e08e70d38e19c9b0e48981b05b623e1c18914e574documentintelligenceplatform-frontend:latest",
            "image_id": "sha256:1fd90c1a1a4425a177b4be9e08e70d38e19c9b0e48981b05b623e1c18914e574",
            "keep_locally": true,
            "name": "documentintelligenceplatform-frontend:latest",
            "platform": null,
            "pull_triggers": null,
            "repo_digest": "documentintelligenceplatform-frontend@sha256:1fd90c1a1a4425a177b4be9e08e70d38e19c9b0e48981b05b623e1c18914e574",
            "timeouts": null,
            "triggers": {
              "dir_sha": "3f05110818cc21df69303ca926dc6c19fb585351a8a6b14a5a97d7384dba944b"
            }
          },
          "sensitive_attributes": [],
          "identity_schema_version": 0,
          "private": "eyJlMmJmYjczMC1lY2FhLTExZTYtOGY4OC0zNDM2M2JjN2M0YzAiOnsiY3JlYXRlIjoxMjAwMDAwMDAwMDAwLCJkZWxldGUiOjEyMDAwMDAwMDAwMDAsInVwZGF0ZSI6MTIwMDAwMDAwMDAwMH19"
        }
      ]
    },
    {
      "mode": "managed",
      "type": "docker_image",
      "name": "hospital_management",
      "provider": "provider[\"registry.terraform.io/kreuzwerker/docker\"]",
      "instances": [
        {
          "schema_version": 0,
          "attributes": {
            "build": [
              {
                "additional_contexts": [],
                "auth_config": [],
                "build_args": {},
                "build_id": "",
                "build_log_file": "",
                "builder": "",
                "cache_from": [],
                "cache_to": [],
                "cgroup_parent": "",
                "context": "/home/saisakthi/Coding-Project/Projects/Finished Projects/Docker/Terraform/projects/hospital_management",
                "cpu_period": 0,
                "cpu_quota": 0,
                "cpu_set_cpus": "",
                "cpu_set_mems": "",
                "cpu_shares": 0,
                "dockerfile": "Dockerfile",
                "extra_hosts": [],
                "force_remove": false,
                "isolation": "",
                "label": {},
                "labels": {},
                "memory": 0,
                "memory_swap": 0,
                "network_mode": "",
                "no_cache": false,
                "platform": "",
                "pull_parent": false,
                "remote_context": "",
                "remove": true,
                "secrets": [],
                "security_opt": [],
                "session_id": "",
                "shm_size": 0,
                "squash": false,
                "suppress_output": false,
                "tag": [],
                "target": "",
                "ulimit": [],
                "version": ""
              }
            ],
            "force_remove": null,
            "id": "sha256:55908e227caaa22c2be47b17e5988a24a418c368e3d64b552a3b39b3a29df421hospital_management:latest",
            "image_id": "sha256:55908e227caaa22c2be47b17e5988a24a418c368e3d64b552a3b39b3a29df421",
            "keep_locally": true,
            "name": "hospital_management:latest",
            "platform": null,
            "pull_triggers": null,
            "repo_digest": "hospital_management@sha256:55908e227caaa22c2be47b17e5988a24a418c368e3d64b552a3b39b3a29df421",
            "timeouts": null,
            "triggers": {
              "dir_sha": "b362fbaf2798ff78ea6d7a808b684131a16bed9029c2b272df8fe30052fac525"
            }
          },
          "sensitive_attributes": [],
          "identity_schema_version": 0,
          "private": "eyJlMmJmYjczMC1lY2FhLTExZTYtOGY4OC0zNDM2M2JjN2M0YzAiOnsiY3JlYXRlIjoxMjAwMDAwMDAwMDAwLCJkZWxldGUiOjEyMDAwMDAwMDAwMDAsInVwZGF0ZSI6MTIwMDAwMDAwMDAwMH19"
        }
      ]
    },
    {
      "mode": "managed",
      "type": "docker_image",
      "name": "jenkins",
      "provider": "provider[\"registry.terraform.io/kreuzwerker/docker\"]",
      "instances": [
        {
          "schema_version": 0,
          "attributes": {
            "build": [],
            "force_remove": null,
            "id": "sha256:01c992ffef29dcf41c7164e8c16285c657c2368c4943dda8d68c93fdf54447d5jenkins/jenkins:lts",
            "image_id": "sha256:01c992ffef29dcf41c7164e8c16285c657c2368c4943dda8d68c93fdf54447d5",
            "keep_locally": true,
            "name": "jenkins/jenkins:lts",
            "platform": null,
            "pull_triggers": null,
            "repo_digest": "jenkins/jenkins@sha256:01c992ffef29dcf41c7164e8c16285c657c2368c4943dda8d68c93fdf54447d5",
            "timeouts": null,
            "triggers": null
          },
          "sensitive_attributes": [],
          "identity_schema_version": 0,
          "private": "eyJlMmJmYjczMC1lY2FhLTExZTYtOGY4OC0zNDM2M2JjN2M0YzAiOnsiY3JlYXRlIjoxMjAwMDAwMDAwMDAwLCJkZWxldGUiOjEyMDAwMDAwMDAwMDAsInVwZGF0ZSI6MTIwMDAwMDAwMDAwMH19"
        }
      ]
    },
    {
      "mode": "managed",
      "type": "docker_image",
      "name": "jenkins_agent",
      "provider": "provider[\"registry.terraform.io/kreuzwerker/docker\"]",
      "instances": [
        {
          "schema_version": 0,
          "attributes": {
            "build": [],
            "force_remove": null,
            "id": "sha256:75e7c4f8ea2978657efb128477cb947f224fbcfa279864cc6f27ce4038885e64jenkins/inbound-agent:latest",
            "image_id": "sha256:75e7c4f8ea2978657efb128477cb947f224fbcfa279864cc6f27ce4038885e64",
            "keep_locally": true,
            "name": "jenkins/inbound-agent:latest",
            "platform": null,
            "pull_triggers": null,
            "repo_digest": "jenkins/inbound-agent@sha256:75e7c4f8ea2978657efb128477cb947f224fbcfa279864cc6f27ce4038885e64",
            "timeouts": null,
            "triggers": null
          },
          "sensitive_attributes": [],
          "identity_schema_version": 0,
          "private": "eyJlMmJmYjczMC1lY2FhLTExZTYtOGY4OC0zNDM2M2JjN2M0YzAiOnsiY3JlYXRlIjoxMjAwMDAwMDAwMDAwLCJkZWxldGUiOjEyMDAwMDAwMDAwMDAsInVwZGF0ZSI6MTIwMDAwMDAwMDAwMH19"
        }
      ]
    },
    {
      "mode": "managed",
      "type": "docker_image",
      "name": "notes_backend",
      "provider": "provider[\"registry.terraform.io/kreuzwerker/docker\"]",
      "instances": [
        {
          "schema_version": 0,
          "attributes": {
            "build": [
              {
                "additional_contexts": [],
                "auth_config": [],
                "build_args": {},
                "build_id": "",
                "build_log_file": "",
                "builder": "",
                "cache_from": [],
                "cache_to": [],
                "cgroup_parent": "",
                "context": "/home/saisakthi/Coding-Project/Projects/Finished Projects/Docker/Terraform/projects/Notes App/backend",
                "cpu_period": 0,
                "cpu_quota": 0,
                "cpu_set_cpus": "",
                "cpu_set_mems": "",
                "cpu_shares": 0,
                "dockerfile": "Dockerfile",
                "extra_hosts": [],
                "force_remove": false,
                "isolation": "",
                "label": {},
                "labels": {},
                "memory": 0,
                "memory_swap": 0,
                "network_mode": "",
                "no_cache": false,
                "platform": "",
                "pull_parent": false,
                "remote_context": "",
                "remove": true,
                "secrets": [],
                "security_opt": [],
                "session_id": "",
                "shm_size": 0,
                "squash": false,
                "suppress_output": false,
                "tag": [],
                "target": "",
                "ulimit": [],
                "version": ""
              }
            ],
            "force_remove": null,
            "id": "sha256:3c3b634de1703161816963aa9f8016d9dc41ab8d262ed09f956afb18c69012aenotesapp-backend:latest",
            "image_id": "sha256:3c3b634de1703161816963aa9f8016d9dc41ab8d262ed09f956afb18c69012ae",
            "keep_locally": true,
            "name": "notesapp-backend:latest",
            "platform": null,
            "pull_triggers": null,
            "repo_digest": "notesapp-backend@sha256:3c3b634de1703161816963aa9f8016d9dc41ab8d262ed09f956afb18c69012ae",
            "timeouts": null,
            "triggers": {
              "dir_sha": "c0889694b8e6e6fad9da7673492bbc4c5f3c8f53574f708a1cdbc061b6820ae7"
            }
          },
          "sensitive_attributes": [],
          "identity_schema_version": 0,
          "private": "eyJlMmJmYjczMC1lY2FhLTExZTYtOGY4OC0zNDM2M2JjN2M0YzAiOnsiY3JlYXRlIjoxMjAwMDAwMDAwMDAwLCJkZWxldGUiOjEyMDAwMDAwMDAwMDAsInVwZGF0ZSI6MTIwMDAwMDAwMDAwMH19"
        }
      ]
    },
    {
      "mode": "managed",
      "type": "docker_image",
      "name": "notes_frontend_build",
      "provider": "provider[\"registry.terraform.io/kreuzwerker/docker\"]",
      "instances": [
        {
          "schema_version": 0,
          "attributes": {
            "build": [
              {
                "additional_contexts": [],
                "auth_config": [],
                "build_args": {},
                "build_id": "",
                "build_log_file": "",
                "builder": "",
                "cache_from": [],
                "cache_to": [],
                "cgroup_parent": "",
                "context": "/home/saisakthi/Coding-Project/Projects/Finished Projects/Docker/Terraform/projects/Notes App/frontend/notes_app_frontend",
                "cpu_period": 0,
                "cpu_quota": 0,
                "cpu_set_cpus": "",
                "cpu_set_mems": "",
                "cpu_shares": 0,
                "dockerfile": "Dockerfile.prod",
                "extra_hosts": [],
                "force_remove": false,
                "isolation": "",
                "label": {},
                "labels": {},
                "memory": 0,
                "memory_swap": 0,
                "network_mode": "",
                "no_cache": false,
                "platform": "",
                "pull_parent": false,
                "remote_context": "",
                "remove": true,
                "secrets": [],
                "security_opt": [],
                "session_id": "",
                "shm_size": 0,
                "squash": false,
                "suppress_output": false,
                "tag": [],
                "target": "",
                "ulimit": [],
                "version": ""
              }
            ],
            "force_remove": null,
            "id": "sha256:5448685e50b9e3ad89efdece2d3ba19a7c9a53920badf874d2877c77ec84fa22notes-frontend-build:latest",
            "image_id": "sha256:5448685e50b9e3ad89efdece2d3ba19a7c9a53920badf874d2877c77ec84fa22",
            "keep_locally": true,
            "name": "notes-frontend-build:latest",
            "platform": null,
            "pull_triggers": null,
            "repo_digest": "notes-frontend-build@sha256:5448685e50b9e3ad89efdece2d3ba19a7c9a53920badf874d2877c77ec84fa22",
            "timeouts": null,
            "triggers": {
              "dir_sha": "bff9f98cca75fd7032a76da2d9872361bdaa314f14c81f38c3bf34ac54faa559"
            }
          },
          "sensitive_attributes": [],
          "identity_schema_version": 0,
          "private": "eyJlMmJmYjczMC1lY2FhLTExZTYtOGY4OC0zNDM2M2JjN2M0YzAiOnsiY3JlYXRlIjoxMjAwMDAwMDAwMDAwLCJkZWxldGUiOjEyMDAwMDAwMDAwMDAsInVwZGF0ZSI6MTIwMDAwMDAwMDAwMH19"
        }
      ]
    },
    {
      "mode": "managed",
      "type": "docker_image",
      "name": "otel_gateway",
      "provider": "provider[\"registry.terraform.io/kreuzwerker/docker\"]",
      "instances": [
        {
          "schema_version": 0,
          "attributes": {
            "build": [],
            "force_remove": null,
            "id": "sha256:cea61bd39d318b3ec7664794f6be9ed0cce9321059a08b4ec5d3b8d310a4b609otel/opentelemetry-collector-contrib:0.100.0",
            "image_id": "sha256:cea61bd39d318b3ec7664794f6be9ed0cce9321059a08b4ec5d3b8d310a4b609",
            "keep_locally": true,
            "name": "otel/opentelemetry-collector-contrib:0.100.0",
            "platform": null,
            "pull_triggers": null,
            "repo_digest": "otel/opentelemetry-collector-contrib@sha256:cea61bd39d318b3ec7664794f6be9ed0cce9321059a08b4ec5d3b8d310a4b609",
            "timeouts": null,
            "triggers": null
          },
          "sensitive_attributes": [],
          "identity_schema_version": 0,
          "private": "eyJlMmJmYjczMC1lY2FhLTExZTYtOGY4OC0zNDM2M2JjN2M0YzAiOnsiY3JlYXRlIjoxMjAwMDAwMDAwMDAwLCJkZWxldGUiOjEyMDAwMDAwMDAwMDAsInVwZGF0ZSI6MTIwMDAwMDAwMDAwMH19"
        }
      ]
    },
    {
      "mode": "managed",
      "type": "docker_image",
      "name": "quiz_frontend_build",
      "provider": "provider[\"registry.terraform.io/kreuzwerker/docker\"]",
      "instances": [
        {
          "schema_version": 0,
          "attributes": {
            "build": [
              {
                "additional_contexts": [],
                "auth_config": [],
                "build_args": {},
                "build_id": "",
                "build_log_file": "",
                "builder": "",
                "cache_from": [],
                "cache_to": [],
                "cgroup_parent": "",
                "context": "/home/saisakthi/Coding-Project/Projects/Finished Projects/Docker/Terraform/projects/Quiz App/quiz-app",
                "cpu_period": 0,
                "cpu_quota": 0,
                "cpu_set_cpus": "",
                "cpu_set_mems": "",
                "cpu_shares": 0,
                "dockerfile": "Dockerfile.prod",
                "extra_hosts": [],
                "force_remove": false,
                "isolation": "",
                "label": {},
                "labels": {},
                "memory": 0,
                "memory_swap": 0,
                "network_mode": "",
                "no_cache": false,
                "platform": "",
                "pull_parent": false,
                "remote_context": "",
                "remove": true,
                "secrets": [],
                "security_opt": [],
                "session_id": "",
                "shm_size": 0,
                "squash": false,
                "suppress_output": false,
                "tag": [],
                "target": "",
                "ulimit": [],
                "version": ""
              }
            ],
            "force_remove": null,
            "id": "sha256:ebeead1a3efb9c37c3a3d005d433d13d902b0cb8155bad90e331ccd3073a0cc9quiz-frontend-build:latest",
            "image_id": "sha256:ebeead1a3efb9c37c3a3d005d433d13d902b0cb8155bad90e331ccd3073a0cc9",
            "keep_locally": true,
            "name": "quiz-frontend-build:latest",
            "platform": null,
            "pull_triggers": null,
            "repo_digest": "quiz-frontend-build@sha256:ebeead1a3efb9c37c3a3d005d433d13d902b0cb8155bad90e331ccd3073a0cc9",
            "timeouts": null,
            "triggers": {
              "dir_sha": "33d5b7a170ebc34a489b885f187f6c4284992ba903125aa97b8d4a1fa3f87435"
            }
          },
          "sensitive_attributes": [],
          "identity_schema_version": 0,
          "private": "eyJlMmJmYjczMC1lY2FhLTExZTYtOGY4OC0zNDM2M2JjN2M0YzAiOnsiY3JlYXRlIjoxMjAwMDAwMDAwMDAwLCJkZWxldGUiOjEyMDAwMDAwMDAwMDAsInVwZGF0ZSI6MTIwMDAwMDAwMDAwMH19"
        }
      ]
    },
    {
      "mode": "managed",
      "type": "docker_image",
      "name": "social_django",
      "provider": "provider[\"registry.terraform.io/kreuzwerker/docker\"]",
      "instances": [
        {
          "schema_version": 0,
          "attributes": {
            "build": [
              {
                "additional_contexts": [],
                "auth_config": [],
                "build_args": {},
                "build_id": "",
                "build_log_file": "",
                "builder": "",
                "cache_from": [],
                "cache_to": [],
                "cgroup_parent": "",
                "context": "/home/saisakthi/Coding-Project/Projects/Finished Projects/Docker/Terraform/projects/Social Media App/apps/backend",
                "cpu_period": 0,
                "cpu_quota": 0,
                "cpu_set_cpus": "",
                "cpu_set_mems": "",
                "cpu_shares": 0,
                "dockerfile": "Dockerfile",
                "extra_hosts": [],
                "force_remove": false,
                "isolation": "",
                "label": {},
                "labels": {},
                "memory": 0,
                "memory_swap": 0,
                "network_mode": "",
                "no_cache": false,
                "platform": "",
                "pull_parent": false,
                "remote_context": "",
                "remove": true,
                "secrets": [],
                "security_opt": [],
                "session_id": "",
                "shm_size": 0,
                "squash": false,
                "suppress_output": false,
                "tag": [],
                "target": "",
                "ulimit": [],
                "version": ""
              }
            ],
            "force_remove": null,
            "id": "sha256:c9279e6252f0bcdb3647c438b2d4b51e7463169b47ce3d5b9f477e1848143ee7socialmediaapp-django:latest",
            "image_id": "sha256:c9279e6252f0bcdb3647c438b2d4b51e7463169b47ce3d5b9f477e1848143ee7",
            "keep_locally": true,
            "name": "socialmediaapp-django:latest",
            "platform": null,
            "pull_triggers": null,
            "repo_digest": "socialmediaapp-django@sha256:c9279e6252f0bcdb3647c438b2d4b51e7463169b47ce3d5b9f477e1848143ee7",
            "timeouts": null,
            "triggers": {
              "dir_sha": "91815fe378d1d188f22bef209e0e263033ed8865eaee5eda31c1d30efed83476"
            }
          },
          "sensitive_attributes": [],
          "identity_schema_version": 0,
          "private": "eyJlMmJmYjczMC1lY2FhLTExZTYtOGY4OC0zNDM2M2JjN2M0YzAiOnsiY3JlYXRlIjoxMjAwMDAwMDAwMDAwLCJkZWxldGUiOjEyMDAwMDAwMDAwMDAsInVwZGF0ZSI6MTIwMDAwMDAwMDAwMH19"
        }
      ]
    },
    {
      "mode": "managed",
      "type": "docker_image",
      "name": "social_frontend",
      "provider": "provider[\"registry.terraform.io/kreuzwerker/docker\"]",
      "instances": [
        {
          "schema_version": 0,
          "attributes": {
            "build": [
              {
                "additional_contexts": [],
                "auth_config": [],
                "build_args": {},
                "build_id": "",
                "build_log_file": "",
                "builder": "",
                "cache_from": [],
                "cache_to": [],
                "cgroup_parent": "",
                "context": "/home/saisakthi/Coding-Project/Projects/Finished Projects/Docker/Terraform/projects/Social Media App/apps/frontend",
                "cpu_period": 0,
                "cpu_quota": 0,
                "cpu_set_cpus": "",
                "cpu_set_mems": "",
                "cpu_shares": 0,
                "dockerfile": "Dockerfile",
                "extra_hosts": [],
                "force_remove": false,
                "isolation": "",
                "label": {},
                "labels": {},
                "memory": 0,
                "memory_swap": 0,
                "network_mode": "",
                "no_cache": false,
                "platform": "",
                "pull_parent": false,
                "remote_context": "",
                "remove": true,
                "secrets": [],
                "security_opt": [],
                "session_id": "",
                "shm_size": 0,
                "squash": false,
                "suppress_output": false,
                "tag": [],
                "target": "",
                "ulimit": [],
                "version": ""
              }
            ],
            "force_remove": null,
            "id": "sha256:5505a8cb654aae20adab0cf890163ef7fe74908ad52df000b1e62719d4411582socialmediaapp-frontend-prod:latest",
            "image_id": "sha256:5505a8cb654aae20adab0cf890163ef7fe74908ad52df000b1e62719d4411582",
            "keep_locally": true,
            "name": "socialmediaapp-frontend-prod:latest",
            "platform": null,
            "pull_triggers": null,
            "repo_digest": "socialmediaapp-frontend-prod@sha256:5505a8cb654aae20adab0cf890163ef7fe74908ad52df000b1e62719d4411582",
            "timeouts": null,
            "triggers": {
              "dir_sha": "3b3f4d071691e9a4ba1e9ef765fc53558bffb1d1312062076ad3e2f681bd976d"
            }
          },
          "sensitive_attributes": [],
          "identity_schema_version": 0,
          "private": "eyJlMmJmYjczMC1lY2FhLTExZTYtOGY4OC0zNDM2M2JjN2M0YzAiOnsiY3JlYXRlIjoxMjAwMDAwMDAwMDAwLCJkZWxldGUiOjEyMDAwMDAwMDAwMDAsInVwZGF0ZSI6MTIwMDAwMDAwMDAwMH19"
        }
      ]
    },
    {
      "mode": "managed",
      "type": "docker_image",
      "name": "social_go",
      "provider": "provider[\"registry.terraform.io/kreuzwerker/docker\"]",
      "instances": [
        {
          "schema_version": 0,
          "attributes": {
            "build": [
              {
                "additional_contexts": [],
                "auth_config": [],
                "build_args": {},
                "build_id": "",
                "build_log_file": "",
                "builder": "",
                "cache_from": [],
                "cache_to": [],
                "cgroup_parent": "",
                "context": "/home/saisakthi/Coding-Project/Projects/Finished Projects/Docker/Terraform/projects/Social Media App/apps/microservice-go",
                "cpu_period": 0,
                "cpu_quota": 0,
                "cpu_set_cpus": "",
                "cpu_set_mems": "",
                "cpu_shares": 0,
                "dockerfile": "Dockerfile",
                "extra_hosts": [],
                "force_remove": false,
                "isolation": "",
                "label": {},
                "labels": {},
                "memory": 0,
                "memory_swap": 0,
                "network_mode": "",
                "no_cache": false,
                "platform": "",
                "pull_parent": false,
                "remote_context": "",
                "remove": true,
                "secrets": [],
                "security_opt": [],
                "session_id": "",
                "shm_size": 0,
                "squash": false,
                "suppress_output": false,
                "tag": [],
                "target": "",
                "ulimit": [],
                "version": ""
              }
            ],
            "force_remove": null,
            "id": "sha256:e950df3b7f82f3838f482b96a74eee8cec4ea3fd211402a49b91bb05719cd66dsocialmediaapp-microservice-go:latest",
            "image_id": "sha256:e950df3b7f82f3838f482b96a74eee8cec4ea3fd211402a49b91bb05719cd66d",
            "keep_locally": true,
            "name": "socialmediaapp-microservice-go:latest",
            "platform": null,
            "pull_triggers": null,
            "repo_digest": "socialmediaapp-microservice-go@sha256:e950df3b7f82f3838f482b96a74eee8cec4ea3fd211402a49b91bb05719cd66d",
            "timeouts": null,
            "triggers": {
              "dir_sha": "e03391b5a0695e4d05713efc6cc3ca9dc51104d403aedab3d4f81fb9a581d0d4"
            }
          },
          "sensitive_attributes": [],
          "identity_schema_version": 0,
          "private": "eyJlMmJmYjczMC1lY2FhLTExZTYtOGY4OC0zNDM2M2JjN2M0YzAiOnsiY3JlYXRlIjoxMjAwMDAwMDAwMDAwLCJkZWxldGUiOjEyMDAwMDAwMDAwMDAsInVwZGF0ZSI6MTIwMDAwMDAwMDAwMH19"
        }
      ]
    },
    {
      "mode": "managed",
      "type": "docker_image",
      "name": "social_java",
      "provider": "provider[\"registry.terraform.io/kreuzwerker/docker\"]",
      "instances": [
        {
          "schema_version": 0,
          "attributes": {
            "build": [
              {
                "additional_contexts": [],
                "auth_config": [],
                "build_args": {},
                "build_id": "",
                "build_log_file": "",
                "builder": "",
                "cache_from": [],
                "cache_to": [],
                "cgroup_parent": "",
                "context": "/home/saisakthi/Coding-Project/Projects/Finished Projects/Docker/Terraform/projects/Social Media App/apps/microservice-java",
                "cpu_period": 0,
                "cpu_quota": 0,
                "cpu_set_cpus": "",
                "cpu_set_mems": "",
                "cpu_shares": 0,
                "dockerfile": "Dockerfile",
                "extra_hosts": [],
                "force_remove": false,
                "isolation": "",
                "label": {},
                "labels": {},
                "memory": 0,
                "memory_swap": 0,
                "network_mode": "",
                "no_cache": false,
                "platform": "",
                "pull_parent": false,
                "remote_context": "",
                "remove": true,
                "secrets": [],
                "security_opt": [],
                "session_id": "",
                "shm_size": 0,
                "squash": false,
                "suppress_output": false,
                "tag": [],
                "target": "",
                "ulimit": [],
                "version": ""
              }
            ],
            "force_remove": null,
            "id": "sha256:8e814418ddcf75fba30e68c65a1430c99815fd064c6cd4db79c9b7a5d55ad8basocialmediaapp-microservice-java:latest",
            "image_id": "sha256:8e814418ddcf75fba30e68c65a1430c99815fd064c6cd4db79c9b7a5d55ad8ba",
            "keep_locally": true,
            "name": "socialmediaapp-microservice-java:latest",
            "platform": null,
            "pull_triggers": null,
            "repo_digest": "socialmediaapp-microservice-java@sha256:8e814418ddcf75fba30e68c65a1430c99815fd064c6cd4db79c9b7a5d55ad8ba",
            "timeouts": null,
            "triggers": {
              "dir_sha": "12f0a78fbe3d5abd792cd51a6db84937ffc960ab774668795cad3bace5391364"
            }
          },
          "sensitive_attributes": [],
          "identity_schema_version": 0,
          "private": "eyJlMmJmYjczMC1lY2FhLTExZTYtOGY4OC0zNDM2M2JjN2M0YzAiOnsiY3JlYXRlIjoxMjAwMDAwMDAwMDAwLCJkZWxldGUiOjEyMDAwMDAwMDAwMDAsInVwZGF0ZSI6MTIwMDAwMDAwMDAwMH19"
        }
      ]
    },
    {
      "mode": "managed",
      "type": "docker_image",
      "name": "social_minio",
      "provider": "provider[\"registry.terraform.io/kreuzwerker/docker\"]",
      "instances": [
        {
          "schema_version": 0,
          "attributes": {
            "build": [
              {
                "additional_contexts": [],
                "auth_config": [],
                "build_args": {},
                "build_id": "",
                "build_log_file": "",
                "builder": "",
                "cache_from": [],
                "cache_to": [],
                "cgroup_parent": "",
                "context": "/home/saisakthi/Coding-Project/Projects/Finished Projects/Docker/Terraform/projects/Social Media App/storage/minio",
                "cpu_period": 0,
                "cpu_quota": 0,
                "cpu_set_cpus": "",
                "cpu_set_mems": "",
                "cpu_shares": 0,
                "dockerfile": "Dockerfile",
                "extra_hosts": [],
                "force_remove": false,
                "isolation": "",
                "label": {},
                "labels": {},
                "memory": 0,
                "memory_swap": 0,
                "network_mode": "",
                "no_cache": false,
                "platform": "",
                "pull_parent": false,
                "remote_context": "",
                "remove": true,
                "secrets": [],
                "security_opt": [],
                "session_id": "",
                "shm_size": 0,
                "squash": false,
                "suppress_output": false,
                "tag": [],
                "target": "",
                "ulimit": [],
                "version": ""
              }
            ],
            "force_remove": null,
            "id": "sha256:24dda35d347e473f6513c50cfaa1b27d9236b56b128f4b9f6f7c288be9ad6cc7socialmediaapp-minio:latest",
            "image_id": "sha256:24dda35d347e473f6513c50cfaa1b27d9236b56b128f4b9f6f7c288be9ad6cc7",
            "keep_locally": true,
            "name": "socialmediaapp-minio:latest",
            "platform": null,
            "pull_triggers": null,
            "repo_digest": "socialmediaapp-minio@sha256:24dda35d347e473f6513c50cfaa1b27d9236b56b128f4b9f6f7c288be9ad6cc7",
            "timeouts": null,
            "triggers": {
              "dir_sha": "04e3ada876f6a88fcbb4efe2c1c8928c3a8ad16fcb2de5324872761ef042c0f9"
            }
          },
          "sensitive_attributes": [],
          "identity_schema_version": 0,
          "private": "eyJlMmJmYjczMC1lY2FhLTExZTYtOGY4OC0zNDM2M2JjN2M0YzAiOnsiY3JlYXRlIjoxMjAwMDAwMDAwMDAwLCJkZWxldGUiOjEyMDAwMDAwMDAwMDAsInVwZGF0ZSI6MTIwMDAwMDAwMDAwMH19"
        }
      ]
    },
    {
      "mode": "managed",
      "type": "docker_image",
      "name": "video_backend",
      "provider": "provider[\"registry.terraform.io/kreuzwerker/docker\"]",
      "instances": [
        {
          "schema_version": 0,
          "attributes": {
            "build": [
              {
                "additional_contexts": [],
                "auth_config": [],
                "build_args": {},
                "build_id": "",
                "build_log_file": "",
                "builder": "",
                "cache_from": [],
                "cache_to": [],
                "cgroup_parent": "",
                "context": "/home/saisakthi/Coding-Project/Projects/Finished Projects/Docker/Terraform/projects/Video Uploader/Main/backend",
                "cpu_period": 0,
                "cpu_quota": 0,
                "cpu_set_cpus": "",
                "cpu_set_mems": "",
                "cpu_shares": 0,
                "dockerfile": "Dockerfile",
                "extra_hosts": [],
                "force_remove": false,
                "isolation": "",
                "label": {},
                "labels": {},
                "memory": 0,
                "memory_swap": 0,
                "network_mode": "",
                "no_cache": false,
                "platform": "",
                "pull_parent": false,
                "remote_context": "",
                "remove": true,
                "secrets": [],
                "security_opt": [],
                "session_id": "",
                "shm_size": 0,
                "squash": false,
                "suppress_output": false,
                "tag": [],
                "target": "",
                "ulimit": [],
                "version": ""
              }
            ],
            "force_remove": null,
            "id": "sha256:735960e8ad57e4a359f59b12c1d2a4234cd78200840f73eceee50ade4dcefc43video-uploader-backend:latest",
            "image_id": "sha256:735960e8ad57e4a359f59b12c1d2a4234cd78200840f73eceee50ade4dcefc43",
            "keep_locally": true,
            "name": "video-uploader-backend:latest",
            "platform": null,
            "pull_triggers": null,
            "repo_digest": "video-uploader-backend@sha256:735960e8ad57e4a359f59b12c1d2a4234cd78200840f73eceee50ade4dcefc43",
            "timeouts": null,
            "triggers": {
              "dir_sha": "66ea55d859852aee4ae6723ddf1bca50cdfa102c601fd05414ca7b87990033d5"
            }
          },
          "sensitive_attributes": [],
          "identity_schema_version": 0,
          "private": "eyJlMmJmYjczMC1lY2FhLTExZTYtOGY4OC0zNDM2M2JjN2M0YzAiOnsiY3JlYXRlIjoxMjAwMDAwMDAwMDAwLCJkZWxldGUiOjEyMDAwMDAwMDAwMDAsInVwZGF0ZSI6MTIwMDAwMDAwMDAwMH19"
        }
      ]
    },
    {
      "mode": "managed",
      "type": "docker_image",
      "name": "video_frontend_build",
      "provider": "provider[\"registry.terraform.io/kreuzwerker/docker\"]",
      "instances": [
        {
          "schema_version": 0,
          "attributes": {
            "build": [
              {
                "additional_contexts": [],
                "auth_config": [],
                "build_args": {},
                "build_id": "",
                "build_log_file": "",
                "builder": "",
                "cache_from": [],
                "cache_to": [],
                "cgroup_parent": "",
                "context": "/home/saisakthi/Coding-Project/Projects/Finished Projects/Docker/Terraform/projects/Video Uploader/Main/frontend/video-uploader",
                "cpu_period": 0,
                "cpu_quota": 0,
                "cpu_set_cpus": "",
                "cpu_set_mems": "",
                "cpu_shares": 0,
                "dockerfile": "Dockerfile.prod",
                "extra_hosts": [],
                "force_remove": false,
                "isolation": "",
                "label": {},
                "labels": {},
                "memory": 0,
                "memory_swap": 0,
                "network_mode": "",
                "no_cache": false,
                "platform": "",
                "pull_parent": false,
                "remote_context": "",
                "remove": true,
                "secrets": [],
                "security_opt": [],
                "session_id": "",
                "shm_size": 0,
                "squash": false,
                "suppress_output": false,
                "tag": [],
                "target": "",
                "ulimit": [],
                "version": ""
              }
            ],
            "force_remove": null,
            "id": "sha256:cf9ae04c528338260d46dfbb62ab6f697ccf5054e58670a1aaf027c25f53f012video-frontend-build:latest",
            "image_id": "sha256:cf9ae04c528338260d46dfbb62ab6f697ccf5054e58670a1aaf027c25f53f012",
            "keep_locally": true,
            "name": "video-frontend-build:latest",
            "platform": null,
            "pull_triggers": null,
            "repo_digest": "video-frontend-build@sha256:cf9ae04c528338260d46dfbb62ab6f697ccf5054e58670a1aaf027c25f53f012",
            "timeouts": null,
            "triggers": {
              "dir_sha": "e9c914cad2fd71085d93488f43bdbe925a08bebf264ca9fb5b49677a2fe7228e"
            }
          },
          "sensitive_attributes": [],
          "identity_schema_version": 0,
          "private": "eyJlMmJmYjczMC1lY2FhLTExZTYtOGY4OC0zNDM2M2JjN2M0YzAiOnsiY3JlYXRlIjoxMjAwMDAwMDAwMDAwLCJkZWxldGUiOjEyMDAwMDAwMDAwMDAsInVwZGF0ZSI6MTIwMDAwMDAwMDAwMH19"
        }
      ]
    },
    {
      "mode": "managed",
      "type": "docker_image",
      "name": "whisper_frontend",
      "provider": "provider[\"registry.terraform.io/kreuzwerker/docker\"]",
      "instances": [
        {
          "schema_version": 0,
          "attributes": {
            "build": [
              {
                "additional_contexts": [],
                "auth_config": [],
                "build_args": null,
                "build_id": "",
                "build_log_file": "",
                "builder": "",
                "cache_from": [],
                "cache_to": [],
                "cgroup_parent": "",
                "context": "/home/saisakthi/Coding-Project/Projects/Finished Projects/Docker/Terraform/projects/Whatsapp/whatsapp-frontend",
                "cpu_period": null,
                "cpu_quota": null,
                "cpu_set_cpus": "",
                "cpu_set_mems": "",
                "cpu_shares": null,
                "dockerfile": "Dockerfile.prod",
                "extra_hosts": [],
                "force_remove": null,
                "isolation": "",
                "label": null,
                "labels": null,
                "memory": null,
                "memory_swap": null,
                "network_mode": "",
                "no_cache": null,
                "platform": "",
                "pull_parent": null,
                "remote_context": "",
                "remove": true,
                "secrets": [],
                "security_opt": [],
                "session_id": "",
                "shm_size": null,
                "squash": null,
                "suppress_output": null,
                "tag": [],
                "target": "",
                "ulimit": [],
                "version": ""
              }
            ],
            "force_remove": null,
            "id": "sha256:ce0510c7bece3eaf2fc47d94bf203c44e84bf8f2db7c7781a3c64b3a06969515whisper-frontend:latest",
            "image_id": "sha256:ce0510c7bece3eaf2fc47d94bf203c44e84bf8f2db7c7781a3c64b3a06969515",
            "keep_locally": true,
            "name": "whisper-frontend:latest",
            "platform": null,
            "pull_triggers": null,
            "repo_digest": "whisper-frontend@sha256:ce0510c7bece3eaf2fc47d94bf203c44e84bf8f2db7c7781a3c64b3a06969515",
            "timeouts": null,
            "triggers": {
              "dir_sha": "e3b0c44298fc1c149afbf4c8996fb92427ae41e4649b934ca495991b7852b855"
            }
          },
          "sensitive_attributes": [],
          "identity_schema_version": 0,
          "private": "eyJlMmJmYjczMC1lY2FhLTExZTYtOGY4OC0zNDM2M2JjN2M0YzAiOnsiY3JlYXRlIjoxMjAwMDAwMDAwMDAwLCJkZWxldGUiOjEyMDAwMDAwMDAwMDAsInVwZGF0ZSI6MTIwMDAwMDAwMDAwMH19"
        }
      ]
    },
    {
      "mode": "managed",
      "type": "docker_network",
      "name": "gateway_net",
      "provider": "provider[\"registry.terraform.io/kreuzwerker/docker\"]",
      "instances": [
        {
          "schema_version": 1,
          "attributes": {
            "attachable": false,
            "check_duplicate": null,
            "driver": "bridge",
            "id": "a8d86b3ca3b72cddc22e19a8326b968084b2d980b313c4b75b1b936a44b94df3",
            "ingress": false,
            "internal": false,
            "ipam_config": [
              {
                "aux_address": {},
                "gateway": "172.19.0.1",
                "ip_range": "",
                "subnet": "172.19.0.0/16"
              }
            ],
            "ipam_driver": "default",
            "ipam_options": {},
            "ipv6": false,
            "labels": [],
            "name": "gateway-net",
            "options": {
              "com.docker.network.enable_ipv4": "true",
              "com.docker.network.enable_ipv6": "false"
            },
            "scope": "local"
          },
          "sensitive_attributes": [],
          "identity_schema_version": 0,
          "private": "eyJzY2hlbWFfdmVyc2lvbiI6IjEifQ=="
        }
      ]
    },
    {
      "mode": "managed",
      "type": "docker_volume",
      "name": "api_dist",
      "provider": "provider[\"registry.terraform.io/kreuzwerker/docker\"]",
      "instances": [
        {
          "schema_version": 1,
          "attributes": {
            "cluster": [],
            "driver": "local",
            "driver_opts": {},
            "id": "gateway_api-dist",
            "labels": [],
            "mountpoint": "/var/lib/docker/volumes/gateway_api-dist/_data",
            "name": "gateway_api-dist"
          },
          "sensitive_attributes": [],
          "identity_schema_version": 0,
          "private": "eyJzY2hlbWFfdmVyc2lvbiI6IjEifQ=="
        }
      ]
    },
    {
      "mode": "managed",
      "type": "docker_volume",
      "name": "bank_dist",
      "provider": "provider[\"registry.terraform.io/kreuzwerker/docker\"]",
      "instances": [
        {
          "schema_version": 1,
          "attributes": {
            "cluster": [],
            "driver": "local",
            "driver_opts": {},
            "id": "gateway_bank-dist",
            "labels": [],
            "mountpoint": "/var/lib/docker/volumes/gateway_bank-dist/_data",
            "name": "gateway_bank-dist"
          },
          "sensitive_attributes": [],
          "identity_schema_version": 0,
          "private": "eyJzY2hlbWFfdmVyc2lvbiI6IjEifQ=="
        }
      ]
    },
    {
      "mode": "managed",
      "type": "docker_volume",
      "name": "bank_pgdata",
      "provider": "provider[\"registry.terraform.io/kreuzwerker/docker\"]",
      "instances": [
        {
          "schema_version": 1,
          "attributes": {
            "cluster": [],
            "driver": "local",
            "driver_opts": {},
            "id": "gateway_bank-pgdata",
            "labels": [],
            "mountpoint": "/var/lib/docker/volumes/gateway_bank-pgdata/_data",
            "name": "gateway_bank-pgdata"
          },
          "sensitive_attributes": [],
          "identity_schema_version": 0,
          "private": "eyJzY2hlbWFfdmVyc2lvbiI6IjEifQ=="
        }
      ]
    },
    {
      "mode": "managed",
      "type": "docker_volume",
      "name": "blog_minio",
      "provider": "provider[\"registry.terraform.io/kreuzwerker/docker\"]",
      "instances": [
        {
          "schema_version": 1,
          "attributes": {
            "cluster": [],
            "driver": "local",
            "driver_opts": {},
            "id": "gateway_blog-minio",
            "labels": [],
            "mountpoint": "/var/lib/docker/volumes/gateway_blog-minio/_data",
            "name": "gateway_blog-minio"
          },
          "sensitive_attributes": [],
          "identity_schema_version": 0,
          "private": "eyJzY2hlbWFfdmVyc2lvbiI6IjEifQ=="
        }
      ]
    },
    {
      "mode": "managed",
      "type": "docker_volume",
      "name": "blog_mysql",
      "provider": "provider[\"registry.terraform.io/kreuzwerker/docker\"]",
      "instances": [
        {
          "schema_version": 1,
          "attributes": {
            "cluster": [],
            "driver": "local",
            "driver_opts": {},
            "id": "gateway_blog-mysql",
            "labels": [],
            "mountpoint": "/var/lib/docker/volumes/gateway_blog-mysql/_data",
            "name": "gateway_blog-mysql"
          },
          "sensitive_attributes": [],
          "identity_schema_version": 0,
          "private": "eyJzY2hlbWFfdmVyc2lvbiI6IjEifQ=="
        }
      ]
    },
    {
      "mode": "managed",
      "type": "docker_volume",
      "name": "compiler_db_data",
      "provider": "provider[\"registry.terraform.io/kreuzwerker/docker\"]",
      "instances": [
        {
          "schema_version": 1,
          "attributes": {
            "cluster": [],
            "driver": "local",
            "driver_opts": null,
            "id": "gateway_compiler-db-data",
            "labels": [],
            "mountpoint": "/var/lib/docker/volumes/gateway_compiler-db-data/_data",
            "name": "gateway_compiler-db-data"
          },
          "sensitive_attributes": [],
          "identity_schema_version": 0,
          "private": "eyJzY2hlbWFfdmVyc2lvbiI6IjEifQ=="
        }
      ]
    },
    {
      "mode": "managed",
      "type": "docker_volume",
      "name": "compiler_server_data",
      "provider": "provider[\"registry.terraform.io/kreuzwerker/docker\"]",
      "instances": [
        {
          "schema_version": 1,
          "attributes": {
            "cluster": [],
            "driver": "local",
            "driver_opts": null,
            "id": "gateway_compiler-server-data",
            "labels": [],
            "mountpoint": "/var/lib/docker/volumes/gateway_compiler-server-data/_data",
            "name": "gateway_compiler-server-data"
          },
          "sensitive_attributes": [],
          "identity_schema_version": 0,
          "private": "eyJzY2hlbWFfdmVyc2lvbiI6IjEifQ=="
        }
      ]
    },
    {
      "mode": "managed",
      "type": "docker_volume",
      "name": "doc_dist",
      "provider": "provider[\"registry.terraform.io/kreuzwerker/docker\"]",
      "instances": [
        {
          "schema_version": 1,
          "attributes": {
            "cluster": [],
            "driver": "local",
            "driver_opts": {},
            "id": "gateway_doc-dist",
            "labels": [],
            "mountpoint": "/var/lib/docker/volumes/gateway_doc-dist/_data",
            "name": "gateway_doc-dist"
          },
          "sensitive_attributes": [],
          "identity_schema_version": 0,
          "private": "eyJzY2hlbWFfdmVyc2lvbiI6IjEifQ=="
        }
      ]
    },
    {
      "mode": "managed",
      "type": "docker_volume",
      "name": "doc_minio",
      "provider": "provider[\"registry.terraform.io/kreuzwerker/docker\"]",
      "instances": [
        {
          "schema_version": 1,
          "attributes": {
            "cluster": [],
            "driver": "local",
            "driver_opts": {},
            "id": "gateway_doc-minio",
            "labels": [],
            "mountpoint": "/var/lib/docker/volumes/gateway_doc-minio/_data",
            "name": "gateway_doc-minio"
          },
          "sensitive_attributes": [],
          "identity_schema_version": 0,
          "private": "eyJzY2hlbWFfdmVyc2lvbiI6IjEifQ=="
        }
      ]
    },
    {
      "mode": "managed",
      "type": "docker_volume",
      "name": "doc_mysql",
      "provider": "provider[\"registry.terraform.io/kreuzwerker/docker\"]",
      "instances": [
        {
          "schema_version": 1,
          "attributes": {
            "cluster": [],
            "driver": "local",
            "driver_opts": {},
            "id": "gateway_doc-mysql",
            "labels": [],
            "mountpoint": "/var/lib/docker/volumes/gateway_doc-mysql/_data",
            "name": "gateway_doc-mysql"
          },
          "sensitive_attributes": [],
          "identity_schema_version": 0,
          "private": "eyJzY2hlbWFfdmVyc2lvbiI6IjEifQ=="
        }
      ]
    },
    {
      "mode": "managed",
      "type": "docker_volume",
      "name": "intro_dist",
      "provider": "provider[\"registry.terraform.io/kreuzwerker/docker\"]",
      "instances": [
        {
          "schema_version": 1,
          "attributes": {
            "cluster": [],
            "driver": "local",
            "driver_opts": {},
            "id": "gateway_intro-dist",
            "labels": [],
            "mountpoint": "/var/lib/docker/volumes/gateway_intro-dist/_data",
            "name": "gateway_intro-dist"
          },
          "sensitive_attributes": [],
          "identity_schema_version": 0,
          "private": "eyJzY2hlbWFfdmVyc2lvbiI6IjEifQ=="
        }
      ]
    },
    {
      "mode": "managed",
      "type": "docker_volume",
      "name": "jenkins_home",
      "provider": "provider[\"registry.terraform.io/kreuzwerker/docker\"]",
      "instances": [
        {
          "schema_version": 1,
          "attributes": {
            "cluster": [],
            "driver": "local",
            "driver_opts": {},
            "id": "jenkins_home",
            "labels": [],
            "mountpoint": "/var/lib/docker/volumes/jenkins_home/_data",
            "name": "jenkins_home"
          },
          "sensitive_attributes": [],
          "identity_schema_version": 0,
          "private": "eyJzY2hlbWFfdmVyc2lvbiI6IjEifQ=="
        }
      ]
    },
    {
      "mode": "managed",
      "type": "docker_volume",
      "name": "n8n_data",
      "provider": "provider[\"registry.terraform.io/kreuzwerker/docker\"]",
      "instances": [
        {
          "schema_version": 1,
          "attributes": {
            "cluster": [],
            "driver": "local",
            "driver_opts": {},
            "id": "gateway_n8n-data",
            "labels": [],
            "mountpoint": "/var/lib/docker/volumes/gateway_n8n-data/_data",
            "name": "gateway_n8n-data"
          },
          "sensitive_attributes": [],
          "identity_schema_version": 0,
          "private": "eyJzY2hlbWFfdmVyc2lvbiI6IjEifQ=="
        }
      ]
    },
    {
      "mode": "managed",
      "type": "docker_volume",
      "name": "notes_dist",
      "provider": "provider[\"registry.terraform.io/kreuzwerker/docker\"]",
      "instances": [
        {
          "schema_version": 1,
          "attributes": {
            "cluster": [],
            "driver": "local",
            "driver_opts": {},
            "id": "gateway_notes-dist",
            "labels": [],
            "mountpoint": "/var/lib/docker/volumes/gateway_notes-dist/_data",
            "name": "gateway_notes-dist"
          },
          "sensitive_attributes": [],
          "identity_schema_version": 0,
          "private": "eyJzY2hlbWFfdmVyc2lvbiI6IjEifQ=="
        }
      ]
    },
    {
      "mode": "managed",
      "type": "docker_volume",
      "name": "notes_media",
      "provider": "provider[\"registry.terraform.io/kreuzwerker/docker\"]",
      "instances": [
        {
          "schema_version": 1,
          "attributes": {
            "cluster": [],
            "driver": "local",
            "driver_opts": {},
            "id": "gateway_notes-media",
            "labels": [],
            "mountpoint": "/var/lib/docker/volumes/gateway_notes-media/_data",
            "name": "gateway_notes-media"
          },
          "sensitive_attributes": [],
          "identity_schema_version": 0,
          "private": "eyJzY2hlbWFfdmVyc2lvbiI6IjEifQ=="
        }
      ]
    },
    {
      "mode": "managed",
      "type": "docker_volume",
      "name": "notes_pgdata",
      "provider": "provider[\"registry.terraform.io/kreuzwerker/docker\"]",
      "instances": [
        {
          "schema_version": 1,
          "attributes": {
            "cluster": [],
            "driver": "local",
            "driver_opts": {},
            "id": "gateway_notes-pgdata",
            "labels": [],
            "mountpoint": "/var/lib/docker/volumes/gateway_notes-pgdata/_data",
            "name": "gateway_notes-pgdata"
          },
          "sensitive_attributes": [],
          "identity_schema_version": 0,
          "private": "eyJzY2hlbWFfdmVyc2lvbiI6IjEifQ=="
        }
      ]
    },
    {
      "mode": "managed",
      "type": "docker_volume",
      "name": "notes_static",
      "provider": "provider[\"registry.terraform.io/kreuzwerker/docker\"]",
      "instances": [
        {
          "schema_version": 1,
          "attributes": {
            "cluster": [],
            "driver": "local",
            "driver_opts": {},
            "id": "gateway_notes-static",
            "labels": [],
            "mountpoint": "/var/lib/docker/volumes/gateway_notes-static/_data",
            "name": "gateway_notes-static"
          },
          "sensitive_attributes": [],
          "identity_schema_version": 0,
          "private": "eyJzY2hlbWFfdmVyc2lvbiI6IjEifQ=="
        }
      ]
    },
    {
      "mode": "managed",
      "type": "docker_volume",
      "name": "quiz_dist",
      "provider": "provider[\"registry.terraform.io/kreuzwerker/docker\"]",
      "instances": [
        {
          "schema_version": 1,
          "attributes": {
            "cluster": [],
            "driver": "local",
            "driver_opts": {},
            "id": "gateway_quiz-dist",
            "labels": [],
            "mountpoint": "/var/lib/docker/volumes/gateway_quiz-dist/_data",
            "name": "gateway_quiz-dist"
          },
          "sensitive_attributes": [],
          "identity_schema_version": 0,
          "private": "eyJzY2hlbWFfdmVyc2lvbiI6IjEifQ=="
        }
      ]
    },
    {
      "mode": "managed",
      "type": "docker_volume",
      "name": "record_dist",
      "provider": "provider[\"registry.terraform.io/kreuzwerker/docker\"]",
      "instances": [
        {
          "schema_version": 1,
          "attributes": {
            "cluster": [],
            "driver": "local",
            "driver_opts": {},
            "id": "gateway_record-dist",
            "labels": [],
            "mountpoint": "/var/lib/docker/volumes/gateway_record-dist/_data",
            "name": "gateway_record-dist"
          },
          "sensitive_attributes": [],
          "identity_schema_version": 0,
          "private": "eyJzY2hlbWFfdmVyc2lvbiI6IjEifQ=="
        }
      ]
    },
    {
      "mode": "managed",
      "type": "docker_volume",
      "name": "video_dist",
      "provider": "provider[\"registry.terraform.io/kreuzwerker/docker\"]",
      "instances": [
        {
          "schema_version": 1,
          "attributes": {
            "cluster": [],
            "driver": "local",
            "driver_opts": {},
            "id": "gateway_video-dist",
            "labels": [],
            "mountpoint": "/var/lib/docker/volumes/gateway_video-dist/_data",
            "name": "gateway_video-dist"
          },
          "sensitive_attributes": [],
          "identity_schema_version": 0,
          "private": "eyJzY2hlbWFfdmVyc2lvbiI6IjEifQ=="
        }
      ]
    },
    {
      "mode": "managed",
      "type": "docker_volume",
      "name": "whisper_dist",
      "provider": "provider[\"registry.terraform.io/kreuzwerker/docker\"]",
      "instances": [
        {
          "schema_version": 1,
          "attributes": {
            "cluster": [],
            "driver": "local",
            "driver_opts": null,
            "id": "gateway_whisper-dist",
            "labels": [],
            "mountpoint": "/var/lib/docker/volumes/gateway_whisper-dist/_data",
            "name": "gateway_whisper-dist"
          },
          "sensitive_attributes": [],
          "identity_schema_version": 0,
          "private": "eyJzY2hlbWFfdmVyc2lvbiI6IjEifQ=="
        }
      ]
    },
    {
      "mode": "managed",
      "type": "docker_volume",
      "name": "whisper_minio_data",
      "provider": "provider[\"registry.terraform.io/kreuzwerker/docker\"]",
      "instances": [
        {
          "schema_version": 1,
          "attributes": {
            "cluster": [],
            "driver": "local",
            "driver_opts": null,
            "id": "whisper_minio_data",
            "labels": [],
            "mountpoint": "/var/lib/docker/volumes/whisper_minio_data/_data",
            "name": "whisper_minio_data"
          },
          "sensitive_attributes": [],
          "identity_schema_version": 0,
          "private": "eyJzY2hlbWFfdmVyc2lvbiI6IjEifQ=="
        }
      ]
    },
    {
      "mode": "managed",
      "type": "docker_volume",
      "name": "whisper_pgdata",
      "provider": "provider[\"registry.terraform.io/kreuzwerker/docker\"]",
      "instances": [
        {
          "schema_version": 1,
          "attributes": {
            "cluster": [],
            "driver": "local",
            "driver_opts": null,
            "id": "gateway_whisper-pgdata",
            "labels": [],
            "mountpoint": "/var/lib/docker/volumes/gateway_whisper-pgdata/_data",
            "name": "gateway_whisper-pgdata"
          },
          "sensitive_attributes": [],
          "identity_schema_version": 0,
          "private": "eyJzY2hlbWFfdmVyc2lvbiI6IjEifQ=="
        }
      ]
    },
    {
      "mode": "managed",
      "type": "helm_release",
      "name": "ingress_nginx",
      "provider": "provider[\"registry.terraform.io/hashicorp/helm\"]",
      "instances": [
        {
          "schema_version": 1,
          "attributes": {
            "atomic": false,
            "chart": "ingress-nginx",
            "cleanup_on_fail": false,
            "create_namespace": true,
            "dependency_update": false,
            "description": null,
            "devel": null,
            "disable_crd_hooks": false,
            "disable_openapi_validation": false,
            "disable_webhooks": false,
            "force_update": false,
            "id": "ingress-nginx",
            "keyring": null,
            "lint": false,
            "manifest": null,
            "max_history": 0,
            "metadata": [
              {
                "app_version": "1.15.1",
                "chart": "ingress-nginx",
                "first_deployed": 1780230706,
                "last_deployed": 1780285865,
                "name": "ingress-nginx",
                "namespace": "ingress-nginx",
                "notes": "The ingress-nginx controller has been installed.\nGet the application URL by running these commands:\n  export HTTP_NODE_PORT=30080\n  export HTTPS_NODE_PORT=$(kubectl get service --namespace ingress-nginx ingress-nginx-controller --output jsonpath=\"{.spec.ports[1].nodePort}\")\n  export NODE_IP=\"$(kubectl get nodes --output jsonpath=\"{.items[0].status.addresses[1].address}\")\"\n\n  echo \"Visit http://${NODE_IP}:${HTTP_NODE_PORT} to access your application via HTTP.\"\n  echo \"Visit https://${NODE_IP}:${HTTPS_NODE_PORT} to access your application via HTTPS.\"\n\nAn example Ingress that makes use of the controller:\n  apiVersion: networking.k8s.io/v1\n  kind: Ingress\n  metadata:\n    name: example\n    namespace: foo\n  spec:\n    ingressClassName: nginx\n    rules:\n      - host: www.example.com\n        http:\n          paths:\n            - pathType: Prefix\n              backend:\n                service:\n                  name: exampleService\n                  port:\n                    number: 80\n              path: /\n    # This section is only required if TLS is to be enabled for the Ingress\n    tls:\n      - hosts:\n        - www.example.com\n        secretName: example-tls\n\nIf TLS is enabled for the Ingress, a Secret containing the certificate and key must also be provided:\n\n  apiVersion: v1\n  kind: Secret\n  metadata:\n    name: example-tls\n    namespace: foo\n  data:\n    tls.crt: \u003cbase64 encoded cert\u003e\n    tls.key: \u003cbase64 encoded key\u003e\n  type: kubernetes.io/tls\n",
                "revision": 2,
                "values": "{\"controller\":{\"hostPort\":{\"enabled\":true,\"ports\":{\"http\":80}},\"metrics\":{\"enabled\":true,\"port\":10254,\"prometheusRule\":{\"enabled\":false},\"service\":{\"annotations\":{\"prometheus.io/port\":\"10254\",\"prometheus.io/scrape\":\"true\"}},\"serviceMonitor\":{\"additionalLabels\":{\"release\":\"kube-prometheus-stack\"},\"enabled\":true,\"interval\":\"30s\",\"namespace\":\"monitoring\"}},\"service\":{\"nodePorts\":{\"http\":\"30080\"},\"type\":\"NodePort\"}}}",
                "version": "4.15.1"
              }
            ],
            "name": "ingress-nginx",
            "namespace": "ingress-nginx",
            "pass_credentials": false,
            "postrender": [],
            "recreate_pods": false,
            "render_subchart_notes": true,
            "replace": false,
            "repository": "https://kubernetes.github.io/ingress-nginx",
            "repository_ca_file": null,
            "repository_cert_file": null,
            "repository_key_file": null,
            "repository_password": null,
            "repository_username": null,
            "reset_values": false,
            "reuse_values": false,
            "set": [],
            "set_list": [],
            "set_sensitive": [],
            "skip_crds": false,
            "status": "deployed",
            "timeout": 120,
            "upgrade_install": null,
            "values": [
              "controller:\n  service:\n    type: NodePort\n    nodePorts:\n      http: \"30080\"\n  hostPort:\n    enabled: true\n    ports:\n      http: 80\n  metrics:\n    enabled: true\n    port: 10254\n    service:\n      annotations:\n        prometheus.io/scrape: \"true\"\n        prometheus.io/port: \"10254\"\n    serviceMonitor:\n      enabled: true\n      namespace: monitoring\n      interval: 30s\n      additionalLabels:\n        release: kube-prometheus-stack\n    prometheusRule:\n      enabled: false\n"
            ],
            "verify": false,
            "version": "4.15.1",
            "wait": true,
            "wait_for_jobs": false
          },
          "sensitive_attributes": [
            [
              {
                "type": "get_attr",
                "value": "repository_password"
              }
            ]
          ],
          "identity_schema_version": 0,
          "private": "eyJzY2hlbWFfdmVyc2lvbiI6IjEifQ==",
          "dependencies": [
            "null_resource.kind_cluster"
          ]
        }
      ]
    },
    {
      "mode": "managed",
      "type": "helm_release",
      "name": "jaeger",
      "provider": "provider[\"registry.terraform.io/hashicorp/helm\"]",
      "instances": [
        {
          "schema_version": 1,
          "attributes": {
            "atomic": false,
            "chart": "jaeger",
            "cleanup_on_fail": false,
            "create_namespace": true,
            "dependency_update": false,
            "description": null,
            "devel": null,
            "disable_crd_hooks": false,
            "disable_openapi_validation": false,
            "disable_webhooks": false,
            "force_update": false,
            "id": "jaeger",
            "keyring": null,
            "lint": false,
            "manifest": null,
            "max_history": 0,
            "metadata": [
              {
                "app_version": "2.18.0",
                "chart": "jaeger",
                "first_deployed": 1780231101,
                "last_deployed": 1780231101,
                "name": "jaeger",
                "namespace": "monitoring",
                "notes": "###################################################################\n### ⚠️  EXPERIMENTAL - NO STABILITY GUARANTEES                  ###\n###                                                             ###\n### This chart is under active development.                     ###\n### Breaking changes may occur in minor versions.               ###\n###                                                             ###\n### See README.md for configuration details.                    ###\n###################################################################\n\n🚀 Congratulations on successfully installing Jaeger v2.18.0 (Chart v4.8.0)!\n\nTo access the query UI:\n  export POD_NAME=$(kubectl get pods --namespace monitoring -l \"app.kubernetes.io/instance=jaeger,app.kubernetes.io/component=all-in-one\" -o jsonpath=\"{.items[0].metadata.name}\")\n  kubectl port-forward --namespace monitoring $POD_NAME 16686:16686 --address 0.0.0.0 \u0026\n  Visit http://127.0.0.1:16686/\n",
                "revision": 1,
                "values": "{\"jaeger\":{\"enabled\":true},\"provisionDataStore\":{\"cassandra\":false,\"elasticsearch\":false,\"kafka\":false},\"serviceMonitor\":{\"additionalLabels\":{\"release\":\"kube-prometheus-stack\"},\"enabled\":true},\"storage\":{\"type\":\"memory\"},\"userconfig\":{\"exporters\":{\"jaeger_storage_exporter\":{\"trace_storage\":\"some_storage\"}},\"extensions\":{\"expvar\":{\"endpoint\":\"[::]:27777\"},\"healthcheckv2\":{\"http\":{\"endpoint\":\"0.0.0.0:13133\"},\"use_v2\":true},\"jaeger_mcp\":{\"http\":{\"endpoint\":\"0.0.0.0:16687\"}},\"jaeger_query\":{\"base_path\":\"/jaeger\",\"storage\":{\"traces\":\"some_storage\"}},\"jaeger_storage\":{\"backends\":{\"some_storage\":{\"memory\":{\"max_traces\":50000}}}},\"remote_sampling\":{\"file\":{\"path\":\"\"}},\"zpages\":{\"endpoint\":\"0.0.0.0:27778\"}},\"receivers\":{\"jaeger\":{\"protocols\":{\"grpc\":{\"endpoint\":\"0.0.0.0:14250\"},\"thrift_binary\":{\"endpoint\":\"0.0.0.0:6832\"},\"thrift_compact\":{\"endpoint\":\"0.0.0.0:6831\"},\"thrift_http\":{\"endpoint\":\"0.0.0.0:14268\"}}},\"otlp\":{\"protocols\":{\"grpc\":{\"endpoint\":\"0.0.0.0:4317\"},\"http\":{\"endpoint\":\"0.0.0.0:4318\"}}}},\"service\":{\"extensions\":[\"jaeger_storage\",\"jaeger_query\",\"healthcheckv2\",\"remote_sampling\",\"zpages\",\"expvar\",\"jaeger_mcp\"],\"pipelines\":{\"traces\":{\"exporters\":[\"jaeger_storage_exporter\"],\"receivers\":[\"otlp\",\"jaeger\"]}}}}}",
                "version": "4.8.0"
              }
            ],
            "name": "jaeger",
            "namespace": "monitoring",
            "pass_credentials": false,
            "postrender": [],
            "recreate_pods": false,
            "render_subchart_notes": true,
            "replace": false,
            "repository": "https://jaegertracing.github.io/helm-charts",
            "repository_ca_file": null,
            "repository_cert_file": null,
            "repository_key_file": null,
            "repository_password": null,
            "repository_username": null,
            "reset_values": false,
            "reuse_values": false,
            "set": [],
            "set_list": [],
            "set_sensitive": [],
            "skip_crds": false,
            "status": "deployed",
            "timeout": 180,
            "upgrade_install": null,
            "values": [
              "provisionDataStore:\n  cassandra: false\n  elasticsearch: false\n  kafka: false\n\nuserconfig:\n  service:\n    extensions: [jaeger_storage, jaeger_query, healthcheckv2, remote_sampling, zpages, expvar, jaeger_mcp]\n    pipelines:\n      traces:\n        receivers: [otlp, jaeger]\n        exporters: [jaeger_storage_exporter]\n\n  extensions:\n    healthcheckv2:\n      use_v2: true\n      http:\n        endpoint: 0.0.0.0:13133\n\n    jaeger_storage:\n      backends:\n        some_storage:\n          memory:\n            max_traces: 50000\n\n    jaeger_query:\n      storage:\n        traces: some_storage\n      base_path: /jaeger\n\n    remote_sampling:\n      file:\n        path: \"\"\n\n    zpages:\n      endpoint: 0.0.0.0:27778\n\n    expvar:\n      endpoint: \"[::]:27777\"\n\n    jaeger_mcp:\n      http:\n        endpoint: 0.0.0.0:16687\n\n  receivers:\n    otlp:\n      protocols:\n        grpc:\n          endpoint: 0.0.0.0:4317\n        http:\n          endpoint: 0.0.0.0:4318\n    jaeger:\n      protocols:\n        grpc:\n          endpoint: 0.0.0.0:14250\n        thrift_http:\n          endpoint: 0.0.0.0:14268\n        thrift_binary:\n          endpoint: 0.0.0.0:6832\n        thrift_compact:\n          endpoint: 0.0.0.0:6831\n\n  exporters:\n    jaeger_storage_exporter:\n      trace_storage: some_storage\n\njaeger:\n  enabled: true\n\nstorage:\n  type: memory\n\nserviceMonitor:\n  enabled: true\n  additionalLabels:\n    release: kube-prometheus-stack"
            ],
            "verify": false,
            "version": "4.8.0",
            "wait": true,
            "wait_for_jobs": false
          },
          "sensitive_attributes": [
            [
              {
                "type": "get_attr",
                "value": "repository_password"
              }
            ]
          ],
          "identity_schema_version": 0,
          "private": "eyJzY2hlbWFfdmVyc2lvbiI6IjEifQ==",
          "dependencies": [
            "helm_release.ingress_nginx",
            "helm_release.kube_prometheus_stack",
            "helm_release.loki",
            "helm_release.otel_collector",
            "helm_release.redis",
            "helm_release.tempo",
            "kubectl_manifest.cassandra_service",
            "kubectl_manifest.cassandra_statefulset",
            "kubectl_manifest.minio_service",
            "null_resource.kind_cluster"
          ]
        }
      ]
    },
    {
      "mode": "managed",
      "type": "helm_release",
      "name": "kube_prometheus_stack",
      "provider": "provider[\"registry.terraform.io/hashicorp/helm\"]",
      "instances": [
        {
          "schema_version": 1,
          "attributes": {
            "atomic": false,
            "chart": "kube-prometheus-stack",
            "cleanup_on_fail": false,
            "create_namespace": true,
            "dependency_update": false,
            "description": null,
            "devel": null,
            "disable_crd_hooks": false,
            "disable_openapi_validation": false,
            "disable_webhooks": false,
            "force_update": false,
            "id": "kube-prometheus-stack",
            "keyring": null,
            "lint": false,
            "manifest": null,
            "max_history": 0,
            "metadata": [
              {
                "app_version": "v0.91.0",
                "chart": "kube-prometheus-stack",
                "first_deployed": 1780230721,
                "last_deployed": 1780230721,
                "name": "kube-prometheus-stack",
                "namespace": "monitoring",
                "notes": "1. Get the application URL by running these commands:\n  export POD_NAME=$(kubectl get pods --namespace monitoring -l \"app.kubernetes.io/name=prometheus-node-exporter,app.kubernetes.io/instance=kube-prometheus-stack\" -o jsonpath=\"{.items[0].metadata.name}\")\n  echo \"Visit http://127.0.0.1:9100 to use your application\"\n  kubectl port-forward --namespace monitoring $POD_NAME 9100\nkube-state-metrics is a simple service that listens to the Kubernetes API server and generates metrics about the state of the objects.\nThe exposed metrics can be found here:\nhttps://github.com/kubernetes/kube-state-metrics/blob/master/docs/README.md#exposed-metrics\n\nThe metrics are exported on the HTTP endpoint /metrics on the listening port.\nIn your case, kube-prometheus-stack-kube-state-metrics.monitoring.svc.cluster.local:8080/metrics\n\nThey are served either as plaintext or protobuf depending on the Accept header.\nThey are designed to be consumed either by Prometheus itself or by a scraper that is compatible with scraping a Prometheus client endpoint.\n\nkube-prometheus-stack has been installed. Check its status by running:\n  kubectl --namespace monitoring get pods -l \"release=kube-prometheus-stack\"\n\nGet Grafana 'admin' user password by running:\n\n  kubectl --namespace monitoring get secrets kube-prometheus-stack-grafana -o jsonpath=\"{.data.admin-password}\" | base64 -d ; echo\n\nAccess Grafana local instance:\n\n  export POD_NAME=$(kubectl --namespace monitoring get pod -l \"app.kubernetes.io/name=grafana,app.kubernetes.io/instance=kube-prometheus-stack\" -oname)\n  kubectl --namespace monitoring port-forward $POD_NAME 3000\n\nGet your grafana admin user password by running:\n\n  kubectl get secret --namespace monitoring -l app.kubernetes.io/component=admin-secret -o jsonpath=\"{.items[0].data.admin-password}\" | base64 --decode ; echo\n\n\nVisit https://github.com/prometheus-operator/kube-prometheus for instructions on how to create \u0026 configure Alertmanager and Prometheus instances using the Operator.\n\n1. Get your 'admin' user password by running:\n\n   kubectl get secret --namespace monitoring kube-prometheus-stack-grafana -o jsonpath=\"{.data.admin-password}\" | base64 --decode ; echo\n\n\n2. The Grafana server can be accessed via port 80 on the following DNS name from within your cluster:\n\n   kube-prometheus-stack-grafana.monitoring.svc.cluster.local\n\n   Get the Grafana URL to visit by running these commands in the same shell:\n     export POD_NAME=$(kubectl get pods --namespace monitoring -l \"app.kubernetes.io/name=grafana,app.kubernetes.io/instance=kube-prometheus-stack\" -o jsonpath=\"{.items[0].metadata.name}\")\n     kubectl --namespace monitoring port-forward $POD_NAME 3000\n\n3. Login with the password from step 1 and the username: admin\n#################################################################################\n######   WARNING: Persistence is disabled!!! You will lose your data when   #####\n######            the Grafana pod is terminated.                            #####\n#################################################################################\n",
                "revision": 1,
                "values": "{\"defaultRules\":{\"disabled\":{\"node_namespace_pod_container:container_cpu_usage_seconds_total:sum_irate\":true,\"node_namespace_pod_container:container_memory_cache\":true,\"node_namespace_pod_container:container_memory_rss\":true,\"node_namespace_pod_container:container_memory_swap\":true,\"node_namespace_pod_container:container_memory_working_set_bytes\":true}},\"grafana\":{\"additionalDataSources\":[{\"access\":\"proxy\",\"jsonData\":{\"httpMethod\":\"POST\",\"timeInterval\":\"15s\"},\"name\":\"Prometheus\",\"type\":\"prometheus\",\"uid\":\"prometheus\",\"url\":\"http://kube-prometheus-stack-prometheus.monitoring.svc.cluster.local:9090\"},{\"access\":\"proxy\",\"jsonData\":{\"derivedFields\":[{\"datasourceUid\":\"tempo\",\"matcherRegex\":\"\\\"trace_id\\\":\\\"(\\\\w+)\\\"\",\"name\":\"TraceID\",\"url\":\"$${__value.raw}\"}]},\"name\":\"Loki\",\"type\":\"loki\",\"uid\":\"loki\",\"url\":\"http://loki-gateway.monitoring.svc.cluster.local\"},{\"access\":\"proxy\",\"jsonData\":{\"lokiSearch\":{\"datasourceUid\":\"loki\"},\"nodeGraph\":{\"enabled\":true},\"serviceMap\":{\"datasourceUid\":\"prometheus\"},\"tracesToLogsV2\":{\"datasourceUid\":\"loki\",\"filterBySpanID\":false,\"filterByTraceID\":true,\"tags\":[{\"key\":\"service.name\",\"value\":\"app\"}]},\"tracesToMetrics\":{\"datasourceUid\":\"prometheus\",\"queries\":[{\"name\":\"Request rate\",\"query\":\"rate(http_server_requests_seconds_count{app=\\\"$${__tags.app}\\\"}[5m])\"},{\"name\":\"Error rate\",\"query\":\"rate(http_server_requests_seconds_count{app=\\\"$${__tags.app}\\\",status=~\\\"5..\\\"}[5m])\"}],\"tags\":[{\"key\":\"service.name\",\"value\":\"app\"}]}},\"name\":\"Tempo\",\"type\":\"tempo\",\"uid\":\"tempo\",\"url\":\"http://tempo.monitoring.svc.cluster.local:3200\"},{\"access\":\"proxy\",\"jsonData\":{\"tracesToLogsV2\":{\"datasourceUid\":\"loki\",\"filterByTraceID\":true,\"tags\":[{\"key\":\"service.name\",\"value\":\"app\"}]}},\"name\":\"Jaeger\",\"type\":\"jaeger\",\"uid\":\"jaeger\",\"url\":\"http://jaeger.monitoring.svc.cluster.local:16686\"}],\"adminPassword\":\"admin\",\"grafana.ini\":{\"server\":{\"root_url\":\"%(protocol)s://%(domain)s/grafana/\",\"serve_from_sub_path\":true}},\"ingress\":{\"enabled\":false},\"resources\":{\"limits\":{\"cpu\":\"500m\",\"memory\":\"512Mi\"},\"requests\":{\"cpu\":\"100m\",\"memory\":\"128Mi\"}},\"securityContext\":{\"fsGroup\":472,\"runAsGroup\":472,\"runAsUser\":472}},\"prometheus\":{\"prometheusSpec\":{\"additionalScrapeConfigs\":[{\"job_name\":\"otel-collector-kind\",\"relabel_configs\":[{\"replacement\":\"otel-collector-kind\",\"target_label\":\"app\"},{\"replacement\":\"kind-social-media\",\"target_label\":\"cluster\"}],\"scrape_interval\":\"15s\",\"static_configs\":[{\"targets\":[\"otel-collector.monitoring.svc.cluster.local:8888\"]}]},{\"job_name\":\"jaeger\",\"relabel_configs\":[{\"replacement\":\"jaeger\",\"target_label\":\"app\"},{\"replacement\":\"kind-social-media\",\"target_label\":\"cluster\"}],\"scrape_interval\":\"15s\",\"static_configs\":[{\"targets\":[\"jaeger.monitoring.svc.cluster.local:8888\"]}]},{\"bearer_token_file\":\"/var/run/secrets/kubernetes.io/serviceaccount/token\",\"job_name\":\"kubernetes-cadvisor\",\"kubernetes_sd_configs\":[{\"role\":\"node\"}],\"relabel_configs\":[{\"action\":\"labelmap\",\"regex\":\"__meta_kubernetes_node_label_(.+)\"},{\"replacement\":\"kubernetes.default.svc:443\",\"target_label\":\"__address__\"},{\"regex\":\"(.+)\",\"replacement\":\"/api/v1/nodes/$1/proxy/metrics/cadvisor\",\"source_labels\":[\"__meta_kubernetes_node_name\"],\"target_label\":\"__metrics_path__\"},{\"replacement\":\"kind-social-media\",\"target_label\":\"cluster\"}],\"scheme\":\"https\",\"scrape_interval\":\"30s\",\"tls_config\":{\"ca_file\":\"/var/run/secrets/kubernetes.io/serviceaccount/ca.crt\",\"insecure_skip_verify\":true}}],\"enableRemoteWriteReceiver\":true,\"externalLabels\":{\"cluster\":\"kind-social-media\"},\"resources\":{\"limits\":{\"cpu\":\"1000m\",\"memory\":\"2Gi\"},\"requests\":{\"cpu\":\"200m\",\"memory\":\"512Mi\"}}}}}",
                "version": "86.1.0"
              }
            ],
            "name": "kube-prometheus-stack",
            "namespace": "monitoring",
            "pass_credentials": false,
            "postrender": [],
            "recreate_pods": false,
            "render_subchart_notes": true,
            "replace": false,
            "repository": "https://prometheus-community.github.io/helm-charts",
            "repository_ca_file": null,
            "repository_cert_file": null,
            "repository_key_file": null,
            "repository_password": null,
            "repository_username": null,
            "reset_values": false,
            "reuse_values": false,
            "set": [],
            "set_list": [],
            "set_sensitive": [],
            "skip_crds": false,
            "status": "deployed",
            "timeout": 600,
            "upgrade_install": null,
            "values": [
              "defaultRules:\n  disabled:\n    # These recording rules fail on multi-node kind clusters because\n    # kube_pod_info returns multiple matches when joining on\n    # (cluster, namespace, pod) across 3 worker nodes.\n    # Disabling them stops the \"multiple matches for labels\" WARN spam\n    # and unblocks the Grafana panels that depend on them.\n    node_namespace_pod_container:container_memory_cache: true\n    node_namespace_pod_container:container_memory_working_set_bytes: true\n    node_namespace_pod_container:container_memory_rss: true\n    node_namespace_pod_container:container_memory_swap: true\n    node_namespace_pod_container:container_cpu_usage_seconds_total:sum_irate: true\n\nprometheus:\n  prometheusSpec:\n    # Required so recording rules that join on `cluster` label\n    # find a consistent value across all scraped metrics.\n    externalLabels:\n      cluster: kind-social-media\n\n    enableRemoteWriteReceiver: true\n\n    additionalScrapeConfigs:\n      # ── 1. Kind-side OTel Collector self-metrics ──────────────\n      - job_name: otel-collector-kind\n        scrape_interval: 15s\n        static_configs:\n          - targets: [\"otel-collector.monitoring.svc.cluster.local:8888\"]\n        relabel_configs:\n          - target_label: app\n            replacement: otel-collector-kind\n          - target_label: cluster\n            replacement: kind-social-media\n\n      # ── 2. Jaeger self-metrics ────────────────────────────────\n      # FIX: service name is \"jaeger\" not \"jaeger-all-in-one\"\n      # FIX: metrics port for jaeger v2 is 8888 (otelcol internal),\n      #      not 14269 (that was jaeger v1 admin port)\n      - job_name: jaeger\n        scrape_interval: 15s\n        static_configs:\n          - targets: [\"jaeger.monitoring.svc.cluster.local:8888\"]\n        relabel_configs:\n          - target_label: app\n            replacement: jaeger\n          - target_label: cluster\n            replacement: kind-social-media\n\n      # ── 3. Kubernetes cAdvisor ────────────────────────────────\n      - job_name: kubernetes-cadvisor\n        scrape_interval: 30s\n        scheme: https\n        tls_config:\n          ca_file: /var/run/secrets/kubernetes.io/serviceaccount/ca.crt\n          insecure_skip_verify: true\n        bearer_token_file: /var/run/secrets/kubernetes.io/serviceaccount/token\n        kubernetes_sd_configs:\n          - role: node\n        relabel_configs:\n          - action: labelmap\n            regex: __meta_kubernetes_node_label_(.+)\n          - target_label: __address__\n            replacement: kubernetes.default.svc:443\n          - source_labels: [__meta_kubernetes_node_name]\n            regex: (.+)\n            target_label: __metrics_path__\n            replacement: /api/v1/nodes/$1/proxy/metrics/cadvisor\n          # FIX: add cluster label so join rules work\n          - target_label: cluster\n            replacement: kind-social-media",
              "grafana:\n  adminPassword: \"admin\"\n\n  grafana.ini:\n    server:\n      root_url: \"%(protocol)s://%(domain)s/grafana/\"\n      serve_from_sub_path: true\n\n  securityContext:\n    runAsUser: 472\n    runAsGroup: 472\n    fsGroup: 472\n\n  # FIX: removed sidecar.securityContext — forcing uid 472 on the\n  # k8s-sidecar image causes CrashLoopBackOff because that image\n  # runs as root by default and breaks on non-root uid.\n\n  ingress:\n    enabled: false\n\n  additionalDataSources:\n    - name: Prometheus\n      type: prometheus\n      uid: prometheus\n      url: http://kube-prometheus-stack-prometheus.monitoring.svc.cluster.local:9090\n      access: proxy\n      jsonData:\n        timeInterval: 15s\n        # POST is required for long PromQL queries — GET has URL length limits\n        httpMethod: POST\n\n    - name: Loki\n      type: loki\n      uid: loki\n      url: http://loki-gateway.monitoring.svc.cluster.local\n      access: proxy\n      jsonData:\n        derivedFields:\n          - name: TraceID\n            matcherRegex: '\"trace_id\":\"(\\w+)\"'\n            url: \"$${__value.raw}\"\n            datasourceUid: tempo\n\n    - name: Tempo\n      type: tempo\n      uid: tempo\n      url: http://tempo.monitoring.svc.cluster.local:3200\n      access: proxy\n      jsonData:\n        tracesToLogsV2:\n          datasourceUid: loki\n          tags:\n            - key: service.name\n              value: app\n          filterByTraceID: true\n          filterBySpanID: false\n        tracesToMetrics:\n          datasourceUid: prometheus\n          tags:\n            - key: service.name\n              value: app\n          queries:\n            - name: Request rate\n              query: 'rate(http_server_requests_seconds_count{app=\"$${__tags.app}\"}[5m])'\n            - name: Error rate\n              query: 'rate(http_server_requests_seconds_count{app=\"$${__tags.app}\",status=~\"5..\"}[5m])'\n        serviceMap:\n          datasourceUid: prometheus\n        nodeGraph:\n          enabled: true\n        lokiSearch:\n          datasourceUid: loki\n\n    - name: Jaeger\n      type: jaeger\n      uid: jaeger\n      # FIX: was jaeger-all-in-one.monitoring — that service does not exist.\n      # The chart creates a single service named \"jaeger\".\n      url: http://jaeger.monitoring.svc.cluster.local:16686\n      access: proxy\n      jsonData:\n        tracesToLogsV2:\n          datasourceUid: loki\n          tags:\n            - key: service.name\n              value: app\n          filterByTraceID: true\n\n  resources:\n    requests:\n      cpu: 100m\n      memory: 128Mi\n    limits:\n      cpu: 500m\n      memory: 512Mi",
              "\"prometheus\":\n  \"prometheusSpec\":\n    \"enableRemoteWriteReceiver\": true\n    \"resources\":\n      \"limits\":\n        \"cpu\": \"1000m\"\n        \"memory\": \"2Gi\"\n      \"requests\":\n        \"cpu\": \"200m\"\n        \"memory\": \"512Mi\"\n"
            ],
            "verify": false,
            "version": "86.1.0",
            "wait": true,
            "wait_for_jobs": false
          },
          "sensitive_attributes": [
            [
              {
                "type": "get_attr",
                "value": "repository_password"
              }
            ]
          ],
          "identity_schema_version": 0,
          "private": "eyJzY2hlbWFfdmVyc2lvbiI6IjEifQ==",
          "dependencies": [
            "helm_release.redis",
            "kubectl_manifest.cassandra_service",
            "kubectl_manifest.cassandra_statefulset",
            "null_resource.kind_cluster"
          ]
        }
      ]
    },
    {
      "mode": "managed",
      "type": "helm_release",
      "name": "loki",
      "provider": "provider[\"registry.terraform.io/hashicorp/helm\"]",
      "instances": [
        {
          "schema_version": 1,
          "attributes": {
            "atomic": false,
            "chart": "loki",
            "cleanup_on_fail": false,
            "create_namespace": true,
            "dependency_update": false,
            "description": null,
            "devel": null,
            "disable_crd_hooks": false,
            "disable_openapi_validation": false,
            "disable_webhooks": false,
            "force_update": false,
            "id": "loki",
            "keyring": null,
            "lint": false,
            "manifest": null,
            "max_history": 0,
            "metadata": [
              {
                "app_version": "3.6.7",
                "chart": "loki",
                "first_deployed": 1780230911,
                "last_deployed": 1780230911,
                "name": "loki",
                "namespace": "monitoring",
                "notes": "***********************************************************************\n Welcome to Grafana Loki\n Chart version: 7.0.0\n Chart Name: loki\n Loki version: 3.6.7\n***********************************************************************\n\n** Please be patient while the chart is being deployed **\n\nTip:\n\n  Watch the deployment status using the command: kubectl get pods -w --namespace monitoring\n\nIf pods are taking too long to schedule make sure pod affinity can be fulfilled in the current cluster.\n\n***********************************************************************\nInstalled components:\n***********************************************************************\n* loki\n\nLoki has been deployed as a single binary.\nThis means a single pod is handling reads and writes. You can scale that pod vertically by adding more CPU and memory resources.\n\n\n***********************************************************************\nSending logs to Loki\n***********************************************************************\n\nLoki has been configured with a gateway (nginx) to support reads and writes from a single component.\n\nYou can send logs from inside the cluster using the cluster DNS:\n\nhttp://loki-gateway.monitoring.svc.cluster.local/loki/api/v1/push\n\nYou can test to send data from outside the cluster by port-forwarding the gateway to your local machine:\n\n  kubectl port-forward --namespace monitoring svc/loki-gateway 3100:80 \u0026\n\nAnd then using http://127.0.0.1:3100/loki/api/v1/push URL as shown below:\n\n```\ncurl -H \"Content-Type: application/json\" -XPOST -s \"http://127.0.0.1:3100/loki/api/v1/push\"  \\\n--data-raw \"{\\\"streams\\\": [{\\\"stream\\\": {\\\"job\\\": \\\"test\\\"}, \\\"values\\\": [[\\\"$(date +%s)000000000\\\", \\\"fizzbuzz\\\"]]}]}\"\n```\n\nThen verify that Loki did receive the data using the following command:\n\n```\ncurl \"http://127.0.0.1:3100/loki/api/v1/query_range\" --data-urlencode 'query={job=\"test\"}' | jq .data.result\n```\n\n***********************************************************************\nConnecting Grafana to Loki\n***********************************************************************\n\nIf Grafana operates within the cluster, you'll set up a new Loki datasource by utilizing the following URL:\n\nhttp://loki-gateway.monitoring.svc.cluster.local/\n",
                "revision": 1,
                "values": "{\"backend\":{\"replicas\":0},\"chunksCache\":{\"enabled\":false},\"deploymentMode\":\"SingleBinary\",\"gateway\":{\"enabled\":true,\"replicas\":1,\"resources\":{\"limits\":{\"cpu\":\"200m\",\"memory\":\"128Mi\"},\"requests\":{\"cpu\":\"50m\",\"memory\":\"64Mi\"}}},\"loki\":{\"auth_enabled\":false,\"commonConfig\":{\"replication_factor\":1},\"limits_config\":{\"max_cache_freshness_per_query\":\"10m\",\"reject_old_samples\":true,\"reject_old_samples_max_age\":\"168h\",\"split_queries_by_interval\":\"15m\"},\"query_range\":{\"results_cache\":{\"cache\":{\"embedded_cache\":{\"enabled\":true,\"max_size_mb\":100}}}},\"schemaConfig\":{\"configs\":[{\"from\":\"2024-01-01\",\"index\":{\"period\":\"24h\",\"prefix\":\"loki_index_\"},\"object_store\":\"filesystem\",\"schema\":\"v13\",\"store\":\"tsdb\"}]},\"storage\":{\"type\":\"filesystem\"},\"storage_config\":{\"filesystem\":{\"directory\":\"/var/loki/chunks\"},\"tsdb_shipper\":{\"active_index_directory\":\"/var/loki/index\",\"cache_location\":\"/var/loki/index_cache\"}}},\"lokiCanary\":{\"enabled\":false},\"minio\":{\"enabled\":false},\"read\":{\"replicas\":0},\"resultsCache\":{\"enabled\":false},\"serviceMonitor\":{\"enabled\":true,\"labels\":{\"release\":\"kube-prometheus-stack\"}},\"singleBinary\":{\"replicas\":1,\"resources\":{\"limits\":{\"cpu\":\"500m\",\"memory\":\"512Mi\"},\"requests\":{\"cpu\":\"100m\",\"memory\":\"256Mi\"}}},\"test\":{\"enabled\":false},\"values_sha\":\"(sensitive value)\",\"write\":{\"replicas\":0}}",
                "version": "7.0.0"
              }
            ],
            "name": "loki",
            "namespace": "monitoring",
            "pass_credentials": false,
            "postrender": [],
            "recreate_pods": false,
            "render_subchart_notes": true,
            "replace": false,
            "repository": "https://grafana.github.io/helm-charts",
            "repository_ca_file": null,
            "repository_cert_file": null,
            "repository_key_file": null,
            "repository_password": null,
            "repository_username": null,
            "reset_values": false,
            "reuse_values": false,
            "set": [],
            "set_list": [],
            "set_sensitive": [
              {
                "name": "values_sha",
                "type": "",
                "value": "en3EsNgU5yJY1/1RpTUt1ekCzl6O7oB4IiIegsyZbwc="
              }
            ],
            "skip_crds": false,
            "status": "deployed",
            "timeout": 300,
            "upgrade_install": null,
            "values": [
              "# loki-config.yml — Helm values for grafana/loki\n\ndeploymentMode: SingleBinary\n\nloki:\n  auth_enabled: false\n\n  commonConfig:\n    replication_factor: 1\n\n  # Required since loki chart v3 — must be explicitly provided\n  schemaConfig:\n    configs:\n      - from: \"2024-01-01\"\n        store: tsdb\n        object_store: filesystem\n        schema: v13\n        index:\n          prefix: loki_index_\n          period: 24h\n\n  storage:\n    type: filesystem\n\n  storage_config:\n    tsdb_shipper:\n      active_index_directory: /var/loki/index\n      cache_location: /var/loki/index_cache\n    filesystem:\n      directory: /var/loki/chunks\n\n  limits_config:\n    reject_old_samples: true\n    reject_old_samples_max_age: 168h\n    max_cache_freshness_per_query: 10m\n    split_queries_by_interval: 15m\n\n  query_range:\n    results_cache:\n      cache:\n        embedded_cache:\n          enabled: true\n          max_size_mb: 100\n\nsingleBinary:\n  replicas: 1\n  resources:\n    requests:\n      cpu: 100m\n      memory: 256Mi\n    limits:\n      cpu: 500m\n      memory: 512Mi\n\n# Gateway gives promtail/otel a stable push endpoint\ngateway:\n  enabled: true\n  replicas: 1\n  resources:\n    requests:\n      cpu: 50m\n      memory: 64Mi\n    limits:\n      cpu: 200m\n      memory: 128Mi\n\n# Disable components not needed for single-binary mode\nbackend:\n  replicas: 0\nread:\n  replicas: 0\nwrite:\n  replicas: 0\n\nchunksCache:\n  enabled: false\nresultsCache:\n  enabled: false\n\n# Disable minio (use local filesystem instead)\nminio:\n  enabled: false\n\nserviceMonitor:\n  enabled: true\n  labels:\n    release: kube-prometheus-stack\n\ntest:\n  enabled: false\nlokiCanary:\n  enabled: false"
            ],
            "verify": false,
            "version": "7.0.0",
            "wait": true,
            "wait_for_jobs": false
          },
          "sensitive_attributes": [
            [
              {
                "type": "get_attr",
                "value": "repository_password"
              }
            ],
            [
              {
                "type": "get_attr",
                "value": "set_sensitive"
              }
            ]
          ],
          "identity_schema_version": 0,
          "private": "eyJzY2hlbWFfdmVyc2lvbiI6IjEifQ==",
          "dependencies": [
            "helm_release.kube_prometheus_stack",
            "helm_release.redis",
            "kubectl_manifest.cassandra_service",
            "kubectl_manifest.cassandra_statefulset",
            "null_resource.kind_cluster"
          ]
        }
      ]
    },
    {
      "mode": "managed",
      "type": "helm_release",
      "name": "otel_collector",
      "provider": "provider[\"registry.terraform.io/hashicorp/helm\"]",
      "instances": [
        {
          "schema_version": 1,
          "attributes": {
            "atomic": false,
            "chart": "opentelemetry-collector",
            "cleanup_on_fail": false,
            "create_namespace": true,
            "dependency_update": false,
            "description": null,
            "devel": null,
            "disable_crd_hooks": false,
            "disable_openapi_validation": false,
            "disable_webhooks": false,
            "force_update": false,
            "id": "otel-collector",
            "keyring": null,
            "lint": false,
            "manifest": null,
            "max_history": 0,
            "metadata": [
              {
                "app_version": "0.153.0",
                "chart": "opentelemetry-collector",
                "first_deployed": 1780231069,
                "last_deployed": 1780288892,
                "name": "otel-collector",
                "namespace": "monitoring",
                "notes": "\n\n\n[WARNING] config.service.telemetry.metrics.address should not be used and will be removed in the future. Use internalTelemetryViaOTLP or config.service.telemetry.metrics.readers  instead\"\n\n[DEPRECATION] Processor 'k8sattributes' has been renamed to 'k8s_attributes'. Update your values.yaml. See UPGRADING.md.\n[DEPRECATION] Pipeline 'logs' references renamed processor 'k8sattributes'. Use 'k8s_attributes' in your values.yaml. See UPGRADING.md.\n[DEPRECATION] Pipeline 'metrics' references renamed processor 'k8sattributes'. Use 'k8s_attributes' in your values.yaml. See UPGRADING.md.\n[DEPRECATION] Pipeline 'traces' references renamed processor 'k8sattributes'. Use 'k8s_attributes' in your values.yaml. See UPGRADING.md.\n\n",
                "revision": 6,
                "values": "{\"clusterRole\":{\"create\":true,\"rules\":[{\"apiGroups\":[\"\"],\"resources\":[\"pods\",\"namespaces\",\"nodes\",\"services\",\"endpoints\",\"replicationcontrollers\",\"resourcequotas\",\"persistentvolumes\",\"persistentvolumeclaims\"],\"verbs\":[\"get\",\"list\",\"watch\"]},{\"apiGroups\":[\"apps\"],\"resources\":[\"deployments\",\"replicasets\",\"statefulsets\",\"daemonsets\"],\"verbs\":[\"get\",\"list\",\"watch\"]},{\"apiGroups\":[\"autoscaling\"],\"resources\":[\"horizontalpodautoscalers\"],\"verbs\":[\"get\",\"list\",\"watch\"]},{\"apiGroups\":[\"batch\"],\"resources\":[\"jobs\",\"cronjobs\"],\"verbs\":[\"get\",\"list\",\"watch\"]}]},\"config\":{\"connectors\":{\"spanmetrics\":{\"dimensions\":[{\"name\":\"http.method\"},{\"name\":\"http.status_code\"},{\"name\":\"http.route\"},{\"name\":\"deployment.environment\"}],\"exemplars\":{\"enabled\":true},\"histogram\":{\"explicit\":{\"buckets\":[\"5ms\",\"10ms\",\"25ms\",\"50ms\",\"100ms\",\"250ms\",\"500ms\",\"1s\",\"2s\",\"5s\"]}},\"metrics_flush_interval\":\"15s\",\"namespace\":\"traces_span_metrics\"}},\"exporters\":{\"debug\":{\"sampling_initial\":5,\"sampling_thereafter\":200,\"verbosity\":\"basic\"},\"otlp/tempo\":{\"compression\":\"gzip\",\"endpoint\":\"http://tempo.monitoring.svc:4317\",\"tls\":{\"insecure\":true}},\"otlphttp/loki\":{\"endpoint\":\"http://loki-gateway.monitoring.svc.cluster.local/otlp\",\"tls\":{\"insecure\":true}},\"prometheusremotewrite\":{\"endpoint\":\"http://kube-prometheus-stack-prometheus.monitoring.svc:9090/api/v1/write\",\"resource_to_telemetry_conversion\":{\"enabled\":true},\"tls\":{\"insecure\":true}}},\"processors\":{\"batch\":{\"send_batch_max_size\":2048,\"send_batch_size\":1024,\"timeout\":\"5s\"},\"filter/drop_health\":{\"error_mode\":\"ignore\",\"metrics\":{\"metric\":[\"name == \\\"up\\\" and IsMatch(resource.attributes[\\\"job\\\"], \\\".*health.*\\\")\"]},\"traces\":{\"span\":[\"attributes[\\\"http.route\\\"] == \\\"/health\\\"\",\"attributes[\\\"http.route\\\"] == \\\"/healthz\\\"\",\"attributes[\\\"http.route\\\"] == \\\"/actuator/health\\\"\",\"attributes[\\\"http.route\\\"] == \\\"/metrics\\\"\"]}},\"k8sattributes\":{\"auth_type\":\"serviceAccount\",\"passthrough\":false},\"memory_limiter\":{\"check_interval\":\"5s\",\"limit_mib\":400,\"spike_limit_mib\":100},\"resource\":{\"attributes\":[{\"action\":\"insert\",\"key\":\"cluster\",\"value\":\"kind-social-media\"},{\"action\":\"insert\",\"key\":\"environment\",\"value\":\"local\"}]}},\"receivers\":{\"hostmetrics\":{\"collection_interval\":\"30s\",\"scrapers\":{\"cpu\":{},\"disk\":{},\"filesystem\":{},\"load\":{},\"memory\":{},\"network\":{},\"processes\":{}}},\"k8s_cluster\":{\"collection_interval\":\"30s\"},\"otlp\":{\"protocols\":{\"grpc\":{\"endpoint\":\"0.0.0.0:4317\"},\"http\":{\"cors\":{\"allowed_origins\":[\"*\"]},\"endpoint\":\"0.0.0.0:4318\"}}},\"prometheus\":{\"config\":{\"scrape_configs\":[{\"job_name\":\"otel-collector-self\",\"scrape_interval\":\"15s\",\"static_configs\":[{\"targets\":[\"localhost:8888\"]}]}]}}},\"service\":{\"pipelines\":{\"logs\":{\"exporters\":[\"otlphttp/loki\"],\"processors\":[\"memory_limiter\",\"k8sattributes\",\"resource\",\"batch\"],\"receivers\":[\"otlp\"]},\"metrics\":{\"exporters\":[\"prometheusremotewrite\"],\"processors\":[\"memory_limiter\",\"k8sattributes\",\"resource\",\"batch\"],\"receivers\":[\"otlp\",\"prometheus\",\"hostmetrics\",\"k8s_cluster\"]},\"metrics/spanmetrics\":{\"exporters\":[\"prometheusremotewrite\"],\"processors\":[\"memory_limiter\",\"batch\"],\"receivers\":[\"spanmetrics\"]},\"traces\":{\"exporters\":[\"otlp/tempo\",\"spanmetrics\"],\"processors\":[\"memory_limiter\",\"k8sattributes\",\"resource\",\"filter/drop_health\",\"batch\"],\"receivers\":[\"otlp\"]}},\"telemetry\":{\"logs\":{\"level\":\"info\"},\"metrics\":{\"address\":\"0.0.0.0:8888\",\"level\":\"detailed\"}}}},\"extraEnvs\":[{\"name\":\"KUBE_NODE_NAME\",\"valueFrom\":{\"fieldRef\":{\"fieldPath\":\"spec.nodeName\"}}}],\"image\":{\"repository\":\"otel/opentelemetry-collector-contrib\",\"tag\":\"0.127.0\"},\"mode\":\"deployment\",\"ports\":{\"metrics\":{\"containerPort\":8888,\"enabled\":true,\"protocol\":\"TCP\",\"servicePort\":8888},\"otlp\":{\"containerPort\":4317,\"enabled\":true,\"protocol\":\"TCP\",\"servicePort\":4317},\"otlp-http\":{\"containerPort\":4318,\"enabled\":true,\"protocol\":\"TCP\",\"servicePort\":4318},\"prometheus\":{\"containerPort\":8889,\"enabled\":true,\"protocol\":\"TCP\",\"servicePort\":8889},\"zipkin\":{\"containerPort\":9411,\"enabled\":true,\"protocol\":\"TCP\",\"servicePort\":9411}},\"replicaCount\":1,\"resources\":{\"limits\":{\"cpu\":\"500m\",\"memory\":\"512Mi\"},\"requests\":{\"cpu\":\"100m\",\"memory\":\"256Mi\"}},\"serviceAccount\":{\"create\":true},\"serviceMonitor\":{\"enabled\":true,\"extraLabels\":{\"release\":\"kube-prometheus-stack\"},\"metricsEndpoints\":[{\"interval\":\"30s\",\"port\":\"metrics\"}]}}",
                "version": "0.158.0"
              }
            ],
            "name": "otel-collector",
            "namespace": "monitoring",
            "pass_credentials": false,
            "postrender": [],
            "recreate_pods": false,
            "render_subchart_notes": true,
            "replace": false,
            "repository": "https://open-telemetry.github.io/opentelemetry-helm-charts",
            "repository_ca_file": null,
            "repository_cert_file": null,
            "repository_key_file": null,
            "repository_password": null,
            "repository_username": null,
            "reset_values": false,
            "reuse_values": false,
            "set": [],
            "set_list": [],
            "set_sensitive": [],
            "skip_crds": false,
            "status": "deployed",
            "timeout": 300,
            "upgrade_install": null,
            "values": [
              "# otel-collector-values.yml — kind-side OTEL Collector\nmode: deployment\nreplicaCount: 1\n\nimage:\n  repository: otel/opentelemetry-collector-contrib\n  tag: \"0.127.0\"\n\nresources:\n  requests:\n    cpu: 100m\n    memory: 256Mi\n  limits:\n    cpu: 500m\n    memory: 512Mi\n\nports:\n  otlp:\n    enabled: true\n    containerPort: 4317\n    servicePort: 4317\n    protocol: TCP\n  otlp-http:\n    enabled: true\n    containerPort: 4318\n    servicePort: 4318\n    protocol: TCP\n  metrics:\n    enabled: true\n    containerPort: 8888\n    servicePort: 8888\n    protocol: TCP\n  zipkin:\n    enabled: true\n    containerPort: 9411\n    servicePort: 9411\n    protocol: TCP\n  prometheus:\n    enabled: true\n    containerPort: 8889\n    servicePort: 8889\n    protocol: TCP\n\nconfig:\n  receivers:\n    otlp:\n      protocols:\n        grpc:\n          endpoint: \"0.0.0.0:4317\"\n        http:\n          endpoint: \"0.0.0.0:4318\"\n          cors:\n            allowed_origins: [\"*\"]\n\n    prometheus:\n      config:\n        scrape_configs:\n          - job_name: otel-collector-self\n            scrape_interval: 15s\n            static_configs:\n              - targets: [\"localhost:8888\"]\n\n    hostmetrics:\n      collection_interval: 30s\n      scrapers:\n        cpu: {}\n        memory: {}\n        disk: {}\n        filesystem: {}\n        network: {}\n        load: {}\n        processes: {}\n\n    k8s_cluster:\n      collection_interval: 30s\n\n  # ─── SPANMETRICS CONNECTOR ────────────────────────────────────\n  connectors:\n    spanmetrics:\n      namespace: traces_span_metrics\n      histogram:\n        explicit:\n          buckets: [5ms, 10ms, 25ms, 50ms, 100ms, 250ms, 500ms, 1s, 2s, 5s]\n      dimensions:\n        - name: http.method\n        - name: http.status_code\n        - name: http.route\n        - name: deployment.environment\n      exemplars:\n        enabled: true\n      metrics_flush_interval: 15s\n\n  processors:\n    batch:\n      timeout: 5s\n      send_batch_size: 1024\n      send_batch_max_size: 2048\n\n    filter/drop_health:\n      error_mode: ignore\n      traces:\n        span:\n          - 'attributes[\"http.route\"] == \"/health\"'\n          - 'attributes[\"http.route\"] == \"/healthz\"'\n          - 'attributes[\"http.route\"] == \"/actuator/health\"'\n          - 'attributes[\"http.route\"] == \"/metrics\"'\n      metrics:\n        metric:\n          - 'name == \"up\" and IsMatch(resource.attributes[\"job\"], \".*health.*\")'\n\n    k8sattributes:\n      auth_type: serviceAccount\n      passthrough: false\n\n    resource:\n      attributes:\n        - key: cluster\n          value: kind-social-media\n          action: insert\n        - key: environment\n          value: local\n          action: insert\n\n    memory_limiter:\n      check_interval: 5s\n      limit_mib: 400\n      spike_limit_mib: 100\n\n  exporters:\n    prometheusremotewrite:\n      endpoint: http://kube-prometheus-stack-prometheus.monitoring.svc:9090/api/v1/write\n      tls:\n        insecure: true\n      resource_to_telemetry_conversion:\n        enabled: true\n\n    otlphttp/loki:\n      endpoint: http://loki-gateway.monitoring.svc.cluster.local/otlp\n      tls:\n        insecure: true\n\n    otlp/tempo:\n      endpoint: http://tempo.monitoring.svc:4317\n      tls:\n        insecure: true\n      compression: gzip\n\n    debug:\n      verbosity: basic\n      sampling_initial: 5\n      sampling_thereafter: 200\n\n  service:\n    telemetry:\n      logs:\n        level: info\n      metrics:\n        level: detailed\n        address: \"0.0.0.0:8888\"\n\n    pipelines:\n      traces:\n        receivers: [otlp]\n        processors: [memory_limiter, k8sattributes, resource, filter/drop_health, batch]\n        exporters: [otlp/tempo, spanmetrics]   # ← added spanmetrics\n\n      # spanmetrics connector output feeds this pipeline\n      metrics/spanmetrics:\n        receivers: [spanmetrics]\n        processors: [memory_limiter, batch]\n        exporters: [prometheusremotewrite]\n\n      metrics:\n        receivers: [otlp, prometheus, hostmetrics, k8s_cluster]\n        processors: [memory_limiter, k8sattributes, resource, batch]\n        exporters: [prometheusremotewrite]\n\n      logs:\n        receivers: [otlp]\n        processors: [memory_limiter, k8sattributes, resource, batch]\n        exporters: [otlphttp/loki]\n\nclusterRole:\n  create: true\n  rules:\n    - apiGroups: [\"\"]\n      resources:\n        - pods\n        - namespaces\n        - nodes\n        - services\n        - endpoints\n        - replicationcontrollers\n        - resourcequotas\n        - persistentvolumes\n        - persistentvolumeclaims\n      verbs: [\"get\", \"list\", \"watch\"]\n    - apiGroups: [\"apps\"]\n      resources:\n        - deployments\n        - replicasets\n        - statefulsets\n        - daemonsets\n      verbs: [\"get\", \"list\", \"watch\"]\n    - apiGroups: [\"autoscaling\"]\n      resources:\n        - horizontalpodautoscalers\n      verbs: [\"get\", \"list\", \"watch\"]\n    - apiGroups: [\"batch\"]\n      resources:\n        - jobs\n        - cronjobs\n      verbs: [\"get\", \"list\", \"watch\"]\n\nserviceAccount:\n  create: true\n\nextraEnvs:\n  - name: KUBE_NODE_NAME\n    valueFrom:\n      fieldRef:\n        fieldPath: spec.nodeName\n\nserviceMonitor:\n  enabled: true\n  metricsEndpoints:\n    - port: metrics\n      interval: 30s\n  extraLabels:\n    release: kube-prometheus-stack"
            ],
            "verify": false,
            "version": "0.158.0",
            "wait": true,
            "wait_for_jobs": false
          },
          "sensitive_attributes": [
            [
              {
                "type": "get_attr",
                "value": "repository_password"
              }
            ]
          ],
          "identity_schema_version": 0,
          "private": "eyJzY2hlbWFfdmVyc2lvbiI6IjEifQ==",
          "dependencies": [
            "helm_release.kube_prometheus_stack",
            "helm_release.loki",
            "helm_release.redis",
            "helm_release.tempo",
            "kubectl_manifest.cassandra_service",
            "kubectl_manifest.cassandra_statefulset",
            "kubectl_manifest.minio_service",
            "null_resource.kind_cluster"
          ]
        }
      ]
    },
    {
      "mode": "managed",
      "type": "helm_release",
      "name": "promtail",
      "provider": "provider[\"registry.terraform.io/hashicorp/helm\"]",
      "instances": [
        {
          "schema_version": 1,
          "attributes": {
            "atomic": false,
            "chart": "promtail",
            "cleanup_on_fail": false,
            "create_namespace": true,
            "dependency_update": false,
            "description": null,
            "devel": null,
            "disable_crd_hooks": false,
            "disable_openapi_validation": false,
            "disable_webhooks": false,
            "force_update": false,
            "id": "promtail",
            "keyring": null,
            "lint": false,
            "manifest": null,
            "max_history": 0,
            "metadata": [
              {
                "app_version": "3.5.1",
                "chart": "promtail",
                "first_deployed": 1780231005,
                "last_deployed": 1780231005,
                "name": "promtail",
                "namespace": "monitoring",
                "notes": "***********************************************************************\n Welcome to Grafana Promtail\n Chart version: 6.17.1\n Promtail version: 3.5.1\n***********************************************************************\n\nVerify the application is working by running these commands:\n* kubectl --namespace monitoring port-forward daemonset/promtail 3101\n* curl http://127.0.0.1:3101/metrics\n",
                "revision": 1,
                "values": "{\"config\":{\"clients\":[{\"backoff_config\":{\"max_period\":\"5m\",\"max_retries\":10,\"min_period\":\"500ms\"},\"batchsize\":1048576,\"batchwait\":\"1s\",\"tenant_id\":\"\",\"timeout\":\"10s\",\"url\":\"http://loki-gateway.monitoring.svc.cluster.local/loki/api/v1/push\"}],\"positions\":{\"filename\":\"/run/promtail/positions.yaml\"},\"server\":{\"grpc_listen_port\":0,\"http_listen_port\":3101,\"log_level\":\"info\"},\"snippets\":{\"scrapeConfigs\":\"- job_name: kubernetes-pods\\n  kubernetes_sd_configs:\\n    - role: pod\\n  pipeline_stages:\\n    - json:\\n        expressions:\\n          timestamp: time\\n          level: level\\n          message: msg\\n          trace_id: trace_id\\n          span_id: span_id\\n          service_name: service\\n          logger: logger\\n    - labels:\\n        trace_id: \\\"\\\"\\n        span_id: \\\"\\\"\\n        level: \\\"\\\"\\n    - match:\\n        selector: '{app=\\\"gateway\\\"}'\\n        stages:\\n          - regex:\\n              expression: \\u003e-\\n                ^(?P\\u003cremote_addr\\u003e\\\\S+) - (?P\\u003cremote_user\\u003e\\\\S+)\\n                \\\\[(?P\\u003ctime_local\\u003e[^\\\\]]+)\\\\]\\n                \\\"(?P\\u003cmethod\\u003e\\\\S+) (?P\\u003cpath\\u003e\\\\S+) (?P\\u003cprotocol\\u003e[^\\\"]+)\\\"\\n                (?P\\u003cstatus\\u003e\\\\d+) (?P\\u003cbody_bytes_sent\\u003e\\\\d+)\\n                \\\"(?P\\u003chttp_referer\\u003e[^\\\"]*)\\\" \\\"(?P\\u003chttp_user_agent\\u003e[^\\\"]*)\\\"\\n          - labels:\\n              method: \\\"\\\"\\n              status: \\\"\\\"\\n              path: \\\"\\\"\\n    - match:\\n        selector: '{app=~\\\"bank-backend|social-java\\\"}'\\n        stages:\\n          - multiline:\\n              firstline: '^\\\\d{4}-\\\\d{2}-\\\\d{2}'\\n              max_wait_time: 3s\\n          - regex:\\n              expression: \\u003e-\\n                ^(?P\\u003ctimestamp\\u003e\\\\d{4}-\\\\d{2}-\\\\d{2}T\\\\d{2}:\\\\d{2}:\\\\d{2}\\\\.\\\\d+)\\n                \\\\s+(?P\\u003clevel\\u003e\\\\w+)\\\\s+(?P\\u003cpid\\u003e\\\\d+)\\\\s+---\\\\s+\\n                \\\\[(?P\\u003cthread\\u003e[^\\\\]]+)\\\\]\\\\s+(?P\\u003clogger\\u003e\\\\S+)\\\\s*:\\\\s+(?P\\u003cmessage\\u003e.*)\\n          - labels:\\n              level: \\\"\\\"\\n              logger: \\\"\\\"\\n    - drop:\\n        expression: '(GET /health|GET /actuator/health|GET /metrics)'\\n        drop_counter_reason: healthcheck\\n  relabel_configs:\\n    - source_labels: [__meta_kubernetes_pod_annotation_promtail_io_scrape]\\n      action: drop\\n      regex: \\\"false\\\"\\n    - source_labels: [__meta_kubernetes_namespace]\\n      target_label: namespace\\n    - source_labels: [__meta_kubernetes_pod_name]\\n      target_label: pod\\n    - source_labels: [__meta_kubernetes_pod_container_name]\\n      target_label: container\\n    - source_labels: [__meta_kubernetes_pod_label_app]\\n      target_label: app\\n    - source_labels: [__meta_kubernetes_pod_node_name]\\n      target_label: node\\n    - source_labels:\\n        - __meta_kubernetes_pod_uid\\n        - __meta_kubernetes_pod_container_name\\n      target_label: __path__\\n      separator: /\\n      replacement: /var/log/pods/*$1/*.log\\n    - source_labels: [__meta_kubernetes_pod_container_runtime]\\n      action: replace\\n      regex: (containerd|cri-o)\\n      target_label: __path__\\n      replacement: /var/log/pods/*${1}*/${2}/*.log\\n\\n- job_name: node-syslog\\n  static_configs:\\n    - targets: [localhost]\\n      labels:\\n        job: syslog\\n        __path__: /var/log/syslog\\n\\n- job_name: kind-control-plane\\n  static_configs:\\n    - targets: [localhost]\\n      labels:\\n        job: kind-control-plane\\n        node: kind-control-plane\\n        __path__: /var/log/containers/*kube-system*.log\\n  pipeline_stages:\\n    - json:\\n        expressions:\\n          log: log\\n    - output:\\n        source: log\\n\"}},\"resources\":{\"limits\":{\"cpu\":\"200m\",\"memory\":\"256Mi\"},\"requests\":{\"cpu\":\"50m\",\"memory\":\"64Mi\"}},\"serviceMonitor\":{\"enabled\":true,\"labels\":{\"release\":\"kube-prometheus-stack\"}},\"tolerations\":[{\"effect\":\"NoSchedule\",\"key\":\"node-role.kubernetes.io/control-plane\",\"operator\":\"Exists\"},{\"effect\":\"NoSchedule\",\"key\":\"node-role.kubernetes.io/master\",\"operator\":\"Exists\"}],\"values_sha\":\"(sensitive value)\"}",
                "version": "6.17.1"
              }
            ],
            "name": "promtail",
            "namespace": "monitoring",
            "pass_credentials": false,
            "postrender": [],
            "recreate_pods": false,
            "render_subchart_notes": true,
            "replace": false,
            "repository": "https://grafana.github.io/helm-charts",
            "repository_ca_file": null,
            "repository_cert_file": null,
            "repository_key_file": null,
            "repository_password": null,
            "repository_username": null,
            "reset_values": false,
            "reuse_values": false,
            "set": [],
            "set_list": [],
            "set_sensitive": [
              {
                "name": "values_sha",
                "type": "",
                "value": "DtHFv9PI9vH9aPq80peQa+a6JaKmrzxPvBYBcg53vvA="
              }
            ],
            "skip_crds": false,
            "status": "deployed",
            "timeout": 180,
            "upgrade_install": null,
            "values": [
              "# promtail-config.yml — Helm values for grafana/promtail\n\nconfig:\n  clients:\n    - url: http://loki-gateway.monitoring.svc.cluster.local/loki/api/v1/push\n      tenant_id: \"\"\n      batchwait: 1s\n      batchsize: 1048576\n      timeout: 10s\n      backoff_config:\n        min_period: 500ms\n        max_period: 5m\n        max_retries: 10\n\n  server:\n    http_listen_port: 3101\n    grpc_listen_port: 0\n    log_level: info\n\n  positions:\n    filename: /run/promtail/positions.yaml\n\n  snippets:\n    scrapeConfigs: |\n      - job_name: kubernetes-pods\n        kubernetes_sd_configs:\n          - role: pod\n        pipeline_stages:\n          - json:\n              expressions:\n                timestamp: time\n                level: level\n                message: msg\n                trace_id: trace_id\n                span_id: span_id\n                service_name: service\n                logger: logger\n          - labels:\n              trace_id: \"\"\n              span_id: \"\"\n              level: \"\"\n          - match:\n              selector: '{app=\"gateway\"}'\n              stages:\n                - regex:\n                    expression: \u003e-\n                      ^(?P\u003cremote_addr\u003e\\S+) - (?P\u003cremote_user\u003e\\S+)\n                      \\[(?P\u003ctime_local\u003e[^\\]]+)\\]\n                      \"(?P\u003cmethod\u003e\\S+) (?P\u003cpath\u003e\\S+) (?P\u003cprotocol\u003e[^\"]+)\"\n                      (?P\u003cstatus\u003e\\d+) (?P\u003cbody_bytes_sent\u003e\\d+)\n                      \"(?P\u003chttp_referer\u003e[^\"]*)\" \"(?P\u003chttp_user_agent\u003e[^\"]*)\"\n                - labels:\n                    method: \"\"\n                    status: \"\"\n                    path: \"\"\n          - match:\n              selector: '{app=~\"bank-backend|social-java\"}'\n              stages:\n                - multiline:\n                    firstline: '^\\d{4}-\\d{2}-\\d{2}'\n                    max_wait_time: 3s\n                - regex:\n                    expression: \u003e-\n                      ^(?P\u003ctimestamp\u003e\\d{4}-\\d{2}-\\d{2}T\\d{2}:\\d{2}:\\d{2}\\.\\d+)\n                      \\s+(?P\u003clevel\u003e\\w+)\\s+(?P\u003cpid\u003e\\d+)\\s+---\\s+\n                      \\[(?P\u003cthread\u003e[^\\]]+)\\]\\s+(?P\u003clogger\u003e\\S+)\\s*:\\s+(?P\u003cmessage\u003e.*)\n                - labels:\n                    level: \"\"\n                    logger: \"\"\n          - drop:\n              expression: '(GET /health|GET /actuator/health|GET /metrics)'\n              drop_counter_reason: healthcheck\n        relabel_configs:\n          - source_labels: [__meta_kubernetes_pod_annotation_promtail_io_scrape]\n            action: drop\n            regex: \"false\"\n          - source_labels: [__meta_kubernetes_namespace]\n            target_label: namespace\n          - source_labels: [__meta_kubernetes_pod_name]\n            target_label: pod\n          - source_labels: [__meta_kubernetes_pod_container_name]\n            target_label: container\n          - source_labels: [__meta_kubernetes_pod_label_app]\n            target_label: app\n          - source_labels: [__meta_kubernetes_pod_node_name]\n            target_label: node\n          - source_labels:\n              - __meta_kubernetes_pod_uid\n              - __meta_kubernetes_pod_container_name\n            target_label: __path__\n            separator: /\n            replacement: /var/log/pods/*$1/*.log\n          - source_labels: [__meta_kubernetes_pod_container_runtime]\n            action: replace\n            regex: (containerd|cri-o)\n            target_label: __path__\n            replacement: /var/log/pods/*${1}*/${2}/*.log\n\n      - job_name: node-syslog\n        static_configs:\n          - targets: [localhost]\n            labels:\n              job: syslog\n              __path__: /var/log/syslog\n\n      - job_name: kind-control-plane\n        static_configs:\n          - targets: [localhost]\n            labels:\n              job: kind-control-plane\n              node: kind-control-plane\n              __path__: /var/log/containers/*kube-system*.log\n        pipeline_stages:\n          - json:\n              expressions:\n                log: log\n          - output:\n              source: log\n\nresources:\n  requests:\n    cpu: 50m\n    memory: 64Mi\n  limits:\n    cpu: 200m\n    memory: 256Mi\n\ntolerations:\n  - key: node-role.kubernetes.io/control-plane\n    operator: Exists\n    effect: NoSchedule\n  - key: node-role.kubernetes.io/master\n    operator: Exists\n    effect: NoSchedule\n\n# REMOVED: extraVolumes and extraVolumeMounts blocks.\n# The promtail chart already mounts these by default:\n#   /var/log                    → for pod/container logs\n#   /var/lib/docker/containers  → for docker container metadata\n# Adding them again caused: duplicate entries for mountPath\n\nserviceMonitor:\n  enabled: true\n  labels:\n    release: kube-prometheus-stack"
            ],
            "verify": false,
            "version": "6.17.1",
            "wait": true,
            "wait_for_jobs": false
          },
          "sensitive_attributes": [
            [
              {
                "type": "get_attr",
                "value": "repository_password"
              }
            ],
            [
              {
                "type": "get_attr",
                "value": "set_sensitive"
              }
            ]
          ],
          "identity_schema_version": 0,
          "private": "eyJzY2hlbWFfdmVyc2lvbiI6IjEifQ==",
          "dependencies": [
            "helm_release.kube_prometheus_stack",
            "helm_release.loki",
            "helm_release.redis",
            "kubectl_manifest.cassandra_service",
            "kubectl_manifest.cassandra_statefulset",
            "null_resource.kind_cluster"
          ]
        }
      ]
    },
    {
      "mode": "managed",
      "type": "helm_release",
      "name": "redis",
      "provider": "provider[\"registry.terraform.io/hashicorp/helm\"]",
      "instances": [
        {
          "schema_version": 1,
          "attributes": {
            "atomic": false,
            "chart": "redis",
            "cleanup_on_fail": false,
            "create_namespace": false,
            "dependency_update": false,
            "description": null,
            "devel": null,
            "disable_crd_hooks": false,
            "disable_openapi_validation": false,
            "disable_webhooks": false,
            "force_update": false,
            "id": "redis",
            "keyring": null,
            "lint": false,
            "manifest": null,
            "max_history": 0,
            "metadata": [
              {
                "app_version": "8.6.3",
                "chart": "redis",
                "first_deployed": 1780230167,
                "last_deployed": 1780230167,
                "name": "redis",
                "namespace": "default",
                "notes": "CHART NAME: redis\nCHART VERSION: 25.5.3\nAPP VERSION: 8.6.3\n\n⚠ WARNING: Since August 28th, 2025, only a limited subset of images/charts are available for free.\n    Subscribe to Bitnami Secure Images to receive continued support and security updates.\n    More info at https://bitnami.com and https://github.com/bitnami/containers/issues/83267\n\n** Please be patient while the chart is being deployed **\n\nRedis(R) can be accessed via port 6379 on the following DNS name from within your cluster:\n\n    redis-master.default.svc.cluster.local\n\nTo get your password run:\n\n    export REDIS_PASSWORD=$(kubectl get secret --namespace default redis -o jsonpath=\"{.data.redis-password}\" | base64 -d)\n\nTo connect to your Redis(R) server:\n\n1. Run a Redis(R) pod that you can use as a client:\n\n   kubectl run --namespace default redis-client --restart='Never'  --env REDIS_PASSWORD=$REDIS_PASSWORD  --image registry-1.docker.io/bitnami/redis:latest --command -- sleep infinity\n\n   Use the following command to attach to the pod:\n\n   kubectl exec --tty -i redis-client \\\n   --namespace default -- bash\n\n2. Connect using the Redis(R) CLI:\n   REDISCLI_AUTH=\"$REDIS_PASSWORD\" redis-cli -h redis-master\n\nTo connect to your database from outside the cluster execute the following commands:\n\n    kubectl port-forward --namespace default svc/redis-master 6379:6379 \u0026\n    REDISCLI_AUTH=\"$REDIS_PASSWORD\" redis-cli -h 127.0.0.1 -p 6379\nWARNING: Rolling tag detected (bitnami/redis:latest), please note that it is strongly recommended to avoid using rolling tags in a production environment.\n+info https://techdocs.broadcom.com/us/en/vmware-tanzu/bitnami-secure-images/bitnami-secure-images/services/bsi-doc/apps-tutorials-understand-rolling-tags-containers-index.html\nWARNING: Rolling tag detected (bitnami/redis-sentinel:latest), please note that it is strongly recommended to avoid using rolling tags in a production environment.\n+info https://techdocs.broadcom.com/us/en/vmware-tanzu/bitnami-secure-images/bitnami-secure-images/services/bsi-doc/apps-tutorials-understand-rolling-tags-containers-index.html\nWARNING: Rolling tag detected (bitnami/redis-exporter:latest), please note that it is strongly recommended to avoid using rolling tags in a production environment.\n+info https://techdocs.broadcom.com/us/en/vmware-tanzu/bitnami-secure-images/bitnami-secure-images/services/bsi-doc/apps-tutorials-understand-rolling-tags-containers-index.html\nWARNING: Rolling tag detected (bitnami/os-shell:latest), please note that it is strongly recommended to avoid using rolling tags in a production environment.\n+info https://techdocs.broadcom.com/us/en/vmware-tanzu/bitnami-secure-images/bitnami-secure-images/services/bsi-doc/apps-tutorials-understand-rolling-tags-containers-index.html\nWARNING: Rolling tag detected (bitnami/os-shell:latest), please note that it is strongly recommended to avoid using rolling tags in a production environment.\n+info https://techdocs.broadcom.com/us/en/vmware-tanzu/bitnami-secure-images/bitnami-secure-images/services/bsi-doc/apps-tutorials-understand-rolling-tags-containers-index.html\n\nWARNING: There are \"resources\" sections in the chart not set. Using \"resourcesPreset\" is not recommended for production. For production installations, please set the following values according to your workload needs:\n  - replica.resources\n  - master.resources\n+info https://kubernetes.io/docs/concepts/configuration/manage-resources-containers/\n",
                "revision": 1,
                "values": "{\"architecture\":\"standalone\",\"auth\":{\"password\":\"redis-password\"},\"values_sha\":\"(sensitive value)\"}",
                "version": "25.5.3"
              }
            ],
            "name": "redis",
            "namespace": "default",
            "pass_credentials": false,
            "postrender": [],
            "recreate_pods": false,
            "render_subchart_notes": true,
            "replace": false,
            "repository": "oci://registry-1.docker.io/bitnamicharts",
            "repository_ca_file": null,
            "repository_cert_file": null,
            "repository_key_file": null,
            "repository_password": null,
            "repository_username": null,
            "reset_values": false,
            "reuse_values": false,
            "set": [
              {
                "name": "architecture",
                "type": "",
                "value": "standalone"
              },
              {
                "name": "auth.password",
                "type": "",
                "value": "redis-password"
              }
            ],
            "set_list": [],
            "set_sensitive": [
              {
                "name": "values_sha",
                "type": "",
                "value": "3oOIGbFYfWrO0E/PgfOdxjEcusxoD3QFiPlVEFJQZcs="
              }
            ],
            "skip_crds": false,
            "status": "deployed",
            "timeout": 120,
            "upgrade_install": null,
            "values": null,
            "verify": false,
            "version": "25.5.3",
            "wait": true,
            "wait_for_jobs": false
          },
          "sensitive_attributes": [
            [
              {
                "type": "get_attr",
                "value": "repository_password"
              }
            ],
            [
              {
                "type": "get_attr",
                "value": "set_sensitive"
              }
            ]
          ],
          "identity_schema_version": 0,
          "private": "eyJzY2hlbWFfdmVyc2lvbiI6IjEifQ==",
          "dependencies": [
            "kubectl_manifest.cassandra_service",
            "kubectl_manifest.cassandra_statefulset",
            "null_resource.kind_cluster"
          ]
        }
      ]
    },
    {
      "mode": "managed",
      "type": "helm_release",
      "name": "tempo",
      "provider": "provider[\"registry.terraform.io/hashicorp/helm\"]",
      "instances": [
        {
          "schema_version": 1,
          "attributes": {
            "atomic": false,
            "chart": "tempo",
            "cleanup_on_fail": false,
            "create_namespace": true,
            "dependency_update": false,
            "description": null,
            "devel": null,
            "disable_crd_hooks": false,
            "disable_openapi_validation": false,
            "disable_webhooks": false,
            "force_update": false,
            "id": "tempo",
            "keyring": null,
            "lint": false,
            "manifest": null,
            "max_history": 0,
            "metadata": [
              {
                "app_version": "2.9.0",
                "chart": "tempo",
                "first_deployed": 1780230999,
                "last_deployed": 1780230999,
                "name": "tempo",
                "namespace": "monitoring",
                "notes": "",
                "revision": 1,
                "values": "{\"persistence\":{\"enabled\":true,\"size\":\"5Gi\",\"storageClassName\":\"standard\"},\"resources\":{\"limits\":{\"cpu\":\"1000m\",\"memory\":\"1Gi\"},\"requests\":{\"cpu\":\"200m\",\"memory\":\"256Mi\"}},\"serviceMonitor\":{\"additionalLabels\":{\"release\":\"kube-prometheus-stack\"},\"enabled\":true,\"interval\":\"30s\"},\"tempo\":{\"structuredConfig\":{\"compactor\":{\"compaction\":{\"block_retention\":\"336h\"}},\"distributor\":{\"receivers\":{\"jaeger\":{\"protocols\":{\"grpc\":{\"endpoint\":\"0.0.0.0:14250\"},\"thrift_http\":{\"endpoint\":\"0.0.0.0:14268\"}}},\"otlp\":{\"protocols\":{\"grpc\":{\"endpoint\":\"0.0.0.0:4317\"},\"http\":{\"endpoint\":\"0.0.0.0:4318\"}}}}},\"ingester\":{\"max_block_duration\":\"5m\"},\"metrics_generator\":{\"processor\":{\"service_graphs\":{\"dimensions\":[\"http.method\",\"http.status_code\",\"service.name\"]},\"span_metrics\":{\"dimensions\":[\"http.method\",\"http.status_code\",\"http.route\",\"service.name\"]}},\"registry\":{\"external_labels\":{\"cluster\":\"kind-social-media\",\"source\":\"tempo\"}},\"storage\":{\"path\":\"/var/tempo/generator/wal\",\"remote_write\":[{\"send_exemplars\":true,\"url\":\"http://kube-prometheus-stack-prometheus.monitoring.svc.cluster.local:9090/api/v1/write\"}]}},\"overrides\":{\"defaults\":{\"metrics_generator\":{\"processors\":[\"service-graphs\",\"span-metrics\"]}},\"per_tenant_override_config\":\"/conf/overrides.yaml\"},\"querier\":{\"max_concurrent_queries\":10},\"storage\":{\"trace\":{\"backend\":\"local\",\"local\":{\"path\":\"/var/tempo/traces\"},\"wal\":{\"path\":\"/var/tempo/wal\"}}}}},\"values_sha\":\"(sensitive value)\"}",
                "version": "1.24.4"
              }
            ],
            "name": "tempo",
            "namespace": "monitoring",
            "pass_credentials": false,
            "postrender": [],
            "recreate_pods": false,
            "render_subchart_notes": true,
            "replace": false,
            "repository": "https://grafana.github.io/helm-charts",
            "repository_ca_file": null,
            "repository_cert_file": null,
            "repository_key_file": null,
            "repository_password": null,
            "repository_username": null,
            "reset_values": false,
            "reuse_values": false,
            "set": [],
            "set_list": [],
            "set_sensitive": [
              {
                "name": "values_sha",
                "type": "",
                "value": "F0HO7aBPH3lg9LwKoLNqUSVYI9RDv28eBcafLr6hZPo="
              }
            ],
            "skip_crds": false,
            "status": "deployed",
            "timeout": 300,
            "upgrade_install": null,
            "values": [
              "tempo:\n  structuredConfig:\n    metrics_generator:\n      registry:\n        external_labels:\n          source: tempo\n          cluster: kind-social-media\n      storage:\n        path: /var/tempo/generator/wal\n        remote_write:\n          - url: http://kube-prometheus-stack-prometheus.monitoring.svc.cluster.local:9090/api/v1/write\n            send_exemplars: true\n      processor:\n        service_graphs:\n          dimensions: [http.method, http.status_code, service.name]\n        span_metrics:\n          dimensions: [http.method, http.status_code, http.route, service.name]\n    overrides:\n      defaults:\n        metrics_generator:\n          processors: [service-graphs, span-metrics]\n      per_tenant_override_config: /conf/overrides.yaml\n    compactor:\n      compaction:\n        block_retention: 336h\n    ingester:\n      max_block_duration: 5m\n    querier:\n      max_concurrent_queries: 10\n    storage:\n      trace:\n        backend: local\n        local:\n          path: /var/tempo/traces\n        wal:\n          path: /var/tempo/wal\n    distributor:\n      receivers:\n        jaeger:\n          protocols:\n            grpc:\n              endpoint: 0.0.0.0:14250\n            thrift_http:\n              endpoint: 0.0.0.0:14268\n        otlp:\n          protocols:\n            grpc:\n              endpoint: 0.0.0.0:4317\n            http:\n              endpoint: 0.0.0.0:4318\n\npersistence:\n  enabled: true\n  storageClassName: standard\n  size: 5Gi\n\nresources:\n  requests:\n    cpu: 200m\n    memory: 256Mi\n  limits:\n    cpu: 1000m\n    memory: 1Gi\n\nserviceMonitor:\n  enabled: true\n  additionalLabels:\n    release: kube-prometheus-stack\n  interval: 30s"
            ],
            "verify": false,
            "version": "1.24.4",
            "wait": true,
            "wait_for_jobs": false
          },
          "sensitive_attributes": [
            [
              {
                "type": "get_attr",
                "value": "repository_password"
              }
            ],
            [
              {
                "type": "get_attr",
                "value": "set_sensitive"
              }
            ]
          ],
          "identity_schema_version": 0,
          "private": "eyJzY2hlbWFfdmVyc2lvbiI6IjEifQ==",
          "dependencies": [
            "helm_release.kube_prometheus_stack",
            "helm_release.loki",
            "helm_release.redis",
            "kubectl_manifest.cassandra_service",
            "kubectl_manifest.cassandra_statefulset",
            "kubectl_manifest.minio_service",
            "null_resource.kind_cluster"
          ]
        }
      ]
    },
    {
      "mode": "managed",
      "type": "kubectl_manifest",
      "name": "backend_deployment",
      "provider": "provider[\"registry.terraform.io/gavinbunney/kubectl\"]",
      "instances": [
        {
          "schema_version": 1,
          "attributes": {
            "api_version": "apps/v1",
            "apply_only": false,
            "force_conflicts": false,
            "force_new": false,
            "id": "/apis/apps/v1/namespaces/default/deployments/backend",
            "ignore_fields": null,
            "kind": "Deployment",
            "live_manifest_incluster": "cbd3e00aa7d76eab093959f0dcc03587064df66f74a5c36af013dd8075743ff3",
            "live_uid": "4c841d0d-9a2c-4d59-90e5-067fc1f9855d",
            "name": "backend",
            "namespace": null,
            "override_namespace": null,
            "sensitive_fields": null,
            "server_side_apply": false,
            "timeouts": null,
            "uid": "4c841d0d-9a2c-4d59-90e5-067fc1f9855d",
            "validate_schema": true,
            "wait": null,
            "wait_for_rollout": true,
            "yaml_body": "apiVersion: apps/v1\nkind: Deployment\nmetadata:\n  name: backend\nspec:\n  replicas: 1\n  selector:\n    matchLabels:\n      app: backend\n  template:\n    metadata:\n      labels:\n        app: backend\n    spec:\n      containers:\n        - name: backend\n          image: socialmediaapp-django:latest\n          imagePullPolicy: Never\n          ports:\n            - containerPort: 8000\n          env:\n            - name: DB_NAME\n              value: socialdb\n            - name: DB_USER\n              value: admin\n            - name: DB_PASSWORD\n              valueFrom:\n                secretKeyRef:\n                  name: postgres-secret\n                  key: POSTGRES_PASSWORD\n            - name: DB_HOST\n              value: postgres\n            - name: DB_PORT\n              value: \"5432\"\n            - name: DEBUG\n              value: \"True\"\n            - name: RUNNING_IN_DOCKER\n              value: \"True\"\n            - name: REDIS_PORT\n              value: \"6379\"\n",
            "yaml_body_parsed": "apiVersion: apps/v1\nkind: Deployment\nmetadata:\n  name: backend\nspec:\n  replicas: 1\n  selector:\n    matchLabels:\n      app: backend\n  template:\n    metadata:\n      labels:\n        app: backend\n    spec:\n      containers:\n      - env:\n        - name: DB_NAME\n          value: socialdb\n        - name: DB_USER\n          value: admin\n        - name: DB_PASSWORD\n          valueFrom:\n            secretKeyRef:\n              key: POSTGRES_PASSWORD\n              name: postgres-secret\n        - name: DB_HOST\n          value: postgres\n        - name: DB_PORT\n          value: \"5432\"\n        - name: DEBUG\n          value: \"True\"\n        - name: RUNNING_IN_DOCKER\n          value: \"True\"\n        - name: REDIS_PORT\n          value: \"6379\"\n        image: socialmediaapp-django:latest\n        imagePullPolicy: Never\n        name: backend\n        ports:\n        - containerPort: 8000\n",
            "yaml_incluster": "cbd3e00aa7d76eab093959f0dcc03587064df66f74a5c36af013dd8075743ff3"
          },
          "sensitive_attributes": [
            [
              {
                "type": "get_attr",
                "value": "live_manifest_incluster"
              }
            ],
            [
              {
                "type": "get_attr",
                "value": "yaml_body"
              }
            ],
            [
              {
                "type": "get_attr",
                "value": "yaml_incluster"
              }
            ]
          ],
          "identity_schema_version": 0,
          "private": "eyJlMmJmYjczMC1lY2FhLTExZTYtOGY4OC0zNDM2M2JjN2M0YzAiOnsiY3JlYXRlIjo2MDAwMDAwMDAwMDB9LCJzY2hlbWFfdmVyc2lvbiI6IjEifQ==",
          "dependencies": [
            "docker_image.social_django",
            "docker_image.social_frontend",
            "docker_image.social_go",
            "docker_image.social_java",
            "docker_image.social_minio",
            "kubectl_manifest.postgres_secret",
            "kubectl_manifest.postgres_service",
            "kubectl_manifest.postgres_statefulset",
            "null_resource.kind_cluster",
            "null_resource.kind_load_images"
          ]
        }
      ]
    },
    {
      "mode": "managed",
      "type": "kubectl_manifest",
      "name": "backend_service",
      "provider": "provider[\"registry.terraform.io/gavinbunney/kubectl\"]",
      "instances": [
        {
          "schema_version": 1,
          "attributes": {
            "api_version": "v1",
            "apply_only": false,
            "force_conflicts": false,
            "force_new": false,
            "id": "/api/v1/namespaces/default/services/backend",
            "ignore_fields": null,
            "kind": "Service",
            "live_manifest_incluster": "6dfd7e514b3b023e39816b6538b040e6b6164747b345ba760ab31994a9bfbc36",
            "live_uid": "0f358313-f183-4cc1-8585-cd3574f2c4b6",
            "name": "backend",
            "namespace": null,
            "override_namespace": null,
            "sensitive_fields": null,
            "server_side_apply": false,
            "timeouts": null,
            "uid": "0f358313-f183-4cc1-8585-cd3574f2c4b6",
            "validate_schema": true,
            "wait": null,
            "wait_for_rollout": true,
            "yaml_body": "apiVersion: v1\nkind: Service\nmetadata:\n  name: backend\nspec:\n  selector:\n    app: backend\n  ports:\n    - port: 8000\n      targetPort: 8000\n  type: ClusterIP\n",
            "yaml_body_parsed": "apiVersion: v1\nkind: Service\nmetadata:\n  name: backend\nspec:\n  ports:\n  - port: 8000\n    targetPort: 8000\n  selector:\n    app: backend\n  type: ClusterIP\n",
            "yaml_incluster": "6dfd7e514b3b023e39816b6538b040e6b6164747b345ba760ab31994a9bfbc36"
          },
          "sensitive_attributes": [
            [
              {
                "type": "get_attr",
                "value": "live_manifest_incluster"
              }
            ],
            [
              {
                "type": "get_attr",
                "value": "yaml_body"
              }
            ],
            [
              {
                "type": "get_attr",
                "value": "yaml_incluster"
              }
            ]
          ],
          "identity_schema_version": 0,
          "private": "eyJlMmJmYjczMC1lY2FhLTExZTYtOGY4OC0zNDM2M2JjN2M0YzAiOnsiY3JlYXRlIjo2MDAwMDAwMDAwMDB9LCJzY2hlbWFfdmVyc2lvbiI6IjEifQ==",
          "dependencies": [
            "null_resource.kind_cluster"
          ]
        }
      ]
    },
    {
      "mode": "managed",
      "type": "kubectl_manifest",
      "name": "cassandra_service",
      "provider": "provider[\"registry.terraform.io/gavinbunney/kubectl\"]",
      "instances": [
        {
          "schema_version": 1,
          "attributes": {
            "api_version": "v1",
            "apply_only": false,
            "force_conflicts": false,
            "force_new": false,
            "id": "/api/v1/namespaces/default/services/cassandra",
            "ignore_fields": null,
            "kind": "Service",
            "live_manifest_incluster": "c39a8fa5dd40827c80ac2ffffdc7669b19bb922ec0faf5fe17a4c1035f2234ec",
            "live_uid": "dd96775b-8db1-47c0-9b2d-a8ee90bdcadf",
            "name": "cassandra",
            "namespace": "default",
            "override_namespace": null,
            "sensitive_fields": null,
            "server_side_apply": false,
            "timeouts": null,
            "uid": "dd96775b-8db1-47c0-9b2d-a8ee90bdcadf",
            "validate_schema": true,
            "wait": null,
            "wait_for_rollout": true,
            "yaml_body": "apiVersion: v1\nkind: Service\nmetadata:\n  name: cassandra\n  namespace: default\nspec:\n  clusterIP: None\n  selector:\n    app: cassandra\n  ports:\n    - port: 9042\n      targetPort: 9042\n      name: cql\n",
            "yaml_body_parsed": "apiVersion: v1\nkind: Service\nmetadata:\n  name: cassandra\n  namespace: default\nspec:\n  clusterIP: None\n  ports:\n  - name: cql\n    port: 9042\n    targetPort: 9042\n  selector:\n    app: cassandra\n",
            "yaml_incluster": "c39a8fa5dd40827c80ac2ffffdc7669b19bb922ec0faf5fe17a4c1035f2234ec"
          },
          "sensitive_attributes": [
            [
              {
                "type": "get_attr",
                "value": "live_manifest_incluster"
              }
            ],
            [
              {
                "type": "get_attr",
                "value": "yaml_body"
              }
            ],
            [
              {
                "type": "get_attr",
                "value": "yaml_incluster"
              }
            ]
          ],
          "identity_schema_version": 0,
          "private": "eyJlMmJmYjczMC1lY2FhLTExZTYtOGY4OC0zNDM2M2JjN2M0YzAiOnsiY3JlYXRlIjo2MDAwMDAwMDAwMDB9LCJzY2hlbWFfdmVyc2lvbiI6IjEifQ==",
          "dependencies": [
            "kubectl_manifest.cassandra_statefulset",
            "null_resource.kind_cluster"
          ]
        }
      ]
    },
    {
      "mode": "managed",
      "type": "kubectl_manifest",
      "name": "cassandra_statefulset",
      "provider": "provider[\"registry.terraform.io/gavinbunney/kubectl\"]",
      "instances": [
        {
          "schema_version": 1,
          "attributes": {
            "api_version": "apps/v1",
            "apply_only": false,
            "force_conflicts": false,
            "force_new": false,
            "id": "/apis/apps/v1/namespaces/default/statefulsets/cassandra",
            "ignore_fields": null,
            "kind": "StatefulSet",
            "live_manifest_incluster": "1f9e48eaa7073333b9730fbfb426c9ce8a182402437fc4356ebd71f9c0a74e37",
            "live_uid": "144a2712-a114-4bde-a78e-17dd72457799",
            "name": "cassandra",
            "namespace": "default",
            "override_namespace": null,
            "sensitive_fields": null,
            "server_side_apply": false,
            "timeouts": null,
            "uid": "144a2712-a114-4bde-a78e-17dd72457799",
            "validate_schema": true,
            "wait": null,
            "wait_for_rollout": true,
            "yaml_body": "apiVersion: apps/v1\nkind: StatefulSet\nmetadata:\n  name: cassandra\n  namespace: default\nspec:\n  serviceName: cassandra\n  replicas: 1\n  selector:\n    matchLabels:\n      app: cassandra\n  template:\n    metadata:\n      labels:\n        app: cassandra\n    spec:\n      initContainers:\n        - name: increase-vm-max-map-count\n          image: busybox\n          imagePullPolicy: IfNotPresent\n          command: [\"sysctl\", \"-w\", \"vm.max_map_count=1048575\"]\n          securityContext:\n            privileged: true\n      containers:\n        - name: cassandra\n          image: cassandra:5.0\n          imagePullPolicy: IfNotPresent\n          ports:\n            - containerPort: 9042\n              name: cql\n          env:\n            # 1. Increased heap size to match allocated memory limits cleanly\n            - name: MAX_HEAP_SIZE\n              value: \"1024M\"\n            - name: HEAP_NEWSIZE\n              value: \"256M\"\n            - name: CASSANDRA_CLUSTER_NAME\n              value: \"cassandra-cluster\"\n          resources:\n            requests:\n              memory: \"1536Mi\"\n              cpu: \"250m\"\n            limits:\n              memory: \"2Gi\"\n              cpu: \"1000m\"\n          # 2. Replaced heavy CLI execution probes with lightweight TCP port checks\n          readinessProbe:\n            tcpSocket:\n              port: 9042\n            initialDelaySeconds: 45\n            periodSeconds: 10\n            failureThreshold: 3\n          livenessProbe:\n            tcpSocket:\n              port: 9042\n            initialDelaySeconds: 60\n            periodSeconds: 20\n            failureThreshold: 5\n",
            "yaml_body_parsed": "apiVersion: apps/v1\nkind: StatefulSet\nmetadata:\n  name: cassandra\n  namespace: default\nspec:\n  replicas: 1\n  selector:\n    matchLabels:\n      app: cassandra\n  serviceName: cassandra\n  template:\n    metadata:\n      labels:\n        app: cassandra\n    spec:\n      containers:\n      - env:\n        - name: MAX_HEAP_SIZE\n          value: 1024M\n        - name: HEAP_NEWSIZE\n          value: 256M\n        - name: CASSANDRA_CLUSTER_NAME\n          value: cassandra-cluster\n        image: cassandra:5.0\n        imagePullPolicy: IfNotPresent\n        livenessProbe:\n          failureThreshold: 5\n          initialDelaySeconds: 60\n          periodSeconds: 20\n          tcpSocket:\n            port: 9042\n        name: cassandra\n        ports:\n        - containerPort: 9042\n          name: cql\n        readinessProbe:\n          failureThreshold: 3\n          initialDelaySeconds: 45\n          periodSeconds: 10\n          tcpSocket:\n            port: 9042\n        resources:\n          limits:\n            cpu: 1000m\n            memory: 2Gi\n          requests:\n            cpu: 250m\n            memory: 1536Mi\n      initContainers:\n      - command:\n        - sysctl\n        - -w\n        - vm.max_map_count=1048575\n        image: busybox\n        imagePullPolicy: IfNotPresent\n        name: increase-vm-max-map-count\n        securityContext:\n          privileged: true\n",
            "yaml_incluster": "1f9e48eaa7073333b9730fbfb426c9ce8a182402437fc4356ebd71f9c0a74e37"
          },
          "sensitive_attributes": [
            [
              {
                "type": "get_attr",
                "value": "live_manifest_incluster"
              }
            ],
            [
              {
                "type": "get_attr",
                "value": "yaml_body"
              }
            ],
            [
              {
                "type": "get_attr",
                "value": "yaml_incluster"
              }
            ]
          ],
          "identity_schema_version": 0,
          "private": "eyJlMmJmYjczMC1lY2FhLTExZTYtOGY4OC0zNDM2M2JjN2M0YzAiOnsiY3JlYXRlIjo2MDAwMDAwMDAwMDB9LCJzY2hlbWFfdmVyc2lvbiI6IjEifQ==",
          "dependencies": [
            "null_resource.kind_cluster"
          ]
        }
      ]
    },
    {
      "mode": "managed",
      "type": "kubectl_manifest",
      "name": "frontend_deployment",
      "provider": "provider[\"registry.terraform.io/gavinbunney/kubectl\"]",
      "instances": [
        {
          "schema_version": 1,
          "attributes": {
            "api_version": "apps/v1",
            "apply_only": false,
            "force_conflicts": false,
            "force_new": false,
            "id": "/apis/apps/v1/namespaces/default/deployments/frontend-prod",
            "ignore_fields": null,
            "kind": "Deployment",
            "live_manifest_incluster": "2709f3df7dcad03a9a057fb57f7dccfe7664da00f7b752e2cac61451e27bc25a",
            "live_uid": "aa98ce31-ccf3-4a15-b771-262d4210945c",
            "name": "frontend-prod",
            "namespace": null,
            "override_namespace": null,
            "sensitive_fields": null,
            "server_side_apply": false,
            "timeouts": null,
            "uid": "aa98ce31-ccf3-4a15-b771-262d4210945c",
            "validate_schema": true,
            "wait": null,
            "wait_for_rollout": true,
            "yaml_body": "apiVersion: apps/v1\nkind: Deployment\nmetadata:\n  name: frontend-prod\n  labels:\n    app: frontend\nspec:\n  replicas: 1\n  selector:\n    matchLabels:\n      app: frontend\n  template:\n    metadata:\n      labels:\n        app: frontend\n    spec:\n      containers:\n        - name: frontend\n          image: socialmediaapp-frontend-prod:latest\n          imagePullPolicy: Never\n          ports:\n            - containerPort: 80\n",
            "yaml_body_parsed": "apiVersion: apps/v1\nkind: Deployment\nmetadata:\n  labels:\n    app: frontend\n  name: frontend-prod\nspec:\n  replicas: 1\n  selector:\n    matchLabels:\n      app: frontend\n  template:\n    metadata:\n      labels:\n        app: frontend\n    spec:\n      containers:\n      - image: socialmediaapp-frontend-prod:latest\n        imagePullPolicy: Never\n        name: frontend\n        ports:\n        - containerPort: 80\n",
            "yaml_incluster": "2709f3df7dcad03a9a057fb57f7dccfe7664da00f7b752e2cac61451e27bc25a"
          },
          "sensitive_attributes": [
            [
              {
                "type": "get_attr",
                "value": "live_manifest_incluster"
              }
            ],
            [
              {
                "type": "get_attr",
                "value": "yaml_body"
              }
            ],
            [
              {
                "type": "get_attr",
                "value": "yaml_incluster"
              }
            ]
          ],
          "identity_schema_version": 0,
          "private": "eyJlMmJmYjczMC1lY2FhLTExZTYtOGY4OC0zNDM2M2JjN2M0YzAiOnsiY3JlYXRlIjo2MDAwMDAwMDAwMDB9LCJzY2hlbWFfdmVyc2lvbiI6IjEifQ==",
          "dependencies": [
            "docker_image.social_django",
            "docker_image.social_frontend",
            "docker_image.social_go",
            "docker_image.social_java",
            "docker_image.social_minio",
            "null_resource.kind_cluster",
            "null_resource.kind_load_images"
          ]
        }
      ]
    },
    {
      "mode": "managed",
      "type": "kubectl_manifest",
      "name": "frontend_service",
      "provider": "provider[\"registry.terraform.io/gavinbunney/kubectl\"]",
      "instances": [
        {
          "schema_version": 1,
          "attributes": {
            "api_version": "v1",
            "apply_only": false,
            "force_conflicts": false,
            "force_new": false,
            "id": "/api/v1/namespaces/default/services/frontend-prod",
            "ignore_fields": null,
            "kind": "Service",
            "live_manifest_incluster": "183e811088d81df653362766b093af384dfba7cf86ebdee04e18425d2a517927",
            "live_uid": "1e901d74-3ede-4b81-a577-4d83a9c806e3",
            "name": "frontend-prod",
            "namespace": null,
            "override_namespace": null,
            "sensitive_fields": null,
            "server_side_apply": false,
            "timeouts": null,
            "uid": "1e901d74-3ede-4b81-a577-4d83a9c806e3",
            "validate_schema": true,
            "wait": null,
            "wait_for_rollout": true,
            "yaml_body": "apiVersion: v1\nkind: Service\nmetadata:\n  name: frontend-prod\nspec:\n  selector:\n    app: frontend\n  ports:\n    - protocol: TCP\n      port: 80\n      targetPort: 80\n  type: ClusterIP\n",
            "yaml_body_parsed": "apiVersion: v1\nkind: Service\nmetadata:\n  name: frontend-prod\nspec:\n  ports:\n  - port: 80\n    protocol: TCP\n    targetPort: 80\n  selector:\n    app: frontend\n  type: ClusterIP\n",
            "yaml_incluster": "183e811088d81df653362766b093af384dfba7cf86ebdee04e18425d2a517927"
          },
          "sensitive_attributes": [
            [
              {
                "type": "get_attr",
                "value": "live_manifest_incluster"
              }
            ],
            [
              {
                "type": "get_attr",
                "value": "yaml_body"
              }
            ],
            [
              {
                "type": "get_attr",
                "value": "yaml_incluster"
              }
            ]
          ],
          "identity_schema_version": 0,
          "private": "eyJlMmJmYjczMC1lY2FhLTExZTYtOGY4OC0zNDM2M2JjN2M0YzAiOnsiY3JlYXRlIjo2MDAwMDAwMDAwMDB9LCJzY2hlbWFfdmVyc2lvbiI6IjEifQ==",
          "dependencies": [
            "null_resource.kind_cluster"
          ]
        }
      ]
    },
    {
      "mode": "managed",
      "type": "kubectl_manifest",
      "name": "ingress_api",
      "provider": "provider[\"registry.terraform.io/gavinbunney/kubectl\"]",
      "instances": [
        {
          "schema_version": 1,
          "attributes": {
            "api_version": "networking.k8s.io/v1",
            "apply_only": false,
            "force_conflicts": false,
            "force_new": false,
            "id": "/apis/networking.k8s.io/v1/namespaces/default/ingresses/social-media-api-ingress",
            "ignore_fields": null,
            "kind": "Ingress",
            "live_manifest_incluster": "e8b04d3e2d5d024cca4a48e654b172d79776eb3658634cf86a18c2d9a58e319c",
            "live_uid": "d9cf1830-0012-4df1-98a8-5bce72036f38",
            "name": "social-media-api-ingress",
            "namespace": "default",
            "override_namespace": null,
            "sensitive_fields": null,
            "server_side_apply": false,
            "timeouts": null,
            "uid": "d9cf1830-0012-4df1-98a8-5bce72036f38",
            "validate_schema": true,
            "wait": null,
            "wait_for_rollout": true,
            "yaml_body": "apiVersion: networking.k8s.io/v1\nkind: Ingress\nmetadata:\n  name: social-media-api-ingress\n  namespace: default\n  annotations:\n    nginx.ingress.kubernetes.io/rewrite-target: /api/$2\n    nginx.ingress.kubernetes.io/use-regex: \"true\"\n    nginx.ingress.kubernetes.io/proxy-body-size: \"100m\"\nspec:\n  ingressClassName: nginx\n  rules:\n    - http:\n        paths:\n          - path: /social/api(/|$)(.*)\n            pathType: ImplementationSpecific\n            backend:\n              service:\n                name: backend\n                port:\n                  number: 8000\n",
            "yaml_body_parsed": "apiVersion: networking.k8s.io/v1\nkind: Ingress\nmetadata:\n  annotations:\n    nginx.ingress.kubernetes.io/proxy-body-size: 100m\n    nginx.ingress.kubernetes.io/rewrite-target: /api/$2\n    nginx.ingress.kubernetes.io/use-regex: \"true\"\n  name: social-media-api-ingress\n  namespace: default\nspec:\n  ingressClassName: nginx\n  rules:\n  - http:\n      paths:\n      - backend:\n          service:\n            name: backend\n            port:\n              number: 8000\n        path: /social/api(/|$)(.*)\n        pathType: ImplementationSpecific\n",
            "yaml_incluster": "e8b04d3e2d5d024cca4a48e654b172d79776eb3658634cf86a18c2d9a58e319c"
          },
          "sensitive_attributes": [
            [
              {
                "type": "get_attr",
                "value": "live_manifest_incluster"
              }
            ],
            [
              {
                "type": "get_attr",
                "value": "yaml_body"
              }
            ],
            [
              {
                "type": "get_attr",
                "value": "yaml_incluster"
              }
            ]
          ],
          "identity_schema_version": 0,
          "private": "eyJlMmJmYjczMC1lY2FhLTExZTYtOGY4OC0zNDM2M2JjN2M0YzAiOnsiY3JlYXRlIjo2MDAwMDAwMDAwMDB9LCJzY2hlbWFfdmVyc2lvbiI6IjEifQ==",
          "dependencies": [
            "helm_release.ingress_nginx",
            "null_resource.kind_cluster"
          ]
        }
      ]
    },
    {
      "mode": "managed",
      "type": "kubectl_manifest",
      "name": "ingress_frontend",
      "provider": "provider[\"registry.terraform.io/gavinbunney/kubectl\"]",
      "instances": [
        {
          "schema_version": 1,
          "attributes": {
            "api_version": "networking.k8s.io/v1",
            "apply_only": false,
            "force_conflicts": false,
            "force_new": false,
            "id": "/apis/networking.k8s.io/v1/namespaces/default/ingresses/social-media-frontend-ingress",
            "ignore_fields": null,
            "kind": "Ingress",
            "live_manifest_incluster": "c66bd2155edfd1e91346cd6e3d8fad8c51ec434d84a07d252c096b4f71db75c7",
            "live_uid": "07f230a9-14f2-4ca9-932e-0cf35160b730",
            "name": "social-media-frontend-ingress",
            "namespace": null,
            "override_namespace": null,
            "sensitive_fields": null,
            "server_side_apply": false,
            "timeouts": null,
            "uid": "07f230a9-14f2-4ca9-932e-0cf35160b730",
            "validate_schema": true,
            "wait": null,
            "wait_for_rollout": true,
            "yaml_body": "apiVersion: networking.k8s.io/v1\nkind: Ingress\nmetadata:\n  name: social-media-frontend-ingress\n  annotations:\n    nginx.ingress.kubernetes.io/use-regex: \"true\"\nspec:\n  ingressClassName: nginx\n  rules:\n  - http:\n      paths:\n      - path: /social(/|$)(.*)\n        pathType: ImplementationSpecific\n        backend:\n          service:\n            name: frontend-prod\n            port:\n              number: 80\n",
            "yaml_body_parsed": "apiVersion: networking.k8s.io/v1\nkind: Ingress\nmetadata:\n  annotations:\n    nginx.ingress.kubernetes.io/use-regex: \"true\"\n  name: social-media-frontend-ingress\nspec:\n  ingressClassName: nginx\n  rules:\n  - http:\n      paths:\n      - backend:\n          service:\n            name: frontend-prod\n            port:\n              number: 80\n        path: /social(/|$)(.*)\n        pathType: ImplementationSpecific\n",
            "yaml_incluster": "c66bd2155edfd1e91346cd6e3d8fad8c51ec434d84a07d252c096b4f71db75c7"
          },
          "sensitive_attributes": [
            [
              {
                "type": "get_attr",
                "value": "live_manifest_incluster"
              }
            ],
            [
              {
                "type": "get_attr",
                "value": "yaml_body"
              }
            ],
            [
              {
                "type": "get_attr",
                "value": "yaml_incluster"
              }
            ]
          ],
          "identity_schema_version": 0,
          "private": "eyJlMmJmYjczMC1lY2FhLTExZTYtOGY4OC0zNDM2M2JjN2M0YzAiOnsiY3JlYXRlIjo2MDAwMDAwMDAwMDB9LCJzY2hlbWFfdmVyc2lvbiI6IjEifQ==",
          "dependencies": [
            "helm_release.ingress_nginx",
            "null_resource.kind_cluster"
          ]
        }
      ]
    },
    {
      "mode": "managed",
      "type": "kubectl_manifest",
      "name": "ingress_grafana",
      "provider": "provider[\"registry.terraform.io/gavinbunney/kubectl\"]",
      "instances": [
        {
          "schema_version": 1,
          "attributes": {
            "api_version": "networking.k8s.io/v1",
            "apply_only": false,
            "force_conflicts": false,
            "force_new": false,
            "id": "/apis/networking.k8s.io/v1/namespaces/monitoring/ingresses/observability-grafana-ingress",
            "ignore_fields": null,
            "kind": "Ingress",
            "live_manifest_incluster": "f0ed2cd4cd01ba600a172ca431f889521c5ab3685d223e814165c05b55120218",
            "live_uid": "f772c244-2552-49d2-aa42-f8795faad60d",
            "name": "observability-grafana-ingress",
            "namespace": "monitoring",
            "override_namespace": null,
            "sensitive_fields": null,
            "server_side_apply": false,
            "timeouts": null,
            "uid": "f772c244-2552-49d2-aa42-f8795faad60d",
            "validate_schema": true,
            "wait": null,
            "wait_for_rollout": true,
            "yaml_body": "apiVersion: networking.k8s.io/v1\nkind: Ingress\nmetadata:\n  name: observability-grafana-ingress\n  namespace: monitoring\n  annotations:\n    nginx.ingress.kubernetes.io/use-regex: \"true\"\n    nginx.ingress.kubernetes.io/proxy-read-timeout: \"300\"\n    nginx.ingress.kubernetes.io/proxy-send-timeout: \"300\"\n    nginx.ingress.kubernetes.io/proxy-http-version: \"1.1\"\n    nginx.ingress.kubernetes.io/websocket-services: \"kube-prometheus-stack-grafana\"\nspec:\n  ingressClassName: nginx\n  rules:\n    - http:\n        paths:\n          - path: /grafana\n            pathType: Prefix\n            backend:\n              service:\n                name: kube-prometheus-stack-grafana\n                port:\n                  number: 80\n",
            "yaml_body_parsed": "apiVersion: networking.k8s.io/v1\nkind: Ingress\nmetadata:\n  annotations:\n    nginx.ingress.kubernetes.io/proxy-http-version: \"1.1\"\n    nginx.ingress.kubernetes.io/proxy-read-timeout: \"300\"\n    nginx.ingress.kubernetes.io/proxy-send-timeout: \"300\"\n    nginx.ingress.kubernetes.io/use-regex: \"true\"\n    nginx.ingress.kubernetes.io/websocket-services: kube-prometheus-stack-grafana\n  name: observability-grafana-ingress\n  namespace: monitoring\nspec:\n  ingressClassName: nginx\n  rules:\n  - http:\n      paths:\n      - backend:\n          service:\n            name: kube-prometheus-stack-grafana\n            port:\n              number: 80\n        path: /grafana\n        pathType: Prefix\n",
            "yaml_incluster": "f0ed2cd4cd01ba600a172ca431f889521c5ab3685d223e814165c05b55120218"
          },
          "sensitive_attributes": [
            [
              {
                "type": "get_attr",
                "value": "live_manifest_incluster"
              }
            ],
            [
              {
                "type": "get_attr",
                "value": "yaml_body"
              }
            ],
            [
              {
                "type": "get_attr",
                "value": "yaml_incluster"
              }
            ]
          ],
          "identity_schema_version": 0,
          "private": "eyJlMmJmYjczMC1lY2FhLTExZTYtOGY4OC0zNDM2M2JjN2M0YzAiOnsiY3JlYXRlIjo2MDAwMDAwMDAwMDB9LCJzY2hlbWFfdmVyc2lvbiI6IjEifQ==",
          "dependencies": [
            "helm_release.ingress_nginx",
            "helm_release.kube_prometheus_stack",
            "helm_release.redis",
            "kubectl_manifest.cassandra_service",
            "kubectl_manifest.cassandra_statefulset",
            "null_resource.kind_cluster"
          ]
        }
      ]
    },
    {
      "mode": "managed",
      "type": "kubectl_manifest",
      "name": "ingress_jaeger",
      "provider": "provider[\"registry.terraform.io/gavinbunney/kubectl\"]",
      "instances": [
        {
          "schema_version": 1,
          "attributes": {
            "api_version": "networking.k8s.io/v1",
            "apply_only": false,
            "force_conflicts": false,
            "force_new": false,
            "id": "/apis/networking.k8s.io/v1/namespaces/monitoring/ingresses/observability-jaeger-ingress",
            "ignore_fields": null,
            "kind": "Ingress",
            "live_manifest_incluster": "1b3e2a6b2b31e8a7466978805728bbf2b4b0166667c3130b19ac397c6c727eb8",
            "live_uid": "4092a9c1-b086-42c7-8cc0-c8179a69f4d4",
            "name": "observability-jaeger-ingress",
            "namespace": "monitoring",
            "override_namespace": null,
            "sensitive_fields": null,
            "server_side_apply": false,
            "timeouts": null,
            "uid": "4092a9c1-b086-42c7-8cc0-c8179a69f4d4",
            "validate_schema": true,
            "wait": null,
            "wait_for_rollout": true,
            "yaml_body": "apiVersion: networking.k8s.io/v1\nkind: Ingress\nmetadata:\n  name: observability-jaeger-ingress\n  namespace: monitoring\n  annotations:\n    nginx.ingress.kubernetes.io/use-regex: \"true\"\nspec:\n  ingressClassName: nginx\n  rules:\n    - http:\n        paths:\n          - path: /jaeger\n            pathType: Prefix\n            backend:\n              service:\n                name: jaeger\n                port:\n                  number: 16686\n",
            "yaml_body_parsed": "apiVersion: networking.k8s.io/v1\nkind: Ingress\nmetadata:\n  annotations:\n    nginx.ingress.kubernetes.io/use-regex: \"true\"\n  name: observability-jaeger-ingress\n  namespace: monitoring\nspec:\n  ingressClassName: nginx\n  rules:\n  - http:\n      paths:\n      - backend:\n          service:\n            name: jaeger\n            port:\n              number: 16686\n        path: /jaeger\n        pathType: Prefix\n",
            "yaml_incluster": "1b3e2a6b2b31e8a7466978805728bbf2b4b0166667c3130b19ac397c6c727eb8"
          },
          "sensitive_attributes": [
            [
              {
                "type": "get_attr",
                "value": "live_manifest_incluster"
              }
            ],
            [
              {
                "type": "get_attr",
                "value": "yaml_body"
              }
            ],
            [
              {
                "type": "get_attr",
                "value": "yaml_incluster"
              }
            ]
          ],
          "identity_schema_version": 0,
          "private": "eyJlMmJmYjczMC1lY2FhLTExZTYtOGY4OC0zNDM2M2JjN2M0YzAiOnsiY3JlYXRlIjo2MDAwMDAwMDAwMDB9LCJzY2hlbWFfdmVyc2lvbiI6IjEifQ==",
          "dependencies": [
            "helm_release.ingress_nginx",
            "helm_release.kube_prometheus_stack",
            "helm_release.loki",
            "helm_release.otel_collector",
            "helm_release.redis",
            "helm_release.tempo",
            "kubectl_manifest.cassandra_service",
            "kubectl_manifest.cassandra_statefulset",
            "kubectl_manifest.jaeger_v2_config",
            "kubectl_manifest.minio_service",
            "null_resource.kind_cluster"
          ]
        }
      ]
    },
    {
      "mode": "managed",
      "type": "kubectl_manifest",
      "name": "ingress_minio",
      "provider": "provider[\"registry.terraform.io/gavinbunney/kubectl\"]",
      "instances": [
        {
          "schema_version": 1,
          "attributes": {
            "api_version": "networking.k8s.io/v1",
            "apply_only": false,
            "force_conflicts": false,
            "force_new": false,
            "id": "/apis/networking.k8s.io/v1/namespaces/default/ingresses/social-media-minio-ingress",
            "ignore_fields": null,
            "kind": "Ingress",
            "live_manifest_incluster": "f51c2898becb0ebe267b60f6fd7a35b4793850209eb3c38e89bc949324c2b189",
            "live_uid": "71ec3be6-9673-45a6-8a01-b726f09e9b56",
            "name": "social-media-minio-ingress",
            "namespace": "default",
            "override_namespace": null,
            "sensitive_fields": null,
            "server_side_apply": false,
            "timeouts": null,
            "uid": "71ec3be6-9673-45a6-8a01-b726f09e9b56",
            "validate_schema": true,
            "wait": null,
            "wait_for_rollout": true,
            "yaml_body": "apiVersion: networking.k8s.io/v1\nkind: Ingress\nmetadata:\n  name: social-media-minio-ingress\n  namespace: default\n  annotations:\n    nginx.ingress.kubernetes.io/rewrite-target: /$2\n    nginx.ingress.kubernetes.io/use-regex: \"true\"\n    nginx.ingress.kubernetes.io/proxy-body-size: \"100m\"\nspec:\n  ingressClassName: nginx\n  rules:\n    - http:\n        paths:\n          - path: /social/minio(/|$)(.*)\n            pathType: ImplementationSpecific\n            backend:\n              service:\n                name: minio\n                port:\n                  number: 9000\n",
            "yaml_body_parsed": "apiVersion: networking.k8s.io/v1\nkind: Ingress\nmetadata:\n  annotations:\n    nginx.ingress.kubernetes.io/proxy-body-size: 100m\n    nginx.ingress.kubernetes.io/rewrite-target: /$2\n    nginx.ingress.kubernetes.io/use-regex: \"true\"\n  name: social-media-minio-ingress\n  namespace: default\nspec:\n  ingressClassName: nginx\n  rules:\n  - http:\n      paths:\n      - backend:\n          service:\n            name: minio\n            port:\n              number: 9000\n        path: /social/minio(/|$)(.*)\n        pathType: ImplementationSpecific\n",
            "yaml_incluster": "f51c2898becb0ebe267b60f6fd7a35b4793850209eb3c38e89bc949324c2b189"
          },
          "sensitive_attributes": [
            [
              {
                "type": "get_attr",
                "value": "live_manifest_incluster"
              }
            ],
            [
              {
                "type": "get_attr",
                "value": "yaml_body"
              }
            ],
            [
              {
                "type": "get_attr",
                "value": "yaml_incluster"
              }
            ]
          ],
          "identity_schema_version": 0,
          "private": "eyJlMmJmYjczMC1lY2FhLTExZTYtOGY4OC0zNDM2M2JjN2M0YzAiOnsiY3JlYXRlIjo2MDAwMDAwMDAwMDB9LCJzY2hlbWFfdmVyc2lvbiI6IjEifQ==",
          "dependencies": [
            "helm_release.ingress_nginx",
            "null_resource.kind_cluster"
          ]
        }
      ]
    },
    {
      "mode": "managed",
      "type": "kubectl_manifest",
      "name": "jaeger_v2_config",
      "provider": "provider[\"registry.terraform.io/gavinbunney/kubectl\"]",
      "instances": [
        {
          "schema_version": 1,
          "attributes": {
            "api_version": "v1",
            "apply_only": false,
            "force_conflicts": false,
            "force_new": false,
            "id": "/api/v1/namespaces/monitoring/configmaps/jaeger-v2-config",
            "ignore_fields": null,
            "kind": "ConfigMap",
            "live_manifest_incluster": "182caa82ab0b2f0bd2b84a7c8eb50585ed2f210ee1b79134dc6e792456b7a086",
            "live_uid": "315fd845-7f37-4463-a7fc-6d170a110a3e",
            "name": "jaeger-v2-config",
            "namespace": "monitoring",
            "override_namespace": null,
            "sensitive_fields": null,
            "server_side_apply": false,
            "timeouts": null,
            "uid": "315fd845-7f37-4463-a7fc-6d170a110a3e",
            "validate_schema": true,
            "wait": null,
            "wait_for_rollout": true,
            "yaml_body": "apiVersion: v1\nkind: ConfigMap\nmetadata:\n  name: jaeger-v2-config\n  namespace: monitoring\ndata:\n  config.yaml: |\n    service:\n      extensions: [jaeger_storage, jaeger_query, healthcheckv2]\n      pipelines:\n        traces:\n          receivers: [otlp, jaeger]\n          exporters: [jaeger_storage]\n\n    extensions:\n      healthcheckv2:\n        use_v2: true\n        http:\n          endpoint: 0.0.0.0:13133\n\n      jaeger_storage:\n        backends:\n          some_storage:\n            memory:\n              max_traces: 50000\n\n      jaeger_query:\n        storage:\n          traces: some_storage\n        base_path: /jaeger\n\n    receivers:\n      otlp:\n        protocols:\n          grpc:\n            endpoint: 0.0.0.0:4317\n          http:\n            endpoint: 0.0.0.0:4318\n      jaeger:\n        protocols:\n          grpc:\n            endpoint: 0.0.0.0:14250\n          thrift_http:\n            endpoint: 0.0.0.0:14268\n\n    exporters:\n      jaeger_storage:\n        trace_storage: some_storage\n",
            "yaml_body_parsed": "apiVersion: v1\ndata:\n  config.yaml: |\n    service:\n      extensions: [jaeger_storage, jaeger_query, healthcheckv2]\n      pipelines:\n        traces:\n          receivers: [otlp, jaeger]\n          exporters: [jaeger_storage]\n\n    extensions:\n      healthcheckv2:\n        use_v2: true\n        http:\n          endpoint: 0.0.0.0:13133\n\n      jaeger_storage:\n        backends:\n          some_storage:\n            memory:\n              max_traces: 50000\n\n      jaeger_query:\n        storage:\n          traces: some_storage\n        base_path: /jaeger\n\n    receivers:\n      otlp:\n        protocols:\n          grpc:\n            endpoint: 0.0.0.0:4317\n          http:\n            endpoint: 0.0.0.0:4318\n      jaeger:\n        protocols:\n          grpc:\n            endpoint: 0.0.0.0:14250\n          thrift_http:\n            endpoint: 0.0.0.0:14268\n\n    exporters:\n      jaeger_storage:\n        trace_storage: some_storage\nkind: ConfigMap\nmetadata:\n  name: jaeger-v2-config\n  namespace: monitoring\n",
            "yaml_incluster": "182caa82ab0b2f0bd2b84a7c8eb50585ed2f210ee1b79134dc6e792456b7a086"
          },
          "sensitive_attributes": [
            [
              {
                "type": "get_attr",
                "value": "live_manifest_incluster"
              }
            ],
            [
              {
                "type": "get_attr",
                "value": "yaml_body"
              }
            ],
            [
              {
                "type": "get_attr",
                "value": "yaml_incluster"
              }
            ]
          ],
          "identity_schema_version": 0,
          "private": "eyJlMmJmYjczMC1lY2FhLTExZTYtOGY4OC0zNDM2M2JjN2M0YzAiOnsiY3JlYXRlIjo2MDAwMDAwMDAwMDB9LCJzY2hlbWFfdmVyc2lvbiI6IjEifQ==",
          "dependencies": [
            "null_resource.kind_cluster"
          ]
        }
      ]
    },
    {
      "mode": "managed",
      "type": "kubectl_manifest",
      "name": "kafka_service",
      "provider": "provider[\"registry.terraform.io/gavinbunney/kubectl\"]",
      "instances": [
        {
          "schema_version": 1,
          "attributes": {
            "api_version": "v1",
            "apply_only": false,
            "force_conflicts": false,
            "force_new": false,
            "id": "/api/v1/namespaces/default/services/kafka",
            "ignore_fields": null,
            "kind": "Service",
            "live_manifest_incluster": "a84d532b08994b15d30f3c2661c13c35fea156c2f0d6ca743e65c5ebc1bf8fd2",
            "live_uid": "7ace2b47-5c37-4830-a2df-33bcbde10247",
            "name": "kafka",
            "namespace": "default",
            "override_namespace": null,
            "sensitive_fields": null,
            "server_side_apply": false,
            "timeouts": null,
            "uid": "7ace2b47-5c37-4830-a2df-33bcbde10247",
            "validate_schema": true,
            "wait": null,
            "wait_for_rollout": true,
            "yaml_body": "apiVersion: v1\nkind: Service\nmetadata:\n  name: kafka\n  namespace: default\nspec:\n  clusterIP: None\n  selector:\n    app: kafka\n  ports:\n    - name: plaintext\n      port: 9092\n      targetPort: 9092\n    - name: controller\n      port: 9093\n      targetPort: 9093\n",
            "yaml_body_parsed": "apiVersion: v1\nkind: Service\nmetadata:\n  name: kafka\n  namespace: default\nspec:\n  clusterIP: None\n  ports:\n  - name: plaintext\n    port: 9092\n    targetPort: 9092\n  - name: controller\n    port: 9093\n    targetPort: 9093\n  selector:\n    app: kafka\n",
            "yaml_incluster": "a84d532b08994b15d30f3c2661c13c35fea156c2f0d6ca743e65c5ebc1bf8fd2"
          },
          "sensitive_attributes": [
            [
              {
                "type": "get_attr",
                "value": "live_manifest_incluster"
              }
            ],
            [
              {
                "type": "get_attr",
                "value": "yaml_body"
              }
            ],
            [
              {
                "type": "get_attr",
                "value": "yaml_incluster"
              }
            ]
          ],
          "identity_schema_version": 0,
          "private": "eyJlMmJmYjczMC1lY2FhLTExZTYtOGY4OC0zNDM2M2JjN2M0YzAiOnsiY3JlYXRlIjo2MDAwMDAwMDAwMDB9LCJzY2hlbWFfdmVyc2lvbiI6IjEifQ==",
          "dependencies": [
            "kubectl_manifest.kafka_statefulset",
            "null_resource.kind_cluster"
          ]
        }
      ]
    },
    {
      "mode": "managed",
      "type": "kubectl_manifest",
      "name": "kafka_statefulset",
      "provider": "provider[\"registry.terraform.io/gavinbunney/kubectl\"]",
      "instances": [
        {
          "schema_version": 1,
          "attributes": {
            "api_version": "apps/v1",
            "apply_only": false,
            "force_conflicts": false,
            "force_new": false,
            "id": "/apis/apps/v1/namespaces/default/statefulsets/kafka",
            "ignore_fields": null,
            "kind": "StatefulSet",
            "live_manifest_incluster": "26fc5cc3d2899556e7d3ebae025df1353737f5f679570fec8c3a48fb31f63ffc",
            "live_uid": "987baf5c-b2f5-4ada-a048-893e0ecdbedc",
            "name": "kafka",
            "namespace": "default",
            "override_namespace": null,
            "sensitive_fields": null,
            "server_side_apply": false,
            "timeouts": null,
            "uid": "987baf5c-b2f5-4ada-a048-893e0ecdbedc",
            "validate_schema": true,
            "wait": null,
            "wait_for_rollout": true,
            "yaml_body": "apiVersion: apps/v1\nkind: StatefulSet\nmetadata:\n  name: kafka\n  namespace: default\nspec:\n  serviceName: kafka\n  replicas: 1\n  selector:\n    matchLabels:\n      app: kafka\n  template:\n    metadata:\n      labels:\n        app: kafka\n    spec:\n      containers:\n        - name: kafka\n          image: confluentinc/cp-kafka:7.6.0\n          imagePullPolicy: IfNotPresent\n          env:\n            # 1. Enable KRaft and define combined roles\n            - name: KAFKA_NODE_ID\n              value: \"1\"\n            - name: KAFKA_PROCESS_ROLES\n              value: \"broker,controller\"\n                \n            # 2. Configure Listeners for internal cluster and outside traffic\n            - name: KAFKA_LISTENERS\n              value: \"PLAINTEXT://0.0.0.0:9092,CONTROLLER://0.0.0.0:9093\"\n            - name: KAFKA_ADVERTISED_LISTENERS\n              value: \"PLAINTEXT://kafka:9092\"\n            - name: KAFKA_CONTROLLER_LISTENER_NAMES\n              value: \"CONTROLLER\"\n            - name: KAFKA_LISTENER_SECURITY_PROTOCOL_MAP\n              value: \"CONTROLLER:PLAINTEXT,PLAINTEXT:PLAINTEXT\"\n            - name: KAFKA_INTER_BROKER_LISTENER_NAME\n              value: \"PLAINTEXT\"\n                \n            # 3. Establish Controller Quorum Voters\n            - name: KAFKA_CONTROLLER_QUORUM_VOTERS\n              value: \"1@kafka:9093\"\n                \n            # 4. Generate a unique Cluster ID for KRaft storage formatting\n            - name: CLUSTER_ID\n              value: \"MkU3OEVBNTcwNTJENDM2Qk\"\n\n            # 5. Handle Logging Configurations natively\n            - name: KAFKA_LOG_DIRS\n              value: \"/var/lib/kafka/data\"\n            - name: KAFKA_GC_LOG_OPTS\n              value: \"-Xlog:gc*:file=/var/lib/kafka/data/kafkaServer-gc.log:time,tags:filecount=10,filesize=100M\"\n                \n            # 6. Minimum parameters for a stable 1-node cluster\n            - name: KAFKA_OFFSETS_TOPIC_REPLICATION_FACTOR\n              value: \"1\"\n            - name: KAFKA_GROUP_INITIAL_REBALANCE_DELAY_MS\n              value: \"0\"\n            - name: KAFKA_TRANSACTION_STATE_LOG_MIN_ISR\n              value: \"1\"\n            - name: KAFKA_TRANSACTION_STATE_LOG_REPLICATION_FACTOR\n              value: \"1\"\n          ports:\n            - containerPort: 9092\n              name: broker\n            - containerPort: 9093\n              name: controller\n          resources:\n            requests:\n              memory: \"512Mi\"\n              cpu: \"250m\"\n            limits:\n              memory: \"1Gi\"\n              cpu: \"1000m\"\n",
            "yaml_body_parsed": "apiVersion: apps/v1\nkind: StatefulSet\nmetadata:\n  name: kafka\n  namespace: default\nspec:\n  replicas: 1\n  selector:\n    matchLabels:\n      app: kafka\n  serviceName: kafka\n  template:\n    metadata:\n      labels:\n        app: kafka\n    spec:\n      containers:\n      - env:\n        - name: KAFKA_NODE_ID\n          value: \"1\"\n        - name: KAFKA_PROCESS_ROLES\n          value: broker,controller\n        - name: KAFKA_LISTENERS\n          value: PLAINTEXT://0.0.0.0:9092,CONTROLLER://0.0.0.0:9093\n        - name: KAFKA_ADVERTISED_LISTENERS\n          value: PLAINTEXT://kafka:9092\n        - name: KAFKA_CONTROLLER_LISTENER_NAMES\n          value: CONTROLLER\n        - name: KAFKA_LISTENER_SECURITY_PROTOCOL_MAP\n          value: CONTROLLER:PLAINTEXT,PLAINTEXT:PLAINTEXT\n        - name: KAFKA_INTER_BROKER_LISTENER_NAME\n          value: PLAINTEXT\n        - name: KAFKA_CONTROLLER_QUORUM_VOTERS\n          value: 1@kafka:9093\n        - name: CLUSTER_ID\n          value: MkU3OEVBNTcwNTJENDM2Qk\n        - name: KAFKA_LOG_DIRS\n          value: /var/lib/kafka/data\n        - name: KAFKA_GC_LOG_OPTS\n          value: -Xlog:gc*:file=/var/lib/kafka/data/kafkaServer-gc.log:time,tags:filecount=10,filesize=100M\n        - name: KAFKA_OFFSETS_TOPIC_REPLICATION_FACTOR\n          value: \"1\"\n        - name: KAFKA_GROUP_INITIAL_REBALANCE_DELAY_MS\n          value: \"0\"\n        - name: KAFKA_TRANSACTION_STATE_LOG_MIN_ISR\n          value: \"1\"\n        - name: KAFKA_TRANSACTION_STATE_LOG_REPLICATION_FACTOR\n          value: \"1\"\n        image: confluentinc/cp-kafka:7.6.0\n        imagePullPolicy: IfNotPresent\n        name: kafka\n        ports:\n        - containerPort: 9092\n          name: broker\n        - containerPort: 9093\n          name: controller\n        resources:\n          limits:\n            cpu: 1000m\n            memory: 1Gi\n          requests:\n            cpu: 250m\n            memory: 512Mi\n",
            "yaml_incluster": "26fc5cc3d2899556e7d3ebae025df1353737f5f679570fec8c3a48fb31f63ffc"
          },
          "sensitive_attributes": [
            [
              {
                "type": "get_attr",
                "value": "live_manifest_incluster"
              }
            ],
            [
              {
                "type": "get_attr",
                "value": "yaml_body"
              }
            ],
            [
              {
                "type": "get_attr",
                "value": "yaml_incluster"
              }
            ]
          ],
          "identity_schema_version": 0,
          "private": "eyJlMmJmYjczMC1lY2FhLTExZTYtOGY4OC0zNDM2M2JjN2M0YzAiOnsiY3JlYXRlIjo2MDAwMDAwMDAwMDB9LCJzY2hlbWFfdmVyc2lvbiI6IjEifQ==",
          "dependencies": [
            "null_resource.kind_cluster"
          ]
        }
      ]
    },
    {
      "mode": "managed",
      "type": "kubectl_manifest",
      "name": "microservice_go_deployment",
      "provider": "provider[\"registry.terraform.io/gavinbunney/kubectl\"]",
      "instances": [
        {
          "schema_version": 1,
          "attributes": {
            "api_version": "apps/v1",
            "apply_only": false,
            "force_conflicts": false,
            "force_new": false,
            "id": "/apis/apps/v1/namespaces/default/deployments/microservice-go",
            "ignore_fields": null,
            "kind": "Deployment",
            "live_manifest_incluster": "f509c7ac39fade5df18d5af70ba7aee9486883421f43f683808c73243bf8f7e3",
            "live_uid": "4fbc0ce5-bcb9-4c76-a638-5540a410832c",
            "name": "microservice-go",
            "namespace": null,
            "override_namespace": null,
            "sensitive_fields": null,
            "server_side_apply": false,
            "timeouts": null,
            "uid": "4fbc0ce5-bcb9-4c76-a638-5540a410832c",
            "validate_schema": true,
            "wait": null,
            "wait_for_rollout": true,
            "yaml_body": "apiVersion: apps/v1\nkind: Deployment\nmetadata:\n  name: microservice-go\n  labels:\n    app: microservice-go\nspec:\n  replicas: 1\n  selector:\n    matchLabels:\n      app: microservice-go\n  template:\n    metadata:\n      labels:\n        app: microservice-go\n    spec:\n      containers:\n        - name: microservice-go\n          image: socialmediaapp-microservice-go:latest\n          imagePullPolicy: Never\n          ports:\n            - containerPort: 8080\n          env:\n            - name: REDIS_HOST\n              value: redis\n            - name: REDIS_PORT\n              value: \"6379\"\n",
            "yaml_body_parsed": "apiVersion: apps/v1\nkind: Deployment\nmetadata:\n  labels:\n    app: microservice-go\n  name: microservice-go\nspec:\n  replicas: 1\n  selector:\n    matchLabels:\n      app: microservice-go\n  template:\n    metadata:\n      labels:\n        app: microservice-go\n    spec:\n      containers:\n      - env:\n        - name: REDIS_HOST\n          value: redis\n        - name: REDIS_PORT\n          value: \"6379\"\n        image: socialmediaapp-microservice-go:latest\n        imagePullPolicy: Never\n        name: microservice-go\n        ports:\n        - containerPort: 8080\n",
            "yaml_incluster": "f509c7ac39fade5df18d5af70ba7aee9486883421f43f683808c73243bf8f7e3"
          },
          "sensitive_attributes": [
            [
              {
                "type": "get_attr",
                "value": "live_manifest_incluster"
              }
            ],
            [
              {
                "type": "get_attr",
                "value": "yaml_body"
              }
            ],
            [
              {
                "type": "get_attr",
                "value": "yaml_incluster"
              }
            ]
          ],
          "identity_schema_version": 0,
          "private": "eyJlMmJmYjczMC1lY2FhLTExZTYtOGY4OC0zNDM2M2JjN2M0YzAiOnsiY3JlYXRlIjo2MDAwMDAwMDAwMDB9LCJzY2hlbWFfdmVyc2lvbiI6IjEifQ==",
          "dependencies": [
            "docker_image.social_django",
            "docker_image.social_frontend",
            "docker_image.social_go",
            "docker_image.social_java",
            "docker_image.social_minio",
            "null_resource.kind_cluster",
            "null_resource.kind_load_images"
          ]
        }
      ]
    },
    {
      "mode": "managed",
      "type": "kubectl_manifest",
      "name": "microservice_go_service",
      "provider": "provider[\"registry.terraform.io/gavinbunney/kubectl\"]",
      "instances": [
        {
          "schema_version": 1,
          "attributes": {
            "api_version": "v1",
            "apply_only": false,
            "force_conflicts": false,
            "force_new": false,
            "id": "/api/v1/namespaces/default/services/microservice-go",
            "ignore_fields": null,
            "kind": "Service",
            "live_manifest_incluster": "06b877eaf07621565c809a97d1d4874649ad143705c0afcbebb011657bd6b962",
            "live_uid": "827d82a2-dc5d-43cc-8dd1-e5df96ba8102",
            "name": "microservice-go",
            "namespace": null,
            "override_namespace": null,
            "sensitive_fields": null,
            "server_side_apply": false,
            "timeouts": null,
            "uid": "827d82a2-dc5d-43cc-8dd1-e5df96ba8102",
            "validate_schema": true,
            "wait": null,
            "wait_for_rollout": true,
            "yaml_body": "apiVersion: v1\nkind: Service\nmetadata:\n  name: microservice-go\nspec:\n  selector:\n    app: microservice-go\n  ports:\n    - protocol: TCP\n      port: 8080\n      targetPort: 8080\n  type: ClusterIP\n",
            "yaml_body_parsed": "apiVersion: v1\nkind: Service\nmetadata:\n  name: microservice-go\nspec:\n  ports:\n  - port: 8080\n    protocol: TCP\n    targetPort: 8080\n  selector:\n    app: microservice-go\n  type: ClusterIP\n",
            "yaml_incluster": "06b877eaf07621565c809a97d1d4874649ad143705c0afcbebb011657bd6b962"
          },
          "sensitive_attributes": [
            [
              {
                "type": "get_attr",
                "value": "live_manifest_incluster"
              }
            ],
            [
              {
                "type": "get_attr",
                "value": "yaml_body"
              }
            ],
            [
              {
                "type": "get_attr",
                "value": "yaml_incluster"
              }
            ]
          ],
          "identity_schema_version": 0,
          "private": "eyJlMmJmYjczMC1lY2FhLTExZTYtOGY4OC0zNDM2M2JjN2M0YzAiOnsiY3JlYXRlIjo2MDAwMDAwMDAwMDB9LCJzY2hlbWFfdmVyc2lvbiI6IjEifQ==",
          "dependencies": [
            "null_resource.kind_cluster"
          ]
        }
      ]
    },
    {
      "mode": "managed",
      "type": "kubectl_manifest",
      "name": "microservice_java_deployment",
      "provider": "provider[\"registry.terraform.io/gavinbunney/kubectl\"]",
      "instances": [
        {
          "schema_version": 1,
          "attributes": {
            "api_version": "apps/v1",
            "apply_only": false,
            "force_conflicts": false,
            "force_new": false,
            "id": "/apis/apps/v1/namespaces/default/deployments/microservice-java",
            "ignore_fields": null,
            "kind": "Deployment",
            "live_manifest_incluster": "a5590dca56b9dc613cc99f397fa552588d76b61117fd376587be27c62b6863b6",
            "live_uid": "4ce1f155-b556-4485-9ca5-ec2e8d775fe3",
            "name": "microservice-java",
            "namespace": null,
            "override_namespace": null,
            "sensitive_fields": null,
            "server_side_apply": false,
            "timeouts": null,
            "uid": "4ce1f155-b556-4485-9ca5-ec2e8d775fe3",
            "validate_schema": true,
            "wait": null,
            "wait_for_rollout": true,
            "yaml_body": "apiVersion: apps/v1\nkind: Deployment\nmetadata:\n  name: microservice-java\n  labels:\n    app: microservice-java\nspec:\n  replicas: 1\n  selector:\n    matchLabels:\n      app: microservice-java\n  template:\n    metadata:\n      labels:\n        app: microservice-java\n    spec:\n      containers:\n        - name: microservice-java\n          image: socialmediaapp-microservice-java:latest\n          imagePullPolicy: Never\n          ports:\n            - containerPort: 8080\n          env:\n            - name: SPRING_CASSANDRA_CONTACT-POINTS\n              value: cassandra\n            - name: SPRING_CASSANDRA_PORT\n              value: \"9042\"\n            - name: SPRING_CASSANDRA_LOCAL-DATACENTER\n              value: datacenter1\n",
            "yaml_body_parsed": "apiVersion: apps/v1\nkind: Deployment\nmetadata:\n  labels:\n    app: microservice-java\n  name: microservice-java\nspec:\n  replicas: 1\n  selector:\n    matchLabels:\n      app: microservice-java\n  template:\n    metadata:\n      labels:\n        app: microservice-java\n    spec:\n      containers:\n      - env:\n        - name: SPRING_CASSANDRA_CONTACT-POINTS\n          value: cassandra\n        - name: SPRING_CASSANDRA_PORT\n          value: \"9042\"\n        - name: SPRING_CASSANDRA_LOCAL-DATACENTER\n          value: datacenter1\n        image: socialmediaapp-microservice-java:latest\n        imagePullPolicy: Never\n        name: microservice-java\n        ports:\n        - containerPort: 8080\n",
            "yaml_incluster": "a5590dca56b9dc613cc99f397fa552588d76b61117fd376587be27c62b6863b6"
          },
          "sensitive_attributes": [
            [
              {
                "type": "get_attr",
                "value": "live_manifest_incluster"
              }
            ],
            [
              {
                "type": "get_attr",
                "value": "yaml_body"
              }
            ],
            [
              {
                "type": "get_attr",
                "value": "yaml_incluster"
              }
            ]
          ],
          "identity_schema_version": 0,
          "private": "eyJlMmJmYjczMC1lY2FhLTExZTYtOGY4OC0zNDM2M2JjN2M0YzAiOnsiY3JlYXRlIjo2MDAwMDAwMDAwMDB9LCJzY2hlbWFfdmVyc2lvbiI6IjEifQ==",
          "dependencies": [
            "docker_image.social_django",
            "docker_image.social_frontend",
            "docker_image.social_go",
            "docker_image.social_java",
            "docker_image.social_minio",
            "kubectl_manifest.kafka_service",
            "kubectl_manifest.kafka_statefulset",
            "null_resource.kind_cluster",
            "null_resource.kind_load_images"
          ]
        }
      ]
    },
    {
      "mode": "managed",
      "type": "kubectl_manifest",
      "name": "microservice_java_service",
      "provider": "provider[\"registry.terraform.io/gavinbunney/kubectl\"]",
      "instances": [
        {
          "schema_version": 1,
          "attributes": {
            "api_version": "v1",
            "apply_only": false,
            "force_conflicts": false,
            "force_new": false,
            "id": "/api/v1/namespaces/default/services/microservice-java",
            "ignore_fields": null,
            "kind": "Service",
            "live_manifest_incluster": "cced385d2b86669612ed666e592ac0d2b2e0e0b166ecf137678a64661a9a5887",
            "live_uid": "9c605aed-9f66-485b-8dff-f0d1a598de1e",
            "name": "microservice-java",
            "namespace": null,
            "override_namespace": null,
            "sensitive_fields": null,
            "server_side_apply": false,
            "timeouts": null,
            "uid": "9c605aed-9f66-485b-8dff-f0d1a598de1e",
            "validate_schema": true,
            "wait": null,
            "wait_for_rollout": true,
            "yaml_body": "apiVersion: v1\nkind: Service\nmetadata:\n  name: microservice-java\nspec:\n  selector:\n    app: microservice-java\n  ports:\n    - protocol: TCP\n      port: 8080\n      targetPort: 8080\n  type: ClusterIP\n",
            "yaml_body_parsed": "apiVersion: v1\nkind: Service\nmetadata:\n  name: microservice-java\nspec:\n  ports:\n  - port: 8080\n    protocol: TCP\n    targetPort: 8080\n  selector:\n    app: microservice-java\n  type: ClusterIP\n",
            "yaml_incluster": "cced385d2b86669612ed666e592ac0d2b2e0e0b166ecf137678a64661a9a5887"
          },
          "sensitive_attributes": [
            [
              {
                "type": "get_attr",
                "value": "live_manifest_incluster"
              }
            ],
            [
              {
                "type": "get_attr",
                "value": "yaml_body"
              }
            ],
            [
              {
                "type": "get_attr",
                "value": "yaml_incluster"
              }
            ]
          ],
          "identity_schema_version": 0,
          "private": "eyJlMmJmYjczMC1lY2FhLTExZTYtOGY4OC0zNDM2M2JjN2M0YzAiOnsiY3JlYXRlIjo2MDAwMDAwMDAwMDB9LCJzY2hlbWFfdmVyc2lvbiI6IjEifQ==",
          "dependencies": [
            "kubectl_manifest.kafka_service",
            "kubectl_manifest.kafka_statefulset",
            "null_resource.kind_cluster"
          ]
        }
      ]
    },
    {
      "mode": "managed",
      "type": "kubectl_manifest",
      "name": "minio_deployment",
      "provider": "provider[\"registry.terraform.io/gavinbunney/kubectl\"]",
      "instances": [
        {
          "schema_version": 1,
          "attributes": {
            "api_version": "apps/v1",
            "apply_only": false,
            "force_conflicts": false,
            "force_new": false,
            "id": "/apis/apps/v1/namespaces/default/deployments/minio",
            "ignore_fields": null,
            "kind": "Deployment",
            "live_manifest_incluster": "b84826e0fb49771f17838461b85238d2a526155a72f7f936ee989034ed352656",
            "live_uid": "84856cdc-37e0-48c4-bac6-2298eb901e1e",
            "name": "minio",
            "namespace": null,
            "override_namespace": null,
            "sensitive_fields": null,
            "server_side_apply": false,
            "timeouts": null,
            "uid": "84856cdc-37e0-48c4-bac6-2298eb901e1e",
            "validate_schema": true,
            "wait": null,
            "wait_for_rollout": true,
            "yaml_body": "apiVersion: apps/v1\nkind: Deployment\nmetadata:\n  name: minio\n  labels:\n    app: minio\nspec:\n  replicas: 1\n  selector:\n    matchLabels:\n      app: minio\n  template:\n    metadata:\n      labels:\n        app: minio\n    spec:\n      containers:\n        - name: minio\n          image: socialmediaapp-minio:latest\n          imagePullPolicy: Never\n          args:\n            - server\n            - /data\n            - --console-address\n            - \":9004\"\n          ports:\n            - containerPort: 9000\n            - containerPort: 9004\n          env:\n            - name: MINIO_ROOT_USER\n              value: minio\n            - name: MINIO_ROOT_PASSWORD\n              value: minio123\n          volumeMounts:\n            - name: minio-data\n              mountPath: /data\n      volumes:\n        - name: minio-data\n          emptyDir:\n            sizeLimit: 2Gi\n",
            "yaml_body_parsed": "apiVersion: apps/v1\nkind: Deployment\nmetadata:\n  labels:\n    app: minio\n  name: minio\nspec:\n  replicas: 1\n  selector:\n    matchLabels:\n      app: minio\n  template:\n    metadata:\n      labels:\n        app: minio\n    spec:\n      containers:\n      - args:\n        - server\n        - /data\n        - --console-address\n        - :9004\n        env:\n        - name: MINIO_ROOT_USER\n          value: minio\n        - name: MINIO_ROOT_PASSWORD\n          value: minio123\n        image: socialmediaapp-minio:latest\n        imagePullPolicy: Never\n        name: minio\n        ports:\n        - containerPort: 9000\n        - containerPort: 9004\n        volumeMounts:\n        - mountPath: /data\n          name: minio-data\n      volumes:\n      - emptyDir:\n          sizeLimit: 2Gi\n        name: minio-data\n",
            "yaml_incluster": "b84826e0fb49771f17838461b85238d2a526155a72f7f936ee989034ed352656"
          },
          "sensitive_attributes": [
            [
              {
                "type": "get_attr",
                "value": "live_manifest_incluster"
              }
            ],
            [
              {
                "type": "get_attr",
                "value": "yaml_body"
              }
            ],
            [
              {
                "type": "get_attr",
                "value": "yaml_incluster"
              }
            ]
          ],
          "identity_schema_version": 0,
          "private": "eyJlMmJmYjczMC1lY2FhLTExZTYtOGY4OC0zNDM2M2JjN2M0YzAiOnsiY3JlYXRlIjo2MDAwMDAwMDAwMDB9LCJzY2hlbWFfdmVyc2lvbiI6IjEifQ==",
          "dependencies": [
            "docker_image.social_django",
            "docker_image.social_frontend",
            "docker_image.social_go",
            "docker_image.social_java",
            "docker_image.social_minio",
            "null_resource.kind_cluster",
            "null_resource.kind_load_images"
          ]
        }
      ]
    },
    {
      "mode": "managed",
      "type": "kubectl_manifest",
      "name": "minio_service",
      "provider": "provider[\"registry.terraform.io/gavinbunney/kubectl\"]",
      "instances": [
        {
          "schema_version": 1,
          "attributes": {
            "api_version": "v1",
            "apply_only": false,
            "force_conflicts": false,
            "force_new": false,
            "id": "/api/v1/namespaces/default/services/minio",
            "ignore_fields": null,
            "kind": "Service",
            "live_manifest_incluster": "068e2be9337ea91b0900bf5ee442e543fd869b2841990bb71ab9e733a1b42e96",
            "live_uid": "a1dbe9b0-bc14-4179-a386-e6c5a9bd89f3",
            "name": "minio",
            "namespace": null,
            "override_namespace": null,
            "sensitive_fields": null,
            "server_side_apply": false,
            "timeouts": null,
            "uid": "a1dbe9b0-bc14-4179-a386-e6c5a9bd89f3",
            "validate_schema": true,
            "wait": null,
            "wait_for_rollout": true,
            "yaml_body": "apiVersion: v1\nkind: Service\nmetadata:\n  name: minio\nspec:\n  selector:\n    app: minio\n  ports:\n    - name: api\n      protocol: TCP\n      port: 9000\n      targetPort: 9000\n    - name: console\n      protocol: TCP\n      port: 9004\n      targetPort: 9004\n  type: ClusterIP\n",
            "yaml_body_parsed": "apiVersion: v1\nkind: Service\nmetadata:\n  name: minio\nspec:\n  ports:\n  - name: api\n    port: 9000\n    protocol: TCP\n    targetPort: 9000\n  - name: console\n    port: 9004\n    protocol: TCP\n    targetPort: 9004\n  selector:\n    app: minio\n  type: ClusterIP\n",
            "yaml_incluster": "068e2be9337ea91b0900bf5ee442e543fd869b2841990bb71ab9e733a1b42e96"
          },
          "sensitive_attributes": [
            [
              {
                "type": "get_attr",
                "value": "live_manifest_incluster"
              }
            ],
            [
              {
                "type": "get_attr",
                "value": "yaml_body"
              }
            ],
            [
              {
                "type": "get_attr",
                "value": "yaml_incluster"
              }
            ]
          ],
          "identity_schema_version": 0,
          "private": "eyJlMmJmYjczMC1lY2FhLTExZTYtOGY4OC0zNDM2M2JjN2M0YzAiOnsiY3JlYXRlIjo2MDAwMDAwMDAwMDB9LCJzY2hlbWFfdmVyc2lvbiI6IjEifQ==",
          "dependencies": [
            "null_resource.kind_cluster"
          ]
        }
      ]
    },
    {
      "mode": "managed",
      "type": "kubectl_manifest",
      "name": "otel_ingress",
      "provider": "provider[\"registry.terraform.io/gavinbunney/kubectl\"]",
      "instances": [
        {
          "schema_version": 1,
          "attributes": {
            "api_version": "networking.k8s.io/v1",
            "apply_only": false,
            "force_conflicts": false,
            "force_new": false,
            "id": "/apis/networking.k8s.io/v1/namespaces/monitoring/ingresses/otel-collector-ingress",
            "ignore_fields": null,
            "kind": "Ingress",
            "live_manifest_incluster": "8af692c32e6bb3e5bea81ee98c22414672e2d8ff788af92ec493f376da69ebf7",
            "live_uid": "edc74e2c-dbfd-487b-accc-345a73055e96",
            "name": "otel-collector-ingress",
            "namespace": "monitoring",
            "override_namespace": null,
            "sensitive_fields": null,
            "server_side_apply": false,
            "timeouts": null,
            "uid": "edc74e2c-dbfd-487b-accc-345a73055e96",
            "validate_schema": true,
            "wait": null,
            "wait_for_rollout": true,
            "yaml_body": "apiVersion: networking.k8s.io/v1\nkind: Ingress\nmetadata:\n  name: otel-collector-ingress\n  namespace: monitoring\n  annotations:\n    nginx.ingress.kubernetes.io/rewrite-target: /$2\n    nginx.ingress.kubernetes.io/use-regex: \"true\"\n    nginx.ingress.kubernetes.io/ssl-redirect: \"false\"\n    nginx.ingress.kubernetes.io/enable-cors: \"true\"\n    nginx.ingress.kubernetes.io/cors-allow-origin: \"*\"\n    nginx.ingress.kubernetes.io/cors-allow-methods: \"POST, OPTIONS\"\n    nginx.ingress.kubernetes.io/cors-allow-headers: \"Content-Type, traceparent, tracestate\"\nspec:\n  ingressClassName: nginx\n  rules:\n    - http:\n        paths:\n          - path: /otel(/|$)(.*)\n            pathType: ImplementationSpecific\n            backend:\n              service:\n                name: otel-collector-opentelemetry-collector\n                port:\n                  number: 4318\n",
            "yaml_body_parsed": "apiVersion: networking.k8s.io/v1\nkind: Ingress\nmetadata:\n  annotations:\n    nginx.ingress.kubernetes.io/cors-allow-headers: Content-Type, traceparent, tracestate\n    nginx.ingress.kubernetes.io/cors-allow-methods: POST, OPTIONS\n    nginx.ingress.kubernetes.io/cors-allow-origin: '*'\n    nginx.ingress.kubernetes.io/enable-cors: \"true\"\n    nginx.ingress.kubernetes.io/rewrite-target: /$2\n    nginx.ingress.kubernetes.io/ssl-redirect: \"false\"\n    nginx.ingress.kubernetes.io/use-regex: \"true\"\n  name: otel-collector-ingress\n  namespace: monitoring\nspec:\n  ingressClassName: nginx\n  rules:\n  - http:\n      paths:\n      - backend:\n          service:\n            name: otel-collector-opentelemetry-collector\n            port:\n              number: 4318\n        path: /otel(/|$)(.*)\n        pathType: ImplementationSpecific\n",
            "yaml_incluster": "8af692c32e6bb3e5bea81ee98c22414672e2d8ff788af92ec493f376da69ebf7"
          },
          "sensitive_attributes": [
            [
              {
                "type": "get_attr",
                "value": "live_manifest_incluster"
              }
            ],
            [
              {
                "type": "get_attr",
                "value": "yaml_body"
              }
            ],
            [
              {
                "type": "get_attr",
                "value": "yaml_incluster"
              }
            ]
          ],
          "identity_schema_version": 0,
          "private": "eyJlMmJmYjczMC1lY2FhLTExZTYtOGY4OC0zNDM2M2JjN2M0YzAiOnsiY3JlYXRlIjo2MDAwMDAwMDAwMDB9LCJzY2hlbWFfdmVyc2lvbiI6IjEifQ==",
          "dependencies": [
            "helm_release.ingress_nginx",
            "helm_release.kube_prometheus_stack",
            "helm_release.loki",
            "helm_release.otel_collector",
            "helm_release.redis",
            "helm_release.tempo",
            "kubectl_manifest.cassandra_service",
            "kubectl_manifest.cassandra_statefulset",
            "kubectl_manifest.minio_service",
            "null_resource.kind_cluster"
          ]
        }
      ]
    },
    {
      "mode": "managed",
      "type": "kubectl_manifest",
      "name": "otel_nodeport",
      "provider": "provider[\"registry.terraform.io/gavinbunney/kubectl\"]",
      "instances": [
        {
          "schema_version": 1,
          "attributes": {
            "api_version": "v1",
            "apply_only": false,
            "force_conflicts": false,
            "force_new": false,
            "id": "/api/v1/namespaces/monitoring/services/otel-collector-nodeport",
            "ignore_fields": null,
            "kind": "Service",
            "live_manifest_incluster": "3c6b496573636d707f2d67da407c63a3971c2118f968f2d70da50f9d56313337",
            "live_uid": "b9257558-e2dc-4fe8-9eb8-7648b0556117",
            "name": "otel-collector-nodeport",
            "namespace": "monitoring",
            "override_namespace": null,
            "sensitive_fields": null,
            "server_side_apply": false,
            "timeouts": null,
            "uid": "b9257558-e2dc-4fe8-9eb8-7648b0556117",
            "validate_schema": true,
            "wait": null,
            "wait_for_rollout": true,
            "yaml_body": "apiVersion: v1\nkind: Service\nmetadata:\n  name: otel-collector-nodeport\n  namespace: monitoring\n  labels:\n    app: otel-collector-nodeport\nspec:\n  type: NodePort\n  selector:\n    app.kubernetes.io/name: opentelemetry-collector\n  ports:\n    - name: otlp-grpc\n      protocol: TCP\n      port: 4317\n      targetPort: 4317\n      nodePort: 30317\n    - name: otlp-http\n      protocol: TCP\n      port: 4318\n      targetPort: 4318\n      nodePort: 30318\n",
            "yaml_body_parsed": "apiVersion: v1\nkind: Service\nmetadata:\n  labels:\n    app: otel-collector-nodeport\n  name: otel-collector-nodeport\n  namespace: monitoring\nspec:\n  ports:\n  - name: otlp-grpc\n    nodePort: 30317\n    port: 4317\n    protocol: TCP\n    targetPort: 4317\n  - name: otlp-http\n    nodePort: 30318\n    port: 4318\n    protocol: TCP\n    targetPort: 4318\n  selector:\n    app.kubernetes.io/name: opentelemetry-collector\n  type: NodePort\n",
            "yaml_incluster": "3c6b496573636d707f2d67da407c63a3971c2118f968f2d70da50f9d56313337"
          },
          "sensitive_attributes": [
            [
              {
                "type": "get_attr",
                "value": "live_manifest_incluster"
              }
            ],
            [
              {
                "type": "get_attr",
                "value": "yaml_body"
              }
            ],
            [
              {
                "type": "get_attr",
                "value": "yaml_incluster"
              }
            ]
          ],
          "identity_schema_version": 0,
          "private": "eyJlMmJmYjczMC1lY2FhLTExZTYtOGY4OC0zNDM2M2JjN2M0YzAiOnsiY3JlYXRlIjo2MDAwMDAwMDAwMDB9LCJzY2hlbWFfdmVyc2lvbiI6IjEifQ==",
          "dependencies": [
            "helm_release.kube_prometheus_stack",
            "helm_release.loki",
            "helm_release.otel_collector",
            "helm_release.redis",
            "helm_release.tempo",
            "kubectl_manifest.cassandra_service",
            "kubectl_manifest.cassandra_statefulset",
            "kubectl_manifest.minio_service",
            "null_resource.kind_cluster"
          ]
        }
      ]
    },
    {
      "mode": "managed",
      "type": "kubectl_manifest",
      "name": "postgres_secret",
      "provider": "provider[\"registry.terraform.io/gavinbunney/kubectl\"]",
      "instances": [
        {
          "schema_version": 1,
          "attributes": {
            "api_version": "v1",
            "apply_only": false,
            "force_conflicts": false,
            "force_new": false,
            "id": "/api/v1/namespaces/default/secrets/postgres-secret",
            "ignore_fields": null,
            "kind": "Secret",
            "live_manifest_incluster": "c59a90934059896e2b1f8a7d6426f875f749635d4862b842f0deffa0ddaf58c1",
            "live_uid": "79d15cda-3b3f-4397-841b-e9edd2893bbe",
            "name": "postgres-secret",
            "namespace": null,
            "override_namespace": null,
            "sensitive_fields": null,
            "server_side_apply": false,
            "timeouts": null,
            "uid": "79d15cda-3b3f-4397-841b-e9edd2893bbe",
            "validate_schema": true,
            "wait": null,
            "wait_for_rollout": true,
            "yaml_body": "apiVersion: v1\nkind: Secret\nmetadata:\n  name: postgres-secret\ntype: Opaque\ndata:\n  POSTGRES_PASSWORD: cGFzc3dvcmQ=\n",
            "yaml_body_parsed": "apiVersion: v1\ndata: (sensitive value)\nkind: Secret\nmetadata:\n  name: postgres-secret\ntype: Opaque\n",
            "yaml_incluster": "c59a90934059896e2b1f8a7d6426f875f749635d4862b842f0deffa0ddaf58c1"
          },
          "sensitive_attributes": [
            [
              {
                "type": "get_attr",
                "value": "live_manifest_incluster"
              }
            ],
            [
              {
                "type": "get_attr",
                "value": "yaml_body"
              }
            ],
            [
              {
                "type": "get_attr",
                "value": "yaml_incluster"
              }
            ]
          ],
          "identity_schema_version": 0,
          "private": "eyJlMmJmYjczMC1lY2FhLTExZTYtOGY4OC0zNDM2M2JjN2M0YzAiOnsiY3JlYXRlIjo2MDAwMDAwMDAwMDB9LCJzY2hlbWFfdmVyc2lvbiI6IjEifQ==",
          "dependencies": [
            "null_resource.kind_cluster"
          ]
        }
      ]
    },
    {
      "mode": "managed",
      "type": "kubectl_manifest",
      "name": "postgres_service",
      "provider": "provider[\"registry.terraform.io/gavinbunney/kubectl\"]",
      "instances": [
        {
          "schema_version": 1,
          "attributes": {
            "api_version": "v1",
            "apply_only": false,
            "force_conflicts": false,
            "force_new": false,
            "id": "/api/v1/namespaces/default/services/postgres",
            "ignore_fields": null,
            "kind": "Service",
            "live_manifest_incluster": "a77e65ccda449b0577796d5b216c98a05dd444af3a28f40d8c8882685119bf0e",
            "live_uid": "e318b8e3-eed2-4d97-9e7b-b1996363ef01",
            "name": "postgres",
            "namespace": null,
            "override_namespace": null,
            "sensitive_fields": null,
            "server_side_apply": false,
            "timeouts": null,
            "uid": "e318b8e3-eed2-4d97-9e7b-b1996363ef01",
            "validate_schema": true,
            "wait": null,
            "wait_for_rollout": true,
            "yaml_body": "apiVersion: v1\nkind: Service\nmetadata:\n  name: postgres\nspec:\n  ports:\n    - port: 5432\n      targetPort: 5432\n  selector:\n    app: postgres\n",
            "yaml_body_parsed": "apiVersion: v1\nkind: Service\nmetadata:\n  name: postgres\nspec:\n  ports:\n  - port: 5432\n    targetPort: 5432\n  selector:\n    app: postgres\n",
            "yaml_incluster": "a77e65ccda449b0577796d5b216c98a05dd444af3a28f40d8c8882685119bf0e"
          },
          "sensitive_attributes": [
            [
              {
                "type": "get_attr",
                "value": "live_manifest_incluster"
              }
            ],
            [
              {
                "type": "get_attr",
                "value": "yaml_body"
              }
            ],
            [
              {
                "type": "get_attr",
                "value": "yaml_incluster"
              }
            ]
          ],
          "identity_schema_version": 0,
          "private": "eyJlMmJmYjczMC1lY2FhLTExZTYtOGY4OC0zNDM2M2JjN2M0YzAiOnsiY3JlYXRlIjo2MDAwMDAwMDAwMDB9LCJzY2hlbWFfdmVyc2lvbiI6IjEifQ==",
          "dependencies": [
            "null_resource.kind_cluster"
          ]
        }
      ]
    },
    {
      "mode": "managed",
      "type": "kubectl_manifest",
      "name": "postgres_statefulset",
      "provider": "provider[\"registry.terraform.io/gavinbunney/kubectl\"]",
      "instances": [
        {
          "schema_version": 1,
          "attributes": {
            "api_version": "apps/v1",
            "apply_only": false,
            "force_conflicts": false,
            "force_new": false,
            "id": "/apis/apps/v1/namespaces/default/statefulsets/postgres",
            "ignore_fields": null,
            "kind": "StatefulSet",
            "live_manifest_incluster": "ba5075573e1cdf626d33f5c25c44bfe2bdeaf777938608a0d270dd904343d351",
            "live_uid": "850f2336-4c80-43cc-84ce-398c72208bcc",
            "name": "postgres",
            "namespace": null,
            "override_namespace": null,
            "sensitive_fields": null,
            "server_side_apply": false,
            "timeouts": null,
            "uid": "850f2336-4c80-43cc-84ce-398c72208bcc",
            "validate_schema": true,
            "wait": null,
            "wait_for_rollout": true,
            "yaml_body": "apiVersion: apps/v1\nkind: StatefulSet\nmetadata:\n  name: postgres\nspec:\n  serviceName: postgres\n  replicas: 1\n  selector:\n    matchLabels:\n      app: postgres\n  template:\n    metadata:\n      labels:\n        app: postgres\n    spec:\n      containers:\n        - name: postgres\n          image: postgres:15\n          ports:\n            - containerPort: 5432\n          env:\n            - name: POSTGRES_DB\n              value: socialdb\n            - name: POSTGRES_USER\n              value: admin\n            - name: POSTGRES_PASSWORD\n              valueFrom:\n                secretKeyRef:\n                  name: postgres-secret\n                  key: POSTGRES_PASSWORD\n          volumeMounts:\n            - name: postgres-storage\n              mountPath: /var/lib/postgresql/data\n  volumeClaimTemplates:\n    - metadata:\n        name: postgres-storage\n      spec:\n        accessModes:\n          - ReadWriteOnce\n        resources:\n          requests:\n            storage: 1Gi\n",
            "yaml_body_parsed": "apiVersion: apps/v1\nkind: StatefulSet\nmetadata:\n  name: postgres\nspec:\n  replicas: 1\n  selector:\n    matchLabels:\n      app: postgres\n  serviceName: postgres\n  template:\n    metadata:\n      labels:\n        app: postgres\n    spec:\n      containers:\n      - env:\n        - name: POSTGRES_DB\n          value: socialdb\n        - name: POSTGRES_USER\n          value: admin\n        - name: POSTGRES_PASSWORD\n          valueFrom:\n            secretKeyRef:\n              key: POSTGRES_PASSWORD\n              name: postgres-secret\n        image: postgres:15\n        name: postgres\n        ports:\n        - containerPort: 5432\n        volumeMounts:\n        - mountPath: /var/lib/postgresql/data\n          name: postgres-storage\n  volumeClaimTemplates:\n  - metadata:\n      name: postgres-storage\n    spec:\n      accessModes:\n      - ReadWriteOnce\n      resources:\n        requests:\n          storage: 1Gi\n",
            "yaml_incluster": "ba5075573e1cdf626d33f5c25c44bfe2bdeaf777938608a0d270dd904343d351"
          },
          "sensitive_attributes": [
            [
              {
                "type": "get_attr",
                "value": "live_manifest_incluster"
              }
            ],
            [
              {
                "type": "get_attr",
                "value": "yaml_body"
              }
            ],
            [
              {
                "type": "get_attr",
                "value": "yaml_incluster"
              }
            ]
          ],
          "identity_schema_version": 0,
          "private": "eyJlMmJmYjczMC1lY2FhLTExZTYtOGY4OC0zNDM2M2JjN2M0YzAiOnsiY3JlYXRlIjo2MDAwMDAwMDAwMDB9LCJzY2hlbWFfdmVyc2lvbiI6IjEifQ==",
          "dependencies": [
            "kubectl_manifest.postgres_secret",
            "kubectl_manifest.postgres_service",
            "null_resource.kind_cluster"
          ]
        }
      ]
    },
    {
      "mode": "managed",
      "type": "kubectl_manifest",
      "name": "redis_deployment",
      "provider": "provider[\"registry.terraform.io/gavinbunney/kubectl\"]",
      "instances": [
        {
          "schema_version": 1,
          "attributes": {
            "api_version": "apps/v1",
            "apply_only": false,
            "force_conflicts": false,
            "force_new": false,
            "id": "/apis/apps/v1/namespaces/default/deployments/redis",
            "ignore_fields": null,
            "kind": "Deployment",
            "live_manifest_incluster": "383aa2c3a2c625c07732610d4f70f8345991b99d8634c53cfdccb43a2ff0dfd7",
            "live_uid": "ce7c1933-b4db-456e-9882-51b50e04ed28",
            "name": "redis",
            "namespace": "default",
            "override_namespace": null,
            "sensitive_fields": null,
            "server_side_apply": false,
            "timeouts": null,
            "uid": "ce7c1933-b4db-456e-9882-51b50e04ed28",
            "validate_schema": true,
            "wait": null,
            "wait_for_rollout": true,
            "yaml_body": "apiVersion: apps/v1\nkind: Deployment\nmetadata:\n  name: redis\n  namespace: default\nspec:\n  replicas: 1\n  selector:\n    matchLabels:\n      app: redis\n  template:\n    metadata:\n      labels:\n        app: redis\n    spec:\n      containers:\n      - name: redis\n        image: redis:7-alpine\n        ports:\n        - containerPort: 6379\n        resources:\n          requests:\n            memory: \"64Mi\"\n            cpu: \"50m\"\n",
            "yaml_body_parsed": "apiVersion: apps/v1\nkind: Deployment\nmetadata:\n  name: redis\n  namespace: default\nspec:\n  replicas: 1\n  selector:\n    matchLabels:\n      app: redis\n  template:\n    metadata:\n      labels:\n        app: redis\n    spec:\n      containers:\n      - image: redis:7-alpine\n        name: redis\n        ports:\n        - containerPort: 6379\n        resources:\n          requests:\n            cpu: 50m\n            memory: 64Mi\n",
            "yaml_incluster": "383aa2c3a2c625c07732610d4f70f8345991b99d8634c53cfdccb43a2ff0dfd7"
          },
          "sensitive_attributes": [
            [
              {
                "type": "get_attr",
                "value": "live_manifest_incluster"
              }
            ],
            [
              {
                "type": "get_attr",
                "value": "yaml_body"
              }
            ],
            [
              {
                "type": "get_attr",
                "value": "yaml_incluster"
              }
            ]
          ],
          "identity_schema_version": 0,
          "private": "eyJlMmJmYjczMC1lY2FhLTExZTYtOGY4OC0zNDM2M2JjN2M0YzAiOnsiY3JlYXRlIjo2MDAwMDAwMDAwMDB9LCJzY2hlbWFfdmVyc2lvbiI6IjEifQ=="
        }
      ]
    },
    {
      "mode": "managed",
      "type": "kubectl_manifest",
      "name": "redis_service",
      "provider": "provider[\"registry.terraform.io/gavinbunney/kubectl\"]",
      "instances": [
        {
          "schema_version": 1,
          "attributes": {
            "api_version": "v1",
            "apply_only": false,
            "force_conflicts": false,
            "force_new": false,
            "id": "/api/v1/namespaces/default/services/redis",
            "ignore_fields": null,
            "kind": "Service",
            "live_manifest_incluster": "784e8ec953fadc0a96efc21bb6c804915c5d72b0f977dca934c03fdbbc2377cc",
            "live_uid": "fc7944c1-80ff-40b1-8787-ef5b6aa7939c",
            "name": "redis",
            "namespace": "default",
            "override_namespace": null,
            "sensitive_fields": null,
            "server_side_apply": false,
            "timeouts": null,
            "uid": "fc7944c1-80ff-40b1-8787-ef5b6aa7939c",
            "validate_schema": true,
            "wait": null,
            "wait_for_rollout": true,
            "yaml_body": "apiVersion: v1\nkind: Service\nmetadata:\n  name: redis\n  namespace: default\nspec:\n  selector:\n    app: redis\n  ports:\n  - port: 6379\n    targetPort: 6379\n",
            "yaml_body_parsed": "apiVersion: v1\nkind: Service\nmetadata:\n  name: redis\n  namespace: default\nspec:\n  ports:\n  - port: 6379\n    targetPort: 6379\n  selector:\n    app: redis\n",
            "yaml_incluster": "784e8ec953fadc0a96efc21bb6c804915c5d72b0f977dca934c03fdbbc2377cc"
          },
          "sensitive_attributes": [
            [
              {
                "type": "get_attr",
                "value": "live_manifest_incluster"
              }
            ],
            [
              {
                "type": "get_attr",
                "value": "yaml_body"
              }
            ],
            [
              {
                "type": "get_attr",
                "value": "yaml_incluster"
              }
            ]
          ],
          "identity_schema_version": 0,
          "private": "eyJlMmJmYjczMC1lY2FhLTExZTYtOGY4OC0zNDM2M2JjN2M0YzAiOnsiY3JlYXRlIjo2MDAwMDAwMDAwMDB9LCJzY2hlbWFfdmVyc2lvbiI6IjEifQ==",
          "dependencies": [
            "kubectl_manifest.redis_deployment"
          ]
        }
      ]
    },
    {
      "mode": "managed",
      "type": "null_resource",
      "name": "gateway_kind_network",
      "provider": "provider[\"registry.terraform.io/hashicorp/null\"]",
      "instances": [
        {
          "schema_version": 0,
          "attributes": {
            "id": "1480477123390265253",
            "triggers": {
              "always_run": "2026-06-14T07:16:49Z",
              "cluster_id": "5634784099904548309"
            }
          },
          "sensitive_attributes": [],
          "identity_schema_version": 0,
          "dependencies": [
            "docker_network.gateway_net",
            "docker_volume.api_dist",
            "docker_volume.bank_dist",
            "docker_volume.doc_dist",
            "docker_volume.intro_dist",
            "docker_volume.notes_dist",
            "docker_volume.quiz_dist",
            "docker_volume.record_dist",
            "docker_volume.video_dist",
            "docker_volume.whisper_dist",
            "module.gateway.docker_container.app",
            "null_resource.kind_cluster"
          ]
        }
      ]
    },
    {
      "mode": "managed",
      "type": "null_resource",
      "name": "intro_page",
      "provider": "provider[\"registry.terraform.io/hashicorp/null\"]",
      "instances": [
        {
          "schema_version": 0,
          "attributes": {
            "id": "6467750800553143278",
            "triggers": {
              "always_run": "2026-06-14T07:16:49Z",
              "file_sha": "2e9ba5578a0418774e50a8c96a15bfb25c41c0c94ad48564e300c79a84169a59"
            }
          },
          "sensitive_attributes": [],
          "identity_schema_version": 0,
          "dependencies": [
            "docker_network.gateway_net",
            "docker_volume.api_dist",
            "docker_volume.bank_dist",
            "docker_volume.doc_dist",
            "docker_volume.intro_dist",
            "docker_volume.notes_dist",
            "docker_volume.quiz_dist",
            "docker_volume.record_dist",
            "docker_volume.video_dist",
            "docker_volume.whisper_dist",
            "module.gateway.docker_container.app"
          ]
        }
      ]
    },
    {
      "mode": "managed",
      "type": "null_resource",
      "name": "kind_cluster",
      "provider": "provider[\"registry.terraform.io/hashicorp/null\"]",
      "instances": [
        {
          "schema_version": 0,
          "attributes": {
            "id": "5634784099904548309",
            "triggers": {
              "kind_config": "4ad2215faa6c5c9a1ae555993fb0957b6eff14875800146204ed274dd502ce35"
            }
          },
          "sensitive_attributes": [],
          "identity_schema_version": 0
        }
      ]
    },
    {
      "mode": "managed",
      "type": "null_resource",
      "name": "kind_images",
      "provider": "provider[\"registry.terraform.io/hashicorp/null\"]",
      "instances": [
        {
          "schema_version": 0,
          "attributes": {
            "id": "4088521985888348380",
            "triggers": {
              "manual": "false"
            }
          },
          "sensitive_attributes": [],
          "identity_schema_version": 0
        }
      ]
    },
    {
      "mode": "managed",
      "type": "null_resource",
      "name": "kind_load_images",
      "provider": "provider[\"registry.terraform.io/hashicorp/null\"]",
      "instances": [
        {
          "schema_version": 0,
          "attributes": {
            "id": "4088891723456351883",
            "triggers": {
              "django_id": "sha256:c9279e6252f0bcdb3647c438b2d4b51e7463169b47ce3d5b9f477e1848143ee7",
              "frontend_id": "sha256:5505a8cb654aae20adab0cf890163ef7fe74908ad52df000b1e62719d4411582",
              "go_id": "sha256:e950df3b7f82f3838f482b96a74eee8cec4ea3fd211402a49b91bb05719cd66d",
              "java_id": "sha256:8e814418ddcf75fba30e68c65a1430c99815fd064c6cd4db79c9b7a5d55ad8ba",
              "minio_id": "sha256:24dda35d347e473f6513c50cfaa1b27d9236b56b128f4b9f6f7c288be9ad6cc7"
            }
          },
          "sensitive_attributes": [],
          "identity_schema_version": 0,
          "dependencies": [
            "docker_image.social_django",
            "docker_image.social_frontend",
            "docker_image.social_go",
            "docker_image.social_java",
            "docker_image.social_minio",
            "null_resource.kind_cluster"
          ]
        }
      ]
    },
    {
      "mode": "managed",
      "type": "null_resource",
      "name": "record_page",
      "provider": "provider[\"registry.terraform.io/hashicorp/null\"]",
      "instances": [
        {
          "schema_version": 0,
          "attributes": {
            "id": "6533963408845475021",
            "triggers": {
              "always_run": "2026-06-14T07:16:49Z",
              "file_sha": "03e4bca50a4ae54dfef6f44333d23b6e8ce786329d8d5247f84fcf513db5bb0c"
            }
          },
          "sensitive_attributes": [],
          "identity_schema_version": 0,
          "dependencies": [
            "docker_network.gateway_net",
            "docker_volume.api_dist",
            "docker_volume.bank_dist",
            "docker_volume.doc_dist",
            "docker_volume.intro_dist",
            "docker_volume.notes_dist",
            "docker_volume.quiz_dist",
            "docker_volume.record_dist",
            "docker_volume.video_dist",
            "docker_volume.whisper_dist",
            "module.gateway.docker_container.app"
          ]
        }
      ]
    },
    {
      "module": "module.api_service_backend",
      "mode": "managed",
      "type": "docker_container",
      "name": "app",
      "provider": "provider[\"registry.terraform.io/kreuzwerker/docker\"]",
      "instances": [
        {
          "schema_version": 2,
          "attributes": {
            "attach": false,
            "bridge": "",
            "capabilities": [],
            "cgroup_parent": null,
            "cgroupns_mode": null,
            "command": [
              "npm",
              "start"
            ],
            "container_logs": null,
            "container_read_refresh_timeout_milliseconds": 15000,
            "cpu_period": null,
            "cpu_quota": null,
            "cpu_set": "",
            "cpu_shares": 0,
            "cpus": null,
            "destroy_grace_seconds": null,
            "devices": [],
            "dns": [],
            "dns_opts": [],
            "dns_search": [],
            "domainname": "",
            "entrypoint": [
              "docker-entrypoint.sh"
            ],
            "env": [
              "API_KEY_WEATHER=a9dba91e24c88d7a4cdd395211df339a"
            ],
            "exit_code": null,
            "gpus": null,
            "group_add": [],
            "healthcheck": [],
            "host": [],
            "hostname": "e357839ae114",
            "id": "e357839ae114b8e25b228675969ddb0675a23d7b3a7d79035866e0dd1c917fc1",
            "image": "api-service-backend:latest",
            "init": false,
            "ipc_mode": "private",
            "labels": [],
            "log_driver": "json-file",
            "log_opts": {},
            "logs": false,
            "max_retry_count": 0,
            "memory": 0,
            "memory_reservation": 0,
            "memory_swap": 0,
            "mounts": [],
            "must_run": true,
            "name": "api-service-backend",
            "network_data": [
              {
                "gateway": "172.19.0.1",
                "global_ipv6_address": "",
                "global_ipv6_prefix_length": 0,
                "ip_address": "172.19.0.19",
                "ip_prefix_length": 16,
                "ipv6_gateway": "",
                "mac_address": "36:fa:b1:7b:11:ce",
                "network_name": "gateway-net"
              }
            ],
            "network_mode": "bridge",
            "networks_advanced": [
              {
                "aliases": [],
                "ipv4_address": "",
                "ipv6_address": "",
                "mac_address": "",
                "name": "gateway-net"
              }
            ],
            "pid_mode": "",
            "ports": [],
            "privileged": false,
            "publish_all_ports": false,
            "read_only": false,
            "remove_volumes": true,
            "restart": "always",
            "rm": false,
            "runtime": "runc",
            "security_opts": [],
            "shm_size": 64,
            "start": true,
            "stdin_open": false,
            "stop_signal": "",
            "stop_timeout": 1,
            "storage_opts": {},
            "sysctls": {},
            "tmpfs": {},
            "tty": false,
            "ulimit": [],
            "upload": [],
            "user": "",
            "userns_mode": "",
            "volumes": [],
            "wait": false,
            "wait_timeout": 60,
            "working_dir": "/app"
          },
          "sensitive_attributes": [
            [
              {
                "type": "get_attr",
                "value": "env"
              }
            ]
          ],
          "identity_schema_version": 0,
          "private": "eyJzY2hlbWFfdmVyc2lvbiI6IjIifQ==",
          "dependencies": [
            "docker_image.api_service_backend",
            "docker_network.gateway_net"
          ]
        }
      ]
    },
    {
      "module": "module.bank_backend",
      "mode": "managed",
      "type": "docker_container",
      "name": "app",
      "provider": "provider[\"registry.terraform.io/kreuzwerker/docker\"]",
      "instances": [
        {
          "schema_version": 2,
          "attributes": {
            "attach": false,
            "bridge": "",
            "capabilities": [],
            "cgroup_parent": null,
            "cgroupns_mode": null,
            "command": [],
            "container_logs": null,
            "container_read_refresh_timeout_milliseconds": 15000,
            "cpu_period": null,
            "cpu_quota": null,
            "cpu_set": "",
            "cpu_shares": 0,
            "cpus": null,
            "destroy_grace_seconds": null,
            "devices": [],
            "dns": [],
            "dns_opts": [],
            "dns_search": [],
            "domainname": "",
            "entrypoint": [
              "/app/entrypoint.sh"
            ],
            "env": [
              "DB_HOST=bank-postgres",
              "DB_PORT=5432",
              "DB_USER=bankmanagement",
              "SPRING_DATASOURCE_PASSWORD=bankmanagement@2008",
              "SPRING_DATASOURCE_URL=jdbc:postgresql://bank-postgres:5432/bank",
              "SPRING_DATASOURCE_USERNAME=bankmanagement"
            ],
            "exit_code": null,
            "gpus": null,
            "group_add": [],
            "healthcheck": [],
            "host": [],
            "hostname": "3e0bf7e68ab1",
            "id": "3e0bf7e68ab1796e5344340e6e804021f98ba3710aefcd4efc1e18aceda93f2b",
            "image": "bankmanager-backend:latest",
            "init": false,
            "ipc_mode": "private",
            "labels": [],
            "log_driver": "json-file",
            "log_opts": {},
            "logs": false,
            "max_retry_count": 0,
            "memory": 0,
            "memory_reservation": 0,
            "memory_swap": 0,
            "mounts": [],
            "must_run": true,
            "name": "bank-backend",
            "network_data": [
              {
                "gateway": "172.19.0.1",
                "global_ipv6_address": "",
                "global_ipv6_prefix_length": 0,
                "ip_address": "172.19.0.10",
                "ip_prefix_length": 16,
                "ipv6_gateway": "",
                "mac_address": "46:1a:c3:65:1d:b9",
                "network_name": "gateway-net"
              }
            ],
            "network_mode": "bridge",
            "networks_advanced": [
              {
                "aliases": [],
                "ipv4_address": "",
                "ipv6_address": "",
                "mac_address": "",
                "name": "gateway-net"
              }
            ],
            "pid_mode": "",
            "ports": [],
            "privileged": false,
            "publish_all_ports": false,
            "read_only": false,
            "remove_volumes": true,
            "restart": "always",
            "rm": false,
            "runtime": "runc",
            "security_opts": [],
            "shm_size": 64,
            "start": true,
            "stdin_open": false,
            "stop_signal": "",
            "stop_timeout": 1,
            "storage_opts": {},
            "sysctls": {},
            "tmpfs": {},
            "tty": false,
            "ulimit": [],
            "upload": [],
            "user": "",
            "userns_mode": "",
            "volumes": [],
            "wait": false,
            "wait_timeout": 60,
            "working_dir": "/app"
          },
          "sensitive_attributes": [
            [
              {
                "type": "get_attr",
                "value": "env"
              }
            ]
          ],
          "identity_schema_version": 0,
          "private": "eyJzY2hlbWFfdmVyc2lvbiI6IjIifQ==",
          "dependencies": [
            "docker_image.bank_backend",
            "docker_network.gateway_net"
          ]
        }
      ]
    },
    {
      "module": "module.blog_website",
      "mode": "managed",
      "type": "docker_container",
      "name": "app",
      "provider": "provider[\"registry.terraform.io/kreuzwerker/docker\"]",
      "instances": [
        {
          "schema_version": 2,
          "attributes": {
            "attach": false,
            "bridge": "",
            "capabilities": [],
            "cgroup_parent": null,
            "cgroupns_mode": null,
            "command": [],
            "container_logs": null,
            "container_read_refresh_timeout_milliseconds": 15000,
            "cpu_period": null,
            "cpu_quota": null,
            "cpu_set": "",
            "cpu_shares": 0,
            "cpus": null,
            "destroy_grace_seconds": null,
            "devices": [],
            "dns": [],
            "dns_opts": [],
            "dns_search": [],
            "domainname": "",
            "entrypoint": [
              "/entrypoint.sh"
            ],
            "env": [
              "ALLOWED_HOSTS=['localhost', '127.0.0.1', 'saisakthi.qzz.io']",
              "DB_HOST=blog-db",
              "DB_NAME=blog_db",
              "DB_PASSWORD=saisakthi2008",
              "DB_PORT=3306",
              "DB_USER=root",
              "DEBUG=False",
              "MINIO_ACCESS_KEY=admin",
              "MINIO_BUCKET=blog-media",
              "MINIO_ENDPOINT=http://blog-minio:9000",
              "MINIO_PUBLIC_URL=http://localhost/blog/minio",
              "MINIO_SECRET_KEY=password123",
              "MYSQLCLIENT_CFLAGS=`pkg-config mysqlclient --cflags`",
              "MYSQLCLIENT_LDFLAGS=`pkg-config mysqlclient --libs`",
              "SECRET_KEY=sai-key"
            ],
            "exit_code": null,
            "gpus": null,
            "group_add": [],
            "healthcheck": [],
            "host": [],
            "hostname": "e23ed924b16d",
            "id": "e23ed924b16dc3b641976d9ef98b4b74a7ed5eed0e8be5c62cd0a844dddab257",
            "image": "blogsite:latest",
            "init": false,
            "ipc_mode": "private",
            "labels": [],
            "log_driver": "json-file",
            "log_opts": {},
            "logs": false,
            "max_retry_count": 0,
            "memory": 0,
            "memory_reservation": 0,
            "memory_swap": 0,
            "mounts": [],
            "must_run": true,
            "name": "blog-website",
            "network_data": [
              {
                "gateway": "172.19.0.1",
                "global_ipv6_address": "",
                "global_ipv6_prefix_length": 0,
                "ip_address": "172.19.0.16",
                "ip_prefix_length": 16,
                "ipv6_gateway": "",
                "mac_address": "0a:8c:54:93:ef:dd",
                "network_name": "gateway-net"
              }
            ],
            "network_mode": "bridge",
            "networks_advanced": [
              {
                "aliases": [],
                "ipv4_address": "",
                "ipv6_address": "",
                "mac_address": "",
                "name": "gateway-net"
              }
            ],
            "pid_mode": "",
            "ports": [],
            "privileged": false,
            "publish_all_ports": false,
            "read_only": false,
            "remove_volumes": true,
            "restart": "always",
            "rm": false,
            "runtime": "runc",
            "security_opts": [],
            "shm_size": 64,
            "start": true,
            "stdin_open": false,
            "stop_signal": "",
            "stop_timeout": 1,
            "storage_opts": {},
            "sysctls": {},
            "tmpfs": {},
            "tty": false,
            "ulimit": [],
            "upload": [],
            "user": "",
            "userns_mode": "",
            "volumes": [],
            "wait": false,
            "wait_timeout": 60,
            "working_dir": "/app/blogsite"
          },
          "sensitive_attributes": [
            [
              {
                "type": "get_attr",
                "value": "env"
              }
            ]
          ],
          "identity_schema_version": 0,
          "private": "eyJzY2hlbWFfdmVyc2lvbiI6IjIifQ==",
          "dependencies": [
            "docker_container.blog_db",
            "docker_container.blog_minio",
            "docker_image.blog_website",
            "docker_network.gateway_net",
            "docker_volume.blog_minio",
            "docker_volume.blog_mysql"
          ]
        }
      ]
    },
    {
      "module": "module.compiler_server",
      "mode": "managed",
      "type": "docker_container",
      "name": "app",
      "provider": "provider[\"registry.terraform.io/kreuzwerker/docker\"]",
      "instances": [
        {
          "schema_version": 2,
          "attributes": {
            "attach": false,
            "bridge": "",
            "capabilities": [],
            "cgroup_parent": null,
            "cgroupns_mode": null,
            "command": [
              "./server"
            ],
            "container_logs": null,
            "container_read_refresh_timeout_milliseconds": 15000,
            "cpu_period": null,
            "cpu_quota": null,
            "cpu_set": "",
            "cpu_shares": 0,
            "cpus": null,
            "destroy_grace_seconds": null,
            "devices": [],
            "dns": null,
            "dns_opts": null,
            "dns_search": null,
            "domainname": "",
            "entrypoint": [],
            "env": [
              "DB_HOST=compiler-db",
              "DB_PORT=8080"
            ],
            "exit_code": null,
            "gpus": null,
            "group_add": null,
            "healthcheck": null,
            "host": [],
            "hostname": "bc1a54e23dad",
            "id": "bc1a54e23dad93b445f7650f7e662654907c4cab42d47c68ca43e47ab6c659d9",
            "image": "sha256:899b165c7b74c4d783a69137c0f5a1c7dd9945bf512f41c6eccc83ae74abe1a0",
            "init": false,
            "ipc_mode": "private",
            "labels": [],
            "log_driver": "json-file",
            "log_opts": null,
            "logs": false,
            "max_retry_count": 0,
            "memory": 0,
            "memory_reservation": 0,
            "memory_swap": 0,
            "mounts": [],
            "must_run": true,
            "name": "compiler-server",
            "network_data": [
              {
                "gateway": "",
                "global_ipv6_address": "",
                "global_ipv6_prefix_length": 0,
                "ip_address": "",
                "ip_prefix_length": 0,
                "ipv6_gateway": "",
                "mac_address": "",
                "network_name": "gateway-net"
              }
            ],
            "network_mode": "bridge",
            "networks_advanced": [
              {
                "aliases": [],
                "ipv4_address": "",
                "ipv6_address": "",
                "mac_address": "",
                "name": "gateway-net"
              }
            ],
            "pid_mode": "",
            "ports": [],
            "privileged": false,
            "publish_all_ports": false,
            "read_only": false,
            "remove_volumes": true,
            "restart": "always",
            "rm": false,
            "runtime": "runc",
            "security_opts": [],
            "shm_size": 64,
            "start": true,
            "stdin_open": false,
            "stop_signal": "",
            "stop_timeout": 1,
            "storage_opts": null,
            "sysctls": null,
            "tmpfs": null,
            "tty": false,
            "ulimit": [],
            "upload": [],
            "user": "",
            "userns_mode": "",
            "volumes": [],
            "wait": false,
            "wait_timeout": 60,
            "working_dir": "/app"
          },
          "sensitive_attributes": [],
          "identity_schema_version": 0,
          "private": "eyJzY2hlbWFfdmVyc2lvbiI6IjIifQ==",
          "dependencies": [
            "docker_container.compiler_db",
            "docker_image.compiler_db",
            "docker_image.compiler_server",
            "docker_network.gateway_net",
            "docker_volume.compiler_db_data"
          ]
        }
      ]
    },
    {
      "module": "module.doc_backend",
      "mode": "managed",
      "type": "docker_container",
      "name": "app",
      "provider": "provider[\"registry.terraform.io/kreuzwerker/docker\"]",
      "instances": [
        {
          "schema_version": 2,
          "attributes": {
            "attach": false,
            "bridge": "",
            "capabilities": [],
            "cgroup_parent": null,
            "cgroupns_mode": null,
            "command": [],
            "container_logs": null,
            "container_read_refresh_timeout_milliseconds": 15000,
            "cpu_period": null,
            "cpu_quota": null,
            "cpu_set": "",
            "cpu_shares": 0,
            "cpus": null,
            "destroy_grace_seconds": null,
            "devices": [],
            "dns": [],
            "dns_opts": [],
            "dns_search": [],
            "domainname": "",
            "entrypoint": [
              "/entrypoint.sh"
            ],
            "env": [
              "ALLOWED_HOSTS=localhost,127.0.0.1,gateway,doc-backend",
              "DB_HOST=doc-mysql",
              "DB_NAME=book_db",
              "DB_PASSWORD=saisakthi2008",
              "DB_PORT=3306",
              "DB_USER=root",
              "DEBUG=False",
              "DJANGO_SECRET_KEY=your-secret-key-change-in-production",
              "GEMINI_API_KEY=AIzaSyCjIXO8kGhPcGgqLm_cKgLu9z9Hx2WAi54",
              "MINIO_ACCESS_KEY=admin",
              "MINIO_BUCKET=documents",
              "MINIO_ENDPOINT=doc-minio:9000",
              "MINIO_SECRET_KEY=password123",
              "MINIO_SECURE=False",
              "OLLAMA_HOST=host.docker.internal",
              "PORT_AI=11434"
            ],
            "exit_code": null,
            "gpus": null,
            "group_add": [],
            "healthcheck": [],
            "host": [],
            "hostname": "ebe4318d1d74",
            "id": "ebe4318d1d747a7e0b6377164d126720cecc4d5e3aaefc86bab2b292c7afed86",
            "image": "documentintelligenceplatform-backend:latest",
            "init": false,
            "ipc_mode": "private",
            "labels": [],
            "log_driver": "json-file",
            "log_opts": {},
            "logs": false,
            "max_retry_count": 0,
            "memory": 0,
            "memory_reservation": 0,
            "memory_swap": 0,
            "mounts": [],
            "must_run": true,
            "name": "doc-backend",
            "network_data": [
              {
                "gateway": "172.19.0.1",
                "global_ipv6_address": "",
                "global_ipv6_prefix_length": 0,
                "ip_address": "172.19.0.7",
                "ip_prefix_length": 16,
                "ipv6_gateway": "",
                "mac_address": "a2:86:43:0b:56:a0",
                "network_name": "gateway-net"
              }
            ],
            "network_mode": "bridge",
            "networks_advanced": [
              {
                "aliases": [],
                "ipv4_address": "",
                "ipv6_address": "",
                "mac_address": "",
                "name": "gateway-net"
              }
            ],
            "pid_mode": "",
            "ports": [],
            "privileged": false,
            "publish_all_ports": false,
            "read_only": false,
            "remove_volumes": true,
            "restart": "always",
            "rm": false,
            "runtime": "runc",
            "security_opts": [],
            "shm_size": 64,
            "start": true,
            "stdin_open": false,
            "stop_signal": "",
            "stop_timeout": 1,
            "storage_opts": {},
            "sysctls": {},
            "tmpfs": {},
            "tty": false,
            "ulimit": [],
            "upload": [],
            "user": "",
            "userns_mode": "",
            "volumes": [],
            "wait": false,
            "wait_timeout": 60,
            "working_dir": "/app"
          },
          "sensitive_attributes": [
            [
              {
                "type": "get_attr",
                "value": "env"
              }
            ]
          ],
          "identity_schema_version": 0,
          "private": "eyJzY2hlbWFfdmVyc2lvbiI6IjIifQ==",
          "dependencies": [
            "docker_image.doc_backend",
            "docker_network.gateway_net"
          ]
        }
      ]
    },
    {
      "module": "module.gateway",
      "mode": "managed",
      "type": "docker_container",
      "name": "app",
      "provider": "provider[\"registry.terraform.io/kreuzwerker/docker\"]",
      "instances": [
        {
          "schema_version": 2,
          "attributes": {
            "attach": false,
            "bridge": "",
            "capabilities": [],
            "cgroup_parent": null,
            "cgroupns_mode": null,
            "command": [
              "nginx",
              "-g",
              "daemon off;"
            ],
            "container_logs": null,
            "container_read_refresh_timeout_milliseconds": 15000,
            "cpu_period": null,
            "cpu_quota": null,
            "cpu_set": "",
            "cpu_shares": 0,
            "cpus": null,
            "destroy_grace_seconds": null,
            "devices": [],
            "dns": null,
            "dns_opts": null,
            "dns_search": null,
            "domainname": "",
            "entrypoint": [
              "/docker-entrypoint.sh"
            ],
            "env": [],
            "exit_code": null,
            "gpus": null,
            "group_add": null,
            "healthcheck": null,
            "host": [],
            "hostname": "1f03eff51054",
            "id": "1f03eff510544161d7278413be3922874873631150f79e3de45e5c1c1cf0ae39",
            "image": "nginx:alpine",
            "init": false,
            "ipc_mode": "private",
            "labels": [],
            "log_driver": "json-file",
            "log_opts": null,
            "logs": false,
            "max_retry_count": 0,
            "memory": 0,
            "memory_reservation": 0,
            "memory_swap": 0,
            "mounts": [
              {
                "bind_options": [],
                "read_only": true,
                "source": "/home/saisakthi/Coding-Project/Projects/Finished Projects/Docker/Terraform/environments/dev/nginx/default.conf",
                "target": "/etc/nginx/conf.d/default.conf",
                "tmpfs_options": [],
                "type": "bind",
                "volume_options": []
              },
              {
                "bind_options": [],
                "read_only": true,
                "source": "/home/saisakthi/letsencrypt/",
                "target": "/etc/letsencrypt/",
                "tmpfs_options": [],
                "type": "bind",
                "volume_options": []
              },
              {
                "bind_options": [],
                "read_only": true,
                "source": "gateway_api-dist",
                "target": "/apps/api-service",
                "tmpfs_options": [],
                "type": "volume",
                "volume_options": []
              },
              {
                "bind_options": [],
                "read_only": true,
                "source": "gateway_bank-dist",
                "target": "/apps/bank",
                "tmpfs_options": [],
                "type": "volume",
                "volume_options": []
              },
              {
                "bind_options": [],
                "read_only": true,
                "source": "gateway_doc-dist",
                "target": "/apps/document",
                "tmpfs_options": [],
                "type": "volume",
                "volume_options": []
              },
              {
                "bind_options": [],
                "read_only": true,
                "source": "gateway_intro-dist",
                "target": "/apps/intro",
                "tmpfs_options": [],
                "type": "volume",
                "volume_options": []
              },
              {
                "bind_options": [],
                "read_only": true,
                "source": "gateway_notes-dist",
                "target": "/apps/notes",
                "tmpfs_options": [],
                "type": "volume",
                "volume_options": []
              },
              {
                "bind_options": [],
                "read_only": true,
                "source": "gateway_quiz-dist",
                "target": "/apps/quiz",
                "tmpfs_options": [],
                "type": "volume",
                "volume_options": []
              },
              {
                "bind_options": [],
                "read_only": true,
                "source": "gateway_record-dist",
                "target": "/apps/record",
                "tmpfs_options": [],
                "type": "volume",
                "volume_options": []
              },
              {
                "bind_options": [],
                "read_only": true,
                "source": "gateway_video-dist",
                "target": "/apps/video",
                "tmpfs_options": [],
                "type": "volume",
                "volume_options": []
              },
              {
                "bind_options": [],
                "read_only": true,
                "source": "gateway_whisper-dist",
                "target": "/apps/whisper",
                "tmpfs_options": [],
                "type": "volume",
                "volume_options": []
              }
            ],
            "must_run": true,
            "name": "gateway",
            "network_data": [
              {
                "gateway": "172.19.0.1",
                "global_ipv6_address": "",
                "global_ipv6_prefix_length": 0,
                "ip_address": "172.19.0.26",
                "ip_prefix_length": 16,
                "ipv6_gateway": "",
                "mac_address": "aa:c5:f8:40:34:0d",
                "network_name": "gateway-net"
              }
            ],
            "network_mode": "bridge",
            "networks_advanced": [
              {
                "aliases": [],
                "ipv4_address": "",
                "ipv6_address": "",
                "mac_address": "",
                "name": "gateway-net"
              }
            ],
            "pid_mode": "",
            "ports": [
              {
                "external": 80,
                "internal": 80,
                "ip": "0.0.0.0",
                "protocol": "tcp"
              }
            ],
            "privileged": false,
            "publish_all_ports": false,
            "read_only": false,
            "remove_volumes": true,
            "restart": "always",
            "rm": false,
            "runtime": "runc",
            "security_opts": [],
            "shm_size": 64,
            "start": true,
            "stdin_open": false,
            "stop_signal": "SIGQUIT",
            "stop_timeout": 1,
            "storage_opts": null,
            "sysctls": null,
            "tmpfs": null,
            "tty": false,
            "ulimit": [],
            "upload": [],
            "user": "",
            "userns_mode": "",
            "volumes": [],
            "wait": false,
            "wait_timeout": 60,
            "working_dir": "/"
          },
          "sensitive_attributes": [],
          "identity_schema_version": 0,
          "private": "eyJzY2hlbWFfdmVyc2lvbiI6IjIifQ==",
          "dependencies": [
            "docker_network.gateway_net",
            "docker_volume.api_dist",
            "docker_volume.bank_dist",
            "docker_volume.doc_dist",
            "docker_volume.intro_dist",
            "docker_volume.notes_dist",
            "docker_volume.quiz_dist",
            "docker_volume.record_dist",
            "docker_volume.video_dist",
            "docker_volume.whisper_dist"
          ]
        }
      ]
    },
    {
      "module": "module.hospital_management",
      "mode": "managed",
      "type": "docker_container",
      "name": "app",
      "provider": "provider[\"registry.terraform.io/kreuzwerker/docker\"]",
      "instances": [
        {
          "schema_version": 2,
          "attributes": {
            "attach": false,
            "bridge": "",
            "capabilities": [],
            "cgroup_parent": null,
            "cgroupns_mode": null,
            "command": [
              "/entrypoint.sh"
            ],
            "container_logs": null,
            "container_read_refresh_timeout_milliseconds": 15000,
            "cpu_period": null,
            "cpu_quota": null,
            "cpu_set": "",
            "cpu_shares": 0,
            "cpus": null,
            "destroy_grace_seconds": null,
            "devices": [],
            "dns": [],
            "dns_opts": [],
            "dns_search": [],
            "domainname": "",
            "entrypoint": [],
            "env": [],
            "exit_code": null,
            "gpus": null,
            "group_add": [],
            "healthcheck": [],
            "host": [],
            "hostname": "ce2113ae058b",
            "id": "ce2113ae058be2282ce5418b6630c31df1611700fcbe4e15f4818becefd63d96",
            "image": "hospital_management:latest",
            "init": false,
            "ipc_mode": "private",
            "labels": [],
            "log_driver": "json-file",
            "log_opts": {},
            "logs": false,
            "max_retry_count": 0,
            "memory": 0,
            "memory_reservation": 0,
            "memory_swap": 0,
            "mounts": [],
            "must_run": true,
            "name": "hospital-management",
            "network_data": [
              {
                "gateway": "172.19.0.1",
                "global_ipv6_address": "",
                "global_ipv6_prefix_length": 0,
                "ip_address": "172.19.0.3",
                "ip_prefix_length": 16,
                "ipv6_gateway": "",
                "mac_address": "ca:e5:2f:0f:5b:b3",
                "network_name": "gateway-net"
              }
            ],
            "network_mode": "bridge",
            "networks_advanced": [
              {
                "aliases": [],
                "ipv4_address": "",
                "ipv6_address": "",
                "mac_address": "",
                "name": "gateway-net"
              }
            ],
            "pid_mode": "",
            "ports": [],
            "privileged": false,
            "publish_all_ports": false,
            "read_only": false,
            "remove_volumes": true,
            "restart": "always",
            "rm": false,
            "runtime": "runc",
            "security_opts": [],
            "shm_size": 64,
            "start": true,
            "stdin_open": false,
            "stop_signal": "",
            "stop_timeout": 1,
            "storage_opts": {},
            "sysctls": {},
            "tmpfs": {},
            "tty": false,
            "ulimit": [],
            "upload": [],
            "user": "",
            "userns_mode": "",
            "volumes": [],
            "wait": false,
            "wait_timeout": 60,
            "working_dir": "/app"
          },
          "sensitive_attributes": [],
          "identity_schema_version": 0,
          "private": "eyJzY2hlbWFfdmVyc2lvbiI6IjIifQ==",
          "dependencies": [
            "docker_image.hospital_management",
            "docker_network.gateway_net"
          ]
        }
      ]
    },
    {
      "module": "module.nginx_exporter",
      "mode": "managed",
      "type": "docker_container",
      "name": "app",
      "provider": "provider[\"registry.terraform.io/kreuzwerker/docker\"]",
      "instances": [
        {
          "schema_version": 2,
          "attributes": {
            "attach": false,
            "bridge": "",
            "capabilities": [],
            "cgroup_parent": null,
            "cgroupns_mode": null,
            "command": [
              "--nginx.scrape-uri=http://gateway:8080/nginx_status"
            ],
            "container_logs": null,
            "container_read_refresh_timeout_milliseconds": 15000,
            "cpu_period": null,
            "cpu_quota": null,
            "cpu_set": "",
            "cpu_shares": 0,
            "cpus": null,
            "destroy_grace_seconds": null,
            "devices": [],
            "dns": [],
            "dns_opts": [],
            "dns_search": [],
            "domainname": "",
            "entrypoint": [
              "/usr/bin/nginx-prometheus-exporter"
            ],
            "env": [],
            "exit_code": null,
            "gpus": null,
            "group_add": [],
            "healthcheck": [],
            "host": [],
            "hostname": "697d7caa0e2e",
            "id": "697d7caa0e2ea503a1cdc36947976f2b025b44c7998a44e9f925d60016f792a3",
            "image": "nginx/nginx-prometheus-exporter:latest",
            "init": false,
            "ipc_mode": "private",
            "labels": [],
            "log_driver": "json-file",
            "log_opts": {},
            "logs": false,
            "max_retry_count": 0,
            "memory": 0,
            "memory_reservation": 0,
            "memory_swap": 0,
            "mounts": [],
            "must_run": true,
            "name": "nginx-exporter",
            "network_data": [
              {
                "gateway": "172.19.0.1",
                "global_ipv6_address": "",
                "global_ipv6_prefix_length": 0,
                "ip_address": "172.19.0.14",
                "ip_prefix_length": 16,
                "ipv6_gateway": "",
                "mac_address": "32:78:17:9f:66:c8",
                "network_name": "gateway-net"
              }
            ],
            "network_mode": "bridge",
            "networks_advanced": [
              {
                "aliases": [],
                "ipv4_address": "",
                "ipv6_address": "",
                "mac_address": "",
                "name": "gateway-net"
              }
            ],
            "pid_mode": "",
            "ports": [
              {
                "external": 9113,
                "internal": 9113,
                "ip": "0.0.0.0",
                "protocol": "tcp"
              }
            ],
            "privileged": false,
            "publish_all_ports": false,
            "read_only": false,
            "remove_volumes": true,
            "restart": "always",
            "rm": false,
            "runtime": "runc",
            "security_opts": [],
            "shm_size": 64,
            "start": true,
            "stdin_open": false,
            "stop_signal": "",
            "stop_timeout": 1,
            "storage_opts": {},
            "sysctls": {},
            "tmpfs": {},
            "tty": false,
            "ulimit": [],
            "upload": [],
            "user": "1001:1001",
            "userns_mode": "",
            "volumes": [],
            "wait": false,
            "wait_timeout": 60,
            "working_dir": "/"
          },
          "sensitive_attributes": [],
          "identity_schema_version": 0,
          "private": "eyJzY2hlbWFfdmVyc2lvbiI6IjIifQ==",
          "dependencies": [
            "docker_network.gateway_net",
            "docker_volume.api_dist",
            "docker_volume.bank_dist",
            "docker_volume.doc_dist",
            "docker_volume.intro_dist",
            "docker_volume.notes_dist",
            "docker_volume.quiz_dist",
            "docker_volume.record_dist",
            "docker_volume.video_dist",
            "docker_volume.whisper_dist",
            "module.gateway.docker_container.app"
          ]
        }
      ]
    },
    {
      "module": "module.node_exporter",
      "mode": "managed",
      "type": "docker_container",
      "name": "app",
      "provider": "provider[\"registry.terraform.io/kreuzwerker/docker\"]",
      "instances": [
        {
          "schema_version": 2,
          "attributes": {
            "attach": false,
            "bridge": "",
            "capabilities": [],
            "cgroup_parent": null,
            "cgroupns_mode": null,
            "command": [
              "--path.procfs=/host/proc",
              "--path.rootfs=/rootfs",
              "--path.sysfs=/host/sys",
              "--collector.filesystem.mount-points-exclude=^/(sys|proc|dev|host|etc)($$|/)"
            ],
            "container_logs": null,
            "container_read_refresh_timeout_milliseconds": 15000,
            "cpu_period": null,
            "cpu_quota": null,
            "cpu_set": "",
            "cpu_shares": 0,
            "cpus": null,
            "destroy_grace_seconds": null,
            "devices": [],
            "dns": [],
            "dns_opts": [],
            "dns_search": [],
            "domainname": "",
            "entrypoint": [
              "/bin/node_exporter"
            ],
            "env": [],
            "exit_code": null,
            "gpus": null,
            "group_add": [],
            "healthcheck": [],
            "host": [],
            "hostname": "cb4686409892",
            "id": "cb468640989226f9935dc07e0d2c2ae9e92f8fc8b17abaf715ce2e8dc86966ed",
            "image": "prom/node-exporter:latest",
            "init": false,
            "ipc_mode": "private",
            "labels": [],
            "log_driver": "json-file",
            "log_opts": {},
            "logs": false,
            "max_retry_count": 0,
            "memory": 0,
            "memory_reservation": 0,
            "memory_swap": 0,
            "mounts": [
              {
                "bind_options": [],
                "read_only": true,
                "source": "/",
                "target": "/rootfs",
                "tmpfs_options": [],
                "type": "bind",
                "volume_options": []
              },
              {
                "bind_options": [],
                "read_only": true,
                "source": "/proc",
                "target": "/host/proc",
                "tmpfs_options": [],
                "type": "bind",
                "volume_options": []
              },
              {
                "bind_options": [],
                "read_only": true,
                "source": "/sys",
                "target": "/host/sys",
                "tmpfs_options": [],
                "type": "bind",
                "volume_options": []
              }
            ],
            "must_run": true,
            "name": "node-exporter",
            "network_data": [
              {
                "gateway": "172.19.0.1",
                "global_ipv6_address": "",
                "global_ipv6_prefix_length": 0,
                "ip_address": "172.19.0.5",
                "ip_prefix_length": 16,
                "ipv6_gateway": "",
                "mac_address": "6a:7c:70:32:5b:45",
                "network_name": "gateway-net"
              }
            ],
            "network_mode": "bridge",
            "networks_advanced": [
              {
                "aliases": [],
                "ipv4_address": "",
                "ipv6_address": "",
                "mac_address": "",
                "name": "gateway-net"
              }
            ],
            "pid_mode": "",
            "ports": [
              {
                "external": 9100,
                "internal": 9100,
                "ip": "0.0.0.0",
                "protocol": "tcp"
              }
            ],
            "privileged": false,
            "publish_all_ports": false,
            "read_only": false,
            "remove_volumes": true,
            "restart": "always",
            "rm": false,
            "runtime": "runc",
            "security_opts": [],
            "shm_size": 64,
            "start": true,
            "stdin_open": false,
            "stop_signal": "",
            "stop_timeout": 1,
            "storage_opts": {},
            "sysctls": {},
            "tmpfs": {},
            "tty": false,
            "ulimit": [],
            "upload": [],
            "user": "nobody",
            "userns_mode": "",
            "volumes": [],
            "wait": false,
            "wait_timeout": 60,
            "working_dir": ""
          },
          "sensitive_attributes": [],
          "identity_schema_version": 0,
          "private": "eyJzY2hlbWFfdmVyc2lvbiI6IjIifQ==",
          "dependencies": [
            "docker_network.gateway_net"
          ]
        }
      ]
    },
    {
      "module": "module.notes_backend",
      "mode": "managed",
      "type": "docker_container",
      "name": "app",
      "provider": "provider[\"registry.terraform.io/kreuzwerker/docker\"]",
      "instances": [
        {
          "schema_version": 2,
          "attributes": {
            "attach": false,
            "bridge": "",
            "capabilities": [],
            "cgroup_parent": null,
            "cgroupns_mode": null,
            "command": [
              "/entrypoint.sh"
            ],
            "container_logs": null,
            "container_read_refresh_timeout_milliseconds": 15000,
            "cpu_period": null,
            "cpu_quota": null,
            "cpu_set": "",
            "cpu_shares": 0,
            "cpus": null,
            "destroy_grace_seconds": null,
            "devices": [],
            "dns": [],
            "dns_opts": [],
            "dns_search": [],
            "domainname": "",
            "entrypoint": [],
            "env": [
              "DATABASE_HOST=notes-postgres",
              "DATABASE_NAME=notes_app",
              "DATABASE_PASSWORD=sai2008",
              "DATABASE_USER=saisakthi"
            ],
            "exit_code": null,
            "gpus": null,
            "group_add": [],
            "healthcheck": [],
            "host": [],
            "hostname": "12eb1523e41f",
            "id": "12eb1523e41f69daa2f21f4f5d692bb4e9e0cd0e96f14b2ee593eff4d920aa85",
            "image": "notesapp-backend:latest",
            "init": false,
            "ipc_mode": "private",
            "labels": [],
            "log_driver": "json-file",
            "log_opts": {},
            "logs": false,
            "max_retry_count": 0,
            "memory": 0,
            "memory_reservation": 0,
            "memory_swap": 0,
            "mounts": [],
            "must_run": true,
            "name": "notes-backend",
            "network_data": [
              {
                "gateway": "172.19.0.1",
                "global_ipv6_address": "",
                "global_ipv6_prefix_length": 0,
                "ip_address": "172.19.0.2",
                "ip_prefix_length": 16,
                "ipv6_gateway": "",
                "mac_address": "7e:86:86:7e:48:d2",
                "network_name": "gateway-net"
              }
            ],
            "network_mode": "bridge",
            "networks_advanced": [
              {
                "aliases": [],
                "ipv4_address": "",
                "ipv6_address": "",
                "mac_address": "",
                "name": "gateway-net"
              }
            ],
            "pid_mode": "",
            "ports": [],
            "privileged": false,
            "publish_all_ports": false,
            "read_only": false,
            "remove_volumes": true,
            "restart": "always",
            "rm": false,
            "runtime": "runc",
            "security_opts": [],
            "shm_size": 64,
            "start": true,
            "stdin_open": false,
            "stop_signal": "",
            "stop_timeout": 1,
            "storage_opts": {},
            "sysctls": {},
            "tmpfs": {},
            "tty": false,
            "ulimit": [],
            "upload": [],
            "user": "",
            "userns_mode": "",
            "volumes": [],
            "wait": false,
            "wait_timeout": 60,
            "working_dir": "/app/notes_app"
          },
          "sensitive_attributes": [
            [
              {
                "type": "get_attr",
                "value": "env"
              }
            ]
          ],
          "identity_schema_version": 0,
          "private": "eyJzY2hlbWFfdmVyc2lvbiI6IjIifQ==",
          "dependencies": [
            "docker_image.notes_backend",
            "docker_network.gateway_net"
          ]
        }
      ]
    },
    {
      "module": "module.video_backend",
      "mode": "managed",
      "type": "docker_container",
      "name": "app",
      "provider": "provider[\"registry.terraform.io/kreuzwerker/docker\"]",
      "instances": [
        {
          "schema_version": 2,
          "attributes": {
            "attach": false,
            "bridge": "",
            "capabilities": [],
            "cgroup_parent": null,
            "cgroupns_mode": null,
            "command": [],
            "container_logs": null,
            "container_read_refresh_timeout_milliseconds": 15000,
            "cpu_period": null,
            "cpu_quota": null,
            "cpu_set": "",
            "cpu_shares": 0,
            "cpus": null,
            "destroy_grace_seconds": null,
            "devices": [],
            "dns": [],
            "dns_opts": [],
            "dns_search": [],
            "domainname": "",
            "entrypoint": [
              "/app/entrypoint.sh"
            ],
            "env": [
              "UPLOADS_DIR=/app/Uploads"
            ],
            "exit_code": null,
            "gpus": null,
            "group_add": [],
            "healthcheck": [],
            "host": [],
            "hostname": "46b2ce8876d1",
            "id": "46b2ce8876d1b0d139ee638d7a40e1d9bf3816a01e15f84ffcb0949c5c3c6cb4",
            "image": "video-uploader-backend:latest",
            "init": false,
            "ipc_mode": "private",
            "labels": [],
            "log_driver": "json-file",
            "log_opts": {},
            "logs": false,
            "max_retry_count": 0,
            "memory": 0,
            "memory_reservation": 0,
            "memory_swap": 0,
            "mounts": [],
            "must_run": true,
            "name": "video-uploader-backend",
            "network_data": [
              {
                "gateway": "172.19.0.1",
                "global_ipv6_address": "",
                "global_ipv6_prefix_length": 0,
                "ip_address": "172.19.0.8",
                "ip_prefix_length": 16,
                "ipv6_gateway": "",
                "mac_address": "0a:57:f0:6b:0f:d4",
                "network_name": "gateway-net"
              }
            ],
            "network_mode": "bridge",
            "networks_advanced": [
              {
                "aliases": [],
                "ipv4_address": "",
                "ipv6_address": "",
                "mac_address": "",
                "name": "gateway-net"
              }
            ],
            "pid_mode": "",
            "ports": [],
            "privileged": false,
            "publish_all_ports": false,
            "read_only": false,
            "remove_volumes": true,
            "restart": "always",
            "rm": false,
            "runtime": "runc",
            "security_opts": [],
            "shm_size": 64,
            "start": true,
            "stdin_open": false,
            "stop_signal": "",
            "stop_timeout": 1,
            "storage_opts": {},
            "sysctls": {},
            "tmpfs": {},
            "tty": false,
            "ulimit": [],
            "upload": [],
            "user": "",
            "userns_mode": "",
            "volumes": [],
            "wait": false,
            "wait_timeout": 60,
            "working_dir": "/app"
          },
          "sensitive_attributes": [],
          "identity_schema_version": 0,
          "private": "eyJzY2hlbWFfdmVyc2lvbiI6IjIifQ==",
          "dependencies": [
            "docker_image.video_backend",
            "docker_network.gateway_net"
          ]
        }
      ]
    }
  ],
  "check_results": null
}
